{
  "version": 4,
  "terraform_version": "1.8.4",
  "serial": 1225,
  "lineage": "f4c691af-fa3a-9a1e-f47d-9c77392ec1db",
  "outputs": {
    "application_groups_created": {
      "value": [
        "app-wld09-Application Server",
        "app-wld09-Database Server",
        "app-wld09-Web Server"
      ],
      "type": [
        "tuple",
        [
          "string",
          "string",
          "string"
        ]
      ]
    },
    "application_policies_created": {
      "value": [
        "wld09-Application Security Policy"
      ],
      "type": [
        "tuple",
        [
          "string"
        ]
      ]
    },
    "application_tags": {
      "value": [
        "wld09-Application Server",
        "wld09-Database Server",
        "wld09-Web Server"
      ],
      "type": [
        "list",
        "string"
      ]
    },
    "environment_groups_created": {
      "value": [
        "env-wld09-Production",
        "env-wld09-Test"
      ],
      "type": [
        "tuple",
        [
          "string",
          "string"
        ]
      ]
    },
    "environment_tags": {
      "value": [
        "Production",
        "Test"
      ],
      "type": [
        "list",
        "string"
      ]
    },
    "external_groups_created": {
      "value": [
        "ext-wld09-DNS",
        "ext-wld09-Jumphost",
        "ext-wld09-NTP"
      ],
      "type": [
        "tuple",
        [
          "string",
          "string",
          "string"
        ]
      ]
    },
    "vm_count": {
      "value": 10,
      "type": "number"
    }
  },
  "resources": [
    {
      "mode": "data",
      "type": "nsxt_policy_vm",
      "name": "vms",
      "provider": "provider[\"registry.terraform.io/vmware/nsxt\"]",
      "instances": [
        {
          "index_key": "p-app-01a",
          "schema_version": 0,
          "attributes": {
            "bios_id": "420ed69b-758d-155e-63d7-1aa278448f8e",
            "context": null,
            "description": "",
            "display_name": "p-app-01a",
            "external_id": "500e66ad-6efc-e7fe-6ba3-74d45c3eb94f",
            "id": "500e66ad-6efc-e7fe-6ba3-74d45c3eb94f",
            "instance_id": "500e66ad-6efc-e7fe-6ba3-74d45c3eb94f"
          },
          "sensitive_attributes": []
        },
        {
          "index_key": "p-db-01a",
          "schema_version": 0,
          "attributes": {
            "bios_id": "420e40f9-3ff4-ffdd-bdb5-0233b4f0493f",
            "context": null,
            "description": "",
            "display_name": "p-db-01a",
            "external_id": "500eb8ab-1d7d-8803-906e-b540fdcf7f6f",
            "id": "500eb8ab-1d7d-8803-906e-b540fdcf7f6f",
            "instance_id": "500eb8ab-1d7d-8803-906e-b540fdcf7f6f"
          },
          "sensitive_attributes": []
        },
        {
          "index_key": "p-web-01a",
          "schema_version": 0,
          "attributes": {
            "bios_id": "420e446e-cf67-8086-932a-bbebf4f9537e",
            "context": null,
            "description": "",
            "display_name": "p-web-01a",
            "external_id": "500eedf5-5f28-eed1-6a09-0f558d46ad41",
            "id": "500eedf5-5f28-eed1-6a09-0f558d46ad41",
            "instance_id": "500eedf5-5f28-eed1-6a09-0f558d46ad41"
          },
          "sensitive_attributes": []
        },
        {
          "index_key": "p-web-02a",
          "schema_version": 0,
          "attributes": {
            "bios_id": "420e0373-2d68-d850-c333-c9a5b68a9cd0",
            "context": null,
            "description": "",
            "display_name": "p-web-02a",
            "external_id": "500e4b09-2edf-482e-149b-978b60215a45",
            "id": "500e4b09-2edf-482e-149b-978b60215a45",
            "instance_id": "500e4b09-2edf-482e-149b-978b60215a45"
          },
          "sensitive_attributes": []
        },
        {
          "index_key": "p-web-03a",
          "schema_version": 0,
          "attributes": {
            "bios_id": "420ee229-5d04-f4a0-9a68-4531951a77c1",
            "context": null,
            "description": "",
            "display_name": "p-web-03a",
            "external_id": "500e169f-7231-266a-4c3d-fbd4ddaf246b",
            "id": "500e169f-7231-266a-4c3d-fbd4ddaf246b",
            "instance_id": "500e169f-7231-266a-4c3d-fbd4ddaf246b"
          },
          "sensitive_attributes": []
        },
        {
          "index_key": "t-app-01a",
          "schema_version": 0,
          "attributes": {
            "bios_id": "420ec69b-f0eb-f021-e76a-1ba3f8f3f229",
            "context": null,
            "description": "",
            "display_name": "t-app-01a",
            "external_id": "500e1a06-0bb7-5aa2-230c-73642a3e23c1",
            "id": "500e1a06-0bb7-5aa2-230c-73642a3e23c1",
            "instance_id": "500e1a06-0bb7-5aa2-230c-73642a3e23c1"
          },
          "sensitive_attributes": []
        },
        {
          "index_key": "t-db-01a",
          "schema_version": 0,
          "attributes": {
            "bios_id": "420ee52b-28dc-83eb-4b9a-38b8c52f5acd",
            "context": null,
            "description": "",
            "display_name": "t-db-01a",
            "external_id": "500eaab6-b602-787e-fdde-70c3ee2f655a",
            "id": "500eaab6-b602-787e-fdde-70c3ee2f655a",
            "instance_id": "500eaab6-b602-787e-fdde-70c3ee2f655a"
          },
          "sensitive_attributes": []
        },
        {
          "index_key": "t-web-01a",
          "schema_version": 0,
          "attributes": {
            "bios_id": "420e1dbc-a4d5-1ce2-c6dc-703bfeea8d16",
            "context": null,
            "description": "",
            "display_name": "t-web-01a",
            "external_id": "500ea1c4-d4ce-5ff0-eec5-deaa96bcf00e",
            "id": "500ea1c4-d4ce-5ff0-eec5-deaa96bcf00e",
            "instance_id": "500ea1c4-d4ce-5ff0-eec5-deaa96bcf00e"
          },
          "sensitive_attributes": []
        },
        {
          "index_key": "t-web-02a",
          "schema_version": 0,
          "attributes": {
            "bios_id": "420ed273-30b9-6979-6784-c7f94f425260",
            "context": null,
            "description": "",
            "display_name": "t-web-02a",
            "external_id": "500ebfe0-9f49-a1c6-d5d3-bc0c6a42fc91",
            "id": "500ebfe0-9f49-a1c6-d5d3-bc0c6a42fc91",
            "instance_id": "500ebfe0-9f49-a1c6-d5d3-bc0c6a42fc91"
          },
          "sensitive_attributes": []
        },
        {
          "index_key": "t-web-03a",
          "schema_version": 0,
          "attributes": {
            "bios_id": "420e9c03-8ab0-6020-c7ff-ef4f8e691da9",
            "context": null,
            "description": "",
            "display_name": "t-web-03a",
            "external_id": "500e4809-32b4-cbb5-bece-e59d5dc1e4aa",
            "id": "500e4809-32b4-cbb5-bece-e59d5dc1e4aa",
            "instance_id": "500e4809-32b4-cbb5-bece-e59d5dc1e4aa"
          },
          "sensitive_attributes": []
        }
      ]
    },
    {
      "mode": "managed",
      "type": "nsxt_policy_group",
      "name": "app_groups",
      "provider": "provider[\"registry.terraform.io/vmware/nsxt\"]",
      "instances": [
        {
          "index_key": "wld09-Application Server",
          "schema_version": 0,
          "attributes": {
            "conjunction": [],
            "context": [],
            "criteria": [
              {
                "condition": [
                  {
                    "key": "Tag",
                    "member_type": "VirtualMachine",
                    "operator": "EQUALS",
                    "value": "wld09-Application Server"
                  }
                ],
                "external_id_expression": [],
                "ipaddress_expression": [],
                "macaddress_expression": [],
                "path_expression": []
              }
            ],
            "description": "Group for wld09 Application Server application",
            "display_name": "app-wld09-Application Server",
            "domain": "default",
            "extended_criteria": [],
            "group_type": null,
            "id": "ab4a089e-827e-49b0-b00b-d57e4a1cea5f",
            "nsx_id": "ab4a089e-827e-49b0-b00b-d57e4a1cea5f",
            "path": "/infra/domains/default/groups/ab4a089e-827e-49b0-b00b-d57e4a1cea5f",
            "revision": 0,
            "tag": []
          },
          "sensitive_attributes": [],
          "private": "bnVsbA==",
          "create_before_destroy": true
        },
        {
          "index_key": "wld09-Database Server",
          "schema_version": 0,
          "attributes": {
            "conjunction": [],
            "context": [],
            "criteria": [
              {
                "condition": [
                  {
                    "key": "Tag",
                    "member_type": "VirtualMachine",
                    "operator": "EQUALS",
                    "value": "wld09-Database Server"
                  }
                ],
                "external_id_expression": [],
                "ipaddress_expression": [],
                "macaddress_expression": [],
                "path_expression": []
              }
            ],
            "description": "Group for wld09 Database Server application",
            "display_name": "app-wld09-Database Server",
            "domain": "default",
            "extended_criteria": [],
            "group_type": null,
            "id": "9427e62e-18e9-43cd-9523-de22be914c1e",
            "nsx_id": "9427e62e-18e9-43cd-9523-de22be914c1e",
            "path": "/infra/domains/default/groups/9427e62e-18e9-43cd-9523-de22be914c1e",
            "revision": 0,
            "tag": []
          },
          "sensitive_attributes": [],
          "private": "bnVsbA==",
          "create_before_destroy": true
        },
        {
          "index_key": "wld09-Web Server",
          "schema_version": 0,
          "attributes": {
            "conjunction": [],
            "context": [],
            "criteria": [
              {
                "condition": [
                  {
                    "key": "Tag",
                    "member_type": "VirtualMachine",
                    "operator": "EQUALS",
                    "value": "wld09-Web Server"
                  }
                ],
                "external_id_expression": [],
                "ipaddress_expression": [],
                "macaddress_expression": [],
                "path_expression": []
              }
            ],
            "description": "Group for wld09 Web Server application",
            "display_name": "app-wld09-Web Server",
            "domain": "default",
            "extended_criteria": [],
            "group_type": null,
            "id": "587ebb6e-8349-41c2-9b04-bbba53af6991",
            "nsx_id": "587ebb6e-8349-41c2-9b04-bbba53af6991",
            "path": "/infra/domains/default/groups/587ebb6e-8349-41c2-9b04-bbba53af6991",
            "revision": 0,
            "tag": []
          },
          "sensitive_attributes": [],
          "private": "bnVsbA==",
          "create_before_destroy": true
        }
      ]
    },
    {
      "mode": "managed",
      "type": "nsxt_policy_group",
      "name": "environment_groups",
      "provider": "provider[\"registry.terraform.io/vmware/nsxt\"]",
      "instances": [
        {
          "index_key": "Production",
          "schema_version": 0,
          "attributes": {
            "conjunction": [],
            "context": [],
            "criteria": [
              {
                "condition": [
                  {
                    "key": "Tag",
                    "member_type": "VirtualMachine",
                    "operator": "EQUALS",
                    "value": "Production"
                  }
                ],
                "external_id_expression": [],
                "ipaddress_expression": [],
                "macaddress_expression": [],
                "path_expression": []
              }
            ],
            "description": "Group for Production environment",
            "display_name": "env-wld09-Production",
            "domain": "default",
            "extended_criteria": [],
            "group_type": null,
            "id": "7617e57f-4dd6-4bc8-a691-4b533f4058a9",
            "nsx_id": "7617e57f-4dd6-4bc8-a691-4b533f4058a9",
            "path": "/infra/domains/default/groups/7617e57f-4dd6-4bc8-a691-4b533f4058a9",
            "revision": 0,
            "tag": []
          },
          "sensitive_attributes": [],
          "private": "bnVsbA==",
          "create_before_destroy": true
        },
        {
          "index_key": "Test",
          "schema_version": 0,
          "attributes": {
            "conjunction": [],
            "context": [],
            "criteria": [
              {
                "condition": [
                  {
                    "key": "Tag",
                    "member_type": "VirtualMachine",
                    "operator": "EQUALS",
                    "value": "Test"
                  }
                ],
                "external_id_expression": [],
                "ipaddress_expression": [],
                "macaddress_expression": [],
                "path_expression": []
              }
            ],
            "description": "Group for Test environment",
            "display_name": "env-wld09-Test",
            "domain": "default",
            "extended_criteria": [],
            "group_type": null,
            "id": "15565fb9-189c-461a-9ef4-6ce0b8f9b446",
            "nsx_id": "15565fb9-189c-461a-9ef4-6ce0b8f9b446",
            "path": "/infra/domains/default/groups/15565fb9-189c-461a-9ef4-6ce0b8f9b446",
            "revision": 0,
            "tag": []
          },
          "sensitive_attributes": [],
          "private": "bnVsbA==",
          "create_before_destroy": true
        }
      ]
    },
    {
      "mode": "managed",
      "type": "nsxt_policy_group",
      "name": "external_groups",
      "provider": "provider[\"registry.terraform.io/vmware/nsxt\"]",
      "instances": [
        {
          "index_key": "DNS",
          "schema_version": 0,
          "attributes": {
            "conjunction": [],
            "context": [],
            "criteria": [
              {
                "condition": [],
                "external_id_expression": [],
                "ipaddress_expression": [
                  {
                    "ip_addresses": [
                      "192.168.12.10"
                    ]
                  }
                ],
                "macaddress_expression": [],
                "path_expression": []
              }
            ],
            "description": "External group for DNS",
            "display_name": "ext-wld09-DNS",
            "domain": "default",
            "extended_criteria": [],
            "group_type": null,
            "id": "cf01da75-4be2-45c1-9ac9-11fa19fd6aa4",
            "nsx_id": "cf01da75-4be2-45c1-9ac9-11fa19fd6aa4",
            "path": "/infra/domains/default/groups/cf01da75-4be2-45c1-9ac9-11fa19fd6aa4",
            "revision": 0,
            "tag": []
          },
          "sensitive_attributes": [],
          "private": "bnVsbA==",
          "create_before_destroy": true
        },
        {
          "index_key": "Jumphost",
          "schema_version": 0,
          "attributes": {
            "conjunction": [],
            "context": [],
            "criteria": [
              {
                "condition": [],
                "external_id_expression": [],
                "ipaddress_expression": [
                  {
                    "ip_addresses": [
                      "10.10.89.11"
                    ]
                  }
                ],
                "macaddress_expression": [],
                "path_expression": []
              }
            ],
            "description": "External group for Jumphost",
            "display_name": "ext-wld09-Jumphost",
            "domain": "default",
            "extended_criteria": [],
            "group_type": null,
            "id": "0eff634d-80c1-49e6-85dd-7a275fb2b710",
            "nsx_id": "0eff634d-80c1-49e6-85dd-7a275fb2b710",
            "path": "/infra/domains/default/groups/0eff634d-80c1-49e6-85dd-7a275fb2b710",
            "revision": 0,
            "tag": []
          },
          "sensitive_attributes": [],
          "private": "bnVsbA==",
          "create_before_destroy": true
        },
        {
          "index_key": "NTP",
          "schema_version": 0,
          "attributes": {
            "conjunction": [],
            "context": [],
            "criteria": [
              {
                "condition": [],
                "external_id_expression": [],
                "ipaddress_expression": [
                  {
                    "ip_addresses": [
                      "192.168.12.1"
                    ]
                  }
                ],
                "macaddress_expression": [],
                "path_expression": []
              }
            ],
            "description": "External group for NTP",
            "display_name": "ext-wld09-NTP",
            "domain": "default",
            "extended_criteria": [],
            "group_type": null,
            "id": "718eee45-3204-4688-a91c-17e27e7e0cf3",
            "nsx_id": "718eee45-3204-4688-a91c-17e27e7e0cf3",
            "path": "/infra/domains/default/groups/718eee45-3204-4688-a91c-17e27e7e0cf3",
            "revision": 0,
            "tag": []
          },
          "sensitive_attributes": [],
          "private": "bnVsbA==",
          "create_before_destroy": true
        }
      ]
    },
    {
      "mode": "managed",
      "type": "nsxt_policy_security_policy",
      "name": "application_policy",
      "provider": "provider[\"registry.terraform.io/vmware/nsxt\"]",
      "instances": [
        {
          "schema_version": 0,
          "attributes": {
            "category": "Application",
            "comments": "",
            "context": [],
            "description": "Security policy for all applications",
            "display_name": "wld09-Application Security Policy",
            "domain": "default",
            "id": "3554325f-3e4e-4855-957b-60a862b38c62",
            "locked": false,
            "nsx_id": "3554325f-3e4e-4855-957b-60a862b38c62",
            "path": "/infra/domains/default/security-policies/3554325f-3e4e-4855-957b-60a862b38c62",
            "revision": 2,
            "rule": [
              {
                "action": "ALLOW",
                "description": "Allow communication from Jumphost to wld09-Web Server on TCP port 22",
                "destination_groups": [
                  "/infra/domains/default/groups/587ebb6e-8349-41c2-9b04-bbba53af6991"
                ],
                "destinations_excluded": false,
                "direction": "IN_OUT",
                "disabled": false,
                "display_name": "Jumphost to wld09-Web Server [TCP-22]",
                "ip_version": "IPV4_IPV6",
                "log_label": "",
                "logged": true,
                "notes": "",
                "nsx_id": "5cad3554-61ed-4bdf-a768-e59a6471f320",
                "profiles": [],
                "revision": 0,
                "rule_id": 8184,
                "scope": [],
                "sequence_number": 1,
                "services": [
                  "/infra/services/e0c1e20d-980c-424f-867b-071683471b3c"
                ],
                "source_groups": [
                  "/infra/domains/default/groups/0eff634d-80c1-49e6-85dd-7a275fb2b710"
                ],
                "sources_excluded": false,
                "tag": []
              },
              {
                "action": "ALLOW",
                "description": "Allow communication from Jumphost to wld09-Web Server on TCP port 443",
                "destination_groups": [
                  "/infra/domains/default/groups/587ebb6e-8349-41c2-9b04-bbba53af6991"
                ],
                "destinations_excluded": false,
                "direction": "IN_OUT",
                "disabled": false,
                "display_name": "Jumphost to wld09-Web Server [TCP-443]",
                "ip_version": "IPV4_IPV6",
                "log_label": "",
                "logged": true,
                "notes": "",
                "nsx_id": "342bc052-30e3-4bcd-aed1-abba092e3c9d",
                "profiles": [],
                "revision": 0,
                "rule_id": 8185,
                "scope": [],
                "sequence_number": 2,
                "services": [
                  "/infra/services/98257b13-aa98-4807-bf01-f8932ce8ac42"
                ],
                "source_groups": [
                  "/infra/domains/default/groups/0eff634d-80c1-49e6-85dd-7a275fb2b710"
                ],
                "sources_excluded": false,
                "tag": []
              },
              {
                "action": "ALLOW",
                "description": "Allow communication from wld09-Application Server to DNS on UDP port 53",
                "destination_groups": [
                  "/infra/domains/default/groups/cf01da75-4be2-45c1-9ac9-11fa19fd6aa4"
                ],
                "destinations_excluded": false,
                "direction": "IN_OUT",
                "disabled": false,
                "display_name": "wld09-Application Server to DNS [UDP-53]",
                "ip_version": "IPV4_IPV6",
                "log_label": "",
                "logged": true,
                "notes": "",
                "nsx_id": "48f1162c-c883-490a-bdac-c0d16450108b",
                "profiles": [],
                "revision": 0,
                "rule_id": 8186,
                "scope": [],
                "sequence_number": 3,
                "services": [
                  "/infra/services/a7389cdf-331b-49aa-a812-481fadcbe54c"
                ],
                "source_groups": [
                  "/infra/domains/default/groups/ab4a089e-827e-49b0-b00b-d57e4a1cea5f"
                ],
                "sources_excluded": false,
                "tag": []
              },
              {
                "action": "ALLOW",
                "description": "Allow communication from wld09-Application Server to wld09-Database Server on TCP port 3306",
                "destination_groups": [
                  "/infra/domains/default/groups/9427e62e-18e9-43cd-9523-de22be914c1e"
                ],
                "destinations_excluded": false,
                "direction": "IN_OUT",
                "disabled": false,
                "display_name": "wld09-Application Server to wld09-Database Server [TCP-3306]",
                "ip_version": "IPV4_IPV6",
                "log_label": "",
                "logged": true,
                "notes": "",
                "nsx_id": "f8c4bc69-a204-4f92-811c-557d9790ca9d",
                "profiles": [],
                "revision": 0,
                "rule_id": 8187,
                "scope": [],
                "sequence_number": 4,
                "services": [
                  "/infra/services/d16a54c0-c78b-40b4-8bd3-e05ab48666a6"
                ],
                "source_groups": [
                  "/infra/domains/default/groups/ab4a089e-827e-49b0-b00b-d57e4a1cea5f"
                ],
                "sources_excluded": false,
                "tag": []
              },
              {
                "action": "ALLOW",
                "description": "Allow communication from wld09-Database Server to DNS on UDP port 53",
                "destination_groups": [
                  "/infra/domains/default/groups/cf01da75-4be2-45c1-9ac9-11fa19fd6aa4"
                ],
                "destinations_excluded": false,
                "direction": "IN_OUT",
                "disabled": false,
                "display_name": "wld09-Database Server to DNS [UDP-53]",
                "ip_version": "IPV4_IPV6",
                "log_label": "",
                "logged": true,
                "notes": "",
                "nsx_id": "49accdbd-5e2d-4535-a5d2-fff7d2dc1515",
                "profiles": [],
                "revision": 0,
                "rule_id": 8188,
                "scope": [],
                "sequence_number": 5,
                "services": [
                  "/infra/services/a7389cdf-331b-49aa-a812-481fadcbe54c"
                ],
                "source_groups": [
                  "/infra/domains/default/groups/9427e62e-18e9-43cd-9523-de22be914c1e"
                ],
                "sources_excluded": false,
                "tag": []
              },
              {
                "action": "ALLOW",
                "description": "Allow communication from wld09-Web Server to DNS on UDP port 53",
                "destination_groups": [
                  "/infra/domains/default/groups/cf01da75-4be2-45c1-9ac9-11fa19fd6aa4"
                ],
                "destinations_excluded": false,
                "direction": "IN_OUT",
                "disabled": false,
                "display_name": "wld09-Web Server to DNS [UDP-53]",
                "ip_version": "IPV4_IPV6",
                "log_label": "",
                "logged": true,
                "notes": "",
                "nsx_id": "fc6bf9ea-f01a-454b-bb1a-409c1a9987b3",
                "profiles": [],
                "revision": 0,
                "rule_id": 8189,
                "scope": [],
                "sequence_number": 6,
                "services": [
                  "/infra/services/a7389cdf-331b-49aa-a812-481fadcbe54c"
                ],
                "source_groups": [
                  "/infra/domains/default/groups/587ebb6e-8349-41c2-9b04-bbba53af6991"
                ],
                "sources_excluded": false,
                "tag": []
              },
              {
                "action": "ALLOW",
                "description": "Allow communication from wld09-Web Server to wld09-Application Server on TCP port 8443",
                "destination_groups": [
                  "/infra/domains/default/groups/ab4a089e-827e-49b0-b00b-d57e4a1cea5f"
                ],
                "destinations_excluded": false,
                "direction": "IN_OUT",
                "disabled": false,
                "display_name": "wld09-Web Server to wld09-Application Server [TCP-8443]",
                "ip_version": "IPV4_IPV6",
                "log_label": "",
                "logged": true,
                "notes": "",
                "nsx_id": "3c134ffc-cd0c-4afb-bee2-c917c79ceadb",
                "profiles": [],
                "revision": 0,
                "rule_id": 8190,
                "scope": [],
                "sequence_number": 7,
                "services": [
                  "/infra/services/72d4c7b8-d215-4370-a8d8-ebd9e4de8258"
                ],
                "source_groups": [
                  "/infra/domains/default/groups/587ebb6e-8349-41c2-9b04-bbba53af6991"
                ],
                "sources_excluded": false,
                "tag": []
              },
              {
                "action": "DROP",
                "description": "Deny all other traffic between applications",
                "destination_groups": [],
                "destinations_excluded": false,
                "direction": "IN_OUT",
                "disabled": false,
                "display_name": "Deny All Other Application Traffic",
                "ip_version": "IPV4_IPV6",
                "log_label": "",
                "logged": true,
                "notes": "",
                "nsx_id": "24a6447c-440e-4e40-86e0-79175abc11b1",
                "profiles": [],
                "revision": 0,
                "rule_id": 8191,
                "scope": [],
                "sequence_number": 8,
                "services": [],
                "source_groups": [],
                "sources_excluded": false,
                "tag": []
              }
            ],
            "scope": [],
            "sequence_number": 8,
            "stateful": true,
            "tag": [],
            "tcp_strict": false
          },
          "sensitive_attributes": [],
          "private": "bnVsbA==",
          "dependencies": [
            "nsxt_policy_group.app_groups",
            "nsxt_policy_group.environment_groups",
            "nsxt_policy_group.external_groups",
            "nsxt_policy_service.services"
          ],
          "create_before_destroy": true
        }
      ]
    },
    {
      "mode": "managed",
      "type": "nsxt_policy_security_policy",
      "name": "environment_isolation",
      "provider": "provider[\"registry.terraform.io/vmware/nsxt\"]",
      "instances": [
        {
          "schema_version": 0,
          "attributes": {
            "category": "Environment",
            "comments": "",
            "context": [],
            "description": "Security policy to isolate environments based on allowed_communications",
            "display_name": "Environment Isolation Policy",
            "domain": "default",
            "id": "a2acc56a-47af-46a5-99c9-b7dab9ad6aee",
            "locked": false,
            "nsx_id": "a2acc56a-47af-46a5-99c9-b7dab9ad6aee",
            "path": "/infra/domains/default/security-policies/a2acc56a-47af-46a5-99c9-b7dab9ad6aee",
            "revision": 1,
            "rule": [
              {
                "action": "ALLOW",
                "description": "Allow communication from Production to Test as specified in allowed_communications",
                "destination_groups": [
                  "/infra/domains/default/groups/15565fb9-189c-461a-9ef4-6ce0b8f9b446"
                ],
                "destinations_excluded": false,
                "direction": "IN_OUT",
                "disabled": false,
                "display_name": "Allow Production to Test",
                "ip_version": "IPV4_IPV6",
                "log_label": "",
                "logged": true,
                "notes": "",
                "nsx_id": "5fa5aaab-a4ed-47eb-83ce-4a4a77315ca1",
                "profiles": [],
                "revision": 0,
                "rule_id": 8180,
                "scope": [],
                "sequence_number": 1,
                "services": [],
                "source_groups": [
                  "/infra/domains/default/groups/7617e57f-4dd6-4bc8-a691-4b533f4058a9"
                ],
                "sources_excluded": false,
                "tag": []
              },
              {
                "action": "ALLOW",
                "description": "Allow communication from Test to Production as specified in allowed_communications",
                "destination_groups": [
                  "/infra/domains/default/groups/7617e57f-4dd6-4bc8-a691-4b533f4058a9"
                ],
                "destinations_excluded": false,
                "direction": "IN_OUT",
                "disabled": false,
                "display_name": "Allow Test to Production",
                "ip_version": "IPV4_IPV6",
                "log_label": "",
                "logged": true,
                "notes": "",
                "nsx_id": "e89ccded-da43-4603-90c0-506f2a11049e",
                "profiles": [],
                "revision": 0,
                "rule_id": 8181,
                "scope": [],
                "sequence_number": 2,
                "services": [],
                "source_groups": [
                  "/infra/domains/default/groups/15565fb9-189c-461a-9ef4-6ce0b8f9b446"
                ],
                "sources_excluded": false,
                "tag": []
              },
              {
                "action": "DROP",
                "description": "Block communication from Production to environments not in its allowed list",
                "destination_groups": [],
                "destinations_excluded": false,
                "direction": "IN_OUT",
                "disabled": false,
                "display_name": "Block Production to unauthorized environments",
                "ip_version": "IPV4_IPV6",
                "log_label": "",
                "logged": true,
                "notes": "",
                "nsx_id": "bb815d4b-fa85-4e6e-ba91-3741b92a81e8",
                "profiles": [],
                "revision": 0,
                "rule_id": 8182,
                "scope": [],
                "sequence_number": 3,
                "services": [],
                "source_groups": [
                  "/infra/domains/default/groups/7617e57f-4dd6-4bc8-a691-4b533f4058a9"
                ],
                "sources_excluded": false,
                "tag": []
              },
              {
                "action": "DROP",
                "description": "Block communication from Test to environments not in its allowed list",
                "destination_groups": [],
                "destinations_excluded": false,
                "direction": "IN_OUT",
                "disabled": false,
                "display_name": "Block Test to unauthorized environments",
                "ip_version": "IPV4_IPV6",
                "log_label": "",
                "logged": true,
                "notes": "",
                "nsx_id": "e05983a8-e488-418e-98fb-3a859111021a",
                "profiles": [],
                "revision": 0,
                "rule_id": 8183,
                "scope": [],
                "sequence_number": 4,
                "services": [],
                "source_groups": [
                  "/infra/domains/default/groups/15565fb9-189c-461a-9ef4-6ce0b8f9b446"
                ],
                "sources_excluded": false,
                "tag": []
              }
            ],
            "scope": [],
            "sequence_number": 10,
            "stateful": true,
            "tag": [],
            "tcp_strict": false
          },
          "sensitive_attributes": [],
          "private": "bnVsbA==",
          "dependencies": [
            "nsxt_policy_group.environment_groups"
          ],
          "create_before_destroy": true
        }
      ]
    },
    {
      "mode": "managed",
      "type": "nsxt_policy_service",
      "name": "services",
      "provider": "provider[\"registry.terraform.io/vmware/nsxt\"]",
      "instances": [
        {
          "index_key": "TCP-22",
          "schema_version": 0,
          "attributes": {
            "algorithm_entry": [],
            "context": [],
            "description": "Service for TCP port 22",
            "display_name": "TCP-22",
            "ether_type_entry": [],
            "icmp_entry": [],
            "id": "e0c1e20d-980c-424f-867b-071683471b3c",
            "igmp_entry": [],
            "ip_protocol_entry": [],
            "l4_port_set_entry": [
              {
                "description": "",
                "destination_ports": [
                  "22"
                ],
                "display_name": "TCP-22",
                "protocol": "TCP",
                "source_ports": []
              }
            ],
            "nested_service_entry": [],
            "nsx_id": "e0c1e20d-980c-424f-867b-071683471b3c",
            "path": "/infra/services/e0c1e20d-980c-424f-867b-071683471b3c",
            "revision": 0,
            "tag": []
          },
          "sensitive_attributes": [],
          "private": "bnVsbA==",
          "create_before_destroy": true
        },
        {
          "index_key": "TCP-3306",
          "schema_version": 0,
          "attributes": {
            "algorithm_entry": [],
            "context": [],
            "description": "Service for TCP port 3306",
            "display_name": "TCP-3306",
            "ether_type_entry": [],
            "icmp_entry": [],
            "id": "d16a54c0-c78b-40b4-8bd3-e05ab48666a6",
            "igmp_entry": [],
            "ip_protocol_entry": [],
            "l4_port_set_entry": [
              {
                "description": "",
                "destination_ports": [
                  "3306"
                ],
                "display_name": "TCP-3306",
                "protocol": "TCP",
                "source_ports": []
              }
            ],
            "nested_service_entry": [],
            "nsx_id": "d16a54c0-c78b-40b4-8bd3-e05ab48666a6",
            "path": "/infra/services/d16a54c0-c78b-40b4-8bd3-e05ab48666a6",
            "revision": 0,
            "tag": []
          },
          "sensitive_attributes": [],
          "private": "bnVsbA==",
          "create_before_destroy": true
        },
        {
          "index_key": "TCP-443",
          "schema_version": 0,
          "attributes": {
            "algorithm_entry": [],
            "context": [],
            "description": "Service for TCP port 443",
            "display_name": "TCP-443",
            "ether_type_entry": [],
            "icmp_entry": [],
            "id": "98257b13-aa98-4807-bf01-f8932ce8ac42",
            "igmp_entry": [],
            "ip_protocol_entry": [],
            "l4_port_set_entry": [
              {
                "description": "",
                "destination_ports": [
                  "443"
                ],
                "display_name": "TCP-443",
                "protocol": "TCP",
                "source_ports": []
              }
            ],
            "nested_service_entry": [],
            "nsx_id": "98257b13-aa98-4807-bf01-f8932ce8ac42",
            "path": "/infra/services/98257b13-aa98-4807-bf01-f8932ce8ac42",
            "revision": 0,
            "tag": []
          },
          "sensitive_attributes": [],
          "private": "bnVsbA==",
          "create_before_destroy": true
        },
        {
          "index_key": "TCP-8443",
          "schema_version": 0,
          "attributes": {
            "algorithm_entry": [],
            "context": [],
            "description": "Service for TCP port 8443",
            "display_name": "TCP-8443",
            "ether_type_entry": [],
            "icmp_entry": [],
            "id": "72d4c7b8-d215-4370-a8d8-ebd9e4de8258",
            "igmp_entry": [],
            "ip_protocol_entry": [],
            "l4_port_set_entry": [
              {
                "description": "",
                "destination_ports": [
                  "8443"
                ],
                "display_name": "TCP-8443",
                "protocol": "TCP",
                "source_ports": []
              }
            ],
            "nested_service_entry": [],
            "nsx_id": "72d4c7b8-d215-4370-a8d8-ebd9e4de8258",
            "path": "/infra/services/72d4c7b8-d215-4370-a8d8-ebd9e4de8258",
            "revision": 0,
            "tag": []
          },
          "sensitive_attributes": [],
          "private": "bnVsbA==",
          "create_before_destroy": true
        },
        {
          "index_key": "UDP-53",
          "schema_version": 0,
          "attributes": {
            "algorithm_entry": [],
            "context": [],
            "description": "Service for UDP port 53",
            "display_name": "UDP-53",
            "ether_type_entry": [],
            "icmp_entry": [],
            "id": "a7389cdf-331b-49aa-a812-481fadcbe54c",
            "igmp_entry": [],
            "ip_protocol_entry": [],
            "l4_port_set_entry": [
              {
                "description": "",
                "destination_ports": [
                  "53"
                ],
                "display_name": "UDP-53",
                "protocol": "UDP",
                "source_ports": []
              }
            ],
            "nested_service_entry": [],
            "nsx_id": "a7389cdf-331b-49aa-a812-481fadcbe54c",
            "path": "/infra/services/a7389cdf-331b-49aa-a812-481fadcbe54c",
            "revision": 0,
            "tag": []
          },
          "sensitive_attributes": [],
          "private": "bnVsbA==",
          "create_before_destroy": true
        }
      ]
    },
    {
      "mode": "managed",
      "type": "nsxt_policy_vm_tags",
      "name": "vm_tags",
      "provider": "provider[\"registry.terraform.io/vmware/nsxt\"]",
      "instances": [
        {
          "index_key": "p-app-01a",
          "schema_version": 0,
          "attributes": {
            "context": [],
            "id": "500e66ad-6efc-e7fe-6ba3-74d45c3eb94f",
            "instance_id": "500e66ad-6efc-e7fe-6ba3-74d45c3eb94f",
            "port": [],
            "tag": [
              {
                "scope": "application",
                "tag": "wld09-Application Server"
              },
              {
                "scope": "environment",
                "tag": "Production"
              }
            ]
          },
          "sensitive_attributes": [],
          "private": "bnVsbA==",
          "dependencies": [
            "data.nsxt_policy_vm.vms"
          ],
          "create_before_destroy": true
        },
        {
          "index_key": "p-db-01a",
          "schema_version": 0,
          "attributes": {
            "context": [],
            "id": "500eb8ab-1d7d-8803-906e-b540fdcf7f6f",
            "instance_id": "500eb8ab-1d7d-8803-906e-b540fdcf7f6f",
            "port": [],
            "tag": [
              {
                "scope": "application",
                "tag": "wld09-Database Server"
              },
              {
                "scope": "environment",
                "tag": "Production"
              }
            ]
          },
          "sensitive_attributes": [],
          "private": "bnVsbA==",
          "dependencies": [
            "data.nsxt_policy_vm.vms"
          ],
          "create_before_destroy": true
        },
        {
          "index_key": "p-web-01a",
          "schema_version": 0,
          "attributes": {
            "context": [],
            "id": "500eedf5-5f28-eed1-6a09-0f558d46ad41",
            "instance_id": "500eedf5-5f28-eed1-6a09-0f558d46ad41",
            "port": [],
            "tag": [
              {
                "scope": "application",
                "tag": "wld09-Web Server"
              },
              {
                "scope": "environment",
                "tag": "Production"
              }
            ]
          },
          "sensitive_attributes": [],
          "private": "bnVsbA==",
          "dependencies": [
            "data.nsxt_policy_vm.vms"
          ],
          "create_before_destroy": true
        },
        {
          "index_key": "p-web-02a",
          "schema_version": 0,
          "attributes": {
            "context": [],
            "id": "500e4b09-2edf-482e-149b-978b60215a45",
            "instance_id": "500e4b09-2edf-482e-149b-978b60215a45",
            "port": [],
            "tag": [
              {
                "scope": "application",
                "tag": "wld09-Web Server"
              },
              {
                "scope": "environment",
                "tag": "Production"
              }
            ]
          },
          "sensitive_attributes": [],
          "private": "bnVsbA==",
          "dependencies": [
            "data.nsxt_policy_vm.vms"
          ],
          "create_before_destroy": true
        },
        {
          "index_key": "p-web-03a",
          "schema_version": 0,
          "attributes": {
            "context": [],
            "id": "500e169f-7231-266a-4c3d-fbd4ddaf246b",
            "instance_id": "500e169f-7231-266a-4c3d-fbd4ddaf246b",
            "port": [],
            "tag": [
              {
                "scope": "application",
                "tag": "wld09-Web Server"
              },
              {
                "scope": "environment",
                "tag": "Production"
              }
            ]
          },
          "sensitive_attributes": [],
          "private": "bnVsbA==",
          "dependencies": [
            "data.nsxt_policy_vm.vms"
          ],
          "create_before_destroy": true
        },
        {
          "index_key": "t-app-01a",
          "schema_version": 0,
          "attributes": {
            "context": [],
            "id": "500e1a06-0bb7-5aa2-230c-73642a3e23c1",
            "instance_id": "500e1a06-0bb7-5aa2-230c-73642a3e23c1",
            "port": [],
            "tag": [
              {
                "scope": "application",
                "tag": "wld09-Application Server"
              },
              {
                "scope": "environment",
                "tag": "Test"
              }
            ]
          },
          "sensitive_attributes": [],
          "private": "bnVsbA==",
          "dependencies": [
            "data.nsxt_policy_vm.vms"
          ],
          "create_before_destroy": true
        },
        {
          "index_key": "t-db-01a",
          "schema_version": 0,
          "attributes": {
            "context": [],
            "id": "500eaab6-b602-787e-fdde-70c3ee2f655a",
            "instance_id": "500eaab6-b602-787e-fdde-70c3ee2f655a",
            "port": [],
            "tag": [
              {
                "scope": "application",
                "tag": "wld09-Database Server"
              },
              {
                "scope": "environment",
                "tag": "Test"
              }
            ]
          },
          "sensitive_attributes": [],
          "private": "bnVsbA==",
          "dependencies": [
            "data.nsxt_policy_vm.vms"
          ],
          "create_before_destroy": true
        },
        {
          "index_key": "t-web-01a",
          "schema_version": 0,
          "attributes": {
            "context": [],
            "id": "500ea1c4-d4ce-5ff0-eec5-deaa96bcf00e",
            "instance_id": "500ea1c4-d4ce-5ff0-eec5-deaa96bcf00e",
            "port": [],
            "tag": [
              {
                "scope": "application",
                "tag": "wld09-Web Server"
              },
              {
                "scope": "environment",
                "tag": "Test"
              }
            ]
          },
          "sensitive_attributes": [],
          "private": "bnVsbA==",
          "dependencies": [
            "data.nsxt_policy_vm.vms"
          ],
          "create_before_destroy": true
        },
        {
          "index_key": "t-web-02a",
          "schema_version": 0,
          "attributes": {
            "context": [],
            "id": "500ebfe0-9f49-a1c6-d5d3-bc0c6a42fc91",
            "instance_id": "500ebfe0-9f49-a1c6-d5d3-bc0c6a42fc91",
            "port": [],
            "tag": [
              {
                "scope": "application",
                "tag": "wld09-Web Server"
              },
              {
                "scope": "environment",
                "tag": "Test"
              }
            ]
          },
          "sensitive_attributes": [],
          "private": "bnVsbA==",
          "dependencies": [
            "data.nsxt_policy_vm.vms"
          ],
          "create_before_destroy": true
        },
        {
          "index_key": "t-web-03a",
          "schema_version": 0,
          "attributes": {
            "context": [],
            "id": "500e4809-32b4-cbb5-bece-e59d5dc1e4aa",
            "instance_id": "500e4809-32b4-cbb5-bece-e59d5dc1e4aa",
            "port": [],
            "tag": [
              {
                "scope": "application",
                "tag": "wld09-Web Server"
              },
              {
                "scope": "environment",
                "tag": "Test"
              }
            ]
          },
          "sensitive_attributes": [],
          "private": "bnVsbA==",
          "dependencies": [
            "data.nsxt_policy_vm.vms"
          ],
          "create_before_destroy": true
        }
      ]
    }
  ],
  "check_results": null
}
