{
  "version": 4,
  "terraform_version": "1.11.4",
  "serial": 20,
  "lineage": "f4c691af-fa3a-9a1e-f47d-9c77392ec1db",
  "outputs": {
    "application_groups_created": {
      "value": [
        "app-wld09-Application Server",
        "app-wld09-Database Server",
        "app-wld09-Web Server"
      ],
      "type": [
        "tuple",
        [
          "string",
          "string",
          "string"
        ]
      ]
    },
    "application_policies_created": {
      "value": [
        "Policy-wld09-Application Server",
        "Policy-wld09-Database Server",
        "Policy-wld09-Web Server"
      ],
      "type": [
        "tuple",
        [
          "string",
          "string",
          "string"
        ]
      ]
    },
    "application_tags": {
      "value": [
        "wld09-Database Server",
        "wld09-Application Server",
        "wld09-Web Server"
      ],
      "type": [
        "list",
        "string"
      ]
    },
    "environment_groups_created": {
      "value": [
        "env-Production"
      ],
      "type": [
        "tuple",
        [
          "string"
        ]
      ]
    },
    "environment_tags": {
      "value": [
        "Production"
      ],
      "type": [
        "list",
        "string"
      ]
    },
    "vm_count": {
      "value": 5,
      "type": "number"
    }
  },
  "resources": [
    {
      "mode": "data",
      "type": "nsxt_policy_vm",
      "name": "vms",
      "provider": "provider[\"registry.terraform.io/vmware/nsxt\"]",
      "instances": [
        {
          "index_key": "app-01a",
          "schema_version": 0,
          "attributes": {
            "bios_id": "420ed69b-758d-155e-63d7-1aa278448f8e",
            "context": null,
            "description": "",
            "display_name": "app-01a",
            "external_id": "500e66ad-6efc-e7fe-6ba3-74d45c3eb94f",
            "id": "500e66ad-6efc-e7fe-6ba3-74d45c3eb94f",
            "instance_id": "500e66ad-6efc-e7fe-6ba3-74d45c3eb94f"
          },
          "sensitive_attributes": []
        },
        {
          "index_key": "db-01a",
          "schema_version": 0,
          "attributes": {
            "bios_id": "420e40f9-3ff4-ffdd-bdb5-0233b4f0493f",
            "context": null,
            "description": "",
            "display_name": "db-01a",
            "external_id": "500eb8ab-1d7d-8803-906e-b540fdcf7f6f",
            "id": "500eb8ab-1d7d-8803-906e-b540fdcf7f6f",
            "instance_id": "500eb8ab-1d7d-8803-906e-b540fdcf7f6f"
          },
          "sensitive_attributes": []
        },
        {
          "index_key": "web-01a",
          "schema_version": 0,
          "attributes": {
            "bios_id": "420e446e-cf67-8086-932a-bbebf4f9537e",
            "context": null,
            "description": "",
            "display_name": "web-01a",
            "external_id": "500eedf5-5f28-eed1-6a09-0f558d46ad41",
            "id": "500eedf5-5f28-eed1-6a09-0f558d46ad41",
            "instance_id": "500eedf5-5f28-eed1-6a09-0f558d46ad41"
          },
          "sensitive_attributes": []
        },
        {
          "index_key": "web-02a",
          "schema_version": 0,
          "attributes": {
            "bios_id": "420e0373-2d68-d850-c333-c9a5b68a9cd0",
            "context": null,
            "description": "",
            "display_name": "web-02a",
            "external_id": "500e4b09-2edf-482e-149b-978b60215a45",
            "id": "500e4b09-2edf-482e-149b-978b60215a45",
            "instance_id": "500e4b09-2edf-482e-149b-978b60215a45"
          },
          "sensitive_attributes": []
        },
        {
          "index_key": "web-03a",
          "schema_version": 0,
          "attributes": {
            "bios_id": "420ee229-5d04-f4a0-9a68-4531951a77c1",
            "context": null,
            "description": "",
            "display_name": "web-03a",
            "external_id": "500e169f-7231-266a-4c3d-fbd4ddaf246b",
            "id": "500e169f-7231-266a-4c3d-fbd4ddaf246b",
            "instance_id": "500e169f-7231-266a-4c3d-fbd4ddaf246b"
          },
          "sensitive_attributes": []
        }
      ]
    },
    {
      "mode": "managed",
      "type": "nsxt_policy_group",
      "name": "app_groups",
      "provider": "provider[\"registry.terraform.io/vmware/nsxt\"]",
      "instances": [
        {
          "index_key": "wld09-Application Server",
          "schema_version": 0,
          "attributes": {
            "conjunction": [],
            "context": [],
            "criteria": [
              {
                "condition": [
                  {
                    "key": "Tag",
                    "member_type": "VirtualMachine",
                    "operator": "EQUALS",
                    "value": "wld09-Application Server"
                  }
                ],
                "external_id_expression": [],
                "ipaddress_expression": [],
                "macaddress_expression": [],
                "path_expression": []
              }
            ],
            "description": "Group for wld09 Application Server application",
            "display_name": "app-wld09-Application Server",
            "domain": "default",
            "extended_criteria": [],
            "group_type": null,
            "id": "a249df83-b69b-44ec-9801-49225f97aa9c",
            "nsx_id": "a249df83-b69b-44ec-9801-49225f97aa9c",
            "path": "/infra/domains/default/groups/a249df83-b69b-44ec-9801-49225f97aa9c",
            "revision": 0,
            "tag": []
          },
          "sensitive_attributes": [],
          "private": "bnVsbA==",
          "create_before_destroy": true
        },
        {
          "index_key": "wld09-Database Server",
          "schema_version": 0,
          "attributes": {
            "conjunction": [],
            "context": [],
            "criteria": [
              {
                "condition": [
                  {
                    "key": "Tag",
                    "member_type": "VirtualMachine",
                    "operator": "EQUALS",
                    "value": "wld09-Database Server"
                  }
                ],
                "external_id_expression": [],
                "ipaddress_expression": [],
                "macaddress_expression": [],
                "path_expression": []
              }
            ],
            "description": "Group for wld09 Database Server application",
            "display_name": "app-wld09-Database Server",
            "domain": "default",
            "extended_criteria": [],
            "group_type": null,
            "id": "bc19aa61-9487-4c2a-89f4-c3e74a4026cc",
            "nsx_id": "bc19aa61-9487-4c2a-89f4-c3e74a4026cc",
            "path": "/infra/domains/default/groups/bc19aa61-9487-4c2a-89f4-c3e74a4026cc",
            "revision": 0,
            "tag": []
          },
          "sensitive_attributes": [],
          "private": "bnVsbA==",
          "create_before_destroy": true
        },
        {
          "index_key": "wld09-Web Server",
          "schema_version": 0,
          "attributes": {
            "conjunction": [],
            "context": [],
            "criteria": [
              {
                "condition": [
                  {
                    "key": "Tag",
                    "member_type": "VirtualMachine",
                    "operator": "EQUALS",
                    "value": "wld09-Web Server"
                  }
                ],
                "external_id_expression": [],
                "ipaddress_expression": [],
                "macaddress_expression": [],
                "path_expression": []
              }
            ],
            "description": "Group for wld09 Web Server application",
            "display_name": "app-wld09-Web Server",
            "domain": "default",
            "extended_criteria": [],
            "group_type": null,
            "id": "74c682ee-661c-42c5-840b-dd932b865180",
            "nsx_id": "74c682ee-661c-42c5-840b-dd932b865180",
            "path": "/infra/domains/default/groups/74c682ee-661c-42c5-840b-dd932b865180",
            "revision": 0,
            "tag": []
          },
          "sensitive_attributes": [],
          "private": "bnVsbA==",
          "create_before_destroy": true
        }
      ]
    },
    {
      "mode": "managed",
      "type": "nsxt_policy_group",
      "name": "environment_groups",
      "provider": "provider[\"registry.terraform.io/vmware/nsxt\"]",
      "instances": [
        {
          "index_key": "Production",
          "schema_version": 0,
          "attributes": {
            "conjunction": [],
            "context": [],
            "criteria": [
              {
                "condition": [
                  {
                    "key": "Tag",
                    "member_type": "VirtualMachine",
                    "operator": "EQUALS",
                    "value": "Production"
                  }
                ],
                "external_id_expression": [],
                "ipaddress_expression": [],
                "macaddress_expression": [],
                "path_expression": []
              }
            ],
            "description": "Group for Production environment",
            "display_name": "env-Production",
            "domain": "default",
            "extended_criteria": [],
            "group_type": null,
            "id": "13f59bcb-45d9-4e38-9aac-590556f095df",
            "nsx_id": "13f59bcb-45d9-4e38-9aac-590556f095df",
            "path": "/infra/domains/default/groups/13f59bcb-45d9-4e38-9aac-590556f095df",
            "revision": 0,
            "tag": []
          },
          "sensitive_attributes": [],
          "private": "bnVsbA==",
          "create_before_destroy": true
        }
      ]
    },
    {
      "mode": "managed",
      "type": "nsxt_policy_security_policy",
      "name": "application_policies",
      "provider": "provider[\"registry.terraform.io/vmware/nsxt\"]",
      "instances": [
        {
          "index_key": "wld09-Application Server",
          "schema_version": 0,
          "attributes": {
            "category": "Application",
            "comments": "",
            "context": [],
            "description": "Security policy for wld09 Application Server application",
            "display_name": "Policy-wld09-Application Server",
            "domain": "default",
            "id": "44207b0e-7fa0-452d-888f-58c10c4df058",
            "locked": false,
            "nsx_id": "44207b0e-7fa0-452d-888f-58c10c4df058",
            "path": "/infra/domains/default/security-policies/44207b0e-7fa0-452d-888f-58c10c4df058",
            "revision": 1,
            "rule": [
              {
                "action": "ALLOW",
                "description": "",
                "destination_groups": [
                  "/infra/domains/default/groups/13f59bcb-45d9-4e38-9aac-590556f095df"
                ],
                "destinations_excluded": false,
                "direction": "IN_OUT",
                "disabled": false,
                "display_name": "10.225.22.20(app-01a) -\u003e 192.168.12.10(dc01) [port:53]",
                "ip_version": "IPV4_IPV6",
                "log_label": "",
                "logged": true,
                "notes": "",
                "nsx_id": "7665aefb-991e-429d-86f1-83430465ff30",
                "profiles": null,
                "revision": 0,
                "rule_id": 3051,
                "scope": null,
                "sequence_number": 1,
                "services": [
                  "/infra/services/c5bff0c6-11d0-4192-8488-0852ffdd86e7"
                ],
                "source_groups": [
                  "/infra/domains/default/groups/a249df83-b69b-44ec-9801-49225f97aa9c"
                ],
                "sources_excluded": false,
                "tag": []
              },
              {
                "action": "ALLOW",
                "description": "",
                "destination_groups": [
                  "/infra/domains/default/groups/bc19aa61-9487-4c2a-89f4-c3e74a4026cc"
                ],
                "destinations_excluded": false,
                "direction": "IN_OUT",
                "disabled": false,
                "display_name": "10.225.22.20(app-01a) -\u003e 10.225.23.10(db-01a) [port:3306]",
                "ip_version": "IPV4_IPV6",
                "log_label": "",
                "logged": true,
                "notes": "",
                "nsx_id": "4e636a58-e781-478a-a2de-2537dac6d756",
                "profiles": null,
                "revision": 0,
                "rule_id": 3052,
                "scope": null,
                "sequence_number": 2,
                "services": [
                  "/infra/services/73944c31-bc43-47aa-9b17-027fb12c51cb"
                ],
                "source_groups": [
                  "/infra/domains/default/groups/a249df83-b69b-44ec-9801-49225f97aa9c"
                ],
                "sources_excluded": false,
                "tag": []
              },
              {
                "action": "ALLOW",
                "description": "",
                "destination_groups": [
                  "/infra/domains/default/groups/a249df83-b69b-44ec-9801-49225f97aa9c"
                ],
                "destinations_excluded": false,
                "direction": "IN_OUT",
                "disabled": false,
                "display_name": "10.225.24.99(windows01) -\u003e 10.225.22.20(app-01a) [port:8443]",
                "ip_version": "IPV4_IPV6",
                "log_label": "",
                "logged": true,
                "notes": "",
                "nsx_id": "8d37cc7a-c7fd-490d-9b8c-4e88a41e3940",
                "profiles": null,
                "revision": 0,
                "rule_id": 3053,
                "scope": null,
                "sequence_number": 3,
                "services": [
                  "/infra/services/df7d9a8c-4663-4c66-b405-43ce9a82d488"
                ],
                "source_groups": [
                  "/infra/domains/default/groups/13f59bcb-45d9-4e38-9aac-590556f095df"
                ],
                "sources_excluded": false,
                "tag": []
              },
              {
                "action": "ALLOW",
                "description": "",
                "destination_groups": [
                  "/infra/domains/default/groups/a249df83-b69b-44ec-9801-49225f97aa9c"
                ],
                "destinations_excluded": false,
                "direction": "IN_OUT",
                "disabled": false,
                "display_name": "10.225.21.10(web-01a) -\u003e 10.225.22.20(app-01a) [port:8443]",
                "ip_version": "IPV4_IPV6",
                "log_label": "",
                "logged": true,
                "notes": "",
                "nsx_id": "aaa71cdf-f9b7-4b2e-b97e-cc2e9c937053",
                "profiles": null,
                "revision": 0,
                "rule_id": 3055,
                "scope": null,
                "sequence_number": 4,
                "services": [
                  "/infra/services/df7d9a8c-4663-4c66-b405-43ce9a82d488"
                ],
                "source_groups": [
                  "/infra/domains/default/groups/74c682ee-661c-42c5-840b-dd932b865180"
                ],
                "sources_excluded": false,
                "tag": []
              },
              {
                "action": "ALLOW",
                "description": "",
                "destination_groups": [
                  "/infra/domains/default/groups/a249df83-b69b-44ec-9801-49225f97aa9c"
                ],
                "destinations_excluded": false,
                "direction": "IN_OUT",
                "disabled": false,
                "display_name": "10.225.21.20(web-02a) -\u003e 10.225.22.20(app-01a) [port:8443]",
                "ip_version": "IPV4_IPV6",
                "log_label": "",
                "logged": true,
                "notes": "",
                "nsx_id": "66455f2c-c8ee-4b15-bdc9-6f414b1d9e43",
                "profiles": null,
                "revision": 0,
                "rule_id": 3056,
                "scope": null,
                "sequence_number": 5,
                "services": [
                  "/infra/services/df7d9a8c-4663-4c66-b405-43ce9a82d488"
                ],
                "source_groups": [
                  "/infra/domains/default/groups/74c682ee-661c-42c5-840b-dd932b865180"
                ],
                "sources_excluded": false,
                "tag": []
              },
              {
                "action": "ALLOW",
                "description": "",
                "destination_groups": [
                  "/infra/domains/default/groups/a249df83-b69b-44ec-9801-49225f97aa9c"
                ],
                "destinations_excluded": false,
                "direction": "IN_OUT",
                "disabled": false,
                "display_name": "10.225.21.30(web-03a) -\u003e 10.225.22.20(app-01a) [port:8443]",
                "ip_version": "IPV4_IPV6",
                "log_label": "",
                "logged": true,
                "notes": "",
                "nsx_id": "adea3050-683b-46af-99e6-3d1cb2f3c537",
                "profiles": null,
                "revision": 0,
                "rule_id": 3057,
                "scope": null,
                "sequence_number": 6,
                "services": [
                  "/infra/services/df7d9a8c-4663-4c66-b405-43ce9a82d488"
                ],
                "source_groups": [
                  "/infra/domains/default/groups/74c682ee-661c-42c5-840b-dd932b865180"
                ],
                "sources_excluded": false,
                "tag": []
              },
              {
                "action": "ALLOW",
                "description": "",
                "destination_groups": [
                  "/infra/domains/default/groups/13f59bcb-45d9-4e38-9aac-590556f095df"
                ],
                "destinations_excluded": false,
                "direction": "IN_OUT",
                "disabled": false,
                "display_name": "10.225.22.20(app-01a) -\u003e 216.239.35.8(US) [port:123]",
                "ip_version": "IPV4_IPV6",
                "log_label": "",
                "logged": true,
                "notes": "",
                "nsx_id": "e5bd73ee-01bb-4b30-bd8c-508118d87a94",
                "profiles": null,
                "revision": 0,
                "rule_id": 3059,
                "scope": null,
                "sequence_number": 7,
                "services": [
                  "/infra/services/88f03365-4421-4303-bef2-ad355efa5b2b"
                ],
                "source_groups": [
                  "/infra/domains/default/groups/a249df83-b69b-44ec-9801-49225f97aa9c"
                ],
                "sources_excluded": false,
                "tag": []
              }
            ],
            "scope": null,
            "sequence_number": 8,
            "stateful": true,
            "tag": [],
            "tcp_strict": false
          },
          "sensitive_attributes": [],
          "private": "bnVsbA==",
          "dependencies": [
            "nsxt_policy_group.app_groups",
            "nsxt_policy_group.environment_groups",
            "nsxt_policy_service.services"
          ],
          "create_before_destroy": true
        },
        {
          "index_key": "wld09-Database Server",
          "schema_version": 0,
          "attributes": {
            "category": "Application",
            "comments": "",
            "context": [],
            "description": "Security policy for wld09 Database Server application",
            "display_name": "Policy-wld09-Database Server",
            "domain": "default",
            "id": "31e0c361-20f2-4f4c-8b42-6a8913b9ea1c",
            "locked": false,
            "nsx_id": "31e0c361-20f2-4f4c-8b42-6a8913b9ea1c",
            "path": "/infra/domains/default/security-policies/31e0c361-20f2-4f4c-8b42-6a8913b9ea1c",
            "revision": 1,
            "rule": [
              {
                "action": "ALLOW",
                "description": "",
                "destination_groups": [
                  "/infra/domains/default/groups/bc19aa61-9487-4c2a-89f4-c3e74a4026cc"
                ],
                "destinations_excluded": false,
                "direction": "IN_OUT",
                "disabled": false,
                "display_name": "10.225.22.20(app-01a) -\u003e 10.225.23.10(db-01a) [port:3306]",
                "ip_version": "IPV4_IPV6",
                "log_label": "",
                "logged": true,
                "notes": "",
                "nsx_id": "81fd89e5-ac45-400e-a241-7c5e4366d6d8",
                "profiles": null,
                "revision": 0,
                "rule_id": 3050,
                "scope": null,
                "sequence_number": 1,
                "services": [
                  "/infra/services/73944c31-bc43-47aa-9b17-027fb12c51cb"
                ],
                "source_groups": [
                  "/infra/domains/default/groups/a249df83-b69b-44ec-9801-49225f97aa9c"
                ],
                "sources_excluded": false,
                "tag": []
              },
              {
                "action": "ALLOW",
                "description": "",
                "destination_groups": [
                  "/infra/domains/default/groups/13f59bcb-45d9-4e38-9aac-590556f095df"
                ],
                "destinations_excluded": false,
                "direction": "IN_OUT",
                "disabled": false,
                "display_name": "10.225.23.10(db-01a) -\u003e 216.239.35.8(US) [port:123]",
                "ip_version": "IPV4_IPV6",
                "log_label": "",
                "logged": true,
                "notes": "",
                "nsx_id": "e7d4ca62-e72a-4eab-aa57-b6e7f2bdd8ba",
                "profiles": null,
                "revision": 0,
                "rule_id": 3054,
                "scope": null,
                "sequence_number": 2,
                "services": [
                  "/infra/services/88f03365-4421-4303-bef2-ad355efa5b2b"
                ],
                "source_groups": [
                  "/infra/domains/default/groups/bc19aa61-9487-4c2a-89f4-c3e74a4026cc"
                ],
                "sources_excluded": false,
                "tag": []
              }
            ],
            "scope": null,
            "sequence_number": 8,
            "stateful": true,
            "tag": [],
            "tcp_strict": false
          },
          "sensitive_attributes": [],
          "private": "bnVsbA==",
          "dependencies": [
            "nsxt_policy_group.app_groups",
            "nsxt_policy_group.environment_groups",
            "nsxt_policy_service.services"
          ],
          "create_before_destroy": true
        },
        {
          "index_key": "wld09-Web Server",
          "schema_version": 0,
          "attributes": {
            "category": "Application",
            "comments": "",
            "context": [],
            "description": "Security policy for wld09 Web Server application",
            "display_name": "Policy-wld09-Web Server",
            "domain": "default",
            "id": "5780f733-065a-441b-ad58-85ffeaa91b50",
            "locked": false,
            "nsx_id": "5780f733-065a-441b-ad58-85ffeaa91b50",
            "path": "/infra/domains/default/security-policies/5780f733-065a-441b-ad58-85ffeaa91b50",
            "revision": 1,
            "rule": [
              {
                "action": "ALLOW",
                "description": "",
                "destination_groups": [
                  "/infra/domains/default/groups/a249df83-b69b-44ec-9801-49225f97aa9c"
                ],
                "destinations_excluded": false,
                "direction": "IN_OUT",
                "disabled": false,
                "display_name": "10.225.21.10(web-01a) -\u003e 10.225.22.20(app-01a) [port:8443]",
                "ip_version": "IPV4_IPV6",
                "log_label": "",
                "logged": true,
                "notes": "",
                "nsx_id": "8b685f34-64e4-4664-a1f0-b295cfb95e9b",
                "profiles": null,
                "revision": 0,
                "rule_id": 3058,
                "scope": null,
                "sequence_number": 1,
                "services": [
                  "/infra/services/df7d9a8c-4663-4c66-b405-43ce9a82d488"
                ],
                "source_groups": [
                  "/infra/domains/default/groups/74c682ee-661c-42c5-840b-dd932b865180"
                ],
                "sources_excluded": false,
                "tag": []
              },
              {
                "action": "ALLOW",
                "description": "",
                "destination_groups": [
                  "/infra/domains/default/groups/13f59bcb-45d9-4e38-9aac-590556f095df"
                ],
                "destinations_excluded": false,
                "direction": "IN_OUT",
                "disabled": false,
                "display_name": "10.225.21.30(web-03a) -\u003e 216.239.35.8(US) [port:123]",
                "ip_version": "IPV4_IPV6",
                "log_label": "",
                "logged": true,
                "notes": "",
                "nsx_id": "5226cb29-8c2f-48f6-acae-8cbea0239e30",
                "profiles": null,
                "revision": 0,
                "rule_id": 3060,
                "scope": null,
                "sequence_number": 2,
                "services": [
                  "/infra/services/88f03365-4421-4303-bef2-ad355efa5b2b"
                ],
                "source_groups": [
                  "/infra/domains/default/groups/74c682ee-661c-42c5-840b-dd932b865180"
                ],
                "sources_excluded": false,
                "tag": []
              },
              {
                "action": "ALLOW",
                "description": "",
                "destination_groups": [
                  "/infra/domains/default/groups/74c682ee-661c-42c5-840b-dd932b865180"
                ],
                "destinations_excluded": false,
                "direction": "IN_OUT",
                "disabled": false,
                "display_name": "10.225.24.99(windows01) -\u003e 10.225.21.10(web-01a) [port:443]",
                "ip_version": "IPV4_IPV6",
                "log_label": "",
                "logged": true,
                "notes": "",
                "nsx_id": "fc104fa1-ff9c-4782-afe9-b10388fd3499",
                "profiles": null,
                "revision": 0,
                "rule_id": 3061,
                "scope": null,
                "sequence_number": 3,
                "services": [
                  "/infra/services/49806516-4945-4f7c-b70e-97c51c77a0be"
                ],
                "source_groups": [
                  "/infra/domains/default/groups/13f59bcb-45d9-4e38-9aac-590556f095df"
                ],
                "sources_excluded": false,
                "tag": []
              },
              {
                "action": "ALLOW",
                "description": "",
                "destination_groups": [
                  "/infra/domains/default/groups/13f59bcb-45d9-4e38-9aac-590556f095df"
                ],
                "destinations_excluded": false,
                "direction": "IN_OUT",
                "disabled": false,
                "display_name": "10.225.21.20(web-02a) -\u003e 216.239.35.8(US) [port:123]",
                "ip_version": "IPV4_IPV6",
                "log_label": "",
                "logged": true,
                "notes": "",
                "nsx_id": "bdef8716-8e8c-4d99-a1d5-98bba3ff2ff0",
                "profiles": null,
                "revision": 0,
                "rule_id": 3062,
                "scope": null,
                "sequence_number": 4,
                "services": [
                  "/infra/services/88f03365-4421-4303-bef2-ad355efa5b2b"
                ],
                "source_groups": [
                  "/infra/domains/default/groups/74c682ee-661c-42c5-840b-dd932b865180"
                ],
                "sources_excluded": false,
                "tag": []
              },
              {
                "action": "ALLOW",
                "description": "",
                "destination_groups": [
                  "/infra/domains/default/groups/a249df83-b69b-44ec-9801-49225f97aa9c"
                ],
                "destinations_excluded": false,
                "direction": "IN_OUT",
                "disabled": false,
                "display_name": "10.225.21.20(web-02a) -\u003e 10.225.22.20(app-01a) [port:8443]",
                "ip_version": "IPV4_IPV6",
                "log_label": "",
                "logged": true,
                "notes": "",
                "nsx_id": "5bc1e696-709b-4827-8249-84345ef049dd",
                "profiles": null,
                "revision": 0,
                "rule_id": 3063,
                "scope": null,
                "sequence_number": 5,
                "services": [
                  "/infra/services/df7d9a8c-4663-4c66-b405-43ce9a82d488"
                ],
                "source_groups": [
                  "/infra/domains/default/groups/74c682ee-661c-42c5-840b-dd932b865180"
                ],
                "sources_excluded": false,
                "tag": []
              },
              {
                "action": "ALLOW",
                "description": "",
                "destination_groups": [
                  "/infra/domains/default/groups/74c682ee-661c-42c5-840b-dd932b865180"
                ],
                "destinations_excluded": false,
                "direction": "IN_OUT",
                "disabled": false,
                "display_name": "10.225.24.99(windows01) -\u003e 10.225.21.20(web-02a) [port:443]",
                "ip_version": "IPV4_IPV6",
                "log_label": "",
                "logged": true,
                "notes": "",
                "nsx_id": "a2c92e1e-30b6-482a-8c4f-43e9ad9e6f20",
                "profiles": null,
                "revision": 0,
                "rule_id": 3064,
                "scope": null,
                "sequence_number": 6,
                "services": [
                  "/infra/services/49806516-4945-4f7c-b70e-97c51c77a0be"
                ],
                "source_groups": [
                  "/infra/domains/default/groups/13f59bcb-45d9-4e38-9aac-590556f095df"
                ],
                "sources_excluded": false,
                "tag": []
              },
              {
                "action": "ALLOW",
                "description": "",
                "destination_groups": [
                  "/infra/domains/default/groups/13f59bcb-45d9-4e38-9aac-590556f095df"
                ],
                "destinations_excluded": false,
                "direction": "IN_OUT",
                "disabled": false,
                "display_name": "10.225.21.10(web-01a) -\u003e 216.239.35.8(US) [port:123]",
                "ip_version": "IPV4_IPV6",
                "log_label": "",
                "logged": true,
                "notes": "",
                "nsx_id": "f655d76e-e741-4dc7-b86b-a787dd4142ef",
                "profiles": null,
                "revision": 0,
                "rule_id": 3065,
                "scope": null,
                "sequence_number": 7,
                "services": [
                  "/infra/services/88f03365-4421-4303-bef2-ad355efa5b2b"
                ],
                "source_groups": [
                  "/infra/domains/default/groups/74c682ee-661c-42c5-840b-dd932b865180"
                ],
                "sources_excluded": false,
                "tag": []
              },
              {
                "action": "ALLOW",
                "description": "",
                "destination_groups": [
                  "/infra/domains/default/groups/74c682ee-661c-42c5-840b-dd932b865180"
                ],
                "destinations_excluded": false,
                "direction": "IN_OUT",
                "disabled": false,
                "display_name": "10.225.24.99(windows01) -\u003e 10.225.21.30(web-03a) [port:443]",
                "ip_version": "IPV4_IPV6",
                "log_label": "",
                "logged": true,
                "notes": "",
                "nsx_id": "27c3a8e7-3d62-4e2c-8f75-f5faae43290e",
                "profiles": null,
                "revision": 0,
                "rule_id": 3066,
                "scope": null,
                "sequence_number": 8,
                "services": [
                  "/infra/services/49806516-4945-4f7c-b70e-97c51c77a0be"
                ],
                "source_groups": [
                  "/infra/domains/default/groups/13f59bcb-45d9-4e38-9aac-590556f095df"
                ],
                "sources_excluded": false,
                "tag": []
              },
              {
                "action": "ALLOW",
                "description": "",
                "destination_groups": [
                  "/infra/domains/default/groups/a249df83-b69b-44ec-9801-49225f97aa9c"
                ],
                "destinations_excluded": false,
                "direction": "IN_OUT",
                "disabled": false,
                "display_name": "10.225.21.30(web-03a) -\u003e 10.225.22.20(app-01a) [port:8443]",
                "ip_version": "IPV4_IPV6",
                "log_label": "",
                "logged": true,
                "notes": "",
                "nsx_id": "92c4159f-8099-460e-9d4a-9b895feb79be",
                "profiles": null,
                "revision": 0,
                "rule_id": 3067,
                "scope": null,
                "sequence_number": 9,
                "services": [
                  "/infra/services/df7d9a8c-4663-4c66-b405-43ce9a82d488"
                ],
                "source_groups": [
                  "/infra/domains/default/groups/74c682ee-661c-42c5-840b-dd932b865180"
                ],
                "sources_excluded": false,
                "tag": []
              }
            ],
            "scope": null,
            "sequence_number": 8,
            "stateful": true,
            "tag": [],
            "tcp_strict": false
          },
          "sensitive_attributes": [],
          "private": "bnVsbA==",
          "dependencies": [
            "nsxt_policy_group.app_groups",
            "nsxt_policy_group.environment_groups",
            "nsxt_policy_service.services"
          ],
          "create_before_destroy": true
        }
      ]
    },
    {
      "mode": "managed",
      "type": "nsxt_policy_security_policy",
      "name": "environment_isolation",
      "provider": "provider[\"registry.terraform.io/vmware/nsxt\"]",
      "instances": [
        {
          "schema_version": 0,
          "attributes": {
            "category": "Environment",
            "comments": "",
            "context": [],
            "description": "Security policy to isolate OTAP environments",
            "display_name": "Environment Isolation Policy",
            "domain": "default",
            "id": "75e3d7f4-5427-4e1e-b066-f2a20e390fb6",
            "locked": false,
            "nsx_id": "75e3d7f4-5427-4e1e-b066-f2a20e390fb6",
            "path": "/infra/domains/default/security-policies/75e3d7f4-5427-4e1e-b066-f2a20e390fb6",
            "revision": 1,
            "rule": [
              {
                "action": "REJECT",
                "description": "",
                "destination_groups": [],
                "destinations_excluded": false,
                "direction": "IN_OUT",
                "disabled": false,
                "display_name": "Block Production to other environments",
                "ip_version": "IPV4_IPV6",
                "log_label": "",
                "logged": true,
                "notes": "",
                "nsx_id": "8167afc9-b81d-40f6-8cd9-7d28cd86ced4",
                "profiles": [],
                "revision": 0,
                "rule_id": 3048,
                "scope": [],
                "sequence_number": 1,
                "services": [],
                "source_groups": [
                  "/infra/domains/default/groups/13f59bcb-45d9-4e38-9aac-590556f095df"
                ],
                "sources_excluded": false,
                "tag": []
              },
              {
                "action": "ALLOW",
                "description": "",
                "destination_groups": [],
                "destinations_excluded": false,
                "direction": "IN_OUT",
                "disabled": false,
                "display_name": "Allow same environment communication",
                "ip_version": "IPV4_IPV6",
                "log_label": "",
                "logged": true,
                "notes": "",
                "nsx_id": "252c0c1b-93aa-4a04-a8a7-453020cc80b1",
                "profiles": [],
                "revision": 0,
                "rule_id": 3049,
                "scope": [],
                "sequence_number": 2,
                "services": [],
                "source_groups": [],
                "sources_excluded": false,
                "tag": []
              }
            ],
            "scope": [],
            "sequence_number": 10,
            "stateful": true,
            "tag": [],
            "tcp_strict": false
          },
          "sensitive_attributes": [],
          "private": "bnVsbA==",
          "dependencies": [
            "nsxt_policy_group.environment_groups"
          ],
          "create_before_destroy": true
        }
      ]
    },
    {
      "mode": "managed",
      "type": "nsxt_policy_service",
      "name": "services",
      "provider": "provider[\"registry.terraform.io/vmware/nsxt\"]",
      "instances": [
        {
          "index_key": "TCP-3306",
          "schema_version": 0,
          "attributes": {
            "algorithm_entry": [],
            "context": [],
            "description": "Service for TCP port 3306",
            "display_name": "TCP-3306",
            "ether_type_entry": [],
            "icmp_entry": [],
            "id": "73944c31-bc43-47aa-9b17-027fb12c51cb",
            "igmp_entry": [],
            "ip_protocol_entry": [],
            "l4_port_set_entry": [
              {
                "description": "",
                "destination_ports": [
                  "3306"
                ],
                "display_name": "TCP-3306",
                "protocol": "TCP",
                "source_ports": []
              }
            ],
            "nested_service_entry": [],
            "nsx_id": "73944c31-bc43-47aa-9b17-027fb12c51cb",
            "path": "/infra/services/73944c31-bc43-47aa-9b17-027fb12c51cb",
            "revision": 0,
            "tag": []
          },
          "sensitive_attributes": [],
          "private": "bnVsbA==",
          "create_before_destroy": true
        },
        {
          "index_key": "TCP-443",
          "schema_version": 0,
          "attributes": {
            "algorithm_entry": [],
            "context": [],
            "description": "Service for TCP port 443",
            "display_name": "TCP-443",
            "ether_type_entry": [],
            "icmp_entry": [],
            "id": "49806516-4945-4f7c-b70e-97c51c77a0be",
            "igmp_entry": [],
            "ip_protocol_entry": [],
            "l4_port_set_entry": [
              {
                "description": "",
                "destination_ports": [
                  "443"
                ],
                "display_name": "TCP-443",
                "protocol": "TCP",
                "source_ports": []
              }
            ],
            "nested_service_entry": [],
            "nsx_id": "49806516-4945-4f7c-b70e-97c51c77a0be",
            "path": "/infra/services/49806516-4945-4f7c-b70e-97c51c77a0be",
            "revision": 0,
            "tag": []
          },
          "sensitive_attributes": [],
          "private": "bnVsbA==",
          "create_before_destroy": true
        },
        {
          "index_key": "TCP-8443",
          "schema_version": 0,
          "attributes": {
            "algorithm_entry": [],
            "context": [],
            "description": "Service for TCP port 8443",
            "display_name": "TCP-8443",
            "ether_type_entry": [],
            "icmp_entry": [],
            "id": "df7d9a8c-4663-4c66-b405-43ce9a82d488",
            "igmp_entry": [],
            "ip_protocol_entry": [],
            "l4_port_set_entry": [
              {
                "description": "",
                "destination_ports": [
                  "8443"
                ],
                "display_name": "TCP-8443",
                "protocol": "TCP",
                "source_ports": []
              }
            ],
            "nested_service_entry": [],
            "nsx_id": "df7d9a8c-4663-4c66-b405-43ce9a82d488",
            "path": "/infra/services/df7d9a8c-4663-4c66-b405-43ce9a82d488",
            "revision": 0,
            "tag": []
          },
          "sensitive_attributes": [],
          "private": "bnVsbA==",
          "create_before_destroy": true
        },
        {
          "index_key": "UDP-123",
          "schema_version": 0,
          "attributes": {
            "algorithm_entry": [],
            "context": [],
            "description": "Service for UDP port 123",
            "display_name": "UDP-123",
            "ether_type_entry": [],
            "icmp_entry": [],
            "id": "88f03365-4421-4303-bef2-ad355efa5b2b",
            "igmp_entry": [],
            "ip_protocol_entry": [],
            "l4_port_set_entry": [
              {
                "description": "",
                "destination_ports": [
                  "123"
                ],
                "display_name": "UDP-123",
                "protocol": "UDP",
                "source_ports": []
              }
            ],
            "nested_service_entry": [],
            "nsx_id": "88f03365-4421-4303-bef2-ad355efa5b2b",
            "path": "/infra/services/88f03365-4421-4303-bef2-ad355efa5b2b",
            "revision": 0,
            "tag": []
          },
          "sensitive_attributes": [],
          "private": "bnVsbA==",
          "create_before_destroy": true
        },
        {
          "index_key": "UDP-53",
          "schema_version": 0,
          "attributes": {
            "algorithm_entry": [],
            "context": [],
            "description": "Service for UDP port 53",
            "display_name": "UDP-53",
            "ether_type_entry": [],
            "icmp_entry": [],
            "id": "c5bff0c6-11d0-4192-8488-0852ffdd86e7",
            "igmp_entry": [],
            "ip_protocol_entry": [],
            "l4_port_set_entry": [
              {
                "description": "",
                "destination_ports": [
                  "53"
                ],
                "display_name": "UDP-53",
                "protocol": "UDP",
                "source_ports": []
              }
            ],
            "nested_service_entry": [],
            "nsx_id": "c5bff0c6-11d0-4192-8488-0852ffdd86e7",
            "path": "/infra/services/c5bff0c6-11d0-4192-8488-0852ffdd86e7",
            "revision": 0,
            "tag": []
          },
          "sensitive_attributes": [],
          "private": "bnVsbA==",
          "create_before_destroy": true
        }
      ]
    },
    {
      "mode": "managed",
      "type": "nsxt_policy_vm_tags",
      "name": "vm_tags",
      "provider": "provider[\"registry.terraform.io/vmware/nsxt\"]",
      "instances": [
        {
          "index_key": "app-01a",
          "schema_version": 0,
          "attributes": {
            "context": [],
            "id": "500e66ad-6efc-e7fe-6ba3-74d45c3eb94f",
            "instance_id": "500e66ad-6efc-e7fe-6ba3-74d45c3eb94f",
            "port": [],
            "tag": [
              {
                "scope": "application",
                "tag": "wld09-Application Server"
              },
              {
                "scope": "environment",
                "tag": "Production"
              }
            ]
          },
          "sensitive_attributes": [],
          "private": "bnVsbA==",
          "dependencies": [
            "data.nsxt_policy_vm.vms"
          ],
          "create_before_destroy": true
        },
        {
          "index_key": "db-01a",
          "schema_version": 0,
          "attributes": {
            "context": [],
            "id": "500eb8ab-1d7d-8803-906e-b540fdcf7f6f",
            "instance_id": "500eb8ab-1d7d-8803-906e-b540fdcf7f6f",
            "port": [],
            "tag": [
              {
                "scope": "application",
                "tag": "wld09-Database Server"
              },
              {
                "scope": "environment",
                "tag": "Production"
              }
            ]
          },
          "sensitive_attributes": [],
          "private": "bnVsbA==",
          "dependencies": [
            "data.nsxt_policy_vm.vms"
          ],
          "create_before_destroy": true
        },
        {
          "index_key": "web-01a",
          "schema_version": 0,
          "attributes": {
            "context": [],
            "id": "500eedf5-5f28-eed1-6a09-0f558d46ad41",
            "instance_id": "500eedf5-5f28-eed1-6a09-0f558d46ad41",
            "port": [],
            "tag": [
              {
                "scope": "application",
                "tag": "wld09-Web Server"
              },
              {
                "scope": "environment",
                "tag": "Production"
              }
            ]
          },
          "sensitive_attributes": [],
          "private": "bnVsbA==",
          "dependencies": [
            "data.nsxt_policy_vm.vms"
          ],
          "create_before_destroy": true
        },
        {
          "index_key": "web-02a",
          "schema_version": 0,
          "attributes": {
            "context": [],
            "id": "500e4b09-2edf-482e-149b-978b60215a45",
            "instance_id": "500e4b09-2edf-482e-149b-978b60215a45",
            "port": [],
            "tag": [
              {
                "scope": "application",
                "tag": "wld09-Web Server"
              },
              {
                "scope": "environment",
                "tag": "Production"
              }
            ]
          },
          "sensitive_attributes": [],
          "private": "bnVsbA==",
          "dependencies": [
            "data.nsxt_policy_vm.vms"
          ],
          "create_before_destroy": true
        },
        {
          "index_key": "web-03a",
          "schema_version": 0,
          "attributes": {
            "context": [],
            "id": "500e169f-7231-266a-4c3d-fbd4ddaf246b",
            "instance_id": "500e169f-7231-266a-4c3d-fbd4ddaf246b",
            "port": [],
            "tag": [
              {
                "scope": "application",
                "tag": "wld09-Web Server"
              },
              {
                "scope": "environment",
                "tag": "Production"
              }
            ]
          },
          "sensitive_attributes": [],
          "private": "bnVsbA==",
          "dependencies": [
            "data.nsxt_policy_vm.vms"
          ],
          "create_before_destroy": true
        }
      ]
    }
  ],
  "check_results": null
}
