{
  "version": 4,
  "terraform_version": "1.11.4",
  "serial": 385,
  "lineage": "f4c691af-fa3a-9a1e-f47d-9c77392ec1db",
  "outputs": {
    "application_groups_created": {
      "value": [
        "app-wld09-Application Server",
        "app-wld09-Database Server",
        "app-wld09-Web Server"
      ],
      "type": [
        "tuple",
        [
          "string",
          "string",
          "string"
        ]
      ]
    },
    "application_policies_created": {
      "value": [
        "Application Security Policy"
      ],
      "type": [
        "tuple",
        [
          "string"
        ]
      ]
    },
    "application_tags": {
      "value": [
        "wld09-Application Server",
        "wld09-Database Server",
        "wld09-Web Server"
      ],
      "type": [
        "list",
        "string"
      ]
    },
    "environment_groups_created": {
      "value": [
        "env-Production",
        "env-Test"
      ],
      "type": [
        "tuple",
        [
          "string",
          "string"
        ]
      ]
    },
    "environment_tags": {
      "value": [
        "Production",
        "Test"
      ],
      "type": [
        "list",
        "string"
      ]
    },
    "vm_count": {
      "value": 10,
      "type": "number"
    }
  },
  "resources": [
    {
      "mode": "data",
      "type": "nsxt_policy_vm",
      "name": "vms",
      "provider": "provider[\"registry.terraform.io/vmware/nsxt\"]",
      "instances": [
        {
          "index_key": "p-app-01a",
          "schema_version": 0,
          "attributes": {
            "bios_id": "420ed69b-758d-155e-63d7-1aa278448f8e",
            "context": null,
            "description": "",
            "display_name": "p-app-01a",
            "external_id": "500e66ad-6efc-e7fe-6ba3-74d45c3eb94f",
            "id": "500e66ad-6efc-e7fe-6ba3-74d45c3eb94f",
            "instance_id": "500e66ad-6efc-e7fe-6ba3-74d45c3eb94f"
          },
          "sensitive_attributes": []
        },
        {
          "index_key": "p-db-01a",
          "schema_version": 0,
          "attributes": {
            "bios_id": "420e40f9-3ff4-ffdd-bdb5-0233b4f0493f",
            "context": null,
            "description": "",
            "display_name": "p-db-01a",
            "external_id": "500eb8ab-1d7d-8803-906e-b540fdcf7f6f",
            "id": "500eb8ab-1d7d-8803-906e-b540fdcf7f6f",
            "instance_id": "500eb8ab-1d7d-8803-906e-b540fdcf7f6f"
          },
          "sensitive_attributes": []
        },
        {
          "index_key": "p-web-01a",
          "schema_version": 0,
          "attributes": {
            "bios_id": "420e446e-cf67-8086-932a-bbebf4f9537e",
            "context": null,
            "description": "",
            "display_name": "p-web-01a",
            "external_id": "500eedf5-5f28-eed1-6a09-0f558d46ad41",
            "id": "500eedf5-5f28-eed1-6a09-0f558d46ad41",
            "instance_id": "500eedf5-5f28-eed1-6a09-0f558d46ad41"
          },
          "sensitive_attributes": []
        },
        {
          "index_key": "p-web-02a",
          "schema_version": 0,
          "attributes": {
            "bios_id": "420e0373-2d68-d850-c333-c9a5b68a9cd0",
            "context": null,
            "description": "",
            "display_name": "p-web-02a",
            "external_id": "500e4b09-2edf-482e-149b-978b60215a45",
            "id": "500e4b09-2edf-482e-149b-978b60215a45",
            "instance_id": "500e4b09-2edf-482e-149b-978b60215a45"
          },
          "sensitive_attributes": []
        },
        {
          "index_key": "p-web-03a",
          "schema_version": 0,
          "attributes": {
            "bios_id": "420ee229-5d04-f4a0-9a68-4531951a77c1",
            "context": null,
            "description": "",
            "display_name": "p-web-03a",
            "external_id": "500e169f-7231-266a-4c3d-fbd4ddaf246b",
            "id": "500e169f-7231-266a-4c3d-fbd4ddaf246b",
            "instance_id": "500e169f-7231-266a-4c3d-fbd4ddaf246b"
          },
          "sensitive_attributes": []
        },
        {
          "index_key": "t-app-01a",
          "schema_version": 0,
          "attributes": {
            "bios_id": "420ec69b-f0eb-f021-e76a-1ba3f8f3f229",
            "context": null,
            "description": "",
            "display_name": "t-app-01a",
            "external_id": "500e1a06-0bb7-5aa2-230c-73642a3e23c1",
            "id": "500e1a06-0bb7-5aa2-230c-73642a3e23c1",
            "instance_id": "500e1a06-0bb7-5aa2-230c-73642a3e23c1"
          },
          "sensitive_attributes": []
        },
        {
          "index_key": "t-db-01a",
          "schema_version": 0,
          "attributes": {
            "bios_id": "420ee52b-28dc-83eb-4b9a-38b8c52f5acd",
            "context": null,
            "description": "",
            "display_name": "t-db-01a",
            "external_id": "500eaab6-b602-787e-fdde-70c3ee2f655a",
            "id": "500eaab6-b602-787e-fdde-70c3ee2f655a",
            "instance_id": "500eaab6-b602-787e-fdde-70c3ee2f655a"
          },
          "sensitive_attributes": []
        },
        {
          "index_key": "t-web-01a",
          "schema_version": 0,
          "attributes": {
            "bios_id": "420e1dbc-a4d5-1ce2-c6dc-703bfeea8d16",
            "context": null,
            "description": "",
            "display_name": "t-web-01a",
            "external_id": "500ea1c4-d4ce-5ff0-eec5-deaa96bcf00e",
            "id": "500ea1c4-d4ce-5ff0-eec5-deaa96bcf00e",
            "instance_id": "500ea1c4-d4ce-5ff0-eec5-deaa96bcf00e"
          },
          "sensitive_attributes": []
        },
        {
          "index_key": "t-web-02a",
          "schema_version": 0,
          "attributes": {
            "bios_id": "420ed273-30b9-6979-6784-c7f94f425260",
            "context": null,
            "description": "",
            "display_name": "t-web-02a",
            "external_id": "500ebfe0-9f49-a1c6-d5d3-bc0c6a42fc91",
            "id": "500ebfe0-9f49-a1c6-d5d3-bc0c6a42fc91",
            "instance_id": "500ebfe0-9f49-a1c6-d5d3-bc0c6a42fc91"
          },
          "sensitive_attributes": []
        },
        {
          "index_key": "t-web-03a",
          "schema_version": 0,
          "attributes": {
            "bios_id": "420e9c03-8ab0-6020-c7ff-ef4f8e691da9",
            "context": null,
            "description": "",
            "display_name": "t-web-03a",
            "external_id": "500e4809-32b4-cbb5-bece-e59d5dc1e4aa",
            "id": "500e4809-32b4-cbb5-bece-e59d5dc1e4aa",
            "instance_id": "500e4809-32b4-cbb5-bece-e59d5dc1e4aa"
          },
          "sensitive_attributes": []
        }
      ]
    },
    {
      "mode": "managed",
      "type": "nsxt_policy_group",
      "name": "app_groups",
      "provider": "provider[\"registry.terraform.io/vmware/nsxt\"]",
      "instances": [
        {
          "index_key": "wld09-Application Server",
          "schema_version": 0,
          "attributes": {
            "conjunction": [],
            "context": [],
            "criteria": [
              {
                "condition": [
                  {
                    "key": "Tag",
                    "member_type": "VirtualMachine",
                    "operator": "EQUALS",
                    "value": "wld09-Application Server"
                  }
                ],
                "external_id_expression": [],
                "ipaddress_expression": [],
                "macaddress_expression": [],
                "path_expression": []
              }
            ],
            "description": "Group for wld09 Application Server application",
            "display_name": "app-wld09-Application Server",
            "domain": "default",
            "extended_criteria": [],
            "group_type": null,
            "id": "45b09343-0f76-4b1f-90e7-b060ece18cde",
            "nsx_id": "45b09343-0f76-4b1f-90e7-b060ece18cde",
            "path": "/infra/domains/default/groups/45b09343-0f76-4b1f-90e7-b060ece18cde",
            "revision": 0,
            "tag": []
          },
          "sensitive_attributes": [],
          "private": "bnVsbA==",
          "create_before_destroy": true
        },
        {
          "index_key": "wld09-Database Server",
          "schema_version": 0,
          "attributes": {
            "conjunction": [],
            "context": [],
            "criteria": [
              {
                "condition": [
                  {
                    "key": "Tag",
                    "member_type": "VirtualMachine",
                    "operator": "EQUALS",
                    "value": "wld09-Database Server"
                  }
                ],
                "external_id_expression": [],
                "ipaddress_expression": [],
                "macaddress_expression": [],
                "path_expression": []
              }
            ],
            "description": "Group for wld09 Database Server application",
            "display_name": "app-wld09-Database Server",
            "domain": "default",
            "extended_criteria": [],
            "group_type": null,
            "id": "67f0b5f7-cab1-4238-ae1f-43dd0361843a",
            "nsx_id": "67f0b5f7-cab1-4238-ae1f-43dd0361843a",
            "path": "/infra/domains/default/groups/67f0b5f7-cab1-4238-ae1f-43dd0361843a",
            "revision": 0,
            "tag": []
          },
          "sensitive_attributes": [],
          "private": "bnVsbA==",
          "create_before_destroy": true
        },
        {
          "index_key": "wld09-Web Server",
          "schema_version": 0,
          "attributes": {
            "conjunction": [],
            "context": [],
            "criteria": [
              {
                "condition": [
                  {
                    "key": "Tag",
                    "member_type": "VirtualMachine",
                    "operator": "EQUALS",
                    "value": "wld09-Web Server"
                  }
                ],
                "external_id_expression": [],
                "ipaddress_expression": [],
                "macaddress_expression": [],
                "path_expression": []
              }
            ],
            "description": "Group for wld09 Web Server application",
            "display_name": "app-wld09-Web Server",
            "domain": "default",
            "extended_criteria": [],
            "group_type": null,
            "id": "3e0f8a95-ca20-4d06-891b-bcd644897234",
            "nsx_id": "3e0f8a95-ca20-4d06-891b-bcd644897234",
            "path": "/infra/domains/default/groups/3e0f8a95-ca20-4d06-891b-bcd644897234",
            "revision": 0,
            "tag": []
          },
          "sensitive_attributes": [],
          "private": "bnVsbA==",
          "create_before_destroy": true
        }
      ]
    },
    {
      "mode": "managed",
      "type": "nsxt_policy_group",
      "name": "environment_groups",
      "provider": "provider[\"registry.terraform.io/vmware/nsxt\"]",
      "instances": [
        {
          "index_key": "Production",
          "schema_version": 0,
          "attributes": {
            "conjunction": [],
            "context": [],
            "criteria": [
              {
                "condition": [
                  {
                    "key": "Tag",
                    "member_type": "VirtualMachine",
                    "operator": "EQUALS",
                    "value": "Production"
                  }
                ],
                "external_id_expression": [],
                "ipaddress_expression": [],
                "macaddress_expression": [],
                "path_expression": []
              }
            ],
            "description": "Group for Production environment",
            "display_name": "env-Production",
            "domain": "default",
            "extended_criteria": [],
            "group_type": null,
            "id": "58a3c14e-dce9-4003-ab98-f146d6b2e3aa",
            "nsx_id": "58a3c14e-dce9-4003-ab98-f146d6b2e3aa",
            "path": "/infra/domains/default/groups/58a3c14e-dce9-4003-ab98-f146d6b2e3aa",
            "revision": 0,
            "tag": []
          },
          "sensitive_attributes": [],
          "private": "bnVsbA==",
          "create_before_destroy": true
        },
        {
          "index_key": "Test",
          "schema_version": 0,
          "attributes": {
            "conjunction": [],
            "context": [],
            "criteria": [
              {
                "condition": [
                  {
                    "key": "Tag",
                    "member_type": "VirtualMachine",
                    "operator": "EQUALS",
                    "value": "Test"
                  }
                ],
                "external_id_expression": [],
                "ipaddress_expression": [],
                "macaddress_expression": [],
                "path_expression": []
              }
            ],
            "description": "Group for Test environment",
            "display_name": "env-Test",
            "domain": "default",
            "extended_criteria": [],
            "group_type": null,
            "id": "4dd684d2-badc-4040-9003-9d2794f52d13",
            "nsx_id": "4dd684d2-badc-4040-9003-9d2794f52d13",
            "path": "/infra/domains/default/groups/4dd684d2-badc-4040-9003-9d2794f52d13",
            "revision": 0,
            "tag": []
          },
          "sensitive_attributes": [],
          "private": "bnVsbA==",
          "create_before_destroy": true
        }
      ]
    },
    {
      "mode": "managed",
      "type": "nsxt_policy_security_policy",
      "name": "application_policy",
      "provider": "provider[\"registry.terraform.io/vmware/nsxt\"]",
      "instances": [
        {
          "schema_version": 0,
          "attributes": {
            "category": "Application",
            "comments": "",
            "context": [],
            "description": "Security policy for all applications",
            "display_name": "Application Security Policy",
            "domain": "default",
            "id": "8f7c101f-b6d8-4130-8712-d80535adf490",
            "locked": false,
            "nsx_id": "8f7c101f-b6d8-4130-8712-d80535adf490",
            "path": "/infra/domains/default/security-policies/8f7c101f-b6d8-4130-8712-d80535adf490",
            "revision": 1,
            "rule": [
              {
                "action": "ALLOW",
                "description": "Allow communication from External to External on UDP port 123",
                "destination_groups": [
                  "/infra/domains/default/groups/58a3c14e-dce9-4003-ab98-f146d6b2e3aa"
                ],
                "destinations_excluded": false,
                "direction": "IN_OUT",
                "disabled": false,
                "display_name": "External to External [UDP-123]",
                "ip_version": "IPV4_IPV6",
                "log_label": "",
                "logged": true,
                "notes": "",
                "nsx_id": "8c3bdadb-b407-4d3d-9d5b-c283496b6412",
                "profiles": null,
                "revision": 0,
                "rule_id": 5322,
                "scope": null,
                "sequence_number": 1,
                "services": [
                  "/infra/services/477447de-eea6-45eb-bcbf-58debf6cf9a0"
                ],
                "source_groups": [
                  "/infra/domains/default/groups/58a3c14e-dce9-4003-ab98-f146d6b2e3aa"
                ],
                "sources_excluded": false,
                "tag": []
              },
              {
                "action": "ALLOW",
                "description": "Allow communication from wld09-Application Server to External on UDP port 53",
                "destination_groups": [
                  "/infra/domains/default/groups/58a3c14e-dce9-4003-ab98-f146d6b2e3aa"
                ],
                "destinations_excluded": false,
                "direction": "IN_OUT",
                "disabled": false,
                "display_name": "wld09-Application Server to External [UDP-53]",
                "ip_version": "IPV4_IPV6",
                "log_label": "",
                "logged": true,
                "notes": "",
                "nsx_id": "76c2f352-a74f-4041-8b49-5ad76c8b5410",
                "profiles": null,
                "revision": 0,
                "rule_id": 5323,
                "scope": null,
                "sequence_number": 2,
                "services": [
                  "/infra/services/1a78a026-5a75-4300-9c46-1cce3c5c0a46"
                ],
                "source_groups": [
                  "/infra/domains/default/groups/45b09343-0f76-4b1f-90e7-b060ece18cde"
                ],
                "sources_excluded": false,
                "tag": []
              },
              {
                "action": "ALLOW",
                "description": "Allow communication from wld09-Web Server to External on UDP port 123",
                "destination_groups": [
                  "/infra/domains/default/groups/58a3c14e-dce9-4003-ab98-f146d6b2e3aa"
                ],
                "destinations_excluded": false,
                "direction": "IN_OUT",
                "disabled": false,
                "display_name": "wld09-Web Server to External [UDP-123]",
                "ip_version": "IPV4_IPV6",
                "log_label": "",
                "logged": true,
                "notes": "",
                "nsx_id": "47712046-0e67-4d7d-a302-8968ddf672fd",
                "profiles": null,
                "revision": 0,
                "rule_id": 5324,
                "scope": null,
                "sequence_number": 3,
                "services": [
                  "/infra/services/477447de-eea6-45eb-bcbf-58debf6cf9a0"
                ],
                "source_groups": [
                  "/infra/domains/default/groups/3e0f8a95-ca20-4d06-891b-bcd644897234"
                ],
                "sources_excluded": false,
                "tag": []
              },
              {
                "action": "ALLOW",
                "description": "Allow communication from wld09-Database Server to External on UDP port 123",
                "destination_groups": [
                  "/infra/domains/default/groups/58a3c14e-dce9-4003-ab98-f146d6b2e3aa"
                ],
                "destinations_excluded": false,
                "direction": "IN_OUT",
                "disabled": false,
                "display_name": "wld09-Database Server to External [UDP-123]",
                "ip_version": "IPV4_IPV6",
                "log_label": "",
                "logged": true,
                "notes": "",
                "nsx_id": "c52dfe59-4fea-484a-847c-b936f792e5f7",
                "profiles": null,
                "revision": 0,
                "rule_id": 5325,
                "scope": null,
                "sequence_number": 4,
                "services": [
                  "/infra/services/477447de-eea6-45eb-bcbf-58debf6cf9a0"
                ],
                "source_groups": [
                  "/infra/domains/default/groups/67f0b5f7-cab1-4238-ae1f-43dd0361843a"
                ],
                "sources_excluded": false,
                "tag": []
              },
              {
                "action": "ALLOW",
                "description": "Allow communication from External to wld09-Web Server on TCP port 443",
                "destination_groups": [
                  "/infra/domains/default/groups/3e0f8a95-ca20-4d06-891b-bcd644897234"
                ],
                "destinations_excluded": false,
                "direction": "IN_OUT",
                "disabled": false,
                "display_name": "External to wld09-Web Server [TCP-443]",
                "ip_version": "IPV4_IPV6",
                "log_label": "",
                "logged": true,
                "notes": "",
                "nsx_id": "6fc8f109-d064-4317-b165-2f4f5a2abbdd",
                "profiles": null,
                "revision": 0,
                "rule_id": 5326,
                "scope": null,
                "sequence_number": 5,
                "services": [
                  "/infra/services/289b0aa1-7ce1-41dc-95fa-4f82cd1532e1"
                ],
                "source_groups": [
                  "/infra/domains/default/groups/58a3c14e-dce9-4003-ab98-f146d6b2e3aa"
                ],
                "sources_excluded": false,
                "tag": []
              },
              {
                "action": "ALLOW",
                "description": "Allow communication from wld09-Web Server to wld09-Application Server on TCP port 8443",
                "destination_groups": [
                  "/infra/domains/default/groups/45b09343-0f76-4b1f-90e7-b060ece18cde"
                ],
                "destinations_excluded": false,
                "direction": "IN_OUT",
                "disabled": false,
                "display_name": "wld09-Web Server to wld09-Application Server [TCP-8443]",
                "ip_version": "IPV4_IPV6",
                "log_label": "",
                "logged": true,
                "notes": "",
                "nsx_id": "5cb396b1-4fef-4db9-b297-96edb016d890",
                "profiles": null,
                "revision": 0,
                "rule_id": 5327,
                "scope": null,
                "sequence_number": 6,
                "services": [
                  "/infra/services/18803c07-944f-455f-83d1-39904b12b03d"
                ],
                "source_groups": [
                  "/infra/domains/default/groups/3e0f8a95-ca20-4d06-891b-bcd644897234"
                ],
                "sources_excluded": false,
                "tag": []
              },
              {
                "action": "ALLOW",
                "description": "Allow communication from wld09-Database Server to External on UDP port 53",
                "destination_groups": [
                  "/infra/domains/default/groups/58a3c14e-dce9-4003-ab98-f146d6b2e3aa"
                ],
                "destinations_excluded": false,
                "direction": "IN_OUT",
                "disabled": false,
                "display_name": "wld09-Database Server to External [UDP-53]",
                "ip_version": "IPV4_IPV6",
                "log_label": "",
                "logged": true,
                "notes": "",
                "nsx_id": "aa33085f-e2b2-4107-98ee-5bf471e9a5b3",
                "profiles": null,
                "revision": 0,
                "rule_id": 5328,
                "scope": null,
                "sequence_number": 7,
                "services": [
                  "/infra/services/1a78a026-5a75-4300-9c46-1cce3c5c0a46"
                ],
                "source_groups": [
                  "/infra/domains/default/groups/67f0b5f7-cab1-4238-ae1f-43dd0361843a"
                ],
                "sources_excluded": false,
                "tag": []
              },
              {
                "action": "ALLOW",
                "description": "Allow communication from wld09-Web Server to wld09-Application Server on TCP port 8443",
                "destination_groups": [
                  "/infra/domains/default/groups/45b09343-0f76-4b1f-90e7-b060ece18cde"
                ],
                "destinations_excluded": false,
                "direction": "IN_OUT",
                "disabled": false,
                "display_name": "wld09-Web Server to wld09-Application Server [TCP-8443]",
                "ip_version": "IPV4_IPV6",
                "log_label": "",
                "logged": true,
                "notes": "",
                "nsx_id": "dde90f50-936f-4f21-b855-7502f490d6fc",
                "profiles": null,
                "revision": 0,
                "rule_id": 5329,
                "scope": null,
                "sequence_number": 8,
                "services": [
                  "/infra/services/18803c07-944f-455f-83d1-39904b12b03d"
                ],
                "source_groups": [
                  "/infra/domains/default/groups/3e0f8a95-ca20-4d06-891b-bcd644897234"
                ],
                "sources_excluded": false,
                "tag": []
              },
              {
                "action": "ALLOW",
                "description": "Allow communication from wld09-Web Server to External on UDP port 123",
                "destination_groups": [
                  "/infra/domains/default/groups/58a3c14e-dce9-4003-ab98-f146d6b2e3aa"
                ],
                "destinations_excluded": false,
                "direction": "IN_OUT",
                "disabled": false,
                "display_name": "wld09-Web Server to External [UDP-123]",
                "ip_version": "IPV4_IPV6",
                "log_label": "",
                "logged": true,
                "notes": "",
                "nsx_id": "9c4f508c-0995-4d95-81c7-7e8647f23871",
                "profiles": null,
                "revision": 0,
                "rule_id": 5330,
                "scope": null,
                "sequence_number": 9,
                "services": [
                  "/infra/services/477447de-eea6-45eb-bcbf-58debf6cf9a0"
                ],
                "source_groups": [
                  "/infra/domains/default/groups/3e0f8a95-ca20-4d06-891b-bcd644897234"
                ],
                "sources_excluded": false,
                "tag": []
              },
              {
                "action": "ALLOW",
                "description": "Allow communication from wld09-Application Server to External on UDP port 123",
                "destination_groups": [
                  "/infra/domains/default/groups/58a3c14e-dce9-4003-ab98-f146d6b2e3aa"
                ],
                "destinations_excluded": false,
                "direction": "IN_OUT",
                "disabled": false,
                "display_name": "wld09-Application Server to External [UDP-123]",
                "ip_version": "IPV4_IPV6",
                "log_label": "",
                "logged": true,
                "notes": "",
                "nsx_id": "27c56d2c-8c69-41d7-aa5c-13b0f25f6e22",
                "profiles": null,
                "revision": 0,
                "rule_id": 5331,
                "scope": null,
                "sequence_number": 10,
                "services": [
                  "/infra/services/477447de-eea6-45eb-bcbf-58debf6cf9a0"
                ],
                "source_groups": [
                  "/infra/domains/default/groups/45b09343-0f76-4b1f-90e7-b060ece18cde"
                ],
                "sources_excluded": false,
                "tag": []
              },
              {
                "action": "ALLOW",
                "description": "Allow communication from wld09-Web Server to External on UDP port 53",
                "destination_groups": [
                  "/infra/domains/default/groups/58a3c14e-dce9-4003-ab98-f146d6b2e3aa"
                ],
                "destinations_excluded": false,
                "direction": "IN_OUT",
                "disabled": false,
                "display_name": "wld09-Web Server to External [UDP-53]",
                "ip_version": "IPV4_IPV6",
                "log_label": "",
                "logged": true,
                "notes": "",
                "nsx_id": "bfb62267-e1da-4bfb-b467-50a157c720ac",
                "profiles": null,
                "revision": 0,
                "rule_id": 5332,
                "scope": null,
                "sequence_number": 11,
                "services": [
                  "/infra/services/1a78a026-5a75-4300-9c46-1cce3c5c0a46"
                ],
                "source_groups": [
                  "/infra/domains/default/groups/3e0f8a95-ca20-4d06-891b-bcd644897234"
                ],
                "sources_excluded": false,
                "tag": []
              },
              {
                "action": "ALLOW",
                "description": "Allow communication from wld09-Database Server to External on UDP port 123",
                "destination_groups": [
                  "/infra/domains/default/groups/58a3c14e-dce9-4003-ab98-f146d6b2e3aa"
                ],
                "destinations_excluded": false,
                "direction": "IN_OUT",
                "disabled": false,
                "display_name": "wld09-Database Server to External [UDP-123]",
                "ip_version": "IPV4_IPV6",
                "log_label": "",
                "logged": true,
                "notes": "",
                "nsx_id": "9bf1527e-c417-4b87-9560-4a704f85cc43",
                "profiles": null,
                "revision": 0,
                "rule_id": 5333,
                "scope": null,
                "sequence_number": 12,
                "services": [
                  "/infra/services/477447de-eea6-45eb-bcbf-58debf6cf9a0"
                ],
                "source_groups": [
                  "/infra/domains/default/groups/67f0b5f7-cab1-4238-ae1f-43dd0361843a"
                ],
                "sources_excluded": false,
                "tag": []
              },
              {
                "action": "ALLOW",
                "description": "Allow communication from External to wld09-Web Server on UDP port 50000-59999",
                "destination_groups": [
                  "/infra/domains/default/groups/3e0f8a95-ca20-4d06-891b-bcd644897234"
                ],
                "destinations_excluded": false,
                "direction": "IN_OUT",
                "disabled": false,
                "display_name": "External to wld09-Web Server [UDP-50000-59999]",
                "ip_version": "IPV4_IPV6",
                "log_label": "",
                "logged": true,
                "notes": "",
                "nsx_id": "443b631c-3135-4f2f-8fa2-dab6284e0da0",
                "profiles": null,
                "revision": 0,
                "rule_id": 5334,
                "scope": null,
                "sequence_number": 13,
                "services": [
                  "/infra/services/301aa18b-d37e-4305-897a-0b493533ca1d"
                ],
                "source_groups": [
                  "/infra/domains/default/groups/58a3c14e-dce9-4003-ab98-f146d6b2e3aa"
                ],
                "sources_excluded": false,
                "tag": []
              },
              {
                "action": "ALLOW",
                "description": "Allow communication from External to wld09-Web Server on TCP port 22",
                "destination_groups": [
                  "/infra/domains/default/groups/3e0f8a95-ca20-4d06-891b-bcd644897234"
                ],
                "destinations_excluded": false,
                "direction": "IN_OUT",
                "disabled": false,
                "display_name": "External to wld09-Web Server [TCP-22]",
                "ip_version": "IPV4_IPV6",
                "log_label": "",
                "logged": true,
                "notes": "",
                "nsx_id": "d83f5210-603c-495b-9547-04df6d55451a",
                "profiles": null,
                "revision": 0,
                "rule_id": 5335,
                "scope": null,
                "sequence_number": 14,
                "services": [
                  "/infra/services/b81ea857-d49e-47e9-aa7d-0d10cfcb0943"
                ],
                "source_groups": [
                  "/infra/domains/default/groups/58a3c14e-dce9-4003-ab98-f146d6b2e3aa"
                ],
                "sources_excluded": false,
                "tag": []
              },
              {
                "action": "ALLOW",
                "description": "Allow communication from External to wld09-Web Server on UDP port 40000-49999",
                "destination_groups": [
                  "/infra/domains/default/groups/3e0f8a95-ca20-4d06-891b-bcd644897234"
                ],
                "destinations_excluded": false,
                "direction": "IN_OUT",
                "disabled": false,
                "display_name": "External to wld09-Web Server [UDP-40000-49999]",
                "ip_version": "IPV4_IPV6",
                "log_label": "",
                "logged": true,
                "notes": "",
                "nsx_id": "ea5a5bed-8da5-4256-b688-e0ac016bca6d",
                "profiles": null,
                "revision": 0,
                "rule_id": 5336,
                "scope": null,
                "sequence_number": 15,
                "services": [
                  "/infra/services/5a2c8829-77a0-4dcd-b8d7-0839386af394"
                ],
                "source_groups": [
                  "/infra/domains/default/groups/58a3c14e-dce9-4003-ab98-f146d6b2e3aa"
                ],
                "sources_excluded": false,
                "tag": []
              },
              {
                "action": "ALLOW",
                "description": "Allow communication from wld09-Web Server to wld09-Application Server on TCP port 8443",
                "destination_groups": [
                  "/infra/domains/default/groups/45b09343-0f76-4b1f-90e7-b060ece18cde"
                ],
                "destinations_excluded": false,
                "direction": "IN_OUT",
                "disabled": false,
                "display_name": "wld09-Web Server to wld09-Application Server [TCP-8443]",
                "ip_version": "IPV4_IPV6",
                "log_label": "",
                "logged": true,
                "notes": "",
                "nsx_id": "a4409faa-c3da-4584-91ab-370f293758e0",
                "profiles": null,
                "revision": 0,
                "rule_id": 5337,
                "scope": null,
                "sequence_number": 16,
                "services": [
                  "/infra/services/18803c07-944f-455f-83d1-39904b12b03d"
                ],
                "source_groups": [
                  "/infra/domains/default/groups/3e0f8a95-ca20-4d06-891b-bcd644897234"
                ],
                "sources_excluded": false,
                "tag": []
              },
              {
                "action": "ALLOW",
                "description": "Allow communication from External to wld09-Web Server on UDP port 60000-65535",
                "destination_groups": [
                  "/infra/domains/default/groups/3e0f8a95-ca20-4d06-891b-bcd644897234"
                ],
                "destinations_excluded": false,
                "direction": "IN_OUT",
                "disabled": false,
                "display_name": "External to wld09-Web Server [UDP-60000-65535]",
                "ip_version": "IPV4_IPV6",
                "log_label": "",
                "logged": true,
                "notes": "",
                "nsx_id": "96666893-bf64-4e3b-a24d-9de3f5d4f615",
                "profiles": null,
                "revision": 0,
                "rule_id": 5338,
                "scope": null,
                "sequence_number": 17,
                "services": [
                  "/infra/services/a4197d3c-de4c-48b9-864b-461a5404f66b"
                ],
                "source_groups": [
                  "/infra/domains/default/groups/58a3c14e-dce9-4003-ab98-f146d6b2e3aa"
                ],
                "sources_excluded": false,
                "tag": []
              },
              {
                "action": "ALLOW",
                "description": "Allow communication from External to wld09-Web Server on UDP port 30000-39999",
                "destination_groups": [
                  "/infra/domains/default/groups/3e0f8a95-ca20-4d06-891b-bcd644897234"
                ],
                "destinations_excluded": false,
                "direction": "IN_OUT",
                "disabled": false,
                "display_name": "External to wld09-Web Server [UDP-30000-39999]",
                "ip_version": "IPV4_IPV6",
                "log_label": "",
                "logged": true,
                "notes": "",
                "nsx_id": "b053f924-c4e1-4ec6-b63c-3b189e0f020a",
                "profiles": null,
                "revision": 0,
                "rule_id": 5339,
                "scope": null,
                "sequence_number": 18,
                "services": [
                  "/infra/services/b9f8bea4-8426-4432-af1f-23cd81f6f514"
                ],
                "source_groups": [
                  "/infra/domains/default/groups/58a3c14e-dce9-4003-ab98-f146d6b2e3aa"
                ],
                "sources_excluded": false,
                "tag": []
              },
              {
                "action": "ALLOW",
                "description": "Allow communication from wld09-Application Server to External on TCP port 443",
                "destination_groups": [
                  "/infra/domains/default/groups/58a3c14e-dce9-4003-ab98-f146d6b2e3aa"
                ],
                "destinations_excluded": false,
                "direction": "IN_OUT",
                "disabled": false,
                "display_name": "wld09-Application Server to External [TCP-443]",
                "ip_version": "IPV4_IPV6",
                "log_label": "",
                "logged": true,
                "notes": "",
                "nsx_id": "6b1f0736-1a4c-447b-9dec-231554ebab1c",
                "profiles": null,
                "revision": 0,
                "rule_id": 5340,
                "scope": null,
                "sequence_number": 19,
                "services": [
                  "/infra/services/289b0aa1-7ce1-41dc-95fa-4f82cd1532e1"
                ],
                "source_groups": [
                  "/infra/domains/default/groups/45b09343-0f76-4b1f-90e7-b060ece18cde"
                ],
                "sources_excluded": false,
                "tag": []
              },
              {
                "action": "ALLOW",
                "description": "Allow communication from External to wld09-Web Server on TCP port 443",
                "destination_groups": [
                  "/infra/domains/default/groups/3e0f8a95-ca20-4d06-891b-bcd644897234"
                ],
                "destinations_excluded": false,
                "direction": "IN_OUT",
                "disabled": false,
                "display_name": "External to wld09-Web Server [TCP-443]",
                "ip_version": "IPV4_IPV6",
                "log_label": "",
                "logged": true,
                "notes": "",
                "nsx_id": "13833ed6-4022-4238-ac36-0b3c338ec52c",
                "profiles": null,
                "revision": 0,
                "rule_id": 5341,
                "scope": null,
                "sequence_number": 20,
                "services": [
                  "/infra/services/289b0aa1-7ce1-41dc-95fa-4f82cd1532e1"
                ],
                "source_groups": [
                  "/infra/domains/default/groups/58a3c14e-dce9-4003-ab98-f146d6b2e3aa"
                ],
                "sources_excluded": false,
                "tag": []
              },
              {
                "action": "ALLOW",
                "description": "Allow communication from External to wld09-Database Server on UDP port 30000-39999",
                "destination_groups": [
                  "/infra/domains/default/groups/67f0b5f7-cab1-4238-ae1f-43dd0361843a"
                ],
                "destinations_excluded": false,
                "direction": "IN_OUT",
                "disabled": false,
                "display_name": "External to wld09-Database Server [UDP-30000-39999]",
                "ip_version": "IPV4_IPV6",
                "log_label": "",
                "logged": true,
                "notes": "",
                "nsx_id": "40c1f436-3910-4ced-ad77-de66dcbc7f7d",
                "profiles": null,
                "revision": 0,
                "rule_id": 5342,
                "scope": null,
                "sequence_number": 21,
                "services": [
                  "/infra/services/b9f8bea4-8426-4432-af1f-23cd81f6f514"
                ],
                "source_groups": [
                  "/infra/domains/default/groups/58a3c14e-dce9-4003-ab98-f146d6b2e3aa"
                ],
                "sources_excluded": false,
                "tag": []
              },
              {
                "action": "ALLOW",
                "description": "Allow communication from External to wld09-Database Server on UDP port 50000-59999",
                "destination_groups": [
                  "/infra/domains/default/groups/67f0b5f7-cab1-4238-ae1f-43dd0361843a"
                ],
                "destinations_excluded": false,
                "direction": "IN_OUT",
                "disabled": false,
                "display_name": "External to wld09-Database Server [UDP-50000-59999]",
                "ip_version": "IPV4_IPV6",
                "log_label": "",
                "logged": true,
                "notes": "",
                "nsx_id": "14fa0c2c-8d69-4425-b2df-c3ed281c4a6e",
                "profiles": null,
                "revision": 0,
                "rule_id": 5343,
                "scope": null,
                "sequence_number": 22,
                "services": [
                  "/infra/services/301aa18b-d37e-4305-897a-0b493533ca1d"
                ],
                "source_groups": [
                  "/infra/domains/default/groups/58a3c14e-dce9-4003-ab98-f146d6b2e3aa"
                ],
                "sources_excluded": false,
                "tag": []
              },
              {
                "action": "ALLOW",
                "description": "Allow communication from wld09-Application Server to External on UDP port 123",
                "destination_groups": [
                  "/infra/domains/default/groups/58a3c14e-dce9-4003-ab98-f146d6b2e3aa"
                ],
                "destinations_excluded": false,
                "direction": "IN_OUT",
                "disabled": false,
                "display_name": "wld09-Application Server to External [UDP-123]",
                "ip_version": "IPV4_IPV6",
                "log_label": "",
                "logged": true,
                "notes": "",
                "nsx_id": "7c26d687-9eb5-48bb-994c-effa20bd7408",
                "profiles": null,
                "revision": 0,
                "rule_id": 5344,
                "scope": null,
                "sequence_number": 23,
                "services": [
                  "/infra/services/477447de-eea6-45eb-bcbf-58debf6cf9a0"
                ],
                "source_groups": [
                  "/infra/domains/default/groups/45b09343-0f76-4b1f-90e7-b060ece18cde"
                ],
                "sources_excluded": false,
                "tag": []
              },
              {
                "action": "ALLOW",
                "description": "Allow communication from External to wld09-Web Server on TCP port 22",
                "destination_groups": [
                  "/infra/domains/default/groups/3e0f8a95-ca20-4d06-891b-bcd644897234"
                ],
                "destinations_excluded": false,
                "direction": "IN_OUT",
                "disabled": false,
                "display_name": "External to wld09-Web Server [TCP-22]",
                "ip_version": "IPV4_IPV6",
                "log_label": "",
                "logged": true,
                "notes": "",
                "nsx_id": "c3c11ea3-33ea-4cda-82a9-3ffaf9c3912c",
                "profiles": null,
                "revision": 0,
                "rule_id": 5345,
                "scope": null,
                "sequence_number": 24,
                "services": [
                  "/infra/services/b81ea857-d49e-47e9-aa7d-0d10cfcb0943"
                ],
                "source_groups": [
                  "/infra/domains/default/groups/58a3c14e-dce9-4003-ab98-f146d6b2e3aa"
                ],
                "sources_excluded": false,
                "tag": []
              },
              {
                "action": "ALLOW",
                "description": "Allow communication from External to wld09-Application Server on UDP port 50000-59999",
                "destination_groups": [
                  "/infra/domains/default/groups/45b09343-0f76-4b1f-90e7-b060ece18cde"
                ],
                "destinations_excluded": false,
                "direction": "IN_OUT",
                "disabled": false,
                "display_name": "External to wld09-Application Server [UDP-50000-59999]",
                "ip_version": "IPV4_IPV6",
                "log_label": "",
                "logged": true,
                "notes": "",
                "nsx_id": "0febb543-735d-4b8e-8c79-1aa5c6d561aa",
                "profiles": null,
                "revision": 0,
                "rule_id": 5346,
                "scope": null,
                "sequence_number": 25,
                "services": [
                  "/infra/services/301aa18b-d37e-4305-897a-0b493533ca1d"
                ],
                "source_groups": [
                  "/infra/domains/default/groups/58a3c14e-dce9-4003-ab98-f146d6b2e3aa"
                ],
                "sources_excluded": false,
                "tag": []
              },
              {
                "action": "ALLOW",
                "description": "Allow communication from wld09-Application Server to wld09-Database Server on TCP port 3306",
                "destination_groups": [
                  "/infra/domains/default/groups/67f0b5f7-cab1-4238-ae1f-43dd0361843a"
                ],
                "destinations_excluded": false,
                "direction": "IN_OUT",
                "disabled": false,
                "display_name": "wld09-Application Server to wld09-Database Server [TCP-3306]",
                "ip_version": "IPV4_IPV6",
                "log_label": "",
                "logged": true,
                "notes": "",
                "nsx_id": "915b93cb-7c77-4019-b3ac-b6a344437a11",
                "profiles": null,
                "revision": 0,
                "rule_id": 5347,
                "scope": null,
                "sequence_number": 26,
                "services": [
                  "/infra/services/668461fe-bc31-4bec-8ebc-dab1a25a4800"
                ],
                "source_groups": [
                  "/infra/domains/default/groups/45b09343-0f76-4b1f-90e7-b060ece18cde"
                ],
                "sources_excluded": false,
                "tag": []
              },
              {
                "action": "ALLOW",
                "description": "Allow communication from External to wld09-Web Server on TCP port 22",
                "destination_groups": [
                  "/infra/domains/default/groups/3e0f8a95-ca20-4d06-891b-bcd644897234"
                ],
                "destinations_excluded": false,
                "direction": "IN_OUT",
                "disabled": false,
                "display_name": "External to wld09-Web Server [TCP-22]",
                "ip_version": "IPV4_IPV6",
                "log_label": "",
                "logged": true,
                "notes": "",
                "nsx_id": "8028b7af-359e-468d-89d5-05cca79ab887",
                "profiles": null,
                "revision": 0,
                "rule_id": 5348,
                "scope": null,
                "sequence_number": 27,
                "services": [
                  "/infra/services/b81ea857-d49e-47e9-aa7d-0d10cfcb0943"
                ],
                "source_groups": [
                  "/infra/domains/default/groups/58a3c14e-dce9-4003-ab98-f146d6b2e3aa"
                ],
                "sources_excluded": false,
                "tag": []
              },
              {
                "action": "ALLOW",
                "description": "Allow communication from wld09-Web Server to wld09-Application Server on TCP port 8443",
                "destination_groups": [
                  "/infra/domains/default/groups/45b09343-0f76-4b1f-90e7-b060ece18cde"
                ],
                "destinations_excluded": false,
                "direction": "IN_OUT",
                "disabled": false,
                "display_name": "wld09-Web Server to wld09-Application Server [TCP-8443]",
                "ip_version": "IPV4_IPV6",
                "log_label": "",
                "logged": true,
                "notes": "",
                "nsx_id": "196fbcf7-8365-4198-a9b3-f74113b6d6f5",
                "profiles": null,
                "revision": 0,
                "rule_id": 5349,
                "scope": null,
                "sequence_number": 28,
                "services": [
                  "/infra/services/18803c07-944f-455f-83d1-39904b12b03d"
                ],
                "source_groups": [
                  "/infra/domains/default/groups/3e0f8a95-ca20-4d06-891b-bcd644897234"
                ],
                "sources_excluded": false,
                "tag": []
              },
              {
                "action": "ALLOW",
                "description": "Allow communication from wld09-Web Server to External on UDP port 123",
                "destination_groups": [
                  "/infra/domains/default/groups/58a3c14e-dce9-4003-ab98-f146d6b2e3aa"
                ],
                "destinations_excluded": false,
                "direction": "IN_OUT",
                "disabled": false,
                "display_name": "wld09-Web Server to External [UDP-123]",
                "ip_version": "IPV4_IPV6",
                "log_label": "",
                "logged": true,
                "notes": "",
                "nsx_id": "88c60e5f-411c-40a9-ae01-8ffd7ac7d434",
                "profiles": null,
                "revision": 0,
                "rule_id": 5350,
                "scope": null,
                "sequence_number": 29,
                "services": [
                  "/infra/services/477447de-eea6-45eb-bcbf-58debf6cf9a0"
                ],
                "source_groups": [
                  "/infra/domains/default/groups/3e0f8a95-ca20-4d06-891b-bcd644897234"
                ],
                "sources_excluded": false,
                "tag": []
              },
              {
                "action": "ALLOW",
                "description": "Allow communication from External to wld09-Web Server on TCP port 22",
                "destination_groups": [
                  "/infra/domains/default/groups/3e0f8a95-ca20-4d06-891b-bcd644897234"
                ],
                "destinations_excluded": false,
                "direction": "IN_OUT",
                "disabled": false,
                "display_name": "External to wld09-Web Server [TCP-22]",
                "ip_version": "IPV4_IPV6",
                "log_label": "",
                "logged": true,
                "notes": "",
                "nsx_id": "60c789d5-ec84-47fa-aed3-c516769abb5c",
                "profiles": null,
                "revision": 0,
                "rule_id": 5351,
                "scope": null,
                "sequence_number": 30,
                "services": [
                  "/infra/services/b81ea857-d49e-47e9-aa7d-0d10cfcb0943"
                ],
                "source_groups": [
                  "/infra/domains/default/groups/58a3c14e-dce9-4003-ab98-f146d6b2e3aa"
                ],
                "sources_excluded": false,
                "tag": []
              },
              {
                "action": "ALLOW",
                "description": "Allow communication from External to wld09-Database Server on TCP port 22",
                "destination_groups": [
                  "/infra/domains/default/groups/67f0b5f7-cab1-4238-ae1f-43dd0361843a"
                ],
                "destinations_excluded": false,
                "direction": "IN_OUT",
                "disabled": false,
                "display_name": "External to wld09-Database Server [TCP-22]",
                "ip_version": "IPV4_IPV6",
                "log_label": "",
                "logged": true,
                "notes": "",
                "nsx_id": "1452fd69-b229-4247-9e6d-2ad694c91ddc",
                "profiles": null,
                "revision": 0,
                "rule_id": 5352,
                "scope": null,
                "sequence_number": 31,
                "services": [
                  "/infra/services/b81ea857-d49e-47e9-aa7d-0d10cfcb0943"
                ],
                "source_groups": [
                  "/infra/domains/default/groups/58a3c14e-dce9-4003-ab98-f146d6b2e3aa"
                ],
                "sources_excluded": false,
                "tag": []
              },
              {
                "action": "ALLOW",
                "description": "Allow communication from wld09-Web Server to wld09-Application Server on TCP port 8443",
                "destination_groups": [
                  "/infra/domains/default/groups/45b09343-0f76-4b1f-90e7-b060ece18cde"
                ],
                "destinations_excluded": false,
                "direction": "IN_OUT",
                "disabled": false,
                "display_name": "wld09-Web Server to wld09-Application Server [TCP-8443]",
                "ip_version": "IPV4_IPV6",
                "log_label": "",
                "logged": true,
                "notes": "",
                "nsx_id": "b0d348b6-b819-452b-9bca-c37a2ad0ad91",
                "profiles": null,
                "revision": 0,
                "rule_id": 5353,
                "scope": null,
                "sequence_number": 32,
                "services": [
                  "/infra/services/18803c07-944f-455f-83d1-39904b12b03d"
                ],
                "source_groups": [
                  "/infra/domains/default/groups/3e0f8a95-ca20-4d06-891b-bcd644897234"
                ],
                "sources_excluded": false,
                "tag": []
              },
              {
                "action": "ALLOW",
                "description": "Allow communication from External to External on UDP port 53",
                "destination_groups": [
                  "/infra/domains/default/groups/58a3c14e-dce9-4003-ab98-f146d6b2e3aa"
                ],
                "destinations_excluded": false,
                "direction": "IN_OUT",
                "disabled": false,
                "display_name": "External to External [UDP-53]",
                "ip_version": "IPV4_IPV6",
                "log_label": "",
                "logged": true,
                "notes": "",
                "nsx_id": "7debcdbb-e947-47fb-9965-34df9c4db1a2",
                "profiles": null,
                "revision": 0,
                "rule_id": 5354,
                "scope": null,
                "sequence_number": 33,
                "services": [
                  "/infra/services/1a78a026-5a75-4300-9c46-1cce3c5c0a46"
                ],
                "source_groups": [
                  "/infra/domains/default/groups/58a3c14e-dce9-4003-ab98-f146d6b2e3aa"
                ],
                "sources_excluded": false,
                "tag": []
              },
              {
                "action": "ALLOW",
                "description": "Allow communication from wld09-Application Server to External on UDP port 123",
                "destination_groups": [
                  "/infra/domains/default/groups/58a3c14e-dce9-4003-ab98-f146d6b2e3aa"
                ],
                "destinations_excluded": false,
                "direction": "IN_OUT",
                "disabled": false,
                "display_name": "wld09-Application Server to External [UDP-123]",
                "ip_version": "IPV4_IPV6",
                "log_label": "",
                "logged": true,
                "notes": "",
                "nsx_id": "ad3f62c1-4212-4d81-ad28-a7cb9d9557ac",
                "profiles": null,
                "revision": 0,
                "rule_id": 5355,
                "scope": null,
                "sequence_number": 34,
                "services": [
                  "/infra/services/477447de-eea6-45eb-bcbf-58debf6cf9a0"
                ],
                "source_groups": [
                  "/infra/domains/default/groups/45b09343-0f76-4b1f-90e7-b060ece18cde"
                ],
                "sources_excluded": false,
                "tag": []
              },
              {
                "action": "ALLOW",
                "description": "Allow communication from wld09-Web Server to External on UDP port 123",
                "destination_groups": [
                  "/infra/domains/default/groups/58a3c14e-dce9-4003-ab98-f146d6b2e3aa"
                ],
                "destinations_excluded": false,
                "direction": "IN_OUT",
                "disabled": false,
                "display_name": "wld09-Web Server to External [UDP-123]",
                "ip_version": "IPV4_IPV6",
                "log_label": "",
                "logged": true,
                "notes": "",
                "nsx_id": "8bb19db1-b7e7-4aa1-a36b-16895d20c81a",
                "profiles": null,
                "revision": 0,
                "rule_id": 5356,
                "scope": null,
                "sequence_number": 35,
                "services": [
                  "/infra/services/477447de-eea6-45eb-bcbf-58debf6cf9a0"
                ],
                "source_groups": [
                  "/infra/domains/default/groups/3e0f8a95-ca20-4d06-891b-bcd644897234"
                ],
                "sources_excluded": false,
                "tag": []
              },
              {
                "action": "ALLOW",
                "description": "Allow communication from wld09-Web Server to External on UDP port 53",
                "destination_groups": [
                  "/infra/domains/default/groups/58a3c14e-dce9-4003-ab98-f146d6b2e3aa"
                ],
                "destinations_excluded": false,
                "direction": "IN_OUT",
                "disabled": false,
                "display_name": "wld09-Web Server to External [UDP-53]",
                "ip_version": "IPV4_IPV6",
                "log_label": "",
                "logged": true,
                "notes": "",
                "nsx_id": "80644506-5793-488c-ae13-f631493cf325",
                "profiles": null,
                "revision": 0,
                "rule_id": 5357,
                "scope": null,
                "sequence_number": 36,
                "services": [
                  "/infra/services/1a78a026-5a75-4300-9c46-1cce3c5c0a46"
                ],
                "source_groups": [
                  "/infra/domains/default/groups/3e0f8a95-ca20-4d06-891b-bcd644897234"
                ],
                "sources_excluded": false,
                "tag": []
              },
              {
                "action": "ALLOW",
                "description": "Allow communication from wld09-Web Server to External on UDP port 53",
                "destination_groups": [
                  "/infra/domains/default/groups/58a3c14e-dce9-4003-ab98-f146d6b2e3aa"
                ],
                "destinations_excluded": false,
                "direction": "IN_OUT",
                "disabled": false,
                "display_name": "wld09-Web Server to External [UDP-53]",
                "ip_version": "IPV4_IPV6",
                "log_label": "",
                "logged": true,
                "notes": "",
                "nsx_id": "3769f98b-84fc-4726-8474-02c42ef4fe5b",
                "profiles": null,
                "revision": 0,
                "rule_id": 5358,
                "scope": null,
                "sequence_number": 37,
                "services": [
                  "/infra/services/1a78a026-5a75-4300-9c46-1cce3c5c0a46"
                ],
                "source_groups": [
                  "/infra/domains/default/groups/3e0f8a95-ca20-4d06-891b-bcd644897234"
                ],
                "sources_excluded": false,
                "tag": []
              },
              {
                "action": "ALLOW",
                "description": "Allow communication from wld09-Database Server to External on UDP port 123",
                "destination_groups": [
                  "/infra/domains/default/groups/58a3c14e-dce9-4003-ab98-f146d6b2e3aa"
                ],
                "destinations_excluded": false,
                "direction": "IN_OUT",
                "disabled": false,
                "display_name": "wld09-Database Server to External [UDP-123]",
                "ip_version": "IPV4_IPV6",
                "log_label": "",
                "logged": true,
                "notes": "",
                "nsx_id": "aa3a8bc9-bf74-4018-89a5-159b6da15abc",
                "profiles": null,
                "revision": 0,
                "rule_id": 5359,
                "scope": null,
                "sequence_number": 38,
                "services": [
                  "/infra/services/477447de-eea6-45eb-bcbf-58debf6cf9a0"
                ],
                "source_groups": [
                  "/infra/domains/default/groups/67f0b5f7-cab1-4238-ae1f-43dd0361843a"
                ],
                "sources_excluded": false,
                "tag": []
              },
              {
                "action": "ALLOW",
                "description": "Allow communication from wld09-Web Server to wld09-Application Server on TCP port 8443",
                "destination_groups": [
                  "/infra/domains/default/groups/45b09343-0f76-4b1f-90e7-b060ece18cde"
                ],
                "destinations_excluded": false,
                "direction": "IN_OUT",
                "disabled": false,
                "display_name": "wld09-Web Server to wld09-Application Server [TCP-8443]",
                "ip_version": "IPV4_IPV6",
                "log_label": "",
                "logged": true,
                "notes": "",
                "nsx_id": "94d9cfea-9d0a-4203-af01-3709944c1dda",
                "profiles": null,
                "revision": 0,
                "rule_id": 5360,
                "scope": null,
                "sequence_number": 39,
                "services": [
                  "/infra/services/18803c07-944f-455f-83d1-39904b12b03d"
                ],
                "source_groups": [
                  "/infra/domains/default/groups/3e0f8a95-ca20-4d06-891b-bcd644897234"
                ],
                "sources_excluded": false,
                "tag": []
              },
              {
                "action": "ALLOW",
                "description": "Allow communication from wld09-Web Server to External on UDP port 123",
                "destination_groups": [
                  "/infra/domains/default/groups/58a3c14e-dce9-4003-ab98-f146d6b2e3aa"
                ],
                "destinations_excluded": false,
                "direction": "IN_OUT",
                "disabled": false,
                "display_name": "wld09-Web Server to External [UDP-123]",
                "ip_version": "IPV4_IPV6",
                "log_label": "",
                "logged": true,
                "notes": "",
                "nsx_id": "b95398e3-62f0-4fb7-a967-98ac46d49a5d",
                "profiles": null,
                "revision": 0,
                "rule_id": 5361,
                "scope": null,
                "sequence_number": 40,
                "services": [
                  "/infra/services/477447de-eea6-45eb-bcbf-58debf6cf9a0"
                ],
                "source_groups": [
                  "/infra/domains/default/groups/3e0f8a95-ca20-4d06-891b-bcd644897234"
                ],
                "sources_excluded": false,
                "tag": []
              },
              {
                "action": "ALLOW",
                "description": "Allow communication from wld09-Application Server to External on UDP port 123",
                "destination_groups": [
                  "/infra/domains/default/groups/58a3c14e-dce9-4003-ab98-f146d6b2e3aa"
                ],
                "destinations_excluded": false,
                "direction": "IN_OUT",
                "disabled": false,
                "display_name": "wld09-Application Server to External [UDP-123]",
                "ip_version": "IPV4_IPV6",
                "log_label": "",
                "logged": true,
                "notes": "",
                "nsx_id": "2bbeed27-d806-4be5-bbc2-bd44fc8faac1",
                "profiles": null,
                "revision": 0,
                "rule_id": 5362,
                "scope": null,
                "sequence_number": 41,
                "services": [
                  "/infra/services/477447de-eea6-45eb-bcbf-58debf6cf9a0"
                ],
                "source_groups": [
                  "/infra/domains/default/groups/45b09343-0f76-4b1f-90e7-b060ece18cde"
                ],
                "sources_excluded": false,
                "tag": []
              },
              {
                "action": "ALLOW",
                "description": "Allow communication from External to wld09-Application Server on TCP port 22",
                "destination_groups": [
                  "/infra/domains/default/groups/45b09343-0f76-4b1f-90e7-b060ece18cde"
                ],
                "destinations_excluded": false,
                "direction": "IN_OUT",
                "disabled": false,
                "display_name": "External to wld09-Application Server [TCP-22]",
                "ip_version": "IPV4_IPV6",
                "log_label": "",
                "logged": true,
                "notes": "",
                "nsx_id": "7246338a-e8e5-493e-80dc-5aedab51b2ae",
                "profiles": null,
                "revision": 0,
                "rule_id": 5363,
                "scope": null,
                "sequence_number": 42,
                "services": [
                  "/infra/services/b81ea857-d49e-47e9-aa7d-0d10cfcb0943"
                ],
                "source_groups": [
                  "/infra/domains/default/groups/58a3c14e-dce9-4003-ab98-f146d6b2e3aa"
                ],
                "sources_excluded": false,
                "tag": []
              },
              {
                "action": "ALLOW",
                "description": "Allow communication from wld09-Web Server to External on UDP port 123",
                "destination_groups": [
                  "/infra/domains/default/groups/58a3c14e-dce9-4003-ab98-f146d6b2e3aa"
                ],
                "destinations_excluded": false,
                "direction": "IN_OUT",
                "disabled": false,
                "display_name": "wld09-Web Server to External [UDP-123]",
                "ip_version": "IPV4_IPV6",
                "log_label": "",
                "logged": true,
                "notes": "",
                "nsx_id": "fbd3e9c8-2e29-42b6-b011-cdd205f52e3e",
                "profiles": null,
                "revision": 0,
                "rule_id": 5364,
                "scope": null,
                "sequence_number": 43,
                "services": [
                  "/infra/services/477447de-eea6-45eb-bcbf-58debf6cf9a0"
                ],
                "source_groups": [
                  "/infra/domains/default/groups/3e0f8a95-ca20-4d06-891b-bcd644897234"
                ],
                "sources_excluded": false,
                "tag": []
              },
              {
                "action": "ALLOW",
                "description": "Allow communication from External to wld09-Web Server on TCP port 443",
                "destination_groups": [
                  "/infra/domains/default/groups/3e0f8a95-ca20-4d06-891b-bcd644897234"
                ],
                "destinations_excluded": false,
                "direction": "IN_OUT",
                "disabled": false,
                "display_name": "External to wld09-Web Server [TCP-443]",
                "ip_version": "IPV4_IPV6",
                "log_label": "",
                "logged": true,
                "notes": "",
                "nsx_id": "cf14c304-1086-4f5c-a12a-a4bc7666a93b",
                "profiles": null,
                "revision": 0,
                "rule_id": 5365,
                "scope": null,
                "sequence_number": 44,
                "services": [
                  "/infra/services/289b0aa1-7ce1-41dc-95fa-4f82cd1532e1"
                ],
                "source_groups": [
                  "/infra/domains/default/groups/58a3c14e-dce9-4003-ab98-f146d6b2e3aa"
                ],
                "sources_excluded": false,
                "tag": []
              },
              {
                "action": "ALLOW",
                "description": "Allow communication from wld09-Database Server to External on TCP port 443",
                "destination_groups": [
                  "/infra/domains/default/groups/58a3c14e-dce9-4003-ab98-f146d6b2e3aa"
                ],
                "destinations_excluded": false,
                "direction": "IN_OUT",
                "disabled": false,
                "display_name": "wld09-Database Server to External [TCP-443]",
                "ip_version": "IPV4_IPV6",
                "log_label": "",
                "logged": true,
                "notes": "",
                "nsx_id": "6f610f87-fc4f-4968-a16d-b317efeed47a",
                "profiles": null,
                "revision": 0,
                "rule_id": 5366,
                "scope": null,
                "sequence_number": 45,
                "services": [
                  "/infra/services/289b0aa1-7ce1-41dc-95fa-4f82cd1532e1"
                ],
                "source_groups": [
                  "/infra/domains/default/groups/67f0b5f7-cab1-4238-ae1f-43dd0361843a"
                ],
                "sources_excluded": false,
                "tag": []
              },
              {
                "action": "ALLOW",
                "description": "Allow communication from wld09-Web Server to External on UDP port 123",
                "destination_groups": [
                  "/infra/domains/default/groups/58a3c14e-dce9-4003-ab98-f146d6b2e3aa"
                ],
                "destinations_excluded": false,
                "direction": "IN_OUT",
                "disabled": false,
                "display_name": "wld09-Web Server to External [UDP-123]",
                "ip_version": "IPV4_IPV6",
                "log_label": "",
                "logged": true,
                "notes": "",
                "nsx_id": "71339d06-3cbc-4e5d-8859-8445d635defd",
                "profiles": null,
                "revision": 0,
                "rule_id": 5367,
                "scope": null,
                "sequence_number": 46,
                "services": [
                  "/infra/services/477447de-eea6-45eb-bcbf-58debf6cf9a0"
                ],
                "source_groups": [
                  "/infra/domains/default/groups/3e0f8a95-ca20-4d06-891b-bcd644897234"
                ],
                "sources_excluded": false,
                "tag": []
              },
              {
                "action": "ALLOW",
                "description": "Allow communication from External to wld09-Web Server on UDP port 40000-49999",
                "destination_groups": [
                  "/infra/domains/default/groups/3e0f8a95-ca20-4d06-891b-bcd644897234"
                ],
                "destinations_excluded": false,
                "direction": "IN_OUT",
                "disabled": false,
                "display_name": "External to wld09-Web Server [UDP-40000-49999]",
                "ip_version": "IPV4_IPV6",
                "log_label": "",
                "logged": true,
                "notes": "",
                "nsx_id": "b1dd2d87-dd4d-4516-b5ee-11a4a4faf1f1",
                "profiles": null,
                "revision": 0,
                "rule_id": 5368,
                "scope": null,
                "sequence_number": 47,
                "services": [
                  "/infra/services/5a2c8829-77a0-4dcd-b8d7-0839386af394"
                ],
                "source_groups": [
                  "/infra/domains/default/groups/58a3c14e-dce9-4003-ab98-f146d6b2e3aa"
                ],
                "sources_excluded": false,
                "tag": []
              },
              {
                "action": "ALLOW",
                "description": "Allow communication from External to wld09-Web Server on TCP port 443",
                "destination_groups": [
                  "/infra/domains/default/groups/3e0f8a95-ca20-4d06-891b-bcd644897234"
                ],
                "destinations_excluded": false,
                "direction": "IN_OUT",
                "disabled": false,
                "display_name": "External to wld09-Web Server [TCP-443]",
                "ip_version": "IPV4_IPV6",
                "log_label": "",
                "logged": true,
                "notes": "",
                "nsx_id": "29def552-7467-4e06-97e4-4f5280ca2480",
                "profiles": null,
                "revision": 0,
                "rule_id": 5369,
                "scope": null,
                "sequence_number": 48,
                "services": [
                  "/infra/services/289b0aa1-7ce1-41dc-95fa-4f82cd1532e1"
                ],
                "source_groups": [
                  "/infra/domains/default/groups/58a3c14e-dce9-4003-ab98-f146d6b2e3aa"
                ],
                "sources_excluded": false,
                "tag": []
              },
              {
                "action": "ALLOW",
                "description": "Allow communication from External to wld09-Web Server on TCP port 443",
                "destination_groups": [
                  "/infra/domains/default/groups/3e0f8a95-ca20-4d06-891b-bcd644897234"
                ],
                "destinations_excluded": false,
                "direction": "IN_OUT",
                "disabled": false,
                "display_name": "External to wld09-Web Server [TCP-443]",
                "ip_version": "IPV4_IPV6",
                "log_label": "",
                "logged": true,
                "notes": "",
                "nsx_id": "f65643c0-0b90-431c-a95e-416a920f9550",
                "profiles": null,
                "revision": 0,
                "rule_id": 5370,
                "scope": null,
                "sequence_number": 49,
                "services": [
                  "/infra/services/289b0aa1-7ce1-41dc-95fa-4f82cd1532e1"
                ],
                "source_groups": [
                  "/infra/domains/default/groups/58a3c14e-dce9-4003-ab98-f146d6b2e3aa"
                ],
                "sources_excluded": false,
                "tag": []
              },
              {
                "action": "ALLOW",
                "description": "Allow communication from wld09-Web Server to External on UDP port 123",
                "destination_groups": [
                  "/infra/domains/default/groups/58a3c14e-dce9-4003-ab98-f146d6b2e3aa"
                ],
                "destinations_excluded": false,
                "direction": "IN_OUT",
                "disabled": false,
                "display_name": "wld09-Web Server to External [UDP-123]",
                "ip_version": "IPV4_IPV6",
                "log_label": "",
                "logged": true,
                "notes": "",
                "nsx_id": "92c0d16c-85ab-4d3b-81c9-2b376346894e",
                "profiles": null,
                "revision": 0,
                "rule_id": 5371,
                "scope": null,
                "sequence_number": 50,
                "services": [
                  "/infra/services/477447de-eea6-45eb-bcbf-58debf6cf9a0"
                ],
                "source_groups": [
                  "/infra/domains/default/groups/3e0f8a95-ca20-4d06-891b-bcd644897234"
                ],
                "sources_excluded": false,
                "tag": []
              },
              {
                "action": "ALLOW",
                "description": "Allow communication from wld09-Web Server to External on TCP port 443",
                "destination_groups": [
                  "/infra/domains/default/groups/58a3c14e-dce9-4003-ab98-f146d6b2e3aa"
                ],
                "destinations_excluded": false,
                "direction": "IN_OUT",
                "disabled": false,
                "display_name": "wld09-Web Server to External [TCP-443]",
                "ip_version": "IPV4_IPV6",
                "log_label": "",
                "logged": true,
                "notes": "",
                "nsx_id": "95dd422c-367c-4243-9adb-0c86816516bc",
                "profiles": null,
                "revision": 0,
                "rule_id": 5372,
                "scope": null,
                "sequence_number": 51,
                "services": [
                  "/infra/services/289b0aa1-7ce1-41dc-95fa-4f82cd1532e1"
                ],
                "source_groups": [
                  "/infra/domains/default/groups/3e0f8a95-ca20-4d06-891b-bcd644897234"
                ],
                "sources_excluded": false,
                "tag": []
              },
              {
                "action": "ALLOW",
                "description": "Allow communication from wld09-Application Server to wld09-Database Server on TCP port 3306",
                "destination_groups": [
                  "/infra/domains/default/groups/67f0b5f7-cab1-4238-ae1f-43dd0361843a"
                ],
                "destinations_excluded": false,
                "direction": "IN_OUT",
                "disabled": false,
                "display_name": "wld09-Application Server to wld09-Database Server [TCP-3306]",
                "ip_version": "IPV4_IPV6",
                "log_label": "",
                "logged": true,
                "notes": "",
                "nsx_id": "6dc8409e-ca38-4d52-ac7d-8aec228e966b",
                "profiles": null,
                "revision": 0,
                "rule_id": 5373,
                "scope": null,
                "sequence_number": 52,
                "services": [
                  "/infra/services/668461fe-bc31-4bec-8ebc-dab1a25a4800"
                ],
                "source_groups": [
                  "/infra/domains/default/groups/45b09343-0f76-4b1f-90e7-b060ece18cde"
                ],
                "sources_excluded": false,
                "tag": []
              },
              {
                "action": "DROP",
                "description": "Deny all other traffic between applications",
                "destination_groups": null,
                "destinations_excluded": false,
                "direction": "IN_OUT",
                "disabled": false,
                "display_name": "Deny All Other Application Traffic",
                "ip_version": "IPV4_IPV6",
                "log_label": "",
                "logged": true,
                "notes": "",
                "nsx_id": "e86d9c64-4bb9-4e69-9a83-79b17e7de36e",
                "profiles": null,
                "revision": 0,
                "rule_id": 5374,
                "scope": null,
                "sequence_number": 53,
                "services": null,
                "source_groups": null,
                "sources_excluded": false,
                "tag": []
              }
            ],
            "scope": null,
            "sequence_number": 8,
            "stateful": true,
            "tag": [],
            "tcp_strict": false
          },
          "sensitive_attributes": [],
          "private": "bnVsbA==",
          "dependencies": [
            "nsxt_policy_group.app_groups",
            "nsxt_policy_group.environment_groups",
            "nsxt_policy_service.services"
          ],
          "create_before_destroy": true
        }
      ]
    },
    {
      "mode": "managed",
      "type": "nsxt_policy_security_policy",
      "name": "environment_isolation",
      "provider": "provider[\"registry.terraform.io/vmware/nsxt\"]",
      "instances": [
        {
          "schema_version": 0,
          "attributes": {
            "category": "Environment",
            "comments": "",
            "context": [],
            "description": "Security policy to isolate environments based on allowed_communications",
            "display_name": "Environment Isolation Policy",
            "domain": "default",
            "id": "6cda0218-fada-48b3-8ff1-31be9b9b1e50",
            "locked": false,
            "nsx_id": "6cda0218-fada-48b3-8ff1-31be9b9b1e50",
            "path": "/infra/domains/default/security-policies/6cda0218-fada-48b3-8ff1-31be9b9b1e50",
            "revision": 1,
            "rule": [
              {
                "action": "ALLOW",
                "description": "Allow communication from Production to Test as specified in allowed_communications",
                "destination_groups": [
                  "/infra/domains/default/groups/4dd684d2-badc-4040-9003-9d2794f52d13"
                ],
                "destinations_excluded": false,
                "direction": "IN_OUT",
                "disabled": false,
                "display_name": "Allow Production to Test",
                "ip_version": "IPV4_IPV6",
                "log_label": "",
                "logged": true,
                "notes": "",
                "nsx_id": "db76da1d-7fbd-46e4-bd61-7d1a4e5c071f",
                "profiles": null,
                "revision": 0,
                "rule_id": 5320,
                "scope": null,
                "sequence_number": 1,
                "services": null,
                "source_groups": [
                  "/infra/domains/default/groups/58a3c14e-dce9-4003-ab98-f146d6b2e3aa"
                ],
                "sources_excluded": false,
                "tag": []
              },
              {
                "action": "DROP",
                "description": "Deny all other traffic between environments",
                "destination_groups": null,
                "destinations_excluded": false,
                "direction": "IN_OUT",
                "disabled": false,
                "display_name": "Deny All Other Environment Traffic",
                "ip_version": "IPV4_IPV6",
                "log_label": "",
                "logged": true,
                "notes": "",
                "nsx_id": "411a4895-88dc-4f43-94ac-2409ff4febc4",
                "profiles": null,
                "revision": 0,
                "rule_id": 5321,
                "scope": null,
                "sequence_number": 2,
                "services": null,
                "source_groups": null,
                "sources_excluded": false,
                "tag": []
              }
            ],
            "scope": null,
            "sequence_number": 10,
            "stateful": true,
            "tag": [],
            "tcp_strict": false
          },
          "sensitive_attributes": [],
          "private": "bnVsbA==",
          "dependencies": [
            "nsxt_policy_group.environment_groups"
          ],
          "create_before_destroy": true
        }
      ]
    },
    {
      "mode": "managed",
      "type": "nsxt_policy_service",
      "name": "services",
      "provider": "provider[\"registry.terraform.io/vmware/nsxt\"]",
      "instances": [
        {
          "index_key": "TCP-22",
          "schema_version": 0,
          "attributes": {
            "algorithm_entry": [],
            "context": [],
            "description": "Service for TCP port 22",
            "display_name": "TCP-22",
            "ether_type_entry": [],
            "icmp_entry": [],
            "id": "b81ea857-d49e-47e9-aa7d-0d10cfcb0943",
            "igmp_entry": [],
            "ip_protocol_entry": [],
            "l4_port_set_entry": [
              {
                "description": "",
                "destination_ports": [
                  "22"
                ],
                "display_name": "TCP-22",
                "protocol": "TCP",
                "source_ports": []
              }
            ],
            "nested_service_entry": [],
            "nsx_id": "b81ea857-d49e-47e9-aa7d-0d10cfcb0943",
            "path": "/infra/services/b81ea857-d49e-47e9-aa7d-0d10cfcb0943",
            "revision": 0,
            "tag": []
          },
          "sensitive_attributes": [],
          "private": "bnVsbA==",
          "create_before_destroy": true
        },
        {
          "index_key": "TCP-3306",
          "schema_version": 0,
          "attributes": {
            "algorithm_entry": [],
            "context": [],
            "description": "Service for TCP port 3306",
            "display_name": "TCP-3306",
            "ether_type_entry": [],
            "icmp_entry": [],
            "id": "668461fe-bc31-4bec-8ebc-dab1a25a4800",
            "igmp_entry": [],
            "ip_protocol_entry": [],
            "l4_port_set_entry": [
              {
                "description": "",
                "destination_ports": [
                  "3306"
                ],
                "display_name": "TCP-3306",
                "protocol": "TCP",
                "source_ports": []
              }
            ],
            "nested_service_entry": [],
            "nsx_id": "668461fe-bc31-4bec-8ebc-dab1a25a4800",
            "path": "/infra/services/668461fe-bc31-4bec-8ebc-dab1a25a4800",
            "revision": 0,
            "tag": []
          },
          "sensitive_attributes": [],
          "private": "bnVsbA==",
          "create_before_destroy": true
        },
        {
          "index_key": "TCP-443",
          "schema_version": 0,
          "attributes": {
            "algorithm_entry": [],
            "context": [],
            "description": "Service for TCP port 443",
            "display_name": "TCP-443",
            "ether_type_entry": [],
            "icmp_entry": [],
            "id": "289b0aa1-7ce1-41dc-95fa-4f82cd1532e1",
            "igmp_entry": [],
            "ip_protocol_entry": [],
            "l4_port_set_entry": [
              {
                "description": "",
                "destination_ports": [
                  "443"
                ],
                "display_name": "TCP-443",
                "protocol": "TCP",
                "source_ports": []
              }
            ],
            "nested_service_entry": [],
            "nsx_id": "289b0aa1-7ce1-41dc-95fa-4f82cd1532e1",
            "path": "/infra/services/289b0aa1-7ce1-41dc-95fa-4f82cd1532e1",
            "revision": 0,
            "tag": []
          },
          "sensitive_attributes": [],
          "private": "bnVsbA==",
          "create_before_destroy": true
        },
        {
          "index_key": "TCP-8443",
          "schema_version": 0,
          "attributes": {
            "algorithm_entry": [],
            "context": [],
            "description": "Service for TCP port 8443",
            "display_name": "TCP-8443",
            "ether_type_entry": [],
            "icmp_entry": [],
            "id": "18803c07-944f-455f-83d1-39904b12b03d",
            "igmp_entry": [],
            "ip_protocol_entry": [],
            "l4_port_set_entry": [
              {
                "description": "",
                "destination_ports": [
                  "8443"
                ],
                "display_name": "TCP-8443",
                "protocol": "TCP",
                "source_ports": []
              }
            ],
            "nested_service_entry": [],
            "nsx_id": "18803c07-944f-455f-83d1-39904b12b03d",
            "path": "/infra/services/18803c07-944f-455f-83d1-39904b12b03d",
            "revision": 0,
            "tag": []
          },
          "sensitive_attributes": [],
          "private": "bnVsbA==",
          "create_before_destroy": true
        },
        {
          "index_key": "UDP-123",
          "schema_version": 0,
          "attributes": {
            "algorithm_entry": [],
            "context": [],
            "description": "Service for UDP port 123",
            "display_name": "UDP-123",
            "ether_type_entry": [],
            "icmp_entry": [],
            "id": "477447de-eea6-45eb-bcbf-58debf6cf9a0",
            "igmp_entry": [],
            "ip_protocol_entry": [],
            "l4_port_set_entry": [
              {
                "description": "",
                "destination_ports": [
                  "123"
                ],
                "display_name": "UDP-123",
                "protocol": "UDP",
                "source_ports": []
              }
            ],
            "nested_service_entry": [],
            "nsx_id": "477447de-eea6-45eb-bcbf-58debf6cf9a0",
            "path": "/infra/services/477447de-eea6-45eb-bcbf-58debf6cf9a0",
            "revision": 0,
            "tag": []
          },
          "sensitive_attributes": [],
          "private": "bnVsbA==",
          "create_before_destroy": true
        },
        {
          "index_key": "UDP-30000-39999",
          "schema_version": 0,
          "attributes": {
            "algorithm_entry": [],
            "context": [],
            "description": "Service for UDP port 30000",
            "display_name": "UDP-30000-39999",
            "ether_type_entry": [],
            "icmp_entry": [],
            "id": "b9f8bea4-8426-4432-af1f-23cd81f6f514",
            "igmp_entry": [],
            "ip_protocol_entry": [],
            "l4_port_set_entry": [
              {
                "description": "",
                "destination_ports": [
                  "30000"
                ],
                "display_name": "UDP-30000-39999",
                "protocol": "UDP",
                "source_ports": []
              }
            ],
            "nested_service_entry": [],
            "nsx_id": "b9f8bea4-8426-4432-af1f-23cd81f6f514",
            "path": "/infra/services/b9f8bea4-8426-4432-af1f-23cd81f6f514",
            "revision": 0,
            "tag": []
          },
          "sensitive_attributes": [],
          "private": "bnVsbA==",
          "create_before_destroy": true
        },
        {
          "index_key": "UDP-40000-49999",
          "schema_version": 0,
          "attributes": {
            "algorithm_entry": [],
            "context": [],
            "description": "Service for UDP port 40000",
            "display_name": "UDP-40000-49999",
            "ether_type_entry": [],
            "icmp_entry": [],
            "id": "5a2c8829-77a0-4dcd-b8d7-0839386af394",
            "igmp_entry": [],
            "ip_protocol_entry": [],
            "l4_port_set_entry": [
              {
                "description": "",
                "destination_ports": [
                  "40000"
                ],
                "display_name": "UDP-40000-49999",
                "protocol": "UDP",
                "source_ports": []
              }
            ],
            "nested_service_entry": [],
            "nsx_id": "5a2c8829-77a0-4dcd-b8d7-0839386af394",
            "path": "/infra/services/5a2c8829-77a0-4dcd-b8d7-0839386af394",
            "revision": 0,
            "tag": []
          },
          "sensitive_attributes": [],
          "private": "bnVsbA==",
          "create_before_destroy": true
        },
        {
          "index_key": "UDP-50000-59999",
          "schema_version": 0,
          "attributes": {
            "algorithm_entry": [],
            "context": [],
            "description": "Service for UDP port 50000",
            "display_name": "UDP-50000-59999",
            "ether_type_entry": [],
            "icmp_entry": [],
            "id": "301aa18b-d37e-4305-897a-0b493533ca1d",
            "igmp_entry": [],
            "ip_protocol_entry": [],
            "l4_port_set_entry": [
              {
                "description": "",
                "destination_ports": [
                  "50000"
                ],
                "display_name": "UDP-50000-59999",
                "protocol": "UDP",
                "source_ports": []
              }
            ],
            "nested_service_entry": [],
            "nsx_id": "301aa18b-d37e-4305-897a-0b493533ca1d",
            "path": "/infra/services/301aa18b-d37e-4305-897a-0b493533ca1d",
            "revision": 0,
            "tag": []
          },
          "sensitive_attributes": [],
          "private": "bnVsbA==",
          "create_before_destroy": true
        },
        {
          "index_key": "UDP-53",
          "schema_version": 0,
          "attributes": {
            "algorithm_entry": [],
            "context": [],
            "description": "Service for UDP port 53",
            "display_name": "UDP-53",
            "ether_type_entry": [],
            "icmp_entry": [],
            "id": "1a78a026-5a75-4300-9c46-1cce3c5c0a46",
            "igmp_entry": [],
            "ip_protocol_entry": [],
            "l4_port_set_entry": [
              {
                "description": "",
                "destination_ports": [
                  "53"
                ],
                "display_name": "UDP-53",
                "protocol": "UDP",
                "source_ports": []
              }
            ],
            "nested_service_entry": [],
            "nsx_id": "1a78a026-5a75-4300-9c46-1cce3c5c0a46",
            "path": "/infra/services/1a78a026-5a75-4300-9c46-1cce3c5c0a46",
            "revision": 0,
            "tag": []
          },
          "sensitive_attributes": [],
          "private": "bnVsbA==",
          "create_before_destroy": true
        },
        {
          "index_key": "UDP-60000-65535",
          "schema_version": 0,
          "attributes": {
            "algorithm_entry": [],
            "context": [],
            "description": "Service for UDP port 60000",
            "display_name": "UDP-60000-65535",
            "ether_type_entry": [],
            "icmp_entry": [],
            "id": "a4197d3c-de4c-48b9-864b-461a5404f66b",
            "igmp_entry": [],
            "ip_protocol_entry": [],
            "l4_port_set_entry": [
              {
                "description": "",
                "destination_ports": [
                  "60000"
                ],
                "display_name": "UDP-60000-65535",
                "protocol": "UDP",
                "source_ports": []
              }
            ],
            "nested_service_entry": [],
            "nsx_id": "a4197d3c-de4c-48b9-864b-461a5404f66b",
            "path": "/infra/services/a4197d3c-de4c-48b9-864b-461a5404f66b",
            "revision": 0,
            "tag": []
          },
          "sensitive_attributes": [],
          "private": "bnVsbA==",
          "create_before_destroy": true
        }
      ]
    },
    {
      "mode": "managed",
      "type": "nsxt_policy_vm_tags",
      "name": "vm_tags",
      "provider": "provider[\"registry.terraform.io/vmware/nsxt\"]",
      "instances": [
        {
          "index_key": "p-app-01a",
          "schema_version": 0,
          "attributes": {
            "context": [],
            "id": "500e66ad-6efc-e7fe-6ba3-74d45c3eb94f",
            "instance_id": "500e66ad-6efc-e7fe-6ba3-74d45c3eb94f",
            "port": [],
            "tag": [
              {
                "scope": "application",
                "tag": "wld09-Application Server"
              },
              {
                "scope": "environment",
                "tag": "Production"
              }
            ]
          },
          "sensitive_attributes": [],
          "private": "bnVsbA==",
          "dependencies": [
            "data.nsxt_policy_vm.vms"
          ],
          "create_before_destroy": true
        },
        {
          "index_key": "p-db-01a",
          "schema_version": 0,
          "attributes": {
            "context": [],
            "id": "500eb8ab-1d7d-8803-906e-b540fdcf7f6f",
            "instance_id": "500eb8ab-1d7d-8803-906e-b540fdcf7f6f",
            "port": [],
            "tag": [
              {
                "scope": "application",
                "tag": "wld09-Database Server"
              },
              {
                "scope": "environment",
                "tag": "Production"
              }
            ]
          },
          "sensitive_attributes": [],
          "private": "bnVsbA==",
          "dependencies": [
            "data.nsxt_policy_vm.vms"
          ],
          "create_before_destroy": true
        },
        {
          "index_key": "p-web-01a",
          "schema_version": 0,
          "attributes": {
            "context": [],
            "id": "500eedf5-5f28-eed1-6a09-0f558d46ad41",
            "instance_id": "500eedf5-5f28-eed1-6a09-0f558d46ad41",
            "port": [],
            "tag": [
              {
                "scope": "application",
                "tag": "wld09-Web Server"
              },
              {
                "scope": "environment",
                "tag": "Production"
              }
            ]
          },
          "sensitive_attributes": [],
          "private": "bnVsbA==",
          "dependencies": [
            "data.nsxt_policy_vm.vms"
          ],
          "create_before_destroy": true
        },
        {
          "index_key": "p-web-02a",
          "schema_version": 0,
          "attributes": {
            "context": [],
            "id": "500e4b09-2edf-482e-149b-978b60215a45",
            "instance_id": "500e4b09-2edf-482e-149b-978b60215a45",
            "port": [],
            "tag": [
              {
                "scope": "application",
                "tag": "wld09-Web Server"
              },
              {
                "scope": "environment",
                "tag": "Production"
              }
            ]
          },
          "sensitive_attributes": [],
          "private": "bnVsbA==",
          "dependencies": [
            "data.nsxt_policy_vm.vms"
          ],
          "create_before_destroy": true
        },
        {
          "index_key": "p-web-03a",
          "schema_version": 0,
          "attributes": {
            "context": [],
            "id": "500e169f-7231-266a-4c3d-fbd4ddaf246b",
            "instance_id": "500e169f-7231-266a-4c3d-fbd4ddaf246b",
            "port": [],
            "tag": [
              {
                "scope": "application",
                "tag": "wld09-Web Server"
              },
              {
                "scope": "environment",
                "tag": "Production"
              }
            ]
          },
          "sensitive_attributes": [],
          "private": "bnVsbA==",
          "dependencies": [
            "data.nsxt_policy_vm.vms"
          ],
          "create_before_destroy": true
        },
        {
          "index_key": "t-app-01a",
          "schema_version": 0,
          "attributes": {
            "context": [],
            "id": "500e1a06-0bb7-5aa2-230c-73642a3e23c1",
            "instance_id": "500e1a06-0bb7-5aa2-230c-73642a3e23c1",
            "port": [],
            "tag": [
              {
                "scope": "application",
                "tag": "wld09-Application Server"
              },
              {
                "scope": "environment",
                "tag": "Test"
              }
            ]
          },
          "sensitive_attributes": [],
          "private": "bnVsbA==",
          "dependencies": [
            "data.nsxt_policy_vm.vms"
          ],
          "create_before_destroy": true
        },
        {
          "index_key": "t-db-01a",
          "schema_version": 0,
          "attributes": {
            "context": [],
            "id": "500eaab6-b602-787e-fdde-70c3ee2f655a",
            "instance_id": "500eaab6-b602-787e-fdde-70c3ee2f655a",
            "port": [],
            "tag": [
              {
                "scope": "application",
                "tag": "wld09-Database Server"
              },
              {
                "scope": "environment",
                "tag": "Test"
              }
            ]
          },
          "sensitive_attributes": [],
          "private": "bnVsbA==",
          "dependencies": [
            "data.nsxt_policy_vm.vms"
          ],
          "create_before_destroy": true
        },
        {
          "index_key": "t-web-01a",
          "schema_version": 0,
          "attributes": {
            "context": [],
            "id": "500ea1c4-d4ce-5ff0-eec5-deaa96bcf00e",
            "instance_id": "500ea1c4-d4ce-5ff0-eec5-deaa96bcf00e",
            "port": [],
            "tag": [
              {
                "scope": "application",
                "tag": "wld09-Web Server"
              },
              {
                "scope": "environment",
                "tag": "Test"
              }
            ]
          },
          "sensitive_attributes": [],
          "private": "bnVsbA==",
          "dependencies": [
            "data.nsxt_policy_vm.vms"
          ],
          "create_before_destroy": true
        },
        {
          "index_key": "t-web-02a",
          "schema_version": 0,
          "attributes": {
            "context": [],
            "id": "500ebfe0-9f49-a1c6-d5d3-bc0c6a42fc91",
            "instance_id": "500ebfe0-9f49-a1c6-d5d3-bc0c6a42fc91",
            "port": [],
            "tag": [
              {
                "scope": "application",
                "tag": "wld09-Web Server"
              },
              {
                "scope": "environment",
                "tag": "Test"
              }
            ]
          },
          "sensitive_attributes": [],
          "private": "bnVsbA==",
          "dependencies": [
            "data.nsxt_policy_vm.vms"
          ],
          "create_before_destroy": true
        },
        {
          "index_key": "t-web-03a",
          "schema_version": 0,
          "attributes": {
            "context": [],
            "id": "500e4809-32b4-cbb5-bece-e59d5dc1e4aa",
            "instance_id": "500e4809-32b4-cbb5-bece-e59d5dc1e4aa",
            "port": [],
            "tag": [
              {
                "scope": "application",
                "tag": "wld09-Web Server"
              },
              {
                "scope": "environment",
                "tag": "Test"
              }
            ]
          },
          "sensitive_attributes": [],
          "private": "bnVsbA==",
          "dependencies": [
            "data.nsxt_policy_vm.vms"
          ],
          "create_before_destroy": true
        }
      ]
    }
  ],
  "check_results": null
}
