{
  "version": 4,
  "terraform_version": "1.11.4",
  "serial": 591,
  "lineage": "f4c691af-fa3a-9a1e-f47d-9c77392ec1db",
  "outputs": {
    "application_groups_created": {
      "value": [
        "app-wld09-Application Server",
        "app-wld09-Database Server",
        "app-wld09-Web Server"
      ],
      "type": [
        "tuple",
        [
          "string",
          "string",
          "string"
        ]
      ]
    },
    "application_policies_created": {
      "value": [
        "Application Security Policy"
      ],
      "type": [
        "tuple",
        [
          "string"
        ]
      ]
    },
    "application_tags": {
      "value": [
        "wld09-Application Server",
        "wld09-Database Server",
        "wld09-Web Server"
      ],
      "type": [
        "list",
        "string"
      ]
    },
    "environment_groups_created": {
      "value": [
        "env-Production",
        "env-Test"
      ],
      "type": [
        "tuple",
        [
          "string",
          "string"
        ]
      ]
    },
    "environment_tags": {
      "value": [
        "Production",
        "Test"
      ],
      "type": [
        "list",
        "string"
      ]
    },
    "vm_count": {
      "value": 10,
      "type": "number"
    }
  },
  "resources": [
    {
      "mode": "data",
      "type": "nsxt_policy_vm",
      "name": "vms",
      "provider": "provider[\"registry.terraform.io/vmware/nsxt\"]",
      "instances": [
        {
          "index_key": "p-app-01a",
          "schema_version": 0,
          "attributes": {
            "bios_id": "420ed69b-758d-155e-63d7-1aa278448f8e",
            "context": null,
            "description": "",
            "display_name": "p-app-01a",
            "external_id": "500e66ad-6efc-e7fe-6ba3-74d45c3eb94f",
            "id": "500e66ad-6efc-e7fe-6ba3-74d45c3eb94f",
            "instance_id": "500e66ad-6efc-e7fe-6ba3-74d45c3eb94f"
          },
          "sensitive_attributes": []
        },
        {
          "index_key": "p-db-01a",
          "schema_version": 0,
          "attributes": {
            "bios_id": "420e40f9-3ff4-ffdd-bdb5-0233b4f0493f",
            "context": null,
            "description": "",
            "display_name": "p-db-01a",
            "external_id": "500eb8ab-1d7d-8803-906e-b540fdcf7f6f",
            "id": "500eb8ab-1d7d-8803-906e-b540fdcf7f6f",
            "instance_id": "500eb8ab-1d7d-8803-906e-b540fdcf7f6f"
          },
          "sensitive_attributes": []
        },
        {
          "index_key": "p-web-01a",
          "schema_version": 0,
          "attributes": {
            "bios_id": "420e446e-cf67-8086-932a-bbebf4f9537e",
            "context": null,
            "description": "",
            "display_name": "p-web-01a",
            "external_id": "500eedf5-5f28-eed1-6a09-0f558d46ad41",
            "id": "500eedf5-5f28-eed1-6a09-0f558d46ad41",
            "instance_id": "500eedf5-5f28-eed1-6a09-0f558d46ad41"
          },
          "sensitive_attributes": []
        },
        {
          "index_key": "p-web-02a",
          "schema_version": 0,
          "attributes": {
            "bios_id": "420e0373-2d68-d850-c333-c9a5b68a9cd0",
            "context": null,
            "description": "",
            "display_name": "p-web-02a",
            "external_id": "500e4b09-2edf-482e-149b-978b60215a45",
            "id": "500e4b09-2edf-482e-149b-978b60215a45",
            "instance_id": "500e4b09-2edf-482e-149b-978b60215a45"
          },
          "sensitive_attributes": []
        },
        {
          "index_key": "p-web-03a",
          "schema_version": 0,
          "attributes": {
            "bios_id": "420ee229-5d04-f4a0-9a68-4531951a77c1",
            "context": null,
            "description": "",
            "display_name": "p-web-03a",
            "external_id": "500e169f-7231-266a-4c3d-fbd4ddaf246b",
            "id": "500e169f-7231-266a-4c3d-fbd4ddaf246b",
            "instance_id": "500e169f-7231-266a-4c3d-fbd4ddaf246b"
          },
          "sensitive_attributes": []
        },
        {
          "index_key": "t-app-01a",
          "schema_version": 0,
          "attributes": {
            "bios_id": "420ec69b-f0eb-f021-e76a-1ba3f8f3f229",
            "context": null,
            "description": "",
            "display_name": "t-app-01a",
            "external_id": "500e1a06-0bb7-5aa2-230c-73642a3e23c1",
            "id": "500e1a06-0bb7-5aa2-230c-73642a3e23c1",
            "instance_id": "500e1a06-0bb7-5aa2-230c-73642a3e23c1"
          },
          "sensitive_attributes": []
        },
        {
          "index_key": "t-db-01a",
          "schema_version": 0,
          "attributes": {
            "bios_id": "420ee52b-28dc-83eb-4b9a-38b8c52f5acd",
            "context": null,
            "description": "",
            "display_name": "t-db-01a",
            "external_id": "500eaab6-b602-787e-fdde-70c3ee2f655a",
            "id": "500eaab6-b602-787e-fdde-70c3ee2f655a",
            "instance_id": "500eaab6-b602-787e-fdde-70c3ee2f655a"
          },
          "sensitive_attributes": []
        },
        {
          "index_key": "t-web-01a",
          "schema_version": 0,
          "attributes": {
            "bios_id": "420e1dbc-a4d5-1ce2-c6dc-703bfeea8d16",
            "context": null,
            "description": "",
            "display_name": "t-web-01a",
            "external_id": "500ea1c4-d4ce-5ff0-eec5-deaa96bcf00e",
            "id": "500ea1c4-d4ce-5ff0-eec5-deaa96bcf00e",
            "instance_id": "500ea1c4-d4ce-5ff0-eec5-deaa96bcf00e"
          },
          "sensitive_attributes": []
        },
        {
          "index_key": "t-web-02a",
          "schema_version": 0,
          "attributes": {
            "bios_id": "420ed273-30b9-6979-6784-c7f94f425260",
            "context": null,
            "description": "",
            "display_name": "t-web-02a",
            "external_id": "500ebfe0-9f49-a1c6-d5d3-bc0c6a42fc91",
            "id": "500ebfe0-9f49-a1c6-d5d3-bc0c6a42fc91",
            "instance_id": "500ebfe0-9f49-a1c6-d5d3-bc0c6a42fc91"
          },
          "sensitive_attributes": []
        },
        {
          "index_key": "t-web-03a",
          "schema_version": 0,
          "attributes": {
            "bios_id": "420e9c03-8ab0-6020-c7ff-ef4f8e691da9",
            "context": null,
            "description": "",
            "display_name": "t-web-03a",
            "external_id": "500e4809-32b4-cbb5-bece-e59d5dc1e4aa",
            "id": "500e4809-32b4-cbb5-bece-e59d5dc1e4aa",
            "instance_id": "500e4809-32b4-cbb5-bece-e59d5dc1e4aa"
          },
          "sensitive_attributes": []
        }
      ]
    },
    {
      "mode": "managed",
      "type": "nsxt_policy_group",
      "name": "app_groups",
      "provider": "provider[\"registry.terraform.io/vmware/nsxt\"]",
      "instances": [
        {
          "index_key": "wld09-Application Server",
          "schema_version": 0,
          "attributes": {
            "conjunction": [],
            "context": [],
            "criteria": [
              {
                "condition": [
                  {
                    "key": "Tag",
                    "member_type": "VirtualMachine",
                    "operator": "EQUALS",
                    "value": "wld09-Application Server"
                  }
                ],
                "external_id_expression": [],
                "ipaddress_expression": [],
                "macaddress_expression": [],
                "path_expression": []
              }
            ],
            "description": "Group for wld09 Application Server application",
            "display_name": "app-wld09-Application Server",
            "domain": "default",
            "extended_criteria": [],
            "group_type": null,
            "id": "f43eb85d-0f3c-408a-8a46-123a0b4580fc",
            "nsx_id": "f43eb85d-0f3c-408a-8a46-123a0b4580fc",
            "path": "/infra/domains/default/groups/f43eb85d-0f3c-408a-8a46-123a0b4580fc",
            "revision": 0,
            "tag": []
          },
          "sensitive_attributes": [],
          "private": "bnVsbA==",
          "create_before_destroy": true
        },
        {
          "index_key": "wld09-Database Server",
          "schema_version": 0,
          "attributes": {
            "conjunction": [],
            "context": [],
            "criteria": [
              {
                "condition": [
                  {
                    "key": "Tag",
                    "member_type": "VirtualMachine",
                    "operator": "EQUALS",
                    "value": "wld09-Database Server"
                  }
                ],
                "external_id_expression": [],
                "ipaddress_expression": [],
                "macaddress_expression": [],
                "path_expression": []
              }
            ],
            "description": "Group for wld09 Database Server application",
            "display_name": "app-wld09-Database Server",
            "domain": "default",
            "extended_criteria": [],
            "group_type": null,
            "id": "9be6bc5a-9c91-4bd5-afa0-f9e096c32416",
            "nsx_id": "9be6bc5a-9c91-4bd5-afa0-f9e096c32416",
            "path": "/infra/domains/default/groups/9be6bc5a-9c91-4bd5-afa0-f9e096c32416",
            "revision": 0,
            "tag": []
          },
          "sensitive_attributes": [],
          "private": "bnVsbA==",
          "create_before_destroy": true
        },
        {
          "index_key": "wld09-Web Server",
          "schema_version": 0,
          "attributes": {
            "conjunction": [],
            "context": [],
            "criteria": [
              {
                "condition": [
                  {
                    "key": "Tag",
                    "member_type": "VirtualMachine",
                    "operator": "EQUALS",
                    "value": "wld09-Web Server"
                  }
                ],
                "external_id_expression": [],
                "ipaddress_expression": [],
                "macaddress_expression": [],
                "path_expression": []
              }
            ],
            "description": "Group for wld09 Web Server application",
            "display_name": "app-wld09-Web Server",
            "domain": "default",
            "extended_criteria": [],
            "group_type": null,
            "id": "e51a4aa7-792a-47a9-b252-6e49cda06a5c",
            "nsx_id": "e51a4aa7-792a-47a9-b252-6e49cda06a5c",
            "path": "/infra/domains/default/groups/e51a4aa7-792a-47a9-b252-6e49cda06a5c",
            "revision": 0,
            "tag": []
          },
          "sensitive_attributes": [],
          "private": "bnVsbA==",
          "create_before_destroy": true
        }
      ]
    },
    {
      "mode": "managed",
      "type": "nsxt_policy_group",
      "name": "environment_groups",
      "provider": "provider[\"registry.terraform.io/vmware/nsxt\"]",
      "instances": [
        {
          "index_key": "Production",
          "schema_version": 0,
          "attributes": {
            "conjunction": [],
            "context": [],
            "criteria": [
              {
                "condition": [
                  {
                    "key": "Tag",
                    "member_type": "VirtualMachine",
                    "operator": "EQUALS",
                    "value": "Production"
                  }
                ],
                "external_id_expression": [],
                "ipaddress_expression": [],
                "macaddress_expression": [],
                "path_expression": []
              }
            ],
            "description": "Group for Production environment",
            "display_name": "env-Production",
            "domain": "default",
            "extended_criteria": [],
            "group_type": null,
            "id": "68d872e4-875b-43c1-b3bd-92b17adf5680",
            "nsx_id": "68d872e4-875b-43c1-b3bd-92b17adf5680",
            "path": "/infra/domains/default/groups/68d872e4-875b-43c1-b3bd-92b17adf5680",
            "revision": 0,
            "tag": []
          },
          "sensitive_attributes": [],
          "private": "bnVsbA==",
          "create_before_destroy": true
        },
        {
          "index_key": "Test",
          "schema_version": 0,
          "attributes": {
            "conjunction": [],
            "context": [],
            "criteria": [
              {
                "condition": [
                  {
                    "key": "Tag",
                    "member_type": "VirtualMachine",
                    "operator": "EQUALS",
                    "value": "Test"
                  }
                ],
                "external_id_expression": [],
                "ipaddress_expression": [],
                "macaddress_expression": [],
                "path_expression": []
              }
            ],
            "description": "Group for Test environment",
            "display_name": "env-Test",
            "domain": "default",
            "extended_criteria": [],
            "group_type": null,
            "id": "8fa4eef0-008b-4d4d-8674-5ab5d549dcc0",
            "nsx_id": "8fa4eef0-008b-4d4d-8674-5ab5d549dcc0",
            "path": "/infra/domains/default/groups/8fa4eef0-008b-4d4d-8674-5ab5d549dcc0",
            "revision": 0,
            "tag": []
          },
          "sensitive_attributes": [],
          "private": "bnVsbA==",
          "create_before_destroy": true
        }
      ]
    },
    {
      "mode": "managed",
      "type": "nsxt_policy_security_policy",
      "name": "application_policy",
      "provider": "provider[\"registry.terraform.io/vmware/nsxt\"]",
      "instances": [
        {
          "schema_version": 0,
          "attributes": {
            "category": "Application",
            "comments": "",
            "context": [],
            "description": "Security policy for all applications",
            "display_name": "Application Security Policy",
            "domain": "default",
            "id": "6a488803-7705-49d4-b102-2b4d094a468a",
            "locked": false,
            "nsx_id": "6a488803-7705-49d4-b102-2b4d094a468a",
            "path": "/infra/domains/default/security-policies/6a488803-7705-49d4-b102-2b4d094a468a",
            "revision": 1,
            "rule": [
              {
                "action": "ALLOW",
                "description": "Allow communication from External to External on UDP port 123",
                "destination_groups": [
                  "/infra/domains/default/groups/68d872e4-875b-43c1-b3bd-92b17adf5680"
                ],
                "destinations_excluded": false,
                "direction": "IN_OUT",
                "disabled": false,
                "display_name": "External to External [UDP-123]",
                "ip_version": "IPV4_IPV6",
                "log_label": "",
                "logged": true,
                "notes": "",
                "nsx_id": "69dfdd7a-ae93-43ae-8c64-3eab9ccf71cf",
                "profiles": null,
                "revision": 0,
                "rule_id": 5493,
                "scope": null,
                "sequence_number": 1,
                "services": [
                  "/infra/services/8b1114a8-6e37-4c87-a867-6dfbb5b3b5fe"
                ],
                "source_groups": [
                  "/infra/domains/default/groups/68d872e4-875b-43c1-b3bd-92b17adf5680"
                ],
                "sources_excluded": false,
                "tag": []
              },
              {
                "action": "ALLOW",
                "description": "Allow communication from External to External on UDP port 53",
                "destination_groups": [
                  "/infra/domains/default/groups/68d872e4-875b-43c1-b3bd-92b17adf5680"
                ],
                "destinations_excluded": false,
                "direction": "IN_OUT",
                "disabled": false,
                "display_name": "External to External [UDP-53]",
                "ip_version": "IPV4_IPV6",
                "log_label": "",
                "logged": true,
                "notes": "",
                "nsx_id": "9fdc2e63-0bb8-4fa4-a1da-5695220caa86",
                "profiles": null,
                "revision": 0,
                "rule_id": 5494,
                "scope": null,
                "sequence_number": 2,
                "services": [
                  "/infra/services/2ce793ae-b3c8-4b17-8908-2f588b0bed93"
                ],
                "source_groups": [
                  "/infra/domains/default/groups/68d872e4-875b-43c1-b3bd-92b17adf5680"
                ],
                "sources_excluded": false,
                "tag": []
              },
              {
                "action": "ALLOW",
                "description": "Allow communication from External to wld09-Application Server on TCP port 22",
                "destination_groups": [
                  "/infra/domains/default/groups/f43eb85d-0f3c-408a-8a46-123a0b4580fc"
                ],
                "destinations_excluded": false,
                "direction": "IN_OUT",
                "disabled": false,
                "display_name": "External to wld09-Application Server [TCP-22]",
                "ip_version": "IPV4_IPV6",
                "log_label": "",
                "logged": true,
                "notes": "",
                "nsx_id": "c6ab9ce8-19e0-4ac4-8ea3-0ab78969a996",
                "profiles": null,
                "revision": 0,
                "rule_id": 5495,
                "scope": null,
                "sequence_number": 3,
                "services": [
                  "/infra/services/9a5f5845-204b-4f89-ac44-6abe2a708248"
                ],
                "source_groups": [
                  "/infra/domains/default/groups/68d872e4-875b-43c1-b3bd-92b17adf5680"
                ],
                "sources_excluded": false,
                "tag": []
              },
              {
                "action": "ALLOW",
                "description": "Allow communication from External to wld09-Application Server on UDP port 50000-59999",
                "destination_groups": [
                  "/infra/domains/default/groups/f43eb85d-0f3c-408a-8a46-123a0b4580fc"
                ],
                "destinations_excluded": false,
                "direction": "IN_OUT",
                "disabled": false,
                "display_name": "External to wld09-Application Server [UDP-50000-59999]",
                "ip_version": "IPV4_IPV6",
                "log_label": "",
                "logged": true,
                "notes": "",
                "nsx_id": "ea7b5299-0ea7-409a-b182-d958bce2bda1",
                "profiles": null,
                "revision": 0,
                "rule_id": 5496,
                "scope": null,
                "sequence_number": 4,
                "services": [
                  "/infra/services/a4796c53-8011-44b9-a822-8bf059e53df3"
                ],
                "source_groups": [
                  "/infra/domains/default/groups/68d872e4-875b-43c1-b3bd-92b17adf5680"
                ],
                "sources_excluded": false,
                "tag": []
              },
              {
                "action": "ALLOW",
                "description": "Allow communication from External to wld09-Database Server on TCP port 22",
                "destination_groups": [
                  "/infra/domains/default/groups/9be6bc5a-9c91-4bd5-afa0-f9e096c32416"
                ],
                "destinations_excluded": false,
                "direction": "IN_OUT",
                "disabled": false,
                "display_name": "External to wld09-Database Server [TCP-22]",
                "ip_version": "IPV4_IPV6",
                "log_label": "",
                "logged": true,
                "notes": "",
                "nsx_id": "0b7d2ace-d1d1-4ef1-a2be-313d00c8a2d3",
                "profiles": null,
                "revision": 0,
                "rule_id": 5497,
                "scope": null,
                "sequence_number": 5,
                "services": [
                  "/infra/services/9a5f5845-204b-4f89-ac44-6abe2a708248"
                ],
                "source_groups": [
                  "/infra/domains/default/groups/68d872e4-875b-43c1-b3bd-92b17adf5680"
                ],
                "sources_excluded": false,
                "tag": []
              },
              {
                "action": "ALLOW",
                "description": "Allow communication from External to wld09-Database Server on UDP port 30000-39999",
                "destination_groups": [
                  "/infra/domains/default/groups/9be6bc5a-9c91-4bd5-afa0-f9e096c32416"
                ],
                "destinations_excluded": false,
                "direction": "IN_OUT",
                "disabled": false,
                "display_name": "External to wld09-Database Server [UDP-30000-39999]",
                "ip_version": "IPV4_IPV6",
                "log_label": "",
                "logged": true,
                "notes": "",
                "nsx_id": "ccaf8aaf-236b-4333-9f1c-e9cfe61ca689",
                "profiles": null,
                "revision": 0,
                "rule_id": 5498,
                "scope": null,
                "sequence_number": 6,
                "services": [
                  "/infra/services/8a05f0f7-de20-463c-8a26-e81f5f271206"
                ],
                "source_groups": [
                  "/infra/domains/default/groups/68d872e4-875b-43c1-b3bd-92b17adf5680"
                ],
                "sources_excluded": false,
                "tag": []
              },
              {
                "action": "ALLOW",
                "description": "Allow communication from External to wld09-Database Server on UDP port 50000-59999",
                "destination_groups": [
                  "/infra/domains/default/groups/9be6bc5a-9c91-4bd5-afa0-f9e096c32416"
                ],
                "destinations_excluded": false,
                "direction": "IN_OUT",
                "disabled": false,
                "display_name": "External to wld09-Database Server [UDP-50000-59999]",
                "ip_version": "IPV4_IPV6",
                "log_label": "",
                "logged": true,
                "notes": "",
                "nsx_id": "d4ca6a83-f64d-41f1-a6ed-fe425e4c0838",
                "profiles": null,
                "revision": 0,
                "rule_id": 5499,
                "scope": null,
                "sequence_number": 7,
                "services": [
                  "/infra/services/a4796c53-8011-44b9-a822-8bf059e53df3"
                ],
                "source_groups": [
                  "/infra/domains/default/groups/68d872e4-875b-43c1-b3bd-92b17adf5680"
                ],
                "sources_excluded": false,
                "tag": []
              },
              {
                "action": "ALLOW",
                "description": "Allow communication from External to wld09-Web Server on TCP port 22",
                "destination_groups": [
                  "/infra/domains/default/groups/e51a4aa7-792a-47a9-b252-6e49cda06a5c"
                ],
                "destinations_excluded": false,
                "direction": "IN_OUT",
                "disabled": false,
                "display_name": "External to wld09-Web Server [TCP-22]",
                "ip_version": "IPV4_IPV6",
                "log_label": "",
                "logged": true,
                "notes": "",
                "nsx_id": "d52c0c60-caa7-452e-88d5-3804c85ed8a2",
                "profiles": null,
                "revision": 0,
                "rule_id": 5500,
                "scope": null,
                "sequence_number": 8,
                "services": [
                  "/infra/services/9a5f5845-204b-4f89-ac44-6abe2a708248"
                ],
                "source_groups": [
                  "/infra/domains/default/groups/68d872e4-875b-43c1-b3bd-92b17adf5680"
                ],
                "sources_excluded": false,
                "tag": []
              },
              {
                "action": "ALLOW",
                "description": "Allow communication from External to wld09-Web Server on TCP port 443",
                "destination_groups": [
                  "/infra/domains/default/groups/e51a4aa7-792a-47a9-b252-6e49cda06a5c"
                ],
                "destinations_excluded": false,
                "direction": "IN_OUT",
                "disabled": false,
                "display_name": "External to wld09-Web Server [TCP-443]",
                "ip_version": "IPV4_IPV6",
                "log_label": "",
                "logged": true,
                "notes": "",
                "nsx_id": "c87d9e7e-4513-4dcc-ac5a-3795ec212597",
                "profiles": null,
                "revision": 0,
                "rule_id": 5501,
                "scope": null,
                "sequence_number": 9,
                "services": [
                  "/infra/services/b0f7aa2c-08c1-480f-ad78-ee41ecb9b9d2"
                ],
                "source_groups": [
                  "/infra/domains/default/groups/68d872e4-875b-43c1-b3bd-92b17adf5680"
                ],
                "sources_excluded": false,
                "tag": []
              },
              {
                "action": "ALLOW",
                "description": "Allow communication from External to wld09-Web Server on UDP port 30000-39999",
                "destination_groups": [
                  "/infra/domains/default/groups/e51a4aa7-792a-47a9-b252-6e49cda06a5c"
                ],
                "destinations_excluded": false,
                "direction": "IN_OUT",
                "disabled": false,
                "display_name": "External to wld09-Web Server [UDP-30000-39999]",
                "ip_version": "IPV4_IPV6",
                "log_label": "",
                "logged": true,
                "notes": "",
                "nsx_id": "d4bea840-e279-4858-adec-bc3f37a68162",
                "profiles": null,
                "revision": 0,
                "rule_id": 5502,
                "scope": null,
                "sequence_number": 10,
                "services": [
                  "/infra/services/8a05f0f7-de20-463c-8a26-e81f5f271206"
                ],
                "source_groups": [
                  "/infra/domains/default/groups/68d872e4-875b-43c1-b3bd-92b17adf5680"
                ],
                "sources_excluded": false,
                "tag": []
              },
              {
                "action": "ALLOW",
                "description": "Allow communication from External to wld09-Web Server on UDP port 40000-49999",
                "destination_groups": [
                  "/infra/domains/default/groups/e51a4aa7-792a-47a9-b252-6e49cda06a5c"
                ],
                "destinations_excluded": false,
                "direction": "IN_OUT",
                "disabled": false,
                "display_name": "External to wld09-Web Server [UDP-40000-49999]",
                "ip_version": "IPV4_IPV6",
                "log_label": "",
                "logged": true,
                "notes": "",
                "nsx_id": "310dca24-6831-460e-9484-868dfe06ad7f",
                "profiles": null,
                "revision": 0,
                "rule_id": 5503,
                "scope": null,
                "sequence_number": 11,
                "services": [
                  "/infra/services/45a3a2bf-de94-496f-82f3-8f367256b390"
                ],
                "source_groups": [
                  "/infra/domains/default/groups/68d872e4-875b-43c1-b3bd-92b17adf5680"
                ],
                "sources_excluded": false,
                "tag": []
              },
              {
                "action": "ALLOW",
                "description": "Allow communication from External to wld09-Web Server on UDP port 50000-59999",
                "destination_groups": [
                  "/infra/domains/default/groups/e51a4aa7-792a-47a9-b252-6e49cda06a5c"
                ],
                "destinations_excluded": false,
                "direction": "IN_OUT",
                "disabled": false,
                "display_name": "External to wld09-Web Server [UDP-50000-59999]",
                "ip_version": "IPV4_IPV6",
                "log_label": "",
                "logged": true,
                "notes": "",
                "nsx_id": "973eea73-215c-470e-a2f4-367209efcf64",
                "profiles": null,
                "revision": 0,
                "rule_id": 5504,
                "scope": null,
                "sequence_number": 12,
                "services": [
                  "/infra/services/a4796c53-8011-44b9-a822-8bf059e53df3"
                ],
                "source_groups": [
                  "/infra/domains/default/groups/68d872e4-875b-43c1-b3bd-92b17adf5680"
                ],
                "sources_excluded": false,
                "tag": []
              },
              {
                "action": "ALLOW",
                "description": "Allow communication from External to wld09-Web Server on UDP port 60000-65535",
                "destination_groups": [
                  "/infra/domains/default/groups/e51a4aa7-792a-47a9-b252-6e49cda06a5c"
                ],
                "destinations_excluded": false,
                "direction": "IN_OUT",
                "disabled": false,
                "display_name": "External to wld09-Web Server [UDP-60000-65535]",
                "ip_version": "IPV4_IPV6",
                "log_label": "",
                "logged": true,
                "notes": "",
                "nsx_id": "346a3fea-4409-4796-93c0-5ef359bb8ec5",
                "profiles": null,
                "revision": 0,
                "rule_id": 5505,
                "scope": null,
                "sequence_number": 13,
                "services": [
                  "/infra/services/3c763502-bb87-42ff-8665-559461961bca"
                ],
                "source_groups": [
                  "/infra/domains/default/groups/68d872e4-875b-43c1-b3bd-92b17adf5680"
                ],
                "sources_excluded": false,
                "tag": []
              },
              {
                "action": "ALLOW",
                "description": "Allow communication from wld09-Application Server to External on TCP port 443",
                "destination_groups": [
                  "/infra/domains/default/groups/68d872e4-875b-43c1-b3bd-92b17adf5680"
                ],
                "destinations_excluded": false,
                "direction": "IN_OUT",
                "disabled": false,
                "display_name": "wld09-Application Server to External [TCP-443]",
                "ip_version": "IPV4_IPV6",
                "log_label": "",
                "logged": true,
                "notes": "",
                "nsx_id": "0c1c029d-06cd-43f9-b2e5-02c3e390516c",
                "profiles": null,
                "revision": 0,
                "rule_id": 5506,
                "scope": null,
                "sequence_number": 14,
                "services": [
                  "/infra/services/b0f7aa2c-08c1-480f-ad78-ee41ecb9b9d2"
                ],
                "source_groups": [
                  "/infra/domains/default/groups/f43eb85d-0f3c-408a-8a46-123a0b4580fc"
                ],
                "sources_excluded": false,
                "tag": []
              },
              {
                "action": "ALLOW",
                "description": "Allow communication from wld09-Application Server to External on UDP port 123",
                "destination_groups": [
                  "/infra/domains/default/groups/68d872e4-875b-43c1-b3bd-92b17adf5680"
                ],
                "destinations_excluded": false,
                "direction": "IN_OUT",
                "disabled": false,
                "display_name": "wld09-Application Server to External [UDP-123]",
                "ip_version": "IPV4_IPV6",
                "log_label": "",
                "logged": true,
                "notes": "",
                "nsx_id": "59aade41-64df-4c23-b493-02b82488b1ca",
                "profiles": null,
                "revision": 0,
                "rule_id": 5507,
                "scope": null,
                "sequence_number": 15,
                "services": [
                  "/infra/services/8b1114a8-6e37-4c87-a867-6dfbb5b3b5fe"
                ],
                "source_groups": [
                  "/infra/domains/default/groups/f43eb85d-0f3c-408a-8a46-123a0b4580fc"
                ],
                "sources_excluded": false,
                "tag": []
              },
              {
                "action": "ALLOW",
                "description": "Allow communication from wld09-Application Server to External on UDP port 53",
                "destination_groups": [
                  "/infra/domains/default/groups/68d872e4-875b-43c1-b3bd-92b17adf5680"
                ],
                "destinations_excluded": false,
                "direction": "IN_OUT",
                "disabled": false,
                "display_name": "wld09-Application Server to External [UDP-53]",
                "ip_version": "IPV4_IPV6",
                "log_label": "",
                "logged": true,
                "notes": "",
                "nsx_id": "c1a62210-0275-424e-a2a4-8db2618b5dd3",
                "profiles": null,
                "revision": 0,
                "rule_id": 5508,
                "scope": null,
                "sequence_number": 16,
                "services": [
                  "/infra/services/2ce793ae-b3c8-4b17-8908-2f588b0bed93"
                ],
                "source_groups": [
                  "/infra/domains/default/groups/f43eb85d-0f3c-408a-8a46-123a0b4580fc"
                ],
                "sources_excluded": false,
                "tag": []
              },
              {
                "action": "ALLOW",
                "description": "Allow communication from wld09-Application Server to wld09-Database Server on TCP port 3306",
                "destination_groups": [
                  "/infra/domains/default/groups/9be6bc5a-9c91-4bd5-afa0-f9e096c32416"
                ],
                "destinations_excluded": false,
                "direction": "IN_OUT",
                "disabled": false,
                "display_name": "wld09-Application Server to wld09-Database Server [TCP-3306]",
                "ip_version": "IPV4_IPV6",
                "log_label": "",
                "logged": true,
                "notes": "",
                "nsx_id": "3d48b3b5-c33b-43c3-ba3d-42ab7ae0de89",
                "profiles": null,
                "revision": 0,
                "rule_id": 5509,
                "scope": null,
                "sequence_number": 17,
                "services": [
                  "/infra/services/5ab40eef-6cc5-4626-abf6-bd80eb22d56a"
                ],
                "source_groups": [
                  "/infra/domains/default/groups/f43eb85d-0f3c-408a-8a46-123a0b4580fc"
                ],
                "sources_excluded": false,
                "tag": []
              },
              {
                "action": "ALLOW",
                "description": "Allow communication from wld09-Database Server to External on TCP port 443",
                "destination_groups": [
                  "/infra/domains/default/groups/68d872e4-875b-43c1-b3bd-92b17adf5680"
                ],
                "destinations_excluded": false,
                "direction": "IN_OUT",
                "disabled": false,
                "display_name": "wld09-Database Server to External [TCP-443]",
                "ip_version": "IPV4_IPV6",
                "log_label": "",
                "logged": true,
                "notes": "",
                "nsx_id": "f4701a95-bb0e-48c5-b4b4-a3082fc895c9",
                "profiles": null,
                "revision": 0,
                "rule_id": 5510,
                "scope": null,
                "sequence_number": 18,
                "services": [
                  "/infra/services/b0f7aa2c-08c1-480f-ad78-ee41ecb9b9d2"
                ],
                "source_groups": [
                  "/infra/domains/default/groups/9be6bc5a-9c91-4bd5-afa0-f9e096c32416"
                ],
                "sources_excluded": false,
                "tag": []
              },
              {
                "action": "ALLOW",
                "description": "Allow communication from wld09-Database Server to External on UDP port 123",
                "destination_groups": [
                  "/infra/domains/default/groups/68d872e4-875b-43c1-b3bd-92b17adf5680"
                ],
                "destinations_excluded": false,
                "direction": "IN_OUT",
                "disabled": false,
                "display_name": "wld09-Database Server to External [UDP-123]",
                "ip_version": "IPV4_IPV6",
                "log_label": "",
                "logged": true,
                "notes": "",
                "nsx_id": "02d65064-d024-4a49-bea4-5bde9f777bb9",
                "profiles": null,
                "revision": 0,
                "rule_id": 5511,
                "scope": null,
                "sequence_number": 19,
                "services": [
                  "/infra/services/8b1114a8-6e37-4c87-a867-6dfbb5b3b5fe"
                ],
                "source_groups": [
                  "/infra/domains/default/groups/9be6bc5a-9c91-4bd5-afa0-f9e096c32416"
                ],
                "sources_excluded": false,
                "tag": []
              },
              {
                "action": "ALLOW",
                "description": "Allow communication from wld09-Database Server to External on UDP port 53",
                "destination_groups": [
                  "/infra/domains/default/groups/68d872e4-875b-43c1-b3bd-92b17adf5680"
                ],
                "destinations_excluded": false,
                "direction": "IN_OUT",
                "disabled": false,
                "display_name": "wld09-Database Server to External [UDP-53]",
                "ip_version": "IPV4_IPV6",
                "log_label": "",
                "logged": true,
                "notes": "",
                "nsx_id": "ce36a641-cdff-46a7-ac2e-d7a07fbe3804",
                "profiles": null,
                "revision": 0,
                "rule_id": 5512,
                "scope": null,
                "sequence_number": 20,
                "services": [
                  "/infra/services/2ce793ae-b3c8-4b17-8908-2f588b0bed93"
                ],
                "source_groups": [
                  "/infra/domains/default/groups/9be6bc5a-9c91-4bd5-afa0-f9e096c32416"
                ],
                "sources_excluded": false,
                "tag": []
              },
              {
                "action": "ALLOW",
                "description": "Allow communication from wld09-Web Server to External on TCP port 443",
                "destination_groups": [
                  "/infra/domains/default/groups/68d872e4-875b-43c1-b3bd-92b17adf5680"
                ],
                "destinations_excluded": false,
                "direction": "IN_OUT",
                "disabled": false,
                "display_name": "wld09-Web Server to External [TCP-443]",
                "ip_version": "IPV4_IPV6",
                "log_label": "",
                "logged": true,
                "notes": "",
                "nsx_id": "86c54ba9-0db4-449c-83ff-8b6235be38c1",
                "profiles": null,
                "revision": 0,
                "rule_id": 5513,
                "scope": null,
                "sequence_number": 21,
                "services": [
                  "/infra/services/b0f7aa2c-08c1-480f-ad78-ee41ecb9b9d2"
                ],
                "source_groups": [
                  "/infra/domains/default/groups/e51a4aa7-792a-47a9-b252-6e49cda06a5c"
                ],
                "sources_excluded": false,
                "tag": []
              },
              {
                "action": "ALLOW",
                "description": "Allow communication from wld09-Web Server to External on UDP port 123",
                "destination_groups": [
                  "/infra/domains/default/groups/68d872e4-875b-43c1-b3bd-92b17adf5680"
                ],
                "destinations_excluded": false,
                "direction": "IN_OUT",
                "disabled": false,
                "display_name": "wld09-Web Server to External [UDP-123]",
                "ip_version": "IPV4_IPV6",
                "log_label": "",
                "logged": true,
                "notes": "",
                "nsx_id": "2d02cdfa-22c0-428e-a915-a14faa9ae1a6",
                "profiles": null,
                "revision": 0,
                "rule_id": 5514,
                "scope": null,
                "sequence_number": 22,
                "services": [
                  "/infra/services/8b1114a8-6e37-4c87-a867-6dfbb5b3b5fe"
                ],
                "source_groups": [
                  "/infra/domains/default/groups/e51a4aa7-792a-47a9-b252-6e49cda06a5c"
                ],
                "sources_excluded": false,
                "tag": []
              },
              {
                "action": "ALLOW",
                "description": "Allow communication from wld09-Web Server to External on UDP port 53",
                "destination_groups": [
                  "/infra/domains/default/groups/68d872e4-875b-43c1-b3bd-92b17adf5680"
                ],
                "destinations_excluded": false,
                "direction": "IN_OUT",
                "disabled": false,
                "display_name": "wld09-Web Server to External [UDP-53]",
                "ip_version": "IPV4_IPV6",
                "log_label": "",
                "logged": true,
                "notes": "",
                "nsx_id": "3002c72f-9411-4a4c-91d8-19484653eeaf",
                "profiles": null,
                "revision": 0,
                "rule_id": 5515,
                "scope": null,
                "sequence_number": 23,
                "services": [
                  "/infra/services/2ce793ae-b3c8-4b17-8908-2f588b0bed93"
                ],
                "source_groups": [
                  "/infra/domains/default/groups/e51a4aa7-792a-47a9-b252-6e49cda06a5c"
                ],
                "sources_excluded": false,
                "tag": []
              },
              {
                "action": "ALLOW",
                "description": "Allow communication from wld09-Web Server to wld09-Application Server on TCP port 8443",
                "destination_groups": [
                  "/infra/domains/default/groups/f43eb85d-0f3c-408a-8a46-123a0b4580fc"
                ],
                "destinations_excluded": false,
                "direction": "IN_OUT",
                "disabled": false,
                "display_name": "wld09-Web Server to wld09-Application Server [TCP-8443]",
                "ip_version": "IPV4_IPV6",
                "log_label": "",
                "logged": true,
                "notes": "",
                "nsx_id": "0914172d-0914-4c56-801d-c1677fd0a803",
                "profiles": null,
                "revision": 0,
                "rule_id": 5516,
                "scope": null,
                "sequence_number": 24,
                "services": [
                  "/infra/services/8c0fbb36-fdfe-4c73-9199-1f0375e1c3f7"
                ],
                "source_groups": [
                  "/infra/domains/default/groups/e51a4aa7-792a-47a9-b252-6e49cda06a5c"
                ],
                "sources_excluded": false,
                "tag": []
              },
              {
                "action": "DROP",
                "description": "Deny all other traffic between applications",
                "destination_groups": null,
                "destinations_excluded": false,
                "direction": "IN_OUT",
                "disabled": false,
                "display_name": "Deny All Other Application Traffic",
                "ip_version": "IPV4_IPV6",
                "log_label": "",
                "logged": true,
                "notes": "",
                "nsx_id": "2e5cbcfc-97a6-43ef-8798-0d7e9c54870b",
                "profiles": null,
                "revision": 0,
                "rule_id": 5517,
                "scope": null,
                "sequence_number": 25,
                "services": null,
                "source_groups": null,
                "sources_excluded": false,
                "tag": []
              }
            ],
            "scope": null,
            "sequence_number": 8,
            "stateful": true,
            "tag": [],
            "tcp_strict": false
          },
          "sensitive_attributes": [],
          "private": "bnVsbA==",
          "dependencies": [
            "nsxt_policy_group.app_groups",
            "nsxt_policy_group.environment_groups",
            "nsxt_policy_service.services"
          ],
          "create_before_destroy": true
        }
      ]
    },
    {
      "mode": "managed",
      "type": "nsxt_policy_security_policy",
      "name": "environment_isolation",
      "provider": "provider[\"registry.terraform.io/vmware/nsxt\"]",
      "instances": [
        {
          "schema_version": 0,
          "attributes": {
            "category": "Environment",
            "comments": "",
            "context": [],
            "description": "Security policy to isolate environments based on allowed_communications",
            "display_name": "Environment Isolation Policy",
            "domain": "default",
            "id": "447cbe01-aa7b-4f80-b541-f759edc9f7ae",
            "locked": false,
            "nsx_id": "447cbe01-aa7b-4f80-b541-f759edc9f7ae",
            "path": "/infra/domains/default/security-policies/447cbe01-aa7b-4f80-b541-f759edc9f7ae",
            "revision": 1,
            "rule": [
              {
                "action": "ALLOW",
                "description": "Allow communication from Production to Test as specified in allowed_communications",
                "destination_groups": [
                  "/infra/domains/default/groups/8fa4eef0-008b-4d4d-8674-5ab5d549dcc0"
                ],
                "destinations_excluded": false,
                "direction": "IN_OUT",
                "disabled": false,
                "display_name": "Allow Production to Test",
                "ip_version": "IPV4_IPV6",
                "log_label": "",
                "logged": true,
                "notes": "",
                "nsx_id": "83890d58-1d3c-4391-8e27-0d62758dbdb6",
                "profiles": null,
                "revision": 0,
                "rule_id": 5489,
                "scope": null,
                "sequence_number": 1,
                "services": null,
                "source_groups": [
                  "/infra/domains/default/groups/68d872e4-875b-43c1-b3bd-92b17adf5680"
                ],
                "sources_excluded": false,
                "tag": []
              },
              {
                "action": "ALLOW",
                "description": "Allow communication from Test to Production as specified in allowed_communications",
                "destination_groups": [
                  "/infra/domains/default/groups/68d872e4-875b-43c1-b3bd-92b17adf5680"
                ],
                "destinations_excluded": false,
                "direction": "IN_OUT",
                "disabled": false,
                "display_name": "Allow Test to Production",
                "ip_version": "IPV4_IPV6",
                "log_label": "",
                "logged": true,
                "notes": "",
                "nsx_id": "23128f86-fbb0-44b1-a4b8-9459b7dac568",
                "profiles": null,
                "revision": 0,
                "rule_id": 5490,
                "scope": null,
                "sequence_number": 2,
                "services": null,
                "source_groups": [
                  "/infra/domains/default/groups/8fa4eef0-008b-4d4d-8674-5ab5d549dcc0"
                ],
                "sources_excluded": false,
                "tag": []
              },
              {
                "action": "DROP",
                "description": "Block communication from Production to environments not in its allowed list",
                "destination_groups": null,
                "destinations_excluded": false,
                "direction": "IN_OUT",
                "disabled": false,
                "display_name": "Block Production to unauthorized environments",
                "ip_version": "IPV4_IPV6",
                "log_label": "",
                "logged": true,
                "notes": "",
                "nsx_id": "a47c977e-142b-466f-86f6-e364bcf0db26",
                "profiles": null,
                "revision": 0,
                "rule_id": 5491,
                "scope": null,
                "sequence_number": 3,
                "services": null,
                "source_groups": [
                  "/infra/domains/default/groups/68d872e4-875b-43c1-b3bd-92b17adf5680"
                ],
                "sources_excluded": false,
                "tag": []
              },
              {
                "action": "DROP",
                "description": "Block communication from Test to environments not in its allowed list",
                "destination_groups": null,
                "destinations_excluded": false,
                "direction": "IN_OUT",
                "disabled": false,
                "display_name": "Block Test to unauthorized environments",
                "ip_version": "IPV4_IPV6",
                "log_label": "",
                "logged": true,
                "notes": "",
                "nsx_id": "33b4b4ea-1f91-427e-b175-3bb744f76ea9",
                "profiles": null,
                "revision": 0,
                "rule_id": 5492,
                "scope": null,
                "sequence_number": 4,
                "services": null,
                "source_groups": [
                  "/infra/domains/default/groups/8fa4eef0-008b-4d4d-8674-5ab5d549dcc0"
                ],
                "sources_excluded": false,
                "tag": []
              }
            ],
            "scope": null,
            "sequence_number": 10,
            "stateful": true,
            "tag": [],
            "tcp_strict": false
          },
          "sensitive_attributes": [],
          "private": "bnVsbA==",
          "dependencies": [
            "nsxt_policy_group.environment_groups"
          ],
          "create_before_destroy": true
        }
      ]
    },
    {
      "mode": "managed",
      "type": "nsxt_policy_service",
      "name": "services",
      "provider": "provider[\"registry.terraform.io/vmware/nsxt\"]",
      "instances": [
        {
          "index_key": "TCP-22",
          "schema_version": 0,
          "attributes": {
            "algorithm_entry": [],
            "context": [],
            "description": "Service for TCP port 22",
            "display_name": "TCP-22",
            "ether_type_entry": [],
            "icmp_entry": [],
            "id": "9a5f5845-204b-4f89-ac44-6abe2a708248",
            "igmp_entry": [],
            "ip_protocol_entry": [],
            "l4_port_set_entry": [
              {
                "description": "",
                "destination_ports": [
                  "22"
                ],
                "display_name": "TCP-22",
                "protocol": "TCP",
                "source_ports": []
              }
            ],
            "nested_service_entry": [],
            "nsx_id": "9a5f5845-204b-4f89-ac44-6abe2a708248",
            "path": "/infra/services/9a5f5845-204b-4f89-ac44-6abe2a708248",
            "revision": 0,
            "tag": []
          },
          "sensitive_attributes": [],
          "private": "bnVsbA==",
          "create_before_destroy": true
        },
        {
          "index_key": "TCP-3306",
          "schema_version": 0,
          "attributes": {
            "algorithm_entry": [],
            "context": [],
            "description": "Service for TCP port 3306",
            "display_name": "TCP-3306",
            "ether_type_entry": [],
            "icmp_entry": [],
            "id": "5ab40eef-6cc5-4626-abf6-bd80eb22d56a",
            "igmp_entry": [],
            "ip_protocol_entry": [],
            "l4_port_set_entry": [
              {
                "description": "",
                "destination_ports": [
                  "3306"
                ],
                "display_name": "TCP-3306",
                "protocol": "TCP",
                "source_ports": []
              }
            ],
            "nested_service_entry": [],
            "nsx_id": "5ab40eef-6cc5-4626-abf6-bd80eb22d56a",
            "path": "/infra/services/5ab40eef-6cc5-4626-abf6-bd80eb22d56a",
            "revision": 0,
            "tag": []
          },
          "sensitive_attributes": [],
          "private": "bnVsbA==",
          "create_before_destroy": true
        },
        {
          "index_key": "TCP-443",
          "schema_version": 0,
          "attributes": {
            "algorithm_entry": [],
            "context": [],
            "description": "Service for TCP port 443",
            "display_name": "TCP-443",
            "ether_type_entry": [],
            "icmp_entry": [],
            "id": "b0f7aa2c-08c1-480f-ad78-ee41ecb9b9d2",
            "igmp_entry": [],
            "ip_protocol_entry": [],
            "l4_port_set_entry": [
              {
                "description": "",
                "destination_ports": [
                  "443"
                ],
                "display_name": "TCP-443",
                "protocol": "TCP",
                "source_ports": []
              }
            ],
            "nested_service_entry": [],
            "nsx_id": "b0f7aa2c-08c1-480f-ad78-ee41ecb9b9d2",
            "path": "/infra/services/b0f7aa2c-08c1-480f-ad78-ee41ecb9b9d2",
            "revision": 0,
            "tag": []
          },
          "sensitive_attributes": [],
          "private": "bnVsbA==",
          "create_before_destroy": true
        },
        {
          "index_key": "TCP-8443",
          "schema_version": 0,
          "attributes": {
            "algorithm_entry": [],
            "context": [],
            "description": "Service for TCP port 8443",
            "display_name": "TCP-8443",
            "ether_type_entry": [],
            "icmp_entry": [],
            "id": "8c0fbb36-fdfe-4c73-9199-1f0375e1c3f7",
            "igmp_entry": [],
            "ip_protocol_entry": [],
            "l4_port_set_entry": [
              {
                "description": "",
                "destination_ports": [
                  "8443"
                ],
                "display_name": "TCP-8443",
                "protocol": "TCP",
                "source_ports": []
              }
            ],
            "nested_service_entry": [],
            "nsx_id": "8c0fbb36-fdfe-4c73-9199-1f0375e1c3f7",
            "path": "/infra/services/8c0fbb36-fdfe-4c73-9199-1f0375e1c3f7",
            "revision": 0,
            "tag": []
          },
          "sensitive_attributes": [],
          "private": "bnVsbA==",
          "create_before_destroy": true
        },
        {
          "index_key": "UDP-123",
          "schema_version": 0,
          "attributes": {
            "algorithm_entry": [],
            "context": [],
            "description": "Service for UDP port 123",
            "display_name": "UDP-123",
            "ether_type_entry": [],
            "icmp_entry": [],
            "id": "8b1114a8-6e37-4c87-a867-6dfbb5b3b5fe",
            "igmp_entry": [],
            "ip_protocol_entry": [],
            "l4_port_set_entry": [
              {
                "description": "",
                "destination_ports": [
                  "123"
                ],
                "display_name": "UDP-123",
                "protocol": "UDP",
                "source_ports": []
              }
            ],
            "nested_service_entry": [],
            "nsx_id": "8b1114a8-6e37-4c87-a867-6dfbb5b3b5fe",
            "path": "/infra/services/8b1114a8-6e37-4c87-a867-6dfbb5b3b5fe",
            "revision": 0,
            "tag": []
          },
          "sensitive_attributes": [],
          "private": "bnVsbA==",
          "create_before_destroy": true
        },
        {
          "index_key": "UDP-30000-39999",
          "schema_version": 0,
          "attributes": {
            "algorithm_entry": [],
            "context": [],
            "description": "Service for UDP port 30000",
            "display_name": "UDP-30000-39999",
            "ether_type_entry": [],
            "icmp_entry": [],
            "id": "8a05f0f7-de20-463c-8a26-e81f5f271206",
            "igmp_entry": [],
            "ip_protocol_entry": [],
            "l4_port_set_entry": [
              {
                "description": "",
                "destination_ports": [
                  "30000"
                ],
                "display_name": "UDP-30000-39999",
                "protocol": "UDP",
                "source_ports": []
              }
            ],
            "nested_service_entry": [],
            "nsx_id": "8a05f0f7-de20-463c-8a26-e81f5f271206",
            "path": "/infra/services/8a05f0f7-de20-463c-8a26-e81f5f271206",
            "revision": 0,
            "tag": []
          },
          "sensitive_attributes": [],
          "private": "bnVsbA==",
          "create_before_destroy": true
        },
        {
          "index_key": "UDP-40000-49999",
          "schema_version": 0,
          "attributes": {
            "algorithm_entry": [],
            "context": [],
            "description": "Service for UDP port 40000",
            "display_name": "UDP-40000-49999",
            "ether_type_entry": [],
            "icmp_entry": [],
            "id": "45a3a2bf-de94-496f-82f3-8f367256b390",
            "igmp_entry": [],
            "ip_protocol_entry": [],
            "l4_port_set_entry": [
              {
                "description": "",
                "destination_ports": [
                  "40000"
                ],
                "display_name": "UDP-40000-49999",
                "protocol": "UDP",
                "source_ports": []
              }
            ],
            "nested_service_entry": [],
            "nsx_id": "45a3a2bf-de94-496f-82f3-8f367256b390",
            "path": "/infra/services/45a3a2bf-de94-496f-82f3-8f367256b390",
            "revision": 0,
            "tag": []
          },
          "sensitive_attributes": [],
          "private": "bnVsbA==",
          "create_before_destroy": true
        },
        {
          "index_key": "UDP-50000-59999",
          "schema_version": 0,
          "attributes": {
            "algorithm_entry": [],
            "context": [],
            "description": "Service for UDP port 50000",
            "display_name": "UDP-50000-59999",
            "ether_type_entry": [],
            "icmp_entry": [],
            "id": "a4796c53-8011-44b9-a822-8bf059e53df3",
            "igmp_entry": [],
            "ip_protocol_entry": [],
            "l4_port_set_entry": [
              {
                "description": "",
                "destination_ports": [
                  "50000"
                ],
                "display_name": "UDP-50000-59999",
                "protocol": "UDP",
                "source_ports": []
              }
            ],
            "nested_service_entry": [],
            "nsx_id": "a4796c53-8011-44b9-a822-8bf059e53df3",
            "path": "/infra/services/a4796c53-8011-44b9-a822-8bf059e53df3",
            "revision": 0,
            "tag": []
          },
          "sensitive_attributes": [],
          "private": "bnVsbA==",
          "create_before_destroy": true
        },
        {
          "index_key": "UDP-53",
          "schema_version": 0,
          "attributes": {
            "algorithm_entry": [],
            "context": [],
            "description": "Service for UDP port 53",
            "display_name": "UDP-53",
            "ether_type_entry": [],
            "icmp_entry": [],
            "id": "2ce793ae-b3c8-4b17-8908-2f588b0bed93",
            "igmp_entry": [],
            "ip_protocol_entry": [],
            "l4_port_set_entry": [
              {
                "description": "",
                "destination_ports": [
                  "53"
                ],
                "display_name": "UDP-53",
                "protocol": "UDP",
                "source_ports": []
              }
            ],
            "nested_service_entry": [],
            "nsx_id": "2ce793ae-b3c8-4b17-8908-2f588b0bed93",
            "path": "/infra/services/2ce793ae-b3c8-4b17-8908-2f588b0bed93",
            "revision": 0,
            "tag": []
          },
          "sensitive_attributes": [],
          "private": "bnVsbA==",
          "create_before_destroy": true
        },
        {
          "index_key": "UDP-60000-65535",
          "schema_version": 0,
          "attributes": {
            "algorithm_entry": [],
            "context": [],
            "description": "Service for UDP port 60000",
            "display_name": "UDP-60000-65535",
            "ether_type_entry": [],
            "icmp_entry": [],
            "id": "3c763502-bb87-42ff-8665-559461961bca",
            "igmp_entry": [],
            "ip_protocol_entry": [],
            "l4_port_set_entry": [
              {
                "description": "",
                "destination_ports": [
                  "60000"
                ],
                "display_name": "UDP-60000-65535",
                "protocol": "UDP",
                "source_ports": []
              }
            ],
            "nested_service_entry": [],
            "nsx_id": "3c763502-bb87-42ff-8665-559461961bca",
            "path": "/infra/services/3c763502-bb87-42ff-8665-559461961bca",
            "revision": 0,
            "tag": []
          },
          "sensitive_attributes": [],
          "private": "bnVsbA==",
          "create_before_destroy": true
        }
      ]
    },
    {
      "mode": "managed",
      "type": "nsxt_policy_vm_tags",
      "name": "vm_tags",
      "provider": "provider[\"registry.terraform.io/vmware/nsxt\"]",
      "instances": [
        {
          "index_key": "p-app-01a",
          "schema_version": 0,
          "attributes": {
            "context": [],
            "id": "500e66ad-6efc-e7fe-6ba3-74d45c3eb94f",
            "instance_id": "500e66ad-6efc-e7fe-6ba3-74d45c3eb94f",
            "port": [],
            "tag": [
              {
                "scope": "application",
                "tag": "wld09-Application Server"
              },
              {
                "scope": "environment",
                "tag": "Production"
              }
            ]
          },
          "sensitive_attributes": [],
          "private": "bnVsbA==",
          "dependencies": [
            "data.nsxt_policy_vm.vms"
          ],
          "create_before_destroy": true
        },
        {
          "index_key": "p-db-01a",
          "schema_version": 0,
          "attributes": {
            "context": [],
            "id": "500eb8ab-1d7d-8803-906e-b540fdcf7f6f",
            "instance_id": "500eb8ab-1d7d-8803-906e-b540fdcf7f6f",
            "port": [],
            "tag": [
              {
                "scope": "application",
                "tag": "wld09-Database Server"
              },
              {
                "scope": "environment",
                "tag": "Production"
              }
            ]
          },
          "sensitive_attributes": [],
          "private": "bnVsbA==",
          "dependencies": [
            "data.nsxt_policy_vm.vms"
          ],
          "create_before_destroy": true
        },
        {
          "index_key": "p-web-01a",
          "schema_version": 0,
          "attributes": {
            "context": [],
            "id": "500eedf5-5f28-eed1-6a09-0f558d46ad41",
            "instance_id": "500eedf5-5f28-eed1-6a09-0f558d46ad41",
            "port": [],
            "tag": [
              {
                "scope": "application",
                "tag": "wld09-Web Server"
              },
              {
                "scope": "environment",
                "tag": "Production"
              }
            ]
          },
          "sensitive_attributes": [],
          "private": "bnVsbA==",
          "dependencies": [
            "data.nsxt_policy_vm.vms"
          ],
          "create_before_destroy": true
        },
        {
          "index_key": "p-web-02a",
          "schema_version": 0,
          "attributes": {
            "context": [],
            "id": "500e4b09-2edf-482e-149b-978b60215a45",
            "instance_id": "500e4b09-2edf-482e-149b-978b60215a45",
            "port": [],
            "tag": [
              {
                "scope": "application",
                "tag": "wld09-Web Server"
              },
              {
                "scope": "environment",
                "tag": "Production"
              }
            ]
          },
          "sensitive_attributes": [],
          "private": "bnVsbA==",
          "dependencies": [
            "data.nsxt_policy_vm.vms"
          ],
          "create_before_destroy": true
        },
        {
          "index_key": "p-web-03a",
          "schema_version": 0,
          "attributes": {
            "context": [],
            "id": "500e169f-7231-266a-4c3d-fbd4ddaf246b",
            "instance_id": "500e169f-7231-266a-4c3d-fbd4ddaf246b",
            "port": [],
            "tag": [
              {
                "scope": "application",
                "tag": "wld09-Web Server"
              },
              {
                "scope": "environment",
                "tag": "Production"
              }
            ]
          },
          "sensitive_attributes": [],
          "private": "bnVsbA==",
          "dependencies": [
            "data.nsxt_policy_vm.vms"
          ],
          "create_before_destroy": true
        },
        {
          "index_key": "t-app-01a",
          "schema_version": 0,
          "attributes": {
            "context": [],
            "id": "500e1a06-0bb7-5aa2-230c-73642a3e23c1",
            "instance_id": "500e1a06-0bb7-5aa2-230c-73642a3e23c1",
            "port": [],
            "tag": [
              {
                "scope": "application",
                "tag": "wld09-Application Server"
              },
              {
                "scope": "environment",
                "tag": "Test"
              }
            ]
          },
          "sensitive_attributes": [],
          "private": "bnVsbA==",
          "dependencies": [
            "data.nsxt_policy_vm.vms"
          ],
          "create_before_destroy": true
        },
        {
          "index_key": "t-db-01a",
          "schema_version": 0,
          "attributes": {
            "context": [],
            "id": "500eaab6-b602-787e-fdde-70c3ee2f655a",
            "instance_id": "500eaab6-b602-787e-fdde-70c3ee2f655a",
            "port": [],
            "tag": [
              {
                "scope": "application",
                "tag": "wld09-Database Server"
              },
              {
                "scope": "environment",
                "tag": "Test"
              }
            ]
          },
          "sensitive_attributes": [],
          "private": "bnVsbA==",
          "dependencies": [
            "data.nsxt_policy_vm.vms"
          ],
          "create_before_destroy": true
        },
        {
          "index_key": "t-web-01a",
          "schema_version": 0,
          "attributes": {
            "context": [],
            "id": "500ea1c4-d4ce-5ff0-eec5-deaa96bcf00e",
            "instance_id": "500ea1c4-d4ce-5ff0-eec5-deaa96bcf00e",
            "port": [],
            "tag": [
              {
                "scope": "application",
                "tag": "wld09-Web Server"
              },
              {
                "scope": "environment",
                "tag": "Test"
              }
            ]
          },
          "sensitive_attributes": [],
          "private": "bnVsbA==",
          "dependencies": [
            "data.nsxt_policy_vm.vms"
          ],
          "create_before_destroy": true
        },
        {
          "index_key": "t-web-02a",
          "schema_version": 0,
          "attributes": {
            "context": [],
            "id": "500ebfe0-9f49-a1c6-d5d3-bc0c6a42fc91",
            "instance_id": "500ebfe0-9f49-a1c6-d5d3-bc0c6a42fc91",
            "port": [],
            "tag": [
              {
                "scope": "application",
                "tag": "wld09-Web Server"
              },
              {
                "scope": "environment",
                "tag": "Test"
              }
            ]
          },
          "sensitive_attributes": [],
          "private": "bnVsbA==",
          "dependencies": [
            "data.nsxt_policy_vm.vms"
          ],
          "create_before_destroy": true
        },
        {
          "index_key": "t-web-03a",
          "schema_version": 0,
          "attributes": {
            "context": [],
            "id": "500e4809-32b4-cbb5-bece-e59d5dc1e4aa",
            "instance_id": "500e4809-32b4-cbb5-bece-e59d5dc1e4aa",
            "port": [],
            "tag": [
              {
                "scope": "application",
                "tag": "wld09-Web Server"
              },
              {
                "scope": "environment",
                "tag": "Test"
              }
            ]
          },
          "sensitive_attributes": [],
          "private": "bnVsbA==",
          "dependencies": [
            "data.nsxt_policy_vm.vms"
          ],
          "create_before_destroy": true
        }
      ]
    }
  ],
  "check_results": null
}
