{
  "version": 4,
  "terraform_version": "1.11.4",
  "serial": 523,
  "lineage": "f4c691af-fa3a-9a1e-f47d-9c77392ec1db",
  "outputs": {
    "application_groups_created": {
      "value": [
        "app-wld09-Application Server",
        "app-wld09-Database Server",
        "app-wld09-Web Server"
      ],
      "type": [
        "tuple",
        [
          "string",
          "string",
          "string"
        ]
      ]
    },
    "application_policies_created": {
      "value": [
        "Application Security Policy"
      ],
      "type": [
        "tuple",
        [
          "string"
        ]
      ]
    },
    "application_tags": {
      "value": [
        "wld09-Application Server",
        "wld09-Database Server",
        "wld09-Web Server"
      ],
      "type": [
        "list",
        "string"
      ]
    },
    "environment_groups_created": {
      "value": [
        "env-Production",
        "env-Test"
      ],
      "type": [
        "tuple",
        [
          "string",
          "string"
        ]
      ]
    },
    "environment_tags": {
      "value": [
        "Production",
        "Test"
      ],
      "type": [
        "list",
        "string"
      ]
    },
    "vm_count": {
      "value": 10,
      "type": "number"
    }
  },
  "resources": [
    {
      "mode": "data",
      "type": "nsxt_policy_vm",
      "name": "vms",
      "provider": "provider[\"registry.terraform.io/vmware/nsxt\"]",
      "instances": [
        {
          "index_key": "p-app-01a",
          "schema_version": 0,
          "attributes": {
            "bios_id": "420ed69b-758d-155e-63d7-1aa278448f8e",
            "context": null,
            "description": "",
            "display_name": "p-app-01a",
            "external_id": "500e66ad-6efc-e7fe-6ba3-74d45c3eb94f",
            "id": "500e66ad-6efc-e7fe-6ba3-74d45c3eb94f",
            "instance_id": "500e66ad-6efc-e7fe-6ba3-74d45c3eb94f"
          },
          "sensitive_attributes": []
        },
        {
          "index_key": "p-db-01a",
          "schema_version": 0,
          "attributes": {
            "bios_id": "420e40f9-3ff4-ffdd-bdb5-0233b4f0493f",
            "context": null,
            "description": "",
            "display_name": "p-db-01a",
            "external_id": "500eb8ab-1d7d-8803-906e-b540fdcf7f6f",
            "id": "500eb8ab-1d7d-8803-906e-b540fdcf7f6f",
            "instance_id": "500eb8ab-1d7d-8803-906e-b540fdcf7f6f"
          },
          "sensitive_attributes": []
        },
        {
          "index_key": "p-web-01a",
          "schema_version": 0,
          "attributes": {
            "bios_id": "420e446e-cf67-8086-932a-bbebf4f9537e",
            "context": null,
            "description": "",
            "display_name": "p-web-01a",
            "external_id": "500eedf5-5f28-eed1-6a09-0f558d46ad41",
            "id": "500eedf5-5f28-eed1-6a09-0f558d46ad41",
            "instance_id": "500eedf5-5f28-eed1-6a09-0f558d46ad41"
          },
          "sensitive_attributes": []
        },
        {
          "index_key": "p-web-02a",
          "schema_version": 0,
          "attributes": {
            "bios_id": "420e0373-2d68-d850-c333-c9a5b68a9cd0",
            "context": null,
            "description": "",
            "display_name": "p-web-02a",
            "external_id": "500e4b09-2edf-482e-149b-978b60215a45",
            "id": "500e4b09-2edf-482e-149b-978b60215a45",
            "instance_id": "500e4b09-2edf-482e-149b-978b60215a45"
          },
          "sensitive_attributes": []
        },
        {
          "index_key": "p-web-03a",
          "schema_version": 0,
          "attributes": {
            "bios_id": "420ee229-5d04-f4a0-9a68-4531951a77c1",
            "context": null,
            "description": "",
            "display_name": "p-web-03a",
            "external_id": "500e169f-7231-266a-4c3d-fbd4ddaf246b",
            "id": "500e169f-7231-266a-4c3d-fbd4ddaf246b",
            "instance_id": "500e169f-7231-266a-4c3d-fbd4ddaf246b"
          },
          "sensitive_attributes": []
        },
        {
          "index_key": "t-app-01a",
          "schema_version": 0,
          "attributes": {
            "bios_id": "420ec69b-f0eb-f021-e76a-1ba3f8f3f229",
            "context": null,
            "description": "",
            "display_name": "t-app-01a",
            "external_id": "500e1a06-0bb7-5aa2-230c-73642a3e23c1",
            "id": "500e1a06-0bb7-5aa2-230c-73642a3e23c1",
            "instance_id": "500e1a06-0bb7-5aa2-230c-73642a3e23c1"
          },
          "sensitive_attributes": []
        },
        {
          "index_key": "t-db-01a",
          "schema_version": 0,
          "attributes": {
            "bios_id": "420ee52b-28dc-83eb-4b9a-38b8c52f5acd",
            "context": null,
            "description": "",
            "display_name": "t-db-01a",
            "external_id": "500eaab6-b602-787e-fdde-70c3ee2f655a",
            "id": "500eaab6-b602-787e-fdde-70c3ee2f655a",
            "instance_id": "500eaab6-b602-787e-fdde-70c3ee2f655a"
          },
          "sensitive_attributes": []
        },
        {
          "index_key": "t-web-01a",
          "schema_version": 0,
          "attributes": {
            "bios_id": "420e1dbc-a4d5-1ce2-c6dc-703bfeea8d16",
            "context": null,
            "description": "",
            "display_name": "t-web-01a",
            "external_id": "500ea1c4-d4ce-5ff0-eec5-deaa96bcf00e",
            "id": "500ea1c4-d4ce-5ff0-eec5-deaa96bcf00e",
            "instance_id": "500ea1c4-d4ce-5ff0-eec5-deaa96bcf00e"
          },
          "sensitive_attributes": []
        },
        {
          "index_key": "t-web-02a",
          "schema_version": 0,
          "attributes": {
            "bios_id": "420ed273-30b9-6979-6784-c7f94f425260",
            "context": null,
            "description": "",
            "display_name": "t-web-02a",
            "external_id": "500ebfe0-9f49-a1c6-d5d3-bc0c6a42fc91",
            "id": "500ebfe0-9f49-a1c6-d5d3-bc0c6a42fc91",
            "instance_id": "500ebfe0-9f49-a1c6-d5d3-bc0c6a42fc91"
          },
          "sensitive_attributes": []
        },
        {
          "index_key": "t-web-03a",
          "schema_version": 0,
          "attributes": {
            "bios_id": "420e9c03-8ab0-6020-c7ff-ef4f8e691da9",
            "context": null,
            "description": "",
            "display_name": "t-web-03a",
            "external_id": "500e4809-32b4-cbb5-bece-e59d5dc1e4aa",
            "id": "500e4809-32b4-cbb5-bece-e59d5dc1e4aa",
            "instance_id": "500e4809-32b4-cbb5-bece-e59d5dc1e4aa"
          },
          "sensitive_attributes": []
        }
      ]
    },
    {
      "mode": "managed",
      "type": "nsxt_policy_group",
      "name": "app_groups",
      "provider": "provider[\"registry.terraform.io/vmware/nsxt\"]",
      "instances": [
        {
          "index_key": "wld09-Application Server",
          "schema_version": 0,
          "attributes": {
            "conjunction": [],
            "context": [],
            "criteria": [
              {
                "condition": [
                  {
                    "key": "Tag",
                    "member_type": "VirtualMachine",
                    "operator": "EQUALS",
                    "value": "wld09-Application Server"
                  }
                ],
                "external_id_expression": [],
                "ipaddress_expression": [],
                "macaddress_expression": [],
                "path_expression": []
              }
            ],
            "description": "Group for wld09 Application Server application",
            "display_name": "app-wld09-Application Server",
            "domain": "default",
            "extended_criteria": [],
            "group_type": null,
            "id": "01fc8382-50fe-4736-9b78-39dcb55ed525",
            "nsx_id": "01fc8382-50fe-4736-9b78-39dcb55ed525",
            "path": "/infra/domains/default/groups/01fc8382-50fe-4736-9b78-39dcb55ed525",
            "revision": 0,
            "tag": []
          },
          "sensitive_attributes": [],
          "private": "bnVsbA==",
          "create_before_destroy": true
        },
        {
          "index_key": "wld09-Database Server",
          "schema_version": 0,
          "attributes": {
            "conjunction": [],
            "context": [],
            "criteria": [
              {
                "condition": [
                  {
                    "key": "Tag",
                    "member_type": "VirtualMachine",
                    "operator": "EQUALS",
                    "value": "wld09-Database Server"
                  }
                ],
                "external_id_expression": [],
                "ipaddress_expression": [],
                "macaddress_expression": [],
                "path_expression": []
              }
            ],
            "description": "Group for wld09 Database Server application",
            "display_name": "app-wld09-Database Server",
            "domain": "default",
            "extended_criteria": [],
            "group_type": null,
            "id": "c3c80c96-642f-41b7-8084-5dde115c8bf1",
            "nsx_id": "c3c80c96-642f-41b7-8084-5dde115c8bf1",
            "path": "/infra/domains/default/groups/c3c80c96-642f-41b7-8084-5dde115c8bf1",
            "revision": 0,
            "tag": []
          },
          "sensitive_attributes": [],
          "private": "bnVsbA==",
          "create_before_destroy": true
        },
        {
          "index_key": "wld09-Web Server",
          "schema_version": 0,
          "attributes": {
            "conjunction": [],
            "context": [],
            "criteria": [
              {
                "condition": [
                  {
                    "key": "Tag",
                    "member_type": "VirtualMachine",
                    "operator": "EQUALS",
                    "value": "wld09-Web Server"
                  }
                ],
                "external_id_expression": [],
                "ipaddress_expression": [],
                "macaddress_expression": [],
                "path_expression": []
              }
            ],
            "description": "Group for wld09 Web Server application",
            "display_name": "app-wld09-Web Server",
            "domain": "default",
            "extended_criteria": [],
            "group_type": null,
            "id": "1d58d1c0-ba8c-4583-97a7-c10a6492c692",
            "nsx_id": "1d58d1c0-ba8c-4583-97a7-c10a6492c692",
            "path": "/infra/domains/default/groups/1d58d1c0-ba8c-4583-97a7-c10a6492c692",
            "revision": 0,
            "tag": []
          },
          "sensitive_attributes": [],
          "private": "bnVsbA==",
          "create_before_destroy": true
        }
      ]
    },
    {
      "mode": "managed",
      "type": "nsxt_policy_group",
      "name": "environment_groups",
      "provider": "provider[\"registry.terraform.io/vmware/nsxt\"]",
      "instances": [
        {
          "index_key": "Production",
          "schema_version": 0,
          "attributes": {
            "conjunction": [],
            "context": [],
            "criteria": [
              {
                "condition": [
                  {
                    "key": "Tag",
                    "member_type": "VirtualMachine",
                    "operator": "EQUALS",
                    "value": "Production"
                  }
                ],
                "external_id_expression": [],
                "ipaddress_expression": [],
                "macaddress_expression": [],
                "path_expression": []
              }
            ],
            "description": "Group for Production environment",
            "display_name": "env-Production",
            "domain": "default",
            "extended_criteria": [],
            "group_type": null,
            "id": "b82538cc-a8b8-47ff-ae0a-5a0ba61aa12e",
            "nsx_id": "b82538cc-a8b8-47ff-ae0a-5a0ba61aa12e",
            "path": "/infra/domains/default/groups/b82538cc-a8b8-47ff-ae0a-5a0ba61aa12e",
            "revision": 0,
            "tag": []
          },
          "sensitive_attributes": [],
          "private": "bnVsbA==",
          "create_before_destroy": true
        },
        {
          "index_key": "Test",
          "schema_version": 0,
          "attributes": {
            "conjunction": [],
            "context": [],
            "criteria": [
              {
                "condition": [
                  {
                    "key": "Tag",
                    "member_type": "VirtualMachine",
                    "operator": "EQUALS",
                    "value": "Test"
                  }
                ],
                "external_id_expression": [],
                "ipaddress_expression": [],
                "macaddress_expression": [],
                "path_expression": []
              }
            ],
            "description": "Group for Test environment",
            "display_name": "env-Test",
            "domain": "default",
            "extended_criteria": [],
            "group_type": null,
            "id": "baf72b7e-46fa-4884-8e90-e8ef3fa6aa95",
            "nsx_id": "baf72b7e-46fa-4884-8e90-e8ef3fa6aa95",
            "path": "/infra/domains/default/groups/baf72b7e-46fa-4884-8e90-e8ef3fa6aa95",
            "revision": 0,
            "tag": []
          },
          "sensitive_attributes": [],
          "private": "bnVsbA==",
          "create_before_destroy": true
        }
      ]
    },
    {
      "mode": "managed",
      "type": "nsxt_policy_security_policy",
      "name": "application_policy",
      "provider": "provider[\"registry.terraform.io/vmware/nsxt\"]",
      "instances": [
        {
          "schema_version": 0,
          "attributes": {
            "category": "Application",
            "comments": "",
            "context": [],
            "description": "Security policy for all applications",
            "display_name": "Application Security Policy",
            "domain": "default",
            "id": "fda444fa-2260-4f51-a8d1-18cb264af3f4",
            "locked": false,
            "nsx_id": "fda444fa-2260-4f51-a8d1-18cb264af3f4",
            "path": "/infra/domains/default/security-policies/fda444fa-2260-4f51-a8d1-18cb264af3f4",
            "revision": 1,
            "rule": [
              {
                "action": "ALLOW",
                "description": "Allow communication from External to External on UDP port 123",
                "destination_groups": [
                  "/infra/domains/default/groups/b82538cc-a8b8-47ff-ae0a-5a0ba61aa12e"
                ],
                "destinations_excluded": false,
                "direction": "IN_OUT",
                "disabled": false,
                "display_name": "External to External [UDP-123]",
                "ip_version": "IPV4_IPV6",
                "log_label": "",
                "logged": true,
                "notes": "",
                "nsx_id": "3ac651c9-39c4-428b-a18b-0ed3c05afee5",
                "profiles": [],
                "revision": 0,
                "rule_id": 5434,
                "scope": [],
                "sequence_number": 1,
                "services": [
                  "/infra/services/58e8643e-b178-4270-91f7-0dd131d98fe5"
                ],
                "source_groups": [
                  "/infra/domains/default/groups/b82538cc-a8b8-47ff-ae0a-5a0ba61aa12e"
                ],
                "sources_excluded": false,
                "tag": []
              },
              {
                "action": "ALLOW",
                "description": "Allow communication from wld09-Application Server to External on UDP port 53",
                "destination_groups": [
                  "/infra/domains/default/groups/b82538cc-a8b8-47ff-ae0a-5a0ba61aa12e"
                ],
                "destinations_excluded": false,
                "direction": "IN_OUT",
                "disabled": false,
                "display_name": "wld09-Application Server to External [UDP-53]",
                "ip_version": "IPV4_IPV6",
                "log_label": "",
                "logged": true,
                "notes": "",
                "nsx_id": "205945d2-f8a1-40b4-afa6-d942cf51d60f",
                "profiles": [],
                "revision": 0,
                "rule_id": 5435,
                "scope": [],
                "sequence_number": 2,
                "services": [
                  "/infra/services/c7af0e93-02bc-4ee8-bfca-0f2c950ba5a9"
                ],
                "source_groups": [
                  "/infra/domains/default/groups/01fc8382-50fe-4736-9b78-39dcb55ed525"
                ],
                "sources_excluded": false,
                "tag": []
              },
              {
                "action": "ALLOW",
                "description": "Allow communication from wld09-Web Server to External on UDP port 123",
                "destination_groups": [
                  "/infra/domains/default/groups/b82538cc-a8b8-47ff-ae0a-5a0ba61aa12e"
                ],
                "destinations_excluded": false,
                "direction": "IN_OUT",
                "disabled": false,
                "display_name": "wld09-Web Server to External [UDP-123]",
                "ip_version": "IPV4_IPV6",
                "log_label": "",
                "logged": true,
                "notes": "",
                "nsx_id": "97d2629f-88e9-4bc8-893b-4864523ebc04",
                "profiles": [],
                "revision": 0,
                "rule_id": 5436,
                "scope": [],
                "sequence_number": 3,
                "services": [
                  "/infra/services/58e8643e-b178-4270-91f7-0dd131d98fe5"
                ],
                "source_groups": [
                  "/infra/domains/default/groups/1d58d1c0-ba8c-4583-97a7-c10a6492c692"
                ],
                "sources_excluded": false,
                "tag": []
              },
              {
                "action": "ALLOW",
                "description": "Allow communication from wld09-Database Server to External on UDP port 123",
                "destination_groups": [
                  "/infra/domains/default/groups/b82538cc-a8b8-47ff-ae0a-5a0ba61aa12e"
                ],
                "destinations_excluded": false,
                "direction": "IN_OUT",
                "disabled": false,
                "display_name": "wld09-Database Server to External [UDP-123]",
                "ip_version": "IPV4_IPV6",
                "log_label": "",
                "logged": true,
                "notes": "",
                "nsx_id": "722b269f-6706-47fa-8625-e9159d515386",
                "profiles": [],
                "revision": 0,
                "rule_id": 5437,
                "scope": [],
                "sequence_number": 4,
                "services": [
                  "/infra/services/58e8643e-b178-4270-91f7-0dd131d98fe5"
                ],
                "source_groups": [
                  "/infra/domains/default/groups/c3c80c96-642f-41b7-8084-5dde115c8bf1"
                ],
                "sources_excluded": false,
                "tag": []
              },
              {
                "action": "ALLOW",
                "description": "Allow communication from External to wld09-Web Server on TCP port 443",
                "destination_groups": [
                  "/infra/domains/default/groups/1d58d1c0-ba8c-4583-97a7-c10a6492c692"
                ],
                "destinations_excluded": false,
                "direction": "IN_OUT",
                "disabled": false,
                "display_name": "External to wld09-Web Server [TCP-443]",
                "ip_version": "IPV4_IPV6",
                "log_label": "",
                "logged": true,
                "notes": "",
                "nsx_id": "fdda4461-a266-4b76-8bd0-ae094fe02d15",
                "profiles": [],
                "revision": 0,
                "rule_id": 5438,
                "scope": [],
                "sequence_number": 5,
                "services": [
                  "/infra/services/3bc59a1a-d1f6-4fb6-a231-83b43506e088"
                ],
                "source_groups": [
                  "/infra/domains/default/groups/b82538cc-a8b8-47ff-ae0a-5a0ba61aa12e"
                ],
                "sources_excluded": false,
                "tag": []
              },
              {
                "action": "ALLOW",
                "description": "Allow communication from wld09-Web Server to wld09-Application Server on TCP port 8443",
                "destination_groups": [
                  "/infra/domains/default/groups/01fc8382-50fe-4736-9b78-39dcb55ed525"
                ],
                "destinations_excluded": false,
                "direction": "IN_OUT",
                "disabled": false,
                "display_name": "wld09-Web Server to wld09-Application Server [TCP-8443]",
                "ip_version": "IPV4_IPV6",
                "log_label": "",
                "logged": true,
                "notes": "",
                "nsx_id": "def95b4d-d61a-4125-b21e-e29e6cada222",
                "profiles": [],
                "revision": 0,
                "rule_id": 5439,
                "scope": [],
                "sequence_number": 6,
                "services": [
                  "/infra/services/1ec9859b-1eda-427c-ae79-3f05e9e49641"
                ],
                "source_groups": [
                  "/infra/domains/default/groups/1d58d1c0-ba8c-4583-97a7-c10a6492c692"
                ],
                "sources_excluded": false,
                "tag": []
              },
              {
                "action": "ALLOW",
                "description": "Allow communication from wld09-Database Server to External on UDP port 53",
                "destination_groups": [
                  "/infra/domains/default/groups/b82538cc-a8b8-47ff-ae0a-5a0ba61aa12e"
                ],
                "destinations_excluded": false,
                "direction": "IN_OUT",
                "disabled": false,
                "display_name": "wld09-Database Server to External [UDP-53]",
                "ip_version": "IPV4_IPV6",
                "log_label": "",
                "logged": true,
                "notes": "",
                "nsx_id": "77e9e1f7-13ca-46f0-a98e-f5ceaedb16f5",
                "profiles": [],
                "revision": 0,
                "rule_id": 5440,
                "scope": [],
                "sequence_number": 7,
                "services": [
                  "/infra/services/c7af0e93-02bc-4ee8-bfca-0f2c950ba5a9"
                ],
                "source_groups": [
                  "/infra/domains/default/groups/c3c80c96-642f-41b7-8084-5dde115c8bf1"
                ],
                "sources_excluded": false,
                "tag": []
              },
              {
                "action": "ALLOW",
                "description": "Allow communication from wld09-Web Server to wld09-Application Server on TCP port 8443",
                "destination_groups": [
                  "/infra/domains/default/groups/01fc8382-50fe-4736-9b78-39dcb55ed525"
                ],
                "destinations_excluded": false,
                "direction": "IN_OUT",
                "disabled": false,
                "display_name": "wld09-Web Server to wld09-Application Server [TCP-8443]",
                "ip_version": "IPV4_IPV6",
                "log_label": "",
                "logged": true,
                "notes": "",
                "nsx_id": "2e29c536-a02b-48da-b851-52c5b1eb9006",
                "profiles": [],
                "revision": 0,
                "rule_id": 5441,
                "scope": [],
                "sequence_number": 8,
                "services": [
                  "/infra/services/1ec9859b-1eda-427c-ae79-3f05e9e49641"
                ],
                "source_groups": [
                  "/infra/domains/default/groups/1d58d1c0-ba8c-4583-97a7-c10a6492c692"
                ],
                "sources_excluded": false,
                "tag": []
              },
              {
                "action": "ALLOW",
                "description": "Allow communication from wld09-Web Server to External on UDP port 123",
                "destination_groups": [
                  "/infra/domains/default/groups/b82538cc-a8b8-47ff-ae0a-5a0ba61aa12e"
                ],
                "destinations_excluded": false,
                "direction": "IN_OUT",
                "disabled": false,
                "display_name": "wld09-Web Server to External [UDP-123]",
                "ip_version": "IPV4_IPV6",
                "log_label": "",
                "logged": true,
                "notes": "",
                "nsx_id": "8be723c6-4e9d-43e1-a54f-e308802e5517",
                "profiles": [],
                "revision": 0,
                "rule_id": 5442,
                "scope": [],
                "sequence_number": 9,
                "services": [
                  "/infra/services/58e8643e-b178-4270-91f7-0dd131d98fe5"
                ],
                "source_groups": [
                  "/infra/domains/default/groups/1d58d1c0-ba8c-4583-97a7-c10a6492c692"
                ],
                "sources_excluded": false,
                "tag": []
              },
              {
                "action": "ALLOW",
                "description": "Allow communication from wld09-Application Server to External on UDP port 123",
                "destination_groups": [
                  "/infra/domains/default/groups/b82538cc-a8b8-47ff-ae0a-5a0ba61aa12e"
                ],
                "destinations_excluded": false,
                "direction": "IN_OUT",
                "disabled": false,
                "display_name": "wld09-Application Server to External [UDP-123]",
                "ip_version": "IPV4_IPV6",
                "log_label": "",
                "logged": true,
                "notes": "",
                "nsx_id": "04435fee-f793-499d-986e-9302e6bba344",
                "profiles": [],
                "revision": 0,
                "rule_id": 5443,
                "scope": [],
                "sequence_number": 10,
                "services": [
                  "/infra/services/58e8643e-b178-4270-91f7-0dd131d98fe5"
                ],
                "source_groups": [
                  "/infra/domains/default/groups/01fc8382-50fe-4736-9b78-39dcb55ed525"
                ],
                "sources_excluded": false,
                "tag": []
              },
              {
                "action": "ALLOW",
                "description": "Allow communication from wld09-Web Server to External on UDP port 53",
                "destination_groups": [
                  "/infra/domains/default/groups/b82538cc-a8b8-47ff-ae0a-5a0ba61aa12e"
                ],
                "destinations_excluded": false,
                "direction": "IN_OUT",
                "disabled": false,
                "display_name": "wld09-Web Server to External [UDP-53]",
                "ip_version": "IPV4_IPV6",
                "log_label": "",
                "logged": true,
                "notes": "",
                "nsx_id": "e1df378a-06f8-44a5-baa2-514e02e661dd",
                "profiles": [],
                "revision": 0,
                "rule_id": 5444,
                "scope": [],
                "sequence_number": 11,
                "services": [
                  "/infra/services/c7af0e93-02bc-4ee8-bfca-0f2c950ba5a9"
                ],
                "source_groups": [
                  "/infra/domains/default/groups/1d58d1c0-ba8c-4583-97a7-c10a6492c692"
                ],
                "sources_excluded": false,
                "tag": []
              },
              {
                "action": "ALLOW",
                "description": "Allow communication from wld09-Database Server to External on UDP port 123",
                "destination_groups": [
                  "/infra/domains/default/groups/b82538cc-a8b8-47ff-ae0a-5a0ba61aa12e"
                ],
                "destinations_excluded": false,
                "direction": "IN_OUT",
                "disabled": false,
                "display_name": "wld09-Database Server to External [UDP-123]",
                "ip_version": "IPV4_IPV6",
                "log_label": "",
                "logged": true,
                "notes": "",
                "nsx_id": "6b301dff-fd69-467f-868e-21487b3f76a3",
                "profiles": [],
                "revision": 0,
                "rule_id": 5445,
                "scope": [],
                "sequence_number": 12,
                "services": [
                  "/infra/services/58e8643e-b178-4270-91f7-0dd131d98fe5"
                ],
                "source_groups": [
                  "/infra/domains/default/groups/c3c80c96-642f-41b7-8084-5dde115c8bf1"
                ],
                "sources_excluded": false,
                "tag": []
              },
              {
                "action": "ALLOW",
                "description": "Allow communication from External to wld09-Web Server on UDP port 50000-59999",
                "destination_groups": [
                  "/infra/domains/default/groups/1d58d1c0-ba8c-4583-97a7-c10a6492c692"
                ],
                "destinations_excluded": false,
                "direction": "IN_OUT",
                "disabled": false,
                "display_name": "External to wld09-Web Server [UDP-50000-59999]",
                "ip_version": "IPV4_IPV6",
                "log_label": "",
                "logged": true,
                "notes": "",
                "nsx_id": "dd4a13a4-5e98-4248-8373-630d1b73be29",
                "profiles": [],
                "revision": 0,
                "rule_id": 5446,
                "scope": [],
                "sequence_number": 13,
                "services": [
                  "/infra/services/c63a0ed3-2786-4169-9ff7-24b2634017ee"
                ],
                "source_groups": [
                  "/infra/domains/default/groups/b82538cc-a8b8-47ff-ae0a-5a0ba61aa12e"
                ],
                "sources_excluded": false,
                "tag": []
              },
              {
                "action": "ALLOW",
                "description": "Allow communication from External to wld09-Web Server on TCP port 22",
                "destination_groups": [
                  "/infra/domains/default/groups/1d58d1c0-ba8c-4583-97a7-c10a6492c692"
                ],
                "destinations_excluded": false,
                "direction": "IN_OUT",
                "disabled": false,
                "display_name": "External to wld09-Web Server [TCP-22]",
                "ip_version": "IPV4_IPV6",
                "log_label": "",
                "logged": true,
                "notes": "",
                "nsx_id": "d2a67ea7-78ef-488d-8e5d-743360ac6243",
                "profiles": [],
                "revision": 0,
                "rule_id": 5447,
                "scope": [],
                "sequence_number": 14,
                "services": [
                  "/infra/services/45b32daf-1c6f-4218-afef-0f644f27bb19"
                ],
                "source_groups": [
                  "/infra/domains/default/groups/b82538cc-a8b8-47ff-ae0a-5a0ba61aa12e"
                ],
                "sources_excluded": false,
                "tag": []
              },
              {
                "action": "ALLOW",
                "description": "Allow communication from External to wld09-Web Server on UDP port 40000-49999",
                "destination_groups": [
                  "/infra/domains/default/groups/1d58d1c0-ba8c-4583-97a7-c10a6492c692"
                ],
                "destinations_excluded": false,
                "direction": "IN_OUT",
                "disabled": false,
                "display_name": "External to wld09-Web Server [UDP-40000-49999]",
                "ip_version": "IPV4_IPV6",
                "log_label": "",
                "logged": true,
                "notes": "",
                "nsx_id": "4cb0406c-5a5a-49ba-820f-aa8d1a27748c",
                "profiles": [],
                "revision": 0,
                "rule_id": 5448,
                "scope": [],
                "sequence_number": 15,
                "services": [
                  "/infra/services/4d089d70-ff4a-438a-aaed-d9867967b657"
                ],
                "source_groups": [
                  "/infra/domains/default/groups/b82538cc-a8b8-47ff-ae0a-5a0ba61aa12e"
                ],
                "sources_excluded": false,
                "tag": []
              },
              {
                "action": "ALLOW",
                "description": "Allow communication from wld09-Web Server to wld09-Application Server on TCP port 8443",
                "destination_groups": [
                  "/infra/domains/default/groups/01fc8382-50fe-4736-9b78-39dcb55ed525"
                ],
                "destinations_excluded": false,
                "direction": "IN_OUT",
                "disabled": false,
                "display_name": "wld09-Web Server to wld09-Application Server [TCP-8443]",
                "ip_version": "IPV4_IPV6",
                "log_label": "",
                "logged": true,
                "notes": "",
                "nsx_id": "0a11722e-534a-4ed3-b73c-bd5cef96cb93",
                "profiles": [],
                "revision": 0,
                "rule_id": 5449,
                "scope": [],
                "sequence_number": 16,
                "services": [
                  "/infra/services/1ec9859b-1eda-427c-ae79-3f05e9e49641"
                ],
                "source_groups": [
                  "/infra/domains/default/groups/1d58d1c0-ba8c-4583-97a7-c10a6492c692"
                ],
                "sources_excluded": false,
                "tag": []
              },
              {
                "action": "ALLOW",
                "description": "Allow communication from External to wld09-Web Server on UDP port 60000-65535",
                "destination_groups": [
                  "/infra/domains/default/groups/1d58d1c0-ba8c-4583-97a7-c10a6492c692"
                ],
                "destinations_excluded": false,
                "direction": "IN_OUT",
                "disabled": false,
                "display_name": "External to wld09-Web Server [UDP-60000-65535]",
                "ip_version": "IPV4_IPV6",
                "log_label": "",
                "logged": true,
                "notes": "",
                "nsx_id": "bb4e4a1f-b9b9-4a90-87e6-cce867442e44",
                "profiles": [],
                "revision": 0,
                "rule_id": 5450,
                "scope": [],
                "sequence_number": 17,
                "services": [
                  "/infra/services/613372e4-24ae-4258-820f-900f56a23717"
                ],
                "source_groups": [
                  "/infra/domains/default/groups/b82538cc-a8b8-47ff-ae0a-5a0ba61aa12e"
                ],
                "sources_excluded": false,
                "tag": []
              },
              {
                "action": "ALLOW",
                "description": "Allow communication from External to wld09-Web Server on UDP port 30000-39999",
                "destination_groups": [
                  "/infra/domains/default/groups/1d58d1c0-ba8c-4583-97a7-c10a6492c692"
                ],
                "destinations_excluded": false,
                "direction": "IN_OUT",
                "disabled": false,
                "display_name": "External to wld09-Web Server [UDP-30000-39999]",
                "ip_version": "IPV4_IPV6",
                "log_label": "",
                "logged": true,
                "notes": "",
                "nsx_id": "028d749d-0703-4c4d-92b1-d5376ed442bd",
                "profiles": [],
                "revision": 0,
                "rule_id": 5451,
                "scope": [],
                "sequence_number": 18,
                "services": [
                  "/infra/services/ece58e80-aa13-44f2-9c3c-c6884e7f0b5c"
                ],
                "source_groups": [
                  "/infra/domains/default/groups/b82538cc-a8b8-47ff-ae0a-5a0ba61aa12e"
                ],
                "sources_excluded": false,
                "tag": []
              },
              {
                "action": "ALLOW",
                "description": "Allow communication from wld09-Application Server to External on TCP port 443",
                "destination_groups": [
                  "/infra/domains/default/groups/b82538cc-a8b8-47ff-ae0a-5a0ba61aa12e"
                ],
                "destinations_excluded": false,
                "direction": "IN_OUT",
                "disabled": false,
                "display_name": "wld09-Application Server to External [TCP-443]",
                "ip_version": "IPV4_IPV6",
                "log_label": "",
                "logged": true,
                "notes": "",
                "nsx_id": "a1a454d5-3cdc-4619-93d7-ae4c7f89072a",
                "profiles": [],
                "revision": 0,
                "rule_id": 5452,
                "scope": [],
                "sequence_number": 19,
                "services": [
                  "/infra/services/3bc59a1a-d1f6-4fb6-a231-83b43506e088"
                ],
                "source_groups": [
                  "/infra/domains/default/groups/01fc8382-50fe-4736-9b78-39dcb55ed525"
                ],
                "sources_excluded": false,
                "tag": []
              },
              {
                "action": "ALLOW",
                "description": "Allow communication from External to wld09-Web Server on TCP port 443",
                "destination_groups": [
                  "/infra/domains/default/groups/1d58d1c0-ba8c-4583-97a7-c10a6492c692"
                ],
                "destinations_excluded": false,
                "direction": "IN_OUT",
                "disabled": false,
                "display_name": "External to wld09-Web Server [TCP-443]",
                "ip_version": "IPV4_IPV6",
                "log_label": "",
                "logged": true,
                "notes": "",
                "nsx_id": "afa38fb0-b98d-451e-914a-e06debbcaea7",
                "profiles": [],
                "revision": 0,
                "rule_id": 5453,
                "scope": [],
                "sequence_number": 20,
                "services": [
                  "/infra/services/3bc59a1a-d1f6-4fb6-a231-83b43506e088"
                ],
                "source_groups": [
                  "/infra/domains/default/groups/b82538cc-a8b8-47ff-ae0a-5a0ba61aa12e"
                ],
                "sources_excluded": false,
                "tag": []
              },
              {
                "action": "ALLOW",
                "description": "Allow communication from External to wld09-Database Server on UDP port 30000-39999",
                "destination_groups": [
                  "/infra/domains/default/groups/c3c80c96-642f-41b7-8084-5dde115c8bf1"
                ],
                "destinations_excluded": false,
                "direction": "IN_OUT",
                "disabled": false,
                "display_name": "External to wld09-Database Server [UDP-30000-39999]",
                "ip_version": "IPV4_IPV6",
                "log_label": "",
                "logged": true,
                "notes": "",
                "nsx_id": "c21d9029-0104-4e60-9221-2cd9ef82d562",
                "profiles": [],
                "revision": 0,
                "rule_id": 5454,
                "scope": [],
                "sequence_number": 21,
                "services": [
                  "/infra/services/ece58e80-aa13-44f2-9c3c-c6884e7f0b5c"
                ],
                "source_groups": [
                  "/infra/domains/default/groups/b82538cc-a8b8-47ff-ae0a-5a0ba61aa12e"
                ],
                "sources_excluded": false,
                "tag": []
              },
              {
                "action": "ALLOW",
                "description": "Allow communication from External to wld09-Database Server on UDP port 50000-59999",
                "destination_groups": [
                  "/infra/domains/default/groups/c3c80c96-642f-41b7-8084-5dde115c8bf1"
                ],
                "destinations_excluded": false,
                "direction": "IN_OUT",
                "disabled": false,
                "display_name": "External to wld09-Database Server [UDP-50000-59999]",
                "ip_version": "IPV4_IPV6",
                "log_label": "",
                "logged": true,
                "notes": "",
                "nsx_id": "43fbbe83-eca2-437e-9f35-78c9af55c555",
                "profiles": [],
                "revision": 0,
                "rule_id": 5455,
                "scope": [],
                "sequence_number": 22,
                "services": [
                  "/infra/services/c63a0ed3-2786-4169-9ff7-24b2634017ee"
                ],
                "source_groups": [
                  "/infra/domains/default/groups/b82538cc-a8b8-47ff-ae0a-5a0ba61aa12e"
                ],
                "sources_excluded": false,
                "tag": []
              },
              {
                "action": "ALLOW",
                "description": "Allow communication from wld09-Application Server to External on UDP port 123",
                "destination_groups": [
                  "/infra/domains/default/groups/b82538cc-a8b8-47ff-ae0a-5a0ba61aa12e"
                ],
                "destinations_excluded": false,
                "direction": "IN_OUT",
                "disabled": false,
                "display_name": "wld09-Application Server to External [UDP-123]",
                "ip_version": "IPV4_IPV6",
                "log_label": "",
                "logged": true,
                "notes": "",
                "nsx_id": "767866ca-c667-4507-b571-4caca0231013",
                "profiles": [],
                "revision": 0,
                "rule_id": 5456,
                "scope": [],
                "sequence_number": 23,
                "services": [
                  "/infra/services/58e8643e-b178-4270-91f7-0dd131d98fe5"
                ],
                "source_groups": [
                  "/infra/domains/default/groups/01fc8382-50fe-4736-9b78-39dcb55ed525"
                ],
                "sources_excluded": false,
                "tag": []
              },
              {
                "action": "ALLOW",
                "description": "Allow communication from External to wld09-Web Server on TCP port 22",
                "destination_groups": [
                  "/infra/domains/default/groups/1d58d1c0-ba8c-4583-97a7-c10a6492c692"
                ],
                "destinations_excluded": false,
                "direction": "IN_OUT",
                "disabled": false,
                "display_name": "External to wld09-Web Server [TCP-22]",
                "ip_version": "IPV4_IPV6",
                "log_label": "",
                "logged": true,
                "notes": "",
                "nsx_id": "4da5fe86-fd46-4e7a-9c37-8f316c5c397e",
                "profiles": [],
                "revision": 0,
                "rule_id": 5457,
                "scope": [],
                "sequence_number": 24,
                "services": [
                  "/infra/services/45b32daf-1c6f-4218-afef-0f644f27bb19"
                ],
                "source_groups": [
                  "/infra/domains/default/groups/b82538cc-a8b8-47ff-ae0a-5a0ba61aa12e"
                ],
                "sources_excluded": false,
                "tag": []
              },
              {
                "action": "ALLOW",
                "description": "Allow communication from External to wld09-Application Server on UDP port 50000-59999",
                "destination_groups": [
                  "/infra/domains/default/groups/01fc8382-50fe-4736-9b78-39dcb55ed525"
                ],
                "destinations_excluded": false,
                "direction": "IN_OUT",
                "disabled": false,
                "display_name": "External to wld09-Application Server [UDP-50000-59999]",
                "ip_version": "IPV4_IPV6",
                "log_label": "",
                "logged": true,
                "notes": "",
                "nsx_id": "863c96de-dd41-4a77-80ee-f5b6c127f3cb",
                "profiles": [],
                "revision": 0,
                "rule_id": 5458,
                "scope": [],
                "sequence_number": 25,
                "services": [
                  "/infra/services/c63a0ed3-2786-4169-9ff7-24b2634017ee"
                ],
                "source_groups": [
                  "/infra/domains/default/groups/b82538cc-a8b8-47ff-ae0a-5a0ba61aa12e"
                ],
                "sources_excluded": false,
                "tag": []
              },
              {
                "action": "ALLOW",
                "description": "Allow communication from wld09-Application Server to wld09-Database Server on TCP port 3306",
                "destination_groups": [
                  "/infra/domains/default/groups/c3c80c96-642f-41b7-8084-5dde115c8bf1"
                ],
                "destinations_excluded": false,
                "direction": "IN_OUT",
                "disabled": false,
                "display_name": "wld09-Application Server to wld09-Database Server [TCP-3306]",
                "ip_version": "IPV4_IPV6",
                "log_label": "",
                "logged": true,
                "notes": "",
                "nsx_id": "f73badfe-2118-4e88-a07a-55477a6ded9b",
                "profiles": [],
                "revision": 0,
                "rule_id": 5459,
                "scope": [],
                "sequence_number": 26,
                "services": [
                  "/infra/services/5f393d71-efdb-44ae-af56-b3065eb79edd"
                ],
                "source_groups": [
                  "/infra/domains/default/groups/01fc8382-50fe-4736-9b78-39dcb55ed525"
                ],
                "sources_excluded": false,
                "tag": []
              },
              {
                "action": "ALLOW",
                "description": "Allow communication from External to wld09-Web Server on TCP port 22",
                "destination_groups": [
                  "/infra/domains/default/groups/1d58d1c0-ba8c-4583-97a7-c10a6492c692"
                ],
                "destinations_excluded": false,
                "direction": "IN_OUT",
                "disabled": false,
                "display_name": "External to wld09-Web Server [TCP-22]",
                "ip_version": "IPV4_IPV6",
                "log_label": "",
                "logged": true,
                "notes": "",
                "nsx_id": "c52b737b-6e5a-40f8-9e1c-3cd3cb10295a",
                "profiles": [],
                "revision": 0,
                "rule_id": 5460,
                "scope": [],
                "sequence_number": 27,
                "services": [
                  "/infra/services/45b32daf-1c6f-4218-afef-0f644f27bb19"
                ],
                "source_groups": [
                  "/infra/domains/default/groups/b82538cc-a8b8-47ff-ae0a-5a0ba61aa12e"
                ],
                "sources_excluded": false,
                "tag": []
              },
              {
                "action": "ALLOW",
                "description": "Allow communication from wld09-Web Server to wld09-Application Server on TCP port 8443",
                "destination_groups": [
                  "/infra/domains/default/groups/01fc8382-50fe-4736-9b78-39dcb55ed525"
                ],
                "destinations_excluded": false,
                "direction": "IN_OUT",
                "disabled": false,
                "display_name": "wld09-Web Server to wld09-Application Server [TCP-8443]",
                "ip_version": "IPV4_IPV6",
                "log_label": "",
                "logged": true,
                "notes": "",
                "nsx_id": "352d7b94-1b2c-423b-b9fb-4f0a8b45c253",
                "profiles": [],
                "revision": 0,
                "rule_id": 5461,
                "scope": [],
                "sequence_number": 28,
                "services": [
                  "/infra/services/1ec9859b-1eda-427c-ae79-3f05e9e49641"
                ],
                "source_groups": [
                  "/infra/domains/default/groups/1d58d1c0-ba8c-4583-97a7-c10a6492c692"
                ],
                "sources_excluded": false,
                "tag": []
              },
              {
                "action": "ALLOW",
                "description": "Allow communication from wld09-Web Server to External on UDP port 123",
                "destination_groups": [
                  "/infra/domains/default/groups/b82538cc-a8b8-47ff-ae0a-5a0ba61aa12e"
                ],
                "destinations_excluded": false,
                "direction": "IN_OUT",
                "disabled": false,
                "display_name": "wld09-Web Server to External [UDP-123]",
                "ip_version": "IPV4_IPV6",
                "log_label": "",
                "logged": true,
                "notes": "",
                "nsx_id": "678cad35-2f2a-4d9e-a60b-c5265049ec75",
                "profiles": [],
                "revision": 0,
                "rule_id": 5462,
                "scope": [],
                "sequence_number": 29,
                "services": [
                  "/infra/services/58e8643e-b178-4270-91f7-0dd131d98fe5"
                ],
                "source_groups": [
                  "/infra/domains/default/groups/1d58d1c0-ba8c-4583-97a7-c10a6492c692"
                ],
                "sources_excluded": false,
                "tag": []
              },
              {
                "action": "ALLOW",
                "description": "Allow communication from External to wld09-Web Server on TCP port 22",
                "destination_groups": [
                  "/infra/domains/default/groups/1d58d1c0-ba8c-4583-97a7-c10a6492c692"
                ],
                "destinations_excluded": false,
                "direction": "IN_OUT",
                "disabled": false,
                "display_name": "External to wld09-Web Server [TCP-22]",
                "ip_version": "IPV4_IPV6",
                "log_label": "",
                "logged": true,
                "notes": "",
                "nsx_id": "a5939e47-7b76-4a5f-b689-95f97eff0a32",
                "profiles": [],
                "revision": 0,
                "rule_id": 5463,
                "scope": [],
                "sequence_number": 30,
                "services": [
                  "/infra/services/45b32daf-1c6f-4218-afef-0f644f27bb19"
                ],
                "source_groups": [
                  "/infra/domains/default/groups/b82538cc-a8b8-47ff-ae0a-5a0ba61aa12e"
                ],
                "sources_excluded": false,
                "tag": []
              },
              {
                "action": "ALLOW",
                "description": "Allow communication from External to wld09-Database Server on TCP port 22",
                "destination_groups": [
                  "/infra/domains/default/groups/c3c80c96-642f-41b7-8084-5dde115c8bf1"
                ],
                "destinations_excluded": false,
                "direction": "IN_OUT",
                "disabled": false,
                "display_name": "External to wld09-Database Server [TCP-22]",
                "ip_version": "IPV4_IPV6",
                "log_label": "",
                "logged": true,
                "notes": "",
                "nsx_id": "fb8d0fbd-a125-4d62-96ba-717b332ae4a3",
                "profiles": [],
                "revision": 0,
                "rule_id": 5464,
                "scope": [],
                "sequence_number": 31,
                "services": [
                  "/infra/services/45b32daf-1c6f-4218-afef-0f644f27bb19"
                ],
                "source_groups": [
                  "/infra/domains/default/groups/b82538cc-a8b8-47ff-ae0a-5a0ba61aa12e"
                ],
                "sources_excluded": false,
                "tag": []
              },
              {
                "action": "ALLOW",
                "description": "Allow communication from wld09-Web Server to wld09-Application Server on TCP port 8443",
                "destination_groups": [
                  "/infra/domains/default/groups/01fc8382-50fe-4736-9b78-39dcb55ed525"
                ],
                "destinations_excluded": false,
                "direction": "IN_OUT",
                "disabled": false,
                "display_name": "wld09-Web Server to wld09-Application Server [TCP-8443]",
                "ip_version": "IPV4_IPV6",
                "log_label": "",
                "logged": true,
                "notes": "",
                "nsx_id": "b5de035b-941d-46c5-8dd2-f96379b6c1d2",
                "profiles": [],
                "revision": 0,
                "rule_id": 5465,
                "scope": [],
                "sequence_number": 32,
                "services": [
                  "/infra/services/1ec9859b-1eda-427c-ae79-3f05e9e49641"
                ],
                "source_groups": [
                  "/infra/domains/default/groups/1d58d1c0-ba8c-4583-97a7-c10a6492c692"
                ],
                "sources_excluded": false,
                "tag": []
              },
              {
                "action": "ALLOW",
                "description": "Allow communication from External to External on UDP port 53",
                "destination_groups": [
                  "/infra/domains/default/groups/b82538cc-a8b8-47ff-ae0a-5a0ba61aa12e"
                ],
                "destinations_excluded": false,
                "direction": "IN_OUT",
                "disabled": false,
                "display_name": "External to External [UDP-53]",
                "ip_version": "IPV4_IPV6",
                "log_label": "",
                "logged": true,
                "notes": "",
                "nsx_id": "e4331005-98b7-4d98-87f4-c94424b8bc79",
                "profiles": [],
                "revision": 0,
                "rule_id": 5466,
                "scope": [],
                "sequence_number": 33,
                "services": [
                  "/infra/services/c7af0e93-02bc-4ee8-bfca-0f2c950ba5a9"
                ],
                "source_groups": [
                  "/infra/domains/default/groups/b82538cc-a8b8-47ff-ae0a-5a0ba61aa12e"
                ],
                "sources_excluded": false,
                "tag": []
              },
              {
                "action": "ALLOW",
                "description": "Allow communication from wld09-Application Server to External on UDP port 123",
                "destination_groups": [
                  "/infra/domains/default/groups/b82538cc-a8b8-47ff-ae0a-5a0ba61aa12e"
                ],
                "destinations_excluded": false,
                "direction": "IN_OUT",
                "disabled": false,
                "display_name": "wld09-Application Server to External [UDP-123]",
                "ip_version": "IPV4_IPV6",
                "log_label": "",
                "logged": true,
                "notes": "",
                "nsx_id": "e4748baf-7f73-4e43-8426-57b50785c2bf",
                "profiles": [],
                "revision": 0,
                "rule_id": 5467,
                "scope": [],
                "sequence_number": 34,
                "services": [
                  "/infra/services/58e8643e-b178-4270-91f7-0dd131d98fe5"
                ],
                "source_groups": [
                  "/infra/domains/default/groups/01fc8382-50fe-4736-9b78-39dcb55ed525"
                ],
                "sources_excluded": false,
                "tag": []
              },
              {
                "action": "ALLOW",
                "description": "Allow communication from wld09-Web Server to External on UDP port 123",
                "destination_groups": [
                  "/infra/domains/default/groups/b82538cc-a8b8-47ff-ae0a-5a0ba61aa12e"
                ],
                "destinations_excluded": false,
                "direction": "IN_OUT",
                "disabled": false,
                "display_name": "wld09-Web Server to External [UDP-123]",
                "ip_version": "IPV4_IPV6",
                "log_label": "",
                "logged": true,
                "notes": "",
                "nsx_id": "95d1c0e0-61bd-49a8-a4d9-81347cb417b5",
                "profiles": [],
                "revision": 0,
                "rule_id": 5468,
                "scope": [],
                "sequence_number": 35,
                "services": [
                  "/infra/services/58e8643e-b178-4270-91f7-0dd131d98fe5"
                ],
                "source_groups": [
                  "/infra/domains/default/groups/1d58d1c0-ba8c-4583-97a7-c10a6492c692"
                ],
                "sources_excluded": false,
                "tag": []
              },
              {
                "action": "ALLOW",
                "description": "Allow communication from wld09-Web Server to External on UDP port 53",
                "destination_groups": [
                  "/infra/domains/default/groups/b82538cc-a8b8-47ff-ae0a-5a0ba61aa12e"
                ],
                "destinations_excluded": false,
                "direction": "IN_OUT",
                "disabled": false,
                "display_name": "wld09-Web Server to External [UDP-53]",
                "ip_version": "IPV4_IPV6",
                "log_label": "",
                "logged": true,
                "notes": "",
                "nsx_id": "b2fe5909-6809-4d92-a4fb-5db097fad678",
                "profiles": [],
                "revision": 0,
                "rule_id": 5469,
                "scope": [],
                "sequence_number": 36,
                "services": [
                  "/infra/services/c7af0e93-02bc-4ee8-bfca-0f2c950ba5a9"
                ],
                "source_groups": [
                  "/infra/domains/default/groups/1d58d1c0-ba8c-4583-97a7-c10a6492c692"
                ],
                "sources_excluded": false,
                "tag": []
              },
              {
                "action": "ALLOW",
                "description": "Allow communication from wld09-Web Server to External on UDP port 53",
                "destination_groups": [
                  "/infra/domains/default/groups/b82538cc-a8b8-47ff-ae0a-5a0ba61aa12e"
                ],
                "destinations_excluded": false,
                "direction": "IN_OUT",
                "disabled": false,
                "display_name": "wld09-Web Server to External [UDP-53]",
                "ip_version": "IPV4_IPV6",
                "log_label": "",
                "logged": true,
                "notes": "",
                "nsx_id": "013d3532-2094-4924-9083-dad3d0e34e04",
                "profiles": [],
                "revision": 0,
                "rule_id": 5470,
                "scope": [],
                "sequence_number": 37,
                "services": [
                  "/infra/services/c7af0e93-02bc-4ee8-bfca-0f2c950ba5a9"
                ],
                "source_groups": [
                  "/infra/domains/default/groups/1d58d1c0-ba8c-4583-97a7-c10a6492c692"
                ],
                "sources_excluded": false,
                "tag": []
              },
              {
                "action": "ALLOW",
                "description": "Allow communication from wld09-Database Server to External on UDP port 123",
                "destination_groups": [
                  "/infra/domains/default/groups/b82538cc-a8b8-47ff-ae0a-5a0ba61aa12e"
                ],
                "destinations_excluded": false,
                "direction": "IN_OUT",
                "disabled": false,
                "display_name": "wld09-Database Server to External [UDP-123]",
                "ip_version": "IPV4_IPV6",
                "log_label": "",
                "logged": true,
                "notes": "",
                "nsx_id": "6b9e54ce-5fbc-4029-8503-63ac5a368d39",
                "profiles": [],
                "revision": 0,
                "rule_id": 5471,
                "scope": [],
                "sequence_number": 38,
                "services": [
                  "/infra/services/58e8643e-b178-4270-91f7-0dd131d98fe5"
                ],
                "source_groups": [
                  "/infra/domains/default/groups/c3c80c96-642f-41b7-8084-5dde115c8bf1"
                ],
                "sources_excluded": false,
                "tag": []
              },
              {
                "action": "ALLOW",
                "description": "Allow communication from wld09-Web Server to wld09-Application Server on TCP port 8443",
                "destination_groups": [
                  "/infra/domains/default/groups/01fc8382-50fe-4736-9b78-39dcb55ed525"
                ],
                "destinations_excluded": false,
                "direction": "IN_OUT",
                "disabled": false,
                "display_name": "wld09-Web Server to wld09-Application Server [TCP-8443]",
                "ip_version": "IPV4_IPV6",
                "log_label": "",
                "logged": true,
                "notes": "",
                "nsx_id": "5baf8d1b-8fd3-44d3-9468-05f8368523c3",
                "profiles": [],
                "revision": 0,
                "rule_id": 5472,
                "scope": [],
                "sequence_number": 39,
                "services": [
                  "/infra/services/1ec9859b-1eda-427c-ae79-3f05e9e49641"
                ],
                "source_groups": [
                  "/infra/domains/default/groups/1d58d1c0-ba8c-4583-97a7-c10a6492c692"
                ],
                "sources_excluded": false,
                "tag": []
              },
              {
                "action": "ALLOW",
                "description": "Allow communication from wld09-Web Server to External on UDP port 123",
                "destination_groups": [
                  "/infra/domains/default/groups/b82538cc-a8b8-47ff-ae0a-5a0ba61aa12e"
                ],
                "destinations_excluded": false,
                "direction": "IN_OUT",
                "disabled": false,
                "display_name": "wld09-Web Server to External [UDP-123]",
                "ip_version": "IPV4_IPV6",
                "log_label": "",
                "logged": true,
                "notes": "",
                "nsx_id": "bcd703bc-763f-4f1c-bf62-7d1fa966465b",
                "profiles": [],
                "revision": 0,
                "rule_id": 5473,
                "scope": [],
                "sequence_number": 40,
                "services": [
                  "/infra/services/58e8643e-b178-4270-91f7-0dd131d98fe5"
                ],
                "source_groups": [
                  "/infra/domains/default/groups/1d58d1c0-ba8c-4583-97a7-c10a6492c692"
                ],
                "sources_excluded": false,
                "tag": []
              },
              {
                "action": "ALLOW",
                "description": "Allow communication from wld09-Application Server to External on UDP port 123",
                "destination_groups": [
                  "/infra/domains/default/groups/b82538cc-a8b8-47ff-ae0a-5a0ba61aa12e"
                ],
                "destinations_excluded": false,
                "direction": "IN_OUT",
                "disabled": false,
                "display_name": "wld09-Application Server to External [UDP-123]",
                "ip_version": "IPV4_IPV6",
                "log_label": "",
                "logged": true,
                "notes": "",
                "nsx_id": "2ba8d05a-3fdb-4c18-9323-444c465d1d25",
                "profiles": [],
                "revision": 0,
                "rule_id": 5474,
                "scope": [],
                "sequence_number": 41,
                "services": [
                  "/infra/services/58e8643e-b178-4270-91f7-0dd131d98fe5"
                ],
                "source_groups": [
                  "/infra/domains/default/groups/01fc8382-50fe-4736-9b78-39dcb55ed525"
                ],
                "sources_excluded": false,
                "tag": []
              },
              {
                "action": "ALLOW",
                "description": "Allow communication from External to wld09-Application Server on TCP port 22",
                "destination_groups": [
                  "/infra/domains/default/groups/01fc8382-50fe-4736-9b78-39dcb55ed525"
                ],
                "destinations_excluded": false,
                "direction": "IN_OUT",
                "disabled": false,
                "display_name": "External to wld09-Application Server [TCP-22]",
                "ip_version": "IPV4_IPV6",
                "log_label": "",
                "logged": true,
                "notes": "",
                "nsx_id": "9d959173-a95e-4722-b4f7-c23ad24352cf",
                "profiles": [],
                "revision": 0,
                "rule_id": 5475,
                "scope": [],
                "sequence_number": 42,
                "services": [
                  "/infra/services/45b32daf-1c6f-4218-afef-0f644f27bb19"
                ],
                "source_groups": [
                  "/infra/domains/default/groups/b82538cc-a8b8-47ff-ae0a-5a0ba61aa12e"
                ],
                "sources_excluded": false,
                "tag": []
              },
              {
                "action": "ALLOW",
                "description": "Allow communication from wld09-Web Server to External on UDP port 123",
                "destination_groups": [
                  "/infra/domains/default/groups/b82538cc-a8b8-47ff-ae0a-5a0ba61aa12e"
                ],
                "destinations_excluded": false,
                "direction": "IN_OUT",
                "disabled": false,
                "display_name": "wld09-Web Server to External [UDP-123]",
                "ip_version": "IPV4_IPV6",
                "log_label": "",
                "logged": true,
                "notes": "",
                "nsx_id": "f9ff7be6-9440-4610-9bfd-ca5f4962514b",
                "profiles": [],
                "revision": 0,
                "rule_id": 5476,
                "scope": [],
                "sequence_number": 43,
                "services": [
                  "/infra/services/58e8643e-b178-4270-91f7-0dd131d98fe5"
                ],
                "source_groups": [
                  "/infra/domains/default/groups/1d58d1c0-ba8c-4583-97a7-c10a6492c692"
                ],
                "sources_excluded": false,
                "tag": []
              },
              {
                "action": "ALLOW",
                "description": "Allow communication from External to wld09-Web Server on TCP port 443",
                "destination_groups": [
                  "/infra/domains/default/groups/1d58d1c0-ba8c-4583-97a7-c10a6492c692"
                ],
                "destinations_excluded": false,
                "direction": "IN_OUT",
                "disabled": false,
                "display_name": "External to wld09-Web Server [TCP-443]",
                "ip_version": "IPV4_IPV6",
                "log_label": "",
                "logged": true,
                "notes": "",
                "nsx_id": "3a102be7-30b0-48a7-8fc0-17ab9f3c8b8f",
                "profiles": [],
                "revision": 0,
                "rule_id": 5477,
                "scope": [],
                "sequence_number": 44,
                "services": [
                  "/infra/services/3bc59a1a-d1f6-4fb6-a231-83b43506e088"
                ],
                "source_groups": [
                  "/infra/domains/default/groups/b82538cc-a8b8-47ff-ae0a-5a0ba61aa12e"
                ],
                "sources_excluded": false,
                "tag": []
              },
              {
                "action": "ALLOW",
                "description": "Allow communication from wld09-Database Server to External on TCP port 443",
                "destination_groups": [
                  "/infra/domains/default/groups/b82538cc-a8b8-47ff-ae0a-5a0ba61aa12e"
                ],
                "destinations_excluded": false,
                "direction": "IN_OUT",
                "disabled": false,
                "display_name": "wld09-Database Server to External [TCP-443]",
                "ip_version": "IPV4_IPV6",
                "log_label": "",
                "logged": true,
                "notes": "",
                "nsx_id": "86dae24b-eaac-4508-938d-f29c97f8c9bf",
                "profiles": [],
                "revision": 0,
                "rule_id": 5478,
                "scope": [],
                "sequence_number": 45,
                "services": [
                  "/infra/services/3bc59a1a-d1f6-4fb6-a231-83b43506e088"
                ],
                "source_groups": [
                  "/infra/domains/default/groups/c3c80c96-642f-41b7-8084-5dde115c8bf1"
                ],
                "sources_excluded": false,
                "tag": []
              },
              {
                "action": "ALLOW",
                "description": "Allow communication from wld09-Web Server to External on UDP port 123",
                "destination_groups": [
                  "/infra/domains/default/groups/b82538cc-a8b8-47ff-ae0a-5a0ba61aa12e"
                ],
                "destinations_excluded": false,
                "direction": "IN_OUT",
                "disabled": false,
                "display_name": "wld09-Web Server to External [UDP-123]",
                "ip_version": "IPV4_IPV6",
                "log_label": "",
                "logged": true,
                "notes": "",
                "nsx_id": "aa8fcdf6-c9e7-44b6-93ad-10556029b5b1",
                "profiles": [],
                "revision": 0,
                "rule_id": 5479,
                "scope": [],
                "sequence_number": 46,
                "services": [
                  "/infra/services/58e8643e-b178-4270-91f7-0dd131d98fe5"
                ],
                "source_groups": [
                  "/infra/domains/default/groups/1d58d1c0-ba8c-4583-97a7-c10a6492c692"
                ],
                "sources_excluded": false,
                "tag": []
              },
              {
                "action": "ALLOW",
                "description": "Allow communication from External to wld09-Web Server on UDP port 40000-49999",
                "destination_groups": [
                  "/infra/domains/default/groups/1d58d1c0-ba8c-4583-97a7-c10a6492c692"
                ],
                "destinations_excluded": false,
                "direction": "IN_OUT",
                "disabled": false,
                "display_name": "External to wld09-Web Server [UDP-40000-49999]",
                "ip_version": "IPV4_IPV6",
                "log_label": "",
                "logged": true,
                "notes": "",
                "nsx_id": "563a6979-3797-4c5a-b56b-8d2a7752b8ed",
                "profiles": [],
                "revision": 0,
                "rule_id": 5480,
                "scope": [],
                "sequence_number": 47,
                "services": [
                  "/infra/services/4d089d70-ff4a-438a-aaed-d9867967b657"
                ],
                "source_groups": [
                  "/infra/domains/default/groups/b82538cc-a8b8-47ff-ae0a-5a0ba61aa12e"
                ],
                "sources_excluded": false,
                "tag": []
              },
              {
                "action": "ALLOW",
                "description": "Allow communication from External to wld09-Web Server on TCP port 443",
                "destination_groups": [
                  "/infra/domains/default/groups/1d58d1c0-ba8c-4583-97a7-c10a6492c692"
                ],
                "destinations_excluded": false,
                "direction": "IN_OUT",
                "disabled": false,
                "display_name": "External to wld09-Web Server [TCP-443]",
                "ip_version": "IPV4_IPV6",
                "log_label": "",
                "logged": true,
                "notes": "",
                "nsx_id": "91c485c0-ba8c-4395-bf1d-50d04e8ec507",
                "profiles": [],
                "revision": 0,
                "rule_id": 5481,
                "scope": [],
                "sequence_number": 48,
                "services": [
                  "/infra/services/3bc59a1a-d1f6-4fb6-a231-83b43506e088"
                ],
                "source_groups": [
                  "/infra/domains/default/groups/b82538cc-a8b8-47ff-ae0a-5a0ba61aa12e"
                ],
                "sources_excluded": false,
                "tag": []
              },
              {
                "action": "ALLOW",
                "description": "Allow communication from External to wld09-Web Server on TCP port 443",
                "destination_groups": [
                  "/infra/domains/default/groups/1d58d1c0-ba8c-4583-97a7-c10a6492c692"
                ],
                "destinations_excluded": false,
                "direction": "IN_OUT",
                "disabled": false,
                "display_name": "External to wld09-Web Server [TCP-443]",
                "ip_version": "IPV4_IPV6",
                "log_label": "",
                "logged": true,
                "notes": "",
                "nsx_id": "6a324ca9-166f-4bd8-9cd1-1fcd2c0e43e0",
                "profiles": [],
                "revision": 0,
                "rule_id": 5482,
                "scope": [],
                "sequence_number": 49,
                "services": [
                  "/infra/services/3bc59a1a-d1f6-4fb6-a231-83b43506e088"
                ],
                "source_groups": [
                  "/infra/domains/default/groups/b82538cc-a8b8-47ff-ae0a-5a0ba61aa12e"
                ],
                "sources_excluded": false,
                "tag": []
              },
              {
                "action": "ALLOW",
                "description": "Allow communication from wld09-Web Server to External on UDP port 123",
                "destination_groups": [
                  "/infra/domains/default/groups/b82538cc-a8b8-47ff-ae0a-5a0ba61aa12e"
                ],
                "destinations_excluded": false,
                "direction": "IN_OUT",
                "disabled": false,
                "display_name": "wld09-Web Server to External [UDP-123]",
                "ip_version": "IPV4_IPV6",
                "log_label": "",
                "logged": true,
                "notes": "",
                "nsx_id": "6eb9978e-3673-45ca-9fdb-1e166817383d",
                "profiles": [],
                "revision": 0,
                "rule_id": 5483,
                "scope": [],
                "sequence_number": 50,
                "services": [
                  "/infra/services/58e8643e-b178-4270-91f7-0dd131d98fe5"
                ],
                "source_groups": [
                  "/infra/domains/default/groups/1d58d1c0-ba8c-4583-97a7-c10a6492c692"
                ],
                "sources_excluded": false,
                "tag": []
              },
              {
                "action": "ALLOW",
                "description": "Allow communication from wld09-Web Server to External on TCP port 443",
                "destination_groups": [
                  "/infra/domains/default/groups/b82538cc-a8b8-47ff-ae0a-5a0ba61aa12e"
                ],
                "destinations_excluded": false,
                "direction": "IN_OUT",
                "disabled": false,
                "display_name": "wld09-Web Server to External [TCP-443]",
                "ip_version": "IPV4_IPV6",
                "log_label": "",
                "logged": true,
                "notes": "",
                "nsx_id": "e9b4144a-03ab-4165-98b5-23cea802fe2b",
                "profiles": [],
                "revision": 0,
                "rule_id": 5484,
                "scope": [],
                "sequence_number": 51,
                "services": [
                  "/infra/services/3bc59a1a-d1f6-4fb6-a231-83b43506e088"
                ],
                "source_groups": [
                  "/infra/domains/default/groups/1d58d1c0-ba8c-4583-97a7-c10a6492c692"
                ],
                "sources_excluded": false,
                "tag": []
              },
              {
                "action": "ALLOW",
                "description": "Allow communication from wld09-Application Server to wld09-Database Server on TCP port 3306",
                "destination_groups": [
                  "/infra/domains/default/groups/c3c80c96-642f-41b7-8084-5dde115c8bf1"
                ],
                "destinations_excluded": false,
                "direction": "IN_OUT",
                "disabled": false,
                "display_name": "wld09-Application Server to wld09-Database Server [TCP-3306]",
                "ip_version": "IPV4_IPV6",
                "log_label": "",
                "logged": true,
                "notes": "",
                "nsx_id": "10826e70-56b8-4940-9816-91e01cf4548c",
                "profiles": [],
                "revision": 0,
                "rule_id": 5485,
                "scope": [],
                "sequence_number": 52,
                "services": [
                  "/infra/services/5f393d71-efdb-44ae-af56-b3065eb79edd"
                ],
                "source_groups": [
                  "/infra/domains/default/groups/01fc8382-50fe-4736-9b78-39dcb55ed525"
                ],
                "sources_excluded": false,
                "tag": []
              },
              {
                "action": "DROP",
                "description": "Deny all other traffic between applications",
                "destination_groups": [],
                "destinations_excluded": false,
                "direction": "IN_OUT",
                "disabled": false,
                "display_name": "Deny All Other Application Traffic",
                "ip_version": "IPV4_IPV6",
                "log_label": "",
                "logged": true,
                "notes": "",
                "nsx_id": "d18cebe2-0141-4322-a8fc-dbee54636d7b",
                "profiles": [],
                "revision": 0,
                "rule_id": 5486,
                "scope": [],
                "sequence_number": 53,
                "services": [],
                "source_groups": [],
                "sources_excluded": false,
                "tag": []
              }
            ],
            "scope": [],
            "sequence_number": 8,
            "stateful": true,
            "tag": [],
            "tcp_strict": false
          },
          "sensitive_attributes": [],
          "private": "bnVsbA==",
          "dependencies": [
            "nsxt_policy_group.app_groups",
            "nsxt_policy_group.environment_groups",
            "nsxt_policy_service.services"
          ],
          "create_before_destroy": true
        }
      ]
    },
    {
      "mode": "managed",
      "type": "nsxt_policy_security_policy",
      "name": "environment_isolation",
      "provider": "provider[\"registry.terraform.io/vmware/nsxt\"]",
      "instances": [
        {
          "schema_version": 0,
          "attributes": {
            "category": "Environment",
            "comments": "",
            "context": [],
            "description": "Security policy to isolate environments based on allowed_communications",
            "display_name": "Environment Isolation Policy",
            "domain": "default",
            "id": "94032374-d0ba-46c4-a049-e289cb8e86a4",
            "locked": false,
            "nsx_id": "94032374-d0ba-46c4-a049-e289cb8e86a4",
            "path": "/infra/domains/default/security-policies/94032374-d0ba-46c4-a049-e289cb8e86a4",
            "revision": 1,
            "rule": [
              {
                "action": "ALLOW",
                "description": "Allow communication from Production to Test as specified in allowed_communications",
                "destination_groups": [
                  "/infra/domains/default/groups/baf72b7e-46fa-4884-8e90-e8ef3fa6aa95"
                ],
                "destinations_excluded": false,
                "direction": "IN_OUT",
                "disabled": false,
                "display_name": "Allow Production to Test",
                "ip_version": "IPV4_IPV6",
                "log_label": "",
                "logged": true,
                "notes": "",
                "nsx_id": "4f1f3039-d230-4343-9af1-88013777b5f4",
                "profiles": [],
                "revision": 0,
                "rule_id": 5431,
                "scope": [],
                "sequence_number": 1,
                "services": [],
                "source_groups": [
                  "/infra/domains/default/groups/b82538cc-a8b8-47ff-ae0a-5a0ba61aa12e"
                ],
                "sources_excluded": false,
                "tag": []
              },
              {
                "action": "DROP",
                "description": "Block communication from Production to environments not in its allowed list",
                "destination_groups": [],
                "destinations_excluded": false,
                "direction": "IN_OUT",
                "disabled": false,
                "display_name": "Block Production to unauthorized environments",
                "ip_version": "IPV4_IPV6",
                "log_label": "",
                "logged": true,
                "notes": "",
                "nsx_id": "544255ee-7f23-4eec-91c8-57ca1188e14e",
                "profiles": [],
                "revision": 2,
                "rule_id": 5432,
                "scope": [],
                "sequence_number": 2,
                "services": [],
                "source_groups": [
                  "/infra/domains/default/groups/b82538cc-a8b8-47ff-ae0a-5a0ba61aa12e"
                ],
                "sources_excluded": false,
                "tag": []
              },
              {
                "action": "DROP",
                "description": "Block communication from Test to environments not in its allowed list",
                "destination_groups": [
                  "/infra/domains/default/groups/b82538cc-a8b8-47ff-ae0a-5a0ba61aa12e"
                ],
                "destinations_excluded": false,
                "direction": "IN_OUT",
                "disabled": false,
                "display_name": "Block Test to unauthorized environments",
                "ip_version": "IPV4_IPV6",
                "log_label": "",
                "logged": true,
                "notes": "",
                "nsx_id": "bef68fa6-3b03-4452-b5c3-5db23512866a",
                "profiles": [],
                "revision": 2,
                "rule_id": 5433,
                "scope": [],
                "sequence_number": 3,
                "services": [],
                "source_groups": [
                  "/infra/domains/default/groups/baf72b7e-46fa-4884-8e90-e8ef3fa6aa95"
                ],
                "sources_excluded": false,
                "tag": []
              }
            ],
            "scope": [],
            "sequence_number": 10,
            "stateful": true,
            "tag": [],
            "tcp_strict": false
          },
          "sensitive_attributes": [],
          "private": "bnVsbA==",
          "dependencies": [
            "nsxt_policy_group.environment_groups"
          ],
          "create_before_destroy": true
        }
      ]
    },
    {
      "mode": "managed",
      "type": "nsxt_policy_service",
      "name": "services",
      "provider": "provider[\"registry.terraform.io/vmware/nsxt\"]",
      "instances": [
        {
          "index_key": "TCP-22",
          "schema_version": 0,
          "attributes": {
            "algorithm_entry": [],
            "context": [],
            "description": "Service for TCP port 22",
            "display_name": "TCP-22",
            "ether_type_entry": [],
            "icmp_entry": [],
            "id": "45b32daf-1c6f-4218-afef-0f644f27bb19",
            "igmp_entry": [],
            "ip_protocol_entry": [],
            "l4_port_set_entry": [
              {
                "description": "",
                "destination_ports": [
                  "22"
                ],
                "display_name": "TCP-22",
                "protocol": "TCP",
                "source_ports": []
              }
            ],
            "nested_service_entry": [],
            "nsx_id": "45b32daf-1c6f-4218-afef-0f644f27bb19",
            "path": "/infra/services/45b32daf-1c6f-4218-afef-0f644f27bb19",
            "revision": 0,
            "tag": []
          },
          "sensitive_attributes": [],
          "private": "bnVsbA==",
          "create_before_destroy": true
        },
        {
          "index_key": "TCP-3306",
          "schema_version": 0,
          "attributes": {
            "algorithm_entry": [],
            "context": [],
            "description": "Service for TCP port 3306",
            "display_name": "TCP-3306",
            "ether_type_entry": [],
            "icmp_entry": [],
            "id": "5f393d71-efdb-44ae-af56-b3065eb79edd",
            "igmp_entry": [],
            "ip_protocol_entry": [],
            "l4_port_set_entry": [
              {
                "description": "",
                "destination_ports": [
                  "3306"
                ],
                "display_name": "TCP-3306",
                "protocol": "TCP",
                "source_ports": []
              }
            ],
            "nested_service_entry": [],
            "nsx_id": "5f393d71-efdb-44ae-af56-b3065eb79edd",
            "path": "/infra/services/5f393d71-efdb-44ae-af56-b3065eb79edd",
            "revision": 0,
            "tag": []
          },
          "sensitive_attributes": [],
          "private": "bnVsbA==",
          "create_before_destroy": true
        },
        {
          "index_key": "TCP-443",
          "schema_version": 0,
          "attributes": {
            "algorithm_entry": [],
            "context": [],
            "description": "Service for TCP port 443",
            "display_name": "TCP-443",
            "ether_type_entry": [],
            "icmp_entry": [],
            "id": "3bc59a1a-d1f6-4fb6-a231-83b43506e088",
            "igmp_entry": [],
            "ip_protocol_entry": [],
            "l4_port_set_entry": [
              {
                "description": "",
                "destination_ports": [
                  "443"
                ],
                "display_name": "TCP-443",
                "protocol": "TCP",
                "source_ports": []
              }
            ],
            "nested_service_entry": [],
            "nsx_id": "3bc59a1a-d1f6-4fb6-a231-83b43506e088",
            "path": "/infra/services/3bc59a1a-d1f6-4fb6-a231-83b43506e088",
            "revision": 0,
            "tag": []
          },
          "sensitive_attributes": [],
          "private": "bnVsbA==",
          "create_before_destroy": true
        },
        {
          "index_key": "TCP-8443",
          "schema_version": 0,
          "attributes": {
            "algorithm_entry": [],
            "context": [],
            "description": "Service for TCP port 8443",
            "display_name": "TCP-8443",
            "ether_type_entry": [],
            "icmp_entry": [],
            "id": "1ec9859b-1eda-427c-ae79-3f05e9e49641",
            "igmp_entry": [],
            "ip_protocol_entry": [],
            "l4_port_set_entry": [
              {
                "description": "",
                "destination_ports": [
                  "8443"
                ],
                "display_name": "TCP-8443",
                "protocol": "TCP",
                "source_ports": []
              }
            ],
            "nested_service_entry": [],
            "nsx_id": "1ec9859b-1eda-427c-ae79-3f05e9e49641",
            "path": "/infra/services/1ec9859b-1eda-427c-ae79-3f05e9e49641",
            "revision": 0,
            "tag": []
          },
          "sensitive_attributes": [],
          "private": "bnVsbA==",
          "create_before_destroy": true
        },
        {
          "index_key": "UDP-123",
          "schema_version": 0,
          "attributes": {
            "algorithm_entry": [],
            "context": [],
            "description": "Service for UDP port 123",
            "display_name": "UDP-123",
            "ether_type_entry": [],
            "icmp_entry": [],
            "id": "58e8643e-b178-4270-91f7-0dd131d98fe5",
            "igmp_entry": [],
            "ip_protocol_entry": [],
            "l4_port_set_entry": [
              {
                "description": "",
                "destination_ports": [
                  "123"
                ],
                "display_name": "UDP-123",
                "protocol": "UDP",
                "source_ports": []
              }
            ],
            "nested_service_entry": [],
            "nsx_id": "58e8643e-b178-4270-91f7-0dd131d98fe5",
            "path": "/infra/services/58e8643e-b178-4270-91f7-0dd131d98fe5",
            "revision": 0,
            "tag": []
          },
          "sensitive_attributes": [],
          "private": "bnVsbA==",
          "create_before_destroy": true
        },
        {
          "index_key": "UDP-30000-39999",
          "schema_version": 0,
          "attributes": {
            "algorithm_entry": [],
            "context": [],
            "description": "Service for UDP port 30000",
            "display_name": "UDP-30000-39999",
            "ether_type_entry": [],
            "icmp_entry": [],
            "id": "ece58e80-aa13-44f2-9c3c-c6884e7f0b5c",
            "igmp_entry": [],
            "ip_protocol_entry": [],
            "l4_port_set_entry": [
              {
                "description": "",
                "destination_ports": [
                  "30000"
                ],
                "display_name": "UDP-30000-39999",
                "protocol": "UDP",
                "source_ports": []
              }
            ],
            "nested_service_entry": [],
            "nsx_id": "ece58e80-aa13-44f2-9c3c-c6884e7f0b5c",
            "path": "/infra/services/ece58e80-aa13-44f2-9c3c-c6884e7f0b5c",
            "revision": 0,
            "tag": []
          },
          "sensitive_attributes": [],
          "private": "bnVsbA==",
          "create_before_destroy": true
        },
        {
          "index_key": "UDP-40000-49999",
          "schema_version": 0,
          "attributes": {
            "algorithm_entry": [],
            "context": [],
            "description": "Service for UDP port 40000",
            "display_name": "UDP-40000-49999",
            "ether_type_entry": [],
            "icmp_entry": [],
            "id": "4d089d70-ff4a-438a-aaed-d9867967b657",
            "igmp_entry": [],
            "ip_protocol_entry": [],
            "l4_port_set_entry": [
              {
                "description": "",
                "destination_ports": [
                  "40000"
                ],
                "display_name": "UDP-40000-49999",
                "protocol": "UDP",
                "source_ports": []
              }
            ],
            "nested_service_entry": [],
            "nsx_id": "4d089d70-ff4a-438a-aaed-d9867967b657",
            "path": "/infra/services/4d089d70-ff4a-438a-aaed-d9867967b657",
            "revision": 0,
            "tag": []
          },
          "sensitive_attributes": [],
          "private": "bnVsbA==",
          "create_before_destroy": true
        },
        {
          "index_key": "UDP-50000-59999",
          "schema_version": 0,
          "attributes": {
            "algorithm_entry": [],
            "context": [],
            "description": "Service for UDP port 50000",
            "display_name": "UDP-50000-59999",
            "ether_type_entry": [],
            "icmp_entry": [],
            "id": "c63a0ed3-2786-4169-9ff7-24b2634017ee",
            "igmp_entry": [],
            "ip_protocol_entry": [],
            "l4_port_set_entry": [
              {
                "description": "",
                "destination_ports": [
                  "50000"
                ],
                "display_name": "UDP-50000-59999",
                "protocol": "UDP",
                "source_ports": []
              }
            ],
            "nested_service_entry": [],
            "nsx_id": "c63a0ed3-2786-4169-9ff7-24b2634017ee",
            "path": "/infra/services/c63a0ed3-2786-4169-9ff7-24b2634017ee",
            "revision": 0,
            "tag": []
          },
          "sensitive_attributes": [],
          "private": "bnVsbA==",
          "create_before_destroy": true
        },
        {
          "index_key": "UDP-53",
          "schema_version": 0,
          "attributes": {
            "algorithm_entry": [],
            "context": [],
            "description": "Service for UDP port 53",
            "display_name": "UDP-53",
            "ether_type_entry": [],
            "icmp_entry": [],
            "id": "c7af0e93-02bc-4ee8-bfca-0f2c950ba5a9",
            "igmp_entry": [],
            "ip_protocol_entry": [],
            "l4_port_set_entry": [
              {
                "description": "",
                "destination_ports": [
                  "53"
                ],
                "display_name": "UDP-53",
                "protocol": "UDP",
                "source_ports": []
              }
            ],
            "nested_service_entry": [],
            "nsx_id": "c7af0e93-02bc-4ee8-bfca-0f2c950ba5a9",
            "path": "/infra/services/c7af0e93-02bc-4ee8-bfca-0f2c950ba5a9",
            "revision": 0,
            "tag": []
          },
          "sensitive_attributes": [],
          "private": "bnVsbA==",
          "create_before_destroy": true
        },
        {
          "index_key": "UDP-60000-65535",
          "schema_version": 0,
          "attributes": {
            "algorithm_entry": [],
            "context": [],
            "description": "Service for UDP port 60000",
            "display_name": "UDP-60000-65535",
            "ether_type_entry": [],
            "icmp_entry": [],
            "id": "613372e4-24ae-4258-820f-900f56a23717",
            "igmp_entry": [],
            "ip_protocol_entry": [],
            "l4_port_set_entry": [
              {
                "description": "",
                "destination_ports": [
                  "60000"
                ],
                "display_name": "UDP-60000-65535",
                "protocol": "UDP",
                "source_ports": []
              }
            ],
            "nested_service_entry": [],
            "nsx_id": "613372e4-24ae-4258-820f-900f56a23717",
            "path": "/infra/services/613372e4-24ae-4258-820f-900f56a23717",
            "revision": 0,
            "tag": []
          },
          "sensitive_attributes": [],
          "private": "bnVsbA==",
          "create_before_destroy": true
        }
      ]
    },
    {
      "mode": "managed",
      "type": "nsxt_policy_vm_tags",
      "name": "vm_tags",
      "provider": "provider[\"registry.terraform.io/vmware/nsxt\"]",
      "instances": [
        {
          "index_key": "p-app-01a",
          "schema_version": 0,
          "attributes": {
            "context": [],
            "id": "500e66ad-6efc-e7fe-6ba3-74d45c3eb94f",
            "instance_id": "500e66ad-6efc-e7fe-6ba3-74d45c3eb94f",
            "port": [],
            "tag": [
              {
                "scope": "application",
                "tag": "wld09-Application Server"
              },
              {
                "scope": "environment",
                "tag": "Production"
              }
            ]
          },
          "sensitive_attributes": [],
          "private": "bnVsbA==",
          "dependencies": [
            "data.nsxt_policy_vm.vms"
          ],
          "create_before_destroy": true
        },
        {
          "index_key": "p-db-01a",
          "schema_version": 0,
          "attributes": {
            "context": [],
            "id": "500eb8ab-1d7d-8803-906e-b540fdcf7f6f",
            "instance_id": "500eb8ab-1d7d-8803-906e-b540fdcf7f6f",
            "port": [],
            "tag": [
              {
                "scope": "application",
                "tag": "wld09-Database Server"
              },
              {
                "scope": "environment",
                "tag": "Production"
              }
            ]
          },
          "sensitive_attributes": [],
          "private": "bnVsbA==",
          "dependencies": [
            "data.nsxt_policy_vm.vms"
          ],
          "create_before_destroy": true
        },
        {
          "index_key": "p-web-01a",
          "schema_version": 0,
          "attributes": {
            "context": [],
            "id": "500eedf5-5f28-eed1-6a09-0f558d46ad41",
            "instance_id": "500eedf5-5f28-eed1-6a09-0f558d46ad41",
            "port": [],
            "tag": [
              {
                "scope": "application",
                "tag": "wld09-Web Server"
              },
              {
                "scope": "environment",
                "tag": "Production"
              }
            ]
          },
          "sensitive_attributes": [],
          "private": "bnVsbA==",
          "dependencies": [
            "data.nsxt_policy_vm.vms"
          ],
          "create_before_destroy": true
        },
        {
          "index_key": "p-web-02a",
          "schema_version": 0,
          "attributes": {
            "context": [],
            "id": "500e4b09-2edf-482e-149b-978b60215a45",
            "instance_id": "500e4b09-2edf-482e-149b-978b60215a45",
            "port": [],
            "tag": [
              {
                "scope": "application",
                "tag": "wld09-Web Server"
              },
              {
                "scope": "environment",
                "tag": "Production"
              }
            ]
          },
          "sensitive_attributes": [],
          "private": "bnVsbA==",
          "dependencies": [
            "data.nsxt_policy_vm.vms"
          ],
          "create_before_destroy": true
        },
        {
          "index_key": "p-web-03a",
          "schema_version": 0,
          "attributes": {
            "context": [],
            "id": "500e169f-7231-266a-4c3d-fbd4ddaf246b",
            "instance_id": "500e169f-7231-266a-4c3d-fbd4ddaf246b",
            "port": [],
            "tag": [
              {
                "scope": "application",
                "tag": "wld09-Web Server"
              },
              {
                "scope": "environment",
                "tag": "Production"
              }
            ]
          },
          "sensitive_attributes": [],
          "private": "bnVsbA==",
          "dependencies": [
            "data.nsxt_policy_vm.vms"
          ],
          "create_before_destroy": true
        },
        {
          "index_key": "t-app-01a",
          "schema_version": 0,
          "attributes": {
            "context": [],
            "id": "500e1a06-0bb7-5aa2-230c-73642a3e23c1",
            "instance_id": "500e1a06-0bb7-5aa2-230c-73642a3e23c1",
            "port": [],
            "tag": [
              {
                "scope": "application",
                "tag": "wld09-Application Server"
              },
              {
                "scope": "environment",
                "tag": "Test"
              }
            ]
          },
          "sensitive_attributes": [],
          "private": "bnVsbA==",
          "dependencies": [
            "data.nsxt_policy_vm.vms"
          ],
          "create_before_destroy": true
        },
        {
          "index_key": "t-db-01a",
          "schema_version": 0,
          "attributes": {
            "context": [],
            "id": "500eaab6-b602-787e-fdde-70c3ee2f655a",
            "instance_id": "500eaab6-b602-787e-fdde-70c3ee2f655a",
            "port": [],
            "tag": [
              {
                "scope": "application",
                "tag": "wld09-Database Server"
              },
              {
                "scope": "environment",
                "tag": "Test"
              }
            ]
          },
          "sensitive_attributes": [],
          "private": "bnVsbA==",
          "dependencies": [
            "data.nsxt_policy_vm.vms"
          ],
          "create_before_destroy": true
        },
        {
          "index_key": "t-web-01a",
          "schema_version": 0,
          "attributes": {
            "context": [],
            "id": "500ea1c4-d4ce-5ff0-eec5-deaa96bcf00e",
            "instance_id": "500ea1c4-d4ce-5ff0-eec5-deaa96bcf00e",
            "port": [],
            "tag": [
              {
                "scope": "application",
                "tag": "wld09-Web Server"
              },
              {
                "scope": "environment",
                "tag": "Test"
              }
            ]
          },
          "sensitive_attributes": [],
          "private": "bnVsbA==",
          "dependencies": [
            "data.nsxt_policy_vm.vms"
          ],
          "create_before_destroy": true
        },
        {
          "index_key": "t-web-02a",
          "schema_version": 0,
          "attributes": {
            "context": [],
            "id": "500ebfe0-9f49-a1c6-d5d3-bc0c6a42fc91",
            "instance_id": "500ebfe0-9f49-a1c6-d5d3-bc0c6a42fc91",
            "port": [],
            "tag": [
              {
                "scope": "application",
                "tag": "wld09-Web Server"
              },
              {
                "scope": "environment",
                "tag": "Test"
              }
            ]
          },
          "sensitive_attributes": [],
          "private": "bnVsbA==",
          "dependencies": [
            "data.nsxt_policy_vm.vms"
          ],
          "create_before_destroy": true
        },
        {
          "index_key": "t-web-03a",
          "schema_version": 0,
          "attributes": {
            "context": [],
            "id": "500e4809-32b4-cbb5-bece-e59d5dc1e4aa",
            "instance_id": "500e4809-32b4-cbb5-bece-e59d5dc1e4aa",
            "port": [],
            "tag": [
              {
                "scope": "application",
                "tag": "wld09-Web Server"
              },
              {
                "scope": "environment",
                "tag": "Test"
              }
            ]
          },
          "sensitive_attributes": [],
          "private": "bnVsbA==",
          "dependencies": [
            "data.nsxt_policy_vm.vms"
          ],
          "create_before_destroy": true
        }
      ]
    }
  ],
  "check_results": null
}
