{
  "version": 4,
  "terraform_version": "1.11.4",
  "serial": 112,
  "lineage": "f4c691af-fa3a-9a1e-f47d-9c77392ec1db",
  "outputs": {
    "application_groups_created": {
      "value": [
        "app-wld09-Application Server",
        "app-wld09-Database Server",
        "app-wld09-Web Server"
      ],
      "type": [
        "tuple",
        [
          "string",
          "string",
          "string"
        ]
      ]
    },
    "application_policies_created": {
      "value": [
        "Application Security Policy"
      ],
      "type": [
        "tuple",
        [
          "string"
        ]
      ]
    },
    "application_tags": {
      "value": [
        "wld09-Application Server",
        "wld09-Database Server",
        "wld09-Web Server"
      ],
      "type": [
        "list",
        "string"
      ]
    },
    "environment_groups_created": {
      "value": [
        "env-Production",
        "env-Test"
      ],
      "type": [
        "tuple",
        [
          "string",
          "string"
        ]
      ]
    },
    "environment_tags": {
      "value": [
        "Production",
        "Test"
      ],
      "type": [
        "list",
        "string"
      ]
    },
    "vm_count": {
      "value": 10,
      "type": "number"
    }
  },
  "resources": [
    {
      "mode": "data",
      "type": "nsxt_policy_vm",
      "name": "vms",
      "provider": "provider[\"registry.terraform.io/vmware/nsxt\"]",
      "instances": [
        {
          "index_key": "p-app-01a",
          "schema_version": 0,
          "attributes": {
            "bios_id": "420ed69b-758d-155e-63d7-1aa278448f8e",
            "context": null,
            "description": "",
            "display_name": "p-app-01a",
            "external_id": "500e66ad-6efc-e7fe-6ba3-74d45c3eb94f",
            "id": "500e66ad-6efc-e7fe-6ba3-74d45c3eb94f",
            "instance_id": "500e66ad-6efc-e7fe-6ba3-74d45c3eb94f"
          },
          "sensitive_attributes": []
        },
        {
          "index_key": "p-db-01a",
          "schema_version": 0,
          "attributes": {
            "bios_id": "420e40f9-3ff4-ffdd-bdb5-0233b4f0493f",
            "context": null,
            "description": "",
            "display_name": "p-db-01a",
            "external_id": "500eb8ab-1d7d-8803-906e-b540fdcf7f6f",
            "id": "500eb8ab-1d7d-8803-906e-b540fdcf7f6f",
            "instance_id": "500eb8ab-1d7d-8803-906e-b540fdcf7f6f"
          },
          "sensitive_attributes": []
        },
        {
          "index_key": "p-web-01a",
          "schema_version": 0,
          "attributes": {
            "bios_id": "420e446e-cf67-8086-932a-bbebf4f9537e",
            "context": null,
            "description": "",
            "display_name": "p-web-01a",
            "external_id": "500eedf5-5f28-eed1-6a09-0f558d46ad41",
            "id": "500eedf5-5f28-eed1-6a09-0f558d46ad41",
            "instance_id": "500eedf5-5f28-eed1-6a09-0f558d46ad41"
          },
          "sensitive_attributes": []
        },
        {
          "index_key": "p-web-02a",
          "schema_version": 0,
          "attributes": {
            "bios_id": "420e0373-2d68-d850-c333-c9a5b68a9cd0",
            "context": null,
            "description": "",
            "display_name": "p-web-02a",
            "external_id": "500e4b09-2edf-482e-149b-978b60215a45",
            "id": "500e4b09-2edf-482e-149b-978b60215a45",
            "instance_id": "500e4b09-2edf-482e-149b-978b60215a45"
          },
          "sensitive_attributes": []
        },
        {
          "index_key": "p-web-03a",
          "schema_version": 0,
          "attributes": {
            "bios_id": "420ee229-5d04-f4a0-9a68-4531951a77c1",
            "context": null,
            "description": "",
            "display_name": "p-web-03a",
            "external_id": "500e169f-7231-266a-4c3d-fbd4ddaf246b",
            "id": "500e169f-7231-266a-4c3d-fbd4ddaf246b",
            "instance_id": "500e169f-7231-266a-4c3d-fbd4ddaf246b"
          },
          "sensitive_attributes": []
        },
        {
          "index_key": "t-app-01a",
          "schema_version": 0,
          "attributes": {
            "bios_id": "420ec69b-f0eb-f021-e76a-1ba3f8f3f229",
            "context": null,
            "description": "",
            "display_name": "t-app-01a",
            "external_id": "500e1a06-0bb7-5aa2-230c-73642a3e23c1",
            "id": "500e1a06-0bb7-5aa2-230c-73642a3e23c1",
            "instance_id": "500e1a06-0bb7-5aa2-230c-73642a3e23c1"
          },
          "sensitive_attributes": []
        },
        {
          "index_key": "t-db-01a",
          "schema_version": 0,
          "attributes": {
            "bios_id": "420ee52b-28dc-83eb-4b9a-38b8c52f5acd",
            "context": null,
            "description": "",
            "display_name": "t-db-01a",
            "external_id": "500eaab6-b602-787e-fdde-70c3ee2f655a",
            "id": "500eaab6-b602-787e-fdde-70c3ee2f655a",
            "instance_id": "500eaab6-b602-787e-fdde-70c3ee2f655a"
          },
          "sensitive_attributes": []
        },
        {
          "index_key": "t-web-01a",
          "schema_version": 0,
          "attributes": {
            "bios_id": "420e1dbc-a4d5-1ce2-c6dc-703bfeea8d16",
            "context": null,
            "description": "",
            "display_name": "t-web-01a",
            "external_id": "500ea1c4-d4ce-5ff0-eec5-deaa96bcf00e",
            "id": "500ea1c4-d4ce-5ff0-eec5-deaa96bcf00e",
            "instance_id": "500ea1c4-d4ce-5ff0-eec5-deaa96bcf00e"
          },
          "sensitive_attributes": []
        },
        {
          "index_key": "t-web-02a",
          "schema_version": 0,
          "attributes": {
            "bios_id": "420ed273-30b9-6979-6784-c7f94f425260",
            "context": null,
            "description": "",
            "display_name": "t-web-02a",
            "external_id": "500ebfe0-9f49-a1c6-d5d3-bc0c6a42fc91",
            "id": "500ebfe0-9f49-a1c6-d5d3-bc0c6a42fc91",
            "instance_id": "500ebfe0-9f49-a1c6-d5d3-bc0c6a42fc91"
          },
          "sensitive_attributes": []
        },
        {
          "index_key": "t-web-03a",
          "schema_version": 0,
          "attributes": {
            "bios_id": "420e9c03-8ab0-6020-c7ff-ef4f8e691da9",
            "context": null,
            "description": "",
            "display_name": "t-web-03a",
            "external_id": "500e4809-32b4-cbb5-bece-e59d5dc1e4aa",
            "id": "500e4809-32b4-cbb5-bece-e59d5dc1e4aa",
            "instance_id": "500e4809-32b4-cbb5-bece-e59d5dc1e4aa"
          },
          "sensitive_attributes": []
        }
      ]
    },
    {
      "mode": "managed",
      "type": "nsxt_policy_group",
      "name": "app_groups",
      "provider": "provider[\"registry.terraform.io/vmware/nsxt\"]",
      "instances": [
        {
          "index_key": "wld09-Application Server",
          "schema_version": 0,
          "attributes": {
            "conjunction": [],
            "context": [],
            "criteria": [
              {
                "condition": [
                  {
                    "key": "Tag",
                    "member_type": "VirtualMachine",
                    "operator": "EQUALS",
                    "value": "wld09-Application Server"
                  }
                ],
                "external_id_expression": [],
                "ipaddress_expression": [],
                "macaddress_expression": [],
                "path_expression": []
              }
            ],
            "description": "Group for wld09 Application Server application",
            "display_name": "app-wld09-Application Server",
            "domain": "default",
            "extended_criteria": [],
            "group_type": null,
            "id": "fecf22c7-1c2a-4bc2-8449-3996a3829d71",
            "nsx_id": "fecf22c7-1c2a-4bc2-8449-3996a3829d71",
            "path": "/infra/domains/default/groups/fecf22c7-1c2a-4bc2-8449-3996a3829d71",
            "revision": 0,
            "tag": []
          },
          "sensitive_attributes": [],
          "private": "bnVsbA==",
          "create_before_destroy": true
        },
        {
          "index_key": "wld09-Database Server",
          "schema_version": 0,
          "attributes": {
            "conjunction": [],
            "context": [],
            "criteria": [
              {
                "condition": [
                  {
                    "key": "Tag",
                    "member_type": "VirtualMachine",
                    "operator": "EQUALS",
                    "value": "wld09-Database Server"
                  }
                ],
                "external_id_expression": [],
                "ipaddress_expression": [],
                "macaddress_expression": [],
                "path_expression": []
              }
            ],
            "description": "Group for wld09 Database Server application",
            "display_name": "app-wld09-Database Server",
            "domain": "default",
            "extended_criteria": [],
            "group_type": null,
            "id": "873818c7-7701-4b7d-9959-7198c4b3032b",
            "nsx_id": "873818c7-7701-4b7d-9959-7198c4b3032b",
            "path": "/infra/domains/default/groups/873818c7-7701-4b7d-9959-7198c4b3032b",
            "revision": 0,
            "tag": []
          },
          "sensitive_attributes": [],
          "private": "bnVsbA==",
          "create_before_destroy": true
        },
        {
          "index_key": "wld09-Web Server",
          "schema_version": 0,
          "attributes": {
            "conjunction": [],
            "context": [],
            "criteria": [
              {
                "condition": [
                  {
                    "key": "Tag",
                    "member_type": "VirtualMachine",
                    "operator": "EQUALS",
                    "value": "wld09-Web Server"
                  }
                ],
                "external_id_expression": [],
                "ipaddress_expression": [],
                "macaddress_expression": [],
                "path_expression": []
              }
            ],
            "description": "Group for wld09 Web Server application",
            "display_name": "app-wld09-Web Server",
            "domain": "default",
            "extended_criteria": [],
            "group_type": null,
            "id": "685f7406-abc7-45b3-81f8-9ca60f34abea",
            "nsx_id": "685f7406-abc7-45b3-81f8-9ca60f34abea",
            "path": "/infra/domains/default/groups/685f7406-abc7-45b3-81f8-9ca60f34abea",
            "revision": 0,
            "tag": []
          },
          "sensitive_attributes": [],
          "private": "bnVsbA==",
          "create_before_destroy": true
        }
      ]
    },
    {
      "mode": "managed",
      "type": "nsxt_policy_group",
      "name": "environment_groups",
      "provider": "provider[\"registry.terraform.io/vmware/nsxt\"]",
      "instances": [
        {
          "index_key": "Production",
          "schema_version": 0,
          "attributes": {
            "conjunction": [],
            "context": [],
            "criteria": [
              {
                "condition": [
                  {
                    "key": "Tag",
                    "member_type": "VirtualMachine",
                    "operator": "EQUALS",
                    "value": "Production"
                  }
                ],
                "external_id_expression": [],
                "ipaddress_expression": [],
                "macaddress_expression": [],
                "path_expression": []
              }
            ],
            "description": "Group for Production environment",
            "display_name": "env-Production",
            "domain": "default",
            "extended_criteria": [],
            "group_type": null,
            "id": "29e08791-3589-418f-af2f-21cd0104d233",
            "nsx_id": "29e08791-3589-418f-af2f-21cd0104d233",
            "path": "/infra/domains/default/groups/29e08791-3589-418f-af2f-21cd0104d233",
            "revision": 0,
            "tag": []
          },
          "sensitive_attributes": [],
          "private": "bnVsbA==",
          "create_before_destroy": true
        },
        {
          "index_key": "Test",
          "schema_version": 0,
          "attributes": {
            "conjunction": [],
            "context": [],
            "criteria": [
              {
                "condition": [
                  {
                    "key": "Tag",
                    "member_type": "VirtualMachine",
                    "operator": "EQUALS",
                    "value": "Test"
                  }
                ],
                "external_id_expression": [],
                "ipaddress_expression": [],
                "macaddress_expression": [],
                "path_expression": []
              }
            ],
            "description": "Group for Test environment",
            "display_name": "env-Test",
            "domain": "default",
            "extended_criteria": [],
            "group_type": null,
            "id": "27b3a7cb-32d7-4699-a081-a068c19fa23c",
            "nsx_id": "27b3a7cb-32d7-4699-a081-a068c19fa23c",
            "path": "/infra/domains/default/groups/27b3a7cb-32d7-4699-a081-a068c19fa23c",
            "revision": 0,
            "tag": []
          },
          "sensitive_attributes": [],
          "private": "bnVsbA==",
          "create_before_destroy": true
        }
      ]
    },
    {
      "mode": "managed",
      "type": "nsxt_policy_security_policy",
      "name": "application_policy",
      "provider": "provider[\"registry.terraform.io/vmware/nsxt\"]",
      "instances": [
        {
          "schema_version": 0,
          "attributes": {
            "category": "Application",
            "comments": "",
            "context": [],
            "description": "Security policy for all applications",
            "display_name": "Application Security Policy",
            "domain": "default",
            "id": "c8538d4b-c05f-4601-9544-ed7340a430a8",
            "locked": false,
            "nsx_id": "c8538d4b-c05f-4601-9544-ed7340a430a8",
            "path": "/infra/domains/default/security-policies/c8538d4b-c05f-4601-9544-ed7340a430a8",
            "revision": 1,
            "rule": [
              {
                "action": "ALLOW",
                "description": "Allow communication from External to External on UDP port 123",
                "destination_groups": [
                  "/infra/domains/default/groups/29e08791-3589-418f-af2f-21cd0104d233"
                ],
                "destinations_excluded": false,
                "direction": "IN_OUT",
                "disabled": false,
                "display_name": "External to External [UDP-123]",
                "ip_version": "IPV4_IPV6",
                "log_label": "",
                "logged": true,
                "notes": "",
                "nsx_id": "a621b088-316a-4f71-95e8-824c83e854a4",
                "profiles": [],
                "revision": 0,
                "rule_id": 5097,
                "scope": [],
                "sequence_number": 1,
                "services": [
                  "/infra/services/32581e98-7af1-4aef-a876-fe5b5e7b99f1"
                ],
                "source_groups": [
                  "/infra/domains/default/groups/29e08791-3589-418f-af2f-21cd0104d233"
                ],
                "sources_excluded": false,
                "tag": []
              },
              {
                "action": "ALLOW",
                "description": "Allow communication from wld09-Application Server to External on UDP port 53",
                "destination_groups": [
                  "/infra/domains/default/groups/29e08791-3589-418f-af2f-21cd0104d233"
                ],
                "destinations_excluded": false,
                "direction": "IN_OUT",
                "disabled": false,
                "display_name": "wld09-Application Server to External [UDP-53]",
                "ip_version": "IPV4_IPV6",
                "log_label": "",
                "logged": true,
                "notes": "",
                "nsx_id": "0b4d4067-4131-4052-80a4-4ca6cd4f169d",
                "profiles": [],
                "revision": 0,
                "rule_id": 5100,
                "scope": [],
                "sequence_number": 2,
                "services": [
                  "/infra/services/3c3c598c-097b-4058-9d74-942d783419ef"
                ],
                "source_groups": [
                  "/infra/domains/default/groups/fecf22c7-1c2a-4bc2-8449-3996a3829d71"
                ],
                "sources_excluded": false,
                "tag": []
              },
              {
                "action": "ALLOW",
                "description": "Allow communication from wld09-Web Server to External on UDP port 123",
                "destination_groups": [
                  "/infra/domains/default/groups/29e08791-3589-418f-af2f-21cd0104d233"
                ],
                "destinations_excluded": false,
                "direction": "IN_OUT",
                "disabled": false,
                "display_name": "wld09-Web Server to External [UDP-123]",
                "ip_version": "IPV4_IPV6",
                "log_label": "",
                "logged": true,
                "notes": "",
                "nsx_id": "73ac332d-2abf-448b-967d-41b9e7acb82f",
                "profiles": [],
                "revision": 0,
                "rule_id": 5101,
                "scope": [],
                "sequence_number": 3,
                "services": [
                  "/infra/services/32581e98-7af1-4aef-a876-fe5b5e7b99f1"
                ],
                "source_groups": [
                  "/infra/domains/default/groups/685f7406-abc7-45b3-81f8-9ca60f34abea"
                ],
                "sources_excluded": false,
                "tag": []
              },
              {
                "action": "ALLOW",
                "description": "Allow communication from wld09-Database Server to External on UDP port 123",
                "destination_groups": [
                  "/infra/domains/default/groups/29e08791-3589-418f-af2f-21cd0104d233"
                ],
                "destinations_excluded": false,
                "direction": "IN_OUT",
                "disabled": false,
                "display_name": "wld09-Database Server to External [UDP-123]",
                "ip_version": "IPV4_IPV6",
                "log_label": "",
                "logged": true,
                "notes": "",
                "nsx_id": "aff1fa28-605a-4b64-9679-8326769ebe53",
                "profiles": [],
                "revision": 0,
                "rule_id": 5102,
                "scope": [],
                "sequence_number": 4,
                "services": [
                  "/infra/services/32581e98-7af1-4aef-a876-fe5b5e7b99f1"
                ],
                "source_groups": [
                  "/infra/domains/default/groups/873818c7-7701-4b7d-9959-7198c4b3032b"
                ],
                "sources_excluded": false,
                "tag": []
              },
              {
                "action": "ALLOW",
                "description": "Allow communication from External to wld09-Web Server on TCP port 443",
                "destination_groups": [
                  "/infra/domains/default/groups/685f7406-abc7-45b3-81f8-9ca60f34abea"
                ],
                "destinations_excluded": false,
                "direction": "IN_OUT",
                "disabled": false,
                "display_name": "External to wld09-Web Server [TCP-443]",
                "ip_version": "IPV4_IPV6",
                "log_label": "",
                "logged": true,
                "notes": "",
                "nsx_id": "fa1c52e3-aaf5-49a8-b28f-6ad3bb4d8920",
                "profiles": [],
                "revision": 0,
                "rule_id": 5103,
                "scope": [],
                "sequence_number": 5,
                "services": [
                  "/infra/services/75dd2724-358d-4956-aca6-5e6d1dda2aca"
                ],
                "source_groups": [
                  "/infra/domains/default/groups/29e08791-3589-418f-af2f-21cd0104d233"
                ],
                "sources_excluded": false,
                "tag": []
              },
              {
                "action": "ALLOW",
                "description": "Allow communication from wld09-Web Server to wld09-Application Server on TCP port 8443",
                "destination_groups": [
                  "/infra/domains/default/groups/fecf22c7-1c2a-4bc2-8449-3996a3829d71"
                ],
                "destinations_excluded": false,
                "direction": "IN_OUT",
                "disabled": false,
                "display_name": "wld09-Web Server to wld09-Application Server [TCP-8443]",
                "ip_version": "IPV4_IPV6",
                "log_label": "",
                "logged": true,
                "notes": "",
                "nsx_id": "c383eb7a-6b82-4797-9b54-e17b557105bd",
                "profiles": [],
                "revision": 0,
                "rule_id": 5104,
                "scope": [],
                "sequence_number": 6,
                "services": [
                  "/infra/services/8cb08321-4a2a-4c44-a501-c88b2e49daaf"
                ],
                "source_groups": [
                  "/infra/domains/default/groups/685f7406-abc7-45b3-81f8-9ca60f34abea"
                ],
                "sources_excluded": false,
                "tag": []
              },
              {
                "action": "ALLOW",
                "description": "Allow communication from wld09-Database Server to External on UDP port 53",
                "destination_groups": [
                  "/infra/domains/default/groups/29e08791-3589-418f-af2f-21cd0104d233"
                ],
                "destinations_excluded": false,
                "direction": "IN_OUT",
                "disabled": false,
                "display_name": "wld09-Database Server to External [UDP-53]",
                "ip_version": "IPV4_IPV6",
                "log_label": "",
                "logged": true,
                "notes": "",
                "nsx_id": "5cade352-b514-48f0-8ff1-7039b89869f8",
                "profiles": [],
                "revision": 0,
                "rule_id": 5105,
                "scope": [],
                "sequence_number": 7,
                "services": [
                  "/infra/services/3c3c598c-097b-4058-9d74-942d783419ef"
                ],
                "source_groups": [
                  "/infra/domains/default/groups/873818c7-7701-4b7d-9959-7198c4b3032b"
                ],
                "sources_excluded": false,
                "tag": []
              },
              {
                "action": "ALLOW",
                "description": "Allow communication from wld09-Web Server to wld09-Application Server on TCP port 8443",
                "destination_groups": [
                  "/infra/domains/default/groups/fecf22c7-1c2a-4bc2-8449-3996a3829d71"
                ],
                "destinations_excluded": false,
                "direction": "IN_OUT",
                "disabled": false,
                "display_name": "wld09-Web Server to wld09-Application Server [TCP-8443]",
                "ip_version": "IPV4_IPV6",
                "log_label": "",
                "logged": true,
                "notes": "",
                "nsx_id": "7d85598b-845a-442e-ba18-162f506be231",
                "profiles": [],
                "revision": 0,
                "rule_id": 5106,
                "scope": [],
                "sequence_number": 8,
                "services": [
                  "/infra/services/8cb08321-4a2a-4c44-a501-c88b2e49daaf"
                ],
                "source_groups": [
                  "/infra/domains/default/groups/685f7406-abc7-45b3-81f8-9ca60f34abea"
                ],
                "sources_excluded": false,
                "tag": []
              },
              {
                "action": "ALLOW",
                "description": "Allow communication from wld09-Web Server to External on UDP port 123",
                "destination_groups": [
                  "/infra/domains/default/groups/29e08791-3589-418f-af2f-21cd0104d233"
                ],
                "destinations_excluded": false,
                "direction": "IN_OUT",
                "disabled": false,
                "display_name": "wld09-Web Server to External [UDP-123]",
                "ip_version": "IPV4_IPV6",
                "log_label": "",
                "logged": true,
                "notes": "",
                "nsx_id": "795e7a17-58d3-4e74-af16-0c76bde0ce32",
                "profiles": [],
                "revision": 0,
                "rule_id": 5107,
                "scope": [],
                "sequence_number": 9,
                "services": [
                  "/infra/services/32581e98-7af1-4aef-a876-fe5b5e7b99f1"
                ],
                "source_groups": [
                  "/infra/domains/default/groups/685f7406-abc7-45b3-81f8-9ca60f34abea"
                ],
                "sources_excluded": false,
                "tag": []
              },
              {
                "action": "ALLOW",
                "description": "Allow communication from wld09-Application Server to External on UDP port 123",
                "destination_groups": [
                  "/infra/domains/default/groups/29e08791-3589-418f-af2f-21cd0104d233"
                ],
                "destinations_excluded": false,
                "direction": "IN_OUT",
                "disabled": false,
                "display_name": "wld09-Application Server to External [UDP-123]",
                "ip_version": "IPV4_IPV6",
                "log_label": "",
                "logged": true,
                "notes": "",
                "nsx_id": "937226bf-45d1-4dc2-95a1-bd79986be943",
                "profiles": [],
                "revision": 0,
                "rule_id": 5108,
                "scope": [],
                "sequence_number": 10,
                "services": [
                  "/infra/services/32581e98-7af1-4aef-a876-fe5b5e7b99f1"
                ],
                "source_groups": [
                  "/infra/domains/default/groups/fecf22c7-1c2a-4bc2-8449-3996a3829d71"
                ],
                "sources_excluded": false,
                "tag": []
              },
              {
                "action": "ALLOW",
                "description": "Allow communication from wld09-Web Server to External on UDP port 53",
                "destination_groups": [
                  "/infra/domains/default/groups/29e08791-3589-418f-af2f-21cd0104d233"
                ],
                "destinations_excluded": false,
                "direction": "IN_OUT",
                "disabled": false,
                "display_name": "wld09-Web Server to External [UDP-53]",
                "ip_version": "IPV4_IPV6",
                "log_label": "",
                "logged": true,
                "notes": "",
                "nsx_id": "d928aab7-c248-41eb-a29c-9df93113129f",
                "profiles": [],
                "revision": 0,
                "rule_id": 5109,
                "scope": [],
                "sequence_number": 11,
                "services": [
                  "/infra/services/3c3c598c-097b-4058-9d74-942d783419ef"
                ],
                "source_groups": [
                  "/infra/domains/default/groups/685f7406-abc7-45b3-81f8-9ca60f34abea"
                ],
                "sources_excluded": false,
                "tag": []
              },
              {
                "action": "ALLOW",
                "description": "Allow communication from wld09-Database Server to External on UDP port 123",
                "destination_groups": [
                  "/infra/domains/default/groups/29e08791-3589-418f-af2f-21cd0104d233"
                ],
                "destinations_excluded": false,
                "direction": "IN_OUT",
                "disabled": false,
                "display_name": "wld09-Database Server to External [UDP-123]",
                "ip_version": "IPV4_IPV6",
                "log_label": "",
                "logged": true,
                "notes": "",
                "nsx_id": "9eeb5a7f-8962-47c3-b75e-f1d095006b0c",
                "profiles": [],
                "revision": 0,
                "rule_id": 5110,
                "scope": [],
                "sequence_number": 12,
                "services": [
                  "/infra/services/32581e98-7af1-4aef-a876-fe5b5e7b99f1"
                ],
                "source_groups": [
                  "/infra/domains/default/groups/873818c7-7701-4b7d-9959-7198c4b3032b"
                ],
                "sources_excluded": false,
                "tag": []
              },
              {
                "action": "ALLOW",
                "description": "Allow communication from External to wld09-Web Server on UDP port 50000-59999",
                "destination_groups": [
                  "/infra/domains/default/groups/685f7406-abc7-45b3-81f8-9ca60f34abea"
                ],
                "destinations_excluded": false,
                "direction": "IN_OUT",
                "disabled": false,
                "display_name": "External to wld09-Web Server [UDP-50000-59999]",
                "ip_version": "IPV4_IPV6",
                "log_label": "",
                "logged": true,
                "notes": "",
                "nsx_id": "fe1693b4-db9e-4765-ae4f-0625c0f48625",
                "profiles": [],
                "revision": 0,
                "rule_id": 5111,
                "scope": [],
                "sequence_number": 13,
                "services": [
                  "/infra/services/72c70af1-4618-408d-996d-15c6dc09b3ff"
                ],
                "source_groups": [
                  "/infra/domains/default/groups/29e08791-3589-418f-af2f-21cd0104d233"
                ],
                "sources_excluded": false,
                "tag": []
              },
              {
                "action": "ALLOW",
                "description": "Allow communication from External to wld09-Web Server on TCP port 22",
                "destination_groups": [
                  "/infra/domains/default/groups/685f7406-abc7-45b3-81f8-9ca60f34abea"
                ],
                "destinations_excluded": false,
                "direction": "IN_OUT",
                "disabled": false,
                "display_name": "External to wld09-Web Server [TCP-22]",
                "ip_version": "IPV4_IPV6",
                "log_label": "",
                "logged": true,
                "notes": "",
                "nsx_id": "a0da3362-252f-4f40-b466-1ecce177e20f",
                "profiles": [],
                "revision": 0,
                "rule_id": 5112,
                "scope": [],
                "sequence_number": 14,
                "services": [
                  "/infra/services/4fd9802e-f3c2-499b-b826-e81d5b29df16"
                ],
                "source_groups": [
                  "/infra/domains/default/groups/29e08791-3589-418f-af2f-21cd0104d233"
                ],
                "sources_excluded": false,
                "tag": []
              },
              {
                "action": "ALLOW",
                "description": "Allow communication from External to wld09-Web Server on UDP port 40000-49999",
                "destination_groups": [
                  "/infra/domains/default/groups/685f7406-abc7-45b3-81f8-9ca60f34abea"
                ],
                "destinations_excluded": false,
                "direction": "IN_OUT",
                "disabled": false,
                "display_name": "External to wld09-Web Server [UDP-40000-49999]",
                "ip_version": "IPV4_IPV6",
                "log_label": "",
                "logged": true,
                "notes": "",
                "nsx_id": "0bc5c607-0e75-4a0a-98e0-93b45f005e0f",
                "profiles": [],
                "revision": 0,
                "rule_id": 5113,
                "scope": [],
                "sequence_number": 15,
                "services": [
                  "/infra/services/ead29be7-db3c-46fb-8658-027a07c0b1ec"
                ],
                "source_groups": [
                  "/infra/domains/default/groups/29e08791-3589-418f-af2f-21cd0104d233"
                ],
                "sources_excluded": false,
                "tag": []
              },
              {
                "action": "ALLOW",
                "description": "Allow communication from wld09-Web Server to wld09-Application Server on TCP port 8443",
                "destination_groups": [
                  "/infra/domains/default/groups/fecf22c7-1c2a-4bc2-8449-3996a3829d71"
                ],
                "destinations_excluded": false,
                "direction": "IN_OUT",
                "disabled": false,
                "display_name": "wld09-Web Server to wld09-Application Server [TCP-8443]",
                "ip_version": "IPV4_IPV6",
                "log_label": "",
                "logged": true,
                "notes": "",
                "nsx_id": "9c85e9f6-cfac-42aa-a956-15f4069f33a8",
                "profiles": [],
                "revision": 0,
                "rule_id": 5114,
                "scope": [],
                "sequence_number": 16,
                "services": [
                  "/infra/services/8cb08321-4a2a-4c44-a501-c88b2e49daaf"
                ],
                "source_groups": [
                  "/infra/domains/default/groups/685f7406-abc7-45b3-81f8-9ca60f34abea"
                ],
                "sources_excluded": false,
                "tag": []
              },
              {
                "action": "ALLOW",
                "description": "Allow communication from External to wld09-Web Server on UDP port 60000-65535",
                "destination_groups": [
                  "/infra/domains/default/groups/685f7406-abc7-45b3-81f8-9ca60f34abea"
                ],
                "destinations_excluded": false,
                "direction": "IN_OUT",
                "disabled": false,
                "display_name": "External to wld09-Web Server [UDP-60000-65535]",
                "ip_version": "IPV4_IPV6",
                "log_label": "",
                "logged": true,
                "notes": "",
                "nsx_id": "4450b95c-9e19-4e56-b4ba-1978b7e7bf62",
                "profiles": [],
                "revision": 0,
                "rule_id": 5115,
                "scope": [],
                "sequence_number": 17,
                "services": [
                  "/infra/services/9ff92b62-3396-4bc8-a070-c001907dc08c"
                ],
                "source_groups": [
                  "/infra/domains/default/groups/29e08791-3589-418f-af2f-21cd0104d233"
                ],
                "sources_excluded": false,
                "tag": []
              },
              {
                "action": "ALLOW",
                "description": "Allow communication from External to wld09-Web Server on UDP port 30000-39999",
                "destination_groups": [
                  "/infra/domains/default/groups/685f7406-abc7-45b3-81f8-9ca60f34abea"
                ],
                "destinations_excluded": false,
                "direction": "IN_OUT",
                "disabled": false,
                "display_name": "External to wld09-Web Server [UDP-30000-39999]",
                "ip_version": "IPV4_IPV6",
                "log_label": "",
                "logged": true,
                "notes": "",
                "nsx_id": "abb9c1c5-a69f-4319-b645-30fbb26a4d4f",
                "profiles": [],
                "revision": 0,
                "rule_id": 5116,
                "scope": [],
                "sequence_number": 18,
                "services": [
                  "/infra/services/64b1020f-21f7-461b-bf6b-a7164bdc6b4d"
                ],
                "source_groups": [
                  "/infra/domains/default/groups/29e08791-3589-418f-af2f-21cd0104d233"
                ],
                "sources_excluded": false,
                "tag": []
              },
              {
                "action": "ALLOW",
                "description": "Allow communication from wld09-Application Server to External on TCP port 443",
                "destination_groups": [
                  "/infra/domains/default/groups/29e08791-3589-418f-af2f-21cd0104d233"
                ],
                "destinations_excluded": false,
                "direction": "IN_OUT",
                "disabled": false,
                "display_name": "wld09-Application Server to External [TCP-443]",
                "ip_version": "IPV4_IPV6",
                "log_label": "",
                "logged": true,
                "notes": "",
                "nsx_id": "0dde0864-78c1-4207-bcbf-eb2856e7d7fc",
                "profiles": [],
                "revision": 0,
                "rule_id": 5117,
                "scope": [],
                "sequence_number": 19,
                "services": [
                  "/infra/services/75dd2724-358d-4956-aca6-5e6d1dda2aca"
                ],
                "source_groups": [
                  "/infra/domains/default/groups/fecf22c7-1c2a-4bc2-8449-3996a3829d71"
                ],
                "sources_excluded": false,
                "tag": []
              },
              {
                "action": "ALLOW",
                "description": "Allow communication from External to wld09-Web Server on TCP port 443",
                "destination_groups": [
                  "/infra/domains/default/groups/685f7406-abc7-45b3-81f8-9ca60f34abea"
                ],
                "destinations_excluded": false,
                "direction": "IN_OUT",
                "disabled": false,
                "display_name": "External to wld09-Web Server [TCP-443]",
                "ip_version": "IPV4_IPV6",
                "log_label": "",
                "logged": true,
                "notes": "",
                "nsx_id": "18dc87d7-88b2-4d6d-886d-8432b02ffb26",
                "profiles": [],
                "revision": 0,
                "rule_id": 5118,
                "scope": [],
                "sequence_number": 20,
                "services": [
                  "/infra/services/75dd2724-358d-4956-aca6-5e6d1dda2aca"
                ],
                "source_groups": [
                  "/infra/domains/default/groups/29e08791-3589-418f-af2f-21cd0104d233"
                ],
                "sources_excluded": false,
                "tag": []
              },
              {
                "action": "ALLOW",
                "description": "Allow communication from External to wld09-Database Server on UDP port 30000-39999",
                "destination_groups": [
                  "/infra/domains/default/groups/873818c7-7701-4b7d-9959-7198c4b3032b"
                ],
                "destinations_excluded": false,
                "direction": "IN_OUT",
                "disabled": false,
                "display_name": "External to wld09-Database Server [UDP-30000-39999]",
                "ip_version": "IPV4_IPV6",
                "log_label": "",
                "logged": true,
                "notes": "",
                "nsx_id": "46bcc9ee-63e7-488a-9ace-76522a7a3c95",
                "profiles": [],
                "revision": 0,
                "rule_id": 5119,
                "scope": [],
                "sequence_number": 21,
                "services": [
                  "/infra/services/64b1020f-21f7-461b-bf6b-a7164bdc6b4d"
                ],
                "source_groups": [
                  "/infra/domains/default/groups/29e08791-3589-418f-af2f-21cd0104d233"
                ],
                "sources_excluded": false,
                "tag": []
              },
              {
                "action": "ALLOW",
                "description": "Allow communication from External to wld09-Database Server on UDP port 50000-59999",
                "destination_groups": [
                  "/infra/domains/default/groups/873818c7-7701-4b7d-9959-7198c4b3032b"
                ],
                "destinations_excluded": false,
                "direction": "IN_OUT",
                "disabled": false,
                "display_name": "External to wld09-Database Server [UDP-50000-59999]",
                "ip_version": "IPV4_IPV6",
                "log_label": "",
                "logged": true,
                "notes": "",
                "nsx_id": "0191253a-c38a-4650-933a-ab11e5716ae8",
                "profiles": [],
                "revision": 0,
                "rule_id": 5120,
                "scope": [],
                "sequence_number": 22,
                "services": [
                  "/infra/services/72c70af1-4618-408d-996d-15c6dc09b3ff"
                ],
                "source_groups": [
                  "/infra/domains/default/groups/29e08791-3589-418f-af2f-21cd0104d233"
                ],
                "sources_excluded": false,
                "tag": []
              },
              {
                "action": "ALLOW",
                "description": "Allow communication from wld09-Application Server to External on UDP port 123",
                "destination_groups": [
                  "/infra/domains/default/groups/29e08791-3589-418f-af2f-21cd0104d233"
                ],
                "destinations_excluded": false,
                "direction": "IN_OUT",
                "disabled": false,
                "display_name": "wld09-Application Server to External [UDP-123]",
                "ip_version": "IPV4_IPV6",
                "log_label": "",
                "logged": true,
                "notes": "",
                "nsx_id": "14bd220b-75e0-45be-90e5-bae137bf6498",
                "profiles": [],
                "revision": 0,
                "rule_id": 5121,
                "scope": [],
                "sequence_number": 23,
                "services": [
                  "/infra/services/32581e98-7af1-4aef-a876-fe5b5e7b99f1"
                ],
                "source_groups": [
                  "/infra/domains/default/groups/fecf22c7-1c2a-4bc2-8449-3996a3829d71"
                ],
                "sources_excluded": false,
                "tag": []
              },
              {
                "action": "ALLOW",
                "description": "Allow communication from External to wld09-Web Server on TCP port 22",
                "destination_groups": [
                  "/infra/domains/default/groups/685f7406-abc7-45b3-81f8-9ca60f34abea"
                ],
                "destinations_excluded": false,
                "direction": "IN_OUT",
                "disabled": false,
                "display_name": "External to wld09-Web Server [TCP-22]",
                "ip_version": "IPV4_IPV6",
                "log_label": "",
                "logged": true,
                "notes": "",
                "nsx_id": "42ac8b0e-3ae6-434d-9aa5-51ad107f47c9",
                "profiles": [],
                "revision": 0,
                "rule_id": 5122,
                "scope": [],
                "sequence_number": 24,
                "services": [
                  "/infra/services/4fd9802e-f3c2-499b-b826-e81d5b29df16"
                ],
                "source_groups": [
                  "/infra/domains/default/groups/29e08791-3589-418f-af2f-21cd0104d233"
                ],
                "sources_excluded": false,
                "tag": []
              },
              {
                "action": "ALLOW",
                "description": "Allow communication from External to wld09-Application Server on UDP port 50000-59999",
                "destination_groups": [
                  "/infra/domains/default/groups/fecf22c7-1c2a-4bc2-8449-3996a3829d71"
                ],
                "destinations_excluded": false,
                "direction": "IN_OUT",
                "disabled": false,
                "display_name": "External to wld09-Application Server [UDP-50000-59999]",
                "ip_version": "IPV4_IPV6",
                "log_label": "",
                "logged": true,
                "notes": "",
                "nsx_id": "a82c2439-fe51-4513-bfca-30c001019631",
                "profiles": [],
                "revision": 0,
                "rule_id": 5123,
                "scope": [],
                "sequence_number": 25,
                "services": [
                  "/infra/services/72c70af1-4618-408d-996d-15c6dc09b3ff"
                ],
                "source_groups": [
                  "/infra/domains/default/groups/29e08791-3589-418f-af2f-21cd0104d233"
                ],
                "sources_excluded": false,
                "tag": []
              },
              {
                "action": "ALLOW",
                "description": "Allow communication from wld09-Application Server to wld09-Database Server on TCP port 3306",
                "destination_groups": [
                  "/infra/domains/default/groups/873818c7-7701-4b7d-9959-7198c4b3032b"
                ],
                "destinations_excluded": false,
                "direction": "IN_OUT",
                "disabled": false,
                "display_name": "wld09-Application Server to wld09-Database Server [TCP-3306]",
                "ip_version": "IPV4_IPV6",
                "log_label": "",
                "logged": true,
                "notes": "",
                "nsx_id": "9ceebecc-286a-491b-a53e-b595fb6cc16c",
                "profiles": [],
                "revision": 0,
                "rule_id": 5124,
                "scope": [],
                "sequence_number": 26,
                "services": [
                  "/infra/services/8e9f02fa-5f97-4774-85c1-bc7f3323647b"
                ],
                "source_groups": [
                  "/infra/domains/default/groups/fecf22c7-1c2a-4bc2-8449-3996a3829d71"
                ],
                "sources_excluded": false,
                "tag": []
              },
              {
                "action": "ALLOW",
                "description": "Allow communication from External to wld09-Web Server on TCP port 22",
                "destination_groups": [
                  "/infra/domains/default/groups/685f7406-abc7-45b3-81f8-9ca60f34abea"
                ],
                "destinations_excluded": false,
                "direction": "IN_OUT",
                "disabled": false,
                "display_name": "External to wld09-Web Server [TCP-22]",
                "ip_version": "IPV4_IPV6",
                "log_label": "",
                "logged": true,
                "notes": "",
                "nsx_id": "98b4177a-b17d-4093-9072-87c32b3bf8c6",
                "profiles": [],
                "revision": 0,
                "rule_id": 5125,
                "scope": [],
                "sequence_number": 27,
                "services": [
                  "/infra/services/4fd9802e-f3c2-499b-b826-e81d5b29df16"
                ],
                "source_groups": [
                  "/infra/domains/default/groups/29e08791-3589-418f-af2f-21cd0104d233"
                ],
                "sources_excluded": false,
                "tag": []
              },
              {
                "action": "ALLOW",
                "description": "Allow communication from wld09-Web Server to wld09-Application Server on TCP port 8443",
                "destination_groups": [
                  "/infra/domains/default/groups/fecf22c7-1c2a-4bc2-8449-3996a3829d71"
                ],
                "destinations_excluded": false,
                "direction": "IN_OUT",
                "disabled": false,
                "display_name": "wld09-Web Server to wld09-Application Server [TCP-8443]",
                "ip_version": "IPV4_IPV6",
                "log_label": "",
                "logged": true,
                "notes": "",
                "nsx_id": "95cdbb88-fb3c-43e9-8048-24883ee6f3a6",
                "profiles": [],
                "revision": 0,
                "rule_id": 5126,
                "scope": [],
                "sequence_number": 28,
                "services": [
                  "/infra/services/8cb08321-4a2a-4c44-a501-c88b2e49daaf"
                ],
                "source_groups": [
                  "/infra/domains/default/groups/685f7406-abc7-45b3-81f8-9ca60f34abea"
                ],
                "sources_excluded": false,
                "tag": []
              },
              {
                "action": "ALLOW",
                "description": "Allow communication from wld09-Web Server to External on UDP port 123",
                "destination_groups": [
                  "/infra/domains/default/groups/29e08791-3589-418f-af2f-21cd0104d233"
                ],
                "destinations_excluded": false,
                "direction": "IN_OUT",
                "disabled": false,
                "display_name": "wld09-Web Server to External [UDP-123]",
                "ip_version": "IPV4_IPV6",
                "log_label": "",
                "logged": true,
                "notes": "",
                "nsx_id": "aa3dc0fc-a769-47ed-88c4-154496f507e2",
                "profiles": [],
                "revision": 0,
                "rule_id": 5127,
                "scope": [],
                "sequence_number": 29,
                "services": [
                  "/infra/services/32581e98-7af1-4aef-a876-fe5b5e7b99f1"
                ],
                "source_groups": [
                  "/infra/domains/default/groups/685f7406-abc7-45b3-81f8-9ca60f34abea"
                ],
                "sources_excluded": false,
                "tag": []
              },
              {
                "action": "ALLOW",
                "description": "Allow communication from External to wld09-Web Server on TCP port 22",
                "destination_groups": [
                  "/infra/domains/default/groups/685f7406-abc7-45b3-81f8-9ca60f34abea"
                ],
                "destinations_excluded": false,
                "direction": "IN_OUT",
                "disabled": false,
                "display_name": "External to wld09-Web Server [TCP-22]",
                "ip_version": "IPV4_IPV6",
                "log_label": "",
                "logged": true,
                "notes": "",
                "nsx_id": "312684f3-6569-460f-aaed-f4d517d68ae0",
                "profiles": [],
                "revision": 0,
                "rule_id": 5128,
                "scope": [],
                "sequence_number": 30,
                "services": [
                  "/infra/services/4fd9802e-f3c2-499b-b826-e81d5b29df16"
                ],
                "source_groups": [
                  "/infra/domains/default/groups/29e08791-3589-418f-af2f-21cd0104d233"
                ],
                "sources_excluded": false,
                "tag": []
              },
              {
                "action": "ALLOW",
                "description": "Allow communication from External to wld09-Database Server on TCP port 22",
                "destination_groups": [
                  "/infra/domains/default/groups/873818c7-7701-4b7d-9959-7198c4b3032b"
                ],
                "destinations_excluded": false,
                "direction": "IN_OUT",
                "disabled": false,
                "display_name": "External to wld09-Database Server [TCP-22]",
                "ip_version": "IPV4_IPV6",
                "log_label": "",
                "logged": true,
                "notes": "",
                "nsx_id": "c4323a84-6e24-4adf-9759-9ad22e2c8e80",
                "profiles": [],
                "revision": 0,
                "rule_id": 5129,
                "scope": [],
                "sequence_number": 31,
                "services": [
                  "/infra/services/4fd9802e-f3c2-499b-b826-e81d5b29df16"
                ],
                "source_groups": [
                  "/infra/domains/default/groups/29e08791-3589-418f-af2f-21cd0104d233"
                ],
                "sources_excluded": false,
                "tag": []
              },
              {
                "action": "ALLOW",
                "description": "Allow communication from wld09-Web Server to wld09-Application Server on TCP port 8443",
                "destination_groups": [
                  "/infra/domains/default/groups/fecf22c7-1c2a-4bc2-8449-3996a3829d71"
                ],
                "destinations_excluded": false,
                "direction": "IN_OUT",
                "disabled": false,
                "display_name": "wld09-Web Server to wld09-Application Server [TCP-8443]",
                "ip_version": "IPV4_IPV6",
                "log_label": "",
                "logged": true,
                "notes": "",
                "nsx_id": "20cc6179-3cb9-41a2-8364-f7231822fced",
                "profiles": [],
                "revision": 0,
                "rule_id": 5130,
                "scope": [],
                "sequence_number": 32,
                "services": [
                  "/infra/services/8cb08321-4a2a-4c44-a501-c88b2e49daaf"
                ],
                "source_groups": [
                  "/infra/domains/default/groups/685f7406-abc7-45b3-81f8-9ca60f34abea"
                ],
                "sources_excluded": false,
                "tag": []
              },
              {
                "action": "ALLOW",
                "description": "Allow communication from External to External on UDP port 53",
                "destination_groups": [
                  "/infra/domains/default/groups/29e08791-3589-418f-af2f-21cd0104d233"
                ],
                "destinations_excluded": false,
                "direction": "IN_OUT",
                "disabled": false,
                "display_name": "External to External [UDP-53]",
                "ip_version": "IPV4_IPV6",
                "log_label": "",
                "logged": true,
                "notes": "",
                "nsx_id": "d44e0d06-f574-40c9-8bf9-55b3f5aefd45",
                "profiles": [],
                "revision": 0,
                "rule_id": 5131,
                "scope": [],
                "sequence_number": 33,
                "services": [
                  "/infra/services/3c3c598c-097b-4058-9d74-942d783419ef"
                ],
                "source_groups": [
                  "/infra/domains/default/groups/29e08791-3589-418f-af2f-21cd0104d233"
                ],
                "sources_excluded": false,
                "tag": []
              },
              {
                "action": "ALLOW",
                "description": "Allow communication from wld09-Application Server to External on UDP port 123",
                "destination_groups": [
                  "/infra/domains/default/groups/29e08791-3589-418f-af2f-21cd0104d233"
                ],
                "destinations_excluded": false,
                "direction": "IN_OUT",
                "disabled": false,
                "display_name": "wld09-Application Server to External [UDP-123]",
                "ip_version": "IPV4_IPV6",
                "log_label": "",
                "logged": true,
                "notes": "",
                "nsx_id": "8764255c-89eb-4bfc-8872-8a4bc3dd4dbf",
                "profiles": [],
                "revision": 0,
                "rule_id": 5132,
                "scope": [],
                "sequence_number": 34,
                "services": [
                  "/infra/services/32581e98-7af1-4aef-a876-fe5b5e7b99f1"
                ],
                "source_groups": [
                  "/infra/domains/default/groups/fecf22c7-1c2a-4bc2-8449-3996a3829d71"
                ],
                "sources_excluded": false,
                "tag": []
              },
              {
                "action": "ALLOW",
                "description": "Allow communication from wld09-Web Server to External on UDP port 123",
                "destination_groups": [
                  "/infra/domains/default/groups/29e08791-3589-418f-af2f-21cd0104d233"
                ],
                "destinations_excluded": false,
                "direction": "IN_OUT",
                "disabled": false,
                "display_name": "wld09-Web Server to External [UDP-123]",
                "ip_version": "IPV4_IPV6",
                "log_label": "",
                "logged": true,
                "notes": "",
                "nsx_id": "8fe7fd5e-0213-4a51-8900-64e014032c27",
                "profiles": [],
                "revision": 0,
                "rule_id": 5133,
                "scope": [],
                "sequence_number": 35,
                "services": [
                  "/infra/services/32581e98-7af1-4aef-a876-fe5b5e7b99f1"
                ],
                "source_groups": [
                  "/infra/domains/default/groups/685f7406-abc7-45b3-81f8-9ca60f34abea"
                ],
                "sources_excluded": false,
                "tag": []
              },
              {
                "action": "ALLOW",
                "description": "Allow communication from wld09-Web Server to External on UDP port 53",
                "destination_groups": [
                  "/infra/domains/default/groups/29e08791-3589-418f-af2f-21cd0104d233"
                ],
                "destinations_excluded": false,
                "direction": "IN_OUT",
                "disabled": false,
                "display_name": "wld09-Web Server to External [UDP-53]",
                "ip_version": "IPV4_IPV6",
                "log_label": "",
                "logged": true,
                "notes": "",
                "nsx_id": "813694e6-477d-4841-aed1-b9f74f86a0fb",
                "profiles": [],
                "revision": 0,
                "rule_id": 5134,
                "scope": [],
                "sequence_number": 36,
                "services": [
                  "/infra/services/3c3c598c-097b-4058-9d74-942d783419ef"
                ],
                "source_groups": [
                  "/infra/domains/default/groups/685f7406-abc7-45b3-81f8-9ca60f34abea"
                ],
                "sources_excluded": false,
                "tag": []
              },
              {
                "action": "ALLOW",
                "description": "Allow communication from wld09-Web Server to External on UDP port 53",
                "destination_groups": [
                  "/infra/domains/default/groups/29e08791-3589-418f-af2f-21cd0104d233"
                ],
                "destinations_excluded": false,
                "direction": "IN_OUT",
                "disabled": false,
                "display_name": "wld09-Web Server to External [UDP-53]",
                "ip_version": "IPV4_IPV6",
                "log_label": "",
                "logged": true,
                "notes": "",
                "nsx_id": "b0c1032a-1538-4604-8392-d4088160bae4",
                "profiles": [],
                "revision": 0,
                "rule_id": 5135,
                "scope": [],
                "sequence_number": 37,
                "services": [
                  "/infra/services/3c3c598c-097b-4058-9d74-942d783419ef"
                ],
                "source_groups": [
                  "/infra/domains/default/groups/685f7406-abc7-45b3-81f8-9ca60f34abea"
                ],
                "sources_excluded": false,
                "tag": []
              },
              {
                "action": "ALLOW",
                "description": "Allow communication from wld09-Database Server to External on UDP port 123",
                "destination_groups": [
                  "/infra/domains/default/groups/29e08791-3589-418f-af2f-21cd0104d233"
                ],
                "destinations_excluded": false,
                "direction": "IN_OUT",
                "disabled": false,
                "display_name": "wld09-Database Server to External [UDP-123]",
                "ip_version": "IPV4_IPV6",
                "log_label": "",
                "logged": true,
                "notes": "",
                "nsx_id": "7de615e9-8df7-40ac-b25e-df0f87d0af04",
                "profiles": [],
                "revision": 0,
                "rule_id": 5136,
                "scope": [],
                "sequence_number": 38,
                "services": [
                  "/infra/services/32581e98-7af1-4aef-a876-fe5b5e7b99f1"
                ],
                "source_groups": [
                  "/infra/domains/default/groups/873818c7-7701-4b7d-9959-7198c4b3032b"
                ],
                "sources_excluded": false,
                "tag": []
              },
              {
                "action": "ALLOW",
                "description": "Allow communication from wld09-Web Server to wld09-Application Server on TCP port 8443",
                "destination_groups": [
                  "/infra/domains/default/groups/fecf22c7-1c2a-4bc2-8449-3996a3829d71"
                ],
                "destinations_excluded": false,
                "direction": "IN_OUT",
                "disabled": false,
                "display_name": "wld09-Web Server to wld09-Application Server [TCP-8443]",
                "ip_version": "IPV4_IPV6",
                "log_label": "",
                "logged": true,
                "notes": "",
                "nsx_id": "3f054077-7233-4876-a3a1-57c0455965ec",
                "profiles": [],
                "revision": 0,
                "rule_id": 5137,
                "scope": [],
                "sequence_number": 39,
                "services": [
                  "/infra/services/8cb08321-4a2a-4c44-a501-c88b2e49daaf"
                ],
                "source_groups": [
                  "/infra/domains/default/groups/685f7406-abc7-45b3-81f8-9ca60f34abea"
                ],
                "sources_excluded": false,
                "tag": []
              },
              {
                "action": "ALLOW",
                "description": "Allow communication from wld09-Web Server to External on UDP port 123",
                "destination_groups": [
                  "/infra/domains/default/groups/29e08791-3589-418f-af2f-21cd0104d233"
                ],
                "destinations_excluded": false,
                "direction": "IN_OUT",
                "disabled": false,
                "display_name": "wld09-Web Server to External [UDP-123]",
                "ip_version": "IPV4_IPV6",
                "log_label": "",
                "logged": true,
                "notes": "",
                "nsx_id": "a15eb4a4-6786-4681-919d-992e6dadc3c0",
                "profiles": [],
                "revision": 0,
                "rule_id": 5138,
                "scope": [],
                "sequence_number": 40,
                "services": [
                  "/infra/services/32581e98-7af1-4aef-a876-fe5b5e7b99f1"
                ],
                "source_groups": [
                  "/infra/domains/default/groups/685f7406-abc7-45b3-81f8-9ca60f34abea"
                ],
                "sources_excluded": false,
                "tag": []
              },
              {
                "action": "ALLOW",
                "description": "Allow communication from wld09-Application Server to External on UDP port 123",
                "destination_groups": [
                  "/infra/domains/default/groups/29e08791-3589-418f-af2f-21cd0104d233"
                ],
                "destinations_excluded": false,
                "direction": "IN_OUT",
                "disabled": false,
                "display_name": "wld09-Application Server to External [UDP-123]",
                "ip_version": "IPV4_IPV6",
                "log_label": "",
                "logged": true,
                "notes": "",
                "nsx_id": "d3ac6c14-d3c9-42c2-b307-738e94419858",
                "profiles": [],
                "revision": 0,
                "rule_id": 5139,
                "scope": [],
                "sequence_number": 41,
                "services": [
                  "/infra/services/32581e98-7af1-4aef-a876-fe5b5e7b99f1"
                ],
                "source_groups": [
                  "/infra/domains/default/groups/fecf22c7-1c2a-4bc2-8449-3996a3829d71"
                ],
                "sources_excluded": false,
                "tag": []
              },
              {
                "action": "ALLOW",
                "description": "Allow communication from External to wld09-Application Server on TCP port 22",
                "destination_groups": [
                  "/infra/domains/default/groups/fecf22c7-1c2a-4bc2-8449-3996a3829d71"
                ],
                "destinations_excluded": false,
                "direction": "IN_OUT",
                "disabled": false,
                "display_name": "External to wld09-Application Server [TCP-22]",
                "ip_version": "IPV4_IPV6",
                "log_label": "",
                "logged": true,
                "notes": "",
                "nsx_id": "df10bf25-6f87-4fd3-85bc-e4440ab6e264",
                "profiles": [],
                "revision": 0,
                "rule_id": 5140,
                "scope": [],
                "sequence_number": 42,
                "services": [
                  "/infra/services/4fd9802e-f3c2-499b-b826-e81d5b29df16"
                ],
                "source_groups": [
                  "/infra/domains/default/groups/29e08791-3589-418f-af2f-21cd0104d233"
                ],
                "sources_excluded": false,
                "tag": []
              },
              {
                "action": "ALLOW",
                "description": "Allow communication from wld09-Web Server to External on UDP port 123",
                "destination_groups": [
                  "/infra/domains/default/groups/29e08791-3589-418f-af2f-21cd0104d233"
                ],
                "destinations_excluded": false,
                "direction": "IN_OUT",
                "disabled": false,
                "display_name": "wld09-Web Server to External [UDP-123]",
                "ip_version": "IPV4_IPV6",
                "log_label": "",
                "logged": true,
                "notes": "",
                "nsx_id": "68fdbcbb-6622-4ec4-a509-ba2b069bac6b",
                "profiles": [],
                "revision": 0,
                "rule_id": 5141,
                "scope": [],
                "sequence_number": 43,
                "services": [
                  "/infra/services/32581e98-7af1-4aef-a876-fe5b5e7b99f1"
                ],
                "source_groups": [
                  "/infra/domains/default/groups/685f7406-abc7-45b3-81f8-9ca60f34abea"
                ],
                "sources_excluded": false,
                "tag": []
              },
              {
                "action": "ALLOW",
                "description": "Allow communication from External to wld09-Web Server on TCP port 443",
                "destination_groups": [
                  "/infra/domains/default/groups/685f7406-abc7-45b3-81f8-9ca60f34abea"
                ],
                "destinations_excluded": false,
                "direction": "IN_OUT",
                "disabled": false,
                "display_name": "External to wld09-Web Server [TCP-443]",
                "ip_version": "IPV4_IPV6",
                "log_label": "",
                "logged": true,
                "notes": "",
                "nsx_id": "6b8b6d7c-c22c-4922-a469-c08721b55dbc",
                "profiles": [],
                "revision": 0,
                "rule_id": 5142,
                "scope": [],
                "sequence_number": 44,
                "services": [
                  "/infra/services/75dd2724-358d-4956-aca6-5e6d1dda2aca"
                ],
                "source_groups": [
                  "/infra/domains/default/groups/29e08791-3589-418f-af2f-21cd0104d233"
                ],
                "sources_excluded": false,
                "tag": []
              },
              {
                "action": "ALLOW",
                "description": "Allow communication from wld09-Database Server to External on TCP port 443",
                "destination_groups": [
                  "/infra/domains/default/groups/29e08791-3589-418f-af2f-21cd0104d233"
                ],
                "destinations_excluded": false,
                "direction": "IN_OUT",
                "disabled": false,
                "display_name": "wld09-Database Server to External [TCP-443]",
                "ip_version": "IPV4_IPV6",
                "log_label": "",
                "logged": true,
                "notes": "",
                "nsx_id": "7e4fe6dd-36da-4ba8-80c2-32f48aac3823",
                "profiles": [],
                "revision": 0,
                "rule_id": 5143,
                "scope": [],
                "sequence_number": 45,
                "services": [
                  "/infra/services/75dd2724-358d-4956-aca6-5e6d1dda2aca"
                ],
                "source_groups": [
                  "/infra/domains/default/groups/873818c7-7701-4b7d-9959-7198c4b3032b"
                ],
                "sources_excluded": false,
                "tag": []
              },
              {
                "action": "ALLOW",
                "description": "Allow communication from wld09-Web Server to External on UDP port 123",
                "destination_groups": [
                  "/infra/domains/default/groups/29e08791-3589-418f-af2f-21cd0104d233"
                ],
                "destinations_excluded": false,
                "direction": "IN_OUT",
                "disabled": false,
                "display_name": "wld09-Web Server to External [UDP-123]",
                "ip_version": "IPV4_IPV6",
                "log_label": "",
                "logged": true,
                "notes": "",
                "nsx_id": "8d0e218c-0869-4bc4-93cc-17ad2ff92e11",
                "profiles": [],
                "revision": 0,
                "rule_id": 5144,
                "scope": [],
                "sequence_number": 46,
                "services": [
                  "/infra/services/32581e98-7af1-4aef-a876-fe5b5e7b99f1"
                ],
                "source_groups": [
                  "/infra/domains/default/groups/685f7406-abc7-45b3-81f8-9ca60f34abea"
                ],
                "sources_excluded": false,
                "tag": []
              },
              {
                "action": "ALLOW",
                "description": "Allow communication from External to wld09-Web Server on UDP port 40000-49999",
                "destination_groups": [
                  "/infra/domains/default/groups/685f7406-abc7-45b3-81f8-9ca60f34abea"
                ],
                "destinations_excluded": false,
                "direction": "IN_OUT",
                "disabled": false,
                "display_name": "External to wld09-Web Server [UDP-40000-49999]",
                "ip_version": "IPV4_IPV6",
                "log_label": "",
                "logged": true,
                "notes": "",
                "nsx_id": "804e27e8-68f0-4f66-b423-4051e6bda20e",
                "profiles": [],
                "revision": 0,
                "rule_id": 5145,
                "scope": [],
                "sequence_number": 47,
                "services": [
                  "/infra/services/ead29be7-db3c-46fb-8658-027a07c0b1ec"
                ],
                "source_groups": [
                  "/infra/domains/default/groups/29e08791-3589-418f-af2f-21cd0104d233"
                ],
                "sources_excluded": false,
                "tag": []
              },
              {
                "action": "ALLOW",
                "description": "Allow communication from External to wld09-Web Server on TCP port 443",
                "destination_groups": [
                  "/infra/domains/default/groups/685f7406-abc7-45b3-81f8-9ca60f34abea"
                ],
                "destinations_excluded": false,
                "direction": "IN_OUT",
                "disabled": false,
                "display_name": "External to wld09-Web Server [TCP-443]",
                "ip_version": "IPV4_IPV6",
                "log_label": "",
                "logged": true,
                "notes": "",
                "nsx_id": "f85dc5b3-721a-420e-929c-dacb2a4c87be",
                "profiles": [],
                "revision": 0,
                "rule_id": 5146,
                "scope": [],
                "sequence_number": 48,
                "services": [
                  "/infra/services/75dd2724-358d-4956-aca6-5e6d1dda2aca"
                ],
                "source_groups": [
                  "/infra/domains/default/groups/29e08791-3589-418f-af2f-21cd0104d233"
                ],
                "sources_excluded": false,
                "tag": []
              },
              {
                "action": "ALLOW",
                "description": "Allow communication from External to wld09-Web Server on TCP port 443",
                "destination_groups": [
                  "/infra/domains/default/groups/685f7406-abc7-45b3-81f8-9ca60f34abea"
                ],
                "destinations_excluded": false,
                "direction": "IN_OUT",
                "disabled": false,
                "display_name": "External to wld09-Web Server [TCP-443]",
                "ip_version": "IPV4_IPV6",
                "log_label": "",
                "logged": true,
                "notes": "",
                "nsx_id": "d0f4a633-3c5c-4cdf-b35f-5f76ce39ff55",
                "profiles": [],
                "revision": 0,
                "rule_id": 5147,
                "scope": [],
                "sequence_number": 49,
                "services": [
                  "/infra/services/75dd2724-358d-4956-aca6-5e6d1dda2aca"
                ],
                "source_groups": [
                  "/infra/domains/default/groups/29e08791-3589-418f-af2f-21cd0104d233"
                ],
                "sources_excluded": false,
                "tag": []
              },
              {
                "action": "ALLOW",
                "description": "Allow communication from wld09-Web Server to External on UDP port 123",
                "destination_groups": [
                  "/infra/domains/default/groups/29e08791-3589-418f-af2f-21cd0104d233"
                ],
                "destinations_excluded": false,
                "direction": "IN_OUT",
                "disabled": false,
                "display_name": "wld09-Web Server to External [UDP-123]",
                "ip_version": "IPV4_IPV6",
                "log_label": "",
                "logged": true,
                "notes": "",
                "nsx_id": "fff7f86f-e389-44c7-a14b-b872acaf3683",
                "profiles": [],
                "revision": 0,
                "rule_id": 5148,
                "scope": [],
                "sequence_number": 50,
                "services": [
                  "/infra/services/32581e98-7af1-4aef-a876-fe5b5e7b99f1"
                ],
                "source_groups": [
                  "/infra/domains/default/groups/685f7406-abc7-45b3-81f8-9ca60f34abea"
                ],
                "sources_excluded": false,
                "tag": []
              },
              {
                "action": "ALLOW",
                "description": "Allow communication from wld09-Web Server to External on TCP port 443",
                "destination_groups": [
                  "/infra/domains/default/groups/29e08791-3589-418f-af2f-21cd0104d233"
                ],
                "destinations_excluded": false,
                "direction": "IN_OUT",
                "disabled": false,
                "display_name": "wld09-Web Server to External [TCP-443]",
                "ip_version": "IPV4_IPV6",
                "log_label": "",
                "logged": true,
                "notes": "",
                "nsx_id": "0903550e-fda2-4d3b-97f0-04e41d5ecc32",
                "profiles": [],
                "revision": 0,
                "rule_id": 5149,
                "scope": [],
                "sequence_number": 51,
                "services": [
                  "/infra/services/75dd2724-358d-4956-aca6-5e6d1dda2aca"
                ],
                "source_groups": [
                  "/infra/domains/default/groups/685f7406-abc7-45b3-81f8-9ca60f34abea"
                ],
                "sources_excluded": false,
                "tag": []
              },
              {
                "action": "ALLOW",
                "description": "Allow communication from wld09-Application Server to wld09-Database Server on TCP port 3306",
                "destination_groups": [
                  "/infra/domains/default/groups/873818c7-7701-4b7d-9959-7198c4b3032b"
                ],
                "destinations_excluded": false,
                "direction": "IN_OUT",
                "disabled": false,
                "display_name": "wld09-Application Server to wld09-Database Server [TCP-3306]",
                "ip_version": "IPV4_IPV6",
                "log_label": "",
                "logged": true,
                "notes": "",
                "nsx_id": "6a24a036-b331-4558-941d-b2362aee42d7",
                "profiles": [],
                "revision": 0,
                "rule_id": 5150,
                "scope": [],
                "sequence_number": 52,
                "services": [
                  "/infra/services/8e9f02fa-5f97-4774-85c1-bc7f3323647b"
                ],
                "source_groups": [
                  "/infra/domains/default/groups/fecf22c7-1c2a-4bc2-8449-3996a3829d71"
                ],
                "sources_excluded": false,
                "tag": []
              }
            ],
            "scope": [],
            "sequence_number": 8,
            "stateful": true,
            "tag": [],
            "tcp_strict": false
          },
          "sensitive_attributes": [],
          "private": "bnVsbA==",
          "dependencies": [
            "nsxt_policy_group.app_groups",
            "nsxt_policy_group.environment_groups",
            "nsxt_policy_service.services"
          ],
          "create_before_destroy": true
        }
      ]
    },
    {
      "mode": "managed",
      "type": "nsxt_policy_security_policy",
      "name": "environment_isolation",
      "provider": "provider[\"registry.terraform.io/vmware/nsxt\"]",
      "instances": [
        {
          "schema_version": 0,
          "attributes": {
            "category": "Environment",
            "comments": "",
            "context": [],
            "description": "Security policy to isolate OTAP environments",
            "display_name": "Environment Isolation Policy",
            "domain": "default",
            "id": "861c404b-11d4-472a-b9f0-1d178f9c9da4",
            "locked": false,
            "nsx_id": "861c404b-11d4-472a-b9f0-1d178f9c9da4",
            "path": "/infra/domains/default/security-policies/861c404b-11d4-472a-b9f0-1d178f9c9da4",
            "revision": 1,
            "rule": [
              {
                "action": "REJECT",
                "description": "",
                "destination_groups": [
                  "/infra/domains/default/groups/27b3a7cb-32d7-4699-a081-a068c19fa23c"
                ],
                "destinations_excluded": false,
                "direction": "IN_OUT",
                "disabled": false,
                "display_name": "Block Production to other environments",
                "ip_version": "IPV4_IPV6",
                "log_label": "",
                "logged": true,
                "notes": "",
                "nsx_id": "4dfce791-7ffe-4380-9862-761883877448",
                "profiles": [],
                "revision": 0,
                "rule_id": 5096,
                "scope": [],
                "sequence_number": 1,
                "services": [],
                "source_groups": [
                  "/infra/domains/default/groups/29e08791-3589-418f-af2f-21cd0104d233"
                ],
                "sources_excluded": false,
                "tag": []
              },
              {
                "action": "REJECT",
                "description": "",
                "destination_groups": [
                  "/infra/domains/default/groups/29e08791-3589-418f-af2f-21cd0104d233"
                ],
                "destinations_excluded": false,
                "direction": "IN_OUT",
                "disabled": false,
                "display_name": "Block Test to other environments",
                "ip_version": "IPV4_IPV6",
                "log_label": "",
                "logged": true,
                "notes": "",
                "nsx_id": "d9dd9f35-5539-4812-a910-f2a9a516c527",
                "profiles": [],
                "revision": 0,
                "rule_id": 5098,
                "scope": [],
                "sequence_number": 2,
                "services": [],
                "source_groups": [
                  "/infra/domains/default/groups/27b3a7cb-32d7-4699-a081-a068c19fa23c"
                ],
                "sources_excluded": false,
                "tag": []
              },
              {
                "action": "ALLOW",
                "description": "",
                "destination_groups": [],
                "destinations_excluded": false,
                "direction": "IN_OUT",
                "disabled": false,
                "display_name": "Allow same environment communication",
                "ip_version": "IPV4_IPV6",
                "log_label": "",
                "logged": true,
                "notes": "",
                "nsx_id": "7011cb5a-8430-4f83-8d2a-58d3c292bc1b",
                "profiles": [],
                "revision": 0,
                "rule_id": 5099,
                "scope": [],
                "sequence_number": 3,
                "services": [],
                "source_groups": [],
                "sources_excluded": false,
                "tag": []
              }
            ],
            "scope": [],
            "sequence_number": 10,
            "stateful": true,
            "tag": [],
            "tcp_strict": false
          },
          "sensitive_attributes": [],
          "private": "bnVsbA==",
          "dependencies": [
            "nsxt_policy_group.environment_groups"
          ],
          "create_before_destroy": true
        }
      ]
    },
    {
      "mode": "managed",
      "type": "nsxt_policy_service",
      "name": "services",
      "provider": "provider[\"registry.terraform.io/vmware/nsxt\"]",
      "instances": [
        {
          "index_key": "TCP-22",
          "schema_version": 0,
          "attributes": {
            "algorithm_entry": [],
            "context": [],
            "description": "Service for TCP port 22",
            "display_name": "TCP-22",
            "ether_type_entry": [],
            "icmp_entry": [],
            "id": "4fd9802e-f3c2-499b-b826-e81d5b29df16",
            "igmp_entry": [],
            "ip_protocol_entry": [],
            "l4_port_set_entry": [
              {
                "description": "",
                "destination_ports": [
                  "22"
                ],
                "display_name": "TCP-22",
                "protocol": "TCP",
                "source_ports": []
              }
            ],
            "nested_service_entry": [],
            "nsx_id": "4fd9802e-f3c2-499b-b826-e81d5b29df16",
            "path": "/infra/services/4fd9802e-f3c2-499b-b826-e81d5b29df16",
            "revision": 0,
            "tag": []
          },
          "sensitive_attributes": [],
          "private": "bnVsbA==",
          "create_before_destroy": true
        },
        {
          "index_key": "TCP-3306",
          "schema_version": 0,
          "attributes": {
            "algorithm_entry": [],
            "context": [],
            "description": "Service for TCP port 3306",
            "display_name": "TCP-3306",
            "ether_type_entry": [],
            "icmp_entry": [],
            "id": "8e9f02fa-5f97-4774-85c1-bc7f3323647b",
            "igmp_entry": [],
            "ip_protocol_entry": [],
            "l4_port_set_entry": [
              {
                "description": "",
                "destination_ports": [
                  "3306"
                ],
                "display_name": "TCP-3306",
                "protocol": "TCP",
                "source_ports": []
              }
            ],
            "nested_service_entry": [],
            "nsx_id": "8e9f02fa-5f97-4774-85c1-bc7f3323647b",
            "path": "/infra/services/8e9f02fa-5f97-4774-85c1-bc7f3323647b",
            "revision": 0,
            "tag": []
          },
          "sensitive_attributes": [],
          "private": "bnVsbA==",
          "create_before_destroy": true
        },
        {
          "index_key": "TCP-443",
          "schema_version": 0,
          "attributes": {
            "algorithm_entry": [],
            "context": [],
            "description": "Service for TCP port 443",
            "display_name": "TCP-443",
            "ether_type_entry": [],
            "icmp_entry": [],
            "id": "75dd2724-358d-4956-aca6-5e6d1dda2aca",
            "igmp_entry": [],
            "ip_protocol_entry": [],
            "l4_port_set_entry": [
              {
                "description": "",
                "destination_ports": [
                  "443"
                ],
                "display_name": "TCP-443",
                "protocol": "TCP",
                "source_ports": []
              }
            ],
            "nested_service_entry": [],
            "nsx_id": "75dd2724-358d-4956-aca6-5e6d1dda2aca",
            "path": "/infra/services/75dd2724-358d-4956-aca6-5e6d1dda2aca",
            "revision": 0,
            "tag": []
          },
          "sensitive_attributes": [],
          "private": "bnVsbA==",
          "create_before_destroy": true
        },
        {
          "index_key": "TCP-8443",
          "schema_version": 0,
          "attributes": {
            "algorithm_entry": [],
            "context": [],
            "description": "Service for TCP port 8443",
            "display_name": "TCP-8443",
            "ether_type_entry": [],
            "icmp_entry": [],
            "id": "8cb08321-4a2a-4c44-a501-c88b2e49daaf",
            "igmp_entry": [],
            "ip_protocol_entry": [],
            "l4_port_set_entry": [
              {
                "description": "",
                "destination_ports": [
                  "8443"
                ],
                "display_name": "TCP-8443",
                "protocol": "TCP",
                "source_ports": []
              }
            ],
            "nested_service_entry": [],
            "nsx_id": "8cb08321-4a2a-4c44-a501-c88b2e49daaf",
            "path": "/infra/services/8cb08321-4a2a-4c44-a501-c88b2e49daaf",
            "revision": 0,
            "tag": []
          },
          "sensitive_attributes": [],
          "private": "bnVsbA==",
          "create_before_destroy": true
        },
        {
          "index_key": "UDP-123",
          "schema_version": 0,
          "attributes": {
            "algorithm_entry": [],
            "context": [],
            "description": "Service for UDP port 123",
            "display_name": "UDP-123",
            "ether_type_entry": [],
            "icmp_entry": [],
            "id": "32581e98-7af1-4aef-a876-fe5b5e7b99f1",
            "igmp_entry": [],
            "ip_protocol_entry": [],
            "l4_port_set_entry": [
              {
                "description": "",
                "destination_ports": [
                  "123"
                ],
                "display_name": "UDP-123",
                "protocol": "UDP",
                "source_ports": []
              }
            ],
            "nested_service_entry": [],
            "nsx_id": "32581e98-7af1-4aef-a876-fe5b5e7b99f1",
            "path": "/infra/services/32581e98-7af1-4aef-a876-fe5b5e7b99f1",
            "revision": 0,
            "tag": []
          },
          "sensitive_attributes": [],
          "private": "bnVsbA==",
          "create_before_destroy": true
        },
        {
          "index_key": "UDP-30000-39999",
          "schema_version": 0,
          "attributes": {
            "algorithm_entry": [],
            "context": [],
            "description": "Service for UDP port 30000",
            "display_name": "UDP-30000-39999",
            "ether_type_entry": [],
            "icmp_entry": [],
            "id": "64b1020f-21f7-461b-bf6b-a7164bdc6b4d",
            "igmp_entry": [],
            "ip_protocol_entry": [],
            "l4_port_set_entry": [
              {
                "description": "",
                "destination_ports": [
                  "30000"
                ],
                "display_name": "UDP-30000-39999",
                "protocol": "UDP",
                "source_ports": []
              }
            ],
            "nested_service_entry": [],
            "nsx_id": "64b1020f-21f7-461b-bf6b-a7164bdc6b4d",
            "path": "/infra/services/64b1020f-21f7-461b-bf6b-a7164bdc6b4d",
            "revision": 0,
            "tag": []
          },
          "sensitive_attributes": [],
          "private": "bnVsbA==",
          "create_before_destroy": true
        },
        {
          "index_key": "UDP-40000-49999",
          "schema_version": 0,
          "attributes": {
            "algorithm_entry": [],
            "context": [],
            "description": "Service for UDP port 40000",
            "display_name": "UDP-40000-49999",
            "ether_type_entry": [],
            "icmp_entry": [],
            "id": "ead29be7-db3c-46fb-8658-027a07c0b1ec",
            "igmp_entry": [],
            "ip_protocol_entry": [],
            "l4_port_set_entry": [
              {
                "description": "",
                "destination_ports": [
                  "40000"
                ],
                "display_name": "UDP-40000-49999",
                "protocol": "UDP",
                "source_ports": []
              }
            ],
            "nested_service_entry": [],
            "nsx_id": "ead29be7-db3c-46fb-8658-027a07c0b1ec",
            "path": "/infra/services/ead29be7-db3c-46fb-8658-027a07c0b1ec",
            "revision": 0,
            "tag": []
          },
          "sensitive_attributes": [],
          "private": "bnVsbA==",
          "create_before_destroy": true
        },
        {
          "index_key": "UDP-50000-59999",
          "schema_version": 0,
          "attributes": {
            "algorithm_entry": [],
            "context": [],
            "description": "Service for UDP port 50000",
            "display_name": "UDP-50000-59999",
            "ether_type_entry": [],
            "icmp_entry": [],
            "id": "72c70af1-4618-408d-996d-15c6dc09b3ff",
            "igmp_entry": [],
            "ip_protocol_entry": [],
            "l4_port_set_entry": [
              {
                "description": "",
                "destination_ports": [
                  "50000"
                ],
                "display_name": "UDP-50000-59999",
                "protocol": "UDP",
                "source_ports": []
              }
            ],
            "nested_service_entry": [],
            "nsx_id": "72c70af1-4618-408d-996d-15c6dc09b3ff",
            "path": "/infra/services/72c70af1-4618-408d-996d-15c6dc09b3ff",
            "revision": 0,
            "tag": []
          },
          "sensitive_attributes": [],
          "private": "bnVsbA==",
          "create_before_destroy": true
        },
        {
          "index_key": "UDP-53",
          "schema_version": 0,
          "attributes": {
            "algorithm_entry": [],
            "context": [],
            "description": "Service for UDP port 53",
            "display_name": "UDP-53",
            "ether_type_entry": [],
            "icmp_entry": [],
            "id": "3c3c598c-097b-4058-9d74-942d783419ef",
            "igmp_entry": [],
            "ip_protocol_entry": [],
            "l4_port_set_entry": [
              {
                "description": "",
                "destination_ports": [
                  "53"
                ],
                "display_name": "UDP-53",
                "protocol": "UDP",
                "source_ports": []
              }
            ],
            "nested_service_entry": [],
            "nsx_id": "3c3c598c-097b-4058-9d74-942d783419ef",
            "path": "/infra/services/3c3c598c-097b-4058-9d74-942d783419ef",
            "revision": 0,
            "tag": []
          },
          "sensitive_attributes": [],
          "private": "bnVsbA==",
          "create_before_destroy": true
        },
        {
          "index_key": "UDP-60000-65535",
          "schema_version": 0,
          "attributes": {
            "algorithm_entry": [],
            "context": [],
            "description": "Service for UDP port 60000",
            "display_name": "UDP-60000-65535",
            "ether_type_entry": [],
            "icmp_entry": [],
            "id": "9ff92b62-3396-4bc8-a070-c001907dc08c",
            "igmp_entry": [],
            "ip_protocol_entry": [],
            "l4_port_set_entry": [
              {
                "description": "",
                "destination_ports": [
                  "60000"
                ],
                "display_name": "UDP-60000-65535",
                "protocol": "UDP",
                "source_ports": []
              }
            ],
            "nested_service_entry": [],
            "nsx_id": "9ff92b62-3396-4bc8-a070-c001907dc08c",
            "path": "/infra/services/9ff92b62-3396-4bc8-a070-c001907dc08c",
            "revision": 0,
            "tag": []
          },
          "sensitive_attributes": [],
          "private": "bnVsbA==",
          "create_before_destroy": true
        }
      ]
    },
    {
      "mode": "managed",
      "type": "nsxt_policy_vm_tags",
      "name": "vm_tags",
      "provider": "provider[\"registry.terraform.io/vmware/nsxt\"]",
      "instances": [
        {
          "index_key": "p-app-01a",
          "schema_version": 0,
          "attributes": {
            "context": [],
            "id": "500e66ad-6efc-e7fe-6ba3-74d45c3eb94f",
            "instance_id": "500e66ad-6efc-e7fe-6ba3-74d45c3eb94f",
            "port": [],
            "tag": [
              {
                "scope": "application",
                "tag": "wld09-Application Server"
              },
              {
                "scope": "environment",
                "tag": "Production"
              }
            ]
          },
          "sensitive_attributes": [],
          "private": "bnVsbA==",
          "dependencies": [
            "data.nsxt_policy_vm.vms"
          ],
          "create_before_destroy": true
        },
        {
          "index_key": "p-db-01a",
          "schema_version": 0,
          "attributes": {
            "context": [],
            "id": "500eb8ab-1d7d-8803-906e-b540fdcf7f6f",
            "instance_id": "500eb8ab-1d7d-8803-906e-b540fdcf7f6f",
            "port": [],
            "tag": [
              {
                "scope": "application",
                "tag": "wld09-Database Server"
              },
              {
                "scope": "environment",
                "tag": "Production"
              }
            ]
          },
          "sensitive_attributes": [],
          "private": "bnVsbA==",
          "dependencies": [
            "data.nsxt_policy_vm.vms"
          ],
          "create_before_destroy": true
        },
        {
          "index_key": "p-web-01a",
          "schema_version": 0,
          "attributes": {
            "context": [],
            "id": "500eedf5-5f28-eed1-6a09-0f558d46ad41",
            "instance_id": "500eedf5-5f28-eed1-6a09-0f558d46ad41",
            "port": [],
            "tag": [
              {
                "scope": "application",
                "tag": "wld09-Web Server"
              },
              {
                "scope": "environment",
                "tag": "Production"
              }
            ]
          },
          "sensitive_attributes": [],
          "private": "bnVsbA==",
          "dependencies": [
            "data.nsxt_policy_vm.vms"
          ],
          "create_before_destroy": true
        },
        {
          "index_key": "p-web-02a",
          "schema_version": 0,
          "attributes": {
            "context": [],
            "id": "500e4b09-2edf-482e-149b-978b60215a45",
            "instance_id": "500e4b09-2edf-482e-149b-978b60215a45",
            "port": [],
            "tag": [
              {
                "scope": "application",
                "tag": "wld09-Web Server"
              },
              {
                "scope": "environment",
                "tag": "Production"
              }
            ]
          },
          "sensitive_attributes": [],
          "private": "bnVsbA==",
          "dependencies": [
            "data.nsxt_policy_vm.vms"
          ],
          "create_before_destroy": true
        },
        {
          "index_key": "p-web-03a",
          "schema_version": 0,
          "attributes": {
            "context": [],
            "id": "500e169f-7231-266a-4c3d-fbd4ddaf246b",
            "instance_id": "500e169f-7231-266a-4c3d-fbd4ddaf246b",
            "port": [],
            "tag": [
              {
                "scope": "application",
                "tag": "wld09-Web Server"
              },
              {
                "scope": "environment",
                "tag": "Production"
              }
            ]
          },
          "sensitive_attributes": [],
          "private": "bnVsbA==",
          "dependencies": [
            "data.nsxt_policy_vm.vms"
          ],
          "create_before_destroy": true
        },
        {
          "index_key": "t-app-01a",
          "schema_version": 0,
          "attributes": {
            "context": [],
            "id": "500e1a06-0bb7-5aa2-230c-73642a3e23c1",
            "instance_id": "500e1a06-0bb7-5aa2-230c-73642a3e23c1",
            "port": [],
            "tag": [
              {
                "scope": "application",
                "tag": "wld09-Application Server"
              },
              {
                "scope": "environment",
                "tag": "Test"
              }
            ]
          },
          "sensitive_attributes": [],
          "private": "bnVsbA==",
          "dependencies": [
            "data.nsxt_policy_vm.vms"
          ],
          "create_before_destroy": true
        },
        {
          "index_key": "t-db-01a",
          "schema_version": 0,
          "attributes": {
            "context": [],
            "id": "500eaab6-b602-787e-fdde-70c3ee2f655a",
            "instance_id": "500eaab6-b602-787e-fdde-70c3ee2f655a",
            "port": [],
            "tag": [
              {
                "scope": "application",
                "tag": "wld09-Database Server"
              },
              {
                "scope": "environment",
                "tag": "Test"
              }
            ]
          },
          "sensitive_attributes": [],
          "private": "bnVsbA==",
          "dependencies": [
            "data.nsxt_policy_vm.vms"
          ],
          "create_before_destroy": true
        },
        {
          "index_key": "t-web-01a",
          "schema_version": 0,
          "attributes": {
            "context": [],
            "id": "500ea1c4-d4ce-5ff0-eec5-deaa96bcf00e",
            "instance_id": "500ea1c4-d4ce-5ff0-eec5-deaa96bcf00e",
            "port": [],
            "tag": [
              {
                "scope": "application",
                "tag": "wld09-Web Server"
              },
              {
                "scope": "environment",
                "tag": "Test"
              }
            ]
          },
          "sensitive_attributes": [],
          "private": "bnVsbA==",
          "dependencies": [
            "data.nsxt_policy_vm.vms"
          ],
          "create_before_destroy": true
        },
        {
          "index_key": "t-web-02a",
          "schema_version": 0,
          "attributes": {
            "context": [],
            "id": "500ebfe0-9f49-a1c6-d5d3-bc0c6a42fc91",
            "instance_id": "500ebfe0-9f49-a1c6-d5d3-bc0c6a42fc91",
            "port": [],
            "tag": [
              {
                "scope": "application",
                "tag": "wld09-Web Server"
              },
              {
                "scope": "environment",
                "tag": "Test"
              }
            ]
          },
          "sensitive_attributes": [],
          "private": "bnVsbA==",
          "dependencies": [
            "data.nsxt_policy_vm.vms"
          ],
          "create_before_destroy": true
        },
        {
          "index_key": "t-web-03a",
          "schema_version": 0,
          "attributes": {
            "context": [],
            "id": "500e4809-32b4-cbb5-bece-e59d5dc1e4aa",
            "instance_id": "500e4809-32b4-cbb5-bece-e59d5dc1e4aa",
            "port": [],
            "tag": [
              {
                "scope": "application",
                "tag": "wld09-Web Server"
              },
              {
                "scope": "environment",
                "tag": "Test"
              }
            ]
          },
          "sensitive_attributes": [],
          "private": "bnVsbA==",
          "dependencies": [
            "data.nsxt_policy_vm.vms"
          ],
          "create_before_destroy": true
        }
      ]
    }
  ],
  "check_results": null
}
