{
  "version": 4,
  "terraform_version": "1.11.4",
  "serial": 61,
  "lineage": "f4c691af-fa3a-9a1e-f47d-9c77392ec1db",
  "outputs": {
    "application_groups_created": {
      "value": [
        "app-wld09-Application Server",
        "app-wld09-Database Server",
        "app-wld09-Web Server"
      ],
      "type": [
        "tuple",
        [
          "string",
          "string",
          "string"
        ]
      ]
    },
    "application_policies_created": {
      "value": [
        "Application Security Policy"
      ],
      "type": [
        "tuple",
        [
          "string"
        ]
      ]
    },
    "application_tags": {
      "value": [
        "wld09-Database Server",
        "wld09-Application Server",
        "wld09-Web Server"
      ],
      "type": [
        "list",
        "string"
      ]
    },
    "environment_groups_created": {
      "value": [
        "env-Production"
      ],
      "type": [
        "tuple",
        [
          "string"
        ]
      ]
    },
    "environment_tags": {
      "value": [
        "Production"
      ],
      "type": [
        "list",
        "string"
      ]
    },
    "vm_count": {
      "value": 5,
      "type": "number"
    }
  },
  "resources": [
    {
      "mode": "data",
      "type": "nsxt_policy_vm",
      "name": "vms",
      "provider": "provider[\"registry.terraform.io/vmware/nsxt\"]",
      "instances": [
        {
          "index_key": "app-01a",
          "schema_version": 0,
          "attributes": {
            "bios_id": "420ed69b-758d-155e-63d7-1aa278448f8e",
            "context": null,
            "description": "",
            "display_name": "app-01a",
            "external_id": "500e66ad-6efc-e7fe-6ba3-74d45c3eb94f",
            "id": "500e66ad-6efc-e7fe-6ba3-74d45c3eb94f",
            "instance_id": "500e66ad-6efc-e7fe-6ba3-74d45c3eb94f"
          },
          "sensitive_attributes": []
        },
        {
          "index_key": "db-01a",
          "schema_version": 0,
          "attributes": {
            "bios_id": "420e40f9-3ff4-ffdd-bdb5-0233b4f0493f",
            "context": null,
            "description": "",
            "display_name": "db-01a",
            "external_id": "500eb8ab-1d7d-8803-906e-b540fdcf7f6f",
            "id": "500eb8ab-1d7d-8803-906e-b540fdcf7f6f",
            "instance_id": "500eb8ab-1d7d-8803-906e-b540fdcf7f6f"
          },
          "sensitive_attributes": []
        },
        {
          "index_key": "web-01a",
          "schema_version": 0,
          "attributes": {
            "bios_id": "420e446e-cf67-8086-932a-bbebf4f9537e",
            "context": null,
            "description": "",
            "display_name": "web-01a",
            "external_id": "500eedf5-5f28-eed1-6a09-0f558d46ad41",
            "id": "500eedf5-5f28-eed1-6a09-0f558d46ad41",
            "instance_id": "500eedf5-5f28-eed1-6a09-0f558d46ad41"
          },
          "sensitive_attributes": []
        },
        {
          "index_key": "web-02a",
          "schema_version": 0,
          "attributes": {
            "bios_id": "420e0373-2d68-d850-c333-c9a5b68a9cd0",
            "context": null,
            "description": "",
            "display_name": "web-02a",
            "external_id": "500e4b09-2edf-482e-149b-978b60215a45",
            "id": "500e4b09-2edf-482e-149b-978b60215a45",
            "instance_id": "500e4b09-2edf-482e-149b-978b60215a45"
          },
          "sensitive_attributes": []
        },
        {
          "index_key": "web-03a",
          "schema_version": 0,
          "attributes": {
            "bios_id": "420ee229-5d04-f4a0-9a68-4531951a77c1",
            "context": null,
            "description": "",
            "display_name": "web-03a",
            "external_id": "500e169f-7231-266a-4c3d-fbd4ddaf246b",
            "id": "500e169f-7231-266a-4c3d-fbd4ddaf246b",
            "instance_id": "500e169f-7231-266a-4c3d-fbd4ddaf246b"
          },
          "sensitive_attributes": []
        }
      ]
    },
    {
      "mode": "managed",
      "type": "nsxt_policy_group",
      "name": "app_groups",
      "provider": "provider[\"registry.terraform.io/vmware/nsxt\"]",
      "instances": [
        {
          "index_key": "wld09-Application Server",
          "schema_version": 0,
          "attributes": {
            "conjunction": [],
            "context": [],
            "criteria": [
              {
                "condition": [
                  {
                    "key": "Tag",
                    "member_type": "VirtualMachine",
                    "operator": "EQUALS",
                    "value": "wld09-Application Server"
                  }
                ],
                "external_id_expression": [],
                "ipaddress_expression": [],
                "macaddress_expression": [],
                "path_expression": []
              }
            ],
            "description": "Group for wld09 Application Server application",
            "display_name": "app-wld09-Application Server",
            "domain": "default",
            "extended_criteria": [],
            "group_type": null,
            "id": "b0789b66-800a-406b-9292-d66152969150",
            "nsx_id": "b0789b66-800a-406b-9292-d66152969150",
            "path": "/infra/domains/default/groups/b0789b66-800a-406b-9292-d66152969150",
            "revision": 0,
            "tag": []
          },
          "sensitive_attributes": [],
          "private": "bnVsbA==",
          "create_before_destroy": true
        },
        {
          "index_key": "wld09-Database Server",
          "schema_version": 0,
          "attributes": {
            "conjunction": [],
            "context": [],
            "criteria": [
              {
                "condition": [
                  {
                    "key": "Tag",
                    "member_type": "VirtualMachine",
                    "operator": "EQUALS",
                    "value": "wld09-Database Server"
                  }
                ],
                "external_id_expression": [],
                "ipaddress_expression": [],
                "macaddress_expression": [],
                "path_expression": []
              }
            ],
            "description": "Group for wld09 Database Server application",
            "display_name": "app-wld09-Database Server",
            "domain": "default",
            "extended_criteria": [],
            "group_type": null,
            "id": "c45db1a4-b1a0-4f2d-8095-23ad878894fe",
            "nsx_id": "c45db1a4-b1a0-4f2d-8095-23ad878894fe",
            "path": "/infra/domains/default/groups/c45db1a4-b1a0-4f2d-8095-23ad878894fe",
            "revision": 0,
            "tag": []
          },
          "sensitive_attributes": [],
          "private": "bnVsbA==",
          "create_before_destroy": true
        },
        {
          "index_key": "wld09-Web Server",
          "schema_version": 0,
          "attributes": {
            "conjunction": [],
            "context": [],
            "criteria": [
              {
                "condition": [
                  {
                    "key": "Tag",
                    "member_type": "VirtualMachine",
                    "operator": "EQUALS",
                    "value": "wld09-Web Server"
                  }
                ],
                "external_id_expression": [],
                "ipaddress_expression": [],
                "macaddress_expression": [],
                "path_expression": []
              }
            ],
            "description": "Group for wld09 Web Server application",
            "display_name": "app-wld09-Web Server",
            "domain": "default",
            "extended_criteria": [],
            "group_type": null,
            "id": "0d6581a0-45f1-49b1-bac1-84cde47e4567",
            "nsx_id": "0d6581a0-45f1-49b1-bac1-84cde47e4567",
            "path": "/infra/domains/default/groups/0d6581a0-45f1-49b1-bac1-84cde47e4567",
            "revision": 0,
            "tag": []
          },
          "sensitive_attributes": [],
          "private": "bnVsbA==",
          "create_before_destroy": true
        }
      ]
    },
    {
      "mode": "managed",
      "type": "nsxt_policy_group",
      "name": "environment_groups",
      "provider": "provider[\"registry.terraform.io/vmware/nsxt\"]",
      "instances": [
        {
          "index_key": "Production",
          "schema_version": 0,
          "attributes": {
            "conjunction": [],
            "context": [],
            "criteria": [
              {
                "condition": [
                  {
                    "key": "Tag",
                    "member_type": "VirtualMachine",
                    "operator": "EQUALS",
                    "value": "Production"
                  }
                ],
                "external_id_expression": [],
                "ipaddress_expression": [],
                "macaddress_expression": [],
                "path_expression": []
              }
            ],
            "description": "Group for Production environment",
            "display_name": "env-Production",
            "domain": "default",
            "extended_criteria": [],
            "group_type": null,
            "id": "dcb92cea-c212-4645-aabf-8ebe06d94742",
            "nsx_id": "dcb92cea-c212-4645-aabf-8ebe06d94742",
            "path": "/infra/domains/default/groups/dcb92cea-c212-4645-aabf-8ebe06d94742",
            "revision": 0,
            "tag": []
          },
          "sensitive_attributes": [],
          "private": "bnVsbA==",
          "create_before_destroy": true
        }
      ]
    },
    {
      "mode": "managed",
      "type": "nsxt_policy_security_policy",
      "name": "application_policy",
      "provider": "provider[\"registry.terraform.io/vmware/nsxt\"]",
      "instances": [
        {
          "schema_version": 0,
          "attributes": {
            "category": "Application",
            "comments": "",
            "context": [],
            "description": "Security policy for all applications",
            "display_name": "Application Security Policy",
            "domain": "default",
            "id": "4bf5ec76-1e98-40ce-afc8-06ea5e190527",
            "locked": false,
            "nsx_id": "4bf5ec76-1e98-40ce-afc8-06ea5e190527",
            "path": "/infra/domains/default/security-policies/4bf5ec76-1e98-40ce-afc8-06ea5e190527",
            "revision": 1,
            "rule": [
              {
                "action": "ALLOW",
                "description": "Allow communication from wld09-Application Server to External on UDP port 53",
                "destination_groups": [
                  "/infra/domains/default/groups/dcb92cea-c212-4645-aabf-8ebe06d94742"
                ],
                "destinations_excluded": false,
                "direction": "IN_OUT",
                "disabled": false,
                "display_name": "wld09-Application Server to External [UDP-53]",
                "ip_version": "IPV4_IPV6",
                "log_label": "",
                "logged": true,
                "notes": "",
                "nsx_id": "09cacbaf-b4d2-40bc-b69f-ee99017ac819",
                "profiles": null,
                "revision": 0,
                "rule_id": 3070,
                "scope": null,
                "sequence_number": 1,
                "services": [
                  "/infra/services/79cf2afd-ae08-45e8-81ac-b64cef950ae8"
                ],
                "source_groups": [
                  "/infra/domains/default/groups/b0789b66-800a-406b-9292-d66152969150"
                ],
                "sources_excluded": false,
                "tag": []
              },
              {
                "action": "ALLOW",
                "description": "Allow communication from wld09-Application Server to wld09-Database Server on TCP port 3306",
                "destination_groups": [
                  "/infra/domains/default/groups/c45db1a4-b1a0-4f2d-8095-23ad878894fe"
                ],
                "destinations_excluded": false,
                "direction": "IN_OUT",
                "disabled": false,
                "display_name": "wld09-Application Server to wld09-Database Server [TCP-3306]",
                "ip_version": "IPV4_IPV6",
                "log_label": "",
                "logged": true,
                "notes": "",
                "nsx_id": "4bda55d6-05c3-42e3-9893-82fe22703254",
                "profiles": null,
                "revision": 0,
                "rule_id": 3071,
                "scope": null,
                "sequence_number": 2,
                "services": [
                  "/infra/services/de11e183-b745-4210-af6f-e624a861f9ad"
                ],
                "source_groups": [
                  "/infra/domains/default/groups/b0789b66-800a-406b-9292-d66152969150"
                ],
                "sources_excluded": false,
                "tag": []
              },
              {
                "action": "ALLOW",
                "description": "Allow communication from External to wld09-Application Server on TCP port 8443",
                "destination_groups": [
                  "/infra/domains/default/groups/b0789b66-800a-406b-9292-d66152969150"
                ],
                "destinations_excluded": false,
                "direction": "IN_OUT",
                "disabled": false,
                "display_name": "External to wld09-Application Server [TCP-8443]",
                "ip_version": "IPV4_IPV6",
                "log_label": "",
                "logged": true,
                "notes": "",
                "nsx_id": "6807cf17-14db-4168-a7c2-f49d1661aff0",
                "profiles": null,
                "revision": 0,
                "rule_id": 3072,
                "scope": null,
                "sequence_number": 3,
                "services": [
                  "/infra/services/37e434ee-99c6-4cc4-bc42-54c40f22e303"
                ],
                "source_groups": [
                  "/infra/domains/default/groups/dcb92cea-c212-4645-aabf-8ebe06d94742"
                ],
                "sources_excluded": false,
                "tag": []
              },
              {
                "action": "ALLOW",
                "description": "Allow communication from wld09-Web Server to wld09-Application Server on TCP port 8443",
                "destination_groups": [
                  "/infra/domains/default/groups/b0789b66-800a-406b-9292-d66152969150"
                ],
                "destinations_excluded": false,
                "direction": "IN_OUT",
                "disabled": false,
                "display_name": "wld09-Web Server to wld09-Application Server [TCP-8443]",
                "ip_version": "IPV4_IPV6",
                "log_label": "",
                "logged": true,
                "notes": "",
                "nsx_id": "b921b3da-7a0b-4d90-9c4f-0f319373a226",
                "profiles": null,
                "revision": 0,
                "rule_id": 3073,
                "scope": null,
                "sequence_number": 4,
                "services": [
                  "/infra/services/37e434ee-99c6-4cc4-bc42-54c40f22e303"
                ],
                "source_groups": [
                  "/infra/domains/default/groups/0d6581a0-45f1-49b1-bac1-84cde47e4567"
                ],
                "sources_excluded": false,
                "tag": []
              },
              {
                "action": "ALLOW",
                "description": "Allow communication from wld09-Web Server to External on UDP port 123",
                "destination_groups": [
                  "/infra/domains/default/groups/dcb92cea-c212-4645-aabf-8ebe06d94742"
                ],
                "destinations_excluded": false,
                "direction": "IN_OUT",
                "disabled": false,
                "display_name": "wld09-Web Server to External [UDP-123]",
                "ip_version": "IPV4_IPV6",
                "log_label": "",
                "logged": true,
                "notes": "",
                "nsx_id": "82a0c0e9-14ba-46ca-82c3-009cdcda4319",
                "profiles": null,
                "revision": 0,
                "rule_id": 3074,
                "scope": null,
                "sequence_number": 5,
                "services": [
                  "/infra/services/2662d8d4-8bd4-43e8-a1d5-2d3329e15a28"
                ],
                "source_groups": [
                  "/infra/domains/default/groups/0d6581a0-45f1-49b1-bac1-84cde47e4567"
                ],
                "sources_excluded": false,
                "tag": []
              },
              {
                "action": "ALLOW",
                "description": "Allow communication from External to wld09-Web Server on TCP port 443",
                "destination_groups": [
                  "/infra/domains/default/groups/0d6581a0-45f1-49b1-bac1-84cde47e4567"
                ],
                "destinations_excluded": false,
                "direction": "IN_OUT",
                "disabled": false,
                "display_name": "External to wld09-Web Server [TCP-443]",
                "ip_version": "IPV4_IPV6",
                "log_label": "",
                "logged": true,
                "notes": "",
                "nsx_id": "b4d711f1-6604-48e5-adb0-06df79621bd1",
                "profiles": null,
                "revision": 0,
                "rule_id": 3075,
                "scope": null,
                "sequence_number": 6,
                "services": [
                  "/infra/services/3223a8f2-9e07-467b-bc34-b21b3e2085a6"
                ],
                "source_groups": [
                  "/infra/domains/default/groups/dcb92cea-c212-4645-aabf-8ebe06d94742"
                ],
                "sources_excluded": false,
                "tag": []
              },
              {
                "action": "ALLOW",
                "description": "Allow communication from wld09-Web Server to External on UDP port 123",
                "destination_groups": [
                  "/infra/domains/default/groups/dcb92cea-c212-4645-aabf-8ebe06d94742"
                ],
                "destinations_excluded": false,
                "direction": "IN_OUT",
                "disabled": false,
                "display_name": "wld09-Web Server to External [UDP-123]",
                "ip_version": "IPV4_IPV6",
                "log_label": "",
                "logged": true,
                "notes": "",
                "nsx_id": "ec84b127-ef54-4d65-94ff-9b1cffd7adae",
                "profiles": null,
                "revision": 0,
                "rule_id": 3076,
                "scope": null,
                "sequence_number": 7,
                "services": [
                  "/infra/services/2662d8d4-8bd4-43e8-a1d5-2d3329e15a28"
                ],
                "source_groups": [
                  "/infra/domains/default/groups/0d6581a0-45f1-49b1-bac1-84cde47e4567"
                ],
                "sources_excluded": false,
                "tag": []
              },
              {
                "action": "ALLOW",
                "description": "Allow communication from wld09-Database Server to External on UDP port 123",
                "destination_groups": [
                  "/infra/domains/default/groups/dcb92cea-c212-4645-aabf-8ebe06d94742"
                ],
                "destinations_excluded": false,
                "direction": "IN_OUT",
                "disabled": false,
                "display_name": "wld09-Database Server to External [UDP-123]",
                "ip_version": "IPV4_IPV6",
                "log_label": "",
                "logged": true,
                "notes": "",
                "nsx_id": "88e372ff-f5e4-4a90-8d2e-6d6bbb71ac16",
                "profiles": null,
                "revision": 0,
                "rule_id": 3077,
                "scope": null,
                "sequence_number": 8,
                "services": [
                  "/infra/services/2662d8d4-8bd4-43e8-a1d5-2d3329e15a28"
                ],
                "source_groups": [
                  "/infra/domains/default/groups/c45db1a4-b1a0-4f2d-8095-23ad878894fe"
                ],
                "sources_excluded": false,
                "tag": []
              },
              {
                "action": "ALLOW",
                "description": "Allow communication from wld09-Web Server to wld09-Application Server on TCP port 8443",
                "destination_groups": [
                  "/infra/domains/default/groups/b0789b66-800a-406b-9292-d66152969150"
                ],
                "destinations_excluded": false,
                "direction": "IN_OUT",
                "disabled": false,
                "display_name": "wld09-Web Server to wld09-Application Server [TCP-8443]",
                "ip_version": "IPV4_IPV6",
                "log_label": "",
                "logged": true,
                "notes": "",
                "nsx_id": "403ddde8-6a8e-4553-9d50-68cc78a20fb0",
                "profiles": null,
                "revision": 0,
                "rule_id": 3078,
                "scope": null,
                "sequence_number": 9,
                "services": [
                  "/infra/services/37e434ee-99c6-4cc4-bc42-54c40f22e303"
                ],
                "source_groups": [
                  "/infra/domains/default/groups/0d6581a0-45f1-49b1-bac1-84cde47e4567"
                ],
                "sources_excluded": false,
                "tag": []
              },
              {
                "action": "ALLOW",
                "description": "Allow communication from External to wld09-Web Server on TCP port 443",
                "destination_groups": [
                  "/infra/domains/default/groups/0d6581a0-45f1-49b1-bac1-84cde47e4567"
                ],
                "destinations_excluded": false,
                "direction": "IN_OUT",
                "disabled": false,
                "display_name": "External to wld09-Web Server [TCP-443]",
                "ip_version": "IPV4_IPV6",
                "log_label": "",
                "logged": true,
                "notes": "",
                "nsx_id": "18bd239e-7c23-4391-b095-976821bc84ac",
                "profiles": null,
                "revision": 0,
                "rule_id": 3079,
                "scope": null,
                "sequence_number": 10,
                "services": [
                  "/infra/services/3223a8f2-9e07-467b-bc34-b21b3e2085a6"
                ],
                "source_groups": [
                  "/infra/domains/default/groups/dcb92cea-c212-4645-aabf-8ebe06d94742"
                ],
                "sources_excluded": false,
                "tag": []
              },
              {
                "action": "ALLOW",
                "description": "Allow communication from wld09-Web Server to External on UDP port 123",
                "destination_groups": [
                  "/infra/domains/default/groups/dcb92cea-c212-4645-aabf-8ebe06d94742"
                ],
                "destinations_excluded": false,
                "direction": "IN_OUT",
                "disabled": false,
                "display_name": "wld09-Web Server to External [UDP-123]",
                "ip_version": "IPV4_IPV6",
                "log_label": "",
                "logged": true,
                "notes": "",
                "nsx_id": "27bebaf5-698a-4ce9-9bbf-acef02d29d1c",
                "profiles": null,
                "revision": 0,
                "rule_id": 3080,
                "scope": null,
                "sequence_number": 11,
                "services": [
                  "/infra/services/2662d8d4-8bd4-43e8-a1d5-2d3329e15a28"
                ],
                "source_groups": [
                  "/infra/domains/default/groups/0d6581a0-45f1-49b1-bac1-84cde47e4567"
                ],
                "sources_excluded": false,
                "tag": []
              },
              {
                "action": "ALLOW",
                "description": "Allow communication from External to wld09-Web Server on TCP port 443",
                "destination_groups": [
                  "/infra/domains/default/groups/0d6581a0-45f1-49b1-bac1-84cde47e4567"
                ],
                "destinations_excluded": false,
                "direction": "IN_OUT",
                "disabled": false,
                "display_name": "External to wld09-Web Server [TCP-443]",
                "ip_version": "IPV4_IPV6",
                "log_label": "",
                "logged": true,
                "notes": "",
                "nsx_id": "f6a1a867-11e4-4e92-9d2c-b78b55d0fe8e",
                "profiles": null,
                "revision": 0,
                "rule_id": 3081,
                "scope": null,
                "sequence_number": 12,
                "services": [
                  "/infra/services/3223a8f2-9e07-467b-bc34-b21b3e2085a6"
                ],
                "source_groups": [
                  "/infra/domains/default/groups/dcb92cea-c212-4645-aabf-8ebe06d94742"
                ],
                "sources_excluded": false,
                "tag": []
              },
              {
                "action": "ALLOW",
                "description": "Allow communication from wld09-Web Server to wld09-Application Server on TCP port 8443",
                "destination_groups": [
                  "/infra/domains/default/groups/b0789b66-800a-406b-9292-d66152969150"
                ],
                "destinations_excluded": false,
                "direction": "IN_OUT",
                "disabled": false,
                "display_name": "wld09-Web Server to wld09-Application Server [TCP-8443]",
                "ip_version": "IPV4_IPV6",
                "log_label": "",
                "logged": true,
                "notes": "",
                "nsx_id": "54f41c48-3509-4f8e-9c78-a678ba83af29",
                "profiles": null,
                "revision": 0,
                "rule_id": 3082,
                "scope": null,
                "sequence_number": 13,
                "services": [
                  "/infra/services/37e434ee-99c6-4cc4-bc42-54c40f22e303"
                ],
                "source_groups": [
                  "/infra/domains/default/groups/0d6581a0-45f1-49b1-bac1-84cde47e4567"
                ],
                "sources_excluded": false,
                "tag": []
              },
              {
                "action": "ALLOW",
                "description": "Allow communication from wld09-Application Server to External on UDP port 123",
                "destination_groups": [
                  "/infra/domains/default/groups/dcb92cea-c212-4645-aabf-8ebe06d94742"
                ],
                "destinations_excluded": false,
                "direction": "IN_OUT",
                "disabled": false,
                "display_name": "wld09-Application Server to External [UDP-123]",
                "ip_version": "IPV4_IPV6",
                "log_label": "",
                "logged": true,
                "notes": "",
                "nsx_id": "3297351f-1038-453d-9c84-a6d34f5b7d44",
                "profiles": null,
                "revision": 0,
                "rule_id": 3083,
                "scope": null,
                "sequence_number": 14,
                "services": [
                  "/infra/services/2662d8d4-8bd4-43e8-a1d5-2d3329e15a28"
                ],
                "source_groups": [
                  "/infra/domains/default/groups/b0789b66-800a-406b-9292-d66152969150"
                ],
                "sources_excluded": false,
                "tag": []
              }
            ],
            "scope": null,
            "sequence_number": 8,
            "stateful": true,
            "tag": [],
            "tcp_strict": false
          },
          "sensitive_attributes": [],
          "private": "bnVsbA==",
          "dependencies": [
            "nsxt_policy_group.app_groups",
            "nsxt_policy_group.environment_groups",
            "nsxt_policy_service.services"
          ],
          "create_before_destroy": true
        }
      ]
    },
    {
      "mode": "managed",
      "type": "nsxt_policy_security_policy",
      "name": "environment_isolation",
      "provider": "provider[\"registry.terraform.io/vmware/nsxt\"]",
      "instances": [
        {
          "schema_version": 0,
          "attributes": {
            "category": "Environment",
            "comments": "",
            "context": [],
            "description": "Security policy to isolate OTAP environments",
            "display_name": "Environment Isolation Policy",
            "domain": "default",
            "id": "0003bc8d-1170-40f3-9c2c-c29a70eb8e97",
            "locked": false,
            "nsx_id": "0003bc8d-1170-40f3-9c2c-c29a70eb8e97",
            "path": "/infra/domains/default/security-policies/0003bc8d-1170-40f3-9c2c-c29a70eb8e97",
            "revision": 1,
            "rule": [
              {
                "action": "REJECT",
                "description": "",
                "destination_groups": null,
                "destinations_excluded": false,
                "direction": "IN_OUT",
                "disabled": false,
                "display_name": "Block Production to other environments",
                "ip_version": "IPV4_IPV6",
                "log_label": "",
                "logged": true,
                "notes": "",
                "nsx_id": "c8518603-97b8-4070-a2cd-b395211bdcb4",
                "profiles": null,
                "revision": 0,
                "rule_id": 3068,
                "scope": null,
                "sequence_number": 1,
                "services": null,
                "source_groups": [
                  "/infra/domains/default/groups/dcb92cea-c212-4645-aabf-8ebe06d94742"
                ],
                "sources_excluded": false,
                "tag": []
              },
              {
                "action": "ALLOW",
                "description": "",
                "destination_groups": null,
                "destinations_excluded": false,
                "direction": "IN_OUT",
                "disabled": false,
                "display_name": "Allow same environment communication",
                "ip_version": "IPV4_IPV6",
                "log_label": "",
                "logged": true,
                "notes": "",
                "nsx_id": "5b31a308-31e8-4f03-baa1-f27b513bcfda",
                "profiles": null,
                "revision": 0,
                "rule_id": 3069,
                "scope": null,
                "sequence_number": 2,
                "services": null,
                "source_groups": null,
                "sources_excluded": false,
                "tag": []
              }
            ],
            "scope": null,
            "sequence_number": 10,
            "stateful": true,
            "tag": [],
            "tcp_strict": false
          },
          "sensitive_attributes": [],
          "private": "bnVsbA==",
          "dependencies": [
            "nsxt_policy_group.environment_groups"
          ],
          "create_before_destroy": true
        }
      ]
    },
    {
      "mode": "managed",
      "type": "nsxt_policy_service",
      "name": "services",
      "provider": "provider[\"registry.terraform.io/vmware/nsxt\"]",
      "instances": [
        {
          "index_key": "TCP-3306",
          "schema_version": 0,
          "attributes": {
            "algorithm_entry": [],
            "context": [],
            "description": "Service for TCP port 3306",
            "display_name": "TCP-3306",
            "ether_type_entry": [],
            "icmp_entry": [],
            "id": "de11e183-b745-4210-af6f-e624a861f9ad",
            "igmp_entry": [],
            "ip_protocol_entry": [],
            "l4_port_set_entry": [
              {
                "description": "",
                "destination_ports": [
                  "3306"
                ],
                "display_name": "TCP-3306",
                "protocol": "TCP",
                "source_ports": []
              }
            ],
            "nested_service_entry": [],
            "nsx_id": "de11e183-b745-4210-af6f-e624a861f9ad",
            "path": "/infra/services/de11e183-b745-4210-af6f-e624a861f9ad",
            "revision": 0,
            "tag": []
          },
          "sensitive_attributes": [],
          "private": "bnVsbA==",
          "create_before_destroy": true
        },
        {
          "index_key": "TCP-443",
          "schema_version": 0,
          "attributes": {
            "algorithm_entry": [],
            "context": [],
            "description": "Service for TCP port 443",
            "display_name": "TCP-443",
            "ether_type_entry": [],
            "icmp_entry": [],
            "id": "3223a8f2-9e07-467b-bc34-b21b3e2085a6",
            "igmp_entry": [],
            "ip_protocol_entry": [],
            "l4_port_set_entry": [
              {
                "description": "",
                "destination_ports": [
                  "443"
                ],
                "display_name": "TCP-443",
                "protocol": "TCP",
                "source_ports": []
              }
            ],
            "nested_service_entry": [],
            "nsx_id": "3223a8f2-9e07-467b-bc34-b21b3e2085a6",
            "path": "/infra/services/3223a8f2-9e07-467b-bc34-b21b3e2085a6",
            "revision": 0,
            "tag": []
          },
          "sensitive_attributes": [],
          "private": "bnVsbA==",
          "create_before_destroy": true
        },
        {
          "index_key": "TCP-8443",
          "schema_version": 0,
          "attributes": {
            "algorithm_entry": [],
            "context": [],
            "description": "Service for TCP port 8443",
            "display_name": "TCP-8443",
            "ether_type_entry": [],
            "icmp_entry": [],
            "id": "37e434ee-99c6-4cc4-bc42-54c40f22e303",
            "igmp_entry": [],
            "ip_protocol_entry": [],
            "l4_port_set_entry": [
              {
                "description": "",
                "destination_ports": [
                  "8443"
                ],
                "display_name": "TCP-8443",
                "protocol": "TCP",
                "source_ports": []
              }
            ],
            "nested_service_entry": [],
            "nsx_id": "37e434ee-99c6-4cc4-bc42-54c40f22e303",
            "path": "/infra/services/37e434ee-99c6-4cc4-bc42-54c40f22e303",
            "revision": 0,
            "tag": []
          },
          "sensitive_attributes": [],
          "private": "bnVsbA==",
          "create_before_destroy": true
        },
        {
          "index_key": "UDP-123",
          "schema_version": 0,
          "attributes": {
            "algorithm_entry": [],
            "context": [],
            "description": "Service for UDP port 123",
            "display_name": "UDP-123",
            "ether_type_entry": [],
            "icmp_entry": [],
            "id": "2662d8d4-8bd4-43e8-a1d5-2d3329e15a28",
            "igmp_entry": [],
            "ip_protocol_entry": [],
            "l4_port_set_entry": [
              {
                "description": "",
                "destination_ports": [
                  "123"
                ],
                "display_name": "UDP-123",
                "protocol": "UDP",
                "source_ports": []
              }
            ],
            "nested_service_entry": [],
            "nsx_id": "2662d8d4-8bd4-43e8-a1d5-2d3329e15a28",
            "path": "/infra/services/2662d8d4-8bd4-43e8-a1d5-2d3329e15a28",
            "revision": 0,
            "tag": []
          },
          "sensitive_attributes": [],
          "private": "bnVsbA==",
          "create_before_destroy": true
        },
        {
          "index_key": "UDP-53",
          "schema_version": 0,
          "attributes": {
            "algorithm_entry": [],
            "context": [],
            "description": "Service for UDP port 53",
            "display_name": "UDP-53",
            "ether_type_entry": [],
            "icmp_entry": [],
            "id": "79cf2afd-ae08-45e8-81ac-b64cef950ae8",
            "igmp_entry": [],
            "ip_protocol_entry": [],
            "l4_port_set_entry": [
              {
                "description": "",
                "destination_ports": [
                  "53"
                ],
                "display_name": "UDP-53",
                "protocol": "UDP",
                "source_ports": []
              }
            ],
            "nested_service_entry": [],
            "nsx_id": "79cf2afd-ae08-45e8-81ac-b64cef950ae8",
            "path": "/infra/services/79cf2afd-ae08-45e8-81ac-b64cef950ae8",
            "revision": 0,
            "tag": []
          },
          "sensitive_attributes": [],
          "private": "bnVsbA==",
          "create_before_destroy": true
        }
      ]
    },
    {
      "mode": "managed",
      "type": "nsxt_policy_vm_tags",
      "name": "vm_tags",
      "provider": "provider[\"registry.terraform.io/vmware/nsxt\"]",
      "instances": [
        {
          "index_key": "app-01a",
          "schema_version": 0,
          "attributes": {
            "context": [],
            "id": "500e66ad-6efc-e7fe-6ba3-74d45c3eb94f",
            "instance_id": "500e66ad-6efc-e7fe-6ba3-74d45c3eb94f",
            "port": [],
            "tag": [
              {
                "scope": "application",
                "tag": "wld09-Application Server"
              },
              {
                "scope": "environment",
                "tag": "Production"
              }
            ]
          },
          "sensitive_attributes": [],
          "private": "bnVsbA==",
          "dependencies": [
            "data.nsxt_policy_vm.vms"
          ],
          "create_before_destroy": true
        },
        {
          "index_key": "db-01a",
          "schema_version": 0,
          "attributes": {
            "context": [],
            "id": "500eb8ab-1d7d-8803-906e-b540fdcf7f6f",
            "instance_id": "500eb8ab-1d7d-8803-906e-b540fdcf7f6f",
            "port": [],
            "tag": [
              {
                "scope": "application",
                "tag": "wld09-Database Server"
              },
              {
                "scope": "environment",
                "tag": "Production"
              }
            ]
          },
          "sensitive_attributes": [],
          "private": "bnVsbA==",
          "dependencies": [
            "data.nsxt_policy_vm.vms"
          ],
          "create_before_destroy": true
        },
        {
          "index_key": "web-01a",
          "schema_version": 0,
          "attributes": {
            "context": [],
            "id": "500eedf5-5f28-eed1-6a09-0f558d46ad41",
            "instance_id": "500eedf5-5f28-eed1-6a09-0f558d46ad41",
            "port": [],
            "tag": [
              {
                "scope": "application",
                "tag": "wld09-Web Server"
              },
              {
                "scope": "environment",
                "tag": "Production"
              }
            ]
          },
          "sensitive_attributes": [],
          "private": "bnVsbA==",
          "dependencies": [
            "data.nsxt_policy_vm.vms"
          ],
          "create_before_destroy": true
        },
        {
          "index_key": "web-02a",
          "schema_version": 0,
          "attributes": {
            "context": [],
            "id": "500e4b09-2edf-482e-149b-978b60215a45",
            "instance_id": "500e4b09-2edf-482e-149b-978b60215a45",
            "port": [],
            "tag": [
              {
                "scope": "application",
                "tag": "wld09-Web Server"
              },
              {
                "scope": "environment",
                "tag": "Production"
              }
            ]
          },
          "sensitive_attributes": [],
          "private": "bnVsbA==",
          "dependencies": [
            "data.nsxt_policy_vm.vms"
          ],
          "create_before_destroy": true
        },
        {
          "index_key": "web-03a",
          "schema_version": 0,
          "attributes": {
            "context": [],
            "id": "500e169f-7231-266a-4c3d-fbd4ddaf246b",
            "instance_id": "500e169f-7231-266a-4c3d-fbd4ddaf246b",
            "port": [],
            "tag": [
              {
                "scope": "application",
                "tag": "wld09-Web Server"
              },
              {
                "scope": "environment",
                "tag": "Production"
              }
            ]
          },
          "sensitive_attributes": [],
          "private": "bnVsbA==",
          "dependencies": [
            "data.nsxt_policy_vm.vms"
          ],
          "create_before_destroy": true
        }
      ]
    }
  ],
  "check_results": null
}
