{
  "version": 4,
  "terraform_version": "1.11.4",
  "serial": 1161,
  "lineage": "f4c691af-fa3a-9a1e-f47d-9c77392ec1db",
  "outputs": {
    "application_groups_created": {
      "value": [
        "app-wld09-Application Server",
        "app-wld09-Database Server",
        "app-wld09-Web Server"
      ],
      "type": [
        "tuple",
        [
          "string",
          "string",
          "string"
        ]
      ]
    },
    "application_policies_created": {
      "value": [
        "Application Security Policy"
      ],
      "type": [
        "tuple",
        [
          "string"
        ]
      ]
    },
    "application_tags": {
      "value": [
        "wld09-Application Server",
        "wld09-Database Server",
        "wld09-Web Server"
      ],
      "type": [
        "list",
        "string"
      ]
    },
    "environment_groups_created": {
      "value": [
        "env-wld09-Production",
        "env-wld09-Test"
      ],
      "type": [
        "tuple",
        [
          "string",
          "string"
        ]
      ]
    },
    "environment_tags": {
      "value": [
        "Production",
        "Test"
      ],
      "type": [
        "list",
        "string"
      ]
    },
    "external_groups_created": {
      "value": [
        "ext-wld09-DNS",
        "ext-wld09-Jumphost",
        "ext-wld09-NTP"
      ],
      "type": [
        "tuple",
        [
          "string",
          "string",
          "string"
        ]
      ]
    },
    "vm_count": {
      "value": 10,
      "type": "number"
    }
  },
  "resources": [
    {
      "mode": "data",
      "type": "nsxt_policy_vm",
      "name": "vms",
      "provider": "provider[\"registry.terraform.io/vmware/nsxt\"]",
      "instances": [
        {
          "index_key": "p-app-01a",
          "schema_version": 0,
          "attributes": {
            "bios_id": "420ed69b-758d-155e-63d7-1aa278448f8e",
            "context": null,
            "description": "",
            "display_name": "p-app-01a",
            "external_id": "500e66ad-6efc-e7fe-6ba3-74d45c3eb94f",
            "id": "500e66ad-6efc-e7fe-6ba3-74d45c3eb94f",
            "instance_id": "500e66ad-6efc-e7fe-6ba3-74d45c3eb94f"
          },
          "sensitive_attributes": []
        },
        {
          "index_key": "p-db-01a",
          "schema_version": 0,
          "attributes": {
            "bios_id": "420e40f9-3ff4-ffdd-bdb5-0233b4f0493f",
            "context": null,
            "description": "",
            "display_name": "p-db-01a",
            "external_id": "500eb8ab-1d7d-8803-906e-b540fdcf7f6f",
            "id": "500eb8ab-1d7d-8803-906e-b540fdcf7f6f",
            "instance_id": "500eb8ab-1d7d-8803-906e-b540fdcf7f6f"
          },
          "sensitive_attributes": []
        },
        {
          "index_key": "p-web-01a",
          "schema_version": 0,
          "attributes": {
            "bios_id": "420e446e-cf67-8086-932a-bbebf4f9537e",
            "context": null,
            "description": "",
            "display_name": "p-web-01a",
            "external_id": "500eedf5-5f28-eed1-6a09-0f558d46ad41",
            "id": "500eedf5-5f28-eed1-6a09-0f558d46ad41",
            "instance_id": "500eedf5-5f28-eed1-6a09-0f558d46ad41"
          },
          "sensitive_attributes": []
        },
        {
          "index_key": "p-web-02a",
          "schema_version": 0,
          "attributes": {
            "bios_id": "420e0373-2d68-d850-c333-c9a5b68a9cd0",
            "context": null,
            "description": "",
            "display_name": "p-web-02a",
            "external_id": "500e4b09-2edf-482e-149b-978b60215a45",
            "id": "500e4b09-2edf-482e-149b-978b60215a45",
            "instance_id": "500e4b09-2edf-482e-149b-978b60215a45"
          },
          "sensitive_attributes": []
        },
        {
          "index_key": "p-web-03a",
          "schema_version": 0,
          "attributes": {
            "bios_id": "420ee229-5d04-f4a0-9a68-4531951a77c1",
            "context": null,
            "description": "",
            "display_name": "p-web-03a",
            "external_id": "500e169f-7231-266a-4c3d-fbd4ddaf246b",
            "id": "500e169f-7231-266a-4c3d-fbd4ddaf246b",
            "instance_id": "500e169f-7231-266a-4c3d-fbd4ddaf246b"
          },
          "sensitive_attributes": []
        },
        {
          "index_key": "t-app-01a",
          "schema_version": 0,
          "attributes": {
            "bios_id": "420ec69b-f0eb-f021-e76a-1ba3f8f3f229",
            "context": null,
            "description": "",
            "display_name": "t-app-01a",
            "external_id": "500e1a06-0bb7-5aa2-230c-73642a3e23c1",
            "id": "500e1a06-0bb7-5aa2-230c-73642a3e23c1",
            "instance_id": "500e1a06-0bb7-5aa2-230c-73642a3e23c1"
          },
          "sensitive_attributes": []
        },
        {
          "index_key": "t-db-01a",
          "schema_version": 0,
          "attributes": {
            "bios_id": "420ee52b-28dc-83eb-4b9a-38b8c52f5acd",
            "context": null,
            "description": "",
            "display_name": "t-db-01a",
            "external_id": "500eaab6-b602-787e-fdde-70c3ee2f655a",
            "id": "500eaab6-b602-787e-fdde-70c3ee2f655a",
            "instance_id": "500eaab6-b602-787e-fdde-70c3ee2f655a"
          },
          "sensitive_attributes": []
        },
        {
          "index_key": "t-web-01a",
          "schema_version": 0,
          "attributes": {
            "bios_id": "420e1dbc-a4d5-1ce2-c6dc-703bfeea8d16",
            "context": null,
            "description": "",
            "display_name": "t-web-01a",
            "external_id": "500ea1c4-d4ce-5ff0-eec5-deaa96bcf00e",
            "id": "500ea1c4-d4ce-5ff0-eec5-deaa96bcf00e",
            "instance_id": "500ea1c4-d4ce-5ff0-eec5-deaa96bcf00e"
          },
          "sensitive_attributes": []
        },
        {
          "index_key": "t-web-02a",
          "schema_version": 0,
          "attributes": {
            "bios_id": "420ed273-30b9-6979-6784-c7f94f425260",
            "context": null,
            "description": "",
            "display_name": "t-web-02a",
            "external_id": "500ebfe0-9f49-a1c6-d5d3-bc0c6a42fc91",
            "id": "500ebfe0-9f49-a1c6-d5d3-bc0c6a42fc91",
            "instance_id": "500ebfe0-9f49-a1c6-d5d3-bc0c6a42fc91"
          },
          "sensitive_attributes": []
        },
        {
          "index_key": "t-web-03a",
          "schema_version": 0,
          "attributes": {
            "bios_id": "420e9c03-8ab0-6020-c7ff-ef4f8e691da9",
            "context": null,
            "description": "",
            "display_name": "t-web-03a",
            "external_id": "500e4809-32b4-cbb5-bece-e59d5dc1e4aa",
            "id": "500e4809-32b4-cbb5-bece-e59d5dc1e4aa",
            "instance_id": "500e4809-32b4-cbb5-bece-e59d5dc1e4aa"
          },
          "sensitive_attributes": []
        }
      ]
    },
    {
      "mode": "managed",
      "type": "nsxt_policy_group",
      "name": "app_groups",
      "provider": "provider[\"registry.terraform.io/vmware/nsxt\"]",
      "instances": [
        {
          "index_key": "wld09-Application Server",
          "schema_version": 0,
          "attributes": {
            "conjunction": [],
            "context": [],
            "criteria": [
              {
                "condition": [
                  {
                    "key": "Tag",
                    "member_type": "VirtualMachine",
                    "operator": "EQUALS",
                    "value": "wld09-Application Server"
                  }
                ],
                "external_id_expression": [],
                "ipaddress_expression": [],
                "macaddress_expression": [],
                "path_expression": []
              }
            ],
            "description": "Group for wld09 Application Server application",
            "display_name": "app-wld09-Application Server",
            "domain": "default",
            "extended_criteria": [],
            "group_type": null,
            "id": "5292cb1e-f072-4c12-9c40-32a6eb7e85d5",
            "nsx_id": "5292cb1e-f072-4c12-9c40-32a6eb7e85d5",
            "path": "/infra/domains/default/groups/5292cb1e-f072-4c12-9c40-32a6eb7e85d5",
            "revision": 0,
            "tag": []
          },
          "sensitive_attributes": [],
          "private": "bnVsbA==",
          "create_before_destroy": true
        },
        {
          "index_key": "wld09-Database Server",
          "schema_version": 0,
          "attributes": {
            "conjunction": [],
            "context": [],
            "criteria": [
              {
                "condition": [
                  {
                    "key": "Tag",
                    "member_type": "VirtualMachine",
                    "operator": "EQUALS",
                    "value": "wld09-Database Server"
                  }
                ],
                "external_id_expression": [],
                "ipaddress_expression": [],
                "macaddress_expression": [],
                "path_expression": []
              }
            ],
            "description": "Group for wld09 Database Server application",
            "display_name": "app-wld09-Database Server",
            "domain": "default",
            "extended_criteria": [],
            "group_type": null,
            "id": "d699ce3f-7660-41d2-8491-2a84d29e980c",
            "nsx_id": "d699ce3f-7660-41d2-8491-2a84d29e980c",
            "path": "/infra/domains/default/groups/d699ce3f-7660-41d2-8491-2a84d29e980c",
            "revision": 0,
            "tag": []
          },
          "sensitive_attributes": [],
          "private": "bnVsbA==",
          "create_before_destroy": true
        },
        {
          "index_key": "wld09-Web Server",
          "schema_version": 0,
          "attributes": {
            "conjunction": [],
            "context": [],
            "criteria": [
              {
                "condition": [
                  {
                    "key": "Tag",
                    "member_type": "VirtualMachine",
                    "operator": "EQUALS",
                    "value": "wld09-Web Server"
                  }
                ],
                "external_id_expression": [],
                "ipaddress_expression": [],
                "macaddress_expression": [],
                "path_expression": []
              }
            ],
            "description": "Group for wld09 Web Server application",
            "display_name": "app-wld09-Web Server",
            "domain": "default",
            "extended_criteria": [],
            "group_type": null,
            "id": "0701485d-883a-4346-b24c-1a22338a38ec",
            "nsx_id": "0701485d-883a-4346-b24c-1a22338a38ec",
            "path": "/infra/domains/default/groups/0701485d-883a-4346-b24c-1a22338a38ec",
            "revision": 0,
            "tag": []
          },
          "sensitive_attributes": [],
          "private": "bnVsbA==",
          "create_before_destroy": true
        }
      ]
    },
    {
      "mode": "managed",
      "type": "nsxt_policy_group",
      "name": "environment_groups",
      "provider": "provider[\"registry.terraform.io/vmware/nsxt\"]",
      "instances": [
        {
          "index_key": "Production",
          "schema_version": 0,
          "attributes": {
            "conjunction": [],
            "context": [],
            "criteria": [
              {
                "condition": [
                  {
                    "key": "Tag",
                    "member_type": "VirtualMachine",
                    "operator": "EQUALS",
                    "value": "Production"
                  }
                ],
                "external_id_expression": [],
                "ipaddress_expression": [],
                "macaddress_expression": [],
                "path_expression": []
              }
            ],
            "description": "Group for Production environment",
            "display_name": "env-wld09-Production",
            "domain": "default",
            "extended_criteria": [],
            "group_type": null,
            "id": "3b5adddf-97a8-4bbd-a35e-a28fa9e585cc",
            "nsx_id": "3b5adddf-97a8-4bbd-a35e-a28fa9e585cc",
            "path": "/infra/domains/default/groups/3b5adddf-97a8-4bbd-a35e-a28fa9e585cc",
            "revision": 0,
            "tag": []
          },
          "sensitive_attributes": [],
          "private": "bnVsbA==",
          "create_before_destroy": true
        },
        {
          "index_key": "Test",
          "schema_version": 0,
          "attributes": {
            "conjunction": [],
            "context": [],
            "criteria": [
              {
                "condition": [
                  {
                    "key": "Tag",
                    "member_type": "VirtualMachine",
                    "operator": "EQUALS",
                    "value": "Test"
                  }
                ],
                "external_id_expression": [],
                "ipaddress_expression": [],
                "macaddress_expression": [],
                "path_expression": []
              }
            ],
            "description": "Group for Test environment",
            "display_name": "env-wld09-Test",
            "domain": "default",
            "extended_criteria": [],
            "group_type": null,
            "id": "5225b26b-2856-49b9-85e4-ed54818f3c1f",
            "nsx_id": "5225b26b-2856-49b9-85e4-ed54818f3c1f",
            "path": "/infra/domains/default/groups/5225b26b-2856-49b9-85e4-ed54818f3c1f",
            "revision": 0,
            "tag": []
          },
          "sensitive_attributes": [],
          "private": "bnVsbA==",
          "create_before_destroy": true
        }
      ]
    },
    {
      "mode": "managed",
      "type": "nsxt_policy_group",
      "name": "external_groups",
      "provider": "provider[\"registry.terraform.io/vmware/nsxt\"]",
      "instances": [
        {
          "index_key": "DNS",
          "schema_version": 0,
          "attributes": {
            "conjunction": [],
            "context": [],
            "criteria": [
              {
                "condition": [],
                "external_id_expression": [],
                "ipaddress_expression": [
                  {
                    "ip_addresses": [
                      "192.168.12.10"
                    ]
                  }
                ],
                "macaddress_expression": [],
                "path_expression": []
              }
            ],
            "description": "External group for DNS",
            "display_name": "ext-wld09-DNS",
            "domain": "default",
            "extended_criteria": [],
            "group_type": null,
            "id": "ab10412c-b04d-4eef-ae9c-801611843545",
            "nsx_id": "ab10412c-b04d-4eef-ae9c-801611843545",
            "path": "/infra/domains/default/groups/ab10412c-b04d-4eef-ae9c-801611843545",
            "revision": 0,
            "tag": []
          },
          "sensitive_attributes": [],
          "private": "bnVsbA==",
          "create_before_destroy": true
        },
        {
          "index_key": "Jumphost",
          "schema_version": 0,
          "attributes": {
            "conjunction": [],
            "context": [],
            "criteria": [
              {
                "condition": [],
                "external_id_expression": [],
                "ipaddress_expression": [
                  {
                    "ip_addresses": [
                      "10.10.89.11"
                    ]
                  }
                ],
                "macaddress_expression": [],
                "path_expression": []
              }
            ],
            "description": "External group for Jumphost",
            "display_name": "ext-wld09-Jumphost",
            "domain": "default",
            "extended_criteria": [],
            "group_type": null,
            "id": "2701a1b6-f45d-433b-a5e7-9b559e37f892",
            "nsx_id": "2701a1b6-f45d-433b-a5e7-9b559e37f892",
            "path": "/infra/domains/default/groups/2701a1b6-f45d-433b-a5e7-9b559e37f892",
            "revision": 0,
            "tag": []
          },
          "sensitive_attributes": [],
          "private": "bnVsbA==",
          "create_before_destroy": true
        },
        {
          "index_key": "NTP",
          "schema_version": 0,
          "attributes": {
            "conjunction": [],
            "context": [],
            "criteria": [
              {
                "condition": [],
                "external_id_expression": [],
                "ipaddress_expression": [
                  {
                    "ip_addresses": [
                      "192.168.12.1"
                    ]
                  }
                ],
                "macaddress_expression": [],
                "path_expression": []
              }
            ],
            "description": "External group for NTP",
            "display_name": "ext-wld09-NTP",
            "domain": "default",
            "extended_criteria": [],
            "group_type": null,
            "id": "6cbc0246-11ac-423e-bb9c-46e80471caca",
            "nsx_id": "6cbc0246-11ac-423e-bb9c-46e80471caca",
            "path": "/infra/domains/default/groups/6cbc0246-11ac-423e-bb9c-46e80471caca",
            "revision": 0,
            "tag": []
          },
          "sensitive_attributes": [],
          "private": "bnVsbA==",
          "create_before_destroy": true
        }
      ]
    },
    {
      "mode": "managed",
      "type": "nsxt_policy_security_policy",
      "name": "application_policy",
      "provider": "provider[\"registry.terraform.io/vmware/nsxt\"]",
      "instances": [
        {
          "schema_version": 0,
          "attributes": {
            "category": "Application",
            "comments": "",
            "context": [],
            "description": "Security policy for all applications",
            "display_name": "Application Security Policy",
            "domain": "default",
            "id": "5a3b1e0a-ae0d-4662-87d5-eae6254a4cd3",
            "locked": false,
            "nsx_id": "5a3b1e0a-ae0d-4662-87d5-eae6254a4cd3",
            "path": "/infra/domains/default/security-policies/5a3b1e0a-ae0d-4662-87d5-eae6254a4cd3",
            "revision": 1,
            "rule": [
              {
                "action": "ALLOW",
                "description": "Allow communication from Jumphost to wld09-Web Server on TCP port 22",
                "destination_groups": [
                  "/infra/domains/default/groups/0701485d-883a-4346-b24c-1a22338a38ec"
                ],
                "destinations_excluded": false,
                "direction": "IN_OUT",
                "disabled": false,
                "display_name": "Jumphost to wld09-Web Server [TCP-22]",
                "ip_version": "IPV4_IPV6",
                "log_label": "",
                "logged": true,
                "notes": "",
                "nsx_id": "26e85764-75ea-4f4e-b3c6-811cb8effb4c",
                "profiles": null,
                "revision": 0,
                "rule_id": 7217,
                "scope": null,
                "sequence_number": 1,
                "services": [
                  "/infra/services/014f38a6-9475-49b4-9e1e-2a3911c21ce6"
                ],
                "source_groups": [
                  "/infra/domains/default/groups/2701a1b6-f45d-433b-a5e7-9b559e37f892"
                ],
                "sources_excluded": false,
                "tag": []
              },
              {
                "action": "ALLOW",
                "description": "Allow communication from Jumphost to wld09-Web Server on TCP port 443",
                "destination_groups": [
                  "/infra/domains/default/groups/0701485d-883a-4346-b24c-1a22338a38ec"
                ],
                "destinations_excluded": false,
                "direction": "IN_OUT",
                "disabled": false,
                "display_name": "Jumphost to wld09-Web Server [TCP-443]",
                "ip_version": "IPV4_IPV6",
                "log_label": "",
                "logged": true,
                "notes": "",
                "nsx_id": "3ddb0320-de31-460b-a37d-fbadb3a414c6",
                "profiles": null,
                "revision": 0,
                "rule_id": 7218,
                "scope": null,
                "sequence_number": 2,
                "services": [
                  "/infra/services/8fddd19b-61bc-409f-add5-367533daafea"
                ],
                "source_groups": [
                  "/infra/domains/default/groups/2701a1b6-f45d-433b-a5e7-9b559e37f892"
                ],
                "sources_excluded": false,
                "tag": []
              },
              {
                "action": "ALLOW",
                "description": "Allow communication from wld09-Application Server to DNS on UDP port 53",
                "destination_groups": [
                  "/infra/domains/default/groups/ab10412c-b04d-4eef-ae9c-801611843545"
                ],
                "destinations_excluded": false,
                "direction": "IN_OUT",
                "disabled": false,
                "display_name": "wld09-Application Server to DNS [UDP-53]",
                "ip_version": "IPV4_IPV6",
                "log_label": "",
                "logged": true,
                "notes": "",
                "nsx_id": "c260bc07-efb6-49d5-a668-3a911cbb394d",
                "profiles": null,
                "revision": 0,
                "rule_id": 7219,
                "scope": null,
                "sequence_number": 3,
                "services": [
                  "/infra/services/d5b94008-3cb2-40f0-a4b2-8f8fa4f123bf"
                ],
                "source_groups": [
                  "/infra/domains/default/groups/5292cb1e-f072-4c12-9c40-32a6eb7e85d5"
                ],
                "sources_excluded": false,
                "tag": []
              },
              {
                "action": "ALLOW",
                "description": "Allow communication from wld09-Application Server to wld09-Database Server on TCP port 3306",
                "destination_groups": [
                  "/infra/domains/default/groups/d699ce3f-7660-41d2-8491-2a84d29e980c"
                ],
                "destinations_excluded": false,
                "direction": "IN_OUT",
                "disabled": false,
                "display_name": "wld09-Application Server to wld09-Database Server [TCP-3306]",
                "ip_version": "IPV4_IPV6",
                "log_label": "",
                "logged": true,
                "notes": "",
                "nsx_id": "1b228fca-6c79-4f15-8873-18a652c2590c",
                "profiles": null,
                "revision": 0,
                "rule_id": 7220,
                "scope": null,
                "sequence_number": 4,
                "services": [
                  "/infra/services/90c1985a-7ff6-4b32-a8a6-9df714976c5d"
                ],
                "source_groups": [
                  "/infra/domains/default/groups/5292cb1e-f072-4c12-9c40-32a6eb7e85d5"
                ],
                "sources_excluded": false,
                "tag": []
              },
              {
                "action": "ALLOW",
                "description": "Allow communication from wld09-Database Server to DNS on UDP port 53",
                "destination_groups": [
                  "/infra/domains/default/groups/ab10412c-b04d-4eef-ae9c-801611843545"
                ],
                "destinations_excluded": false,
                "direction": "IN_OUT",
                "disabled": false,
                "display_name": "wld09-Database Server to DNS [UDP-53]",
                "ip_version": "IPV4_IPV6",
                "log_label": "",
                "logged": true,
                "notes": "",
                "nsx_id": "8e163cf2-4d3e-40ac-ab40-9b7baa2a0300",
                "profiles": null,
                "revision": 0,
                "rule_id": 7221,
                "scope": null,
                "sequence_number": 5,
                "services": [
                  "/infra/services/d5b94008-3cb2-40f0-a4b2-8f8fa4f123bf"
                ],
                "source_groups": [
                  "/infra/domains/default/groups/d699ce3f-7660-41d2-8491-2a84d29e980c"
                ],
                "sources_excluded": false,
                "tag": []
              },
              {
                "action": "ALLOW",
                "description": "Allow communication from wld09-Web Server to DNS on UDP port 53",
                "destination_groups": [
                  "/infra/domains/default/groups/ab10412c-b04d-4eef-ae9c-801611843545"
                ],
                "destinations_excluded": false,
                "direction": "IN_OUT",
                "disabled": false,
                "display_name": "wld09-Web Server to DNS [UDP-53]",
                "ip_version": "IPV4_IPV6",
                "log_label": "",
                "logged": true,
                "notes": "",
                "nsx_id": "714d5c82-8744-4516-9823-20bdb1694324",
                "profiles": null,
                "revision": 0,
                "rule_id": 7222,
                "scope": null,
                "sequence_number": 6,
                "services": [
                  "/infra/services/d5b94008-3cb2-40f0-a4b2-8f8fa4f123bf"
                ],
                "source_groups": [
                  "/infra/domains/default/groups/0701485d-883a-4346-b24c-1a22338a38ec"
                ],
                "sources_excluded": false,
                "tag": []
              },
              {
                "action": "ALLOW",
                "description": "Allow communication from wld09-Web Server to wld09-Application Server on TCP port 8443",
                "destination_groups": [
                  "/infra/domains/default/groups/5292cb1e-f072-4c12-9c40-32a6eb7e85d5"
                ],
                "destinations_excluded": false,
                "direction": "IN_OUT",
                "disabled": false,
                "display_name": "wld09-Web Server to wld09-Application Server [TCP-8443]",
                "ip_version": "IPV4_IPV6",
                "log_label": "",
                "logged": true,
                "notes": "",
                "nsx_id": "83b1c094-e025-4704-a3ca-8b070647dea8",
                "profiles": null,
                "revision": 0,
                "rule_id": 7223,
                "scope": null,
                "sequence_number": 7,
                "services": [
                  "/infra/services/e2c98b4e-5a55-4eae-aa54-56aa8c1aa5c4"
                ],
                "source_groups": [
                  "/infra/domains/default/groups/0701485d-883a-4346-b24c-1a22338a38ec"
                ],
                "sources_excluded": false,
                "tag": []
              },
              {
                "action": "DROP",
                "description": "Deny all other traffic between applications",
                "destination_groups": null,
                "destinations_excluded": false,
                "direction": "IN_OUT",
                "disabled": false,
                "display_name": "Deny All Other Application Traffic",
                "ip_version": "IPV4_IPV6",
                "log_label": "",
                "logged": true,
                "notes": "",
                "nsx_id": "fb6f046a-a0e6-4e9e-955c-967f91d6f914",
                "profiles": null,
                "revision": 0,
                "rule_id": 7224,
                "scope": null,
                "sequence_number": 8,
                "services": null,
                "source_groups": null,
                "sources_excluded": false,
                "tag": []
              }
            ],
            "scope": null,
            "sequence_number": 8,
            "stateful": true,
            "tag": [],
            "tcp_strict": false
          },
          "sensitive_attributes": [],
          "private": "bnVsbA==",
          "dependencies": [
            "nsxt_policy_group.app_groups",
            "nsxt_policy_group.environment_groups",
            "nsxt_policy_group.external_groups",
            "nsxt_policy_service.services"
          ],
          "create_before_destroy": true
        }
      ]
    },
    {
      "mode": "managed",
      "type": "nsxt_policy_security_policy",
      "name": "environment_isolation",
      "provider": "provider[\"registry.terraform.io/vmware/nsxt\"]",
      "instances": [
        {
          "schema_version": 0,
          "attributes": {
            "category": "Environment",
            "comments": "",
            "context": [],
            "description": "Security policy to isolate environments based on allowed_communications",
            "display_name": "Environment Isolation Policy",
            "domain": "default",
            "id": "834b0291-fdf1-4989-a62a-a0a39064c8d9",
            "locked": false,
            "nsx_id": "834b0291-fdf1-4989-a62a-a0a39064c8d9",
            "path": "/infra/domains/default/security-policies/834b0291-fdf1-4989-a62a-a0a39064c8d9",
            "revision": 1,
            "rule": [
              {
                "action": "ALLOW",
                "description": "Allow communication from Production to Test as specified in allowed_communications",
                "destination_groups": [
                  "/infra/domains/default/groups/5225b26b-2856-49b9-85e4-ed54818f3c1f"
                ],
                "destinations_excluded": false,
                "direction": "IN_OUT",
                "disabled": false,
                "display_name": "Allow Production to Test",
                "ip_version": "IPV4_IPV6",
                "log_label": "",
                "logged": true,
                "notes": "",
                "nsx_id": "b9596c10-f967-4287-8338-6da0759b1364",
                "profiles": null,
                "revision": 0,
                "rule_id": 7213,
                "scope": null,
                "sequence_number": 1,
                "services": null,
                "source_groups": [
                  "/infra/domains/default/groups/3b5adddf-97a8-4bbd-a35e-a28fa9e585cc"
                ],
                "sources_excluded": false,
                "tag": []
              },
              {
                "action": "ALLOW",
                "description": "Allow communication from Test to Production as specified in allowed_communications",
                "destination_groups": [
                  "/infra/domains/default/groups/3b5adddf-97a8-4bbd-a35e-a28fa9e585cc"
                ],
                "destinations_excluded": false,
                "direction": "IN_OUT",
                "disabled": false,
                "display_name": "Allow Test to Production",
                "ip_version": "IPV4_IPV6",
                "log_label": "",
                "logged": true,
                "notes": "",
                "nsx_id": "991bc775-c794-4af7-a73c-b68ebf712305",
                "profiles": null,
                "revision": 0,
                "rule_id": 7214,
                "scope": null,
                "sequence_number": 2,
                "services": null,
                "source_groups": [
                  "/infra/domains/default/groups/5225b26b-2856-49b9-85e4-ed54818f3c1f"
                ],
                "sources_excluded": false,
                "tag": []
              },
              {
                "action": "DROP",
                "description": "Block communication from Production to environments not in its allowed list",
                "destination_groups": null,
                "destinations_excluded": false,
                "direction": "IN_OUT",
                "disabled": false,
                "display_name": "Block Production to unauthorized environments",
                "ip_version": "IPV4_IPV6",
                "log_label": "",
                "logged": true,
                "notes": "",
                "nsx_id": "0dfa0475-bfe4-4dda-a760-1e4803749471",
                "profiles": null,
                "revision": 0,
                "rule_id": 7215,
                "scope": null,
                "sequence_number": 3,
                "services": null,
                "source_groups": [
                  "/infra/domains/default/groups/3b5adddf-97a8-4bbd-a35e-a28fa9e585cc"
                ],
                "sources_excluded": false,
                "tag": []
              },
              {
                "action": "DROP",
                "description": "Block communication from Test to environments not in its allowed list",
                "destination_groups": null,
                "destinations_excluded": false,
                "direction": "IN_OUT",
                "disabled": false,
                "display_name": "Block Test to unauthorized environments",
                "ip_version": "IPV4_IPV6",
                "log_label": "",
                "logged": true,
                "notes": "",
                "nsx_id": "b981ea8e-1ef8-4775-9aac-73e8d3ee909e",
                "profiles": null,
                "revision": 0,
                "rule_id": 7216,
                "scope": null,
                "sequence_number": 4,
                "services": null,
                "source_groups": [
                  "/infra/domains/default/groups/5225b26b-2856-49b9-85e4-ed54818f3c1f"
                ],
                "sources_excluded": false,
                "tag": []
              }
            ],
            "scope": null,
            "sequence_number": 10,
            "stateful": true,
            "tag": [],
            "tcp_strict": false
          },
          "sensitive_attributes": [],
          "private": "bnVsbA==",
          "dependencies": [
            "nsxt_policy_group.environment_groups"
          ],
          "create_before_destroy": true
        }
      ]
    },
    {
      "mode": "managed",
      "type": "nsxt_policy_service",
      "name": "services",
      "provider": "provider[\"registry.terraform.io/vmware/nsxt\"]",
      "instances": [
        {
          "index_key": "TCP-22",
          "schema_version": 0,
          "attributes": {
            "algorithm_entry": [],
            "context": [],
            "description": "Service for TCP port 22",
            "display_name": "TCP-22",
            "ether_type_entry": [],
            "icmp_entry": [],
            "id": "014f38a6-9475-49b4-9e1e-2a3911c21ce6",
            "igmp_entry": [],
            "ip_protocol_entry": [],
            "l4_port_set_entry": [
              {
                "description": "",
                "destination_ports": [
                  "22"
                ],
                "display_name": "TCP-22",
                "protocol": "TCP",
                "source_ports": []
              }
            ],
            "nested_service_entry": [],
            "nsx_id": "014f38a6-9475-49b4-9e1e-2a3911c21ce6",
            "path": "/infra/services/014f38a6-9475-49b4-9e1e-2a3911c21ce6",
            "revision": 0,
            "tag": []
          },
          "sensitive_attributes": [],
          "private": "bnVsbA==",
          "create_before_destroy": true
        },
        {
          "index_key": "TCP-3306",
          "schema_version": 0,
          "attributes": {
            "algorithm_entry": [],
            "context": [],
            "description": "Service for TCP port 3306",
            "display_name": "TCP-3306",
            "ether_type_entry": [],
            "icmp_entry": [],
            "id": "90c1985a-7ff6-4b32-a8a6-9df714976c5d",
            "igmp_entry": [],
            "ip_protocol_entry": [],
            "l4_port_set_entry": [
              {
                "description": "",
                "destination_ports": [
                  "3306"
                ],
                "display_name": "TCP-3306",
                "protocol": "TCP",
                "source_ports": []
              }
            ],
            "nested_service_entry": [],
            "nsx_id": "90c1985a-7ff6-4b32-a8a6-9df714976c5d",
            "path": "/infra/services/90c1985a-7ff6-4b32-a8a6-9df714976c5d",
            "revision": 0,
            "tag": []
          },
          "sensitive_attributes": [],
          "private": "bnVsbA==",
          "create_before_destroy": true
        },
        {
          "index_key": "TCP-443",
          "schema_version": 0,
          "attributes": {
            "algorithm_entry": [],
            "context": [],
            "description": "Service for TCP port 443",
            "display_name": "TCP-443",
            "ether_type_entry": [],
            "icmp_entry": [],
            "id": "8fddd19b-61bc-409f-add5-367533daafea",
            "igmp_entry": [],
            "ip_protocol_entry": [],
            "l4_port_set_entry": [
              {
                "description": "",
                "destination_ports": [
                  "443"
                ],
                "display_name": "TCP-443",
                "protocol": "TCP",
                "source_ports": []
              }
            ],
            "nested_service_entry": [],
            "nsx_id": "8fddd19b-61bc-409f-add5-367533daafea",
            "path": "/infra/services/8fddd19b-61bc-409f-add5-367533daafea",
            "revision": 0,
            "tag": []
          },
          "sensitive_attributes": [],
          "private": "bnVsbA==",
          "create_before_destroy": true
        },
        {
          "index_key": "TCP-8443",
          "schema_version": 0,
          "attributes": {
            "algorithm_entry": [],
            "context": [],
            "description": "Service for TCP port 8443",
            "display_name": "TCP-8443",
            "ether_type_entry": [],
            "icmp_entry": [],
            "id": "e2c98b4e-5a55-4eae-aa54-56aa8c1aa5c4",
            "igmp_entry": [],
            "ip_protocol_entry": [],
            "l4_port_set_entry": [
              {
                "description": "",
                "destination_ports": [
                  "8443"
                ],
                "display_name": "TCP-8443",
                "protocol": "TCP",
                "source_ports": []
              }
            ],
            "nested_service_entry": [],
            "nsx_id": "e2c98b4e-5a55-4eae-aa54-56aa8c1aa5c4",
            "path": "/infra/services/e2c98b4e-5a55-4eae-aa54-56aa8c1aa5c4",
            "revision": 0,
            "tag": []
          },
          "sensitive_attributes": [],
          "private": "bnVsbA==",
          "create_before_destroy": true
        },
        {
          "index_key": "UDP-53",
          "schema_version": 0,
          "attributes": {
            "algorithm_entry": [],
            "context": [],
            "description": "Service for UDP port 53",
            "display_name": "UDP-53",
            "ether_type_entry": [],
            "icmp_entry": [],
            "id": "d5b94008-3cb2-40f0-a4b2-8f8fa4f123bf",
            "igmp_entry": [],
            "ip_protocol_entry": [],
            "l4_port_set_entry": [
              {
                "description": "",
                "destination_ports": [
                  "53"
                ],
                "display_name": "UDP-53",
                "protocol": "UDP",
                "source_ports": []
              }
            ],
            "nested_service_entry": [],
            "nsx_id": "d5b94008-3cb2-40f0-a4b2-8f8fa4f123bf",
            "path": "/infra/services/d5b94008-3cb2-40f0-a4b2-8f8fa4f123bf",
            "revision": 0,
            "tag": []
          },
          "sensitive_attributes": [],
          "private": "bnVsbA==",
          "create_before_destroy": true
        }
      ]
    },
    {
      "mode": "managed",
      "type": "nsxt_policy_vm_tags",
      "name": "vm_tags",
      "provider": "provider[\"registry.terraform.io/vmware/nsxt\"]",
      "instances": [
        {
          "index_key": "p-app-01a",
          "schema_version": 0,
          "attributes": {
            "context": [],
            "id": "500e66ad-6efc-e7fe-6ba3-74d45c3eb94f",
            "instance_id": "500e66ad-6efc-e7fe-6ba3-74d45c3eb94f",
            "port": [],
            "tag": [
              {
                "scope": "application",
                "tag": "wld09-Application Server"
              },
              {
                "scope": "environment",
                "tag": "Production"
              }
            ]
          },
          "sensitive_attributes": [],
          "private": "bnVsbA==",
          "dependencies": [
            "data.nsxt_policy_vm.vms"
          ],
          "create_before_destroy": true
        },
        {
          "index_key": "p-db-01a",
          "schema_version": 0,
          "attributes": {
            "context": [],
            "id": "500eb8ab-1d7d-8803-906e-b540fdcf7f6f",
            "instance_id": "500eb8ab-1d7d-8803-906e-b540fdcf7f6f",
            "port": [],
            "tag": [
              {
                "scope": "application",
                "tag": "wld09-Database Server"
              },
              {
                "scope": "environment",
                "tag": "Production"
              }
            ]
          },
          "sensitive_attributes": [],
          "private": "bnVsbA==",
          "dependencies": [
            "data.nsxt_policy_vm.vms"
          ],
          "create_before_destroy": true
        },
        {
          "index_key": "p-web-01a",
          "schema_version": 0,
          "attributes": {
            "context": [],
            "id": "500eedf5-5f28-eed1-6a09-0f558d46ad41",
            "instance_id": "500eedf5-5f28-eed1-6a09-0f558d46ad41",
            "port": [],
            "tag": [
              {
                "scope": "application",
                "tag": "wld09-Web Server"
              },
              {
                "scope": "environment",
                "tag": "Production"
              }
            ]
          },
          "sensitive_attributes": [],
          "private": "bnVsbA==",
          "dependencies": [
            "data.nsxt_policy_vm.vms"
          ],
          "create_before_destroy": true
        },
        {
          "index_key": "p-web-02a",
          "schema_version": 0,
          "attributes": {
            "context": [],
            "id": "500e4b09-2edf-482e-149b-978b60215a45",
            "instance_id": "500e4b09-2edf-482e-149b-978b60215a45",
            "port": [],
            "tag": [
              {
                "scope": "application",
                "tag": "wld09-Web Server"
              },
              {
                "scope": "environment",
                "tag": "Production"
              }
            ]
          },
          "sensitive_attributes": [],
          "private": "bnVsbA==",
          "dependencies": [
            "data.nsxt_policy_vm.vms"
          ],
          "create_before_destroy": true
        },
        {
          "index_key": "p-web-03a",
          "schema_version": 0,
          "attributes": {
            "context": [],
            "id": "500e169f-7231-266a-4c3d-fbd4ddaf246b",
            "instance_id": "500e169f-7231-266a-4c3d-fbd4ddaf246b",
            "port": [],
            "tag": [
              {
                "scope": "application",
                "tag": "wld09-Web Server"
              },
              {
                "scope": "environment",
                "tag": "Production"
              }
            ]
          },
          "sensitive_attributes": [],
          "private": "bnVsbA==",
          "dependencies": [
            "data.nsxt_policy_vm.vms"
          ],
          "create_before_destroy": true
        },
        {
          "index_key": "t-app-01a",
          "schema_version": 0,
          "attributes": {
            "context": [],
            "id": "500e1a06-0bb7-5aa2-230c-73642a3e23c1",
            "instance_id": "500e1a06-0bb7-5aa2-230c-73642a3e23c1",
            "port": [],
            "tag": [
              {
                "scope": "application",
                "tag": "wld09-Application Server"
              },
              {
                "scope": "environment",
                "tag": "Test"
              }
            ]
          },
          "sensitive_attributes": [],
          "private": "bnVsbA==",
          "dependencies": [
            "data.nsxt_policy_vm.vms"
          ],
          "create_before_destroy": true
        },
        {
          "index_key": "t-db-01a",
          "schema_version": 0,
          "attributes": {
            "context": [],
            "id": "500eaab6-b602-787e-fdde-70c3ee2f655a",
            "instance_id": "500eaab6-b602-787e-fdde-70c3ee2f655a",
            "port": [],
            "tag": [
              {
                "scope": "application",
                "tag": "wld09-Database Server"
              },
              {
                "scope": "environment",
                "tag": "Test"
              }
            ]
          },
          "sensitive_attributes": [],
          "private": "bnVsbA==",
          "dependencies": [
            "data.nsxt_policy_vm.vms"
          ],
          "create_before_destroy": true
        },
        {
          "index_key": "t-web-01a",
          "schema_version": 0,
          "attributes": {
            "context": [],
            "id": "500ea1c4-d4ce-5ff0-eec5-deaa96bcf00e",
            "instance_id": "500ea1c4-d4ce-5ff0-eec5-deaa96bcf00e",
            "port": [],
            "tag": [
              {
                "scope": "application",
                "tag": "wld09-Web Server"
              },
              {
                "scope": "environment",
                "tag": "Test"
              }
            ]
          },
          "sensitive_attributes": [],
          "private": "bnVsbA==",
          "dependencies": [
            "data.nsxt_policy_vm.vms"
          ],
          "create_before_destroy": true
        },
        {
          "index_key": "t-web-02a",
          "schema_version": 0,
          "attributes": {
            "context": [],
            "id": "500ebfe0-9f49-a1c6-d5d3-bc0c6a42fc91",
            "instance_id": "500ebfe0-9f49-a1c6-d5d3-bc0c6a42fc91",
            "port": [],
            "tag": [
              {
                "scope": "application",
                "tag": "wld09-Web Server"
              },
              {
                "scope": "environment",
                "tag": "Test"
              }
            ]
          },
          "sensitive_attributes": [],
          "private": "bnVsbA==",
          "dependencies": [
            "data.nsxt_policy_vm.vms"
          ],
          "create_before_destroy": true
        },
        {
          "index_key": "t-web-03a",
          "schema_version": 0,
          "attributes": {
            "context": [],
            "id": "500e4809-32b4-cbb5-bece-e59d5dc1e4aa",
            "instance_id": "500e4809-32b4-cbb5-bece-e59d5dc1e4aa",
            "port": [],
            "tag": [
              {
                "scope": "application",
                "tag": "wld09-Web Server"
              },
              {
                "scope": "environment",
                "tag": "Test"
              }
            ]
          },
          "sensitive_attributes": [],
          "private": "bnVsbA==",
          "dependencies": [
            "data.nsxt_policy_vm.vms"
          ],
          "create_before_destroy": true
        }
      ]
    }
  ],
  "check_results": null
}
