{
  "version": 4,
  "terraform_version": "1.11.4",
  "serial": 987,
  "lineage": "f4c691af-fa3a-9a1e-f47d-9c77392ec1db",
  "outputs": {
    "application_groups_created": {
      "value": [
        "app-wld09-Application Server",
        "app-wld09-Database Server",
        "app-wld09-Web Server"
      ],
      "type": [
        "tuple",
        [
          "string",
          "string",
          "string"
        ]
      ]
    },
    "application_policies_created": {
      "value": [
        "Application Security Policy"
      ],
      "type": [
        "tuple",
        [
          "string"
        ]
      ]
    },
    "application_tags": {
      "value": [
        "wld09-Application Server",
        "wld09-Database Server",
        "wld09-Web Server"
      ],
      "type": [
        "list",
        "string"
      ]
    },
    "environment_groups_created": {
      "value": [
        "env-Production",
        "env-Test"
      ],
      "type": [
        "tuple",
        [
          "string",
          "string"
        ]
      ]
    },
    "environment_tags": {
      "value": [
        "Production",
        "Test"
      ],
      "type": [
        "list",
        "string"
      ]
    },
    "vm_count": {
      "value": 10,
      "type": "number"
    }
  },
  "resources": [
    {
      "mode": "data",
      "type": "nsxt_policy_vm",
      "name": "vms",
      "provider": "provider[\"registry.terraform.io/vmware/nsxt\"]",
      "instances": [
        {
          "index_key": "p-app-01a",
          "schema_version": 0,
          "attributes": {
            "bios_id": "420ed69b-758d-155e-63d7-1aa278448f8e",
            "context": null,
            "description": "",
            "display_name": "p-app-01a",
            "external_id": "500e66ad-6efc-e7fe-6ba3-74d45c3eb94f",
            "id": "500e66ad-6efc-e7fe-6ba3-74d45c3eb94f",
            "instance_id": "500e66ad-6efc-e7fe-6ba3-74d45c3eb94f"
          },
          "sensitive_attributes": []
        },
        {
          "index_key": "p-db-01a",
          "schema_version": 0,
          "attributes": {
            "bios_id": "420e40f9-3ff4-ffdd-bdb5-0233b4f0493f",
            "context": null,
            "description": "",
            "display_name": "p-db-01a",
            "external_id": "500eb8ab-1d7d-8803-906e-b540fdcf7f6f",
            "id": "500eb8ab-1d7d-8803-906e-b540fdcf7f6f",
            "instance_id": "500eb8ab-1d7d-8803-906e-b540fdcf7f6f"
          },
          "sensitive_attributes": []
        },
        {
          "index_key": "p-web-01a",
          "schema_version": 0,
          "attributes": {
            "bios_id": "420e446e-cf67-8086-932a-bbebf4f9537e",
            "context": null,
            "description": "",
            "display_name": "p-web-01a",
            "external_id": "500eedf5-5f28-eed1-6a09-0f558d46ad41",
            "id": "500eedf5-5f28-eed1-6a09-0f558d46ad41",
            "instance_id": "500eedf5-5f28-eed1-6a09-0f558d46ad41"
          },
          "sensitive_attributes": []
        },
        {
          "index_key": "p-web-02a",
          "schema_version": 0,
          "attributes": {
            "bios_id": "420e0373-2d68-d850-c333-c9a5b68a9cd0",
            "context": null,
            "description": "",
            "display_name": "p-web-02a",
            "external_id": "500e4b09-2edf-482e-149b-978b60215a45",
            "id": "500e4b09-2edf-482e-149b-978b60215a45",
            "instance_id": "500e4b09-2edf-482e-149b-978b60215a45"
          },
          "sensitive_attributes": []
        },
        {
          "index_key": "p-web-03a",
          "schema_version": 0,
          "attributes": {
            "bios_id": "420ee229-5d04-f4a0-9a68-4531951a77c1",
            "context": null,
            "description": "",
            "display_name": "p-web-03a",
            "external_id": "500e169f-7231-266a-4c3d-fbd4ddaf246b",
            "id": "500e169f-7231-266a-4c3d-fbd4ddaf246b",
            "instance_id": "500e169f-7231-266a-4c3d-fbd4ddaf246b"
          },
          "sensitive_attributes": []
        },
        {
          "index_key": "t-app-01a",
          "schema_version": 0,
          "attributes": {
            "bios_id": "420ec69b-f0eb-f021-e76a-1ba3f8f3f229",
            "context": null,
            "description": "",
            "display_name": "t-app-01a",
            "external_id": "500e1a06-0bb7-5aa2-230c-73642a3e23c1",
            "id": "500e1a06-0bb7-5aa2-230c-73642a3e23c1",
            "instance_id": "500e1a06-0bb7-5aa2-230c-73642a3e23c1"
          },
          "sensitive_attributes": []
        },
        {
          "index_key": "t-db-01a",
          "schema_version": 0,
          "attributes": {
            "bios_id": "420ee52b-28dc-83eb-4b9a-38b8c52f5acd",
            "context": null,
            "description": "",
            "display_name": "t-db-01a",
            "external_id": "500eaab6-b602-787e-fdde-70c3ee2f655a",
            "id": "500eaab6-b602-787e-fdde-70c3ee2f655a",
            "instance_id": "500eaab6-b602-787e-fdde-70c3ee2f655a"
          },
          "sensitive_attributes": []
        },
        {
          "index_key": "t-web-01a",
          "schema_version": 0,
          "attributes": {
            "bios_id": "420e1dbc-a4d5-1ce2-c6dc-703bfeea8d16",
            "context": null,
            "description": "",
            "display_name": "t-web-01a",
            "external_id": "500ea1c4-d4ce-5ff0-eec5-deaa96bcf00e",
            "id": "500ea1c4-d4ce-5ff0-eec5-deaa96bcf00e",
            "instance_id": "500ea1c4-d4ce-5ff0-eec5-deaa96bcf00e"
          },
          "sensitive_attributes": []
        },
        {
          "index_key": "t-web-02a",
          "schema_version": 0,
          "attributes": {
            "bios_id": "420ed273-30b9-6979-6784-c7f94f425260",
            "context": null,
            "description": "",
            "display_name": "t-web-02a",
            "external_id": "500ebfe0-9f49-a1c6-d5d3-bc0c6a42fc91",
            "id": "500ebfe0-9f49-a1c6-d5d3-bc0c6a42fc91",
            "instance_id": "500ebfe0-9f49-a1c6-d5d3-bc0c6a42fc91"
          },
          "sensitive_attributes": []
        },
        {
          "index_key": "t-web-03a",
          "schema_version": 0,
          "attributes": {
            "bios_id": "420e9c03-8ab0-6020-c7ff-ef4f8e691da9",
            "context": null,
            "description": "",
            "display_name": "t-web-03a",
            "external_id": "500e4809-32b4-cbb5-bece-e59d5dc1e4aa",
            "id": "500e4809-32b4-cbb5-bece-e59d5dc1e4aa",
            "instance_id": "500e4809-32b4-cbb5-bece-e59d5dc1e4aa"
          },
          "sensitive_attributes": []
        }
      ]
    },
    {
      "mode": "managed",
      "type": "nsxt_policy_group",
      "name": "app_groups",
      "provider": "provider[\"registry.terraform.io/vmware/nsxt\"]",
      "instances": [
        {
          "index_key": "wld09-Application Server",
          "schema_version": 0,
          "attributes": {
            "conjunction": [],
            "context": [],
            "criteria": [
              {
                "condition": [
                  {
                    "key": "Tag",
                    "member_type": "VirtualMachine",
                    "operator": "EQUALS",
                    "value": "wld09-Application Server"
                  }
                ],
                "external_id_expression": [],
                "ipaddress_expression": [],
                "macaddress_expression": [],
                "path_expression": []
              }
            ],
            "description": "Group for wld09 Application Server application",
            "display_name": "app-wld09-Application Server",
            "domain": "default",
            "extended_criteria": [],
            "group_type": null,
            "id": "24db08bd-335a-45f4-8f71-7667a80f69d2",
            "nsx_id": "24db08bd-335a-45f4-8f71-7667a80f69d2",
            "path": "/infra/domains/default/groups/24db08bd-335a-45f4-8f71-7667a80f69d2",
            "revision": 0,
            "tag": []
          },
          "sensitive_attributes": [],
          "private": "bnVsbA==",
          "create_before_destroy": true
        },
        {
          "index_key": "wld09-Database Server",
          "schema_version": 0,
          "attributes": {
            "conjunction": [],
            "context": [],
            "criteria": [
              {
                "condition": [
                  {
                    "key": "Tag",
                    "member_type": "VirtualMachine",
                    "operator": "EQUALS",
                    "value": "wld09-Database Server"
                  }
                ],
                "external_id_expression": [],
                "ipaddress_expression": [],
                "macaddress_expression": [],
                "path_expression": []
              }
            ],
            "description": "Group for wld09 Database Server application",
            "display_name": "app-wld09-Database Server",
            "domain": "default",
            "extended_criteria": [],
            "group_type": null,
            "id": "3cf26429-8a5d-41be-ab0e-e8fde00d8f7d",
            "nsx_id": "3cf26429-8a5d-41be-ab0e-e8fde00d8f7d",
            "path": "/infra/domains/default/groups/3cf26429-8a5d-41be-ab0e-e8fde00d8f7d",
            "revision": 0,
            "tag": []
          },
          "sensitive_attributes": [],
          "private": "bnVsbA==",
          "create_before_destroy": true
        },
        {
          "index_key": "wld09-Web Server",
          "schema_version": 0,
          "attributes": {
            "conjunction": [],
            "context": [],
            "criteria": [
              {
                "condition": [
                  {
                    "key": "Tag",
                    "member_type": "VirtualMachine",
                    "operator": "EQUALS",
                    "value": "wld09-Web Server"
                  }
                ],
                "external_id_expression": [],
                "ipaddress_expression": [],
                "macaddress_expression": [],
                "path_expression": []
              }
            ],
            "description": "Group for wld09 Web Server application",
            "display_name": "app-wld09-Web Server",
            "domain": "default",
            "extended_criteria": [],
            "group_type": null,
            "id": "3f762bc3-2bd8-4730-9187-55cfa6dfc810",
            "nsx_id": "3f762bc3-2bd8-4730-9187-55cfa6dfc810",
            "path": "/infra/domains/default/groups/3f762bc3-2bd8-4730-9187-55cfa6dfc810",
            "revision": 0,
            "tag": []
          },
          "sensitive_attributes": [],
          "private": "bnVsbA==",
          "create_before_destroy": true
        }
      ]
    },
    {
      "mode": "managed",
      "type": "nsxt_policy_group",
      "name": "environment_groups",
      "provider": "provider[\"registry.terraform.io/vmware/nsxt\"]",
      "instances": [
        {
          "index_key": "Production",
          "schema_version": 0,
          "attributes": {
            "conjunction": [],
            "context": [],
            "criteria": [
              {
                "condition": [
                  {
                    "key": "Tag",
                    "member_type": "VirtualMachine",
                    "operator": "EQUALS",
                    "value": "Production"
                  }
                ],
                "external_id_expression": [],
                "ipaddress_expression": [],
                "macaddress_expression": [],
                "path_expression": []
              }
            ],
            "description": "Group for Production environment",
            "display_name": "env-Production",
            "domain": "default",
            "extended_criteria": [],
            "group_type": null,
            "id": "1ef7c681-71ca-4a12-9745-ffccd7e0ba6e",
            "nsx_id": "1ef7c681-71ca-4a12-9745-ffccd7e0ba6e",
            "path": "/infra/domains/default/groups/1ef7c681-71ca-4a12-9745-ffccd7e0ba6e",
            "revision": 0,
            "tag": []
          },
          "sensitive_attributes": [],
          "private": "bnVsbA==",
          "create_before_destroy": true
        },
        {
          "index_key": "Test",
          "schema_version": 0,
          "attributes": {
            "conjunction": [],
            "context": [],
            "criteria": [
              {
                "condition": [
                  {
                    "key": "Tag",
                    "member_type": "VirtualMachine",
                    "operator": "EQUALS",
                    "value": "Test"
                  }
                ],
                "external_id_expression": [],
                "ipaddress_expression": [],
                "macaddress_expression": [],
                "path_expression": []
              }
            ],
            "description": "Group for Test environment",
            "display_name": "env-Test",
            "domain": "default",
            "extended_criteria": [],
            "group_type": null,
            "id": "701dd007-99f7-44fe-9d2f-9eac7f92a33b",
            "nsx_id": "701dd007-99f7-44fe-9d2f-9eac7f92a33b",
            "path": "/infra/domains/default/groups/701dd007-99f7-44fe-9d2f-9eac7f92a33b",
            "revision": 0,
            "tag": []
          },
          "sensitive_attributes": [],
          "private": "bnVsbA==",
          "create_before_destroy": true
        }
      ]
    },
    {
      "mode": "managed",
      "type": "nsxt_policy_security_policy",
      "name": "application_policy",
      "provider": "provider[\"registry.terraform.io/vmware/nsxt\"]",
      "instances": [
        {
          "schema_version": 0,
          "attributes": {
            "category": "Application",
            "comments": "",
            "context": [],
            "description": "Security policy for all applications",
            "display_name": "Application Security Policy",
            "domain": "default",
            "id": "d14d3843-3af4-4ff6-8d10-c6fee43e23ef",
            "locked": false,
            "nsx_id": "d14d3843-3af4-4ff6-8d10-c6fee43e23ef",
            "path": "/infra/domains/default/security-policies/d14d3843-3af4-4ff6-8d10-c6fee43e23ef",
            "revision": 1,
            "rule": [
              {
                "action": "ALLOW",
                "description": "Allow communication from External to External on UDP port 123",
                "destination_groups": [
                  "/infra/domains/default/groups/1ef7c681-71ca-4a12-9745-ffccd7e0ba6e"
                ],
                "destinations_excluded": false,
                "direction": "IN_OUT",
                "disabled": false,
                "display_name": "External to External [UDP-123]",
                "ip_version": "IPV4_IPV6",
                "log_label": "",
                "logged": true,
                "notes": "",
                "nsx_id": "45afc05e-1fed-41a0-afac-58f50190c7ac",
                "profiles": null,
                "revision": 0,
                "rule_id": 6180,
                "scope": null,
                "sequence_number": 1,
                "services": [
                  "/infra/services/014da6aa-5db1-4055-95cd-cc83f15df694"
                ],
                "source_groups": [
                  "/infra/domains/default/groups/1ef7c681-71ca-4a12-9745-ffccd7e0ba6e"
                ],
                "sources_excluded": false,
                "tag": []
              },
              {
                "action": "ALLOW",
                "description": "Allow communication from External to External on UDP port 53",
                "destination_groups": [
                  "/infra/domains/default/groups/1ef7c681-71ca-4a12-9745-ffccd7e0ba6e"
                ],
                "destinations_excluded": false,
                "direction": "IN_OUT",
                "disabled": false,
                "display_name": "External to External [UDP-53]",
                "ip_version": "IPV4_IPV6",
                "log_label": "",
                "logged": true,
                "notes": "",
                "nsx_id": "d159343a-4c1b-477d-82b1-5ba59cdbf471",
                "profiles": null,
                "revision": 0,
                "rule_id": 6183,
                "scope": null,
                "sequence_number": 2,
                "services": [
                  "/infra/services/8e185bb4-8dc7-4185-9014-2eace096e333"
                ],
                "source_groups": [
                  "/infra/domains/default/groups/1ef7c681-71ca-4a12-9745-ffccd7e0ba6e"
                ],
                "sources_excluded": false,
                "tag": []
              },
              {
                "action": "ALLOW",
                "description": "Allow communication from External to wld09-Application Server on TCP port 22",
                "destination_groups": [
                  "/infra/domains/default/groups/24db08bd-335a-45f4-8f71-7667a80f69d2"
                ],
                "destinations_excluded": false,
                "direction": "IN_OUT",
                "disabled": false,
                "display_name": "External to wld09-Application Server [TCP-22]",
                "ip_version": "IPV4_IPV6",
                "log_label": "",
                "logged": true,
                "notes": "",
                "nsx_id": "e303bad0-d5d6-4f25-a5ad-99b271d799ee",
                "profiles": null,
                "revision": 0,
                "rule_id": 6184,
                "scope": null,
                "sequence_number": 3,
                "services": [
                  "/infra/services/eca7c9db-d414-469c-8c9b-41ccf0bb8346"
                ],
                "source_groups": [
                  "/infra/domains/default/groups/1ef7c681-71ca-4a12-9745-ffccd7e0ba6e"
                ],
                "sources_excluded": false,
                "tag": []
              },
              {
                "action": "ALLOW",
                "description": "Allow communication from External to wld09-Application Server on UDP port 50000-59999",
                "destination_groups": [
                  "/infra/domains/default/groups/24db08bd-335a-45f4-8f71-7667a80f69d2"
                ],
                "destinations_excluded": false,
                "direction": "IN_OUT",
                "disabled": false,
                "display_name": "External to wld09-Application Server [UDP-50000-59999]",
                "ip_version": "IPV4_IPV6",
                "log_label": "",
                "logged": true,
                "notes": "",
                "nsx_id": "20274ec0-ffbf-4df1-ae2a-6082bb499d56",
                "profiles": null,
                "revision": 0,
                "rule_id": 6185,
                "scope": null,
                "sequence_number": 4,
                "services": [
                  "/infra/services/2a05c5ed-3fcf-49b9-8a9a-97d6df017498"
                ],
                "source_groups": [
                  "/infra/domains/default/groups/1ef7c681-71ca-4a12-9745-ffccd7e0ba6e"
                ],
                "sources_excluded": false,
                "tag": []
              },
              {
                "action": "ALLOW",
                "description": "Allow communication from External to wld09-Database Server on TCP port 22",
                "destination_groups": [
                  "/infra/domains/default/groups/3cf26429-8a5d-41be-ab0e-e8fde00d8f7d"
                ],
                "destinations_excluded": false,
                "direction": "IN_OUT",
                "disabled": false,
                "display_name": "External to wld09-Database Server [TCP-22]",
                "ip_version": "IPV4_IPV6",
                "log_label": "",
                "logged": true,
                "notes": "",
                "nsx_id": "76fd0813-4d6d-4106-b78c-3b5f4429852e",
                "profiles": null,
                "revision": 0,
                "rule_id": 6186,
                "scope": null,
                "sequence_number": 5,
                "services": [
                  "/infra/services/eca7c9db-d414-469c-8c9b-41ccf0bb8346"
                ],
                "source_groups": [
                  "/infra/domains/default/groups/1ef7c681-71ca-4a12-9745-ffccd7e0ba6e"
                ],
                "sources_excluded": false,
                "tag": []
              },
              {
                "action": "ALLOW",
                "description": "Allow communication from External to wld09-Database Server on UDP port 30000-39999",
                "destination_groups": [
                  "/infra/domains/default/groups/3cf26429-8a5d-41be-ab0e-e8fde00d8f7d"
                ],
                "destinations_excluded": false,
                "direction": "IN_OUT",
                "disabled": false,
                "display_name": "External to wld09-Database Server [UDP-30000-39999]",
                "ip_version": "IPV4_IPV6",
                "log_label": "",
                "logged": true,
                "notes": "",
                "nsx_id": "c8441325-5704-4d57-af90-a17a8380e27b",
                "profiles": null,
                "revision": 0,
                "rule_id": 6187,
                "scope": null,
                "sequence_number": 6,
                "services": [
                  "/infra/services/500e0c1a-1119-4371-8f76-55af530609b1"
                ],
                "source_groups": [
                  "/infra/domains/default/groups/1ef7c681-71ca-4a12-9745-ffccd7e0ba6e"
                ],
                "sources_excluded": false,
                "tag": []
              },
              {
                "action": "ALLOW",
                "description": "Allow communication from External to wld09-Database Server on UDP port 50000-59999",
                "destination_groups": [
                  "/infra/domains/default/groups/3cf26429-8a5d-41be-ab0e-e8fde00d8f7d"
                ],
                "destinations_excluded": false,
                "direction": "IN_OUT",
                "disabled": false,
                "display_name": "External to wld09-Database Server [UDP-50000-59999]",
                "ip_version": "IPV4_IPV6",
                "log_label": "",
                "logged": true,
                "notes": "",
                "nsx_id": "741d1d77-b34f-44b6-b8f5-7459b83021e6",
                "profiles": null,
                "revision": 0,
                "rule_id": 6188,
                "scope": null,
                "sequence_number": 7,
                "services": [
                  "/infra/services/2a05c5ed-3fcf-49b9-8a9a-97d6df017498"
                ],
                "source_groups": [
                  "/infra/domains/default/groups/1ef7c681-71ca-4a12-9745-ffccd7e0ba6e"
                ],
                "sources_excluded": false,
                "tag": []
              },
              {
                "action": "ALLOW",
                "description": "Allow communication from External to wld09-Web Server on TCP port 22",
                "destination_groups": [
                  "/infra/domains/default/groups/3f762bc3-2bd8-4730-9187-55cfa6dfc810"
                ],
                "destinations_excluded": false,
                "direction": "IN_OUT",
                "disabled": false,
                "display_name": "External to wld09-Web Server [TCP-22]",
                "ip_version": "IPV4_IPV6",
                "log_label": "",
                "logged": true,
                "notes": "",
                "nsx_id": "c76c0ba3-2fd7-4a2b-af10-27968dc83281",
                "profiles": null,
                "revision": 0,
                "rule_id": 6189,
                "scope": null,
                "sequence_number": 8,
                "services": [
                  "/infra/services/eca7c9db-d414-469c-8c9b-41ccf0bb8346"
                ],
                "source_groups": [
                  "/infra/domains/default/groups/1ef7c681-71ca-4a12-9745-ffccd7e0ba6e"
                ],
                "sources_excluded": false,
                "tag": []
              },
              {
                "action": "ALLOW",
                "description": "Allow communication from External to wld09-Web Server on TCP port 443",
                "destination_groups": [
                  "/infra/domains/default/groups/3f762bc3-2bd8-4730-9187-55cfa6dfc810"
                ],
                "destinations_excluded": false,
                "direction": "IN_OUT",
                "disabled": false,
                "display_name": "External to wld09-Web Server [TCP-443]",
                "ip_version": "IPV4_IPV6",
                "log_label": "",
                "logged": true,
                "notes": "",
                "nsx_id": "0456c7cc-af18-442c-a1ff-1f7114c7f934",
                "profiles": null,
                "revision": 0,
                "rule_id": 6190,
                "scope": null,
                "sequence_number": 9,
                "services": [
                  "/infra/services/c334633c-b0b6-4dd5-8b45-fe73c3e210fa"
                ],
                "source_groups": [
                  "/infra/domains/default/groups/1ef7c681-71ca-4a12-9745-ffccd7e0ba6e"
                ],
                "sources_excluded": false,
                "tag": []
              },
              {
                "action": "ALLOW",
                "description": "Allow communication from External to wld09-Web Server on UDP port 30000-39999",
                "destination_groups": [
                  "/infra/domains/default/groups/3f762bc3-2bd8-4730-9187-55cfa6dfc810"
                ],
                "destinations_excluded": false,
                "direction": "IN_OUT",
                "disabled": false,
                "display_name": "External to wld09-Web Server [UDP-30000-39999]",
                "ip_version": "IPV4_IPV6",
                "log_label": "",
                "logged": true,
                "notes": "",
                "nsx_id": "64a98d05-e027-4366-b815-2887ec75e9de",
                "profiles": null,
                "revision": 0,
                "rule_id": 6191,
                "scope": null,
                "sequence_number": 10,
                "services": [
                  "/infra/services/500e0c1a-1119-4371-8f76-55af530609b1"
                ],
                "source_groups": [
                  "/infra/domains/default/groups/1ef7c681-71ca-4a12-9745-ffccd7e0ba6e"
                ],
                "sources_excluded": false,
                "tag": []
              },
              {
                "action": "ALLOW",
                "description": "Allow communication from External to wld09-Web Server on UDP port 40000-49999",
                "destination_groups": [
                  "/infra/domains/default/groups/3f762bc3-2bd8-4730-9187-55cfa6dfc810"
                ],
                "destinations_excluded": false,
                "direction": "IN_OUT",
                "disabled": false,
                "display_name": "External to wld09-Web Server [UDP-40000-49999]",
                "ip_version": "IPV4_IPV6",
                "log_label": "",
                "logged": true,
                "notes": "",
                "nsx_id": "fd6ec3cd-f87e-4d34-9b34-b1f796661c9b",
                "profiles": null,
                "revision": 0,
                "rule_id": 6192,
                "scope": null,
                "sequence_number": 11,
                "services": [
                  "/infra/services/913a0fb3-7b5c-4a84-90ff-ce9eb237d8f2"
                ],
                "source_groups": [
                  "/infra/domains/default/groups/1ef7c681-71ca-4a12-9745-ffccd7e0ba6e"
                ],
                "sources_excluded": false,
                "tag": []
              },
              {
                "action": "ALLOW",
                "description": "Allow communication from External to wld09-Web Server on UDP port 50000-59999",
                "destination_groups": [
                  "/infra/domains/default/groups/3f762bc3-2bd8-4730-9187-55cfa6dfc810"
                ],
                "destinations_excluded": false,
                "direction": "IN_OUT",
                "disabled": false,
                "display_name": "External to wld09-Web Server [UDP-50000-59999]",
                "ip_version": "IPV4_IPV6",
                "log_label": "",
                "logged": true,
                "notes": "",
                "nsx_id": "373ad6b7-0633-467e-8879-83fffcdc0a49",
                "profiles": null,
                "revision": 0,
                "rule_id": 6193,
                "scope": null,
                "sequence_number": 12,
                "services": [
                  "/infra/services/2a05c5ed-3fcf-49b9-8a9a-97d6df017498"
                ],
                "source_groups": [
                  "/infra/domains/default/groups/1ef7c681-71ca-4a12-9745-ffccd7e0ba6e"
                ],
                "sources_excluded": false,
                "tag": []
              },
              {
                "action": "ALLOW",
                "description": "Allow communication from External to wld09-Web Server on UDP port 60000-65535",
                "destination_groups": [
                  "/infra/domains/default/groups/3f762bc3-2bd8-4730-9187-55cfa6dfc810"
                ],
                "destinations_excluded": false,
                "direction": "IN_OUT",
                "disabled": false,
                "display_name": "External to wld09-Web Server [UDP-60000-65535]",
                "ip_version": "IPV4_IPV6",
                "log_label": "",
                "logged": true,
                "notes": "",
                "nsx_id": "2f6fc415-6fa9-42e8-8a64-3c0ba3df451c",
                "profiles": null,
                "revision": 0,
                "rule_id": 6194,
                "scope": null,
                "sequence_number": 13,
                "services": [
                  "/infra/services/bfa4ad72-1b15-41d9-8413-96616859be67"
                ],
                "source_groups": [
                  "/infra/domains/default/groups/1ef7c681-71ca-4a12-9745-ffccd7e0ba6e"
                ],
                "sources_excluded": false,
                "tag": []
              },
              {
                "action": "ALLOW",
                "description": "Allow communication from wld09-Application Server to External on TCP port 443",
                "destination_groups": [
                  "/infra/domains/default/groups/1ef7c681-71ca-4a12-9745-ffccd7e0ba6e"
                ],
                "destinations_excluded": false,
                "direction": "IN_OUT",
                "disabled": false,
                "display_name": "wld09-Application Server to External [TCP-443]",
                "ip_version": "IPV4_IPV6",
                "log_label": "",
                "logged": true,
                "notes": "",
                "nsx_id": "9cfd6d77-e2df-47cc-a794-8eb07b75c427",
                "profiles": null,
                "revision": 0,
                "rule_id": 6195,
                "scope": null,
                "sequence_number": 14,
                "services": [
                  "/infra/services/c334633c-b0b6-4dd5-8b45-fe73c3e210fa"
                ],
                "source_groups": [
                  "/infra/domains/default/groups/24db08bd-335a-45f4-8f71-7667a80f69d2"
                ],
                "sources_excluded": false,
                "tag": []
              },
              {
                "action": "ALLOW",
                "description": "Allow communication from wld09-Application Server to External on UDP port 123",
                "destination_groups": [
                  "/infra/domains/default/groups/1ef7c681-71ca-4a12-9745-ffccd7e0ba6e"
                ],
                "destinations_excluded": false,
                "direction": "IN_OUT",
                "disabled": false,
                "display_name": "wld09-Application Server to External [UDP-123]",
                "ip_version": "IPV4_IPV6",
                "log_label": "",
                "logged": true,
                "notes": "",
                "nsx_id": "c7412614-d516-493a-90ad-b580c9927c4a",
                "profiles": null,
                "revision": 0,
                "rule_id": 6196,
                "scope": null,
                "sequence_number": 15,
                "services": [
                  "/infra/services/014da6aa-5db1-4055-95cd-cc83f15df694"
                ],
                "source_groups": [
                  "/infra/domains/default/groups/24db08bd-335a-45f4-8f71-7667a80f69d2"
                ],
                "sources_excluded": false,
                "tag": []
              },
              {
                "action": "ALLOW",
                "description": "Allow communication from wld09-Application Server to External on UDP port 53",
                "destination_groups": [
                  "/infra/domains/default/groups/1ef7c681-71ca-4a12-9745-ffccd7e0ba6e"
                ],
                "destinations_excluded": false,
                "direction": "IN_OUT",
                "disabled": false,
                "display_name": "wld09-Application Server to External [UDP-53]",
                "ip_version": "IPV4_IPV6",
                "log_label": "",
                "logged": true,
                "notes": "",
                "nsx_id": "e0469c92-bff2-423e-a701-9f3103ac5720",
                "profiles": null,
                "revision": 0,
                "rule_id": 6197,
                "scope": null,
                "sequence_number": 16,
                "services": [
                  "/infra/services/8e185bb4-8dc7-4185-9014-2eace096e333"
                ],
                "source_groups": [
                  "/infra/domains/default/groups/24db08bd-335a-45f4-8f71-7667a80f69d2"
                ],
                "sources_excluded": false,
                "tag": []
              },
              {
                "action": "ALLOW",
                "description": "Allow communication from wld09-Application Server to wld09-Database Server on TCP port 3306",
                "destination_groups": [
                  "/infra/domains/default/groups/3cf26429-8a5d-41be-ab0e-e8fde00d8f7d"
                ],
                "destinations_excluded": false,
                "direction": "IN_OUT",
                "disabled": false,
                "display_name": "wld09-Application Server to wld09-Database Server [TCP-3306]",
                "ip_version": "IPV4_IPV6",
                "log_label": "",
                "logged": true,
                "notes": "",
                "nsx_id": "7c84a9e8-fb0d-4308-b2e7-701036cea687",
                "profiles": null,
                "revision": 0,
                "rule_id": 6198,
                "scope": null,
                "sequence_number": 17,
                "services": [
                  "/infra/services/3a3f3e3a-fdaf-4d7b-ba72-17fe27903227"
                ],
                "source_groups": [
                  "/infra/domains/default/groups/24db08bd-335a-45f4-8f71-7667a80f69d2"
                ],
                "sources_excluded": false,
                "tag": []
              },
              {
                "action": "ALLOW",
                "description": "Allow communication from wld09-Database Server to External on TCP port 443",
                "destination_groups": [
                  "/infra/domains/default/groups/1ef7c681-71ca-4a12-9745-ffccd7e0ba6e"
                ],
                "destinations_excluded": false,
                "direction": "IN_OUT",
                "disabled": false,
                "display_name": "wld09-Database Server to External [TCP-443]",
                "ip_version": "IPV4_IPV6",
                "log_label": "",
                "logged": true,
                "notes": "",
                "nsx_id": "8a022b78-5e9f-4b7f-97c2-02deb2fc2f7f",
                "profiles": null,
                "revision": 0,
                "rule_id": 6199,
                "scope": null,
                "sequence_number": 18,
                "services": [
                  "/infra/services/c334633c-b0b6-4dd5-8b45-fe73c3e210fa"
                ],
                "source_groups": [
                  "/infra/domains/default/groups/3cf26429-8a5d-41be-ab0e-e8fde00d8f7d"
                ],
                "sources_excluded": false,
                "tag": []
              },
              {
                "action": "ALLOW",
                "description": "Allow communication from wld09-Database Server to External on UDP port 123",
                "destination_groups": [
                  "/infra/domains/default/groups/1ef7c681-71ca-4a12-9745-ffccd7e0ba6e"
                ],
                "destinations_excluded": false,
                "direction": "IN_OUT",
                "disabled": false,
                "display_name": "wld09-Database Server to External [UDP-123]",
                "ip_version": "IPV4_IPV6",
                "log_label": "",
                "logged": true,
                "notes": "",
                "nsx_id": "5278b198-e153-4668-8e27-402d3bf8656c",
                "profiles": null,
                "revision": 0,
                "rule_id": 6200,
                "scope": null,
                "sequence_number": 19,
                "services": [
                  "/infra/services/014da6aa-5db1-4055-95cd-cc83f15df694"
                ],
                "source_groups": [
                  "/infra/domains/default/groups/3cf26429-8a5d-41be-ab0e-e8fde00d8f7d"
                ],
                "sources_excluded": false,
                "tag": []
              },
              {
                "action": "ALLOW",
                "description": "Allow communication from wld09-Database Server to External on UDP port 53",
                "destination_groups": [
                  "/infra/domains/default/groups/1ef7c681-71ca-4a12-9745-ffccd7e0ba6e"
                ],
                "destinations_excluded": false,
                "direction": "IN_OUT",
                "disabled": false,
                "display_name": "wld09-Database Server to External [UDP-53]",
                "ip_version": "IPV4_IPV6",
                "log_label": "",
                "logged": true,
                "notes": "",
                "nsx_id": "a72891f9-36b9-4a04-9ca5-abfcb20dbe4d",
                "profiles": null,
                "revision": 0,
                "rule_id": 6201,
                "scope": null,
                "sequence_number": 20,
                "services": [
                  "/infra/services/8e185bb4-8dc7-4185-9014-2eace096e333"
                ],
                "source_groups": [
                  "/infra/domains/default/groups/3cf26429-8a5d-41be-ab0e-e8fde00d8f7d"
                ],
                "sources_excluded": false,
                "tag": []
              },
              {
                "action": "ALLOW",
                "description": "Allow communication from wld09-Web Server to External on TCP port 443",
                "destination_groups": [
                  "/infra/domains/default/groups/1ef7c681-71ca-4a12-9745-ffccd7e0ba6e"
                ],
                "destinations_excluded": false,
                "direction": "IN_OUT",
                "disabled": false,
                "display_name": "wld09-Web Server to External [TCP-443]",
                "ip_version": "IPV4_IPV6",
                "log_label": "",
                "logged": true,
                "notes": "",
                "nsx_id": "6cd54f72-c9c9-4821-be57-23470930a14e",
                "profiles": null,
                "revision": 0,
                "rule_id": 6202,
                "scope": null,
                "sequence_number": 21,
                "services": [
                  "/infra/services/c334633c-b0b6-4dd5-8b45-fe73c3e210fa"
                ],
                "source_groups": [
                  "/infra/domains/default/groups/3f762bc3-2bd8-4730-9187-55cfa6dfc810"
                ],
                "sources_excluded": false,
                "tag": []
              },
              {
                "action": "ALLOW",
                "description": "Allow communication from wld09-Web Server to External on UDP port 123",
                "destination_groups": [
                  "/infra/domains/default/groups/1ef7c681-71ca-4a12-9745-ffccd7e0ba6e"
                ],
                "destinations_excluded": false,
                "direction": "IN_OUT",
                "disabled": false,
                "display_name": "wld09-Web Server to External [UDP-123]",
                "ip_version": "IPV4_IPV6",
                "log_label": "",
                "logged": true,
                "notes": "",
                "nsx_id": "e62bc808-25cb-4a24-8dc4-39ea1375db68",
                "profiles": null,
                "revision": 0,
                "rule_id": 6203,
                "scope": null,
                "sequence_number": 22,
                "services": [
                  "/infra/services/014da6aa-5db1-4055-95cd-cc83f15df694"
                ],
                "source_groups": [
                  "/infra/domains/default/groups/3f762bc3-2bd8-4730-9187-55cfa6dfc810"
                ],
                "sources_excluded": false,
                "tag": []
              },
              {
                "action": "ALLOW",
                "description": "Allow communication from wld09-Web Server to External on UDP port 53",
                "destination_groups": [
                  "/infra/domains/default/groups/1ef7c681-71ca-4a12-9745-ffccd7e0ba6e"
                ],
                "destinations_excluded": false,
                "direction": "IN_OUT",
                "disabled": false,
                "display_name": "wld09-Web Server to External [UDP-53]",
                "ip_version": "IPV4_IPV6",
                "log_label": "",
                "logged": true,
                "notes": "",
                "nsx_id": "c33b6464-e42b-4b06-98f5-b55d0190bad8",
                "profiles": null,
                "revision": 0,
                "rule_id": 6204,
                "scope": null,
                "sequence_number": 23,
                "services": [
                  "/infra/services/8e185bb4-8dc7-4185-9014-2eace096e333"
                ],
                "source_groups": [
                  "/infra/domains/default/groups/3f762bc3-2bd8-4730-9187-55cfa6dfc810"
                ],
                "sources_excluded": false,
                "tag": []
              },
              {
                "action": "ALLOW",
                "description": "Allow communication from wld09-Web Server to wld09-Application Server on TCP port 8443",
                "destination_groups": [
                  "/infra/domains/default/groups/24db08bd-335a-45f4-8f71-7667a80f69d2"
                ],
                "destinations_excluded": false,
                "direction": "IN_OUT",
                "disabled": false,
                "display_name": "wld09-Web Server to wld09-Application Server [TCP-8443]",
                "ip_version": "IPV4_IPV6",
                "log_label": "",
                "logged": true,
                "notes": "",
                "nsx_id": "560510b1-69ac-465e-bf82-4718962ac622",
                "profiles": null,
                "revision": 0,
                "rule_id": 6205,
                "scope": null,
                "sequence_number": 24,
                "services": [
                  "/infra/services/4b453224-05aa-4d40-b570-9de875c32484"
                ],
                "source_groups": [
                  "/infra/domains/default/groups/3f762bc3-2bd8-4730-9187-55cfa6dfc810"
                ],
                "sources_excluded": false,
                "tag": []
              },
              {
                "action": "DROP",
                "description": "Deny all other traffic between applications",
                "destination_groups": null,
                "destinations_excluded": false,
                "direction": "IN_OUT",
                "disabled": false,
                "display_name": "Deny All Other Application Traffic",
                "ip_version": "IPV4_IPV6",
                "log_label": "",
                "logged": true,
                "notes": "",
                "nsx_id": "4ead3a2f-759e-44ac-926a-7cf8f806507a",
                "profiles": null,
                "revision": 0,
                "rule_id": 6206,
                "scope": null,
                "sequence_number": 25,
                "services": null,
                "source_groups": null,
                "sources_excluded": false,
                "tag": []
              }
            ],
            "scope": null,
            "sequence_number": 8,
            "stateful": true,
            "tag": [],
            "tcp_strict": false
          },
          "sensitive_attributes": [],
          "private": "bnVsbA==",
          "dependencies": [
            "nsxt_policy_group.app_groups",
            "nsxt_policy_group.environment_groups",
            "nsxt_policy_service.services"
          ],
          "create_before_destroy": true
        }
      ]
    },
    {
      "mode": "managed",
      "type": "nsxt_policy_security_policy",
      "name": "environment_isolation",
      "provider": "provider[\"registry.terraform.io/vmware/nsxt\"]",
      "instances": [
        {
          "schema_version": 0,
          "attributes": {
            "category": "Environment",
            "comments": "",
            "context": [],
            "description": "Security policy to isolate environments based on allowed_communications",
            "display_name": "Environment Isolation Policy",
            "domain": "default",
            "id": "394fa82a-61a0-4111-be8f-0ed1c65294b4",
            "locked": false,
            "nsx_id": "394fa82a-61a0-4111-be8f-0ed1c65294b4",
            "path": "/infra/domains/default/security-policies/394fa82a-61a0-4111-be8f-0ed1c65294b4",
            "revision": 1,
            "rule": [
              {
                "action": "ALLOW",
                "description": "Allow communication from Production to Test as specified in allowed_communications",
                "destination_groups": [
                  "/infra/domains/default/groups/701dd007-99f7-44fe-9d2f-9eac7f92a33b"
                ],
                "destinations_excluded": false,
                "direction": "IN_OUT",
                "disabled": false,
                "display_name": "Allow Production to Test",
                "ip_version": "IPV4_IPV6",
                "log_label": "",
                "logged": true,
                "notes": "",
                "nsx_id": "7d5a97f2-b759-4a91-aa42-2949066d907d",
                "profiles": null,
                "revision": 0,
                "rule_id": 6178,
                "scope": null,
                "sequence_number": 1,
                "services": null,
                "source_groups": [
                  "/infra/domains/default/groups/1ef7c681-71ca-4a12-9745-ffccd7e0ba6e"
                ],
                "sources_excluded": false,
                "tag": []
              },
              {
                "action": "ALLOW",
                "description": "Allow communication from Test to Production as specified in allowed_communications",
                "destination_groups": [
                  "/infra/domains/default/groups/1ef7c681-71ca-4a12-9745-ffccd7e0ba6e"
                ],
                "destinations_excluded": false,
                "direction": "IN_OUT",
                "disabled": false,
                "display_name": "Allow Test to Production",
                "ip_version": "IPV4_IPV6",
                "log_label": "",
                "logged": true,
                "notes": "",
                "nsx_id": "befb9fb3-0b06-43bd-8229-48ce1a57785b",
                "profiles": null,
                "revision": 0,
                "rule_id": 6179,
                "scope": null,
                "sequence_number": 2,
                "services": null,
                "source_groups": [
                  "/infra/domains/default/groups/701dd007-99f7-44fe-9d2f-9eac7f92a33b"
                ],
                "sources_excluded": false,
                "tag": []
              },
              {
                "action": "DROP",
                "description": "Block communication from Production to environments not in its allowed list",
                "destination_groups": null,
                "destinations_excluded": false,
                "direction": "IN_OUT",
                "disabled": false,
                "display_name": "Block Production to unauthorized environments",
                "ip_version": "IPV4_IPV6",
                "log_label": "",
                "logged": true,
                "notes": "",
                "nsx_id": "4bbd5254-c7de-44a8-9974-b4be87f1250b",
                "profiles": null,
                "revision": 0,
                "rule_id": 6181,
                "scope": null,
                "sequence_number": 3,
                "services": null,
                "source_groups": [
                  "/infra/domains/default/groups/1ef7c681-71ca-4a12-9745-ffccd7e0ba6e"
                ],
                "sources_excluded": false,
                "tag": []
              },
              {
                "action": "DROP",
                "description": "Block communication from Test to environments not in its allowed list",
                "destination_groups": null,
                "destinations_excluded": false,
                "direction": "IN_OUT",
                "disabled": false,
                "display_name": "Block Test to unauthorized environments",
                "ip_version": "IPV4_IPV6",
                "log_label": "",
                "logged": true,
                "notes": "",
                "nsx_id": "5f9cba80-6705-438d-a969-72f6750d2504",
                "profiles": null,
                "revision": 0,
                "rule_id": 6182,
                "scope": null,
                "sequence_number": 4,
                "services": null,
                "source_groups": [
                  "/infra/domains/default/groups/701dd007-99f7-44fe-9d2f-9eac7f92a33b"
                ],
                "sources_excluded": false,
                "tag": []
              }
            ],
            "scope": null,
            "sequence_number": 10,
            "stateful": true,
            "tag": [],
            "tcp_strict": false
          },
          "sensitive_attributes": [],
          "private": "bnVsbA==",
          "dependencies": [
            "nsxt_policy_group.environment_groups"
          ],
          "create_before_destroy": true
        }
      ]
    },
    {
      "mode": "managed",
      "type": "nsxt_policy_service",
      "name": "services",
      "provider": "provider[\"registry.terraform.io/vmware/nsxt\"]",
      "instances": [
        {
          "index_key": "TCP-22",
          "schema_version": 0,
          "attributes": {
            "algorithm_entry": [],
            "context": [],
            "description": "Service for TCP port 22",
            "display_name": "TCP-22",
            "ether_type_entry": [],
            "icmp_entry": [],
            "id": "eca7c9db-d414-469c-8c9b-41ccf0bb8346",
            "igmp_entry": [],
            "ip_protocol_entry": [],
            "l4_port_set_entry": [
              {
                "description": "",
                "destination_ports": [
                  "22"
                ],
                "display_name": "TCP-22",
                "protocol": "TCP",
                "source_ports": []
              }
            ],
            "nested_service_entry": [],
            "nsx_id": "eca7c9db-d414-469c-8c9b-41ccf0bb8346",
            "path": "/infra/services/eca7c9db-d414-469c-8c9b-41ccf0bb8346",
            "revision": 0,
            "tag": []
          },
          "sensitive_attributes": [],
          "private": "bnVsbA==",
          "create_before_destroy": true
        },
        {
          "index_key": "TCP-3306",
          "schema_version": 0,
          "attributes": {
            "algorithm_entry": [],
            "context": [],
            "description": "Service for TCP port 3306",
            "display_name": "TCP-3306",
            "ether_type_entry": [],
            "icmp_entry": [],
            "id": "3a3f3e3a-fdaf-4d7b-ba72-17fe27903227",
            "igmp_entry": [],
            "ip_protocol_entry": [],
            "l4_port_set_entry": [
              {
                "description": "",
                "destination_ports": [
                  "3306"
                ],
                "display_name": "TCP-3306",
                "protocol": "TCP",
                "source_ports": []
              }
            ],
            "nested_service_entry": [],
            "nsx_id": "3a3f3e3a-fdaf-4d7b-ba72-17fe27903227",
            "path": "/infra/services/3a3f3e3a-fdaf-4d7b-ba72-17fe27903227",
            "revision": 0,
            "tag": []
          },
          "sensitive_attributes": [],
          "private": "bnVsbA==",
          "create_before_destroy": true
        },
        {
          "index_key": "TCP-443",
          "schema_version": 0,
          "attributes": {
            "algorithm_entry": [],
            "context": [],
            "description": "Service for TCP port 443",
            "display_name": "TCP-443",
            "ether_type_entry": [],
            "icmp_entry": [],
            "id": "c334633c-b0b6-4dd5-8b45-fe73c3e210fa",
            "igmp_entry": [],
            "ip_protocol_entry": [],
            "l4_port_set_entry": [
              {
                "description": "",
                "destination_ports": [
                  "443"
                ],
                "display_name": "TCP-443",
                "protocol": "TCP",
                "source_ports": []
              }
            ],
            "nested_service_entry": [],
            "nsx_id": "c334633c-b0b6-4dd5-8b45-fe73c3e210fa",
            "path": "/infra/services/c334633c-b0b6-4dd5-8b45-fe73c3e210fa",
            "revision": 0,
            "tag": []
          },
          "sensitive_attributes": [],
          "private": "bnVsbA==",
          "create_before_destroy": true
        },
        {
          "index_key": "TCP-8443",
          "schema_version": 0,
          "attributes": {
            "algorithm_entry": [],
            "context": [],
            "description": "Service for TCP port 8443",
            "display_name": "TCP-8443",
            "ether_type_entry": [],
            "icmp_entry": [],
            "id": "4b453224-05aa-4d40-b570-9de875c32484",
            "igmp_entry": [],
            "ip_protocol_entry": [],
            "l4_port_set_entry": [
              {
                "description": "",
                "destination_ports": [
                  "8443"
                ],
                "display_name": "TCP-8443",
                "protocol": "TCP",
                "source_ports": []
              }
            ],
            "nested_service_entry": [],
            "nsx_id": "4b453224-05aa-4d40-b570-9de875c32484",
            "path": "/infra/services/4b453224-05aa-4d40-b570-9de875c32484",
            "revision": 0,
            "tag": []
          },
          "sensitive_attributes": [],
          "private": "bnVsbA==",
          "create_before_destroy": true
        },
        {
          "index_key": "UDP-123",
          "schema_version": 0,
          "attributes": {
            "algorithm_entry": [],
            "context": [],
            "description": "Service for UDP port 123",
            "display_name": "UDP-123",
            "ether_type_entry": [],
            "icmp_entry": [],
            "id": "014da6aa-5db1-4055-95cd-cc83f15df694",
            "igmp_entry": [],
            "ip_protocol_entry": [],
            "l4_port_set_entry": [
              {
                "description": "",
                "destination_ports": [
                  "123"
                ],
                "display_name": "UDP-123",
                "protocol": "UDP",
                "source_ports": []
              }
            ],
            "nested_service_entry": [],
            "nsx_id": "014da6aa-5db1-4055-95cd-cc83f15df694",
            "path": "/infra/services/014da6aa-5db1-4055-95cd-cc83f15df694",
            "revision": 0,
            "tag": []
          },
          "sensitive_attributes": [],
          "private": "bnVsbA==",
          "create_before_destroy": true
        },
        {
          "index_key": "UDP-30000-39999",
          "schema_version": 0,
          "attributes": {
            "algorithm_entry": [],
            "context": [],
            "description": "Service for UDP port 30000",
            "display_name": "UDP-30000-39999",
            "ether_type_entry": [],
            "icmp_entry": [],
            "id": "500e0c1a-1119-4371-8f76-55af530609b1",
            "igmp_entry": [],
            "ip_protocol_entry": [],
            "l4_port_set_entry": [
              {
                "description": "",
                "destination_ports": [
                  "30000"
                ],
                "display_name": "UDP-30000-39999",
                "protocol": "UDP",
                "source_ports": []
              }
            ],
            "nested_service_entry": [],
            "nsx_id": "500e0c1a-1119-4371-8f76-55af530609b1",
            "path": "/infra/services/500e0c1a-1119-4371-8f76-55af530609b1",
            "revision": 0,
            "tag": []
          },
          "sensitive_attributes": [],
          "private": "bnVsbA==",
          "create_before_destroy": true
        },
        {
          "index_key": "UDP-40000-49999",
          "schema_version": 0,
          "attributes": {
            "algorithm_entry": [],
            "context": [],
            "description": "Service for UDP port 40000",
            "display_name": "UDP-40000-49999",
            "ether_type_entry": [],
            "icmp_entry": [],
            "id": "913a0fb3-7b5c-4a84-90ff-ce9eb237d8f2",
            "igmp_entry": [],
            "ip_protocol_entry": [],
            "l4_port_set_entry": [
              {
                "description": "",
                "destination_ports": [
                  "40000"
                ],
                "display_name": "UDP-40000-49999",
                "protocol": "UDP",
                "source_ports": []
              }
            ],
            "nested_service_entry": [],
            "nsx_id": "913a0fb3-7b5c-4a84-90ff-ce9eb237d8f2",
            "path": "/infra/services/913a0fb3-7b5c-4a84-90ff-ce9eb237d8f2",
            "revision": 0,
            "tag": []
          },
          "sensitive_attributes": [],
          "private": "bnVsbA==",
          "create_before_destroy": true
        },
        {
          "index_key": "UDP-50000-59999",
          "schema_version": 0,
          "attributes": {
            "algorithm_entry": [],
            "context": [],
            "description": "Service for UDP port 50000",
            "display_name": "UDP-50000-59999",
            "ether_type_entry": [],
            "icmp_entry": [],
            "id": "2a05c5ed-3fcf-49b9-8a9a-97d6df017498",
            "igmp_entry": [],
            "ip_protocol_entry": [],
            "l4_port_set_entry": [
              {
                "description": "",
                "destination_ports": [
                  "50000"
                ],
                "display_name": "UDP-50000-59999",
                "protocol": "UDP",
                "source_ports": []
              }
            ],
            "nested_service_entry": [],
            "nsx_id": "2a05c5ed-3fcf-49b9-8a9a-97d6df017498",
            "path": "/infra/services/2a05c5ed-3fcf-49b9-8a9a-97d6df017498",
            "revision": 0,
            "tag": []
          },
          "sensitive_attributes": [],
          "private": "bnVsbA==",
          "create_before_destroy": true
        },
        {
          "index_key": "UDP-53",
          "schema_version": 0,
          "attributes": {
            "algorithm_entry": [],
            "context": [],
            "description": "Service for UDP port 53",
            "display_name": "UDP-53",
            "ether_type_entry": [],
            "icmp_entry": [],
            "id": "8e185bb4-8dc7-4185-9014-2eace096e333",
            "igmp_entry": [],
            "ip_protocol_entry": [],
            "l4_port_set_entry": [
              {
                "description": "",
                "destination_ports": [
                  "53"
                ],
                "display_name": "UDP-53",
                "protocol": "UDP",
                "source_ports": []
              }
            ],
            "nested_service_entry": [],
            "nsx_id": "8e185bb4-8dc7-4185-9014-2eace096e333",
            "path": "/infra/services/8e185bb4-8dc7-4185-9014-2eace096e333",
            "revision": 0,
            "tag": []
          },
          "sensitive_attributes": [],
          "private": "bnVsbA==",
          "create_before_destroy": true
        },
        {
          "index_key": "UDP-60000-65535",
          "schema_version": 0,
          "attributes": {
            "algorithm_entry": [],
            "context": [],
            "description": "Service for UDP port 60000",
            "display_name": "UDP-60000-65535",
            "ether_type_entry": [],
            "icmp_entry": [],
            "id": "bfa4ad72-1b15-41d9-8413-96616859be67",
            "igmp_entry": [],
            "ip_protocol_entry": [],
            "l4_port_set_entry": [
              {
                "description": "",
                "destination_ports": [
                  "60000"
                ],
                "display_name": "UDP-60000-65535",
                "protocol": "UDP",
                "source_ports": []
              }
            ],
            "nested_service_entry": [],
            "nsx_id": "bfa4ad72-1b15-41d9-8413-96616859be67",
            "path": "/infra/services/bfa4ad72-1b15-41d9-8413-96616859be67",
            "revision": 0,
            "tag": []
          },
          "sensitive_attributes": [],
          "private": "bnVsbA==",
          "create_before_destroy": true
        }
      ]
    },
    {
      "mode": "managed",
      "type": "nsxt_policy_vm_tags",
      "name": "vm_tags",
      "provider": "provider[\"registry.terraform.io/vmware/nsxt\"]",
      "instances": [
        {
          "index_key": "p-app-01a",
          "schema_version": 0,
          "attributes": {
            "context": [],
            "id": "500e66ad-6efc-e7fe-6ba3-74d45c3eb94f",
            "instance_id": "500e66ad-6efc-e7fe-6ba3-74d45c3eb94f",
            "port": [],
            "tag": [
              {
                "scope": "application",
                "tag": "wld09-Application Server"
              },
              {
                "scope": "environment",
                "tag": "Production"
              }
            ]
          },
          "sensitive_attributes": [],
          "private": "bnVsbA==",
          "dependencies": [
            "data.nsxt_policy_vm.vms"
          ],
          "create_before_destroy": true
        },
        {
          "index_key": "p-db-01a",
          "schema_version": 0,
          "attributes": {
            "context": [],
            "id": "500eb8ab-1d7d-8803-906e-b540fdcf7f6f",
            "instance_id": "500eb8ab-1d7d-8803-906e-b540fdcf7f6f",
            "port": [],
            "tag": [
              {
                "scope": "application",
                "tag": "wld09-Database Server"
              },
              {
                "scope": "environment",
                "tag": "Production"
              }
            ]
          },
          "sensitive_attributes": [],
          "private": "bnVsbA==",
          "dependencies": [
            "data.nsxt_policy_vm.vms"
          ],
          "create_before_destroy": true
        },
        {
          "index_key": "p-web-01a",
          "schema_version": 0,
          "attributes": {
            "context": [],
            "id": "500eedf5-5f28-eed1-6a09-0f558d46ad41",
            "instance_id": "500eedf5-5f28-eed1-6a09-0f558d46ad41",
            "port": [],
            "tag": [
              {
                "scope": "application",
                "tag": "wld09-Web Server"
              },
              {
                "scope": "environment",
                "tag": "Production"
              }
            ]
          },
          "sensitive_attributes": [],
          "private": "bnVsbA==",
          "dependencies": [
            "data.nsxt_policy_vm.vms"
          ],
          "create_before_destroy": true
        },
        {
          "index_key": "p-web-02a",
          "schema_version": 0,
          "attributes": {
            "context": [],
            "id": "500e4b09-2edf-482e-149b-978b60215a45",
            "instance_id": "500e4b09-2edf-482e-149b-978b60215a45",
            "port": [],
            "tag": [
              {
                "scope": "application",
                "tag": "wld09-Web Server"
              },
              {
                "scope": "environment",
                "tag": "Production"
              }
            ]
          },
          "sensitive_attributes": [],
          "private": "bnVsbA==",
          "dependencies": [
            "data.nsxt_policy_vm.vms"
          ],
          "create_before_destroy": true
        },
        {
          "index_key": "p-web-03a",
          "schema_version": 0,
          "attributes": {
            "context": [],
            "id": "500e169f-7231-266a-4c3d-fbd4ddaf246b",
            "instance_id": "500e169f-7231-266a-4c3d-fbd4ddaf246b",
            "port": [],
            "tag": [
              {
                "scope": "application",
                "tag": "wld09-Web Server"
              },
              {
                "scope": "environment",
                "tag": "Production"
              }
            ]
          },
          "sensitive_attributes": [],
          "private": "bnVsbA==",
          "dependencies": [
            "data.nsxt_policy_vm.vms"
          ],
          "create_before_destroy": true
        },
        {
          "index_key": "t-app-01a",
          "schema_version": 0,
          "attributes": {
            "context": [],
            "id": "500e1a06-0bb7-5aa2-230c-73642a3e23c1",
            "instance_id": "500e1a06-0bb7-5aa2-230c-73642a3e23c1",
            "port": [],
            "tag": [
              {
                "scope": "application",
                "tag": "wld09-Application Server"
              },
              {
                "scope": "environment",
                "tag": "Test"
              }
            ]
          },
          "sensitive_attributes": [],
          "private": "bnVsbA==",
          "dependencies": [
            "data.nsxt_policy_vm.vms"
          ],
          "create_before_destroy": true
        },
        {
          "index_key": "t-db-01a",
          "schema_version": 0,
          "attributes": {
            "context": [],
            "id": "500eaab6-b602-787e-fdde-70c3ee2f655a",
            "instance_id": "500eaab6-b602-787e-fdde-70c3ee2f655a",
            "port": [],
            "tag": [
              {
                "scope": "application",
                "tag": "wld09-Database Server"
              },
              {
                "scope": "environment",
                "tag": "Test"
              }
            ]
          },
          "sensitive_attributes": [],
          "private": "bnVsbA==",
          "dependencies": [
            "data.nsxt_policy_vm.vms"
          ],
          "create_before_destroy": true
        },
        {
          "index_key": "t-web-01a",
          "schema_version": 0,
          "attributes": {
            "context": [],
            "id": "500ea1c4-d4ce-5ff0-eec5-deaa96bcf00e",
            "instance_id": "500ea1c4-d4ce-5ff0-eec5-deaa96bcf00e",
            "port": [],
            "tag": [
              {
                "scope": "application",
                "tag": "wld09-Web Server"
              },
              {
                "scope": "environment",
                "tag": "Test"
              }
            ]
          },
          "sensitive_attributes": [],
          "private": "bnVsbA==",
          "dependencies": [
            "data.nsxt_policy_vm.vms"
          ],
          "create_before_destroy": true
        },
        {
          "index_key": "t-web-02a",
          "schema_version": 0,
          "attributes": {
            "context": [],
            "id": "500ebfe0-9f49-a1c6-d5d3-bc0c6a42fc91",
            "instance_id": "500ebfe0-9f49-a1c6-d5d3-bc0c6a42fc91",
            "port": [],
            "tag": [
              {
                "scope": "application",
                "tag": "wld09-Web Server"
              },
              {
                "scope": "environment",
                "tag": "Test"
              }
            ]
          },
          "sensitive_attributes": [],
          "private": "bnVsbA==",
          "dependencies": [
            "data.nsxt_policy_vm.vms"
          ],
          "create_before_destroy": true
        },
        {
          "index_key": "t-web-03a",
          "schema_version": 0,
          "attributes": {
            "context": [],
            "id": "500e4809-32b4-cbb5-bece-e59d5dc1e4aa",
            "instance_id": "500e4809-32b4-cbb5-bece-e59d5dc1e4aa",
            "port": [],
            "tag": [
              {
                "scope": "application",
                "tag": "wld09-Web Server"
              },
              {
                "scope": "environment",
                "tag": "Test"
              }
            ]
          },
          "sensitive_attributes": [],
          "private": "bnVsbA==",
          "dependencies": [
            "data.nsxt_policy_vm.vms"
          ],
          "create_before_destroy": true
        }
      ]
    }
  ],
  "check_results": null
}
