{
  "version": 4,
  "terraform_version": "1.11.4",
  "serial": 353,
  "lineage": "9ac51c63-2cea-057c-32cc-4845105746d3",
  "outputs": {
    "application_groups": {
      "value": {
        "app-wld09-prod-3holapp": "/infra/domains/default/groups/95bbec1f-b717-4fea-b08a-3df08f4a85a9",
        "app-wld09-prod-application": "/infra/domains/default/groups/59dc4b64-cbd7-4e66-a687-b003d24c40e3",
        "app-wld09-prod-database": "/infra/domains/default/groups/849566f3-8ce3-48c8-99e6-2d280a9761dc",
        "app-wld09-prod-web": "/infra/domains/default/groups/d60ba925-28c0-4966-a3c6-993690b3f405",
        "app-wld09-test-application": "/infra/domains/default/groups/2f89fd5d-8750-4250-b0f9-a971f7f77090",
        "app-wld09-test-database": "/infra/domains/default/groups/51d7420d-4c23-4237-8b0c-9fb72982133e",
        "app-wld09-test-web": "/infra/domains/default/groups/59f1d281-69ab-498b-ad98-feb7e86814ac"
      },
      "type": [
        "object",
        {
          "app-wld09-prod-3holapp": "string",
          "app-wld09-prod-application": "string",
          "app-wld09-prod-database": "string",
          "app-wld09-prod-web": "string",
          "app-wld09-test-application": "string",
          "app-wld09-test-database": "string",
          "app-wld09-test-web": "string"
        }
      ]
    },
    "environment_groups": {
      "value": {
        "env-wld09-prod": "/infra/domains/default/groups/dcd13cd7-058b-46d8-815d-df5e9b2ff977",
        "env-wld09-test": "/infra/domains/default/groups/51cef606-8aa4-4992-a1d3-72a7735f1da5"
      },
      "type": [
        "object",
        {
          "env-wld09-prod": "string",
          "env-wld09-test": "string"
        }
      ]
    },
    "services": {
      "value": {
        "tcp_3306": {
          "display_name": "svc-wld09-tcp_3306",
          "id": "b89515f9-f2a8-4f79-bd53-fdf14b16b03c",
          "path": "/infra/services/b89515f9-f2a8-4f79-bd53-fdf14b16b03c"
        },
        "tcp_443": {
          "display_name": "svc-wld09-tcp_443",
          "id": "ca8e843c-47d7-45ca-984e-4298b7199e95",
          "path": "/infra/services/ca8e843c-47d7-45ca-984e-4298b7199e95"
        },
        "tcp_8443": {
          "display_name": "svc-wld09-tcp_8443",
          "id": "5360caf5-41ec-4352-91bd-68e77296a8bf",
          "path": "/infra/services/5360caf5-41ec-4352-91bd-68e77296a8bf"
        },
        "udp_53": {
          "display_name": "svc-wld09-udp_53",
          "id": "96c94237-c953-4cec-b27c-29e28d1bdc18",
          "path": "/infra/services/96c94237-c953-4cec-b27c-29e28d1bdc18"
        }
      },
      "type": [
        "object",
        {
          "tcp_3306": [
            "object",
            {
              "display_name": "string",
              "id": "string",
              "path": "string"
            }
          ],
          "tcp_443": [
            "object",
            {
              "display_name": "string",
              "id": "string",
              "path": "string"
            }
          ],
          "tcp_8443": [
            "object",
            {
              "display_name": "string",
              "id": "string",
              "path": "string"
            }
          ],
          "udp_53": [
            "object",
            {
              "display_name": "string",
              "id": "string",
              "path": "string"
            }
          ]
        }
      ]
    },
    "tenant_group_id": {
      "value": "/infra/domains/default/groups/02df2dbd-e766-4429-9ada-a51ae0b9e56d",
      "type": "string"
    },
    "tenant_tag": {
      "value": "ten-wld09",
      "type": "string"
    },
    "tenant_vms": {
      "value": [
        "p-app-01a",
        "p-db-01a",
        "p-web-01a",
        "p-web-02a",
        "p-web-03a"
      ],
      "type": [
        "tuple",
        [
          "string",
          "string",
          "string",
          "string",
          "string"
        ]
      ]
    }
  },
  "resources": [
    {
      "module": "module.groups",
      "mode": "managed",
      "type": "nsxt_policy_group",
      "name": "application_groups",
      "provider": "provider[\"registry.terraform.io/vmware/nsxt\"]",
      "instances": [
        {
          "index_key": "app-wld09-prod-3holapp",
          "schema_version": 0,
          "attributes": {
            "conjunction": [],
            "context": [],
            "criteria": [
              {
                "condition": [
                  {
                    "key": "Tag",
                    "member_type": "VirtualMachine",
                    "operator": "EQUALS",
                    "value": "app-wld09-prod-3holapp"
                  }
                ],
                "external_id_expression": [],
                "ipaddress_expression": [],
                "macaddress_expression": [],
                "path_expression": []
              }
            ],
            "description": "Group for application app-wld09-prod-3holapp",
            "display_name": "app-wld09-prod-3holapp",
            "domain": "default",
            "extended_criteria": [],
            "group_type": null,
            "id": "95bbec1f-b717-4fea-b08a-3df08f4a85a9",
            "nsx_id": "95bbec1f-b717-4fea-b08a-3df08f4a85a9",
            "path": "/infra/domains/default/groups/95bbec1f-b717-4fea-b08a-3df08f4a85a9",
            "revision": 0,
            "tag": [
              {
                "scope": "application",
                "tag": "app-wld09-prod-3holapp"
              }
            ]
          },
          "sensitive_attributes": [],
          "private": "bnVsbA==",
          "dependencies": [
            "module.tags.data.nsxt_policy_vm.vms",
            "module.tags.nsxt_policy_vm_tags.hierarchy_tags"
          ]
        },
        {
          "index_key": "app-wld09-prod-application",
          "schema_version": 0,
          "attributes": {
            "conjunction": [],
            "context": [],
            "criteria": [
              {
                "condition": [
                  {
                    "key": "Tag",
                    "member_type": "VirtualMachine",
                    "operator": "EQUALS",
                    "value": "app-wld09-prod-application"
                  }
                ],
                "external_id_expression": [],
                "ipaddress_expression": [],
                "macaddress_expression": [],
                "path_expression": []
              }
            ],
            "description": "Group for application app-wld09-prod-application",
            "display_name": "app-wld09-prod-application",
            "domain": "default",
            "extended_criteria": [],
            "group_type": null,
            "id": "59dc4b64-cbd7-4e66-a687-b003d24c40e3",
            "nsx_id": "59dc4b64-cbd7-4e66-a687-b003d24c40e3",
            "path": "/infra/domains/default/groups/59dc4b64-cbd7-4e66-a687-b003d24c40e3",
            "revision": 0,
            "tag": [
              {
                "scope": "application",
                "tag": "app-wld09-prod-application"
              }
            ]
          },
          "sensitive_attributes": [],
          "private": "bnVsbA==",
          "dependencies": [
            "module.tags.data.nsxt_policy_vm.vms",
            "module.tags.nsxt_policy_vm_tags.hierarchy_tags"
          ]
        },
        {
          "index_key": "app-wld09-prod-database",
          "schema_version": 0,
          "attributes": {
            "conjunction": [],
            "context": [],
            "criteria": [
              {
                "condition": [
                  {
                    "key": "Tag",
                    "member_type": "VirtualMachine",
                    "operator": "EQUALS",
                    "value": "app-wld09-prod-database"
                  }
                ],
                "external_id_expression": [],
                "ipaddress_expression": [],
                "macaddress_expression": [],
                "path_expression": []
              }
            ],
            "description": "Group for application app-wld09-prod-database",
            "display_name": "app-wld09-prod-database",
            "domain": "default",
            "extended_criteria": [],
            "group_type": null,
            "id": "849566f3-8ce3-48c8-99e6-2d280a9761dc",
            "nsx_id": "849566f3-8ce3-48c8-99e6-2d280a9761dc",
            "path": "/infra/domains/default/groups/849566f3-8ce3-48c8-99e6-2d280a9761dc",
            "revision": 0,
            "tag": [
              {
                "scope": "application",
                "tag": "app-wld09-prod-database"
              }
            ]
          },
          "sensitive_attributes": [],
          "private": "bnVsbA==",
          "dependencies": [
            "module.tags.data.nsxt_policy_vm.vms",
            "module.tags.nsxt_policy_vm_tags.hierarchy_tags"
          ]
        },
        {
          "index_key": "app-wld09-prod-web",
          "schema_version": 0,
          "attributes": {
            "conjunction": [],
            "context": [],
            "criteria": [
              {
                "condition": [
                  {
                    "key": "Tag",
                    "member_type": "VirtualMachine",
                    "operator": "EQUALS",
                    "value": "app-wld09-prod-web"
                  }
                ],
                "external_id_expression": [],
                "ipaddress_expression": [],
                "macaddress_expression": [],
                "path_expression": []
              }
            ],
            "description": "Group for application app-wld09-prod-web",
            "display_name": "app-wld09-prod-web",
            "domain": "default",
            "extended_criteria": [],
            "group_type": null,
            "id": "d60ba925-28c0-4966-a3c6-993690b3f405",
            "nsx_id": "d60ba925-28c0-4966-a3c6-993690b3f405",
            "path": "/infra/domains/default/groups/d60ba925-28c0-4966-a3c6-993690b3f405",
            "revision": 0,
            "tag": [
              {
                "scope": "application",
                "tag": "app-wld09-prod-web"
              }
            ]
          },
          "sensitive_attributes": [],
          "private": "bnVsbA==",
          "dependencies": [
            "module.tags.data.nsxt_policy_vm.vms",
            "module.tags.nsxt_policy_vm_tags.hierarchy_tags"
          ]
        },
        {
          "index_key": "app-wld09-test-application",
          "schema_version": 0,
          "attributes": {
            "conjunction": [],
            "context": [],
            "criteria": [
              {
                "condition": [
                  {
                    "key": "Tag",
                    "member_type": "VirtualMachine",
                    "operator": "EQUALS",
                    "value": "app-wld09-test-application"
                  }
                ],
                "external_id_expression": [],
                "ipaddress_expression": [],
                "macaddress_expression": [],
                "path_expression": []
              }
            ],
            "description": "Group for application app-wld09-test-application",
            "display_name": "app-wld09-test-application",
            "domain": "default",
            "extended_criteria": [],
            "group_type": null,
            "id": "2f89fd5d-8750-4250-b0f9-a971f7f77090",
            "nsx_id": "2f89fd5d-8750-4250-b0f9-a971f7f77090",
            "path": "/infra/domains/default/groups/2f89fd5d-8750-4250-b0f9-a971f7f77090",
            "revision": 0,
            "tag": [
              {
                "scope": "application",
                "tag": "app-wld09-test-application"
              }
            ]
          },
          "sensitive_attributes": [],
          "private": "bnVsbA==",
          "dependencies": [
            "module.tags.data.nsxt_policy_vm.vms",
            "module.tags.nsxt_policy_vm_tags.hierarchy_tags"
          ]
        },
        {
          "index_key": "app-wld09-test-database",
          "schema_version": 0,
          "attributes": {
            "conjunction": [],
            "context": [],
            "criteria": [
              {
                "condition": [
                  {
                    "key": "Tag",
                    "member_type": "VirtualMachine",
                    "operator": "EQUALS",
                    "value": "app-wld09-test-database"
                  }
                ],
                "external_id_expression": [],
                "ipaddress_expression": [],
                "macaddress_expression": [],
                "path_expression": []
              }
            ],
            "description": "Group for application app-wld09-test-database",
            "display_name": "app-wld09-test-database",
            "domain": "default",
            "extended_criteria": [],
            "group_type": null,
            "id": "51d7420d-4c23-4237-8b0c-9fb72982133e",
            "nsx_id": "51d7420d-4c23-4237-8b0c-9fb72982133e",
            "path": "/infra/domains/default/groups/51d7420d-4c23-4237-8b0c-9fb72982133e",
            "revision": 0,
            "tag": [
              {
                "scope": "application",
                "tag": "app-wld09-test-database"
              }
            ]
          },
          "sensitive_attributes": [],
          "private": "bnVsbA==",
          "dependencies": [
            "module.tags.data.nsxt_policy_vm.vms",
            "module.tags.nsxt_policy_vm_tags.hierarchy_tags"
          ]
        },
        {
          "index_key": "app-wld09-test-web",
          "schema_version": 0,
          "attributes": {
            "conjunction": [],
            "context": [],
            "criteria": [
              {
                "condition": [
                  {
                    "key": "Tag",
                    "member_type": "VirtualMachine",
                    "operator": "EQUALS",
                    "value": "app-wld09-test-web"
                  }
                ],
                "external_id_expression": [],
                "ipaddress_expression": [],
                "macaddress_expression": [],
                "path_expression": []
              }
            ],
            "description": "Group for application app-wld09-test-web",
            "display_name": "app-wld09-test-web",
            "domain": "default",
            "extended_criteria": [],
            "group_type": null,
            "id": "59f1d281-69ab-498b-ad98-feb7e86814ac",
            "nsx_id": "59f1d281-69ab-498b-ad98-feb7e86814ac",
            "path": "/infra/domains/default/groups/59f1d281-69ab-498b-ad98-feb7e86814ac",
            "revision": 0,
            "tag": [
              {
                "scope": "application",
                "tag": "app-wld09-test-web"
              }
            ]
          },
          "sensitive_attributes": [],
          "private": "bnVsbA==",
          "dependencies": [
            "module.tags.data.nsxt_policy_vm.vms",
            "module.tags.nsxt_policy_vm_tags.hierarchy_tags"
          ]
        }
      ]
    },
    {
      "module": "module.groups",
      "mode": "managed",
      "type": "nsxt_policy_group",
      "name": "emergency_groups",
      "provider": "provider[\"registry.terraform.io/vmware/nsxt\"]",
      "instances": [
        {
          "index_key": "wld09-emergency",
          "schema_version": 0,
          "attributes": {
            "conjunction": [],
            "context": [],
            "criteria": [
              {
                "condition": [
                  {
                    "key": "Tag",
                    "member_type": "VirtualMachine",
                    "operator": "EQUALS",
                    "value": "wld09-emergency"
                  }
                ],
                "external_id_expression": [],
                "ipaddress_expression": [],
                "macaddress_expression": [],
                "path_expression": []
              }
            ],
            "description": "Group for emergency access wld09-emergency",
            "display_name": "wld09-emergency",
            "domain": "default",
            "extended_criteria": [],
            "group_type": null,
            "id": "6bf37f1d-e1de-4bac-acf6-d1baa3d43dcf",
            "nsx_id": "6bf37f1d-e1de-4bac-acf6-d1baa3d43dcf",
            "path": "/infra/domains/default/groups/6bf37f1d-e1de-4bac-acf6-d1baa3d43dcf",
            "revision": 0,
            "tag": [
              {
                "scope": "emergency",
                "tag": "wld09-emergency"
              }
            ]
          },
          "sensitive_attributes": [],
          "private": "bnVsbA==",
          "dependencies": [
            "module.tags.data.nsxt_policy_vm.vms",
            "module.tags.nsxt_policy_vm_tags.hierarchy_tags"
          ]
        }
      ]
    },
    {
      "module": "module.groups",
      "mode": "managed",
      "type": "nsxt_policy_group",
      "name": "environment_groups",
      "provider": "provider[\"registry.terraform.io/vmware/nsxt\"]",
      "instances": [
        {
          "index_key": "env-wld09-prod",
          "schema_version": 0,
          "attributes": {
            "conjunction": [],
            "context": [],
            "criteria": [
              {
                "condition": [
                  {
                    "key": "Tag",
                    "member_type": "VirtualMachine",
                    "operator": "EQUALS",
                    "value": "env-wld09-prod"
                  }
                ],
                "external_id_expression": [],
                "ipaddress_expression": [],
                "macaddress_expression": [],
                "path_expression": []
              }
            ],
            "description": "Group for environment env-wld09-prod",
            "display_name": "env-wld09-prod",
            "domain": "default",
            "extended_criteria": [],
            "group_type": null,
            "id": "dcd13cd7-058b-46d8-815d-df5e9b2ff977",
            "nsx_id": "dcd13cd7-058b-46d8-815d-df5e9b2ff977",
            "path": "/infra/domains/default/groups/dcd13cd7-058b-46d8-815d-df5e9b2ff977",
            "revision": 0,
            "tag": [
              {
                "scope": "environment",
                "tag": "env-wld09-prod"
              }
            ]
          },
          "sensitive_attributes": [],
          "private": "bnVsbA==",
          "dependencies": [
            "module.tags.data.nsxt_policy_vm.vms",
            "module.tags.nsxt_policy_vm_tags.hierarchy_tags"
          ]
        },
        {
          "index_key": "env-wld09-test",
          "schema_version": 0,
          "attributes": {
            "conjunction": [],
            "context": [],
            "criteria": [
              {
                "condition": [
                  {
                    "key": "Tag",
                    "member_type": "VirtualMachine",
                    "operator": "EQUALS",
                    "value": "env-wld09-test"
                  }
                ],
                "external_id_expression": [],
                "ipaddress_expression": [],
                "macaddress_expression": [],
                "path_expression": []
              }
            ],
            "description": "Group for environment env-wld09-test",
            "display_name": "env-wld09-test",
            "domain": "default",
            "extended_criteria": [],
            "group_type": null,
            "id": "51cef606-8aa4-4992-a1d3-72a7735f1da5",
            "nsx_id": "51cef606-8aa4-4992-a1d3-72a7735f1da5",
            "path": "/infra/domains/default/groups/51cef606-8aa4-4992-a1d3-72a7735f1da5",
            "revision": 0,
            "tag": [
              {
                "scope": "environment",
                "tag": "env-wld09-test"
              }
            ]
          },
          "sensitive_attributes": [],
          "private": "bnVsbA==",
          "dependencies": [
            "module.tags.data.nsxt_policy_vm.vms",
            "module.tags.nsxt_policy_vm_tags.hierarchy_tags"
          ]
        }
      ]
    },
    {
      "module": "module.groups",
      "mode": "managed",
      "type": "nsxt_policy_group",
      "name": "external_service_groups",
      "provider": "provider[\"registry.terraform.io/vmware/nsxt\"]",
      "instances": [
        {
          "index_key": "ext-wld09-dns",
          "schema_version": 0,
          "attributes": {
            "conjunction": [],
            "context": [],
            "criteria": [
              {
                "condition": [],
                "external_id_expression": [],
                "ipaddress_expression": [
                  {
                    "ip_addresses": [
                      "192.168.12.10"
                    ]
                  }
                ],
                "macaddress_expression": [],
                "path_expression": []
              }
            ],
            "description": "Group for external service ext-wld09-dns",
            "display_name": "ext-wld09-dns",
            "domain": "default",
            "extended_criteria": [],
            "group_type": null,
            "id": "e14d0091-cd59-47e8-bb7a-2bdb05805723",
            "nsx_id": "e14d0091-cd59-47e8-bb7a-2bdb05805723",
            "path": "/infra/domains/default/groups/e14d0091-cd59-47e8-bb7a-2bdb05805723",
            "revision": 0,
            "tag": [
              {
                "scope": "external",
                "tag": "ext-wld09-dns"
              }
            ]
          },
          "sensitive_attributes": [],
          "private": "bnVsbA==",
          "dependencies": [
            "module.tags.data.nsxt_policy_vm.vms",
            "module.tags.nsxt_policy_vm_tags.hierarchy_tags"
          ]
        },
        {
          "index_key": "ext-wld09-jumphosts",
          "schema_version": 0,
          "attributes": {
            "conjunction": [],
            "context": [],
            "criteria": [
              {
                "condition": [],
                "external_id_expression": [],
                "ipaddress_expression": [
                  {
                    "ip_addresses": [
                      "10.10.89.11"
                    ]
                  }
                ],
                "macaddress_expression": [],
                "path_expression": []
              }
            ],
            "description": "Group for external service ext-wld09-jumphosts",
            "display_name": "ext-wld09-jumphosts",
            "domain": "default",
            "extended_criteria": [],
            "group_type": null,
            "id": "ac364f4a-1912-4a57-a7c7-506f325c35b7",
            "nsx_id": "ac364f4a-1912-4a57-a7c7-506f325c35b7",
            "path": "/infra/domains/default/groups/ac364f4a-1912-4a57-a7c7-506f325c35b7",
            "revision": 0,
            "tag": [
              {
                "scope": "external",
                "tag": "ext-wld09-jumphosts"
              }
            ]
          },
          "sensitive_attributes": [],
          "private": "bnVsbA==",
          "dependencies": [
            "module.tags.data.nsxt_policy_vm.vms",
            "module.tags.nsxt_policy_vm_tags.hierarchy_tags"
          ]
        },
        {
          "index_key": "ext-wld09-ntp",
          "schema_version": 0,
          "attributes": {
            "conjunction": [],
            "context": [],
            "criteria": [
              {
                "condition": [],
                "external_id_expression": [],
                "ipaddress_expression": [
                  {
                    "ip_addresses": [
                      "192.168.12.1"
                    ]
                  }
                ],
                "macaddress_expression": [],
                "path_expression": []
              }
            ],
            "description": "Group for external service ext-wld09-ntp",
            "display_name": "ext-wld09-ntp",
            "domain": "default",
            "extended_criteria": [],
            "group_type": null,
            "id": "ed3f1842-4417-4962-9a66-4b1bd5bd28b5",
            "nsx_id": "ed3f1842-4417-4962-9a66-4b1bd5bd28b5",
            "path": "/infra/domains/default/groups/ed3f1842-4417-4962-9a66-4b1bd5bd28b5",
            "revision": 0,
            "tag": [
              {
                "scope": "external",
                "tag": "ext-wld09-ntp"
              }
            ]
          },
          "sensitive_attributes": [],
          "private": "bnVsbA==",
          "dependencies": [
            "module.tags.data.nsxt_policy_vm.vms",
            "module.tags.nsxt_policy_vm_tags.hierarchy_tags"
          ]
        }
      ]
    },
    {
      "module": "module.groups",
      "mode": "managed",
      "type": "nsxt_policy_group",
      "name": "sub_application_groups",
      "provider": "provider[\"registry.terraform.io/vmware/nsxt\"]",
      "instances": [
        {
          "index_key": "app-wld09-prod-3holapp-application",
          "schema_version": 0,
          "attributes": {
            "conjunction": [],
            "context": [],
            "criteria": [
              {
                "condition": [
                  {
                    "key": "Tag",
                    "member_type": "VirtualMachine",
                    "operator": "EQUALS",
                    "value": "app-wld09-prod-3holapp-application"
                  }
                ],
                "external_id_expression": [],
                "ipaddress_expression": [],
                "macaddress_expression": [],
                "path_expression": []
              }
            ],
            "description": "Group for sub-application app-wld09-prod-3holapp-application",
            "display_name": "app-wld09-prod-3holapp-application",
            "domain": "default",
            "extended_criteria": [],
            "group_type": null,
            "id": "f302fdc9-2069-43ae-82e8-593c5506616b",
            "nsx_id": "f302fdc9-2069-43ae-82e8-593c5506616b",
            "path": "/infra/domains/default/groups/f302fdc9-2069-43ae-82e8-593c5506616b",
            "revision": 0,
            "tag": [
              {
                "scope": "sub-application",
                "tag": "app-wld09-prod-3holapp-application"
              }
            ]
          },
          "sensitive_attributes": [],
          "private": "bnVsbA==",
          "dependencies": [
            "module.tags.data.nsxt_policy_vm.vms",
            "module.tags.nsxt_policy_vm_tags.hierarchy_tags"
          ]
        },
        {
          "index_key": "app-wld09-prod-3holapp-database",
          "schema_version": 0,
          "attributes": {
            "conjunction": [],
            "context": [],
            "criteria": [
              {
                "condition": [
                  {
                    "key": "Tag",
                    "member_type": "VirtualMachine",
                    "operator": "EQUALS",
                    "value": "app-wld09-prod-3holapp-database"
                  }
                ],
                "external_id_expression": [],
                "ipaddress_expression": [],
                "macaddress_expression": [],
                "path_expression": []
              }
            ],
            "description": "Group for sub-application app-wld09-prod-3holapp-database",
            "display_name": "app-wld09-prod-3holapp-database",
            "domain": "default",
            "extended_criteria": [],
            "group_type": null,
            "id": "61b67738-6a36-4b40-9bb1-f7db56832271",
            "nsx_id": "61b67738-6a36-4b40-9bb1-f7db56832271",
            "path": "/infra/domains/default/groups/61b67738-6a36-4b40-9bb1-f7db56832271",
            "revision": 0,
            "tag": [
              {
                "scope": "sub-application",
                "tag": "app-wld09-prod-3holapp-database"
              }
            ]
          },
          "sensitive_attributes": [],
          "private": "bnVsbA==",
          "dependencies": [
            "module.tags.data.nsxt_policy_vm.vms",
            "module.tags.nsxt_policy_vm_tags.hierarchy_tags"
          ]
        },
        {
          "index_key": "app-wld09-prod-3holapp-web",
          "schema_version": 0,
          "attributes": {
            "conjunction": [],
            "context": [],
            "criteria": [
              {
                "condition": [
                  {
                    "key": "Tag",
                    "member_type": "VirtualMachine",
                    "operator": "EQUALS",
                    "value": "app-wld09-prod-3holapp-web"
                  }
                ],
                "external_id_expression": [],
                "ipaddress_expression": [],
                "macaddress_expression": [],
                "path_expression": []
              }
            ],
            "description": "Group for sub-application app-wld09-prod-3holapp-web",
            "display_name": "app-wld09-prod-3holapp-web",
            "domain": "default",
            "extended_criteria": [],
            "group_type": null,
            "id": "426dbee5-5fc4-4b3f-9d58-a29f60d38cb1",
            "nsx_id": "426dbee5-5fc4-4b3f-9d58-a29f60d38cb1",
            "path": "/infra/domains/default/groups/426dbee5-5fc4-4b3f-9d58-a29f60d38cb1",
            "revision": 0,
            "tag": [
              {
                "scope": "sub-application",
                "tag": "app-wld09-prod-3holapp-web"
              }
            ]
          },
          "sensitive_attributes": [],
          "private": "bnVsbA==",
          "dependencies": [
            "module.tags.data.nsxt_policy_vm.vms",
            "module.tags.nsxt_policy_vm_tags.hierarchy_tags"
          ]
        }
      ]
    },
    {
      "module": "module.groups",
      "mode": "managed",
      "type": "nsxt_policy_group",
      "name": "tenant_group",
      "provider": "provider[\"registry.terraform.io/vmware/nsxt\"]",
      "instances": [
        {
          "schema_version": 0,
          "attributes": {
            "conjunction": [],
            "context": [],
            "criteria": [
              {
                "condition": [
                  {
                    "key": "Tag",
                    "member_type": "VirtualMachine",
                    "operator": "EQUALS",
                    "value": "ten-wld09"
                  }
                ],
                "external_id_expression": [],
                "ipaddress_expression": [],
                "macaddress_expression": [],
                "path_expression": []
              }
            ],
            "description": "Group for all VMs in tenant wld09",
            "display_name": "ten-wld09",
            "domain": "default",
            "extended_criteria": [],
            "group_type": null,
            "id": "02df2dbd-e766-4429-9ada-a51ae0b9e56d",
            "nsx_id": "02df2dbd-e766-4429-9ada-a51ae0b9e56d",
            "path": "/infra/domains/default/groups/02df2dbd-e766-4429-9ada-a51ae0b9e56d",
            "revision": 1,
            "tag": [
              {
                "scope": "tenant",
                "tag": "ten-wld09"
              }
            ]
          },
          "sensitive_attributes": [],
          "private": "bnVsbA==",
          "dependencies": [
            "module.tags.data.nsxt_policy_vm.vms",
            "module.tags.nsxt_policy_vm_tags.hierarchy_tags"
          ]
        }
      ]
    },
    {
      "module": "module.policies",
      "mode": "managed",
      "type": "nsxt_policy_security_policy",
      "name": "application_policy",
      "provider": "provider[\"registry.terraform.io/vmware/nsxt\"]",
      "instances": [
        {
          "index_key": 0,
          "schema_version": 0,
          "attributes": {
            "category": "Application",
            "comments": "",
            "context": [],
            "description": "Application security policy for tenant wld09",
            "display_name": "app-wld09-policy",
            "domain": "default",
            "id": "15033a99-9785-4c27-bb2a-946e9c7c4fa3",
            "locked": false,
            "nsx_id": "15033a99-9785-4c27-bb2a-946e9c7c4fa3",
            "path": "/infra/domains/default/security-policies/15033a99-9785-4c27-bb2a-946e9c7c4fa3",
            "revision": 1,
            "rule": [
              {
                "action": "ALLOW",
                "description": "",
                "destination_groups": [
                  "/infra/domains/default/groups/426dbee5-5fc4-4b3f-9d58-a29f60d38cb1",
                  "/infra/domains/default/groups/59f1d281-69ab-498b-ad98-feb7e86814ac",
                  "/infra/domains/default/groups/d60ba925-28c0-4966-a3c6-993690b3f405"
                ],
                "destinations_excluded": false,
                "direction": "IN_OUT",
                "disabled": false,
                "display_name": "Allow jumphost to web servers on port 443",
                "ip_version": "IPV4_IPV6",
                "log_label": "",
                "logged": true,
                "notes": "",
                "nsx_id": "a8473a74-f9cf-4b82-a0d2-8f4a4582cd4c",
                "profiles": [],
                "revision": 0,
                "rule_id": 10268,
                "scope": [],
                "sequence_number": 1,
                "services": [
                  "/infra/services/ca8e843c-47d7-45ca-984e-4298b7199e95"
                ],
                "source_groups": [
                  "/infra/domains/default/groups/ac364f4a-1912-4a57-a7c7-506f325c35b7"
                ],
                "sources_excluded": false,
                "tag": []
              },
              {
                "action": "ALLOW",
                "description": "",
                "destination_groups": [
                  "/infra/domains/default/groups/2f89fd5d-8750-4250-b0f9-a971f7f77090",
                  "/infra/domains/default/groups/59dc4b64-cbd7-4e66-a687-b003d24c40e3",
                  "/infra/domains/default/groups/f302fdc9-2069-43ae-82e8-593c5506616b"
                ],
                "destinations_excluded": false,
                "direction": "IN_OUT",
                "disabled": false,
                "display_name": "Allow web servers to application servers on port 8443",
                "ip_version": "IPV4_IPV6",
                "log_label": "",
                "logged": true,
                "notes": "",
                "nsx_id": "e23a074d-acc0-43a1-ba2f-b99e141fa02d",
                "profiles": [],
                "revision": 0,
                "rule_id": 10269,
                "scope": [],
                "sequence_number": 2,
                "services": [
                  "/infra/services/5360caf5-41ec-4352-91bd-68e77296a8bf"
                ],
                "source_groups": [
                  "/infra/domains/default/groups/426dbee5-5fc4-4b3f-9d58-a29f60d38cb1",
                  "/infra/domains/default/groups/59f1d281-69ab-498b-ad98-feb7e86814ac",
                  "/infra/domains/default/groups/d60ba925-28c0-4966-a3c6-993690b3f405"
                ],
                "sources_excluded": false,
                "tag": []
              },
              {
                "action": "ALLOW",
                "description": "",
                "destination_groups": [
                  "/infra/domains/default/groups/51d7420d-4c23-4237-8b0c-9fb72982133e",
                  "/infra/domains/default/groups/61b67738-6a36-4b40-9bb1-f7db56832271",
                  "/infra/domains/default/groups/849566f3-8ce3-48c8-99e6-2d280a9761dc"
                ],
                "destinations_excluded": false,
                "direction": "IN_OUT",
                "disabled": false,
                "display_name": "Allow application servers to database servers on port 3306",
                "ip_version": "IPV4_IPV6",
                "log_label": "",
                "logged": true,
                "notes": "",
                "nsx_id": "f6675c3d-fd4a-41dd-9534-76cc51bd2ad0",
                "profiles": [],
                "revision": 0,
                "rule_id": 10270,
                "scope": [],
                "sequence_number": 3,
                "services": [
                  "/infra/services/b89515f9-f2a8-4f79-bd53-fdf14b16b03c"
                ],
                "source_groups": [
                  "/infra/domains/default/groups/2f89fd5d-8750-4250-b0f9-a971f7f77090",
                  "/infra/domains/default/groups/59dc4b64-cbd7-4e66-a687-b003d24c40e3",
                  "/infra/domains/default/groups/f302fdc9-2069-43ae-82e8-593c5506616b"
                ],
                "sources_excluded": false,
                "tag": []
              },
              {
                "action": "ALLOW",
                "description": "",
                "destination_groups": [
                  "/infra/domains/default/groups/e14d0091-cd59-47e8-bb7a-2bdb05805723"
                ],
                "destinations_excluded": false,
                "direction": "IN_OUT",
                "disabled": false,
                "display_name": "Allow wld09 servers to external DNS on port 53",
                "ip_version": "IPV4_IPV6",
                "log_label": "",
                "logged": true,
                "notes": "",
                "nsx_id": "e6b08e1f-9902-4148-b28d-c28d6666dde2",
                "profiles": [],
                "revision": 0,
                "rule_id": 10271,
                "scope": [],
                "sequence_number": 4,
                "services": [
                  "/infra/services/96c94237-c953-4cec-b27c-29e28d1bdc18"
                ],
                "source_groups": [
                  "/infra/domains/default/groups/02df2dbd-e766-4429-9ada-a51ae0b9e56d"
                ],
                "sources_excluded": false,
                "tag": []
              }
            ],
            "scope": [],
            "sequence_number": 3,
            "stateful": true,
            "tag": [],
            "tcp_strict": false
          },
          "sensitive_attributes": [],
          "private": "bnVsbA==",
          "dependencies": [
            "module.groups.nsxt_policy_group.application_groups",
            "module.groups.nsxt_policy_group.emergency_groups",
            "module.groups.nsxt_policy_group.environment_groups",
            "module.groups.nsxt_policy_group.external_service_groups",
            "module.groups.nsxt_policy_group.sub_application_groups",
            "module.groups.nsxt_policy_group.tenant_group",
            "module.policies.nsxt_policy_security_policy.emergency_policy",
            "module.policies.nsxt_policy_security_policy.environment_policy",
            "module.services.nsxt_policy_service.service",
            "module.tags.data.nsxt_policy_vm.vms",
            "module.tags.nsxt_policy_vm_tags.hierarchy_tags"
          ]
        }
      ]
    },
    {
      "module": "module.policies",
      "mode": "managed",
      "type": "nsxt_policy_security_policy",
      "name": "emergency_policy",
      "provider": "provider[\"registry.terraform.io/vmware/nsxt\"]",
      "instances": [
        {
          "index_key": 0,
          "schema_version": 0,
          "attributes": {
            "category": "Emergency",
            "comments": "",
            "context": [],
            "description": "Emergency security policy for tenant wld09",
            "display_name": "emergency-wld09-policy",
            "domain": "default",
            "id": "3a5728a2-e651-45c4-8b4a-6a686d2fe5d6",
            "locked": false,
            "nsx_id": "3a5728a2-e651-45c4-8b4a-6a686d2fe5d6",
            "path": "/infra/domains/default/security-policies/3a5728a2-e651-45c4-8b4a-6a686d2fe5d6",
            "revision": 1,
            "rule": [
              {
                "action": "ALLOW",
                "description": "",
                "destination_groups": [],
                "destinations_excluded": false,
                "direction": "IN_OUT",
                "disabled": false,
                "display_name": "Allow emergency rule on VMs with this tag",
                "ip_version": "IPV4_IPV6",
                "log_label": "",
                "logged": true,
                "notes": "",
                "nsx_id": "70b16a57-8e30-4540-b6dd-ef007d8be65f",
                "profiles": [],
                "revision": 0,
                "rule_id": 10265,
                "scope": [],
                "sequence_number": 1,
                "services": [],
                "source_groups": [
                  "/infra/domains/default/groups/6bf37f1d-e1de-4bac-acf6-d1baa3d43dcf"
                ],
                "sources_excluded": false,
                "tag": []
              }
            ],
            "scope": [],
            "sequence_number": 1,
            "stateful": true,
            "tag": [],
            "tcp_strict": false
          },
          "sensitive_attributes": [],
          "private": "bnVsbA==",
          "dependencies": [
            "module.groups.nsxt_policy_group.application_groups",
            "module.groups.nsxt_policy_group.emergency_groups",
            "module.groups.nsxt_policy_group.environment_groups",
            "module.groups.nsxt_policy_group.external_service_groups",
            "module.groups.nsxt_policy_group.sub_application_groups",
            "module.groups.nsxt_policy_group.tenant_group",
            "module.services.nsxt_policy_service.service",
            "module.tags.data.nsxt_policy_vm.vms",
            "module.tags.nsxt_policy_vm_tags.hierarchy_tags"
          ]
        }
      ]
    },
    {
      "module": "module.policies",
      "mode": "managed",
      "type": "nsxt_policy_security_policy",
      "name": "environment_policy",
      "provider": "provider[\"registry.terraform.io/vmware/nsxt\"]",
      "instances": [
        {
          "index_key": 0,
          "schema_version": 0,
          "attributes": {
            "category": "Environment",
            "comments": "",
            "context": [],
            "description": "Environment security policy for tenant wld09",
            "display_name": "env-wld09-policy",
            "domain": "default",
            "id": "ca5c7cc4-56fc-432d-8cf9-df9074bad365",
            "locked": false,
            "nsx_id": "ca5c7cc4-56fc-432d-8cf9-df9074bad365",
            "path": "/infra/domains/default/security-policies/ca5c7cc4-56fc-432d-8cf9-df9074bad365",
            "revision": 1,
            "rule": [
              {
                "action": "ALLOW",
                "description": "",
                "destination_groups": [
                  "/infra/domains/default/groups/51cef606-8aa4-4992-a1d3-72a7735f1da5"
                ],
                "destinations_excluded": false,
                "direction": "IN_OUT",
                "disabled": false,
                "display_name": "Allow prod environment to test environment",
                "ip_version": "IPV4_IPV6",
                "log_label": "",
                "logged": true,
                "notes": "",
                "nsx_id": "3c40d3d4-56f7-4a57-94e7-0feacc3be7dd",
                "profiles": [],
                "revision": 0,
                "rule_id": 10266,
                "scope": [],
                "sequence_number": 1,
                "services": [],
                "source_groups": [
                  "/infra/domains/default/groups/dcd13cd7-058b-46d8-815d-df5e9b2ff977"
                ],
                "sources_excluded": false,
                "tag": []
              },
              {
                "action": "DROP",
                "description": "",
                "destination_groups": [
                  "/infra/domains/default/groups/dcd13cd7-058b-46d8-815d-df5e9b2ff977"
                ],
                "destinations_excluded": false,
                "direction": "IN_OUT",
                "disabled": false,
                "display_name": "Block test environment from prod environment",
                "ip_version": "IPV4_IPV6",
                "log_label": "",
                "logged": true,
                "notes": "",
                "nsx_id": "a355d40d-1386-4602-a075-009721a1edb3",
                "profiles": [],
                "revision": 0,
                "rule_id": 10267,
                "scope": [],
                "sequence_number": 2,
                "services": [],
                "source_groups": [
                  "/infra/domains/default/groups/51cef606-8aa4-4992-a1d3-72a7735f1da5"
                ],
                "sources_excluded": false,
                "tag": []
              }
            ],
            "scope": [],
            "sequence_number": 2,
            "stateful": true,
            "tag": [],
            "tcp_strict": false
          },
          "sensitive_attributes": [],
          "private": "bnVsbA==",
          "dependencies": [
            "module.groups.nsxt_policy_group.application_groups",
            "module.groups.nsxt_policy_group.emergency_groups",
            "module.groups.nsxt_policy_group.environment_groups",
            "module.groups.nsxt_policy_group.external_service_groups",
            "module.groups.nsxt_policy_group.sub_application_groups",
            "module.groups.nsxt_policy_group.tenant_group",
            "module.policies.nsxt_policy_security_policy.emergency_policy",
            "module.services.nsxt_policy_service.service",
            "module.tags.data.nsxt_policy_vm.vms",
            "module.tags.nsxt_policy_vm_tags.hierarchy_tags"
          ]
        }
      ]
    },
    {
      "module": "module.services",
      "mode": "managed",
      "type": "nsxt_policy_service",
      "name": "service",
      "provider": "provider[\"registry.terraform.io/vmware/nsxt\"]",
      "instances": [
        {
          "index_key": "tcp_3306",
          "schema_version": 0,
          "attributes": {
            "algorithm_entry": [],
            "context": [],
            "description": "Service for tcp_3306",
            "display_name": "svc-wld09-tcp_3306",
            "ether_type_entry": [],
            "icmp_entry": [],
            "id": "b89515f9-f2a8-4f79-bd53-fdf14b16b03c",
            "igmp_entry": [],
            "ip_protocol_entry": [],
            "l4_port_set_entry": [
              {
                "description": "",
                "destination_ports": [
                  "3306"
                ],
                "display_name": "port-tcp_3306",
                "protocol": "TCP",
                "source_ports": []
              }
            ],
            "nested_service_entry": [],
            "nsx_id": "b89515f9-f2a8-4f79-bd53-fdf14b16b03c",
            "path": "/infra/services/b89515f9-f2a8-4f79-bd53-fdf14b16b03c",
            "revision": 0,
            "tag": []
          },
          "sensitive_attributes": [],
          "private": "bnVsbA==",
          "dependencies": [
            "module.groups.nsxt_policy_group.application_groups",
            "module.groups.nsxt_policy_group.emergency_groups",
            "module.groups.nsxt_policy_group.environment_groups",
            "module.groups.nsxt_policy_group.external_service_groups",
            "module.groups.nsxt_policy_group.sub_application_groups",
            "module.groups.nsxt_policy_group.tenant_group",
            "module.tags.data.nsxt_policy_vm.vms",
            "module.tags.nsxt_policy_vm_tags.hierarchy_tags"
          ]
        },
        {
          "index_key": "tcp_443",
          "schema_version": 0,
          "attributes": {
            "algorithm_entry": [],
            "context": [],
            "description": "Service for tcp_443",
            "display_name": "svc-wld09-tcp_443",
            "ether_type_entry": [],
            "icmp_entry": [],
            "id": "ca8e843c-47d7-45ca-984e-4298b7199e95",
            "igmp_entry": [],
            "ip_protocol_entry": [],
            "l4_port_set_entry": [
              {
                "description": "",
                "destination_ports": [
                  "443"
                ],
                "display_name": "port-tcp_443",
                "protocol": "TCP",
                "source_ports": []
              }
            ],
            "nested_service_entry": [],
            "nsx_id": "ca8e843c-47d7-45ca-984e-4298b7199e95",
            "path": "/infra/services/ca8e843c-47d7-45ca-984e-4298b7199e95",
            "revision": 0,
            "tag": []
          },
          "sensitive_attributes": [],
          "private": "bnVsbA==",
          "dependencies": [
            "module.groups.nsxt_policy_group.application_groups",
            "module.groups.nsxt_policy_group.emergency_groups",
            "module.groups.nsxt_policy_group.environment_groups",
            "module.groups.nsxt_policy_group.external_service_groups",
            "module.groups.nsxt_policy_group.sub_application_groups",
            "module.groups.nsxt_policy_group.tenant_group",
            "module.tags.data.nsxt_policy_vm.vms",
            "module.tags.nsxt_policy_vm_tags.hierarchy_tags"
          ]
        },
        {
          "index_key": "tcp_8443",
          "schema_version": 0,
          "attributes": {
            "algorithm_entry": [],
            "context": [],
            "description": "Service for tcp_8443",
            "display_name": "svc-wld09-tcp_8443",
            "ether_type_entry": [],
            "icmp_entry": [],
            "id": "5360caf5-41ec-4352-91bd-68e77296a8bf",
            "igmp_entry": [],
            "ip_protocol_entry": [],
            "l4_port_set_entry": [
              {
                "description": "",
                "destination_ports": [
                  "8443"
                ],
                "display_name": "port-tcp_8443",
                "protocol": "TCP",
                "source_ports": []
              }
            ],
            "nested_service_entry": [],
            "nsx_id": "5360caf5-41ec-4352-91bd-68e77296a8bf",
            "path": "/infra/services/5360caf5-41ec-4352-91bd-68e77296a8bf",
            "revision": 0,
            "tag": []
          },
          "sensitive_attributes": [],
          "private": "bnVsbA==",
          "dependencies": [
            "module.groups.nsxt_policy_group.application_groups",
            "module.groups.nsxt_policy_group.emergency_groups",
            "module.groups.nsxt_policy_group.environment_groups",
            "module.groups.nsxt_policy_group.external_service_groups",
            "module.groups.nsxt_policy_group.sub_application_groups",
            "module.groups.nsxt_policy_group.tenant_group",
            "module.tags.data.nsxt_policy_vm.vms",
            "module.tags.nsxt_policy_vm_tags.hierarchy_tags"
          ]
        },
        {
          "index_key": "udp_53",
          "schema_version": 0,
          "attributes": {
            "algorithm_entry": [],
            "context": [],
            "description": "Service for udp_53",
            "display_name": "svc-wld09-udp_53",
            "ether_type_entry": [],
            "icmp_entry": [],
            "id": "96c94237-c953-4cec-b27c-29e28d1bdc18",
            "igmp_entry": [],
            "ip_protocol_entry": [],
            "l4_port_set_entry": [
              {
                "description": "",
                "destination_ports": [
                  "53"
                ],
                "display_name": "port-udp_53",
                "protocol": "UDP",
                "source_ports": []
              }
            ],
            "nested_service_entry": [],
            "nsx_id": "96c94237-c953-4cec-b27c-29e28d1bdc18",
            "path": "/infra/services/96c94237-c953-4cec-b27c-29e28d1bdc18",
            "revision": 0,
            "tag": []
          },
          "sensitive_attributes": [],
          "private": "bnVsbA==",
          "dependencies": [
            "module.groups.nsxt_policy_group.application_groups",
            "module.groups.nsxt_policy_group.emergency_groups",
            "module.groups.nsxt_policy_group.environment_groups",
            "module.groups.nsxt_policy_group.external_service_groups",
            "module.groups.nsxt_policy_group.sub_application_groups",
            "module.groups.nsxt_policy_group.tenant_group",
            "module.tags.data.nsxt_policy_vm.vms",
            "module.tags.nsxt_policy_vm_tags.hierarchy_tags"
          ]
        }
      ]
    },
    {
      "module": "module.tags",
      "mode": "data",
      "type": "nsxt_policy_vm",
      "name": "vms",
      "provider": "provider[\"registry.terraform.io/vmware/nsxt\"]",
      "instances": [
        {
          "index_key": "p-app-01a",
          "schema_version": 0,
          "attributes": {
            "bios_id": "420ed69b-758d-155e-63d7-1aa278448f8e",
            "context": null,
            "description": "",
            "display_name": "p-app-01a",
            "external_id": "500e66ad-6efc-e7fe-6ba3-74d45c3eb94f",
            "id": "500e66ad-6efc-e7fe-6ba3-74d45c3eb94f",
            "instance_id": "500e66ad-6efc-e7fe-6ba3-74d45c3eb94f"
          },
          "sensitive_attributes": []
        },
        {
          "index_key": "p-db-01a",
          "schema_version": 0,
          "attributes": {
            "bios_id": "420e40f9-3ff4-ffdd-bdb5-0233b4f0493f",
            "context": null,
            "description": "",
            "display_name": "p-db-01a",
            "external_id": "500eb8ab-1d7d-8803-906e-b540fdcf7f6f",
            "id": "500eb8ab-1d7d-8803-906e-b540fdcf7f6f",
            "instance_id": "500eb8ab-1d7d-8803-906e-b540fdcf7f6f"
          },
          "sensitive_attributes": []
        },
        {
          "index_key": "p-web-01a",
          "schema_version": 0,
          "attributes": {
            "bios_id": "420e446e-cf67-8086-932a-bbebf4f9537e",
            "context": null,
            "description": "",
            "display_name": "p-web-01a",
            "external_id": "500eedf5-5f28-eed1-6a09-0f558d46ad41",
            "id": "500eedf5-5f28-eed1-6a09-0f558d46ad41",
            "instance_id": "500eedf5-5f28-eed1-6a09-0f558d46ad41"
          },
          "sensitive_attributes": []
        },
        {
          "index_key": "p-web-02a",
          "schema_version": 0,
          "attributes": {
            "bios_id": "420e0373-2d68-d850-c333-c9a5b68a9cd0",
            "context": null,
            "description": "",
            "display_name": "p-web-02a",
            "external_id": "500e4b09-2edf-482e-149b-978b60215a45",
            "id": "500e4b09-2edf-482e-149b-978b60215a45",
            "instance_id": "500e4b09-2edf-482e-149b-978b60215a45"
          },
          "sensitive_attributes": []
        },
        {
          "index_key": "p-web-03a",
          "schema_version": 0,
          "attributes": {
            "bios_id": "420ee229-5d04-f4a0-9a68-4531951a77c1",
            "context": null,
            "description": "",
            "display_name": "p-web-03a",
            "external_id": "500e169f-7231-266a-4c3d-fbd4ddaf246b",
            "id": "500e169f-7231-266a-4c3d-fbd4ddaf246b",
            "instance_id": "500e169f-7231-266a-4c3d-fbd4ddaf246b"
          },
          "sensitive_attributes": []
        },
        {
          "index_key": "t-app-01a",
          "schema_version": 0,
          "attributes": {
            "bios_id": "420ec69b-f0eb-f021-e76a-1ba3f8f3f229",
            "context": null,
            "description": "",
            "display_name": "t-app-01a",
            "external_id": "500e1a06-0bb7-5aa2-230c-73642a3e23c1",
            "id": "500e1a06-0bb7-5aa2-230c-73642a3e23c1",
            "instance_id": "500e1a06-0bb7-5aa2-230c-73642a3e23c1"
          },
          "sensitive_attributes": []
        },
        {
          "index_key": "t-db-01a",
          "schema_version": 0,
          "attributes": {
            "bios_id": "420ee52b-28dc-83eb-4b9a-38b8c52f5acd",
            "context": null,
            "description": "",
            "display_name": "t-db-01a",
            "external_id": "500eaab6-b602-787e-fdde-70c3ee2f655a",
            "id": "500eaab6-b602-787e-fdde-70c3ee2f655a",
            "instance_id": "500eaab6-b602-787e-fdde-70c3ee2f655a"
          },
          "sensitive_attributes": []
        },
        {
          "index_key": "t-web-01a",
          "schema_version": 0,
          "attributes": {
            "bios_id": "420e1dbc-a4d5-1ce2-c6dc-703bfeea8d16",
            "context": null,
            "description": "",
            "display_name": "t-web-01a",
            "external_id": "500ea1c4-d4ce-5ff0-eec5-deaa96bcf00e",
            "id": "500ea1c4-d4ce-5ff0-eec5-deaa96bcf00e",
            "instance_id": "500ea1c4-d4ce-5ff0-eec5-deaa96bcf00e"
          },
          "sensitive_attributes": []
        },
        {
          "index_key": "t-web-02a",
          "schema_version": 0,
          "attributes": {
            "bios_id": "420ed273-30b9-6979-6784-c7f94f425260",
            "context": null,
            "description": "",
            "display_name": "t-web-02a",
            "external_id": "500ebfe0-9f49-a1c6-d5d3-bc0c6a42fc91",
            "id": "500ebfe0-9f49-a1c6-d5d3-bc0c6a42fc91",
            "instance_id": "500ebfe0-9f49-a1c6-d5d3-bc0c6a42fc91"
          },
          "sensitive_attributes": []
        },
        {
          "index_key": "t-web-03a",
          "schema_version": 0,
          "attributes": {
            "bios_id": "420e9c03-8ab0-6020-c7ff-ef4f8e691da9",
            "context": null,
            "description": "",
            "display_name": "t-web-03a",
            "external_id": "500e4809-32b4-cbb5-bece-e59d5dc1e4aa",
            "id": "500e4809-32b4-cbb5-bece-e59d5dc1e4aa",
            "instance_id": "500e4809-32b4-cbb5-bece-e59d5dc1e4aa"
          },
          "sensitive_attributes": []
        }
      ]
    },
    {
      "module": "module.tags",
      "mode": "managed",
      "type": "nsxt_policy_vm_tags",
      "name": "hierarchy_tags",
      "provider": "provider[\"registry.terraform.io/vmware/nsxt\"]",
      "instances": [
        {
          "index_key": "p-app-01a",
          "schema_version": 0,
          "attributes": {
            "context": [],
            "id": "500e66ad-6efc-e7fe-6ba3-74d45c3eb94f",
            "instance_id": "500e66ad-6efc-e7fe-6ba3-74d45c3eb94f",
            "port": [],
            "tag": [
              {
                "scope": "application",
                "tag": "app-wld09-prod-application"
              },
              {
                "scope": "environment",
                "tag": "env-wld09-prod"
              },
              {
                "scope": "sub-application",
                "tag": "app-wld09-prod-3holapp-application"
              },
              {
                "scope": "tenant",
                "tag": "ten-wld09"
              }
            ]
          },
          "sensitive_attributes": [],
          "private": "bnVsbA==",
          "dependencies": [
            "module.tags.data.nsxt_policy_vm.vms"
          ]
        },
        {
          "index_key": "p-db-01a",
          "schema_version": 0,
          "attributes": {
            "context": [],
            "id": "500eb8ab-1d7d-8803-906e-b540fdcf7f6f",
            "instance_id": "500eb8ab-1d7d-8803-906e-b540fdcf7f6f",
            "port": [],
            "tag": [
              {
                "scope": "application",
                "tag": "app-wld09-prod-database"
              },
              {
                "scope": "emergency",
                "tag": "emergency"
              },
              {
                "scope": "environment",
                "tag": "env-wld09-prod"
              },
              {
                "scope": "sub-application",
                "tag": "app-wld09-prod-3holapp-database"
              },
              {
                "scope": "tenant",
                "tag": "ten-wld09"
              }
            ]
          },
          "sensitive_attributes": [],
          "private": "bnVsbA==",
          "dependencies": [
            "module.tags.data.nsxt_policy_vm.vms"
          ]
        },
        {
          "index_key": "p-web-01a",
          "schema_version": 0,
          "attributes": {
            "context": [],
            "id": "500eedf5-5f28-eed1-6a09-0f558d46ad41",
            "instance_id": "500eedf5-5f28-eed1-6a09-0f558d46ad41",
            "port": [],
            "tag": [
              {
                "scope": "application",
                "tag": "app-wld09-prod-web"
              },
              {
                "scope": "environment",
                "tag": "env-wld09-prod"
              },
              {
                "scope": "sub-application",
                "tag": "app-wld09-prod-3holapp-web"
              },
              {
                "scope": "tenant",
                "tag": "ten-wld09"
              }
            ]
          },
          "sensitive_attributes": [],
          "private": "bnVsbA==",
          "dependencies": [
            "module.tags.data.nsxt_policy_vm.vms"
          ]
        },
        {
          "index_key": "p-web-02a",
          "schema_version": 0,
          "attributes": {
            "context": [],
            "id": "500e4b09-2edf-482e-149b-978b60215a45",
            "instance_id": "500e4b09-2edf-482e-149b-978b60215a45",
            "port": [],
            "tag": [
              {
                "scope": "application",
                "tag": "app-wld09-prod-web"
              },
              {
                "scope": "environment",
                "tag": "env-wld09-prod"
              },
              {
                "scope": "sub-application",
                "tag": "app-wld09-prod-3holapp-web"
              },
              {
                "scope": "tenant",
                "tag": "ten-wld09"
              }
            ]
          },
          "sensitive_attributes": [],
          "private": "bnVsbA==",
          "dependencies": [
            "module.tags.data.nsxt_policy_vm.vms"
          ]
        },
        {
          "index_key": "p-web-03a",
          "schema_version": 0,
          "attributes": {
            "context": [],
            "id": "500e169f-7231-266a-4c3d-fbd4ddaf246b",
            "instance_id": "500e169f-7231-266a-4c3d-fbd4ddaf246b",
            "port": [],
            "tag": [
              {
                "scope": "application",
                "tag": "app-wld09-prod-web"
              },
              {
                "scope": "environment",
                "tag": "env-wld09-prod"
              },
              {
                "scope": "sub-application",
                "tag": "app-wld09-prod-3holapp-web"
              },
              {
                "scope": "tenant",
                "tag": "ten-wld09"
              }
            ]
          },
          "sensitive_attributes": [],
          "private": "bnVsbA==",
          "dependencies": [
            "module.tags.data.nsxt_policy_vm.vms"
          ]
        },
        {
          "index_key": "t-app-01a",
          "schema_version": 0,
          "attributes": {
            "context": [],
            "id": "500e1a06-0bb7-5aa2-230c-73642a3e23c1",
            "instance_id": "500e1a06-0bb7-5aa2-230c-73642a3e23c1",
            "port": [],
            "tag": [
              {
                "scope": "application",
                "tag": "app-wld09-test-application"
              },
              {
                "scope": "environment",
                "tag": "env-wld09-test"
              },
              {
                "scope": "tenant",
                "tag": "ten-wld09"
              }
            ]
          },
          "sensitive_attributes": [],
          "private": "bnVsbA==",
          "dependencies": [
            "module.tags.data.nsxt_policy_vm.vms"
          ]
        },
        {
          "index_key": "t-db-01a",
          "schema_version": 0,
          "attributes": {
            "context": [],
            "id": "500eaab6-b602-787e-fdde-70c3ee2f655a",
            "instance_id": "500eaab6-b602-787e-fdde-70c3ee2f655a",
            "port": [],
            "tag": [
              {
                "scope": "application",
                "tag": "app-wld09-test-database"
              },
              {
                "scope": "emergency",
                "tag": "emergency"
              },
              {
                "scope": "environment",
                "tag": "env-wld09-test"
              },
              {
                "scope": "tenant",
                "tag": "ten-wld09"
              }
            ]
          },
          "sensitive_attributes": [],
          "private": "bnVsbA==",
          "dependencies": [
            "module.tags.data.nsxt_policy_vm.vms"
          ]
        },
        {
          "index_key": "t-web-01a",
          "schema_version": 0,
          "attributes": {
            "context": [],
            "id": "500ea1c4-d4ce-5ff0-eec5-deaa96bcf00e",
            "instance_id": "500ea1c4-d4ce-5ff0-eec5-deaa96bcf00e",
            "port": [],
            "tag": [
              {
                "scope": "application",
                "tag": "app-wld09-test-web"
              },
              {
                "scope": "environment",
                "tag": "env-wld09-test"
              },
              {
                "scope": "tenant",
                "tag": "ten-wld09"
              }
            ]
          },
          "sensitive_attributes": [],
          "private": "bnVsbA==",
          "dependencies": [
            "module.tags.data.nsxt_policy_vm.vms"
          ]
        },
        {
          "index_key": "t-web-02a",
          "schema_version": 0,
          "attributes": {
            "context": [],
            "id": "500ebfe0-9f49-a1c6-d5d3-bc0c6a42fc91",
            "instance_id": "500ebfe0-9f49-a1c6-d5d3-bc0c6a42fc91",
            "port": [],
            "tag": [
              {
                "scope": "application",
                "tag": "app-wld09-test-web"
              },
              {
                "scope": "environment",
                "tag": "env-wld09-test"
              },
              {
                "scope": "tenant",
                "tag": "ten-wld09"
              }
            ]
          },
          "sensitive_attributes": [],
          "private": "bnVsbA==",
          "dependencies": [
            "module.tags.data.nsxt_policy_vm.vms"
          ]
        },
        {
          "index_key": "t-web-03a",
          "schema_version": 0,
          "attributes": {
            "context": [],
            "id": "500e4809-32b4-cbb5-bece-e59d5dc1e4aa",
            "instance_id": "500e4809-32b4-cbb5-bece-e59d5dc1e4aa",
            "port": [],
            "tag": [
              {
                "scope": "application",
                "tag": "app-wld09-test-web"
              },
              {
                "scope": "environment",
                "tag": "env-wld09-test"
              },
              {
                "scope": "tenant",
                "tag": "ten-wld09"
              }
            ]
          },
          "sensitive_attributes": [],
          "private": "bnVsbA==",
          "dependencies": [
            "module.tags.data.nsxt_policy_vm.vms"
          ]
        }
      ]
    }
  ],
  "check_results": null
}
