{
  "version": 4,
  "terraform_version": "1.11.4",
  "serial": 1172,
  "lineage": "9ac51c63-2cea-057c-32cc-4845105746d3",
  "outputs": {
    "application_groups": {
      "value": {
        "wld09": {
          "app-wld09-prod-3holapp": "/infra/domains/default/groups/638b9765-6f63-4908-b0be-63c8da6b850f",
          "app-wld09-prod-application": "/infra/domains/default/groups/d16d714d-3a46-4f35-8e85-6919ca3ee3da",
          "app-wld09-prod-database": "/infra/domains/default/groups/4cece5e6-4c33-4e69-acd7-aa9e760199fb",
          "app-wld09-prod-web": "/infra/domains/default/groups/f9bc3397-0732-4762-aa58-b56f769ba66c",
          "app-wld09-test-application": "/infra/domains/default/groups/810da591-4cce-4308-81e9-bdcd1726412a",
          "app-wld09-test-database": "/infra/domains/default/groups/e1f98412-2516-422a-a03a-604d9f596c46",
          "app-wld09-test-web": "/infra/domains/default/groups/09bef7a5-ac75-415d-a82b-541df9733176"
        },
        "wld10": {
          "app-wld10-acc-application": "/infra/domains/default/groups/7f9741cb-e223-47a9-b2ef-06c9ee49e7df",
          "app-wld10-acc-database": "/infra/domains/default/groups/af5fd113-23ae-43ed-b6a8-3dec9dc48257",
          "app-wld10-acc-web": "/infra/domains/default/groups/c0954394-f39e-43a8-854c-5bd394acdfa8",
          "app-wld10-dev-3holapp": "/infra/domains/default/groups/b3d1aa7f-8a21-489e-a616-65c5ca756296",
          "app-wld10-dev-application": "/infra/domains/default/groups/4f57ed1a-0c7b-4953-a485-a29041131835",
          "app-wld10-dev-database": "/infra/domains/default/groups/7df362c4-4435-4c7b-8044-32b1126c66f9",
          "app-wld10-dev-web": "/infra/domains/default/groups/f6f08343-6d13-4fdd-883a-a8a27723b13b"
        }
      },
      "type": [
        "object",
        {
          "wld09": [
            "object",
            {
              "app-wld09-prod-3holapp": "string",
              "app-wld09-prod-application": "string",
              "app-wld09-prod-database": "string",
              "app-wld09-prod-web": "string",
              "app-wld09-test-application": "string",
              "app-wld09-test-database": "string",
              "app-wld09-test-web": "string"
            }
          ],
          "wld10": [
            "object",
            {
              "app-wld10-acc-application": "string",
              "app-wld10-acc-database": "string",
              "app-wld10-acc-web": "string",
              "app-wld10-dev-3holapp": "string",
              "app-wld10-dev-application": "string",
              "app-wld10-dev-database": "string",
              "app-wld10-dev-web": "string"
            }
          ]
        }
      ]
    },
    "environment_groups": {
      "value": {
        "wld09": {
          "env-wld09-prod": "/infra/domains/default/groups/dbdeffed-2144-4b6d-a30f-c5b13ba78223",
          "env-wld09-test": "/infra/domains/default/groups/32673451-56cc-43ce-b6db-954b9ded108d"
        },
        "wld10": {
          "env-wld10-acc": "/infra/domains/default/groups/f97e7e85-2fc9-4faa-a944-1eb253b1e636",
          "env-wld10-dev": "/infra/domains/default/groups/8c250c81-255b-47d8-a9ef-f06ca3257a0b"
        }
      },
      "type": [
        "object",
        {
          "wld09": [
            "object",
            {
              "env-wld09-prod": "string",
              "env-wld09-test": "string"
            }
          ],
          "wld10": [
            "object",
            {
              "env-wld10-acc": "string",
              "env-wld10-dev": "string"
            }
          ]
        }
      ]
    },
    "services": {
      "value": {
        "wld09": {
          "ICMPv4": {
            "display_name": "ICMPv4-ALL",
            "id": "ICMPv4-ALL",
            "path": "/infra/services/ICMPv4-ALL"
          },
          "Microsoft SQL Server": {
            "display_name": "Microsoft SQL Server",
            "id": "Microsoft_SQL_Server",
            "path": "/infra/services/Microsoft_SQL_Server"
          },
          "tcp_3306": {
            "display_name": "svc-wld09-tcp_3306",
            "id": "b5c3951b-eec1-41c5-895c-15f884484f90",
            "path": "/infra/services/b5c3951b-eec1-41c5-895c-15f884484f90"
          },
          "tcp_443": {
            "display_name": "svc-wld09-tcp_443",
            "id": "93c430d4-3e29-4795-869d-357f5d5996a5",
            "path": "/infra/services/93c430d4-3e29-4795-869d-357f5d5996a5"
          },
          "tcp_8443": {
            "display_name": "svc-wld09-tcp_8443",
            "id": "15b5c45d-375f-49c1-925f-8d49e245ca54",
            "path": "/infra/services/15b5c45d-375f-49c1-925f-8d49e245ca54"
          },
          "udp_53": {
            "display_name": "svc-wld09-udp_53",
            "id": "ac566d4c-2aa5-4a7b-81ff-a2c78ea8a051",
            "path": "/infra/services/ac566d4c-2aa5-4a7b-81ff-a2c78ea8a051"
          }
        },
        "wld10": {
          "tcp_3306": {
            "display_name": "svc-wld10-tcp_3306",
            "id": "c782f67f-c2ee-4709-aa38-d3c95c88b4ca",
            "path": "/infra/services/c782f67f-c2ee-4709-aa38-d3c95c88b4ca"
          },
          "tcp_443": {
            "display_name": "svc-wld10-tcp_443",
            "id": "d2bf1173-e23f-4c6a-8384-5dec6e0e4909",
            "path": "/infra/services/d2bf1173-e23f-4c6a-8384-5dec6e0e4909"
          },
          "tcp_8443": {
            "display_name": "svc-wld10-tcp_8443",
            "id": "4c2aa097-a697-4a1f-b4fc-a2828eab55b8",
            "path": "/infra/services/4c2aa097-a697-4a1f-b4fc-a2828eab55b8"
          },
          "udp_53": {
            "display_name": "svc-wld10-udp_53",
            "id": "920d1f07-1177-4e58-a9d6-121b8f889c38",
            "path": "/infra/services/920d1f07-1177-4e58-a9d6-121b8f889c38"
          }
        }
      },
      "type": [
        "object",
        {
          "wld09": [
            "object",
            {
              "ICMPv4": [
                "object",
                {
                  "display_name": "string",
                  "id": "string",
                  "path": "string"
                }
              ],
              "Microsoft SQL Server": [
                "object",
                {
                  "display_name": "string",
                  "id": "string",
                  "path": "string"
                }
              ],
              "tcp_3306": [
                "object",
                {
                  "display_name": "string",
                  "id": "string",
                  "path": "string"
                }
              ],
              "tcp_443": [
                "object",
                {
                  "display_name": "string",
                  "id": "string",
                  "path": "string"
                }
              ],
              "tcp_8443": [
                "object",
                {
                  "display_name": "string",
                  "id": "string",
                  "path": "string"
                }
              ],
              "udp_53": [
                "object",
                {
                  "display_name": "string",
                  "id": "string",
                  "path": "string"
                }
              ]
            }
          ],
          "wld10": [
            "object",
            {
              "tcp_3306": [
                "object",
                {
                  "display_name": "string",
                  "id": "string",
                  "path": "string"
                }
              ],
              "tcp_443": [
                "object",
                {
                  "display_name": "string",
                  "id": "string",
                  "path": "string"
                }
              ],
              "tcp_8443": [
                "object",
                {
                  "display_name": "string",
                  "id": "string",
                  "path": "string"
                }
              ],
              "udp_53": [
                "object",
                {
                  "display_name": "string",
                  "id": "string",
                  "path": "string"
                }
              ]
            }
          ]
        }
      ]
    },
    "tenant_group_ids": {
      "value": {
        "wld09": "/infra/domains/default/groups/b2370fdd-ec42-485f-81cf-1e03c4616325",
        "wld10": "/infra/domains/default/groups/5205f061-d9e5-4ca7-bfe9-1b8f41462a24"
      },
      "type": [
        "object",
        {
          "wld09": "string",
          "wld10": "string"
        }
      ]
    },
    "tenant_tags": {
      "value": {
        "wld09": "ten-wld09",
        "wld10": "ten-wld10"
      },
      "type": [
        "object",
        {
          "wld09": "string",
          "wld10": "string"
        }
      ]
    },
    "tenant_vms": {
      "value": {
        "wld09": [
          "p-app-01a",
          "p-db-01a",
          "p-web-01a",
          "p-web-02a",
          "p-web-03a"
        ],
        "wld10": [
          "d-app-01a",
          "d-db-01a",
          "d-web-01a",
          "d-web-02a",
          "d-web-03a"
        ]
      },
      "type": [
        "object",
        {
          "wld09": [
            "tuple",
            [
              "string",
              "string",
              "string",
              "string",
              "string"
            ]
          ],
          "wld10": [
            "tuple",
            [
              "string",
              "string",
              "string",
              "string",
              "string"
            ]
          ]
        }
      ]
    }
  },
  "resources": [
    {
      "module": "module.groups[\"wld09\"]",
      "mode": "managed",
      "type": "nsxt_policy_group",
      "name": "application_groups",
      "provider": "provider[\"registry.terraform.io/vmware/nsxt\"]",
      "instances": [
        {
          "index_key": "app-wld09-prod-3holapp",
          "schema_version": 0,
          "attributes": {
            "conjunction": [],
            "context": [],
            "criteria": [
              {
                "condition": [
                  {
                    "key": "Tag",
                    "member_type": "VirtualMachine",
                    "operator": "EQUALS",
                    "value": "app-wld09-prod-3holapp"
                  }
                ],
                "external_id_expression": [],
                "ipaddress_expression": [],
                "macaddress_expression": [],
                "path_expression": []
              }
            ],
            "description": "Group for application app-wld09-prod-3holapp",
            "display_name": "app-wld09-prod-3holapp",
            "domain": "default",
            "extended_criteria": [],
            "group_type": null,
            "id": "638b9765-6f63-4908-b0be-63c8da6b850f",
            "nsx_id": "638b9765-6f63-4908-b0be-63c8da6b850f",
            "path": "/infra/domains/default/groups/638b9765-6f63-4908-b0be-63c8da6b850f",
            "revision": 0,
            "tag": [
              {
                "scope": "application",
                "tag": "app-wld09-prod-3holapp"
              }
            ]
          },
          "sensitive_attributes": [],
          "private": "bnVsbA==",
          "dependencies": [
            "module.tags.data.nsxt_policy_vm.vms",
            "module.tags.nsxt_policy_vm_tags.hierarchy_tags"
          ]
        },
        {
          "index_key": "app-wld09-prod-application",
          "schema_version": 0,
          "attributes": {
            "conjunction": [],
            "context": [],
            "criteria": [
              {
                "condition": [
                  {
                    "key": "Tag",
                    "member_type": "VirtualMachine",
                    "operator": "EQUALS",
                    "value": "app-wld09-prod-application"
                  }
                ],
                "external_id_expression": [],
                "ipaddress_expression": [],
                "macaddress_expression": [],
                "path_expression": []
              }
            ],
            "description": "Group for application app-wld09-prod-application",
            "display_name": "app-wld09-prod-application",
            "domain": "default",
            "extended_criteria": [],
            "group_type": null,
            "id": "d16d714d-3a46-4f35-8e85-6919ca3ee3da",
            "nsx_id": "d16d714d-3a46-4f35-8e85-6919ca3ee3da",
            "path": "/infra/domains/default/groups/d16d714d-3a46-4f35-8e85-6919ca3ee3da",
            "revision": 0,
            "tag": [
              {
                "scope": "application",
                "tag": "app-wld09-prod-application"
              }
            ]
          },
          "sensitive_attributes": [],
          "private": "bnVsbA==",
          "dependencies": [
            "module.tags.data.nsxt_policy_vm.vms",
            "module.tags.nsxt_policy_vm_tags.hierarchy_tags"
          ]
        },
        {
          "index_key": "app-wld09-prod-database",
          "schema_version": 0,
          "attributes": {
            "conjunction": [],
            "context": [],
            "criteria": [
              {
                "condition": [
                  {
                    "key": "Tag",
                    "member_type": "VirtualMachine",
                    "operator": "EQUALS",
                    "value": "app-wld09-prod-database"
                  }
                ],
                "external_id_expression": [],
                "ipaddress_expression": [],
                "macaddress_expression": [],
                "path_expression": []
              }
            ],
            "description": "Group for application app-wld09-prod-database",
            "display_name": "app-wld09-prod-database",
            "domain": "default",
            "extended_criteria": [],
            "group_type": null,
            "id": "4cece5e6-4c33-4e69-acd7-aa9e760199fb",
            "nsx_id": "4cece5e6-4c33-4e69-acd7-aa9e760199fb",
            "path": "/infra/domains/default/groups/4cece5e6-4c33-4e69-acd7-aa9e760199fb",
            "revision": 0,
            "tag": [
              {
                "scope": "application",
                "tag": "app-wld09-prod-database"
              }
            ]
          },
          "sensitive_attributes": [],
          "private": "bnVsbA==",
          "dependencies": [
            "module.tags.data.nsxt_policy_vm.vms",
            "module.tags.nsxt_policy_vm_tags.hierarchy_tags"
          ]
        },
        {
          "index_key": "app-wld09-prod-web",
          "schema_version": 0,
          "attributes": {
            "conjunction": [],
            "context": [],
            "criteria": [
              {
                "condition": [
                  {
                    "key": "Tag",
                    "member_type": "VirtualMachine",
                    "operator": "EQUALS",
                    "value": "app-wld09-prod-web"
                  }
                ],
                "external_id_expression": [],
                "ipaddress_expression": [],
                "macaddress_expression": [],
                "path_expression": []
              }
            ],
            "description": "Group for application app-wld09-prod-web",
            "display_name": "app-wld09-prod-web",
            "domain": "default",
            "extended_criteria": [],
            "group_type": null,
            "id": "f9bc3397-0732-4762-aa58-b56f769ba66c",
            "nsx_id": "f9bc3397-0732-4762-aa58-b56f769ba66c",
            "path": "/infra/domains/default/groups/f9bc3397-0732-4762-aa58-b56f769ba66c",
            "revision": 0,
            "tag": [
              {
                "scope": "application",
                "tag": "app-wld09-prod-web"
              }
            ]
          },
          "sensitive_attributes": [],
          "private": "bnVsbA==",
          "dependencies": [
            "module.tags.data.nsxt_policy_vm.vms",
            "module.tags.nsxt_policy_vm_tags.hierarchy_tags"
          ]
        },
        {
          "index_key": "app-wld09-test-application",
          "schema_version": 0,
          "attributes": {
            "conjunction": [],
            "context": [],
            "criteria": [
              {
                "condition": [
                  {
                    "key": "Tag",
                    "member_type": "VirtualMachine",
                    "operator": "EQUALS",
                    "value": "app-wld09-test-application"
                  }
                ],
                "external_id_expression": [],
                "ipaddress_expression": [],
                "macaddress_expression": [],
                "path_expression": []
              }
            ],
            "description": "Group for application app-wld09-test-application",
            "display_name": "app-wld09-test-application",
            "domain": "default",
            "extended_criteria": [],
            "group_type": null,
            "id": "810da591-4cce-4308-81e9-bdcd1726412a",
            "nsx_id": "810da591-4cce-4308-81e9-bdcd1726412a",
            "path": "/infra/domains/default/groups/810da591-4cce-4308-81e9-bdcd1726412a",
            "revision": 0,
            "tag": [
              {
                "scope": "application",
                "tag": "app-wld09-test-application"
              }
            ]
          },
          "sensitive_attributes": [],
          "private": "bnVsbA==",
          "dependencies": [
            "module.tags.data.nsxt_policy_vm.vms",
            "module.tags.nsxt_policy_vm_tags.hierarchy_tags"
          ]
        },
        {
          "index_key": "app-wld09-test-database",
          "schema_version": 0,
          "attributes": {
            "conjunction": [],
            "context": [],
            "criteria": [
              {
                "condition": [
                  {
                    "key": "Tag",
                    "member_type": "VirtualMachine",
                    "operator": "EQUALS",
                    "value": "app-wld09-test-database"
                  }
                ],
                "external_id_expression": [],
                "ipaddress_expression": [],
                "macaddress_expression": [],
                "path_expression": []
              }
            ],
            "description": "Group for application app-wld09-test-database",
            "display_name": "app-wld09-test-database",
            "domain": "default",
            "extended_criteria": [],
            "group_type": null,
            "id": "e1f98412-2516-422a-a03a-604d9f596c46",
            "nsx_id": "e1f98412-2516-422a-a03a-604d9f596c46",
            "path": "/infra/domains/default/groups/e1f98412-2516-422a-a03a-604d9f596c46",
            "revision": 0,
            "tag": [
              {
                "scope": "application",
                "tag": "app-wld09-test-database"
              }
            ]
          },
          "sensitive_attributes": [],
          "private": "bnVsbA==",
          "dependencies": [
            "module.tags.data.nsxt_policy_vm.vms",
            "module.tags.nsxt_policy_vm_tags.hierarchy_tags"
          ]
        },
        {
          "index_key": "app-wld09-test-web",
          "schema_version": 0,
          "attributes": {
            "conjunction": [],
            "context": [],
            "criteria": [
              {
                "condition": [
                  {
                    "key": "Tag",
                    "member_type": "VirtualMachine",
                    "operator": "EQUALS",
                    "value": "app-wld09-test-web"
                  }
                ],
                "external_id_expression": [],
                "ipaddress_expression": [],
                "macaddress_expression": [],
                "path_expression": []
              }
            ],
            "description": "Group for application app-wld09-test-web",
            "display_name": "app-wld09-test-web",
            "domain": "default",
            "extended_criteria": [],
            "group_type": null,
            "id": "09bef7a5-ac75-415d-a82b-541df9733176",
            "nsx_id": "09bef7a5-ac75-415d-a82b-541df9733176",
            "path": "/infra/domains/default/groups/09bef7a5-ac75-415d-a82b-541df9733176",
            "revision": 0,
            "tag": [
              {
                "scope": "application",
                "tag": "app-wld09-test-web"
              }
            ]
          },
          "sensitive_attributes": [],
          "private": "bnVsbA==",
          "dependencies": [
            "module.tags.data.nsxt_policy_vm.vms",
            "module.tags.nsxt_policy_vm_tags.hierarchy_tags"
          ]
        }
      ]
    },
    {
      "module": "module.groups[\"wld09\"]",
      "mode": "managed",
      "type": "nsxt_policy_group",
      "name": "emergency_groups",
      "provider": "provider[\"registry.terraform.io/vmware/nsxt\"]",
      "instances": [
        {
          "index_key": "emg-wld09",
          "schema_version": 0,
          "attributes": {
            "conjunction": [],
            "context": [],
            "criteria": [
              {
                "condition": [
                  {
                    "key": "Tag",
                    "member_type": "VirtualMachine",
                    "operator": "EQUALS",
                    "value": "emg-wld09"
                  }
                ],
                "external_id_expression": [],
                "ipaddress_expression": [],
                "macaddress_expression": [],
                "path_expression": []
              }
            ],
            "description": "Group for emergency access emg-wld09",
            "display_name": "emg-wld09",
            "domain": "default",
            "extended_criteria": [],
            "group_type": null,
            "id": "f59794ec-300a-40c1-8116-59657c487715",
            "nsx_id": "f59794ec-300a-40c1-8116-59657c487715",
            "path": "/infra/domains/default/groups/f59794ec-300a-40c1-8116-59657c487715",
            "revision": 0,
            "tag": [
              {
                "scope": "emergency",
                "tag": "emg-wld09"
              }
            ]
          },
          "sensitive_attributes": [],
          "private": "bnVsbA==",
          "dependencies": [
            "module.tags.data.nsxt_policy_vm.vms",
            "module.tags.nsxt_policy_vm_tags.hierarchy_tags"
          ]
        }
      ]
    },
    {
      "module": "module.groups[\"wld09\"]",
      "mode": "managed",
      "type": "nsxt_policy_group",
      "name": "environment_groups",
      "provider": "provider[\"registry.terraform.io/vmware/nsxt\"]",
      "instances": [
        {
          "index_key": "env-wld09-prod",
          "schema_version": 0,
          "attributes": {
            "conjunction": [],
            "context": [],
            "criteria": [
              {
                "condition": [
                  {
                    "key": "Tag",
                    "member_type": "VirtualMachine",
                    "operator": "EQUALS",
                    "value": "env-wld09-prod"
                  }
                ],
                "external_id_expression": [],
                "ipaddress_expression": [],
                "macaddress_expression": [],
                "path_expression": []
              }
            ],
            "description": "Group for environment env-wld09-prod",
            "display_name": "env-wld09-prod",
            "domain": "default",
            "extended_criteria": [],
            "group_type": null,
            "id": "dbdeffed-2144-4b6d-a30f-c5b13ba78223",
            "nsx_id": "dbdeffed-2144-4b6d-a30f-c5b13ba78223",
            "path": "/infra/domains/default/groups/dbdeffed-2144-4b6d-a30f-c5b13ba78223",
            "revision": 0,
            "tag": [
              {
                "scope": "environment",
                "tag": "env-wld09-prod"
              }
            ]
          },
          "sensitive_attributes": [],
          "private": "bnVsbA==",
          "dependencies": [
            "module.tags.data.nsxt_policy_vm.vms",
            "module.tags.nsxt_policy_vm_tags.hierarchy_tags"
          ]
        },
        {
          "index_key": "env-wld09-test",
          "schema_version": 0,
          "attributes": {
            "conjunction": [],
            "context": [],
            "criteria": [
              {
                "condition": [
                  {
                    "key": "Tag",
                    "member_type": "VirtualMachine",
                    "operator": "EQUALS",
                    "value": "env-wld09-test"
                  }
                ],
                "external_id_expression": [],
                "ipaddress_expression": [],
                "macaddress_expression": [],
                "path_expression": []
              }
            ],
            "description": "Group for environment env-wld09-test",
            "display_name": "env-wld09-test",
            "domain": "default",
            "extended_criteria": [],
            "group_type": null,
            "id": "32673451-56cc-43ce-b6db-954b9ded108d",
            "nsx_id": "32673451-56cc-43ce-b6db-954b9ded108d",
            "path": "/infra/domains/default/groups/32673451-56cc-43ce-b6db-954b9ded108d",
            "revision": 0,
            "tag": [
              {
                "scope": "environment",
                "tag": "env-wld09-test"
              }
            ]
          },
          "sensitive_attributes": [],
          "private": "bnVsbA==",
          "dependencies": [
            "module.tags.data.nsxt_policy_vm.vms",
            "module.tags.nsxt_policy_vm_tags.hierarchy_tags"
          ]
        }
      ]
    },
    {
      "module": "module.groups[\"wld09\"]",
      "mode": "managed",
      "type": "nsxt_policy_group",
      "name": "external_service_groups",
      "provider": "provider[\"registry.terraform.io/vmware/nsxt\"]",
      "instances": [
        {
          "index_key": "ext-wld09-dns",
          "schema_version": 0,
          "attributes": {
            "conjunction": [],
            "context": [],
            "criteria": [
              {
                "condition": [],
                "external_id_expression": [],
                "ipaddress_expression": [
                  {
                    "ip_addresses": [
                      "192.168.12.10"
                    ]
                  }
                ],
                "macaddress_expression": [],
                "path_expression": []
              }
            ],
            "description": "Group for external service ext-wld09-dns",
            "display_name": "ext-wld09-dns",
            "domain": "default",
            "extended_criteria": [],
            "group_type": null,
            "id": "d887cee5-2c78-4bc7-ab09-8ea53ef0822a",
            "nsx_id": "d887cee5-2c78-4bc7-ab09-8ea53ef0822a",
            "path": "/infra/domains/default/groups/d887cee5-2c78-4bc7-ab09-8ea53ef0822a",
            "revision": 0,
            "tag": [
              {
                "scope": "external",
                "tag": "ext-wld09-dns"
              }
            ]
          },
          "sensitive_attributes": [],
          "private": "bnVsbA==",
          "dependencies": [
            "module.tags.data.nsxt_policy_vm.vms",
            "module.tags.nsxt_policy_vm_tags.hierarchy_tags"
          ]
        },
        {
          "index_key": "ext-wld09-jumphosts",
          "schema_version": 0,
          "attributes": {
            "conjunction": [],
            "context": [],
            "criteria": [
              {
                "condition": [],
                "external_id_expression": [],
                "ipaddress_expression": [
                  {
                    "ip_addresses": [
                      "10.10.89.11"
                    ]
                  }
                ],
                "macaddress_expression": [],
                "path_expression": []
              }
            ],
            "description": "Group for external service ext-wld09-jumphosts",
            "display_name": "ext-wld09-jumphosts",
            "domain": "default",
            "extended_criteria": [],
            "group_type": null,
            "id": "cfae461b-4982-489f-aee4-4a9897955ec2",
            "nsx_id": "cfae461b-4982-489f-aee4-4a9897955ec2",
            "path": "/infra/domains/default/groups/cfae461b-4982-489f-aee4-4a9897955ec2",
            "revision": 0,
            "tag": [
              {
                "scope": "external",
                "tag": "ext-wld09-jumphosts"
              }
            ]
          },
          "sensitive_attributes": [],
          "private": "bnVsbA==",
          "dependencies": [
            "module.tags.data.nsxt_policy_vm.vms",
            "module.tags.nsxt_policy_vm_tags.hierarchy_tags"
          ]
        },
        {
          "index_key": "ext-wld09-ntp",
          "schema_version": 0,
          "attributes": {
            "conjunction": [],
            "context": [],
            "criteria": [
              {
                "condition": [],
                "external_id_expression": [],
                "ipaddress_expression": [
                  {
                    "ip_addresses": [
                      "192.168.12.1"
                    ]
                  }
                ],
                "macaddress_expression": [],
                "path_expression": []
              }
            ],
            "description": "Group for external service ext-wld09-ntp",
            "display_name": "ext-wld09-ntp",
            "domain": "default",
            "extended_criteria": [],
            "group_type": null,
            "id": "fac1e6da-0d6e-4a66-8be3-d03c49659351",
            "nsx_id": "fac1e6da-0d6e-4a66-8be3-d03c49659351",
            "path": "/infra/domains/default/groups/fac1e6da-0d6e-4a66-8be3-d03c49659351",
            "revision": 0,
            "tag": [
              {
                "scope": "external",
                "tag": "ext-wld09-ntp"
              }
            ]
          },
          "sensitive_attributes": [],
          "private": "bnVsbA==",
          "dependencies": [
            "module.tags.data.nsxt_policy_vm.vms",
            "module.tags.nsxt_policy_vm_tags.hierarchy_tags"
          ]
        }
      ]
    },
    {
      "module": "module.groups[\"wld09\"]",
      "mode": "managed",
      "type": "nsxt_policy_group",
      "name": "sub_application_groups",
      "provider": "provider[\"registry.terraform.io/vmware/nsxt\"]",
      "instances": [
        {
          "index_key": "app-wld09-prod-3holapp-application",
          "schema_version": 0,
          "attributes": {
            "conjunction": [],
            "context": [],
            "criteria": [
              {
                "condition": [
                  {
                    "key": "Tag",
                    "member_type": "VirtualMachine",
                    "operator": "EQUALS",
                    "value": "app-wld09-prod-3holapp-application"
                  }
                ],
                "external_id_expression": [],
                "ipaddress_expression": [],
                "macaddress_expression": [],
                "path_expression": []
              }
            ],
            "description": "Group for sub-application app-wld09-prod-3holapp-application",
            "display_name": "app-wld09-prod-3holapp-application",
            "domain": "default",
            "extended_criteria": [],
            "group_type": null,
            "id": "b8690a43-9aa2-414e-af7b-c3e0069bdc92",
            "nsx_id": "b8690a43-9aa2-414e-af7b-c3e0069bdc92",
            "path": "/infra/domains/default/groups/b8690a43-9aa2-414e-af7b-c3e0069bdc92",
            "revision": 0,
            "tag": [
              {
                "scope": "sub-application",
                "tag": "app-wld09-prod-3holapp-application"
              }
            ]
          },
          "sensitive_attributes": [],
          "private": "bnVsbA==",
          "dependencies": [
            "module.tags.data.nsxt_policy_vm.vms",
            "module.tags.nsxt_policy_vm_tags.hierarchy_tags"
          ]
        },
        {
          "index_key": "app-wld09-prod-3holapp-database",
          "schema_version": 0,
          "attributes": {
            "conjunction": [],
            "context": [],
            "criteria": [
              {
                "condition": [
                  {
                    "key": "Tag",
                    "member_type": "VirtualMachine",
                    "operator": "EQUALS",
                    "value": "app-wld09-prod-3holapp-database"
                  }
                ],
                "external_id_expression": [],
                "ipaddress_expression": [],
                "macaddress_expression": [],
                "path_expression": []
              }
            ],
            "description": "Group for sub-application app-wld09-prod-3holapp-database",
            "display_name": "app-wld09-prod-3holapp-database",
            "domain": "default",
            "extended_criteria": [],
            "group_type": null,
            "id": "6a9945a3-4c53-4aea-9342-12017b60a34b",
            "nsx_id": "6a9945a3-4c53-4aea-9342-12017b60a34b",
            "path": "/infra/domains/default/groups/6a9945a3-4c53-4aea-9342-12017b60a34b",
            "revision": 0,
            "tag": [
              {
                "scope": "sub-application",
                "tag": "app-wld09-prod-3holapp-database"
              }
            ]
          },
          "sensitive_attributes": [],
          "private": "bnVsbA==",
          "dependencies": [
            "module.tags.data.nsxt_policy_vm.vms",
            "module.tags.nsxt_policy_vm_tags.hierarchy_tags"
          ]
        },
        {
          "index_key": "app-wld09-prod-3holapp-web",
          "schema_version": 0,
          "attributes": {
            "conjunction": [],
            "context": [],
            "criteria": [
              {
                "condition": [
                  {
                    "key": "Tag",
                    "member_type": "VirtualMachine",
                    "operator": "EQUALS",
                    "value": "app-wld09-prod-3holapp-web"
                  }
                ],
                "external_id_expression": [],
                "ipaddress_expression": [],
                "macaddress_expression": [],
                "path_expression": []
              }
            ],
            "description": "Group for sub-application app-wld09-prod-3holapp-web",
            "display_name": "app-wld09-prod-3holapp-web",
            "domain": "default",
            "extended_criteria": [],
            "group_type": null,
            "id": "504d0dcc-bb42-450e-ad3f-d93c5a21e955",
            "nsx_id": "504d0dcc-bb42-450e-ad3f-d93c5a21e955",
            "path": "/infra/domains/default/groups/504d0dcc-bb42-450e-ad3f-d93c5a21e955",
            "revision": 0,
            "tag": [
              {
                "scope": "sub-application",
                "tag": "app-wld09-prod-3holapp-web"
              }
            ]
          },
          "sensitive_attributes": [],
          "private": "bnVsbA==",
          "dependencies": [
            "module.tags.data.nsxt_policy_vm.vms",
            "module.tags.nsxt_policy_vm_tags.hierarchy_tags"
          ]
        }
      ]
    },
    {
      "module": "module.groups[\"wld09\"]",
      "mode": "managed",
      "type": "nsxt_policy_group",
      "name": "tenant_group",
      "provider": "provider[\"registry.terraform.io/vmware/nsxt\"]",
      "instances": [
        {
          "schema_version": 0,
          "attributes": {
            "conjunction": [],
            "context": [],
            "criteria": [
              {
                "condition": [
                  {
                    "key": "Tag",
                    "member_type": "VirtualMachine",
                    "operator": "EQUALS",
                    "value": "ten-wld09"
                  }
                ],
                "external_id_expression": [],
                "ipaddress_expression": [],
                "macaddress_expression": [],
                "path_expression": []
              }
            ],
            "description": "Group for all VMs in tenant wld09",
            "display_name": "ten-wld09",
            "domain": "default",
            "extended_criteria": [],
            "group_type": null,
            "id": "b2370fdd-ec42-485f-81cf-1e03c4616325",
            "nsx_id": "b2370fdd-ec42-485f-81cf-1e03c4616325",
            "path": "/infra/domains/default/groups/b2370fdd-ec42-485f-81cf-1e03c4616325",
            "revision": 0,
            "tag": [
              {
                "scope": "tenant",
                "tag": "ten-wld09"
              }
            ]
          },
          "sensitive_attributes": [],
          "private": "bnVsbA==",
          "dependencies": [
            "module.tags.data.nsxt_policy_vm.vms",
            "module.tags.nsxt_policy_vm_tags.hierarchy_tags"
          ]
        }
      ]
    },
    {
      "module": "module.groups[\"wld10\"]",
      "mode": "managed",
      "type": "nsxt_policy_group",
      "name": "application_groups",
      "provider": "provider[\"registry.terraform.io/vmware/nsxt\"]",
      "instances": [
        {
          "index_key": "app-wld10-acc-application",
          "schema_version": 0,
          "attributes": {
            "conjunction": [],
            "context": [],
            "criteria": [
              {
                "condition": [
                  {
                    "key": "Tag",
                    "member_type": "VirtualMachine",
                    "operator": "EQUALS",
                    "value": "app-wld10-acc-application"
                  }
                ],
                "external_id_expression": [],
                "ipaddress_expression": [],
                "macaddress_expression": [],
                "path_expression": []
              }
            ],
            "description": "Group for application app-wld10-acc-application",
            "display_name": "app-wld10-acc-application",
            "domain": "default",
            "extended_criteria": [],
            "group_type": null,
            "id": "7f9741cb-e223-47a9-b2ef-06c9ee49e7df",
            "nsx_id": "7f9741cb-e223-47a9-b2ef-06c9ee49e7df",
            "path": "/infra/domains/default/groups/7f9741cb-e223-47a9-b2ef-06c9ee49e7df",
            "revision": 0,
            "tag": [
              {
                "scope": "application",
                "tag": "app-wld10-acc-application"
              }
            ]
          },
          "sensitive_attributes": [],
          "private": "bnVsbA==",
          "dependencies": [
            "module.tags.data.nsxt_policy_vm.vms",
            "module.tags.nsxt_policy_vm_tags.hierarchy_tags"
          ]
        },
        {
          "index_key": "app-wld10-acc-database",
          "schema_version": 0,
          "attributes": {
            "conjunction": [],
            "context": [],
            "criteria": [
              {
                "condition": [
                  {
                    "key": "Tag",
                    "member_type": "VirtualMachine",
                    "operator": "EQUALS",
                    "value": "app-wld10-acc-database"
                  }
                ],
                "external_id_expression": [],
                "ipaddress_expression": [],
                "macaddress_expression": [],
                "path_expression": []
              }
            ],
            "description": "Group for application app-wld10-acc-database",
            "display_name": "app-wld10-acc-database",
            "domain": "default",
            "extended_criteria": [],
            "group_type": null,
            "id": "af5fd113-23ae-43ed-b6a8-3dec9dc48257",
            "nsx_id": "af5fd113-23ae-43ed-b6a8-3dec9dc48257",
            "path": "/infra/domains/default/groups/af5fd113-23ae-43ed-b6a8-3dec9dc48257",
            "revision": 0,
            "tag": [
              {
                "scope": "application",
                "tag": "app-wld10-acc-database"
              }
            ]
          },
          "sensitive_attributes": [],
          "private": "bnVsbA==",
          "dependencies": [
            "module.tags.data.nsxt_policy_vm.vms",
            "module.tags.nsxt_policy_vm_tags.hierarchy_tags"
          ]
        },
        {
          "index_key": "app-wld10-acc-web",
          "schema_version": 0,
          "attributes": {
            "conjunction": [],
            "context": [],
            "criteria": [
              {
                "condition": [
                  {
                    "key": "Tag",
                    "member_type": "VirtualMachine",
                    "operator": "EQUALS",
                    "value": "app-wld10-acc-web"
                  }
                ],
                "external_id_expression": [],
                "ipaddress_expression": [],
                "macaddress_expression": [],
                "path_expression": []
              }
            ],
            "description": "Group for application app-wld10-acc-web",
            "display_name": "app-wld10-acc-web",
            "domain": "default",
            "extended_criteria": [],
            "group_type": null,
            "id": "c0954394-f39e-43a8-854c-5bd394acdfa8",
            "nsx_id": "c0954394-f39e-43a8-854c-5bd394acdfa8",
            "path": "/infra/domains/default/groups/c0954394-f39e-43a8-854c-5bd394acdfa8",
            "revision": 0,
            "tag": [
              {
                "scope": "application",
                "tag": "app-wld10-acc-web"
              }
            ]
          },
          "sensitive_attributes": [],
          "private": "bnVsbA==",
          "dependencies": [
            "module.tags.data.nsxt_policy_vm.vms",
            "module.tags.nsxt_policy_vm_tags.hierarchy_tags"
          ]
        },
        {
          "index_key": "app-wld10-dev-3holapp",
          "schema_version": 0,
          "attributes": {
            "conjunction": [],
            "context": [],
            "criteria": [
              {
                "condition": [
                  {
                    "key": "Tag",
                    "member_type": "VirtualMachine",
                    "operator": "EQUALS",
                    "value": "app-wld10-dev-3holapp"
                  }
                ],
                "external_id_expression": [],
                "ipaddress_expression": [],
                "macaddress_expression": [],
                "path_expression": []
              }
            ],
            "description": "Group for application app-wld10-dev-3holapp",
            "display_name": "app-wld10-dev-3holapp",
            "domain": "default",
            "extended_criteria": [],
            "group_type": null,
            "id": "b3d1aa7f-8a21-489e-a616-65c5ca756296",
            "nsx_id": "b3d1aa7f-8a21-489e-a616-65c5ca756296",
            "path": "/infra/domains/default/groups/b3d1aa7f-8a21-489e-a616-65c5ca756296",
            "revision": 0,
            "tag": [
              {
                "scope": "application",
                "tag": "app-wld10-dev-3holapp"
              }
            ]
          },
          "sensitive_attributes": [],
          "private": "bnVsbA==",
          "dependencies": [
            "module.tags.data.nsxt_policy_vm.vms",
            "module.tags.nsxt_policy_vm_tags.hierarchy_tags"
          ]
        },
        {
          "index_key": "app-wld10-dev-application",
          "schema_version": 0,
          "attributes": {
            "conjunction": [],
            "context": [],
            "criteria": [
              {
                "condition": [
                  {
                    "key": "Tag",
                    "member_type": "VirtualMachine",
                    "operator": "EQUALS",
                    "value": "app-wld10-dev-application"
                  }
                ],
                "external_id_expression": [],
                "ipaddress_expression": [],
                "macaddress_expression": [],
                "path_expression": []
              }
            ],
            "description": "Group for application app-wld10-dev-application",
            "display_name": "app-wld10-dev-application",
            "domain": "default",
            "extended_criteria": [],
            "group_type": null,
            "id": "4f57ed1a-0c7b-4953-a485-a29041131835",
            "nsx_id": "4f57ed1a-0c7b-4953-a485-a29041131835",
            "path": "/infra/domains/default/groups/4f57ed1a-0c7b-4953-a485-a29041131835",
            "revision": 0,
            "tag": [
              {
                "scope": "application",
                "tag": "app-wld10-dev-application"
              }
            ]
          },
          "sensitive_attributes": [],
          "private": "bnVsbA==",
          "dependencies": [
            "module.tags.data.nsxt_policy_vm.vms",
            "module.tags.nsxt_policy_vm_tags.hierarchy_tags"
          ]
        },
        {
          "index_key": "app-wld10-dev-database",
          "schema_version": 0,
          "attributes": {
            "conjunction": [],
            "context": [],
            "criteria": [
              {
                "condition": [
                  {
                    "key": "Tag",
                    "member_type": "VirtualMachine",
                    "operator": "EQUALS",
                    "value": "app-wld10-dev-database"
                  }
                ],
                "external_id_expression": [],
                "ipaddress_expression": [],
                "macaddress_expression": [],
                "path_expression": []
              }
            ],
            "description": "Group for application app-wld10-dev-database",
            "display_name": "app-wld10-dev-database",
            "domain": "default",
            "extended_criteria": [],
            "group_type": null,
            "id": "7df362c4-4435-4c7b-8044-32b1126c66f9",
            "nsx_id": "7df362c4-4435-4c7b-8044-32b1126c66f9",
            "path": "/infra/domains/default/groups/7df362c4-4435-4c7b-8044-32b1126c66f9",
            "revision": 0,
            "tag": [
              {
                "scope": "application",
                "tag": "app-wld10-dev-database"
              }
            ]
          },
          "sensitive_attributes": [],
          "private": "bnVsbA==",
          "dependencies": [
            "module.tags.data.nsxt_policy_vm.vms",
            "module.tags.nsxt_policy_vm_tags.hierarchy_tags"
          ]
        },
        {
          "index_key": "app-wld10-dev-web",
          "schema_version": 0,
          "attributes": {
            "conjunction": [],
            "context": [],
            "criteria": [
              {
                "condition": [
                  {
                    "key": "Tag",
                    "member_type": "VirtualMachine",
                    "operator": "EQUALS",
                    "value": "app-wld10-dev-web"
                  }
                ],
                "external_id_expression": [],
                "ipaddress_expression": [],
                "macaddress_expression": [],
                "path_expression": []
              }
            ],
            "description": "Group for application app-wld10-dev-web",
            "display_name": "app-wld10-dev-web",
            "domain": "default",
            "extended_criteria": [],
            "group_type": null,
            "id": "f6f08343-6d13-4fdd-883a-a8a27723b13b",
            "nsx_id": "f6f08343-6d13-4fdd-883a-a8a27723b13b",
            "path": "/infra/domains/default/groups/f6f08343-6d13-4fdd-883a-a8a27723b13b",
            "revision": 0,
            "tag": [
              {
                "scope": "application",
                "tag": "app-wld10-dev-web"
              }
            ]
          },
          "sensitive_attributes": [],
          "private": "bnVsbA==",
          "dependencies": [
            "module.tags.data.nsxt_policy_vm.vms",
            "module.tags.nsxt_policy_vm_tags.hierarchy_tags"
          ]
        }
      ]
    },
    {
      "module": "module.groups[\"wld10\"]",
      "mode": "managed",
      "type": "nsxt_policy_group",
      "name": "emergency_groups",
      "provider": "provider[\"registry.terraform.io/vmware/nsxt\"]",
      "instances": [
        {
          "index_key": "emg-wld10",
          "schema_version": 0,
          "attributes": {
            "conjunction": [],
            "context": [],
            "criteria": [
              {
                "condition": [
                  {
                    "key": "Tag",
                    "member_type": "VirtualMachine",
                    "operator": "EQUALS",
                    "value": "emg-wld10"
                  }
                ],
                "external_id_expression": [],
                "ipaddress_expression": [],
                "macaddress_expression": [],
                "path_expression": []
              }
            ],
            "description": "Group for emergency access emg-wld10",
            "display_name": "emg-wld10",
            "domain": "default",
            "extended_criteria": [],
            "group_type": null,
            "id": "fd5ad439-8928-49a6-89f3-dda9f60cce8d",
            "nsx_id": "fd5ad439-8928-49a6-89f3-dda9f60cce8d",
            "path": "/infra/domains/default/groups/fd5ad439-8928-49a6-89f3-dda9f60cce8d",
            "revision": 0,
            "tag": [
              {
                "scope": "emergency",
                "tag": "emg-wld10"
              }
            ]
          },
          "sensitive_attributes": [],
          "private": "bnVsbA==",
          "dependencies": [
            "module.tags.data.nsxt_policy_vm.vms",
            "module.tags.nsxt_policy_vm_tags.hierarchy_tags"
          ]
        }
      ]
    },
    {
      "module": "module.groups[\"wld10\"]",
      "mode": "managed",
      "type": "nsxt_policy_group",
      "name": "environment_groups",
      "provider": "provider[\"registry.terraform.io/vmware/nsxt\"]",
      "instances": [
        {
          "index_key": "env-wld10-acc",
          "schema_version": 0,
          "attributes": {
            "conjunction": [],
            "context": [],
            "criteria": [
              {
                "condition": [
                  {
                    "key": "Tag",
                    "member_type": "VirtualMachine",
                    "operator": "EQUALS",
                    "value": "env-wld10-acc"
                  }
                ],
                "external_id_expression": [],
                "ipaddress_expression": [],
                "macaddress_expression": [],
                "path_expression": []
              }
            ],
            "description": "Group for environment env-wld10-acc",
            "display_name": "env-wld10-acc",
            "domain": "default",
            "extended_criteria": [],
            "group_type": null,
            "id": "f97e7e85-2fc9-4faa-a944-1eb253b1e636",
            "nsx_id": "f97e7e85-2fc9-4faa-a944-1eb253b1e636",
            "path": "/infra/domains/default/groups/f97e7e85-2fc9-4faa-a944-1eb253b1e636",
            "revision": 0,
            "tag": [
              {
                "scope": "environment",
                "tag": "env-wld10-acc"
              }
            ]
          },
          "sensitive_attributes": [],
          "private": "bnVsbA==",
          "dependencies": [
            "module.tags.data.nsxt_policy_vm.vms",
            "module.tags.nsxt_policy_vm_tags.hierarchy_tags"
          ]
        },
        {
          "index_key": "env-wld10-dev",
          "schema_version": 0,
          "attributes": {
            "conjunction": [],
            "context": [],
            "criteria": [
              {
                "condition": [
                  {
                    "key": "Tag",
                    "member_type": "VirtualMachine",
                    "operator": "EQUALS",
                    "value": "env-wld10-dev"
                  }
                ],
                "external_id_expression": [],
                "ipaddress_expression": [],
                "macaddress_expression": [],
                "path_expression": []
              }
            ],
            "description": "Group for environment env-wld10-dev",
            "display_name": "env-wld10-dev",
            "domain": "default",
            "extended_criteria": [],
            "group_type": null,
            "id": "8c250c81-255b-47d8-a9ef-f06ca3257a0b",
            "nsx_id": "8c250c81-255b-47d8-a9ef-f06ca3257a0b",
            "path": "/infra/domains/default/groups/8c250c81-255b-47d8-a9ef-f06ca3257a0b",
            "revision": 0,
            "tag": [
              {
                "scope": "environment",
                "tag": "env-wld10-dev"
              }
            ]
          },
          "sensitive_attributes": [],
          "private": "bnVsbA==",
          "dependencies": [
            "module.tags.data.nsxt_policy_vm.vms",
            "module.tags.nsxt_policy_vm_tags.hierarchy_tags"
          ]
        }
      ]
    },
    {
      "module": "module.groups[\"wld10\"]",
      "mode": "managed",
      "type": "nsxt_policy_group",
      "name": "external_service_groups",
      "provider": "provider[\"registry.terraform.io/vmware/nsxt\"]",
      "instances": [
        {
          "index_key": "ext-wld10-dns",
          "schema_version": 0,
          "attributes": {
            "conjunction": [],
            "context": [],
            "criteria": [
              {
                "condition": [],
                "external_id_expression": [],
                "ipaddress_expression": [
                  {
                    "ip_addresses": [
                      "192.168.12.10"
                    ]
                  }
                ],
                "macaddress_expression": [],
                "path_expression": []
              }
            ],
            "description": "Group for external service ext-wld10-dns",
            "display_name": "ext-wld10-dns",
            "domain": "default",
            "extended_criteria": [],
            "group_type": null,
            "id": "4df89b56-050a-44a8-a802-6590b1515715",
            "nsx_id": "4df89b56-050a-44a8-a802-6590b1515715",
            "path": "/infra/domains/default/groups/4df89b56-050a-44a8-a802-6590b1515715",
            "revision": 0,
            "tag": [
              {
                "scope": "external",
                "tag": "ext-wld10-dns"
              }
            ]
          },
          "sensitive_attributes": [],
          "private": "bnVsbA==",
          "dependencies": [
            "module.tags.data.nsxt_policy_vm.vms",
            "module.tags.nsxt_policy_vm_tags.hierarchy_tags"
          ]
        },
        {
          "index_key": "ext-wld10-jumphosts",
          "schema_version": 0,
          "attributes": {
            "conjunction": [],
            "context": [],
            "criteria": [
              {
                "condition": [],
                "external_id_expression": [],
                "ipaddress_expression": [
                  {
                    "ip_addresses": [
                      "10.10.89.11"
                    ]
                  }
                ],
                "macaddress_expression": [],
                "path_expression": []
              }
            ],
            "description": "Group for external service ext-wld10-jumphosts",
            "display_name": "ext-wld10-jumphosts",
            "domain": "default",
            "extended_criteria": [],
            "group_type": null,
            "id": "b2beb72a-1589-449d-98c8-22a3a5bc76c2",
            "nsx_id": "b2beb72a-1589-449d-98c8-22a3a5bc76c2",
            "path": "/infra/domains/default/groups/b2beb72a-1589-449d-98c8-22a3a5bc76c2",
            "revision": 0,
            "tag": [
              {
                "scope": "external",
                "tag": "ext-wld10-jumphosts"
              }
            ]
          },
          "sensitive_attributes": [],
          "private": "bnVsbA==",
          "dependencies": [
            "module.tags.data.nsxt_policy_vm.vms",
            "module.tags.nsxt_policy_vm_tags.hierarchy_tags"
          ]
        },
        {
          "index_key": "ext-wld10-ntp",
          "schema_version": 0,
          "attributes": {
            "conjunction": [],
            "context": [],
            "criteria": [
              {
                "condition": [],
                "external_id_expression": [],
                "ipaddress_expression": [
                  {
                    "ip_addresses": [
                      "192.168.12.1"
                    ]
                  }
                ],
                "macaddress_expression": [],
                "path_expression": []
              }
            ],
            "description": "Group for external service ext-wld10-ntp",
            "display_name": "ext-wld10-ntp",
            "domain": "default",
            "extended_criteria": [],
            "group_type": null,
            "id": "17090a2d-b113-44bd-9779-83cd32f386b1",
            "nsx_id": "17090a2d-b113-44bd-9779-83cd32f386b1",
            "path": "/infra/domains/default/groups/17090a2d-b113-44bd-9779-83cd32f386b1",
            "revision": 0,
            "tag": [
              {
                "scope": "external",
                "tag": "ext-wld10-ntp"
              }
            ]
          },
          "sensitive_attributes": [],
          "private": "bnVsbA==",
          "dependencies": [
            "module.tags.data.nsxt_policy_vm.vms",
            "module.tags.nsxt_policy_vm_tags.hierarchy_tags"
          ]
        }
      ]
    },
    {
      "module": "module.groups[\"wld10\"]",
      "mode": "managed",
      "type": "nsxt_policy_group",
      "name": "sub_application_groups",
      "provider": "provider[\"registry.terraform.io/vmware/nsxt\"]",
      "instances": [
        {
          "index_key": "app-wld10-dev-3holapp-application",
          "schema_version": 0,
          "attributes": {
            "conjunction": [],
            "context": [],
            "criteria": [
              {
                "condition": [
                  {
                    "key": "Tag",
                    "member_type": "VirtualMachine",
                    "operator": "EQUALS",
                    "value": "app-wld10-dev-3holapp-application"
                  }
                ],
                "external_id_expression": [],
                "ipaddress_expression": [],
                "macaddress_expression": [],
                "path_expression": []
              }
            ],
            "description": "Group for sub-application app-wld10-dev-3holapp-application",
            "display_name": "app-wld10-dev-3holapp-application",
            "domain": "default",
            "extended_criteria": [],
            "group_type": null,
            "id": "6e163864-98d0-47ac-ac44-7f64308e50f1",
            "nsx_id": "6e163864-98d0-47ac-ac44-7f64308e50f1",
            "path": "/infra/domains/default/groups/6e163864-98d0-47ac-ac44-7f64308e50f1",
            "revision": 0,
            "tag": [
              {
                "scope": "sub-application",
                "tag": "app-wld10-dev-3holapp-application"
              }
            ]
          },
          "sensitive_attributes": [],
          "private": "bnVsbA==",
          "dependencies": [
            "module.tags.data.nsxt_policy_vm.vms",
            "module.tags.nsxt_policy_vm_tags.hierarchy_tags"
          ]
        },
        {
          "index_key": "app-wld10-dev-3holapp-database",
          "schema_version": 0,
          "attributes": {
            "conjunction": [],
            "context": [],
            "criteria": [
              {
                "condition": [
                  {
                    "key": "Tag",
                    "member_type": "VirtualMachine",
                    "operator": "EQUALS",
                    "value": "app-wld10-dev-3holapp-database"
                  }
                ],
                "external_id_expression": [],
                "ipaddress_expression": [],
                "macaddress_expression": [],
                "path_expression": []
              }
            ],
            "description": "Group for sub-application app-wld10-dev-3holapp-database",
            "display_name": "app-wld10-dev-3holapp-database",
            "domain": "default",
            "extended_criteria": [],
            "group_type": null,
            "id": "eeb1b286-ce00-4794-92aa-d295848e84e8",
            "nsx_id": "eeb1b286-ce00-4794-92aa-d295848e84e8",
            "path": "/infra/domains/default/groups/eeb1b286-ce00-4794-92aa-d295848e84e8",
            "revision": 0,
            "tag": [
              {
                "scope": "sub-application",
                "tag": "app-wld10-dev-3holapp-database"
              }
            ]
          },
          "sensitive_attributes": [],
          "private": "bnVsbA==",
          "dependencies": [
            "module.tags.data.nsxt_policy_vm.vms",
            "module.tags.nsxt_policy_vm_tags.hierarchy_tags"
          ]
        },
        {
          "index_key": "app-wld10-dev-3holapp-web",
          "schema_version": 0,
          "attributes": {
            "conjunction": [],
            "context": [],
            "criteria": [
              {
                "condition": [
                  {
                    "key": "Tag",
                    "member_type": "VirtualMachine",
                    "operator": "EQUALS",
                    "value": "app-wld10-dev-3holapp-web"
                  }
                ],
                "external_id_expression": [],
                "ipaddress_expression": [],
                "macaddress_expression": [],
                "path_expression": []
              }
            ],
            "description": "Group for sub-application app-wld10-dev-3holapp-web",
            "display_name": "app-wld10-dev-3holapp-web",
            "domain": "default",
            "extended_criteria": [],
            "group_type": null,
            "id": "30a9decb-f629-4822-87f9-0cd632fea391",
            "nsx_id": "30a9decb-f629-4822-87f9-0cd632fea391",
            "path": "/infra/domains/default/groups/30a9decb-f629-4822-87f9-0cd632fea391",
            "revision": 0,
            "tag": [
              {
                "scope": "sub-application",
                "tag": "app-wld10-dev-3holapp-web"
              }
            ]
          },
          "sensitive_attributes": [],
          "private": "bnVsbA==",
          "dependencies": [
            "module.tags.data.nsxt_policy_vm.vms",
            "module.tags.nsxt_policy_vm_tags.hierarchy_tags"
          ]
        }
      ]
    },
    {
      "module": "module.groups[\"wld10\"]",
      "mode": "managed",
      "type": "nsxt_policy_group",
      "name": "tenant_group",
      "provider": "provider[\"registry.terraform.io/vmware/nsxt\"]",
      "instances": [
        {
          "schema_version": 0,
          "attributes": {
            "conjunction": [],
            "context": [],
            "criteria": [
              {
                "condition": [
                  {
                    "key": "Tag",
                    "member_type": "VirtualMachine",
                    "operator": "EQUALS",
                    "value": "ten-wld10"
                  }
                ],
                "external_id_expression": [],
                "ipaddress_expression": [],
                "macaddress_expression": [],
                "path_expression": []
              }
            ],
            "description": "Group for all VMs in tenant wld10",
            "display_name": "ten-wld10",
            "domain": "default",
            "extended_criteria": [],
            "group_type": null,
            "id": "5205f061-d9e5-4ca7-bfe9-1b8f41462a24",
            "nsx_id": "5205f061-d9e5-4ca7-bfe9-1b8f41462a24",
            "path": "/infra/domains/default/groups/5205f061-d9e5-4ca7-bfe9-1b8f41462a24",
            "revision": 0,
            "tag": [
              {
                "scope": "tenant",
                "tag": "ten-wld10"
              }
            ]
          },
          "sensitive_attributes": [],
          "private": "bnVsbA==",
          "dependencies": [
            "module.tags.data.nsxt_policy_vm.vms",
            "module.tags.nsxt_policy_vm_tags.hierarchy_tags"
          ]
        }
      ]
    },
    {
      "module": "module.policies[\"wld09\"]",
      "mode": "managed",
      "type": "nsxt_policy_security_policy",
      "name": "application_policy",
      "provider": "provider[\"registry.terraform.io/vmware/nsxt\"]",
      "instances": [
        {
          "index_key": 0,
          "schema_version": 0,
          "attributes": {
            "category": "Application",
            "comments": "",
            "context": [],
            "description": "Application security policy for tenant wld09",
            "display_name": "app-wld09-policy",
            "domain": "default",
            "id": "86aad327-948c-40be-b18f-9bca576dee48",
            "locked": false,
            "nsx_id": "86aad327-948c-40be-b18f-9bca576dee48",
            "path": "/infra/domains/default/security-policies/86aad327-948c-40be-b18f-9bca576dee48",
            "revision": 0,
            "rule": [
              {
                "action": "ALLOW",
                "description": "",
                "destination_groups": [
                  "/infra/domains/default/groups/09bef7a5-ac75-415d-a82b-541df9733176",
                  "/infra/domains/default/groups/504d0dcc-bb42-450e-ad3f-d93c5a21e955",
                  "/infra/domains/default/groups/f9bc3397-0732-4762-aa58-b56f769ba66c"
                ],
                "destinations_excluded": false,
                "direction": "IN_OUT",
                "disabled": false,
                "display_name": "Allow jumphost to web servers on port 443",
                "ip_version": "IPV4_IPV6",
                "log_label": "",
                "logged": true,
                "notes": "",
                "nsx_id": "4d702912-25fd-4323-8654-cf716f5f6549",
                "profiles": null,
                "revision": 0,
                "rule_id": 10392,
                "scope": null,
                "sequence_number": 1,
                "services": [
                  "/infra/services/93c430d4-3e29-4795-869d-357f5d5996a5"
                ],
                "source_groups": [
                  "/infra/domains/default/groups/cfae461b-4982-489f-aee4-4a9897955ec2"
                ],
                "sources_excluded": false,
                "tag": []
              },
              {
                "action": "ALLOW",
                "description": "",
                "destination_groups": [
                  "/infra/domains/default/groups/09bef7a5-ac75-415d-a82b-541df9733176",
                  "/infra/domains/default/groups/504d0dcc-bb42-450e-ad3f-d93c5a21e955",
                  "/infra/domains/default/groups/f9bc3397-0732-4762-aa58-b56f769ba66c"
                ],
                "destinations_excluded": false,
                "direction": "IN_OUT",
                "disabled": false,
                "display_name": "Test ICMP between jumphost and web servers",
                "ip_version": "IPV4_IPV6",
                "log_label": "",
                "logged": true,
                "notes": "",
                "nsx_id": "4f65f491-e954-4ea9-b98c-472d4b425f0b",
                "profiles": null,
                "revision": 0,
                "rule_id": 10393,
                "scope": null,
                "sequence_number": 2,
                "services": [
                  "/infra/services/ICMPv4-ALL",
                  "/infra/services/Microsoft_SQL_Server"
                ],
                "source_groups": [
                  "/infra/domains/default/groups/cfae461b-4982-489f-aee4-4a9897955ec2"
                ],
                "sources_excluded": false,
                "tag": []
              },
              {
                "action": "ALLOW",
                "description": "",
                "destination_groups": [
                  "/infra/domains/default/groups/810da591-4cce-4308-81e9-bdcd1726412a",
                  "/infra/domains/default/groups/b8690a43-9aa2-414e-af7b-c3e0069bdc92",
                  "/infra/domains/default/groups/d16d714d-3a46-4f35-8e85-6919ca3ee3da"
                ],
                "destinations_excluded": false,
                "direction": "IN_OUT",
                "disabled": false,
                "display_name": "Allow web servers to application servers on port 8443",
                "ip_version": "IPV4_IPV6",
                "log_label": "",
                "logged": true,
                "notes": "",
                "nsx_id": "1aec4264-3e1c-4118-9cec-7fae548bb4fe",
                "profiles": null,
                "revision": 0,
                "rule_id": 10394,
                "scope": null,
                "sequence_number": 3,
                "services": [
                  "/infra/services/15b5c45d-375f-49c1-925f-8d49e245ca54"
                ],
                "source_groups": [
                  "/infra/domains/default/groups/09bef7a5-ac75-415d-a82b-541df9733176",
                  "/infra/domains/default/groups/504d0dcc-bb42-450e-ad3f-d93c5a21e955",
                  "/infra/domains/default/groups/f9bc3397-0732-4762-aa58-b56f769ba66c"
                ],
                "sources_excluded": false,
                "tag": []
              },
              {
                "action": "ALLOW",
                "description": "",
                "destination_groups": [
                  "/infra/domains/default/groups/4cece5e6-4c33-4e69-acd7-aa9e760199fb",
                  "/infra/domains/default/groups/6a9945a3-4c53-4aea-9342-12017b60a34b",
                  "/infra/domains/default/groups/e1f98412-2516-422a-a03a-604d9f596c46"
                ],
                "destinations_excluded": false,
                "direction": "IN_OUT",
                "disabled": false,
                "display_name": "Allow application servers to database servers on port 3306",
                "ip_version": "IPV4_IPV6",
                "log_label": "",
                "logged": true,
                "notes": "",
                "nsx_id": "374b2212-492f-4a94-b4b7-506348c4b3b4",
                "profiles": null,
                "revision": 0,
                "rule_id": 10395,
                "scope": null,
                "sequence_number": 4,
                "services": [
                  "/infra/services/b5c3951b-eec1-41c5-895c-15f884484f90"
                ],
                "source_groups": [
                  "/infra/domains/default/groups/810da591-4cce-4308-81e9-bdcd1726412a",
                  "/infra/domains/default/groups/b8690a43-9aa2-414e-af7b-c3e0069bdc92",
                  "/infra/domains/default/groups/d16d714d-3a46-4f35-8e85-6919ca3ee3da"
                ],
                "sources_excluded": false,
                "tag": []
              },
              {
                "action": "ALLOW",
                "description": "",
                "destination_groups": [
                  "/infra/domains/default/groups/d887cee5-2c78-4bc7-ab09-8ea53ef0822a"
                ],
                "destinations_excluded": false,
                "direction": "IN_OUT",
                "disabled": false,
                "display_name": "Allow wld09 servers to external DNS on port 53",
                "ip_version": "IPV4_IPV6",
                "log_label": "",
                "logged": true,
                "notes": "",
                "nsx_id": "d0c459f0-0549-4bba-9e13-2f88eeac4fe6",
                "profiles": null,
                "revision": 0,
                "rule_id": 10396,
                "scope": null,
                "sequence_number": 5,
                "services": [
                  "/infra/services/ac566d4c-2aa5-4a7b-81ff-a2c78ea8a051"
                ],
                "source_groups": [
                  "/infra/domains/default/groups/b2370fdd-ec42-485f-81cf-1e03c4616325"
                ],
                "sources_excluded": false,
                "tag": []
              }
            ],
            "scope": [
              "/infra/domains/default/groups/b2370fdd-ec42-485f-81cf-1e03c4616325"
            ],
            "sequence_number": 3,
            "stateful": true,
            "tag": [],
            "tcp_strict": false
          },
          "sensitive_attributes": [],
          "private": "bnVsbA==",
          "dependencies": [
            "module.groups.nsxt_policy_group.application_groups",
            "module.groups.nsxt_policy_group.emergency_groups",
            "module.groups.nsxt_policy_group.environment_groups",
            "module.groups.nsxt_policy_group.external_service_groups",
            "module.groups.nsxt_policy_group.sub_application_groups",
            "module.groups.nsxt_policy_group.tenant_group",
            "module.policies.nsxt_policy_security_policy.emergency_policy",
            "module.policies.nsxt_policy_security_policy.environment_policy",
            "module.services.data.nsxt_policy_service.predefined_services",
            "module.services.nsxt_policy_service.service",
            "module.tags.data.nsxt_policy_vm.vms",
            "module.tags.nsxt_policy_vm_tags.hierarchy_tags"
          ]
        }
      ]
    },
    {
      "module": "module.policies[\"wld09\"]",
      "mode": "managed",
      "type": "nsxt_policy_security_policy",
      "name": "emergency_policy",
      "provider": "provider[\"registry.terraform.io/vmware/nsxt\"]",
      "instances": [
        {
          "index_key": 0,
          "schema_version": 0,
          "attributes": {
            "category": "Emergency",
            "comments": "",
            "context": [],
            "description": "Emergency security policy for tenant wld09",
            "display_name": "emergency-wld09-policy",
            "domain": "default",
            "id": "f38752de-1cb2-403f-be09-348e3b6237cc",
            "locked": false,
            "nsx_id": "f38752de-1cb2-403f-be09-348e3b6237cc",
            "path": "/infra/domains/default/security-policies/f38752de-1cb2-403f-be09-348e3b6237cc",
            "revision": 0,
            "rule": [
              {
                "action": "ALLOW",
                "description": "",
                "destination_groups": [],
                "destinations_excluded": false,
                "direction": "IN_OUT",
                "disabled": false,
                "display_name": "Allow emergency rule on VMs with this tag",
                "ip_version": "IPV4_IPV6",
                "log_label": "",
                "logged": true,
                "notes": "",
                "nsx_id": "9e639e59-477a-4c1f-987d-04c02467f7af",
                "profiles": [],
                "revision": 0,
                "rule_id": 10378,
                "scope": [],
                "sequence_number": 1,
                "services": [],
                "source_groups": [
                  "/infra/domains/default/groups/f59794ec-300a-40c1-8116-59657c487715"
                ],
                "sources_excluded": false,
                "tag": []
              }
            ],
            "scope": [
              "/infra/domains/default/groups/b2370fdd-ec42-485f-81cf-1e03c4616325"
            ],
            "sequence_number": 1,
            "stateful": true,
            "tag": [],
            "tcp_strict": false
          },
          "sensitive_attributes": [],
          "private": "bnVsbA==",
          "dependencies": [
            "module.groups.nsxt_policy_group.application_groups",
            "module.groups.nsxt_policy_group.emergency_groups",
            "module.groups.nsxt_policy_group.environment_groups",
            "module.groups.nsxt_policy_group.external_service_groups",
            "module.groups.nsxt_policy_group.sub_application_groups",
            "module.groups.nsxt_policy_group.tenant_group",
            "module.services.data.nsxt_policy_service.predefined_services",
            "module.services.nsxt_policy_service.service",
            "module.tags.data.nsxt_policy_vm.vms",
            "module.tags.nsxt_policy_vm_tags.hierarchy_tags"
          ]
        }
      ]
    },
    {
      "module": "module.policies[\"wld09\"]",
      "mode": "managed",
      "type": "nsxt_policy_security_policy",
      "name": "environment_policy",
      "provider": "provider[\"registry.terraform.io/vmware/nsxt\"]",
      "instances": [
        {
          "index_key": 0,
          "schema_version": 0,
          "attributes": {
            "category": "Environment",
            "comments": "",
            "context": [],
            "description": "Environment security policy for tenant wld09",
            "display_name": "env-wld09-policy",
            "domain": "default",
            "id": "c35f3c70-9bad-4b6a-acba-18fadb699762",
            "locked": false,
            "nsx_id": "c35f3c70-9bad-4b6a-acba-18fadb699762",
            "path": "/infra/domains/default/security-policies/c35f3c70-9bad-4b6a-acba-18fadb699762",
            "revision": 0,
            "rule": [
              {
                "action": "ALLOW",
                "description": "",
                "destination_groups": [
                  "/infra/domains/default/groups/32673451-56cc-43ce-b6db-954b9ded108d"
                ],
                "destinations_excluded": false,
                "direction": "IN_OUT",
                "disabled": false,
                "display_name": "Allow prod environment to test environment",
                "ip_version": "IPV4_IPV6",
                "log_label": "",
                "logged": true,
                "notes": "",
                "nsx_id": "3a4ee959-de1b-4c35-8280-1319f47d2aa5",
                "profiles": [],
                "revision": 0,
                "rule_id": 10381,
                "scope": [],
                "sequence_number": 1,
                "services": [],
                "source_groups": [
                  "/infra/domains/default/groups/dbdeffed-2144-4b6d-a30f-c5b13ba78223"
                ],
                "sources_excluded": false,
                "tag": []
              },
              {
                "action": "DROP",
                "description": "",
                "destination_groups": [
                  "/infra/domains/default/groups/dbdeffed-2144-4b6d-a30f-c5b13ba78223"
                ],
                "destinations_excluded": false,
                "direction": "IN_OUT",
                "disabled": false,
                "display_name": "Block test environment from prod environment",
                "ip_version": "IPV4_IPV6",
                "log_label": "",
                "logged": true,
                "notes": "",
                "nsx_id": "894f5e04-7bdc-47c8-9420-6793a11b8556",
                "profiles": [],
                "revision": 0,
                "rule_id": 10382,
                "scope": [],
                "sequence_number": 2,
                "services": [],
                "source_groups": [
                  "/infra/domains/default/groups/32673451-56cc-43ce-b6db-954b9ded108d"
                ],
                "sources_excluded": false,
                "tag": []
              }
            ],
            "scope": [
              "/infra/domains/default/groups/b2370fdd-ec42-485f-81cf-1e03c4616325"
            ],
            "sequence_number": 2,
            "stateful": true,
            "tag": [],
            "tcp_strict": false
          },
          "sensitive_attributes": [],
          "private": "bnVsbA==",
          "dependencies": [
            "module.groups.nsxt_policy_group.application_groups",
            "module.groups.nsxt_policy_group.emergency_groups",
            "module.groups.nsxt_policy_group.environment_groups",
            "module.groups.nsxt_policy_group.external_service_groups",
            "module.groups.nsxt_policy_group.sub_application_groups",
            "module.groups.nsxt_policy_group.tenant_group",
            "module.policies.nsxt_policy_security_policy.emergency_policy",
            "module.services.data.nsxt_policy_service.predefined_services",
            "module.services.nsxt_policy_service.service",
            "module.tags.data.nsxt_policy_vm.vms",
            "module.tags.nsxt_policy_vm_tags.hierarchy_tags"
          ]
        }
      ]
    },
    {
      "module": "module.policies[\"wld10\"]",
      "mode": "managed",
      "type": "nsxt_policy_security_policy",
      "name": "application_policy",
      "provider": "provider[\"registry.terraform.io/vmware/nsxt\"]",
      "instances": [
        {
          "index_key": 0,
          "schema_version": 0,
          "attributes": {
            "category": "Application",
            "comments": "",
            "context": [],
            "description": "Application security policy for tenant wld10",
            "display_name": "app-wld10-policy",
            "domain": "default",
            "id": "ea818e2d-ed18-4ce8-b9f5-45a87311679d",
            "locked": false,
            "nsx_id": "ea818e2d-ed18-4ce8-b9f5-45a87311679d",
            "path": "/infra/domains/default/security-policies/ea818e2d-ed18-4ce8-b9f5-45a87311679d",
            "revision": 0,
            "rule": [
              {
                "action": "ALLOW",
                "description": "",
                "destination_groups": [
                  "/infra/domains/default/groups/30a9decb-f629-4822-87f9-0cd632fea391",
                  "/infra/domains/default/groups/c0954394-f39e-43a8-854c-5bd394acdfa8",
                  "/infra/domains/default/groups/f6f08343-6d13-4fdd-883a-a8a27723b13b"
                ],
                "destinations_excluded": false,
                "direction": "IN_OUT",
                "disabled": false,
                "display_name": "Allow jumphost to web servers on port 443",
                "ip_version": "IPV4_IPV6",
                "log_label": "",
                "logged": true,
                "notes": "",
                "nsx_id": "96e7a8ce-0306-4eb3-8f04-af0352ea4677",
                "profiles": [],
                "revision": 0,
                "rule_id": 10384,
                "scope": [],
                "sequence_number": 1,
                "services": [
                  "/infra/services/d2bf1173-e23f-4c6a-8384-5dec6e0e4909"
                ],
                "source_groups": [
                  "/infra/domains/default/groups/b2beb72a-1589-449d-98c8-22a3a5bc76c2"
                ],
                "sources_excluded": false,
                "tag": []
              },
              {
                "action": "ALLOW",
                "description": "",
                "destination_groups": [
                  "/infra/domains/default/groups/4f57ed1a-0c7b-4953-a485-a29041131835",
                  "/infra/domains/default/groups/6e163864-98d0-47ac-ac44-7f64308e50f1",
                  "/infra/domains/default/groups/7f9741cb-e223-47a9-b2ef-06c9ee49e7df"
                ],
                "destinations_excluded": false,
                "direction": "IN_OUT",
                "disabled": false,
                "display_name": "Allow web servers to application servers on port 8443",
                "ip_version": "IPV4_IPV6",
                "log_label": "",
                "logged": true,
                "notes": "",
                "nsx_id": "c79657d2-9e6b-4262-b792-07f024a3521d",
                "profiles": [],
                "revision": 0,
                "rule_id": 10386,
                "scope": [],
                "sequence_number": 2,
                "services": [
                  "/infra/services/4c2aa097-a697-4a1f-b4fc-a2828eab55b8"
                ],
                "source_groups": [
                  "/infra/domains/default/groups/30a9decb-f629-4822-87f9-0cd632fea391",
                  "/infra/domains/default/groups/c0954394-f39e-43a8-854c-5bd394acdfa8",
                  "/infra/domains/default/groups/f6f08343-6d13-4fdd-883a-a8a27723b13b"
                ],
                "sources_excluded": false,
                "tag": []
              },
              {
                "action": "ALLOW",
                "description": "",
                "destination_groups": [
                  "/infra/domains/default/groups/7df362c4-4435-4c7b-8044-32b1126c66f9",
                  "/infra/domains/default/groups/af5fd113-23ae-43ed-b6a8-3dec9dc48257",
                  "/infra/domains/default/groups/eeb1b286-ce00-4794-92aa-d295848e84e8"
                ],
                "destinations_excluded": false,
                "direction": "IN_OUT",
                "disabled": false,
                "display_name": "Allow application servers to database servers on port 3306",
                "ip_version": "IPV4_IPV6",
                "log_label": "",
                "logged": true,
                "notes": "",
                "nsx_id": "59db04c3-1b04-40f5-ac9b-c9bee72f55c6",
                "profiles": [],
                "revision": 0,
                "rule_id": 10387,
                "scope": [],
                "sequence_number": 3,
                "services": [
                  "/infra/services/c782f67f-c2ee-4709-aa38-d3c95c88b4ca"
                ],
                "source_groups": [
                  "/infra/domains/default/groups/4f57ed1a-0c7b-4953-a485-a29041131835",
                  "/infra/domains/default/groups/6e163864-98d0-47ac-ac44-7f64308e50f1",
                  "/infra/domains/default/groups/7f9741cb-e223-47a9-b2ef-06c9ee49e7df"
                ],
                "sources_excluded": false,
                "tag": []
              },
              {
                "action": "ALLOW",
                "description": "",
                "destination_groups": [
                  "/infra/domains/default/groups/4df89b56-050a-44a8-a802-6590b1515715"
                ],
                "destinations_excluded": false,
                "direction": "IN_OUT",
                "disabled": false,
                "display_name": "Allow wld10 servers to external DNS on port 53",
                "ip_version": "IPV4_IPV6",
                "log_label": "",
                "logged": true,
                "notes": "",
                "nsx_id": "5d45d295-688d-4e74-b7c4-ef807b77ef8e",
                "profiles": [],
                "revision": 0,
                "rule_id": 10388,
                "scope": [],
                "sequence_number": 4,
                "services": [
                  "/infra/services/920d1f07-1177-4e58-a9d6-121b8f889c38"
                ],
                "source_groups": [
                  "/infra/domains/default/groups/5205f061-d9e5-4ca7-bfe9-1b8f41462a24"
                ],
                "sources_excluded": false,
                "tag": []
              }
            ],
            "scope": [
              "/infra/domains/default/groups/5205f061-d9e5-4ca7-bfe9-1b8f41462a24"
            ],
            "sequence_number": 3,
            "stateful": true,
            "tag": [],
            "tcp_strict": false
          },
          "sensitive_attributes": [],
          "private": "bnVsbA==",
          "dependencies": [
            "module.groups.nsxt_policy_group.application_groups",
            "module.groups.nsxt_policy_group.emergency_groups",
            "module.groups.nsxt_policy_group.environment_groups",
            "module.groups.nsxt_policy_group.external_service_groups",
            "module.groups.nsxt_policy_group.sub_application_groups",
            "module.groups.nsxt_policy_group.tenant_group",
            "module.policies.nsxt_policy_security_policy.emergency_policy",
            "module.policies.nsxt_policy_security_policy.environment_policy",
            "module.services.data.nsxt_policy_service.predefined_services",
            "module.services.nsxt_policy_service.service",
            "module.tags.data.nsxt_policy_vm.vms",
            "module.tags.nsxt_policy_vm_tags.hierarchy_tags"
          ]
        }
      ]
    },
    {
      "module": "module.policies[\"wld10\"]",
      "mode": "managed",
      "type": "nsxt_policy_security_policy",
      "name": "emergency_policy",
      "provider": "provider[\"registry.terraform.io/vmware/nsxt\"]",
      "instances": [
        {
          "index_key": 0,
          "schema_version": 0,
          "attributes": {
            "category": "Emergency",
            "comments": "",
            "context": [],
            "description": "Emergency security policy for tenant wld10",
            "display_name": "emergency-wld10-policy",
            "domain": "default",
            "id": "b9e39229-80d3-4ef7-804a-f45b1e2be509",
            "locked": false,
            "nsx_id": "b9e39229-80d3-4ef7-804a-f45b1e2be509",
            "path": "/infra/domains/default/security-policies/b9e39229-80d3-4ef7-804a-f45b1e2be509",
            "revision": 0,
            "rule": [
              {
                "action": "ALLOW",
                "description": "",
                "destination_groups": [],
                "destinations_excluded": false,
                "direction": "IN_OUT",
                "disabled": false,
                "display_name": "Allow emergency rule on VMs with this tag",
                "ip_version": "IPV4_IPV6",
                "log_label": "",
                "logged": true,
                "notes": "",
                "nsx_id": "e2c86aec-b320-4295-b381-15402de65a3e",
                "profiles": [],
                "revision": 0,
                "rule_id": 10379,
                "scope": [],
                "sequence_number": 1,
                "services": [],
                "source_groups": [
                  "/infra/domains/default/groups/fd5ad439-8928-49a6-89f3-dda9f60cce8d"
                ],
                "sources_excluded": false,
                "tag": []
              }
            ],
            "scope": [
              "/infra/domains/default/groups/5205f061-d9e5-4ca7-bfe9-1b8f41462a24"
            ],
            "sequence_number": 1,
            "stateful": true,
            "tag": [],
            "tcp_strict": false
          },
          "sensitive_attributes": [],
          "private": "bnVsbA==",
          "dependencies": [
            "module.groups.nsxt_policy_group.application_groups",
            "module.groups.nsxt_policy_group.emergency_groups",
            "module.groups.nsxt_policy_group.environment_groups",
            "module.groups.nsxt_policy_group.external_service_groups",
            "module.groups.nsxt_policy_group.sub_application_groups",
            "module.groups.nsxt_policy_group.tenant_group",
            "module.services.data.nsxt_policy_service.predefined_services",
            "module.services.nsxt_policy_service.service",
            "module.tags.data.nsxt_policy_vm.vms",
            "module.tags.nsxt_policy_vm_tags.hierarchy_tags"
          ]
        }
      ]
    },
    {
      "module": "module.policies[\"wld10\"]",
      "mode": "managed",
      "type": "nsxt_policy_security_policy",
      "name": "environment_policy",
      "provider": "provider[\"registry.terraform.io/vmware/nsxt\"]",
      "instances": [
        {
          "index_key": 0,
          "schema_version": 0,
          "attributes": {
            "category": "Environment",
            "comments": "",
            "context": [],
            "description": "Environment security policy for tenant wld10",
            "display_name": "env-wld10-policy",
            "domain": "default",
            "id": "b6544426-d8ed-4aad-a525-5e70dd2f15bc",
            "locked": false,
            "nsx_id": "b6544426-d8ed-4aad-a525-5e70dd2f15bc",
            "path": "/infra/domains/default/security-policies/b6544426-d8ed-4aad-a525-5e70dd2f15bc",
            "revision": 0,
            "rule": [
              {
                "action": "ALLOW",
                "description": "",
                "destination_groups": [
                  "/infra/domains/default/groups/f97e7e85-2fc9-4faa-a944-1eb253b1e636"
                ],
                "destinations_excluded": false,
                "direction": "IN_OUT",
                "disabled": false,
                "display_name": "Allow dev environment to acc environment",
                "ip_version": "IPV4_IPV6",
                "log_label": "",
                "logged": true,
                "notes": "",
                "nsx_id": "74342e3f-281a-4168-b78e-9645fa7ada68",
                "profiles": [],
                "revision": 0,
                "rule_id": 10380,
                "scope": [],
                "sequence_number": 1,
                "services": [],
                "source_groups": [
                  "/infra/domains/default/groups/8c250c81-255b-47d8-a9ef-f06ca3257a0b"
                ],
                "sources_excluded": false,
                "tag": []
              },
              {
                "action": "DROP",
                "description": "",
                "destination_groups": [
                  "/infra/domains/default/groups/8c250c81-255b-47d8-a9ef-f06ca3257a0b"
                ],
                "destinations_excluded": false,
                "direction": "IN_OUT",
                "disabled": false,
                "display_name": "Block acc environment from dev environment",
                "ip_version": "IPV4_IPV6",
                "log_label": "",
                "logged": true,
                "notes": "",
                "nsx_id": "1cff008c-4551-4d42-b20f-88227f670457",
                "profiles": [],
                "revision": 0,
                "rule_id": 10383,
                "scope": [],
                "sequence_number": 2,
                "services": [],
                "source_groups": [
                  "/infra/domains/default/groups/f97e7e85-2fc9-4faa-a944-1eb253b1e636"
                ],
                "sources_excluded": false,
                "tag": []
              }
            ],
            "scope": [
              "/infra/domains/default/groups/5205f061-d9e5-4ca7-bfe9-1b8f41462a24"
            ],
            "sequence_number": 2,
            "stateful": true,
            "tag": [],
            "tcp_strict": false
          },
          "sensitive_attributes": [],
          "private": "bnVsbA==",
          "dependencies": [
            "module.groups.nsxt_policy_group.application_groups",
            "module.groups.nsxt_policy_group.emergency_groups",
            "module.groups.nsxt_policy_group.environment_groups",
            "module.groups.nsxt_policy_group.external_service_groups",
            "module.groups.nsxt_policy_group.sub_application_groups",
            "module.groups.nsxt_policy_group.tenant_group",
            "module.policies.nsxt_policy_security_policy.emergency_policy",
            "module.services.data.nsxt_policy_service.predefined_services",
            "module.services.nsxt_policy_service.service",
            "module.tags.data.nsxt_policy_vm.vms",
            "module.tags.nsxt_policy_vm_tags.hierarchy_tags"
          ]
        }
      ]
    },
    {
      "module": "module.services[\"wld09\"]",
      "mode": "data",
      "type": "nsxt_policy_service",
      "name": "predefined_services",
      "provider": "provider[\"registry.terraform.io/vmware/nsxt\"]",
      "instances": [
        {
          "index_key": "ICMPv4",
          "schema_version": 0,
          "attributes": {
            "context": null,
            "description": "ICMPv4-ALL",
            "display_name": "ICMPv4-ALL",
            "id": "ICMPv4-ALL",
            "path": "/infra/services/ICMPv4-ALL"
          },
          "sensitive_attributes": []
        },
        {
          "index_key": "Microsoft SQL Server",
          "schema_version": 0,
          "attributes": {
            "context": null,
            "description": "Microsoft SQL Server",
            "display_name": "Microsoft SQL Server",
            "id": "Microsoft_SQL_Server",
            "path": "/infra/services/Microsoft_SQL_Server"
          },
          "sensitive_attributes": []
        }
      ]
    },
    {
      "module": "module.services[\"wld09\"]",
      "mode": "managed",
      "type": "nsxt_policy_service",
      "name": "service",
      "provider": "provider[\"registry.terraform.io/vmware/nsxt\"]",
      "instances": [
        {
          "index_key": "tcp_3306",
          "schema_version": 0,
          "attributes": {
            "algorithm_entry": [],
            "context": [],
            "description": "Service for tcp_3306",
            "display_name": "svc-wld09-tcp_3306",
            "ether_type_entry": [],
            "icmp_entry": [],
            "id": "b5c3951b-eec1-41c5-895c-15f884484f90",
            "igmp_entry": [],
            "ip_protocol_entry": [],
            "l4_port_set_entry": [
              {
                "description": "",
                "destination_ports": [
                  "3306"
                ],
                "display_name": "port-tcp_3306",
                "protocol": "TCP",
                "source_ports": []
              }
            ],
            "nested_service_entry": [],
            "nsx_id": "b5c3951b-eec1-41c5-895c-15f884484f90",
            "path": "/infra/services/b5c3951b-eec1-41c5-895c-15f884484f90",
            "revision": 0,
            "tag": []
          },
          "sensitive_attributes": [],
          "private": "bnVsbA==",
          "dependencies": [
            "module.groups.nsxt_policy_group.application_groups",
            "module.groups.nsxt_policy_group.emergency_groups",
            "module.groups.nsxt_policy_group.environment_groups",
            "module.groups.nsxt_policy_group.external_service_groups",
            "module.groups.nsxt_policy_group.sub_application_groups",
            "module.groups.nsxt_policy_group.tenant_group",
            "module.tags.data.nsxt_policy_vm.vms",
            "module.tags.nsxt_policy_vm_tags.hierarchy_tags"
          ]
        },
        {
          "index_key": "tcp_443",
          "schema_version": 0,
          "attributes": {
            "algorithm_entry": [],
            "context": [],
            "description": "Service for tcp_443",
            "display_name": "svc-wld09-tcp_443",
            "ether_type_entry": [],
            "icmp_entry": [],
            "id": "93c430d4-3e29-4795-869d-357f5d5996a5",
            "igmp_entry": [],
            "ip_protocol_entry": [],
            "l4_port_set_entry": [
              {
                "description": "",
                "destination_ports": [
                  "443"
                ],
                "display_name": "port-tcp_443",
                "protocol": "TCP",
                "source_ports": []
              }
            ],
            "nested_service_entry": [],
            "nsx_id": "93c430d4-3e29-4795-869d-357f5d5996a5",
            "path": "/infra/services/93c430d4-3e29-4795-869d-357f5d5996a5",
            "revision": 0,
            "tag": []
          },
          "sensitive_attributes": [],
          "private": "bnVsbA==",
          "dependencies": [
            "module.groups.nsxt_policy_group.application_groups",
            "module.groups.nsxt_policy_group.emergency_groups",
            "module.groups.nsxt_policy_group.environment_groups",
            "module.groups.nsxt_policy_group.external_service_groups",
            "module.groups.nsxt_policy_group.sub_application_groups",
            "module.groups.nsxt_policy_group.tenant_group",
            "module.tags.data.nsxt_policy_vm.vms",
            "module.tags.nsxt_policy_vm_tags.hierarchy_tags"
          ]
        },
        {
          "index_key": "tcp_8443",
          "schema_version": 0,
          "attributes": {
            "algorithm_entry": [],
            "context": [],
            "description": "Service for tcp_8443",
            "display_name": "svc-wld09-tcp_8443",
            "ether_type_entry": [],
            "icmp_entry": [],
            "id": "15b5c45d-375f-49c1-925f-8d49e245ca54",
            "igmp_entry": [],
            "ip_protocol_entry": [],
            "l4_port_set_entry": [
              {
                "description": "",
                "destination_ports": [
                  "8443"
                ],
                "display_name": "port-tcp_8443",
                "protocol": "TCP",
                "source_ports": []
              }
            ],
            "nested_service_entry": [],
            "nsx_id": "15b5c45d-375f-49c1-925f-8d49e245ca54",
            "path": "/infra/services/15b5c45d-375f-49c1-925f-8d49e245ca54",
            "revision": 0,
            "tag": []
          },
          "sensitive_attributes": [],
          "private": "bnVsbA==",
          "dependencies": [
            "module.groups.nsxt_policy_group.application_groups",
            "module.groups.nsxt_policy_group.emergency_groups",
            "module.groups.nsxt_policy_group.environment_groups",
            "module.groups.nsxt_policy_group.external_service_groups",
            "module.groups.nsxt_policy_group.sub_application_groups",
            "module.groups.nsxt_policy_group.tenant_group",
            "module.tags.data.nsxt_policy_vm.vms",
            "module.tags.nsxt_policy_vm_tags.hierarchy_tags"
          ]
        },
        {
          "index_key": "udp_53",
          "schema_version": 0,
          "attributes": {
            "algorithm_entry": [],
            "context": [],
            "description": "Service for udp_53",
            "display_name": "svc-wld09-udp_53",
            "ether_type_entry": [],
            "icmp_entry": [],
            "id": "ac566d4c-2aa5-4a7b-81ff-a2c78ea8a051",
            "igmp_entry": [],
            "ip_protocol_entry": [],
            "l4_port_set_entry": [
              {
                "description": "",
                "destination_ports": [
                  "53"
                ],
                "display_name": "port-udp_53",
                "protocol": "UDP",
                "source_ports": []
              }
            ],
            "nested_service_entry": [],
            "nsx_id": "ac566d4c-2aa5-4a7b-81ff-a2c78ea8a051",
            "path": "/infra/services/ac566d4c-2aa5-4a7b-81ff-a2c78ea8a051",
            "revision": 0,
            "tag": []
          },
          "sensitive_attributes": [],
          "private": "bnVsbA==",
          "dependencies": [
            "module.groups.nsxt_policy_group.application_groups",
            "module.groups.nsxt_policy_group.emergency_groups",
            "module.groups.nsxt_policy_group.environment_groups",
            "module.groups.nsxt_policy_group.external_service_groups",
            "module.groups.nsxt_policy_group.sub_application_groups",
            "module.groups.nsxt_policy_group.tenant_group",
            "module.tags.data.nsxt_policy_vm.vms",
            "module.tags.nsxt_policy_vm_tags.hierarchy_tags"
          ]
        }
      ]
    },
    {
      "module": "module.services[\"wld10\"]",
      "mode": "managed",
      "type": "nsxt_policy_service",
      "name": "service",
      "provider": "provider[\"registry.terraform.io/vmware/nsxt\"]",
      "instances": [
        {
          "index_key": "tcp_3306",
          "schema_version": 0,
          "attributes": {
            "algorithm_entry": [],
            "context": [],
            "description": "Service for tcp_3306",
            "display_name": "svc-wld10-tcp_3306",
            "ether_type_entry": [],
            "icmp_entry": [],
            "id": "c782f67f-c2ee-4709-aa38-d3c95c88b4ca",
            "igmp_entry": [],
            "ip_protocol_entry": [],
            "l4_port_set_entry": [
              {
                "description": "",
                "destination_ports": [
                  "3306"
                ],
                "display_name": "port-tcp_3306",
                "protocol": "TCP",
                "source_ports": []
              }
            ],
            "nested_service_entry": [],
            "nsx_id": "c782f67f-c2ee-4709-aa38-d3c95c88b4ca",
            "path": "/infra/services/c782f67f-c2ee-4709-aa38-d3c95c88b4ca",
            "revision": 0,
            "tag": []
          },
          "sensitive_attributes": [],
          "private": "bnVsbA==",
          "dependencies": [
            "module.groups.nsxt_policy_group.application_groups",
            "module.groups.nsxt_policy_group.emergency_groups",
            "module.groups.nsxt_policy_group.environment_groups",
            "module.groups.nsxt_policy_group.external_service_groups",
            "module.groups.nsxt_policy_group.sub_application_groups",
            "module.groups.nsxt_policy_group.tenant_group",
            "module.tags.data.nsxt_policy_vm.vms",
            "module.tags.nsxt_policy_vm_tags.hierarchy_tags"
          ]
        },
        {
          "index_key": "tcp_443",
          "schema_version": 0,
          "attributes": {
            "algorithm_entry": [],
            "context": [],
            "description": "Service for tcp_443",
            "display_name": "svc-wld10-tcp_443",
            "ether_type_entry": [],
            "icmp_entry": [],
            "id": "d2bf1173-e23f-4c6a-8384-5dec6e0e4909",
            "igmp_entry": [],
            "ip_protocol_entry": [],
            "l4_port_set_entry": [
              {
                "description": "",
                "destination_ports": [
                  "443"
                ],
                "display_name": "port-tcp_443",
                "protocol": "TCP",
                "source_ports": []
              }
            ],
            "nested_service_entry": [],
            "nsx_id": "d2bf1173-e23f-4c6a-8384-5dec6e0e4909",
            "path": "/infra/services/d2bf1173-e23f-4c6a-8384-5dec6e0e4909",
            "revision": 0,
            "tag": []
          },
          "sensitive_attributes": [],
          "private": "bnVsbA==",
          "dependencies": [
            "module.groups.nsxt_policy_group.application_groups",
            "module.groups.nsxt_policy_group.emergency_groups",
            "module.groups.nsxt_policy_group.environment_groups",
            "module.groups.nsxt_policy_group.external_service_groups",
            "module.groups.nsxt_policy_group.sub_application_groups",
            "module.groups.nsxt_policy_group.tenant_group",
            "module.tags.data.nsxt_policy_vm.vms",
            "module.tags.nsxt_policy_vm_tags.hierarchy_tags"
          ]
        },
        {
          "index_key": "tcp_8443",
          "schema_version": 0,
          "attributes": {
            "algorithm_entry": [],
            "context": [],
            "description": "Service for tcp_8443",
            "display_name": "svc-wld10-tcp_8443",
            "ether_type_entry": [],
            "icmp_entry": [],
            "id": "4c2aa097-a697-4a1f-b4fc-a2828eab55b8",
            "igmp_entry": [],
            "ip_protocol_entry": [],
            "l4_port_set_entry": [
              {
                "description": "",
                "destination_ports": [
                  "8443"
                ],
                "display_name": "port-tcp_8443",
                "protocol": "TCP",
                "source_ports": []
              }
            ],
            "nested_service_entry": [],
            "nsx_id": "4c2aa097-a697-4a1f-b4fc-a2828eab55b8",
            "path": "/infra/services/4c2aa097-a697-4a1f-b4fc-a2828eab55b8",
            "revision": 0,
            "tag": []
          },
          "sensitive_attributes": [],
          "private": "bnVsbA==",
          "dependencies": [
            "module.groups.nsxt_policy_group.application_groups",
            "module.groups.nsxt_policy_group.emergency_groups",
            "module.groups.nsxt_policy_group.environment_groups",
            "module.groups.nsxt_policy_group.external_service_groups",
            "module.groups.nsxt_policy_group.sub_application_groups",
            "module.groups.nsxt_policy_group.tenant_group",
            "module.tags.data.nsxt_policy_vm.vms",
            "module.tags.nsxt_policy_vm_tags.hierarchy_tags"
          ]
        },
        {
          "index_key": "udp_53",
          "schema_version": 0,
          "attributes": {
            "algorithm_entry": [],
            "context": [],
            "description": "Service for udp_53",
            "display_name": "svc-wld10-udp_53",
            "ether_type_entry": [],
            "icmp_entry": [],
            "id": "920d1f07-1177-4e58-a9d6-121b8f889c38",
            "igmp_entry": [],
            "ip_protocol_entry": [],
            "l4_port_set_entry": [
              {
                "description": "",
                "destination_ports": [
                  "53"
                ],
                "display_name": "port-udp_53",
                "protocol": "UDP",
                "source_ports": []
              }
            ],
            "nested_service_entry": [],
            "nsx_id": "920d1f07-1177-4e58-a9d6-121b8f889c38",
            "path": "/infra/services/920d1f07-1177-4e58-a9d6-121b8f889c38",
            "revision": 0,
            "tag": []
          },
          "sensitive_attributes": [],
          "private": "bnVsbA==",
          "dependencies": [
            "module.groups.nsxt_policy_group.application_groups",
            "module.groups.nsxt_policy_group.emergency_groups",
            "module.groups.nsxt_policy_group.environment_groups",
            "module.groups.nsxt_policy_group.external_service_groups",
            "module.groups.nsxt_policy_group.sub_application_groups",
            "module.groups.nsxt_policy_group.tenant_group",
            "module.tags.data.nsxt_policy_vm.vms",
            "module.tags.nsxt_policy_vm_tags.hierarchy_tags"
          ]
        }
      ]
    },
    {
      "module": "module.tags[\"wld09\"]",
      "mode": "data",
      "type": "nsxt_policy_vm",
      "name": "vms",
      "provider": "provider[\"registry.terraform.io/vmware/nsxt\"]",
      "instances": [
        {
          "index_key": "p-app-01a",
          "schema_version": 0,
          "attributes": {
            "bios_id": "420ed69b-758d-155e-63d7-1aa278448f8e",
            "context": null,
            "description": "",
            "display_name": "p-app-01a",
            "external_id": "500e66ad-6efc-e7fe-6ba3-74d45c3eb94f",
            "id": "500e66ad-6efc-e7fe-6ba3-74d45c3eb94f",
            "instance_id": "500e66ad-6efc-e7fe-6ba3-74d45c3eb94f"
          },
          "sensitive_attributes": []
        },
        {
          "index_key": "p-db-01a",
          "schema_version": 0,
          "attributes": {
            "bios_id": "420e40f9-3ff4-ffdd-bdb5-0233b4f0493f",
            "context": null,
            "description": "",
            "display_name": "p-db-01a",
            "external_id": "500eb8ab-1d7d-8803-906e-b540fdcf7f6f",
            "id": "500eb8ab-1d7d-8803-906e-b540fdcf7f6f",
            "instance_id": "500eb8ab-1d7d-8803-906e-b540fdcf7f6f"
          },
          "sensitive_attributes": []
        },
        {
          "index_key": "p-web-01a",
          "schema_version": 0,
          "attributes": {
            "bios_id": "420e446e-cf67-8086-932a-bbebf4f9537e",
            "context": null,
            "description": "",
            "display_name": "p-web-01a",
            "external_id": "500eedf5-5f28-eed1-6a09-0f558d46ad41",
            "id": "500eedf5-5f28-eed1-6a09-0f558d46ad41",
            "instance_id": "500eedf5-5f28-eed1-6a09-0f558d46ad41"
          },
          "sensitive_attributes": []
        },
        {
          "index_key": "p-web-02a",
          "schema_version": 0,
          "attributes": {
            "bios_id": "420e0373-2d68-d850-c333-c9a5b68a9cd0",
            "context": null,
            "description": "",
            "display_name": "p-web-02a",
            "external_id": "500e4b09-2edf-482e-149b-978b60215a45",
            "id": "500e4b09-2edf-482e-149b-978b60215a45",
            "instance_id": "500e4b09-2edf-482e-149b-978b60215a45"
          },
          "sensitive_attributes": []
        },
        {
          "index_key": "p-web-03a",
          "schema_version": 0,
          "attributes": {
            "bios_id": "420ee229-5d04-f4a0-9a68-4531951a77c1",
            "context": null,
            "description": "",
            "display_name": "p-web-03a",
            "external_id": "500e169f-7231-266a-4c3d-fbd4ddaf246b",
            "id": "500e169f-7231-266a-4c3d-fbd4ddaf246b",
            "instance_id": "500e169f-7231-266a-4c3d-fbd4ddaf246b"
          },
          "sensitive_attributes": []
        },
        {
          "index_key": "t-app-01a",
          "schema_version": 0,
          "attributes": {
            "bios_id": "420ec69b-f0eb-f021-e76a-1ba3f8f3f229",
            "context": null,
            "description": "",
            "display_name": "t-app-01a",
            "external_id": "500e1a06-0bb7-5aa2-230c-73642a3e23c1",
            "id": "500e1a06-0bb7-5aa2-230c-73642a3e23c1",
            "instance_id": "500e1a06-0bb7-5aa2-230c-73642a3e23c1"
          },
          "sensitive_attributes": []
        },
        {
          "index_key": "t-db-01a",
          "schema_version": 0,
          "attributes": {
            "bios_id": "420ee52b-28dc-83eb-4b9a-38b8c52f5acd",
            "context": null,
            "description": "",
            "display_name": "t-db-01a",
            "external_id": "500eaab6-b602-787e-fdde-70c3ee2f655a",
            "id": "500eaab6-b602-787e-fdde-70c3ee2f655a",
            "instance_id": "500eaab6-b602-787e-fdde-70c3ee2f655a"
          },
          "sensitive_attributes": []
        },
        {
          "index_key": "t-web-01a",
          "schema_version": 0,
          "attributes": {
            "bios_id": "420e1dbc-a4d5-1ce2-c6dc-703bfeea8d16",
            "context": null,
            "description": "",
            "display_name": "t-web-01a",
            "external_id": "500ea1c4-d4ce-5ff0-eec5-deaa96bcf00e",
            "id": "500ea1c4-d4ce-5ff0-eec5-deaa96bcf00e",
            "instance_id": "500ea1c4-d4ce-5ff0-eec5-deaa96bcf00e"
          },
          "sensitive_attributes": []
        },
        {
          "index_key": "t-web-02a",
          "schema_version": 0,
          "attributes": {
            "bios_id": "420ed273-30b9-6979-6784-c7f94f425260",
            "context": null,
            "description": "",
            "display_name": "t-web-02a",
            "external_id": "500ebfe0-9f49-a1c6-d5d3-bc0c6a42fc91",
            "id": "500ebfe0-9f49-a1c6-d5d3-bc0c6a42fc91",
            "instance_id": "500ebfe0-9f49-a1c6-d5d3-bc0c6a42fc91"
          },
          "sensitive_attributes": []
        },
        {
          "index_key": "t-web-03a",
          "schema_version": 0,
          "attributes": {
            "bios_id": "420e9c03-8ab0-6020-c7ff-ef4f8e691da9",
            "context": null,
            "description": "",
            "display_name": "t-web-03a",
            "external_id": "500e4809-32b4-cbb5-bece-e59d5dc1e4aa",
            "id": "500e4809-32b4-cbb5-bece-e59d5dc1e4aa",
            "instance_id": "500e4809-32b4-cbb5-bece-e59d5dc1e4aa"
          },
          "sensitive_attributes": []
        }
      ]
    },
    {
      "module": "module.tags[\"wld09\"]",
      "mode": "managed",
      "type": "nsxt_policy_vm_tags",
      "name": "hierarchy_tags",
      "provider": "provider[\"registry.terraform.io/vmware/nsxt\"]",
      "instances": [
        {
          "index_key": "p-app-01a",
          "schema_version": 0,
          "attributes": {
            "context": [],
            "id": "500e66ad-6efc-e7fe-6ba3-74d45c3eb94f",
            "instance_id": "500e66ad-6efc-e7fe-6ba3-74d45c3eb94f",
            "port": [],
            "tag": [
              {
                "scope": "application",
                "tag": "app-wld09-prod-3holapp"
              },
              {
                "scope": "application",
                "tag": "app-wld09-prod-application"
              },
              {
                "scope": "environment",
                "tag": "env-wld09-prod"
              },
              {
                "scope": "sub-application",
                "tag": "app-wld09-prod-3holapp-application"
              },
              {
                "scope": "tenant",
                "tag": "ten-wld09"
              }
            ]
          },
          "sensitive_attributes": [],
          "private": "bnVsbA==",
          "dependencies": [
            "module.tags.data.nsxt_policy_vm.vms"
          ]
        },
        {
          "index_key": "p-db-01a",
          "schema_version": 0,
          "attributes": {
            "context": [],
            "id": "500eb8ab-1d7d-8803-906e-b540fdcf7f6f",
            "instance_id": "500eb8ab-1d7d-8803-906e-b540fdcf7f6f",
            "port": [],
            "tag": [
              {
                "scope": "application",
                "tag": "app-wld09-prod-3holapp"
              },
              {
                "scope": "application",
                "tag": "app-wld09-prod-database"
              },
              {
                "scope": "emergency",
                "tag": "emg-wld09"
              },
              {
                "scope": "environment",
                "tag": "env-wld09-prod"
              },
              {
                "scope": "sub-application",
                "tag": "app-wld09-prod-3holapp-database"
              },
              {
                "scope": "tenant",
                "tag": "ten-wld09"
              }
            ]
          },
          "sensitive_attributes": [],
          "private": "bnVsbA==",
          "dependencies": [
            "module.tags.data.nsxt_policy_vm.vms"
          ]
        },
        {
          "index_key": "p-web-01a",
          "schema_version": 0,
          "attributes": {
            "context": [],
            "id": "500eedf5-5f28-eed1-6a09-0f558d46ad41",
            "instance_id": "500eedf5-5f28-eed1-6a09-0f558d46ad41",
            "port": [],
            "tag": [
              {
                "scope": "application",
                "tag": "app-wld09-prod-3holapp"
              },
              {
                "scope": "application",
                "tag": "app-wld09-prod-web"
              },
              {
                "scope": "environment",
                "tag": "env-wld09-prod"
              },
              {
                "scope": "sub-application",
                "tag": "app-wld09-prod-3holapp-web"
              },
              {
                "scope": "tenant",
                "tag": "ten-wld09"
              }
            ]
          },
          "sensitive_attributes": [],
          "private": "bnVsbA==",
          "dependencies": [
            "module.tags.data.nsxt_policy_vm.vms"
          ]
        },
        {
          "index_key": "p-web-02a",
          "schema_version": 0,
          "attributes": {
            "context": [],
            "id": "500e4b09-2edf-482e-149b-978b60215a45",
            "instance_id": "500e4b09-2edf-482e-149b-978b60215a45",
            "port": [],
            "tag": [
              {
                "scope": "application",
                "tag": "app-wld09-prod-3holapp"
              },
              {
                "scope": "application",
                "tag": "app-wld09-prod-web"
              },
              {
                "scope": "environment",
                "tag": "env-wld09-prod"
              },
              {
                "scope": "sub-application",
                "tag": "app-wld09-prod-3holapp-web"
              },
              {
                "scope": "tenant",
                "tag": "ten-wld09"
              }
            ]
          },
          "sensitive_attributes": [],
          "private": "bnVsbA==",
          "dependencies": [
            "module.tags.data.nsxt_policy_vm.vms"
          ]
        },
        {
          "index_key": "p-web-03a",
          "schema_version": 0,
          "attributes": {
            "context": [],
            "id": "500e169f-7231-266a-4c3d-fbd4ddaf246b",
            "instance_id": "500e169f-7231-266a-4c3d-fbd4ddaf246b",
            "port": [],
            "tag": [
              {
                "scope": "application",
                "tag": "app-wld09-prod-3holapp"
              },
              {
                "scope": "application",
                "tag": "app-wld09-prod-web"
              },
              {
                "scope": "environment",
                "tag": "env-wld09-prod"
              },
              {
                "scope": "sub-application",
                "tag": "app-wld09-prod-3holapp-web"
              },
              {
                "scope": "tenant",
                "tag": "ten-wld09"
              }
            ]
          },
          "sensitive_attributes": [],
          "private": "bnVsbA==",
          "dependencies": [
            "module.tags.data.nsxt_policy_vm.vms"
          ]
        },
        {
          "index_key": "t-app-01a",
          "schema_version": 0,
          "attributes": {
            "context": [],
            "id": "500e1a06-0bb7-5aa2-230c-73642a3e23c1",
            "instance_id": "500e1a06-0bb7-5aa2-230c-73642a3e23c1",
            "port": [],
            "tag": [
              {
                "scope": "application",
                "tag": "app-wld09-test-application"
              },
              {
                "scope": "environment",
                "tag": "env-wld09-test"
              },
              {
                "scope": "tenant",
                "tag": "ten-wld09"
              }
            ]
          },
          "sensitive_attributes": [],
          "private": "bnVsbA==",
          "dependencies": [
            "module.tags.data.nsxt_policy_vm.vms"
          ]
        },
        {
          "index_key": "t-db-01a",
          "schema_version": 0,
          "attributes": {
            "context": [],
            "id": "500eaab6-b602-787e-fdde-70c3ee2f655a",
            "instance_id": "500eaab6-b602-787e-fdde-70c3ee2f655a",
            "port": [],
            "tag": [
              {
                "scope": "application",
                "tag": "app-wld09-test-database"
              },
              {
                "scope": "emergency",
                "tag": "emg-wld09"
              },
              {
                "scope": "environment",
                "tag": "env-wld09-test"
              },
              {
                "scope": "tenant",
                "tag": "ten-wld09"
              }
            ]
          },
          "sensitive_attributes": [],
          "private": "bnVsbA==",
          "dependencies": [
            "module.tags.data.nsxt_policy_vm.vms"
          ]
        },
        {
          "index_key": "t-web-01a",
          "schema_version": 0,
          "attributes": {
            "context": [],
            "id": "500ea1c4-d4ce-5ff0-eec5-deaa96bcf00e",
            "instance_id": "500ea1c4-d4ce-5ff0-eec5-deaa96bcf00e",
            "port": [],
            "tag": [
              {
                "scope": "application",
                "tag": "app-wld09-test-web"
              },
              {
                "scope": "environment",
                "tag": "env-wld09-test"
              },
              {
                "scope": "tenant",
                "tag": "ten-wld09"
              }
            ]
          },
          "sensitive_attributes": [],
          "private": "bnVsbA==",
          "dependencies": [
            "module.tags.data.nsxt_policy_vm.vms"
          ]
        },
        {
          "index_key": "t-web-02a",
          "schema_version": 0,
          "attributes": {
            "context": [],
            "id": "500ebfe0-9f49-a1c6-d5d3-bc0c6a42fc91",
            "instance_id": "500ebfe0-9f49-a1c6-d5d3-bc0c6a42fc91",
            "port": [],
            "tag": [
              {
                "scope": "application",
                "tag": "app-wld09-test-web"
              },
              {
                "scope": "environment",
                "tag": "env-wld09-test"
              },
              {
                "scope": "tenant",
                "tag": "ten-wld09"
              }
            ]
          },
          "sensitive_attributes": [],
          "private": "bnVsbA==",
          "dependencies": [
            "module.tags.data.nsxt_policy_vm.vms"
          ]
        },
        {
          "index_key": "t-web-03a",
          "schema_version": 0,
          "attributes": {
            "context": [],
            "id": "500e4809-32b4-cbb5-bece-e59d5dc1e4aa",
            "instance_id": "500e4809-32b4-cbb5-bece-e59d5dc1e4aa",
            "port": [],
            "tag": [
              {
                "scope": "application",
                "tag": "app-wld09-test-web"
              },
              {
                "scope": "environment",
                "tag": "env-wld09-test"
              },
              {
                "scope": "tenant",
                "tag": "ten-wld09"
              }
            ]
          },
          "sensitive_attributes": [],
          "private": "bnVsbA==",
          "dependencies": [
            "module.tags.data.nsxt_policy_vm.vms"
          ]
        }
      ]
    },
    {
      "module": "module.tags[\"wld10\"]",
      "mode": "data",
      "type": "nsxt_policy_vm",
      "name": "vms",
      "provider": "provider[\"registry.terraform.io/vmware/nsxt\"]",
      "instances": [
        {
          "index_key": "a-app-01a",
          "schema_version": 0,
          "attributes": {
            "bios_id": "420e8c54-2e13-0720-e066-1d347acd063b",
            "context": null,
            "description": "",
            "display_name": "a-app-01a",
            "external_id": "500e6909-122a-2c58-6dc2-a85aff0763ae",
            "id": "500e6909-122a-2c58-6dc2-a85aff0763ae",
            "instance_id": "500e6909-122a-2c58-6dc2-a85aff0763ae"
          },
          "sensitive_attributes": []
        },
        {
          "index_key": "a-db-01a",
          "schema_version": 0,
          "attributes": {
            "bios_id": "420e53a9-7a17-e3c0-1d05-48d850a69711",
            "context": null,
            "description": "",
            "display_name": "a-db-01a",
            "external_id": "500ed547-b10a-13b7-1a2d-7ff653061f2b",
            "id": "500ed547-b10a-13b7-1a2d-7ff653061f2b",
            "instance_id": "500ed547-b10a-13b7-1a2d-7ff653061f2b"
          },
          "sensitive_attributes": []
        },
        {
          "index_key": "a-web-01a",
          "schema_version": 0,
          "attributes": {
            "bios_id": "420ee5dc-c141-e5ea-41e3-8253de3bc263",
            "context": null,
            "description": "",
            "display_name": "a-web-01a",
            "external_id": "500e0604-4711-df4b-6ef1-49aaf530b89c",
            "id": "500e0604-4711-df4b-6ef1-49aaf530b89c",
            "instance_id": "500e0604-4711-df4b-6ef1-49aaf530b89c"
          },
          "sensitive_attributes": []
        },
        {
          "index_key": "a-web-02a",
          "schema_version": 0,
          "attributes": {
            "bios_id": "420e2417-4c29-638d-56af-c5df27d4a07e",
            "context": null,
            "description": "",
            "display_name": "a-web-02a",
            "external_id": "500e89db-c11a-e826-e283-6c0a45d64e2c",
            "id": "500e89db-c11a-e826-e283-6c0a45d64e2c",
            "instance_id": "500e89db-c11a-e826-e283-6c0a45d64e2c"
          },
          "sensitive_attributes": []
        },
        {
          "index_key": "a-web-03a",
          "schema_version": 0,
          "attributes": {
            "bios_id": "420e0d6d-ad01-d789-703e-8bdb3eb320f8",
            "context": null,
            "description": "",
            "display_name": "a-web-03a",
            "external_id": "500ecb05-cb4c-5667-c62b-6e06cc6119cc",
            "id": "500ecb05-cb4c-5667-c62b-6e06cc6119cc",
            "instance_id": "500ecb05-cb4c-5667-c62b-6e06cc6119cc"
          },
          "sensitive_attributes": []
        },
        {
          "index_key": "d-app-01a",
          "schema_version": 0,
          "attributes": {
            "bios_id": "420ef397-8750-1059-bb9b-caff1b26443f",
            "context": null,
            "description": "",
            "display_name": "d-app-01a",
            "external_id": "500e52a8-9caa-5b01-0b58-c38e23e3d465",
            "id": "500e52a8-9caa-5b01-0b58-c38e23e3d465",
            "instance_id": "500e52a8-9caa-5b01-0b58-c38e23e3d465"
          },
          "sensitive_attributes": []
        },
        {
          "index_key": "d-db-01a",
          "schema_version": 0,
          "attributes": {
            "bios_id": "420e7d42-c21a-0fa3-07a3-b915f0ab32c0",
            "context": null,
            "description": "",
            "display_name": "d-db-01a",
            "external_id": "500e8ba2-1ade-1ab8-39c3-34a8046bbe39",
            "id": "500e8ba2-1ade-1ab8-39c3-34a8046bbe39",
            "instance_id": "500e8ba2-1ade-1ab8-39c3-34a8046bbe39"
          },
          "sensitive_attributes": []
        },
        {
          "index_key": "d-web-01a",
          "schema_version": 0,
          "attributes": {
            "bios_id": "420e8cd4-3f2a-521e-8d32-589e010a45cf",
            "context": null,
            "description": "",
            "display_name": "d-web-01a",
            "external_id": "500e408d-f3bd-280f-2e05-b3787ec63333",
            "id": "500e408d-f3bd-280f-2e05-b3787ec63333",
            "instance_id": "500e408d-f3bd-280f-2e05-b3787ec63333"
          },
          "sensitive_attributes": []
        },
        {
          "index_key": "d-web-02a",
          "schema_version": 0,
          "attributes": {
            "bios_id": "420eab28-0d11-7280-cf2a-8b385c8bc907",
            "context": null,
            "description": "",
            "display_name": "d-web-02a",
            "external_id": "500e2f4d-03ef-aef2-8f4b-338340ec4ab0",
            "id": "500e2f4d-03ef-aef2-8f4b-338340ec4ab0",
            "instance_id": "500e2f4d-03ef-aef2-8f4b-338340ec4ab0"
          },
          "sensitive_attributes": []
        },
        {
          "index_key": "d-web-03a",
          "schema_version": 0,
          "attributes": {
            "bios_id": "420e9f76-cb3f-6ad5-6416-65d7e6a15fc9",
            "context": null,
            "description": "",
            "display_name": "d-web-03a",
            "external_id": "500e9351-a0e2-62d1-8cc1-395fb379d3e6",
            "id": "500e9351-a0e2-62d1-8cc1-395fb379d3e6",
            "instance_id": "500e9351-a0e2-62d1-8cc1-395fb379d3e6"
          },
          "sensitive_attributes": []
        }
      ]
    },
    {
      "module": "module.tags[\"wld10\"]",
      "mode": "managed",
      "type": "nsxt_policy_vm_tags",
      "name": "hierarchy_tags",
      "provider": "provider[\"registry.terraform.io/vmware/nsxt\"]",
      "instances": [
        {
          "index_key": "a-app-01a",
          "schema_version": 0,
          "attributes": {
            "context": [],
            "id": "500e6909-122a-2c58-6dc2-a85aff0763ae",
            "instance_id": "500e6909-122a-2c58-6dc2-a85aff0763ae",
            "port": [],
            "tag": [
              {
                "scope": "application",
                "tag": "app-wld10-acc-application"
              },
              {
                "scope": "environment",
                "tag": "env-wld10-acc"
              },
              {
                "scope": "tenant",
                "tag": "ten-wld10"
              }
            ]
          },
          "sensitive_attributes": [],
          "private": "bnVsbA==",
          "dependencies": [
            "module.tags.data.nsxt_policy_vm.vms"
          ]
        },
        {
          "index_key": "a-db-01a",
          "schema_version": 0,
          "attributes": {
            "context": [],
            "id": "500ed547-b10a-13b7-1a2d-7ff653061f2b",
            "instance_id": "500ed547-b10a-13b7-1a2d-7ff653061f2b",
            "port": [],
            "tag": [
              {
                "scope": "application",
                "tag": "app-wld10-acc-database"
              },
              {
                "scope": "emergency",
                "tag": "emg-wld10"
              },
              {
                "scope": "environment",
                "tag": "env-wld10-acc"
              },
              {
                "scope": "tenant",
                "tag": "ten-wld10"
              }
            ]
          },
          "sensitive_attributes": [],
          "private": "bnVsbA==",
          "dependencies": [
            "module.tags.data.nsxt_policy_vm.vms"
          ]
        },
        {
          "index_key": "a-web-01a",
          "schema_version": 0,
          "attributes": {
            "context": [],
            "id": "500e0604-4711-df4b-6ef1-49aaf530b89c",
            "instance_id": "500e0604-4711-df4b-6ef1-49aaf530b89c",
            "port": [],
            "tag": [
              {
                "scope": "application",
                "tag": "app-wld10-acc-web"
              },
              {
                "scope": "environment",
                "tag": "env-wld10-acc"
              },
              {
                "scope": "tenant",
                "tag": "ten-wld10"
              }
            ]
          },
          "sensitive_attributes": [],
          "private": "bnVsbA==",
          "dependencies": [
            "module.tags.data.nsxt_policy_vm.vms"
          ]
        },
        {
          "index_key": "a-web-02a",
          "schema_version": 0,
          "attributes": {
            "context": [],
            "id": "500e89db-c11a-e826-e283-6c0a45d64e2c",
            "instance_id": "500e89db-c11a-e826-e283-6c0a45d64e2c",
            "port": [],
            "tag": [
              {
                "scope": "application",
                "tag": "app-wld10-acc-web"
              },
              {
                "scope": "environment",
                "tag": "env-wld10-acc"
              },
              {
                "scope": "tenant",
                "tag": "ten-wld10"
              }
            ]
          },
          "sensitive_attributes": [],
          "private": "bnVsbA==",
          "dependencies": [
            "module.tags.data.nsxt_policy_vm.vms"
          ]
        },
        {
          "index_key": "a-web-03a",
          "schema_version": 0,
          "attributes": {
            "context": [],
            "id": "500ecb05-cb4c-5667-c62b-6e06cc6119cc",
            "instance_id": "500ecb05-cb4c-5667-c62b-6e06cc6119cc",
            "port": [],
            "tag": [
              {
                "scope": "application",
                "tag": "app-wld10-acc-web"
              },
              {
                "scope": "environment",
                "tag": "env-wld10-acc"
              },
              {
                "scope": "tenant",
                "tag": "ten-wld10"
              }
            ]
          },
          "sensitive_attributes": [],
          "private": "bnVsbA==",
          "dependencies": [
            "module.tags.data.nsxt_policy_vm.vms"
          ]
        },
        {
          "index_key": "d-app-01a",
          "schema_version": 0,
          "attributes": {
            "context": [],
            "id": "500e52a8-9caa-5b01-0b58-c38e23e3d465",
            "instance_id": "500e52a8-9caa-5b01-0b58-c38e23e3d465",
            "port": [],
            "tag": [
              {
                "scope": "application",
                "tag": "app-wld10-dev-3holapp"
              },
              {
                "scope": "application",
                "tag": "app-wld10-dev-application"
              },
              {
                "scope": "environment",
                "tag": "env-wld10-dev"
              },
              {
                "scope": "sub-application",
                "tag": "app-wld10-dev-3holapp-application"
              },
              {
                "scope": "tenant",
                "tag": "ten-wld10"
              }
            ]
          },
          "sensitive_attributes": [],
          "private": "bnVsbA==",
          "dependencies": [
            "module.tags.data.nsxt_policy_vm.vms"
          ]
        },
        {
          "index_key": "d-db-01a",
          "schema_version": 0,
          "attributes": {
            "context": [],
            "id": "500e8ba2-1ade-1ab8-39c3-34a8046bbe39",
            "instance_id": "500e8ba2-1ade-1ab8-39c3-34a8046bbe39",
            "port": [],
            "tag": [
              {
                "scope": "application",
                "tag": "app-wld10-dev-3holapp"
              },
              {
                "scope": "application",
                "tag": "app-wld10-dev-database"
              },
              {
                "scope": "environment",
                "tag": "env-wld10-dev"
              },
              {
                "scope": "sub-application",
                "tag": "app-wld10-dev-3holapp-database"
              },
              {
                "scope": "tenant",
                "tag": "ten-wld10"
              }
            ]
          },
          "sensitive_attributes": [],
          "private": "bnVsbA==",
          "dependencies": [
            "module.tags.data.nsxt_policy_vm.vms"
          ]
        },
        {
          "index_key": "d-web-01a",
          "schema_version": 0,
          "attributes": {
            "context": [],
            "id": "500e408d-f3bd-280f-2e05-b3787ec63333",
            "instance_id": "500e408d-f3bd-280f-2e05-b3787ec63333",
            "port": [],
            "tag": [
              {
                "scope": "application",
                "tag": "app-wld10-dev-3holapp"
              },
              {
                "scope": "application",
                "tag": "app-wld10-dev-web"
              },
              {
                "scope": "environment",
                "tag": "env-wld10-dev"
              },
              {
                "scope": "sub-application",
                "tag": "app-wld10-dev-3holapp-web"
              },
              {
                "scope": "tenant",
                "tag": "ten-wld10"
              }
            ]
          },
          "sensitive_attributes": [],
          "private": "bnVsbA==",
          "dependencies": [
            "module.tags.data.nsxt_policy_vm.vms"
          ]
        },
        {
          "index_key": "d-web-02a",
          "schema_version": 0,
          "attributes": {
            "context": [],
            "id": "500e2f4d-03ef-aef2-8f4b-338340ec4ab0",
            "instance_id": "500e2f4d-03ef-aef2-8f4b-338340ec4ab0",
            "port": [],
            "tag": [
              {
                "scope": "application",
                "tag": "app-wld10-dev-3holapp"
              },
              {
                "scope": "application",
                "tag": "app-wld10-dev-web"
              },
              {
                "scope": "environment",
                "tag": "env-wld10-dev"
              },
              {
                "scope": "sub-application",
                "tag": "app-wld10-dev-3holapp-web"
              },
              {
                "scope": "tenant",
                "tag": "ten-wld10"
              }
            ]
          },
          "sensitive_attributes": [],
          "private": "bnVsbA==",
          "dependencies": [
            "module.tags.data.nsxt_policy_vm.vms"
          ]
        },
        {
          "index_key": "d-web-03a",
          "schema_version": 0,
          "attributes": {
            "context": [],
            "id": "500e9351-a0e2-62d1-8cc1-395fb379d3e6",
            "instance_id": "500e9351-a0e2-62d1-8cc1-395fb379d3e6",
            "port": [],
            "tag": [
              {
                "scope": "application",
                "tag": "app-wld10-dev-3holapp"
              },
              {
                "scope": "application",
                "tag": "app-wld10-dev-web"
              },
              {
                "scope": "environment",
                "tag": "env-wld10-dev"
              },
              {
                "scope": "sub-application",
                "tag": "app-wld10-dev-3holapp-web"
              },
              {
                "scope": "tenant",
                "tag": "ten-wld10"
              }
            ]
          },
          "sensitive_attributes": [],
          "private": "bnVsbA==",
          "dependencies": [
            "module.tags.data.nsxt_policy_vm.vms"
          ]
        }
      ]
    }
  ],
  "check_results": null
}
