{
  "version": 4,
  "terraform_version": "1.11.4",
  "serial": 1519,
  "lineage": "9ac51c63-2cea-057c-32cc-4845105746d3",
  "outputs": {
    "application_groups": {
      "value": {
        "wld09": {
          "app-wld09-prod-3holapp": "/infra/domains/default/groups/dcc27c06-c328-4cfb-8682-bd71db09b1f5",
          "app-wld09-prod-application": "/infra/domains/default/groups/de1f0611-c6d9-4bf5-b24a-e3a1489dfb17",
          "app-wld09-prod-database": "/infra/domains/default/groups/8adc48fc-fa05-42c8-a31c-54da663f3482",
          "app-wld09-prod-web": "/infra/domains/default/groups/dc66efc0-3b02-4a9f-bb9a-b7b299991530",
          "app-wld09-test-application": "/infra/domains/default/groups/68f77bdb-ab53-4cb2-a76e-521371b08a7c",
          "app-wld09-test-database": "/infra/domains/default/groups/e568c05c-ef32-471a-af93-3135c2f346de",
          "app-wld09-test-web": "/infra/domains/default/groups/18518538-3714-4143-8616-7ce0f27cb720"
        },
        "wld10": {
          "app-wld10-acc-application": "/infra/domains/default/groups/7a1d8096-0301-4872-8eb4-06e4f710df76",
          "app-wld10-acc-database": "/infra/domains/default/groups/04a8ac08-b51b-43b4-aa99-28508a73aa91",
          "app-wld10-acc-web": "/infra/domains/default/groups/c21e6383-0806-4757-a144-bc77fea17205",
          "app-wld10-dev-3holapp": "/infra/domains/default/groups/e4dd813a-79f1-4752-9790-f67157b2ca65",
          "app-wld10-dev-application": "/infra/domains/default/groups/267dceeb-cd9c-4508-bf19-c767f20b48d4",
          "app-wld10-dev-database": "/infra/domains/default/groups/be87540e-9e05-44cb-ad4f-8d5460be56c1",
          "app-wld10-dev-web": "/infra/domains/default/groups/f31d4503-b7dc-4991-8801-13b8ee88341f"
        }
      },
      "type": [
        "object",
        {
          "wld09": [
            "object",
            {
              "app-wld09-prod-3holapp": "string",
              "app-wld09-prod-application": "string",
              "app-wld09-prod-database": "string",
              "app-wld09-prod-web": "string",
              "app-wld09-test-application": "string",
              "app-wld09-test-database": "string",
              "app-wld09-test-web": "string"
            }
          ],
          "wld10": [
            "object",
            {
              "app-wld10-acc-application": "string",
              "app-wld10-acc-database": "string",
              "app-wld10-acc-web": "string",
              "app-wld10-dev-3holapp": "string",
              "app-wld10-dev-application": "string",
              "app-wld10-dev-database": "string",
              "app-wld10-dev-web": "string"
            }
          ]
        }
      ]
    },
    "environment_groups": {
      "value": {
        "wld09": {
          "env-wld09-prod": "/infra/domains/default/groups/c6090f56-caf2-4587-a251-12810e514e3e",
          "env-wld09-test": "/infra/domains/default/groups/d985e946-fb10-4c19-bad9-e27f607bec68"
        },
        "wld10": {
          "env-wld10-acc": "/infra/domains/default/groups/1a685e00-e6b7-4002-bd71-e419bc6434f4",
          "env-wld10-dev": "/infra/domains/default/groups/cdf00ca5-a2a6-444e-a676-8e5bdb76fd01"
        }
      },
      "type": [
        "object",
        {
          "wld09": [
            "object",
            {
              "env-wld09-prod": "string",
              "env-wld09-test": "string"
            }
          ],
          "wld10": [
            "object",
            {
              "env-wld10-acc": "string",
              "env-wld10-dev": "string"
            }
          ]
        }
      ]
    },
    "services": {
      "value": {
        "wld09": {
          "HTTPS, net.tcp binding": {
            "display_name": "HTTPS, net.tcp binding",
            "id": "HTTPS,_net.tcp_binding",
            "path": "/infra/services/HTTPS,_net.tcp_binding"
          },
          "ICMP Echo Reply": {
            "display_name": "ICMP Echo Reply",
            "id": "ICMP_Echo_Reply",
            "path": "/infra/services/ICMP_Echo_Reply"
          },
          "ICMPv4": {
            "display_name": "ICMPv4-ALL",
            "id": "ICMPv4-ALL",
            "path": "/infra/services/ICMPv4-ALL"
          },
          "Microsoft SQL Server": {
            "display_name": "Microsoft SQL Server",
            "id": "Microsoft_SQL_Server",
            "path": "/infra/services/Microsoft_SQL_Server"
          },
          "Windows-Global-Catalog-over-SSL": {
            "display_name": "Windows-Global-Catalog-over-SSL",
            "id": "Windows-Global-Catalog-over-SSL",
            "path": "/infra/services/Windows-Global-Catalog-over-SSL"
          },
          "Yahoo Messenger (TCP)": {
            "display_name": "Yahoo Messenger (TCP)",
            "id": "Yahoo_Messenger_(TCP)",
            "path": "/infra/services/Yahoo_Messenger_(TCP)"
          },
          "tcp_3306": {
            "display_name": "svc-wld09-tcp_3306",
            "id": "6ee7cf3c-478f-41c5-832b-b2aed74f47c3",
            "path": "/infra/services/6ee7cf3c-478f-41c5-832b-b2aed74f47c3"
          },
          "tcp_443": {
            "display_name": "svc-wld09-tcp_443",
            "id": "4e6a67a4-1313-4fc9-aa83-dfde88af6506",
            "path": "/infra/services/4e6a67a4-1313-4fc9-aa83-dfde88af6506"
          },
          "tcp_445": {
            "display_name": "svc-wld09-tcp_445",
            "id": "261e67ee-79f9-4fcf-8b39-81929cb38694",
            "path": "/infra/services/261e67ee-79f9-4fcf-8b39-81929cb38694"
          },
          "tcp_8443": {
            "display_name": "svc-wld09-tcp_8443",
            "id": "64b6d9ad-6e9a-4ea8-ba38-9ffb0bd0a630",
            "path": "/infra/services/64b6d9ad-6e9a-4ea8-ba38-9ffb0bd0a630"
          },
          "udp_53": {
            "display_name": "svc-wld09-udp_53",
            "id": "c8588b8a-72d6-4771-9676-b125d09accbd",
            "path": "/infra/services/c8588b8a-72d6-4771-9676-b125d09accbd"
          }
        },
        "wld10": {
          "tcp_3306": {
            "display_name": "svc-wld10-tcp_3306",
            "id": "4353b3f6-aa86-4e8d-bede-4db0919cc8af",
            "path": "/infra/services/4353b3f6-aa86-4e8d-bede-4db0919cc8af"
          },
          "tcp_443": {
            "display_name": "svc-wld10-tcp_443",
            "id": "f9a6d168-ba26-43fe-8f4c-f6392366d4db",
            "path": "/infra/services/f9a6d168-ba26-43fe-8f4c-f6392366d4db"
          },
          "tcp_8443": {
            "display_name": "svc-wld10-tcp_8443",
            "id": "a4c7511c-09e9-4bc7-9fce-a41331696060",
            "path": "/infra/services/a4c7511c-09e9-4bc7-9fce-a41331696060"
          },
          "udp_53": {
            "display_name": "svc-wld10-udp_53",
            "id": "065f0416-f565-4471-a4c0-d874bf86aa71",
            "path": "/infra/services/065f0416-f565-4471-a4c0-d874bf86aa71"
          }
        }
      },
      "type": [
        "object",
        {
          "wld09": [
            "object",
            {
              "HTTPS, net.tcp binding": [
                "object",
                {
                  "display_name": "string",
                  "id": "string",
                  "path": "string"
                }
              ],
              "ICMP Echo Reply": [
                "object",
                {
                  "display_name": "string",
                  "id": "string",
                  "path": "string"
                }
              ],
              "ICMPv4": [
                "object",
                {
                  "display_name": "string",
                  "id": "string",
                  "path": "string"
                }
              ],
              "Microsoft SQL Server": [
                "object",
                {
                  "display_name": "string",
                  "id": "string",
                  "path": "string"
                }
              ],
              "Windows-Global-Catalog-over-SSL": [
                "object",
                {
                  "display_name": "string",
                  "id": "string",
                  "path": "string"
                }
              ],
              "Yahoo Messenger (TCP)": [
                "object",
                {
                  "display_name": "string",
                  "id": "string",
                  "path": "string"
                }
              ],
              "tcp_3306": [
                "object",
                {
                  "display_name": "string",
                  "id": "string",
                  "path": "string"
                }
              ],
              "tcp_443": [
                "object",
                {
                  "display_name": "string",
                  "id": "string",
                  "path": "string"
                }
              ],
              "tcp_445": [
                "object",
                {
                  "display_name": "string",
                  "id": "string",
                  "path": "string"
                }
              ],
              "tcp_8443": [
                "object",
                {
                  "display_name": "string",
                  "id": "string",
                  "path": "string"
                }
              ],
              "udp_53": [
                "object",
                {
                  "display_name": "string",
                  "id": "string",
                  "path": "string"
                }
              ]
            }
          ],
          "wld10": [
            "object",
            {
              "tcp_3306": [
                "object",
                {
                  "display_name": "string",
                  "id": "string",
                  "path": "string"
                }
              ],
              "tcp_443": [
                "object",
                {
                  "display_name": "string",
                  "id": "string",
                  "path": "string"
                }
              ],
              "tcp_8443": [
                "object",
                {
                  "display_name": "string",
                  "id": "string",
                  "path": "string"
                }
              ],
              "udp_53": [
                "object",
                {
                  "display_name": "string",
                  "id": "string",
                  "path": "string"
                }
              ]
            }
          ]
        }
      ]
    },
    "tenant_group_ids": {
      "value": {
        "wld09": "/infra/domains/default/groups/c6e0cffe-314d-421a-b8fe-1de67af7b166",
        "wld10": "/infra/domains/default/groups/d3ff0ac8-a985-46e7-850d-0ed11a1778c3"
      },
      "type": [
        "object",
        {
          "wld09": "string",
          "wld10": "string"
        }
      ]
    },
    "tenant_tags": {
      "value": {
        "wld09": "ten-wld09",
        "wld10": "ten-wld10"
      },
      "type": [
        "object",
        {
          "wld09": "string",
          "wld10": "string"
        }
      ]
    },
    "tenant_vms": {
      "value": {
        "wld09": [
          "p-app-01a",
          "p-db-01a",
          "p-web-01a",
          "p-web-02a",
          "p-web-03a"
        ],
        "wld10": [
          "d-app-01a",
          "d-db-01a",
          "d-web-01a",
          "d-web-02a",
          "d-web-03a"
        ]
      },
      "type": [
        "object",
        {
          "wld09": [
            "tuple",
            [
              "string",
              "string",
              "string",
              "string",
              "string"
            ]
          ],
          "wld10": [
            "tuple",
            [
              "string",
              "string",
              "string",
              "string",
              "string"
            ]
          ]
        }
      ]
    }
  },
  "resources": [
    {
      "module": "module.groups[\"wld09\"]",
      "mode": "managed",
      "type": "nsxt_policy_group",
      "name": "application_groups",
      "provider": "provider[\"registry.terraform.io/vmware/nsxt\"]",
      "instances": [
        {
          "index_key": "app-wld09-prod-3holapp",
          "schema_version": 0,
          "attributes": {
            "conjunction": [],
            "context": [],
            "criteria": [
              {
                "condition": [
                  {
                    "key": "Tag",
                    "member_type": "VirtualMachine",
                    "operator": "EQUALS",
                    "value": "app-wld09-prod-3holapp"
                  }
                ],
                "external_id_expression": [],
                "ipaddress_expression": [],
                "macaddress_expression": [],
                "path_expression": []
              }
            ],
            "description": "Group for application app-wld09-prod-3holapp",
            "display_name": "app-wld09-prod-3holapp",
            "domain": "default",
            "extended_criteria": [],
            "group_type": null,
            "id": "dcc27c06-c328-4cfb-8682-bd71db09b1f5",
            "nsx_id": "dcc27c06-c328-4cfb-8682-bd71db09b1f5",
            "path": "/infra/domains/default/groups/dcc27c06-c328-4cfb-8682-bd71db09b1f5",
            "revision": 0,
            "tag": [
              {
                "scope": "application",
                "tag": "app-wld09-prod-3holapp"
              }
            ]
          },
          "sensitive_attributes": [],
          "private": "bnVsbA==",
          "dependencies": [
            "module.tags.data.nsxt_policy_vm.vms",
            "module.tags.nsxt_policy_vm_tags.hierarchy_tags"
          ]
        },
        {
          "index_key": "app-wld09-prod-application",
          "schema_version": 0,
          "attributes": {
            "conjunction": [],
            "context": [],
            "criteria": [
              {
                "condition": [
                  {
                    "key": "Tag",
                    "member_type": "VirtualMachine",
                    "operator": "EQUALS",
                    "value": "app-wld09-prod-application"
                  }
                ],
                "external_id_expression": [],
                "ipaddress_expression": [],
                "macaddress_expression": [],
                "path_expression": []
              }
            ],
            "description": "Group for application app-wld09-prod-application",
            "display_name": "app-wld09-prod-application",
            "domain": "default",
            "extended_criteria": [],
            "group_type": null,
            "id": "de1f0611-c6d9-4bf5-b24a-e3a1489dfb17",
            "nsx_id": "de1f0611-c6d9-4bf5-b24a-e3a1489dfb17",
            "path": "/infra/domains/default/groups/de1f0611-c6d9-4bf5-b24a-e3a1489dfb17",
            "revision": 0,
            "tag": [
              {
                "scope": "application",
                "tag": "app-wld09-prod-application"
              }
            ]
          },
          "sensitive_attributes": [],
          "private": "bnVsbA==",
          "dependencies": [
            "module.tags.data.nsxt_policy_vm.vms",
            "module.tags.nsxt_policy_vm_tags.hierarchy_tags"
          ]
        },
        {
          "index_key": "app-wld09-prod-database",
          "schema_version": 0,
          "attributes": {
            "conjunction": [],
            "context": [],
            "criteria": [
              {
                "condition": [
                  {
                    "key": "Tag",
                    "member_type": "VirtualMachine",
                    "operator": "EQUALS",
                    "value": "app-wld09-prod-database"
                  }
                ],
                "external_id_expression": [],
                "ipaddress_expression": [],
                "macaddress_expression": [],
                "path_expression": []
              }
            ],
            "description": "Group for application app-wld09-prod-database",
            "display_name": "app-wld09-prod-database",
            "domain": "default",
            "extended_criteria": [],
            "group_type": null,
            "id": "8adc48fc-fa05-42c8-a31c-54da663f3482",
            "nsx_id": "8adc48fc-fa05-42c8-a31c-54da663f3482",
            "path": "/infra/domains/default/groups/8adc48fc-fa05-42c8-a31c-54da663f3482",
            "revision": 0,
            "tag": [
              {
                "scope": "application",
                "tag": "app-wld09-prod-database"
              }
            ]
          },
          "sensitive_attributes": [],
          "private": "bnVsbA==",
          "dependencies": [
            "module.tags.data.nsxt_policy_vm.vms",
            "module.tags.nsxt_policy_vm_tags.hierarchy_tags"
          ]
        },
        {
          "index_key": "app-wld09-prod-web",
          "schema_version": 0,
          "attributes": {
            "conjunction": [],
            "context": [],
            "criteria": [
              {
                "condition": [
                  {
                    "key": "Tag",
                    "member_type": "VirtualMachine",
                    "operator": "EQUALS",
                    "value": "app-wld09-prod-web"
                  }
                ],
                "external_id_expression": [],
                "ipaddress_expression": [],
                "macaddress_expression": [],
                "path_expression": []
              }
            ],
            "description": "Group for application app-wld09-prod-web",
            "display_name": "app-wld09-prod-web",
            "domain": "default",
            "extended_criteria": [],
            "group_type": null,
            "id": "dc66efc0-3b02-4a9f-bb9a-b7b299991530",
            "nsx_id": "dc66efc0-3b02-4a9f-bb9a-b7b299991530",
            "path": "/infra/domains/default/groups/dc66efc0-3b02-4a9f-bb9a-b7b299991530",
            "revision": 0,
            "tag": [
              {
                "scope": "application",
                "tag": "app-wld09-prod-web"
              }
            ]
          },
          "sensitive_attributes": [],
          "private": "bnVsbA==",
          "dependencies": [
            "module.tags.data.nsxt_policy_vm.vms",
            "module.tags.nsxt_policy_vm_tags.hierarchy_tags"
          ]
        },
        {
          "index_key": "app-wld09-test-application",
          "schema_version": 0,
          "attributes": {
            "conjunction": [],
            "context": [],
            "criteria": [
              {
                "condition": [
                  {
                    "key": "Tag",
                    "member_type": "VirtualMachine",
                    "operator": "EQUALS",
                    "value": "app-wld09-test-application"
                  }
                ],
                "external_id_expression": [],
                "ipaddress_expression": [],
                "macaddress_expression": [],
                "path_expression": []
              }
            ],
            "description": "Group for application app-wld09-test-application",
            "display_name": "app-wld09-test-application",
            "domain": "default",
            "extended_criteria": [],
            "group_type": null,
            "id": "68f77bdb-ab53-4cb2-a76e-521371b08a7c",
            "nsx_id": "68f77bdb-ab53-4cb2-a76e-521371b08a7c",
            "path": "/infra/domains/default/groups/68f77bdb-ab53-4cb2-a76e-521371b08a7c",
            "revision": 0,
            "tag": [
              {
                "scope": "application",
                "tag": "app-wld09-test-application"
              }
            ]
          },
          "sensitive_attributes": [],
          "private": "bnVsbA==",
          "dependencies": [
            "module.tags.data.nsxt_policy_vm.vms",
            "module.tags.nsxt_policy_vm_tags.hierarchy_tags"
          ]
        },
        {
          "index_key": "app-wld09-test-database",
          "schema_version": 0,
          "attributes": {
            "conjunction": [],
            "context": [],
            "criteria": [
              {
                "condition": [
                  {
                    "key": "Tag",
                    "member_type": "VirtualMachine",
                    "operator": "EQUALS",
                    "value": "app-wld09-test-database"
                  }
                ],
                "external_id_expression": [],
                "ipaddress_expression": [],
                "macaddress_expression": [],
                "path_expression": []
              }
            ],
            "description": "Group for application app-wld09-test-database",
            "display_name": "app-wld09-test-database",
            "domain": "default",
            "extended_criteria": [],
            "group_type": null,
            "id": "e568c05c-ef32-471a-af93-3135c2f346de",
            "nsx_id": "e568c05c-ef32-471a-af93-3135c2f346de",
            "path": "/infra/domains/default/groups/e568c05c-ef32-471a-af93-3135c2f346de",
            "revision": 0,
            "tag": [
              {
                "scope": "application",
                "tag": "app-wld09-test-database"
              }
            ]
          },
          "sensitive_attributes": [],
          "private": "bnVsbA==",
          "dependencies": [
            "module.tags.data.nsxt_policy_vm.vms",
            "module.tags.nsxt_policy_vm_tags.hierarchy_tags"
          ]
        },
        {
          "index_key": "app-wld09-test-web",
          "schema_version": 0,
          "attributes": {
            "conjunction": [],
            "context": [],
            "criteria": [
              {
                "condition": [
                  {
                    "key": "Tag",
                    "member_type": "VirtualMachine",
                    "operator": "EQUALS",
                    "value": "app-wld09-test-web"
                  }
                ],
                "external_id_expression": [],
                "ipaddress_expression": [],
                "macaddress_expression": [],
                "path_expression": []
              }
            ],
            "description": "Group for application app-wld09-test-web",
            "display_name": "app-wld09-test-web",
            "domain": "default",
            "extended_criteria": [],
            "group_type": null,
            "id": "18518538-3714-4143-8616-7ce0f27cb720",
            "nsx_id": "18518538-3714-4143-8616-7ce0f27cb720",
            "path": "/infra/domains/default/groups/18518538-3714-4143-8616-7ce0f27cb720",
            "revision": 0,
            "tag": [
              {
                "scope": "application",
                "tag": "app-wld09-test-web"
              }
            ]
          },
          "sensitive_attributes": [],
          "private": "bnVsbA==",
          "dependencies": [
            "module.tags.data.nsxt_policy_vm.vms",
            "module.tags.nsxt_policy_vm_tags.hierarchy_tags"
          ]
        }
      ]
    },
    {
      "module": "module.groups[\"wld09\"]",
      "mode": "managed",
      "type": "nsxt_policy_group",
      "name": "emergency_groups",
      "provider": "provider[\"registry.terraform.io/vmware/nsxt\"]",
      "instances": [
        {
          "index_key": "emg-wld09",
          "schema_version": 0,
          "attributes": {
            "conjunction": [],
            "context": [],
            "criteria": [
              {
                "condition": [
                  {
                    "key": "Tag",
                    "member_type": "VirtualMachine",
                    "operator": "EQUALS",
                    "value": "emg-wld09"
                  }
                ],
                "external_id_expression": [],
                "ipaddress_expression": [],
                "macaddress_expression": [],
                "path_expression": []
              }
            ],
            "description": "Group for emergency access emg-wld09",
            "display_name": "emg-wld09",
            "domain": "default",
            "extended_criteria": [],
            "group_type": null,
            "id": "f16d59d1-1a3a-4cf1-93b2-89646c165250",
            "nsx_id": "f16d59d1-1a3a-4cf1-93b2-89646c165250",
            "path": "/infra/domains/default/groups/f16d59d1-1a3a-4cf1-93b2-89646c165250",
            "revision": 0,
            "tag": [
              {
                "scope": "emergency",
                "tag": "emg-wld09"
              }
            ]
          },
          "sensitive_attributes": [],
          "private": "bnVsbA==",
          "dependencies": [
            "module.tags.data.nsxt_policy_vm.vms",
            "module.tags.nsxt_policy_vm_tags.hierarchy_tags"
          ]
        }
      ]
    },
    {
      "module": "module.groups[\"wld09\"]",
      "mode": "managed",
      "type": "nsxt_policy_group",
      "name": "environment_groups",
      "provider": "provider[\"registry.terraform.io/vmware/nsxt\"]",
      "instances": [
        {
          "index_key": "env-wld09-prod",
          "schema_version": 0,
          "attributes": {
            "conjunction": [],
            "context": [],
            "criteria": [
              {
                "condition": [
                  {
                    "key": "Tag",
                    "member_type": "VirtualMachine",
                    "operator": "EQUALS",
                    "value": "env-wld09-prod"
                  }
                ],
                "external_id_expression": [],
                "ipaddress_expression": [],
                "macaddress_expression": [],
                "path_expression": []
              }
            ],
            "description": "Group for environment env-wld09-prod",
            "display_name": "env-wld09-prod",
            "domain": "default",
            "extended_criteria": [],
            "group_type": null,
            "id": "c6090f56-caf2-4587-a251-12810e514e3e",
            "nsx_id": "c6090f56-caf2-4587-a251-12810e514e3e",
            "path": "/infra/domains/default/groups/c6090f56-caf2-4587-a251-12810e514e3e",
            "revision": 0,
            "tag": [
              {
                "scope": "environment",
                "tag": "env-wld09-prod"
              }
            ]
          },
          "sensitive_attributes": [],
          "private": "bnVsbA==",
          "dependencies": [
            "module.tags.data.nsxt_policy_vm.vms",
            "module.tags.nsxt_policy_vm_tags.hierarchy_tags"
          ]
        },
        {
          "index_key": "env-wld09-test",
          "schema_version": 0,
          "attributes": {
            "conjunction": [],
            "context": [],
            "criteria": [
              {
                "condition": [
                  {
                    "key": "Tag",
                    "member_type": "VirtualMachine",
                    "operator": "EQUALS",
                    "value": "env-wld09-test"
                  }
                ],
                "external_id_expression": [],
                "ipaddress_expression": [],
                "macaddress_expression": [],
                "path_expression": []
              }
            ],
            "description": "Group for environment env-wld09-test",
            "display_name": "env-wld09-test",
            "domain": "default",
            "extended_criteria": [],
            "group_type": null,
            "id": "d985e946-fb10-4c19-bad9-e27f607bec68",
            "nsx_id": "d985e946-fb10-4c19-bad9-e27f607bec68",
            "path": "/infra/domains/default/groups/d985e946-fb10-4c19-bad9-e27f607bec68",
            "revision": 0,
            "tag": [
              {
                "scope": "environment",
                "tag": "env-wld09-test"
              }
            ]
          },
          "sensitive_attributes": [],
          "private": "bnVsbA==",
          "dependencies": [
            "module.tags.data.nsxt_policy_vm.vms",
            "module.tags.nsxt_policy_vm_tags.hierarchy_tags"
          ]
        }
      ]
    },
    {
      "module": "module.groups[\"wld09\"]",
      "mode": "managed",
      "type": "nsxt_policy_group",
      "name": "external_service_groups",
      "provider": "provider[\"registry.terraform.io/vmware/nsxt\"]",
      "instances": [
        {
          "index_key": "ext-wld09-dns",
          "schema_version": 0,
          "attributes": {
            "conjunction": [],
            "context": [],
            "criteria": [
              {
                "condition": [],
                "external_id_expression": [],
                "ipaddress_expression": [
                  {
                    "ip_addresses": [
                      "192.168.12.10"
                    ]
                  }
                ],
                "macaddress_expression": [],
                "path_expression": []
              }
            ],
            "description": "Group for external service ext-wld09-dns",
            "display_name": "ext-wld09-dns",
            "domain": "default",
            "extended_criteria": [],
            "group_type": null,
            "id": "d3b66e03-5202-4c9a-b169-01b0e2021730",
            "nsx_id": "d3b66e03-5202-4c9a-b169-01b0e2021730",
            "path": "/infra/domains/default/groups/d3b66e03-5202-4c9a-b169-01b0e2021730",
            "revision": 0,
            "tag": [
              {
                "scope": "external",
                "tag": "ext-wld09-dns"
              }
            ]
          },
          "sensitive_attributes": [],
          "private": "bnVsbA==",
          "dependencies": [
            "module.tags.data.nsxt_policy_vm.vms",
            "module.tags.nsxt_policy_vm_tags.hierarchy_tags"
          ]
        },
        {
          "index_key": "ext-wld09-jumphosts",
          "schema_version": 0,
          "attributes": {
            "conjunction": [],
            "context": [],
            "criteria": [
              {
                "condition": [],
                "external_id_expression": [],
                "ipaddress_expression": [
                  {
                    "ip_addresses": [
                      "10.10.89.11"
                    ]
                  }
                ],
                "macaddress_expression": [],
                "path_expression": []
              }
            ],
            "description": "Group for external service ext-wld09-jumphosts",
            "display_name": "ext-wld09-jumphosts",
            "domain": "default",
            "extended_criteria": [],
            "group_type": null,
            "id": "ce25ae02-8232-4a51-9915-3e46d509b903",
            "nsx_id": "ce25ae02-8232-4a51-9915-3e46d509b903",
            "path": "/infra/domains/default/groups/ce25ae02-8232-4a51-9915-3e46d509b903",
            "revision": 0,
            "tag": [
              {
                "scope": "external",
                "tag": "ext-wld09-jumphosts"
              }
            ]
          },
          "sensitive_attributes": [],
          "private": "bnVsbA==",
          "dependencies": [
            "module.tags.data.nsxt_policy_vm.vms",
            "module.tags.nsxt_policy_vm_tags.hierarchy_tags"
          ]
        },
        {
          "index_key": "ext-wld09-ntp",
          "schema_version": 0,
          "attributes": {
            "conjunction": [],
            "context": [],
            "criteria": [
              {
                "condition": [],
                "external_id_expression": [],
                "ipaddress_expression": [
                  {
                    "ip_addresses": [
                      "192.168.12.1"
                    ]
                  }
                ],
                "macaddress_expression": [],
                "path_expression": []
              }
            ],
            "description": "Group for external service ext-wld09-ntp",
            "display_name": "ext-wld09-ntp",
            "domain": "default",
            "extended_criteria": [],
            "group_type": null,
            "id": "e6ac3da1-48c5-4bbd-aa24-e97bd904cfce",
            "nsx_id": "e6ac3da1-48c5-4bbd-aa24-e97bd904cfce",
            "path": "/infra/domains/default/groups/e6ac3da1-48c5-4bbd-aa24-e97bd904cfce",
            "revision": 0,
            "tag": [
              {
                "scope": "external",
                "tag": "ext-wld09-ntp"
              }
            ]
          },
          "sensitive_attributes": [],
          "private": "bnVsbA==",
          "dependencies": [
            "module.tags.data.nsxt_policy_vm.vms",
            "module.tags.nsxt_policy_vm_tags.hierarchy_tags"
          ]
        }
      ]
    },
    {
      "module": "module.groups[\"wld09\"]",
      "mode": "managed",
      "type": "nsxt_policy_group",
      "name": "sub_application_groups",
      "provider": "provider[\"registry.terraform.io/vmware/nsxt\"]",
      "instances": [
        {
          "index_key": "app-wld09-prod-3holapp-application",
          "schema_version": 0,
          "attributes": {
            "conjunction": [],
            "context": [],
            "criteria": [
              {
                "condition": [
                  {
                    "key": "Tag",
                    "member_type": "VirtualMachine",
                    "operator": "EQUALS",
                    "value": "app-wld09-prod-3holapp-application"
                  }
                ],
                "external_id_expression": [],
                "ipaddress_expression": [],
                "macaddress_expression": [],
                "path_expression": []
              }
            ],
            "description": "Group for sub-application app-wld09-prod-3holapp-application",
            "display_name": "app-wld09-prod-3holapp-application",
            "domain": "default",
            "extended_criteria": [],
            "group_type": null,
            "id": "8e57dc2b-7ada-4abe-8d28-bc3782fa518e",
            "nsx_id": "8e57dc2b-7ada-4abe-8d28-bc3782fa518e",
            "path": "/infra/domains/default/groups/8e57dc2b-7ada-4abe-8d28-bc3782fa518e",
            "revision": 0,
            "tag": [
              {
                "scope": "sub-application",
                "tag": "app-wld09-prod-3holapp-application"
              }
            ]
          },
          "sensitive_attributes": [],
          "private": "bnVsbA==",
          "dependencies": [
            "module.tags.data.nsxt_policy_vm.vms",
            "module.tags.nsxt_policy_vm_tags.hierarchy_tags"
          ]
        },
        {
          "index_key": "app-wld09-prod-3holapp-database",
          "schema_version": 0,
          "attributes": {
            "conjunction": [],
            "context": [],
            "criteria": [
              {
                "condition": [
                  {
                    "key": "Tag",
                    "member_type": "VirtualMachine",
                    "operator": "EQUALS",
                    "value": "app-wld09-prod-3holapp-database"
                  }
                ],
                "external_id_expression": [],
                "ipaddress_expression": [],
                "macaddress_expression": [],
                "path_expression": []
              }
            ],
            "description": "Group for sub-application app-wld09-prod-3holapp-database",
            "display_name": "app-wld09-prod-3holapp-database",
            "domain": "default",
            "extended_criteria": [],
            "group_type": null,
            "id": "a97bdc44-f24a-4414-9052-176c05ec09c4",
            "nsx_id": "a97bdc44-f24a-4414-9052-176c05ec09c4",
            "path": "/infra/domains/default/groups/a97bdc44-f24a-4414-9052-176c05ec09c4",
            "revision": 0,
            "tag": [
              {
                "scope": "sub-application",
                "tag": "app-wld09-prod-3holapp-database"
              }
            ]
          },
          "sensitive_attributes": [],
          "private": "bnVsbA==",
          "dependencies": [
            "module.tags.data.nsxt_policy_vm.vms",
            "module.tags.nsxt_policy_vm_tags.hierarchy_tags"
          ]
        },
        {
          "index_key": "app-wld09-prod-3holapp-web",
          "schema_version": 0,
          "attributes": {
            "conjunction": [],
            "context": [],
            "criteria": [
              {
                "condition": [
                  {
                    "key": "Tag",
                    "member_type": "VirtualMachine",
                    "operator": "EQUALS",
                    "value": "app-wld09-prod-3holapp-web"
                  }
                ],
                "external_id_expression": [],
                "ipaddress_expression": [],
                "macaddress_expression": [],
                "path_expression": []
              }
            ],
            "description": "Group for sub-application app-wld09-prod-3holapp-web",
            "display_name": "app-wld09-prod-3holapp-web",
            "domain": "default",
            "extended_criteria": [],
            "group_type": null,
            "id": "0f28580c-17d1-4e22-b719-0fc55c9aafdb",
            "nsx_id": "0f28580c-17d1-4e22-b719-0fc55c9aafdb",
            "path": "/infra/domains/default/groups/0f28580c-17d1-4e22-b719-0fc55c9aafdb",
            "revision": 0,
            "tag": [
              {
                "scope": "sub-application",
                "tag": "app-wld09-prod-3holapp-web"
              }
            ]
          },
          "sensitive_attributes": [],
          "private": "bnVsbA==",
          "dependencies": [
            "module.tags.data.nsxt_policy_vm.vms",
            "module.tags.nsxt_policy_vm_tags.hierarchy_tags"
          ]
        }
      ]
    },
    {
      "module": "module.groups[\"wld09\"]",
      "mode": "managed",
      "type": "nsxt_policy_group",
      "name": "tenant_group",
      "provider": "provider[\"registry.terraform.io/vmware/nsxt\"]",
      "instances": [
        {
          "schema_version": 0,
          "attributes": {
            "conjunction": [],
            "context": [],
            "criteria": [
              {
                "condition": [
                  {
                    "key": "Tag",
                    "member_type": "VirtualMachine",
                    "operator": "EQUALS",
                    "value": "ten-wld09"
                  }
                ],
                "external_id_expression": [],
                "ipaddress_expression": [],
                "macaddress_expression": [],
                "path_expression": []
              }
            ],
            "description": "Group for all VMs in tenant wld09",
            "display_name": "ten-wld09",
            "domain": "default",
            "extended_criteria": [],
            "group_type": null,
            "id": "c6e0cffe-314d-421a-b8fe-1de67af7b166",
            "nsx_id": "c6e0cffe-314d-421a-b8fe-1de67af7b166",
            "path": "/infra/domains/default/groups/c6e0cffe-314d-421a-b8fe-1de67af7b166",
            "revision": 0,
            "tag": [
              {
                "scope": "tenant",
                "tag": "ten-wld09"
              }
            ]
          },
          "sensitive_attributes": [],
          "private": "bnVsbA==",
          "dependencies": [
            "module.tags.data.nsxt_policy_vm.vms",
            "module.tags.nsxt_policy_vm_tags.hierarchy_tags"
          ]
        }
      ]
    },
    {
      "module": "module.groups[\"wld10\"]",
      "mode": "managed",
      "type": "nsxt_policy_group",
      "name": "application_groups",
      "provider": "provider[\"registry.terraform.io/vmware/nsxt\"]",
      "instances": [
        {
          "index_key": "app-wld10-acc-application",
          "schema_version": 0,
          "attributes": {
            "conjunction": [],
            "context": [],
            "criteria": [
              {
                "condition": [
                  {
                    "key": "Tag",
                    "member_type": "VirtualMachine",
                    "operator": "EQUALS",
                    "value": "app-wld10-acc-application"
                  }
                ],
                "external_id_expression": [],
                "ipaddress_expression": [],
                "macaddress_expression": [],
                "path_expression": []
              }
            ],
            "description": "Group for application app-wld10-acc-application",
            "display_name": "app-wld10-acc-application",
            "domain": "default",
            "extended_criteria": [],
            "group_type": null,
            "id": "7a1d8096-0301-4872-8eb4-06e4f710df76",
            "nsx_id": "7a1d8096-0301-4872-8eb4-06e4f710df76",
            "path": "/infra/domains/default/groups/7a1d8096-0301-4872-8eb4-06e4f710df76",
            "revision": 0,
            "tag": [
              {
                "scope": "application",
                "tag": "app-wld10-acc-application"
              }
            ]
          },
          "sensitive_attributes": [],
          "private": "bnVsbA==",
          "dependencies": [
            "module.tags.data.nsxt_policy_vm.vms",
            "module.tags.nsxt_policy_vm_tags.hierarchy_tags"
          ]
        },
        {
          "index_key": "app-wld10-acc-database",
          "schema_version": 0,
          "attributes": {
            "conjunction": [],
            "context": [],
            "criteria": [
              {
                "condition": [
                  {
                    "key": "Tag",
                    "member_type": "VirtualMachine",
                    "operator": "EQUALS",
                    "value": "app-wld10-acc-database"
                  }
                ],
                "external_id_expression": [],
                "ipaddress_expression": [],
                "macaddress_expression": [],
                "path_expression": []
              }
            ],
            "description": "Group for application app-wld10-acc-database",
            "display_name": "app-wld10-acc-database",
            "domain": "default",
            "extended_criteria": [],
            "group_type": null,
            "id": "04a8ac08-b51b-43b4-aa99-28508a73aa91",
            "nsx_id": "04a8ac08-b51b-43b4-aa99-28508a73aa91",
            "path": "/infra/domains/default/groups/04a8ac08-b51b-43b4-aa99-28508a73aa91",
            "revision": 0,
            "tag": [
              {
                "scope": "application",
                "tag": "app-wld10-acc-database"
              }
            ]
          },
          "sensitive_attributes": [],
          "private": "bnVsbA==",
          "dependencies": [
            "module.tags.data.nsxt_policy_vm.vms",
            "module.tags.nsxt_policy_vm_tags.hierarchy_tags"
          ]
        },
        {
          "index_key": "app-wld10-acc-web",
          "schema_version": 0,
          "attributes": {
            "conjunction": [],
            "context": [],
            "criteria": [
              {
                "condition": [
                  {
                    "key": "Tag",
                    "member_type": "VirtualMachine",
                    "operator": "EQUALS",
                    "value": "app-wld10-acc-web"
                  }
                ],
                "external_id_expression": [],
                "ipaddress_expression": [],
                "macaddress_expression": [],
                "path_expression": []
              }
            ],
            "description": "Group for application app-wld10-acc-web",
            "display_name": "app-wld10-acc-web",
            "domain": "default",
            "extended_criteria": [],
            "group_type": null,
            "id": "c21e6383-0806-4757-a144-bc77fea17205",
            "nsx_id": "c21e6383-0806-4757-a144-bc77fea17205",
            "path": "/infra/domains/default/groups/c21e6383-0806-4757-a144-bc77fea17205",
            "revision": 0,
            "tag": [
              {
                "scope": "application",
                "tag": "app-wld10-acc-web"
              }
            ]
          },
          "sensitive_attributes": [],
          "private": "bnVsbA==",
          "dependencies": [
            "module.tags.data.nsxt_policy_vm.vms",
            "module.tags.nsxt_policy_vm_tags.hierarchy_tags"
          ]
        },
        {
          "index_key": "app-wld10-dev-3holapp",
          "schema_version": 0,
          "attributes": {
            "conjunction": [],
            "context": [],
            "criteria": [
              {
                "condition": [
                  {
                    "key": "Tag",
                    "member_type": "VirtualMachine",
                    "operator": "EQUALS",
                    "value": "app-wld10-dev-3holapp"
                  }
                ],
                "external_id_expression": [],
                "ipaddress_expression": [],
                "macaddress_expression": [],
                "path_expression": []
              }
            ],
            "description": "Group for application app-wld10-dev-3holapp",
            "display_name": "app-wld10-dev-3holapp",
            "domain": "default",
            "extended_criteria": [],
            "group_type": null,
            "id": "e4dd813a-79f1-4752-9790-f67157b2ca65",
            "nsx_id": "e4dd813a-79f1-4752-9790-f67157b2ca65",
            "path": "/infra/domains/default/groups/e4dd813a-79f1-4752-9790-f67157b2ca65",
            "revision": 0,
            "tag": [
              {
                "scope": "application",
                "tag": "app-wld10-dev-3holapp"
              }
            ]
          },
          "sensitive_attributes": [],
          "private": "bnVsbA==",
          "dependencies": [
            "module.tags.data.nsxt_policy_vm.vms",
            "module.tags.nsxt_policy_vm_tags.hierarchy_tags"
          ]
        },
        {
          "index_key": "app-wld10-dev-application",
          "schema_version": 0,
          "attributes": {
            "conjunction": [],
            "context": [],
            "criteria": [
              {
                "condition": [
                  {
                    "key": "Tag",
                    "member_type": "VirtualMachine",
                    "operator": "EQUALS",
                    "value": "app-wld10-dev-application"
                  }
                ],
                "external_id_expression": [],
                "ipaddress_expression": [],
                "macaddress_expression": [],
                "path_expression": []
              }
            ],
            "description": "Group for application app-wld10-dev-application",
            "display_name": "app-wld10-dev-application",
            "domain": "default",
            "extended_criteria": [],
            "group_type": null,
            "id": "267dceeb-cd9c-4508-bf19-c767f20b48d4",
            "nsx_id": "267dceeb-cd9c-4508-bf19-c767f20b48d4",
            "path": "/infra/domains/default/groups/267dceeb-cd9c-4508-bf19-c767f20b48d4",
            "revision": 0,
            "tag": [
              {
                "scope": "application",
                "tag": "app-wld10-dev-application"
              }
            ]
          },
          "sensitive_attributes": [],
          "private": "bnVsbA==",
          "dependencies": [
            "module.tags.data.nsxt_policy_vm.vms",
            "module.tags.nsxt_policy_vm_tags.hierarchy_tags"
          ]
        },
        {
          "index_key": "app-wld10-dev-database",
          "schema_version": 0,
          "attributes": {
            "conjunction": [],
            "context": [],
            "criteria": [
              {
                "condition": [
                  {
                    "key": "Tag",
                    "member_type": "VirtualMachine",
                    "operator": "EQUALS",
                    "value": "app-wld10-dev-database"
                  }
                ],
                "external_id_expression": [],
                "ipaddress_expression": [],
                "macaddress_expression": [],
                "path_expression": []
              }
            ],
            "description": "Group for application app-wld10-dev-database",
            "display_name": "app-wld10-dev-database",
            "domain": "default",
            "extended_criteria": [],
            "group_type": null,
            "id": "be87540e-9e05-44cb-ad4f-8d5460be56c1",
            "nsx_id": "be87540e-9e05-44cb-ad4f-8d5460be56c1",
            "path": "/infra/domains/default/groups/be87540e-9e05-44cb-ad4f-8d5460be56c1",
            "revision": 0,
            "tag": [
              {
                "scope": "application",
                "tag": "app-wld10-dev-database"
              }
            ]
          },
          "sensitive_attributes": [],
          "private": "bnVsbA==",
          "dependencies": [
            "module.tags.data.nsxt_policy_vm.vms",
            "module.tags.nsxt_policy_vm_tags.hierarchy_tags"
          ]
        },
        {
          "index_key": "app-wld10-dev-web",
          "schema_version": 0,
          "attributes": {
            "conjunction": [],
            "context": [],
            "criteria": [
              {
                "condition": [
                  {
                    "key": "Tag",
                    "member_type": "VirtualMachine",
                    "operator": "EQUALS",
                    "value": "app-wld10-dev-web"
                  }
                ],
                "external_id_expression": [],
                "ipaddress_expression": [],
                "macaddress_expression": [],
                "path_expression": []
              }
            ],
            "description": "Group for application app-wld10-dev-web",
            "display_name": "app-wld10-dev-web",
            "domain": "default",
            "extended_criteria": [],
            "group_type": null,
            "id": "f31d4503-b7dc-4991-8801-13b8ee88341f",
            "nsx_id": "f31d4503-b7dc-4991-8801-13b8ee88341f",
            "path": "/infra/domains/default/groups/f31d4503-b7dc-4991-8801-13b8ee88341f",
            "revision": 0,
            "tag": [
              {
                "scope": "application",
                "tag": "app-wld10-dev-web"
              }
            ]
          },
          "sensitive_attributes": [],
          "private": "bnVsbA==",
          "dependencies": [
            "module.tags.data.nsxt_policy_vm.vms",
            "module.tags.nsxt_policy_vm_tags.hierarchy_tags"
          ]
        }
      ]
    },
    {
      "module": "module.groups[\"wld10\"]",
      "mode": "managed",
      "type": "nsxt_policy_group",
      "name": "emergency_groups",
      "provider": "provider[\"registry.terraform.io/vmware/nsxt\"]",
      "instances": [
        {
          "index_key": "emg-wld10",
          "schema_version": 0,
          "attributes": {
            "conjunction": [],
            "context": [],
            "criteria": [
              {
                "condition": [
                  {
                    "key": "Tag",
                    "member_type": "VirtualMachine",
                    "operator": "EQUALS",
                    "value": "emg-wld10"
                  }
                ],
                "external_id_expression": [],
                "ipaddress_expression": [],
                "macaddress_expression": [],
                "path_expression": []
              }
            ],
            "description": "Group for emergency access emg-wld10",
            "display_name": "emg-wld10",
            "domain": "default",
            "extended_criteria": [],
            "group_type": null,
            "id": "e4105328-5a6a-4686-b0e5-cc5f1d9005ec",
            "nsx_id": "e4105328-5a6a-4686-b0e5-cc5f1d9005ec",
            "path": "/infra/domains/default/groups/e4105328-5a6a-4686-b0e5-cc5f1d9005ec",
            "revision": 0,
            "tag": [
              {
                "scope": "emergency",
                "tag": "emg-wld10"
              }
            ]
          },
          "sensitive_attributes": [],
          "private": "bnVsbA==",
          "dependencies": [
            "module.tags.data.nsxt_policy_vm.vms",
            "module.tags.nsxt_policy_vm_tags.hierarchy_tags"
          ]
        }
      ]
    },
    {
      "module": "module.groups[\"wld10\"]",
      "mode": "managed",
      "type": "nsxt_policy_group",
      "name": "environment_groups",
      "provider": "provider[\"registry.terraform.io/vmware/nsxt\"]",
      "instances": [
        {
          "index_key": "env-wld10-acc",
          "schema_version": 0,
          "attributes": {
            "conjunction": [],
            "context": [],
            "criteria": [
              {
                "condition": [
                  {
                    "key": "Tag",
                    "member_type": "VirtualMachine",
                    "operator": "EQUALS",
                    "value": "env-wld10-acc"
                  }
                ],
                "external_id_expression": [],
                "ipaddress_expression": [],
                "macaddress_expression": [],
                "path_expression": []
              }
            ],
            "description": "Group for environment env-wld10-acc",
            "display_name": "env-wld10-acc",
            "domain": "default",
            "extended_criteria": [],
            "group_type": null,
            "id": "1a685e00-e6b7-4002-bd71-e419bc6434f4",
            "nsx_id": "1a685e00-e6b7-4002-bd71-e419bc6434f4",
            "path": "/infra/domains/default/groups/1a685e00-e6b7-4002-bd71-e419bc6434f4",
            "revision": 0,
            "tag": [
              {
                "scope": "environment",
                "tag": "env-wld10-acc"
              }
            ]
          },
          "sensitive_attributes": [],
          "private": "bnVsbA==",
          "dependencies": [
            "module.tags.data.nsxt_policy_vm.vms",
            "module.tags.nsxt_policy_vm_tags.hierarchy_tags"
          ]
        },
        {
          "index_key": "env-wld10-dev",
          "schema_version": 0,
          "attributes": {
            "conjunction": [],
            "context": [],
            "criteria": [
              {
                "condition": [
                  {
                    "key": "Tag",
                    "member_type": "VirtualMachine",
                    "operator": "EQUALS",
                    "value": "env-wld10-dev"
                  }
                ],
                "external_id_expression": [],
                "ipaddress_expression": [],
                "macaddress_expression": [],
                "path_expression": []
              }
            ],
            "description": "Group for environment env-wld10-dev",
            "display_name": "env-wld10-dev",
            "domain": "default",
            "extended_criteria": [],
            "group_type": null,
            "id": "cdf00ca5-a2a6-444e-a676-8e5bdb76fd01",
            "nsx_id": "cdf00ca5-a2a6-444e-a676-8e5bdb76fd01",
            "path": "/infra/domains/default/groups/cdf00ca5-a2a6-444e-a676-8e5bdb76fd01",
            "revision": 0,
            "tag": [
              {
                "scope": "environment",
                "tag": "env-wld10-dev"
              }
            ]
          },
          "sensitive_attributes": [],
          "private": "bnVsbA==",
          "dependencies": [
            "module.tags.data.nsxt_policy_vm.vms",
            "module.tags.nsxt_policy_vm_tags.hierarchy_tags"
          ]
        }
      ]
    },
    {
      "module": "module.groups[\"wld10\"]",
      "mode": "managed",
      "type": "nsxt_policy_group",
      "name": "external_service_groups",
      "provider": "provider[\"registry.terraform.io/vmware/nsxt\"]",
      "instances": [
        {
          "index_key": "ext-wld10-dns",
          "schema_version": 0,
          "attributes": {
            "conjunction": [],
            "context": [],
            "criteria": [
              {
                "condition": [],
                "external_id_expression": [],
                "ipaddress_expression": [
                  {
                    "ip_addresses": [
                      "192.168.12.10"
                    ]
                  }
                ],
                "macaddress_expression": [],
                "path_expression": []
              }
            ],
            "description": "Group for external service ext-wld10-dns",
            "display_name": "ext-wld10-dns",
            "domain": "default",
            "extended_criteria": [],
            "group_type": null,
            "id": "d6d50cea-3767-45bc-a051-feeb72fa9c89",
            "nsx_id": "d6d50cea-3767-45bc-a051-feeb72fa9c89",
            "path": "/infra/domains/default/groups/d6d50cea-3767-45bc-a051-feeb72fa9c89",
            "revision": 0,
            "tag": [
              {
                "scope": "external",
                "tag": "ext-wld10-dns"
              }
            ]
          },
          "sensitive_attributes": [],
          "private": "bnVsbA==",
          "dependencies": [
            "module.tags.data.nsxt_policy_vm.vms",
            "module.tags.nsxt_policy_vm_tags.hierarchy_tags"
          ]
        },
        {
          "index_key": "ext-wld10-jumphosts",
          "schema_version": 0,
          "attributes": {
            "conjunction": [],
            "context": [],
            "criteria": [
              {
                "condition": [],
                "external_id_expression": [],
                "ipaddress_expression": [
                  {
                    "ip_addresses": [
                      "10.10.89.11"
                    ]
                  }
                ],
                "macaddress_expression": [],
                "path_expression": []
              }
            ],
            "description": "Group for external service ext-wld10-jumphosts",
            "display_name": "ext-wld10-jumphosts",
            "domain": "default",
            "extended_criteria": [],
            "group_type": null,
            "id": "4ed369db-1085-438f-ac48-7347e52084d2",
            "nsx_id": "4ed369db-1085-438f-ac48-7347e52084d2",
            "path": "/infra/domains/default/groups/4ed369db-1085-438f-ac48-7347e52084d2",
            "revision": 0,
            "tag": [
              {
                "scope": "external",
                "tag": "ext-wld10-jumphosts"
              }
            ]
          },
          "sensitive_attributes": [],
          "private": "bnVsbA==",
          "dependencies": [
            "module.tags.data.nsxt_policy_vm.vms",
            "module.tags.nsxt_policy_vm_tags.hierarchy_tags"
          ]
        },
        {
          "index_key": "ext-wld10-ntp",
          "schema_version": 0,
          "attributes": {
            "conjunction": [],
            "context": [],
            "criteria": [
              {
                "condition": [],
                "external_id_expression": [],
                "ipaddress_expression": [
                  {
                    "ip_addresses": [
                      "192.168.12.1"
                    ]
                  }
                ],
                "macaddress_expression": [],
                "path_expression": []
              }
            ],
            "description": "Group for external service ext-wld10-ntp",
            "display_name": "ext-wld10-ntp",
            "domain": "default",
            "extended_criteria": [],
            "group_type": null,
            "id": "98509222-96ba-4b72-bd36-a94a8dc51bf4",
            "nsx_id": "98509222-96ba-4b72-bd36-a94a8dc51bf4",
            "path": "/infra/domains/default/groups/98509222-96ba-4b72-bd36-a94a8dc51bf4",
            "revision": 0,
            "tag": [
              {
                "scope": "external",
                "tag": "ext-wld10-ntp"
              }
            ]
          },
          "sensitive_attributes": [],
          "private": "bnVsbA==",
          "dependencies": [
            "module.tags.data.nsxt_policy_vm.vms",
            "module.tags.nsxt_policy_vm_tags.hierarchy_tags"
          ]
        }
      ]
    },
    {
      "module": "module.groups[\"wld10\"]",
      "mode": "managed",
      "type": "nsxt_policy_group",
      "name": "sub_application_groups",
      "provider": "provider[\"registry.terraform.io/vmware/nsxt\"]",
      "instances": [
        {
          "index_key": "app-wld10-dev-3holapp-application",
          "schema_version": 0,
          "attributes": {
            "conjunction": [],
            "context": [],
            "criteria": [
              {
                "condition": [
                  {
                    "key": "Tag",
                    "member_type": "VirtualMachine",
                    "operator": "EQUALS",
                    "value": "app-wld10-dev-3holapp-application"
                  }
                ],
                "external_id_expression": [],
                "ipaddress_expression": [],
                "macaddress_expression": [],
                "path_expression": []
              }
            ],
            "description": "Group for sub-application app-wld10-dev-3holapp-application",
            "display_name": "app-wld10-dev-3holapp-application",
            "domain": "default",
            "extended_criteria": [],
            "group_type": null,
            "id": "09925777-7c19-4cef-9761-c372ac478794",
            "nsx_id": "09925777-7c19-4cef-9761-c372ac478794",
            "path": "/infra/domains/default/groups/09925777-7c19-4cef-9761-c372ac478794",
            "revision": 0,
            "tag": [
              {
                "scope": "sub-application",
                "tag": "app-wld10-dev-3holapp-application"
              }
            ]
          },
          "sensitive_attributes": [],
          "private": "bnVsbA==",
          "dependencies": [
            "module.tags.data.nsxt_policy_vm.vms",
            "module.tags.nsxt_policy_vm_tags.hierarchy_tags"
          ]
        },
        {
          "index_key": "app-wld10-dev-3holapp-database",
          "schema_version": 0,
          "attributes": {
            "conjunction": [],
            "context": [],
            "criteria": [
              {
                "condition": [
                  {
                    "key": "Tag",
                    "member_type": "VirtualMachine",
                    "operator": "EQUALS",
                    "value": "app-wld10-dev-3holapp-database"
                  }
                ],
                "external_id_expression": [],
                "ipaddress_expression": [],
                "macaddress_expression": [],
                "path_expression": []
              }
            ],
            "description": "Group for sub-application app-wld10-dev-3holapp-database",
            "display_name": "app-wld10-dev-3holapp-database",
            "domain": "default",
            "extended_criteria": [],
            "group_type": null,
            "id": "2e0a3eaf-a648-4cd2-8ce4-d0ce1759702f",
            "nsx_id": "2e0a3eaf-a648-4cd2-8ce4-d0ce1759702f",
            "path": "/infra/domains/default/groups/2e0a3eaf-a648-4cd2-8ce4-d0ce1759702f",
            "revision": 0,
            "tag": [
              {
                "scope": "sub-application",
                "tag": "app-wld10-dev-3holapp-database"
              }
            ]
          },
          "sensitive_attributes": [],
          "private": "bnVsbA==",
          "dependencies": [
            "module.tags.data.nsxt_policy_vm.vms",
            "module.tags.nsxt_policy_vm_tags.hierarchy_tags"
          ]
        },
        {
          "index_key": "app-wld10-dev-3holapp-web",
          "schema_version": 0,
          "attributes": {
            "conjunction": [],
            "context": [],
            "criteria": [
              {
                "condition": [
                  {
                    "key": "Tag",
                    "member_type": "VirtualMachine",
                    "operator": "EQUALS",
                    "value": "app-wld10-dev-3holapp-web"
                  }
                ],
                "external_id_expression": [],
                "ipaddress_expression": [],
                "macaddress_expression": [],
                "path_expression": []
              }
            ],
            "description": "Group for sub-application app-wld10-dev-3holapp-web",
            "display_name": "app-wld10-dev-3holapp-web",
            "domain": "default",
            "extended_criteria": [],
            "group_type": null,
            "id": "5d12edc4-7f8d-48f2-b651-18e9f88b907e",
            "nsx_id": "5d12edc4-7f8d-48f2-b651-18e9f88b907e",
            "path": "/infra/domains/default/groups/5d12edc4-7f8d-48f2-b651-18e9f88b907e",
            "revision": 0,
            "tag": [
              {
                "scope": "sub-application",
                "tag": "app-wld10-dev-3holapp-web"
              }
            ]
          },
          "sensitive_attributes": [],
          "private": "bnVsbA==",
          "dependencies": [
            "module.tags.data.nsxt_policy_vm.vms",
            "module.tags.nsxt_policy_vm_tags.hierarchy_tags"
          ]
        }
      ]
    },
    {
      "module": "module.groups[\"wld10\"]",
      "mode": "managed",
      "type": "nsxt_policy_group",
      "name": "tenant_group",
      "provider": "provider[\"registry.terraform.io/vmware/nsxt\"]",
      "instances": [
        {
          "schema_version": 0,
          "attributes": {
            "conjunction": [],
            "context": [],
            "criteria": [
              {
                "condition": [
                  {
                    "key": "Tag",
                    "member_type": "VirtualMachine",
                    "operator": "EQUALS",
                    "value": "ten-wld10"
                  }
                ],
                "external_id_expression": [],
                "ipaddress_expression": [],
                "macaddress_expression": [],
                "path_expression": []
              }
            ],
            "description": "Group for all VMs in tenant wld10",
            "display_name": "ten-wld10",
            "domain": "default",
            "extended_criteria": [],
            "group_type": null,
            "id": "d3ff0ac8-a985-46e7-850d-0ed11a1778c3",
            "nsx_id": "d3ff0ac8-a985-46e7-850d-0ed11a1778c3",
            "path": "/infra/domains/default/groups/d3ff0ac8-a985-46e7-850d-0ed11a1778c3",
            "revision": 0,
            "tag": [
              {
                "scope": "tenant",
                "tag": "ten-wld10"
              }
            ]
          },
          "sensitive_attributes": [],
          "private": "bnVsbA==",
          "dependencies": [
            "module.tags.data.nsxt_policy_vm.vms",
            "module.tags.nsxt_policy_vm_tags.hierarchy_tags"
          ]
        }
      ]
    },
    {
      "module": "module.policies[\"wld09\"]",
      "mode": "managed",
      "type": "nsxt_policy_security_policy",
      "name": "application_policy",
      "provider": "provider[\"registry.terraform.io/vmware/nsxt\"]",
      "instances": [
        {
          "index_key": 0,
          "schema_version": 0,
          "attributes": {
            "category": "Application",
            "comments": "",
            "context": [],
            "description": "Application security policy for tenant wld09",
            "display_name": "app-wld09-policy",
            "domain": "default",
            "id": "79e0052a-4fb3-42cb-b6eb-d1b54cf4092b",
            "locked": false,
            "nsx_id": "79e0052a-4fb3-42cb-b6eb-d1b54cf4092b",
            "path": "/infra/domains/default/security-policies/79e0052a-4fb3-42cb-b6eb-d1b54cf4092b",
            "revision": 0,
            "rule": [
              {
                "action": "ALLOW",
                "description": "",
                "destination_groups": [
                  "/infra/domains/default/groups/0f28580c-17d1-4e22-b719-0fc55c9aafdb",
                  "/infra/domains/default/groups/18518538-3714-4143-8616-7ce0f27cb720",
                  "/infra/domains/default/groups/dc66efc0-3b02-4a9f-bb9a-b7b299991530"
                ],
                "destinations_excluded": false,
                "direction": "IN_OUT",
                "disabled": false,
                "display_name": "Allow jumphost to web servers on port 443",
                "ip_version": "IPV4_IPV6",
                "log_label": "",
                "logged": true,
                "notes": "",
                "nsx_id": "3a88a037-5b08-4778-b9f3-cb0cd72ac9ce",
                "profiles": null,
                "revision": 0,
                "rule_id": 10419,
                "scope": null,
                "sequence_number": 1,
                "services": [
                  "/infra/services/4e6a67a4-1313-4fc9-aa83-dfde88af6506"
                ],
                "source_groups": [
                  "/infra/domains/default/groups/ce25ae02-8232-4a51-9915-3e46d509b903"
                ],
                "sources_excluded": false,
                "tag": []
              },
              {
                "action": "ALLOW",
                "description": "",
                "destination_groups": [
                  "/infra/domains/default/groups/0f28580c-17d1-4e22-b719-0fc55c9aafdb",
                  "/infra/domains/default/groups/18518538-3714-4143-8616-7ce0f27cb720",
                  "/infra/domains/default/groups/dc66efc0-3b02-4a9f-bb9a-b7b299991530"
                ],
                "destinations_excluded": false,
                "direction": "IN_OUT",
                "disabled": false,
                "display_name": "Test ICMP between jumphost and web servers",
                "ip_version": "IPV4_IPV6",
                "log_label": "",
                "logged": true,
                "notes": "",
                "nsx_id": "0382545d-e253-41a4-8743-5eb17883fb99",
                "profiles": null,
                "revision": 0,
                "rule_id": 10421,
                "scope": null,
                "sequence_number": 2,
                "services": [
                  "/infra/services/261e67ee-79f9-4fcf-8b39-81929cb38694",
                  "/infra/services/HTTPS,_net.tcp_binding",
                  "/infra/services/ICMP_Echo_Reply",
                  "/infra/services/ICMPv4-ALL",
                  "/infra/services/Microsoft_SQL_Server",
                  "/infra/services/Windows-Global-Catalog-over-SSL",
                  "/infra/services/Yahoo_Messenger_(TCP)"
                ],
                "source_groups": [
                  "/infra/domains/default/groups/ce25ae02-8232-4a51-9915-3e46d509b903"
                ],
                "sources_excluded": false,
                "tag": []
              },
              {
                "action": "ALLOW",
                "description": "",
                "destination_groups": [
                  "/infra/domains/default/groups/68f77bdb-ab53-4cb2-a76e-521371b08a7c",
                  "/infra/domains/default/groups/8e57dc2b-7ada-4abe-8d28-bc3782fa518e",
                  "/infra/domains/default/groups/de1f0611-c6d9-4bf5-b24a-e3a1489dfb17"
                ],
                "destinations_excluded": false,
                "direction": "IN_OUT",
                "disabled": false,
                "display_name": "Allow web servers to application servers on port 8443",
                "ip_version": "IPV4_IPV6",
                "log_label": "",
                "logged": true,
                "notes": "",
                "nsx_id": "e9d07157-44bf-42d9-84a7-1431eb281702",
                "profiles": null,
                "revision": 0,
                "rule_id": 10423,
                "scope": null,
                "sequence_number": 3,
                "services": [
                  "/infra/services/64b6d9ad-6e9a-4ea8-ba38-9ffb0bd0a630"
                ],
                "source_groups": [
                  "/infra/domains/default/groups/0f28580c-17d1-4e22-b719-0fc55c9aafdb",
                  "/infra/domains/default/groups/18518538-3714-4143-8616-7ce0f27cb720",
                  "/infra/domains/default/groups/dc66efc0-3b02-4a9f-bb9a-b7b299991530"
                ],
                "sources_excluded": false,
                "tag": []
              },
              {
                "action": "ALLOW",
                "description": "",
                "destination_groups": [
                  "/infra/domains/default/groups/8adc48fc-fa05-42c8-a31c-54da663f3482",
                  "/infra/domains/default/groups/a97bdc44-f24a-4414-9052-176c05ec09c4",
                  "/infra/domains/default/groups/e568c05c-ef32-471a-af93-3135c2f346de"
                ],
                "destinations_excluded": false,
                "direction": "IN_OUT",
                "disabled": false,
                "display_name": "Allow application servers to database servers on port 3306",
                "ip_version": "IPV4_IPV6",
                "log_label": "",
                "logged": true,
                "notes": "",
                "nsx_id": "ce0b08e3-bfac-40e3-972d-53e0ade5c106",
                "profiles": null,
                "revision": 0,
                "rule_id": 10425,
                "scope": null,
                "sequence_number": 4,
                "services": [
                  "/infra/services/6ee7cf3c-478f-41c5-832b-b2aed74f47c3"
                ],
                "source_groups": [
                  "/infra/domains/default/groups/68f77bdb-ab53-4cb2-a76e-521371b08a7c",
                  "/infra/domains/default/groups/8e57dc2b-7ada-4abe-8d28-bc3782fa518e",
                  "/infra/domains/default/groups/de1f0611-c6d9-4bf5-b24a-e3a1489dfb17"
                ],
                "sources_excluded": false,
                "tag": []
              },
              {
                "action": "ALLOW",
                "description": "",
                "destination_groups": [
                  "/infra/domains/default/groups/d3b66e03-5202-4c9a-b169-01b0e2021730"
                ],
                "destinations_excluded": false,
                "direction": "IN_OUT",
                "disabled": false,
                "display_name": "Allow wld09 servers to external DNS on port 53",
                "ip_version": "IPV4_IPV6",
                "log_label": "",
                "logged": true,
                "notes": "",
                "nsx_id": "ee318d30-0d85-4d93-9fce-c50191517d56",
                "profiles": null,
                "revision": 0,
                "rule_id": 10426,
                "scope": null,
                "sequence_number": 5,
                "services": [
                  "/infra/services/c8588b8a-72d6-4771-9676-b125d09accbd"
                ],
                "source_groups": [
                  "/infra/domains/default/groups/c6e0cffe-314d-421a-b8fe-1de67af7b166"
                ],
                "sources_excluded": false,
                "tag": []
              }
            ],
            "scope": [
              "/infra/domains/default/groups/c6e0cffe-314d-421a-b8fe-1de67af7b166"
            ],
            "sequence_number": 3,
            "stateful": true,
            "tag": [],
            "tcp_strict": false
          },
          "sensitive_attributes": [],
          "private": "bnVsbA==",
          "dependencies": [
            "module.groups.nsxt_policy_group.application_groups",
            "module.groups.nsxt_policy_group.emergency_groups",
            "module.groups.nsxt_policy_group.environment_groups",
            "module.groups.nsxt_policy_group.external_service_groups",
            "module.groups.nsxt_policy_group.sub_application_groups",
            "module.groups.nsxt_policy_group.tenant_group",
            "module.policies.nsxt_policy_security_policy.emergency_policy",
            "module.policies.nsxt_policy_security_policy.environment_policy",
            "module.services.data.nsxt_policy_service.predefined_services",
            "module.services.nsxt_policy_service.service",
            "module.tags.data.nsxt_policy_vm.vms",
            "module.tags.nsxt_policy_vm_tags.hierarchy_tags"
          ]
        }
      ]
    },
    {
      "module": "module.policies[\"wld09\"]",
      "mode": "managed",
      "type": "nsxt_policy_security_policy",
      "name": "emergency_policy",
      "provider": "provider[\"registry.terraform.io/vmware/nsxt\"]",
      "instances": [
        {
          "index_key": 0,
          "schema_version": 0,
          "attributes": {
            "category": "Emergency",
            "comments": "",
            "context": [],
            "description": "Emergency security policy for tenant wld09",
            "display_name": "emergency-wld09-policy",
            "domain": "default",
            "id": "b3fe690c-a6ec-49f1-90e7-9b805fa4c443",
            "locked": false,
            "nsx_id": "b3fe690c-a6ec-49f1-90e7-9b805fa4c443",
            "path": "/infra/domains/default/security-policies/b3fe690c-a6ec-49f1-90e7-9b805fa4c443",
            "revision": 0,
            "rule": [
              {
                "action": "ALLOW",
                "description": "",
                "destination_groups": null,
                "destinations_excluded": false,
                "direction": "IN_OUT",
                "disabled": false,
                "display_name": "Allow emergency rule on VMs with this tag",
                "ip_version": "IPV4_IPV6",
                "log_label": "",
                "logged": true,
                "notes": "",
                "nsx_id": "32a5a97f-a8b6-424a-b91d-52c4f5b7189b",
                "profiles": null,
                "revision": 0,
                "rule_id": 10413,
                "scope": null,
                "sequence_number": 1,
                "services": null,
                "source_groups": [
                  "/infra/domains/default/groups/f16d59d1-1a3a-4cf1-93b2-89646c165250"
                ],
                "sources_excluded": false,
                "tag": []
              }
            ],
            "scope": [
              "/infra/domains/default/groups/c6e0cffe-314d-421a-b8fe-1de67af7b166"
            ],
            "sequence_number": 1,
            "stateful": true,
            "tag": [],
            "tcp_strict": false
          },
          "sensitive_attributes": [],
          "private": "bnVsbA==",
          "dependencies": [
            "module.groups.nsxt_policy_group.application_groups",
            "module.groups.nsxt_policy_group.emergency_groups",
            "module.groups.nsxt_policy_group.environment_groups",
            "module.groups.nsxt_policy_group.external_service_groups",
            "module.groups.nsxt_policy_group.sub_application_groups",
            "module.groups.nsxt_policy_group.tenant_group",
            "module.services.data.nsxt_policy_service.predefined_services",
            "module.services.nsxt_policy_service.service",
            "module.tags.data.nsxt_policy_vm.vms",
            "module.tags.nsxt_policy_vm_tags.hierarchy_tags"
          ]
        }
      ]
    },
    {
      "module": "module.policies[\"wld09\"]",
      "mode": "managed",
      "type": "nsxt_policy_security_policy",
      "name": "environment_policy",
      "provider": "provider[\"registry.terraform.io/vmware/nsxt\"]",
      "instances": [
        {
          "index_key": 0,
          "schema_version": 0,
          "attributes": {
            "category": "Environment",
            "comments": "",
            "context": [],
            "description": "Environment security policy for tenant wld09",
            "display_name": "env-wld09-policy",
            "domain": "default",
            "id": "47efaa10-a279-4390-89e7-c574547a7174",
            "locked": false,
            "nsx_id": "47efaa10-a279-4390-89e7-c574547a7174",
            "path": "/infra/domains/default/security-policies/47efaa10-a279-4390-89e7-c574547a7174",
            "revision": 0,
            "rule": [
              {
                "action": "ALLOW",
                "description": "",
                "destination_groups": [
                  "/infra/domains/default/groups/d985e946-fb10-4c19-bad9-e27f607bec68"
                ],
                "destinations_excluded": false,
                "direction": "IN_OUT",
                "disabled": false,
                "display_name": "Allow prod environment to test environment",
                "ip_version": "IPV4_IPV6",
                "log_label": "",
                "logged": true,
                "notes": "",
                "nsx_id": "6a58f6d4-cfb4-4054-83f5-36711ed3c07d",
                "profiles": null,
                "revision": 0,
                "rule_id": 10415,
                "scope": null,
                "sequence_number": 1,
                "services": null,
                "source_groups": [
                  "/infra/domains/default/groups/c6090f56-caf2-4587-a251-12810e514e3e"
                ],
                "sources_excluded": false,
                "tag": []
              },
              {
                "action": "DROP",
                "description": "",
                "destination_groups": [
                  "/infra/domains/default/groups/c6090f56-caf2-4587-a251-12810e514e3e"
                ],
                "destinations_excluded": false,
                "direction": "IN_OUT",
                "disabled": false,
                "display_name": "Block test environment from prod environment",
                "ip_version": "IPV4_IPV6",
                "log_label": "",
                "logged": true,
                "notes": "",
                "nsx_id": "bfaa04e2-38ee-4769-86d0-9b11efeafb07",
                "profiles": null,
                "revision": 0,
                "rule_id": 10417,
                "scope": null,
                "sequence_number": 2,
                "services": null,
                "source_groups": [
                  "/infra/domains/default/groups/d985e946-fb10-4c19-bad9-e27f607bec68"
                ],
                "sources_excluded": false,
                "tag": []
              }
            ],
            "scope": [
              "/infra/domains/default/groups/c6e0cffe-314d-421a-b8fe-1de67af7b166"
            ],
            "sequence_number": 2,
            "stateful": true,
            "tag": [],
            "tcp_strict": false
          },
          "sensitive_attributes": [],
          "private": "bnVsbA==",
          "dependencies": [
            "module.groups.nsxt_policy_group.application_groups",
            "module.groups.nsxt_policy_group.emergency_groups",
            "module.groups.nsxt_policy_group.environment_groups",
            "module.groups.nsxt_policy_group.external_service_groups",
            "module.groups.nsxt_policy_group.sub_application_groups",
            "module.groups.nsxt_policy_group.tenant_group",
            "module.policies.nsxt_policy_security_policy.emergency_policy",
            "module.services.data.nsxt_policy_service.predefined_services",
            "module.services.nsxt_policy_service.service",
            "module.tags.data.nsxt_policy_vm.vms",
            "module.tags.nsxt_policy_vm_tags.hierarchy_tags"
          ]
        }
      ]
    },
    {
      "module": "module.policies[\"wld10\"]",
      "mode": "managed",
      "type": "nsxt_policy_security_policy",
      "name": "application_policy",
      "provider": "provider[\"registry.terraform.io/vmware/nsxt\"]",
      "instances": [
        {
          "index_key": 0,
          "schema_version": 0,
          "attributes": {
            "category": "Application",
            "comments": "",
            "context": [],
            "description": "Application security policy for tenant wld10",
            "display_name": "app-wld10-policy",
            "domain": "default",
            "id": "836119ad-82c8-488f-978e-4cf6bdfc751a",
            "locked": false,
            "nsx_id": "836119ad-82c8-488f-978e-4cf6bdfc751a",
            "path": "/infra/domains/default/security-policies/836119ad-82c8-488f-978e-4cf6bdfc751a",
            "revision": 0,
            "rule": [
              {
                "action": "ALLOW",
                "description": "",
                "destination_groups": [
                  "/infra/domains/default/groups/5d12edc4-7f8d-48f2-b651-18e9f88b907e",
                  "/infra/domains/default/groups/c21e6383-0806-4757-a144-bc77fea17205",
                  "/infra/domains/default/groups/f31d4503-b7dc-4991-8801-13b8ee88341f"
                ],
                "destinations_excluded": false,
                "direction": "IN_OUT",
                "disabled": false,
                "display_name": "Allow jumphost to web servers on port 443",
                "ip_version": "IPV4_IPV6",
                "log_label": "",
                "logged": true,
                "notes": "",
                "nsx_id": "cbef40bb-ce84-4e4d-9b5b-dd6b8ca30ac4",
                "profiles": null,
                "revision": 0,
                "rule_id": 10418,
                "scope": null,
                "sequence_number": 1,
                "services": [
                  "/infra/services/f9a6d168-ba26-43fe-8f4c-f6392366d4db"
                ],
                "source_groups": [
                  "/infra/domains/default/groups/4ed369db-1085-438f-ac48-7347e52084d2"
                ],
                "sources_excluded": false,
                "tag": []
              },
              {
                "action": "ALLOW",
                "description": "",
                "destination_groups": [
                  "/infra/domains/default/groups/09925777-7c19-4cef-9761-c372ac478794",
                  "/infra/domains/default/groups/267dceeb-cd9c-4508-bf19-c767f20b48d4",
                  "/infra/domains/default/groups/7a1d8096-0301-4872-8eb4-06e4f710df76"
                ],
                "destinations_excluded": false,
                "direction": "IN_OUT",
                "disabled": false,
                "display_name": "Allow web servers to application servers on port 8443",
                "ip_version": "IPV4_IPV6",
                "log_label": "",
                "logged": true,
                "notes": "",
                "nsx_id": "dff458ff-3b6a-4c05-9e4c-1e51ef4a8264",
                "profiles": null,
                "revision": 0,
                "rule_id": 10420,
                "scope": null,
                "sequence_number": 2,
                "services": [
                  "/infra/services/a4c7511c-09e9-4bc7-9fce-a41331696060"
                ],
                "source_groups": [
                  "/infra/domains/default/groups/5d12edc4-7f8d-48f2-b651-18e9f88b907e",
                  "/infra/domains/default/groups/c21e6383-0806-4757-a144-bc77fea17205",
                  "/infra/domains/default/groups/f31d4503-b7dc-4991-8801-13b8ee88341f"
                ],
                "sources_excluded": false,
                "tag": []
              },
              {
                "action": "ALLOW",
                "description": "",
                "destination_groups": [
                  "/infra/domains/default/groups/04a8ac08-b51b-43b4-aa99-28508a73aa91",
                  "/infra/domains/default/groups/2e0a3eaf-a648-4cd2-8ce4-d0ce1759702f",
                  "/infra/domains/default/groups/be87540e-9e05-44cb-ad4f-8d5460be56c1"
                ],
                "destinations_excluded": false,
                "direction": "IN_OUT",
                "disabled": false,
                "display_name": "Allow application servers to database servers on port 3306",
                "ip_version": "IPV4_IPV6",
                "log_label": "",
                "logged": true,
                "notes": "",
                "nsx_id": "292ff5c6-7141-46af-acf0-4a02c265e48a",
                "profiles": null,
                "revision": 0,
                "rule_id": 10422,
                "scope": null,
                "sequence_number": 3,
                "services": [
                  "/infra/services/4353b3f6-aa86-4e8d-bede-4db0919cc8af"
                ],
                "source_groups": [
                  "/infra/domains/default/groups/09925777-7c19-4cef-9761-c372ac478794",
                  "/infra/domains/default/groups/267dceeb-cd9c-4508-bf19-c767f20b48d4",
                  "/infra/domains/default/groups/7a1d8096-0301-4872-8eb4-06e4f710df76"
                ],
                "sources_excluded": false,
                "tag": []
              },
              {
                "action": "ALLOW",
                "description": "",
                "destination_groups": [
                  "/infra/domains/default/groups/d6d50cea-3767-45bc-a051-feeb72fa9c89"
                ],
                "destinations_excluded": false,
                "direction": "IN_OUT",
                "disabled": false,
                "display_name": "Allow wld10 servers to external DNS on port 53",
                "ip_version": "IPV4_IPV6",
                "log_label": "",
                "logged": true,
                "notes": "",
                "nsx_id": "37a1003e-eb4e-44ba-9db8-ebe65206889a",
                "profiles": null,
                "revision": 0,
                "rule_id": 10424,
                "scope": null,
                "sequence_number": 4,
                "services": [
                  "/infra/services/065f0416-f565-4471-a4c0-d874bf86aa71"
                ],
                "source_groups": [
                  "/infra/domains/default/groups/d3ff0ac8-a985-46e7-850d-0ed11a1778c3"
                ],
                "sources_excluded": false,
                "tag": []
              }
            ],
            "scope": [
              "/infra/domains/default/groups/d3ff0ac8-a985-46e7-850d-0ed11a1778c3"
            ],
            "sequence_number": 3,
            "stateful": true,
            "tag": [],
            "tcp_strict": false
          },
          "sensitive_attributes": [],
          "private": "bnVsbA==",
          "dependencies": [
            "module.groups.nsxt_policy_group.application_groups",
            "module.groups.nsxt_policy_group.emergency_groups",
            "module.groups.nsxt_policy_group.environment_groups",
            "module.groups.nsxt_policy_group.external_service_groups",
            "module.groups.nsxt_policy_group.sub_application_groups",
            "module.groups.nsxt_policy_group.tenant_group",
            "module.policies.nsxt_policy_security_policy.emergency_policy",
            "module.policies.nsxt_policy_security_policy.environment_policy",
            "module.services.data.nsxt_policy_service.predefined_services",
            "module.services.nsxt_policy_service.service",
            "module.tags.data.nsxt_policy_vm.vms",
            "module.tags.nsxt_policy_vm_tags.hierarchy_tags"
          ]
        }
      ]
    },
    {
      "module": "module.policies[\"wld10\"]",
      "mode": "managed",
      "type": "nsxt_policy_security_policy",
      "name": "emergency_policy",
      "provider": "provider[\"registry.terraform.io/vmware/nsxt\"]",
      "instances": [
        {
          "index_key": 0,
          "schema_version": 0,
          "attributes": {
            "category": "Emergency",
            "comments": "",
            "context": [],
            "description": "Emergency security policy for tenant wld10",
            "display_name": "emergency-wld10-policy",
            "domain": "default",
            "id": "21a88f0d-02d8-4eba-a5e4-b7f66649e243",
            "locked": false,
            "nsx_id": "21a88f0d-02d8-4eba-a5e4-b7f66649e243",
            "path": "/infra/domains/default/security-policies/21a88f0d-02d8-4eba-a5e4-b7f66649e243",
            "revision": 0,
            "rule": [
              {
                "action": "ALLOW",
                "description": "",
                "destination_groups": null,
                "destinations_excluded": false,
                "direction": "IN_OUT",
                "disabled": false,
                "display_name": "Allow emergency rule on VMs with this tag",
                "ip_version": "IPV4_IPV6",
                "log_label": "",
                "logged": true,
                "notes": "",
                "nsx_id": "86e435ea-37d6-4905-a41f-1168d5e7260b",
                "profiles": null,
                "revision": 0,
                "rule_id": 10412,
                "scope": null,
                "sequence_number": 1,
                "services": null,
                "source_groups": [
                  "/infra/domains/default/groups/e4105328-5a6a-4686-b0e5-cc5f1d9005ec"
                ],
                "sources_excluded": false,
                "tag": []
              }
            ],
            "scope": [
              "/infra/domains/default/groups/d3ff0ac8-a985-46e7-850d-0ed11a1778c3"
            ],
            "sequence_number": 1,
            "stateful": true,
            "tag": [],
            "tcp_strict": false
          },
          "sensitive_attributes": [],
          "private": "bnVsbA==",
          "dependencies": [
            "module.groups.nsxt_policy_group.application_groups",
            "module.groups.nsxt_policy_group.emergency_groups",
            "module.groups.nsxt_policy_group.environment_groups",
            "module.groups.nsxt_policy_group.external_service_groups",
            "module.groups.nsxt_policy_group.sub_application_groups",
            "module.groups.nsxt_policy_group.tenant_group",
            "module.services.data.nsxt_policy_service.predefined_services",
            "module.services.nsxt_policy_service.service",
            "module.tags.data.nsxt_policy_vm.vms",
            "module.tags.nsxt_policy_vm_tags.hierarchy_tags"
          ]
        }
      ]
    },
    {
      "module": "module.policies[\"wld10\"]",
      "mode": "managed",
      "type": "nsxt_policy_security_policy",
      "name": "environment_policy",
      "provider": "provider[\"registry.terraform.io/vmware/nsxt\"]",
      "instances": [
        {
          "index_key": 0,
          "schema_version": 0,
          "attributes": {
            "category": "Environment",
            "comments": "",
            "context": [],
            "description": "Environment security policy for tenant wld10",
            "display_name": "env-wld10-policy",
            "domain": "default",
            "id": "5a9feb12-d3d0-4ac0-a44e-057fde06701c",
            "locked": false,
            "nsx_id": "5a9feb12-d3d0-4ac0-a44e-057fde06701c",
            "path": "/infra/domains/default/security-policies/5a9feb12-d3d0-4ac0-a44e-057fde06701c",
            "revision": 0,
            "rule": [
              {
                "action": "ALLOW",
                "description": "",
                "destination_groups": [
                  "/infra/domains/default/groups/1a685e00-e6b7-4002-bd71-e419bc6434f4"
                ],
                "destinations_excluded": false,
                "direction": "IN_OUT",
                "disabled": false,
                "display_name": "Allow dev environment to acc environment",
                "ip_version": "IPV4_IPV6",
                "log_label": "",
                "logged": true,
                "notes": "",
                "nsx_id": "ef3533ce-b23b-4c70-a5a8-a171e51ce98e",
                "profiles": null,
                "revision": 0,
                "rule_id": 10414,
                "scope": null,
                "sequence_number": 1,
                "services": null,
                "source_groups": [
                  "/infra/domains/default/groups/cdf00ca5-a2a6-444e-a676-8e5bdb76fd01"
                ],
                "sources_excluded": false,
                "tag": []
              },
              {
                "action": "DROP",
                "description": "",
                "destination_groups": [
                  "/infra/domains/default/groups/cdf00ca5-a2a6-444e-a676-8e5bdb76fd01"
                ],
                "destinations_excluded": false,
                "direction": "IN_OUT",
                "disabled": false,
                "display_name": "Block acc environment from dev environment",
                "ip_version": "IPV4_IPV6",
                "log_label": "",
                "logged": true,
                "notes": "",
                "nsx_id": "fbd27c9e-982a-4239-b8b2-e82825bed85c",
                "profiles": null,
                "revision": 0,
                "rule_id": 10416,
                "scope": null,
                "sequence_number": 2,
                "services": null,
                "source_groups": [
                  "/infra/domains/default/groups/1a685e00-e6b7-4002-bd71-e419bc6434f4"
                ],
                "sources_excluded": false,
                "tag": []
              }
            ],
            "scope": [
              "/infra/domains/default/groups/d3ff0ac8-a985-46e7-850d-0ed11a1778c3"
            ],
            "sequence_number": 2,
            "stateful": true,
            "tag": [],
            "tcp_strict": false
          },
          "sensitive_attributes": [],
          "private": "bnVsbA==",
          "dependencies": [
            "module.groups.nsxt_policy_group.application_groups",
            "module.groups.nsxt_policy_group.emergency_groups",
            "module.groups.nsxt_policy_group.environment_groups",
            "module.groups.nsxt_policy_group.external_service_groups",
            "module.groups.nsxt_policy_group.sub_application_groups",
            "module.groups.nsxt_policy_group.tenant_group",
            "module.policies.nsxt_policy_security_policy.emergency_policy",
            "module.services.data.nsxt_policy_service.predefined_services",
            "module.services.nsxt_policy_service.service",
            "module.tags.data.nsxt_policy_vm.vms",
            "module.tags.nsxt_policy_vm_tags.hierarchy_tags"
          ]
        }
      ]
    },
    {
      "module": "module.services[\"wld09\"]",
      "mode": "data",
      "type": "nsxt_policy_service",
      "name": "predefined_services",
      "provider": "provider[\"registry.terraform.io/vmware/nsxt\"]",
      "instances": [
        {
          "index_key": "HTTPS, net.tcp binding",
          "schema_version": 0,
          "attributes": {
            "context": null,
            "description": "HTTPS, net.tcp binding",
            "display_name": "HTTPS, net.tcp binding",
            "id": "HTTPS,_net.tcp_binding",
            "path": "/infra/services/HTTPS,_net.tcp_binding"
          },
          "sensitive_attributes": []
        },
        {
          "index_key": "ICMP Echo Reply",
          "schema_version": 0,
          "attributes": {
            "context": null,
            "description": "ICMP Echo Reply",
            "display_name": "ICMP Echo Reply",
            "id": "ICMP_Echo_Reply",
            "path": "/infra/services/ICMP_Echo_Reply"
          },
          "sensitive_attributes": []
        },
        {
          "index_key": "ICMPv4",
          "schema_version": 0,
          "attributes": {
            "context": null,
            "description": "ICMPv4-ALL",
            "display_name": "ICMPv4-ALL",
            "id": "ICMPv4-ALL",
            "path": "/infra/services/ICMPv4-ALL"
          },
          "sensitive_attributes": []
        },
        {
          "index_key": "Microsoft SQL Server",
          "schema_version": 0,
          "attributes": {
            "context": null,
            "description": "Microsoft SQL Server",
            "display_name": "Microsoft SQL Server",
            "id": "Microsoft_SQL_Server",
            "path": "/infra/services/Microsoft_SQL_Server"
          },
          "sensitive_attributes": []
        },
        {
          "index_key": "Windows-Global-Catalog-over-SSL",
          "schema_version": 0,
          "attributes": {
            "context": null,
            "description": "Windows-Global-Catalog-over-SSL",
            "display_name": "Windows-Global-Catalog-over-SSL",
            "id": "Windows-Global-Catalog-over-SSL",
            "path": "/infra/services/Windows-Global-Catalog-over-SSL"
          },
          "sensitive_attributes": []
        },
        {
          "index_key": "Yahoo Messenger (TCP)",
          "schema_version": 0,
          "attributes": {
            "context": null,
            "description": "Yahoo Messenger (TCP)",
            "display_name": "Yahoo Messenger (TCP)",
            "id": "Yahoo_Messenger_(TCP)",
            "path": "/infra/services/Yahoo_Messenger_(TCP)"
          },
          "sensitive_attributes": []
        }
      ]
    },
    {
      "module": "module.services[\"wld09\"]",
      "mode": "managed",
      "type": "nsxt_policy_service",
      "name": "service",
      "provider": "provider[\"registry.terraform.io/vmware/nsxt\"]",
      "instances": [
        {
          "index_key": "tcp_3306",
          "schema_version": 0,
          "attributes": {
            "algorithm_entry": [],
            "context": [],
            "description": "Service for tcp_3306",
            "display_name": "svc-wld09-tcp_3306",
            "ether_type_entry": [],
            "icmp_entry": [],
            "id": "6ee7cf3c-478f-41c5-832b-b2aed74f47c3",
            "igmp_entry": [],
            "ip_protocol_entry": [],
            "l4_port_set_entry": [
              {
                "description": "",
                "destination_ports": [
                  "3306"
                ],
                "display_name": "port-tcp_3306",
                "protocol": "TCP",
                "source_ports": []
              }
            ],
            "nested_service_entry": [],
            "nsx_id": "6ee7cf3c-478f-41c5-832b-b2aed74f47c3",
            "path": "/infra/services/6ee7cf3c-478f-41c5-832b-b2aed74f47c3",
            "revision": 0,
            "tag": []
          },
          "sensitive_attributes": [],
          "private": "bnVsbA==",
          "dependencies": [
            "module.groups.nsxt_policy_group.application_groups",
            "module.groups.nsxt_policy_group.emergency_groups",
            "module.groups.nsxt_policy_group.environment_groups",
            "module.groups.nsxt_policy_group.external_service_groups",
            "module.groups.nsxt_policy_group.sub_application_groups",
            "module.groups.nsxt_policy_group.tenant_group",
            "module.tags.data.nsxt_policy_vm.vms",
            "module.tags.nsxt_policy_vm_tags.hierarchy_tags"
          ]
        },
        {
          "index_key": "tcp_443",
          "schema_version": 0,
          "attributes": {
            "algorithm_entry": [],
            "context": [],
            "description": "Service for tcp_443",
            "display_name": "svc-wld09-tcp_443",
            "ether_type_entry": [],
            "icmp_entry": [],
            "id": "4e6a67a4-1313-4fc9-aa83-dfde88af6506",
            "igmp_entry": [],
            "ip_protocol_entry": [],
            "l4_port_set_entry": [
              {
                "description": "",
                "destination_ports": [
                  "443"
                ],
                "display_name": "port-tcp_443",
                "protocol": "TCP",
                "source_ports": []
              }
            ],
            "nested_service_entry": [],
            "nsx_id": "4e6a67a4-1313-4fc9-aa83-dfde88af6506",
            "path": "/infra/services/4e6a67a4-1313-4fc9-aa83-dfde88af6506",
            "revision": 0,
            "tag": []
          },
          "sensitive_attributes": [],
          "private": "bnVsbA==",
          "dependencies": [
            "module.groups.nsxt_policy_group.application_groups",
            "module.groups.nsxt_policy_group.emergency_groups",
            "module.groups.nsxt_policy_group.environment_groups",
            "module.groups.nsxt_policy_group.external_service_groups",
            "module.groups.nsxt_policy_group.sub_application_groups",
            "module.groups.nsxt_policy_group.tenant_group",
            "module.tags.data.nsxt_policy_vm.vms",
            "module.tags.nsxt_policy_vm_tags.hierarchy_tags"
          ]
        },
        {
          "index_key": "tcp_445",
          "schema_version": 0,
          "attributes": {
            "algorithm_entry": [],
            "context": [],
            "description": "Service for tcp_445",
            "display_name": "svc-wld09-tcp_445",
            "ether_type_entry": [],
            "icmp_entry": [],
            "id": "261e67ee-79f9-4fcf-8b39-81929cb38694",
            "igmp_entry": [],
            "ip_protocol_entry": [],
            "l4_port_set_entry": [
              {
                "description": "",
                "destination_ports": [
                  "445"
                ],
                "display_name": "port-tcp_445",
                "protocol": "TCP",
                "source_ports": []
              }
            ],
            "nested_service_entry": [],
            "nsx_id": "261e67ee-79f9-4fcf-8b39-81929cb38694",
            "path": "/infra/services/261e67ee-79f9-4fcf-8b39-81929cb38694",
            "revision": 0,
            "tag": []
          },
          "sensitive_attributes": [],
          "private": "bnVsbA==",
          "dependencies": [
            "module.groups.nsxt_policy_group.application_groups",
            "module.groups.nsxt_policy_group.emergency_groups",
            "module.groups.nsxt_policy_group.environment_groups",
            "module.groups.nsxt_policy_group.external_service_groups",
            "module.groups.nsxt_policy_group.sub_application_groups",
            "module.groups.nsxt_policy_group.tenant_group",
            "module.tags.data.nsxt_policy_vm.vms",
            "module.tags.nsxt_policy_vm_tags.hierarchy_tags"
          ]
        },
        {
          "index_key": "tcp_8443",
          "schema_version": 0,
          "attributes": {
            "algorithm_entry": [],
            "context": [],
            "description": "Service for tcp_8443",
            "display_name": "svc-wld09-tcp_8443",
            "ether_type_entry": [],
            "icmp_entry": [],
            "id": "64b6d9ad-6e9a-4ea8-ba38-9ffb0bd0a630",
            "igmp_entry": [],
            "ip_protocol_entry": [],
            "l4_port_set_entry": [
              {
                "description": "",
                "destination_ports": [
                  "8443"
                ],
                "display_name": "port-tcp_8443",
                "protocol": "TCP",
                "source_ports": []
              }
            ],
            "nested_service_entry": [],
            "nsx_id": "64b6d9ad-6e9a-4ea8-ba38-9ffb0bd0a630",
            "path": "/infra/services/64b6d9ad-6e9a-4ea8-ba38-9ffb0bd0a630",
            "revision": 0,
            "tag": []
          },
          "sensitive_attributes": [],
          "private": "bnVsbA==",
          "dependencies": [
            "module.groups.nsxt_policy_group.application_groups",
            "module.groups.nsxt_policy_group.emergency_groups",
            "module.groups.nsxt_policy_group.environment_groups",
            "module.groups.nsxt_policy_group.external_service_groups",
            "module.groups.nsxt_policy_group.sub_application_groups",
            "module.groups.nsxt_policy_group.tenant_group",
            "module.tags.data.nsxt_policy_vm.vms",
            "module.tags.nsxt_policy_vm_tags.hierarchy_tags"
          ]
        },
        {
          "index_key": "udp_53",
          "schema_version": 0,
          "attributes": {
            "algorithm_entry": [],
            "context": [],
            "description": "Service for udp_53",
            "display_name": "svc-wld09-udp_53",
            "ether_type_entry": [],
            "icmp_entry": [],
            "id": "c8588b8a-72d6-4771-9676-b125d09accbd",
            "igmp_entry": [],
            "ip_protocol_entry": [],
            "l4_port_set_entry": [
              {
                "description": "",
                "destination_ports": [
                  "53"
                ],
                "display_name": "port-udp_53",
                "protocol": "UDP",
                "source_ports": []
              }
            ],
            "nested_service_entry": [],
            "nsx_id": "c8588b8a-72d6-4771-9676-b125d09accbd",
            "path": "/infra/services/c8588b8a-72d6-4771-9676-b125d09accbd",
            "revision": 0,
            "tag": []
          },
          "sensitive_attributes": [],
          "private": "bnVsbA==",
          "dependencies": [
            "module.groups.nsxt_policy_group.application_groups",
            "module.groups.nsxt_policy_group.emergency_groups",
            "module.groups.nsxt_policy_group.environment_groups",
            "module.groups.nsxt_policy_group.external_service_groups",
            "module.groups.nsxt_policy_group.sub_application_groups",
            "module.groups.nsxt_policy_group.tenant_group",
            "module.tags.data.nsxt_policy_vm.vms",
            "module.tags.nsxt_policy_vm_tags.hierarchy_tags"
          ]
        }
      ]
    },
    {
      "module": "module.services[\"wld10\"]",
      "mode": "managed",
      "type": "nsxt_policy_service",
      "name": "service",
      "provider": "provider[\"registry.terraform.io/vmware/nsxt\"]",
      "instances": [
        {
          "index_key": "tcp_3306",
          "schema_version": 0,
          "attributes": {
            "algorithm_entry": [],
            "context": [],
            "description": "Service for tcp_3306",
            "display_name": "svc-wld10-tcp_3306",
            "ether_type_entry": [],
            "icmp_entry": [],
            "id": "4353b3f6-aa86-4e8d-bede-4db0919cc8af",
            "igmp_entry": [],
            "ip_protocol_entry": [],
            "l4_port_set_entry": [
              {
                "description": "",
                "destination_ports": [
                  "3306"
                ],
                "display_name": "port-tcp_3306",
                "protocol": "TCP",
                "source_ports": []
              }
            ],
            "nested_service_entry": [],
            "nsx_id": "4353b3f6-aa86-4e8d-bede-4db0919cc8af",
            "path": "/infra/services/4353b3f6-aa86-4e8d-bede-4db0919cc8af",
            "revision": 0,
            "tag": []
          },
          "sensitive_attributes": [],
          "private": "bnVsbA==",
          "dependencies": [
            "module.groups.nsxt_policy_group.application_groups",
            "module.groups.nsxt_policy_group.emergency_groups",
            "module.groups.nsxt_policy_group.environment_groups",
            "module.groups.nsxt_policy_group.external_service_groups",
            "module.groups.nsxt_policy_group.sub_application_groups",
            "module.groups.nsxt_policy_group.tenant_group",
            "module.tags.data.nsxt_policy_vm.vms",
            "module.tags.nsxt_policy_vm_tags.hierarchy_tags"
          ]
        },
        {
          "index_key": "tcp_443",
          "schema_version": 0,
          "attributes": {
            "algorithm_entry": [],
            "context": [],
            "description": "Service for tcp_443",
            "display_name": "svc-wld10-tcp_443",
            "ether_type_entry": [],
            "icmp_entry": [],
            "id": "f9a6d168-ba26-43fe-8f4c-f6392366d4db",
            "igmp_entry": [],
            "ip_protocol_entry": [],
            "l4_port_set_entry": [
              {
                "description": "",
                "destination_ports": [
                  "443"
                ],
                "display_name": "port-tcp_443",
                "protocol": "TCP",
                "source_ports": []
              }
            ],
            "nested_service_entry": [],
            "nsx_id": "f9a6d168-ba26-43fe-8f4c-f6392366d4db",
            "path": "/infra/services/f9a6d168-ba26-43fe-8f4c-f6392366d4db",
            "revision": 0,
            "tag": []
          },
          "sensitive_attributes": [],
          "private": "bnVsbA==",
          "dependencies": [
            "module.groups.nsxt_policy_group.application_groups",
            "module.groups.nsxt_policy_group.emergency_groups",
            "module.groups.nsxt_policy_group.environment_groups",
            "module.groups.nsxt_policy_group.external_service_groups",
            "module.groups.nsxt_policy_group.sub_application_groups",
            "module.groups.nsxt_policy_group.tenant_group",
            "module.tags.data.nsxt_policy_vm.vms",
            "module.tags.nsxt_policy_vm_tags.hierarchy_tags"
          ]
        },
        {
          "index_key": "tcp_8443",
          "schema_version": 0,
          "attributes": {
            "algorithm_entry": [],
            "context": [],
            "description": "Service for tcp_8443",
            "display_name": "svc-wld10-tcp_8443",
            "ether_type_entry": [],
            "icmp_entry": [],
            "id": "a4c7511c-09e9-4bc7-9fce-a41331696060",
            "igmp_entry": [],
            "ip_protocol_entry": [],
            "l4_port_set_entry": [
              {
                "description": "",
                "destination_ports": [
                  "8443"
                ],
                "display_name": "port-tcp_8443",
                "protocol": "TCP",
                "source_ports": []
              }
            ],
            "nested_service_entry": [],
            "nsx_id": "a4c7511c-09e9-4bc7-9fce-a41331696060",
            "path": "/infra/services/a4c7511c-09e9-4bc7-9fce-a41331696060",
            "revision": 0,
            "tag": []
          },
          "sensitive_attributes": [],
          "private": "bnVsbA==",
          "dependencies": [
            "module.groups.nsxt_policy_group.application_groups",
            "module.groups.nsxt_policy_group.emergency_groups",
            "module.groups.nsxt_policy_group.environment_groups",
            "module.groups.nsxt_policy_group.external_service_groups",
            "module.groups.nsxt_policy_group.sub_application_groups",
            "module.groups.nsxt_policy_group.tenant_group",
            "module.tags.data.nsxt_policy_vm.vms",
            "module.tags.nsxt_policy_vm_tags.hierarchy_tags"
          ]
        },
        {
          "index_key": "udp_53",
          "schema_version": 0,
          "attributes": {
            "algorithm_entry": [],
            "context": [],
            "description": "Service for udp_53",
            "display_name": "svc-wld10-udp_53",
            "ether_type_entry": [],
            "icmp_entry": [],
            "id": "065f0416-f565-4471-a4c0-d874bf86aa71",
            "igmp_entry": [],
            "ip_protocol_entry": [],
            "l4_port_set_entry": [
              {
                "description": "",
                "destination_ports": [
                  "53"
                ],
                "display_name": "port-udp_53",
                "protocol": "UDP",
                "source_ports": []
              }
            ],
            "nested_service_entry": [],
            "nsx_id": "065f0416-f565-4471-a4c0-d874bf86aa71",
            "path": "/infra/services/065f0416-f565-4471-a4c0-d874bf86aa71",
            "revision": 0,
            "tag": []
          },
          "sensitive_attributes": [],
          "private": "bnVsbA==",
          "dependencies": [
            "module.groups.nsxt_policy_group.application_groups",
            "module.groups.nsxt_policy_group.emergency_groups",
            "module.groups.nsxt_policy_group.environment_groups",
            "module.groups.nsxt_policy_group.external_service_groups",
            "module.groups.nsxt_policy_group.sub_application_groups",
            "module.groups.nsxt_policy_group.tenant_group",
            "module.tags.data.nsxt_policy_vm.vms",
            "module.tags.nsxt_policy_vm_tags.hierarchy_tags"
          ]
        }
      ]
    },
    {
      "module": "module.tags[\"wld09\"]",
      "mode": "data",
      "type": "nsxt_policy_vm",
      "name": "vms",
      "provider": "provider[\"registry.terraform.io/vmware/nsxt\"]",
      "instances": [
        {
          "index_key": "p-app-01a",
          "schema_version": 0,
          "attributes": {
            "bios_id": "420ed69b-758d-155e-63d7-1aa278448f8e",
            "context": null,
            "description": "",
            "display_name": "p-app-01a",
            "external_id": "500e66ad-6efc-e7fe-6ba3-74d45c3eb94f",
            "id": "500e66ad-6efc-e7fe-6ba3-74d45c3eb94f",
            "instance_id": "500e66ad-6efc-e7fe-6ba3-74d45c3eb94f"
          },
          "sensitive_attributes": []
        },
        {
          "index_key": "p-db-01a",
          "schema_version": 0,
          "attributes": {
            "bios_id": "420e40f9-3ff4-ffdd-bdb5-0233b4f0493f",
            "context": null,
            "description": "",
            "display_name": "p-db-01a",
            "external_id": "500eb8ab-1d7d-8803-906e-b540fdcf7f6f",
            "id": "500eb8ab-1d7d-8803-906e-b540fdcf7f6f",
            "instance_id": "500eb8ab-1d7d-8803-906e-b540fdcf7f6f"
          },
          "sensitive_attributes": []
        },
        {
          "index_key": "p-web-01a",
          "schema_version": 0,
          "attributes": {
            "bios_id": "420e446e-cf67-8086-932a-bbebf4f9537e",
            "context": null,
            "description": "",
            "display_name": "p-web-01a",
            "external_id": "500eedf5-5f28-eed1-6a09-0f558d46ad41",
            "id": "500eedf5-5f28-eed1-6a09-0f558d46ad41",
            "instance_id": "500eedf5-5f28-eed1-6a09-0f558d46ad41"
          },
          "sensitive_attributes": []
        },
        {
          "index_key": "p-web-02a",
          "schema_version": 0,
          "attributes": {
            "bios_id": "420e0373-2d68-d850-c333-c9a5b68a9cd0",
            "context": null,
            "description": "",
            "display_name": "p-web-02a",
            "external_id": "500e4b09-2edf-482e-149b-978b60215a45",
            "id": "500e4b09-2edf-482e-149b-978b60215a45",
            "instance_id": "500e4b09-2edf-482e-149b-978b60215a45"
          },
          "sensitive_attributes": []
        },
        {
          "index_key": "p-web-03a",
          "schema_version": 0,
          "attributes": {
            "bios_id": "420ee229-5d04-f4a0-9a68-4531951a77c1",
            "context": null,
            "description": "",
            "display_name": "p-web-03a",
            "external_id": "500e169f-7231-266a-4c3d-fbd4ddaf246b",
            "id": "500e169f-7231-266a-4c3d-fbd4ddaf246b",
            "instance_id": "500e169f-7231-266a-4c3d-fbd4ddaf246b"
          },
          "sensitive_attributes": []
        },
        {
          "index_key": "t-app-01a",
          "schema_version": 0,
          "attributes": {
            "bios_id": "420ec69b-f0eb-f021-e76a-1ba3f8f3f229",
            "context": null,
            "description": "",
            "display_name": "t-app-01a",
            "external_id": "500e1a06-0bb7-5aa2-230c-73642a3e23c1",
            "id": "500e1a06-0bb7-5aa2-230c-73642a3e23c1",
            "instance_id": "500e1a06-0bb7-5aa2-230c-73642a3e23c1"
          },
          "sensitive_attributes": []
        },
        {
          "index_key": "t-db-01a",
          "schema_version": 0,
          "attributes": {
            "bios_id": "420ee52b-28dc-83eb-4b9a-38b8c52f5acd",
            "context": null,
            "description": "",
            "display_name": "t-db-01a",
            "external_id": "500eaab6-b602-787e-fdde-70c3ee2f655a",
            "id": "500eaab6-b602-787e-fdde-70c3ee2f655a",
            "instance_id": "500eaab6-b602-787e-fdde-70c3ee2f655a"
          },
          "sensitive_attributes": []
        },
        {
          "index_key": "t-web-01a",
          "schema_version": 0,
          "attributes": {
            "bios_id": "420e1dbc-a4d5-1ce2-c6dc-703bfeea8d16",
            "context": null,
            "description": "",
            "display_name": "t-web-01a",
            "external_id": "500ea1c4-d4ce-5ff0-eec5-deaa96bcf00e",
            "id": "500ea1c4-d4ce-5ff0-eec5-deaa96bcf00e",
            "instance_id": "500ea1c4-d4ce-5ff0-eec5-deaa96bcf00e"
          },
          "sensitive_attributes": []
        },
        {
          "index_key": "t-web-02a",
          "schema_version": 0,
          "attributes": {
            "bios_id": "420ed273-30b9-6979-6784-c7f94f425260",
            "context": null,
            "description": "",
            "display_name": "t-web-02a",
            "external_id": "500ebfe0-9f49-a1c6-d5d3-bc0c6a42fc91",
            "id": "500ebfe0-9f49-a1c6-d5d3-bc0c6a42fc91",
            "instance_id": "500ebfe0-9f49-a1c6-d5d3-bc0c6a42fc91"
          },
          "sensitive_attributes": []
        },
        {
          "index_key": "t-web-03a",
          "schema_version": 0,
          "attributes": {
            "bios_id": "420e9c03-8ab0-6020-c7ff-ef4f8e691da9",
            "context": null,
            "description": "",
            "display_name": "t-web-03a",
            "external_id": "500e4809-32b4-cbb5-bece-e59d5dc1e4aa",
            "id": "500e4809-32b4-cbb5-bece-e59d5dc1e4aa",
            "instance_id": "500e4809-32b4-cbb5-bece-e59d5dc1e4aa"
          },
          "sensitive_attributes": []
        }
      ]
    },
    {
      "module": "module.tags[\"wld09\"]",
      "mode": "managed",
      "type": "nsxt_policy_vm_tags",
      "name": "hierarchy_tags",
      "provider": "provider[\"registry.terraform.io/vmware/nsxt\"]",
      "instances": [
        {
          "index_key": "p-app-01a",
          "schema_version": 0,
          "attributes": {
            "context": [],
            "id": "500e66ad-6efc-e7fe-6ba3-74d45c3eb94f",
            "instance_id": "500e66ad-6efc-e7fe-6ba3-74d45c3eb94f",
            "port": [],
            "tag": [
              {
                "scope": "application",
                "tag": "app-wld09-prod-3holapp"
              },
              {
                "scope": "application",
                "tag": "app-wld09-prod-application"
              },
              {
                "scope": "environment",
                "tag": "env-wld09-prod"
              },
              {
                "scope": "sub-application",
                "tag": "app-wld09-prod-3holapp-application"
              },
              {
                "scope": "tenant",
                "tag": "ten-wld09"
              }
            ]
          },
          "sensitive_attributes": [],
          "private": "bnVsbA==",
          "dependencies": [
            "module.tags.data.nsxt_policy_vm.vms"
          ]
        },
        {
          "index_key": "p-db-01a",
          "schema_version": 0,
          "attributes": {
            "context": [],
            "id": "500eb8ab-1d7d-8803-906e-b540fdcf7f6f",
            "instance_id": "500eb8ab-1d7d-8803-906e-b540fdcf7f6f",
            "port": [],
            "tag": [
              {
                "scope": "application",
                "tag": "app-wld09-prod-3holapp"
              },
              {
                "scope": "application",
                "tag": "app-wld09-prod-database"
              },
              {
                "scope": "emergency",
                "tag": "emg-wld09"
              },
              {
                "scope": "environment",
                "tag": "env-wld09-prod"
              },
              {
                "scope": "sub-application",
                "tag": "app-wld09-prod-3holapp-database"
              },
              {
                "scope": "tenant",
                "tag": "ten-wld09"
              }
            ]
          },
          "sensitive_attributes": [],
          "private": "bnVsbA==",
          "dependencies": [
            "module.tags.data.nsxt_policy_vm.vms"
          ]
        },
        {
          "index_key": "p-web-01a",
          "schema_version": 0,
          "attributes": {
            "context": [],
            "id": "500eedf5-5f28-eed1-6a09-0f558d46ad41",
            "instance_id": "500eedf5-5f28-eed1-6a09-0f558d46ad41",
            "port": [],
            "tag": [
              {
                "scope": "application",
                "tag": "app-wld09-prod-3holapp"
              },
              {
                "scope": "application",
                "tag": "app-wld09-prod-web"
              },
              {
                "scope": "environment",
                "tag": "env-wld09-prod"
              },
              {
                "scope": "sub-application",
                "tag": "app-wld09-prod-3holapp-web"
              },
              {
                "scope": "tenant",
                "tag": "ten-wld09"
              }
            ]
          },
          "sensitive_attributes": [],
          "private": "bnVsbA==",
          "dependencies": [
            "module.tags.data.nsxt_policy_vm.vms"
          ]
        },
        {
          "index_key": "p-web-02a",
          "schema_version": 0,
          "attributes": {
            "context": [],
            "id": "500e4b09-2edf-482e-149b-978b60215a45",
            "instance_id": "500e4b09-2edf-482e-149b-978b60215a45",
            "port": [],
            "tag": [
              {
                "scope": "application",
                "tag": "app-wld09-prod-3holapp"
              },
              {
                "scope": "application",
                "tag": "app-wld09-prod-web"
              },
              {
                "scope": "environment",
                "tag": "env-wld09-prod"
              },
              {
                "scope": "sub-application",
                "tag": "app-wld09-prod-3holapp-web"
              },
              {
                "scope": "tenant",
                "tag": "ten-wld09"
              }
            ]
          },
          "sensitive_attributes": [],
          "private": "bnVsbA==",
          "dependencies": [
            "module.tags.data.nsxt_policy_vm.vms"
          ]
        },
        {
          "index_key": "p-web-03a",
          "schema_version": 0,
          "attributes": {
            "context": [],
            "id": "500e169f-7231-266a-4c3d-fbd4ddaf246b",
            "instance_id": "500e169f-7231-266a-4c3d-fbd4ddaf246b",
            "port": [],
            "tag": [
              {
                "scope": "application",
                "tag": "app-wld09-prod-3holapp"
              },
              {
                "scope": "application",
                "tag": "app-wld09-prod-web"
              },
              {
                "scope": "environment",
                "tag": "env-wld09-prod"
              },
              {
                "scope": "sub-application",
                "tag": "app-wld09-prod-3holapp-web"
              },
              {
                "scope": "tenant",
                "tag": "ten-wld09"
              }
            ]
          },
          "sensitive_attributes": [],
          "private": "bnVsbA==",
          "dependencies": [
            "module.tags.data.nsxt_policy_vm.vms"
          ]
        },
        {
          "index_key": "t-app-01a",
          "schema_version": 0,
          "attributes": {
            "context": [],
            "id": "500e1a06-0bb7-5aa2-230c-73642a3e23c1",
            "instance_id": "500e1a06-0bb7-5aa2-230c-73642a3e23c1",
            "port": [],
            "tag": [
              {
                "scope": "application",
                "tag": "app-wld09-test-application"
              },
              {
                "scope": "environment",
                "tag": "env-wld09-test"
              },
              {
                "scope": "tenant",
                "tag": "ten-wld09"
              }
            ]
          },
          "sensitive_attributes": [],
          "private": "bnVsbA==",
          "dependencies": [
            "module.tags.data.nsxt_policy_vm.vms"
          ]
        },
        {
          "index_key": "t-db-01a",
          "schema_version": 0,
          "attributes": {
            "context": [],
            "id": "500eaab6-b602-787e-fdde-70c3ee2f655a",
            "instance_id": "500eaab6-b602-787e-fdde-70c3ee2f655a",
            "port": [],
            "tag": [
              {
                "scope": "application",
                "tag": "app-wld09-test-database"
              },
              {
                "scope": "emergency",
                "tag": "emg-wld09"
              },
              {
                "scope": "environment",
                "tag": "env-wld09-test"
              },
              {
                "scope": "tenant",
                "tag": "ten-wld09"
              }
            ]
          },
          "sensitive_attributes": [],
          "private": "bnVsbA==",
          "dependencies": [
            "module.tags.data.nsxt_policy_vm.vms"
          ]
        },
        {
          "index_key": "t-web-01a",
          "schema_version": 0,
          "attributes": {
            "context": [],
            "id": "500ea1c4-d4ce-5ff0-eec5-deaa96bcf00e",
            "instance_id": "500ea1c4-d4ce-5ff0-eec5-deaa96bcf00e",
            "port": [],
            "tag": [
              {
                "scope": "application",
                "tag": "app-wld09-test-web"
              },
              {
                "scope": "environment",
                "tag": "env-wld09-test"
              },
              {
                "scope": "tenant",
                "tag": "ten-wld09"
              }
            ]
          },
          "sensitive_attributes": [],
          "private": "bnVsbA==",
          "dependencies": [
            "module.tags.data.nsxt_policy_vm.vms"
          ]
        },
        {
          "index_key": "t-web-02a",
          "schema_version": 0,
          "attributes": {
            "context": [],
            "id": "500ebfe0-9f49-a1c6-d5d3-bc0c6a42fc91",
            "instance_id": "500ebfe0-9f49-a1c6-d5d3-bc0c6a42fc91",
            "port": [],
            "tag": [
              {
                "scope": "application",
                "tag": "app-wld09-test-web"
              },
              {
                "scope": "environment",
                "tag": "env-wld09-test"
              },
              {
                "scope": "tenant",
                "tag": "ten-wld09"
              }
            ]
          },
          "sensitive_attributes": [],
          "private": "bnVsbA==",
          "dependencies": [
            "module.tags.data.nsxt_policy_vm.vms"
          ]
        },
        {
          "index_key": "t-web-03a",
          "schema_version": 0,
          "attributes": {
            "context": [],
            "id": "500e4809-32b4-cbb5-bece-e59d5dc1e4aa",
            "instance_id": "500e4809-32b4-cbb5-bece-e59d5dc1e4aa",
            "port": [],
            "tag": [
              {
                "scope": "application",
                "tag": "app-wld09-test-web"
              },
              {
                "scope": "environment",
                "tag": "env-wld09-test"
              },
              {
                "scope": "tenant",
                "tag": "ten-wld09"
              }
            ]
          },
          "sensitive_attributes": [],
          "private": "bnVsbA==",
          "dependencies": [
            "module.tags.data.nsxt_policy_vm.vms"
          ]
        }
      ]
    },
    {
      "module": "module.tags[\"wld10\"]",
      "mode": "data",
      "type": "nsxt_policy_vm",
      "name": "vms",
      "provider": "provider[\"registry.terraform.io/vmware/nsxt\"]",
      "instances": [
        {
          "index_key": "a-app-01a",
          "schema_version": 0,
          "attributes": {
            "bios_id": "420e8c54-2e13-0720-e066-1d347acd063b",
            "context": null,
            "description": "",
            "display_name": "a-app-01a",
            "external_id": "500e6909-122a-2c58-6dc2-a85aff0763ae",
            "id": "500e6909-122a-2c58-6dc2-a85aff0763ae",
            "instance_id": "500e6909-122a-2c58-6dc2-a85aff0763ae"
          },
          "sensitive_attributes": []
        },
        {
          "index_key": "a-db-01a",
          "schema_version": 0,
          "attributes": {
            "bios_id": "420e53a9-7a17-e3c0-1d05-48d850a69711",
            "context": null,
            "description": "",
            "display_name": "a-db-01a",
            "external_id": "500ed547-b10a-13b7-1a2d-7ff653061f2b",
            "id": "500ed547-b10a-13b7-1a2d-7ff653061f2b",
            "instance_id": "500ed547-b10a-13b7-1a2d-7ff653061f2b"
          },
          "sensitive_attributes": []
        },
        {
          "index_key": "a-web-01a",
          "schema_version": 0,
          "attributes": {
            "bios_id": "420ee5dc-c141-e5ea-41e3-8253de3bc263",
            "context": null,
            "description": "",
            "display_name": "a-web-01a",
            "external_id": "500e0604-4711-df4b-6ef1-49aaf530b89c",
            "id": "500e0604-4711-df4b-6ef1-49aaf530b89c",
            "instance_id": "500e0604-4711-df4b-6ef1-49aaf530b89c"
          },
          "sensitive_attributes": []
        },
        {
          "index_key": "a-web-02a",
          "schema_version": 0,
          "attributes": {
            "bios_id": "420e2417-4c29-638d-56af-c5df27d4a07e",
            "context": null,
            "description": "",
            "display_name": "a-web-02a",
            "external_id": "500e89db-c11a-e826-e283-6c0a45d64e2c",
            "id": "500e89db-c11a-e826-e283-6c0a45d64e2c",
            "instance_id": "500e89db-c11a-e826-e283-6c0a45d64e2c"
          },
          "sensitive_attributes": []
        },
        {
          "index_key": "a-web-03a",
          "schema_version": 0,
          "attributes": {
            "bios_id": "420e0d6d-ad01-d789-703e-8bdb3eb320f8",
            "context": null,
            "description": "",
            "display_name": "a-web-03a",
            "external_id": "500ecb05-cb4c-5667-c62b-6e06cc6119cc",
            "id": "500ecb05-cb4c-5667-c62b-6e06cc6119cc",
            "instance_id": "500ecb05-cb4c-5667-c62b-6e06cc6119cc"
          },
          "sensitive_attributes": []
        },
        {
          "index_key": "d-app-01a",
          "schema_version": 0,
          "attributes": {
            "bios_id": "420ef397-8750-1059-bb9b-caff1b26443f",
            "context": null,
            "description": "",
            "display_name": "d-app-01a",
            "external_id": "500e52a8-9caa-5b01-0b58-c38e23e3d465",
            "id": "500e52a8-9caa-5b01-0b58-c38e23e3d465",
            "instance_id": "500e52a8-9caa-5b01-0b58-c38e23e3d465"
          },
          "sensitive_attributes": []
        },
        {
          "index_key": "d-db-01a",
          "schema_version": 0,
          "attributes": {
            "bios_id": "420e7d42-c21a-0fa3-07a3-b915f0ab32c0",
            "context": null,
            "description": "",
            "display_name": "d-db-01a",
            "external_id": "500e8ba2-1ade-1ab8-39c3-34a8046bbe39",
            "id": "500e8ba2-1ade-1ab8-39c3-34a8046bbe39",
            "instance_id": "500e8ba2-1ade-1ab8-39c3-34a8046bbe39"
          },
          "sensitive_attributes": []
        },
        {
          "index_key": "d-web-01a",
          "schema_version": 0,
          "attributes": {
            "bios_id": "420e8cd4-3f2a-521e-8d32-589e010a45cf",
            "context": null,
            "description": "",
            "display_name": "d-web-01a",
            "external_id": "500e408d-f3bd-280f-2e05-b3787ec63333",
            "id": "500e408d-f3bd-280f-2e05-b3787ec63333",
            "instance_id": "500e408d-f3bd-280f-2e05-b3787ec63333"
          },
          "sensitive_attributes": []
        },
        {
          "index_key": "d-web-02a",
          "schema_version": 0,
          "attributes": {
            "bios_id": "420eab28-0d11-7280-cf2a-8b385c8bc907",
            "context": null,
            "description": "",
            "display_name": "d-web-02a",
            "external_id": "500e2f4d-03ef-aef2-8f4b-338340ec4ab0",
            "id": "500e2f4d-03ef-aef2-8f4b-338340ec4ab0",
            "instance_id": "500e2f4d-03ef-aef2-8f4b-338340ec4ab0"
          },
          "sensitive_attributes": []
        },
        {
          "index_key": "d-web-03a",
          "schema_version": 0,
          "attributes": {
            "bios_id": "420e9f76-cb3f-6ad5-6416-65d7e6a15fc9",
            "context": null,
            "description": "",
            "display_name": "d-web-03a",
            "external_id": "500e9351-a0e2-62d1-8cc1-395fb379d3e6",
            "id": "500e9351-a0e2-62d1-8cc1-395fb379d3e6",
            "instance_id": "500e9351-a0e2-62d1-8cc1-395fb379d3e6"
          },
          "sensitive_attributes": []
        }
      ]
    },
    {
      "module": "module.tags[\"wld10\"]",
      "mode": "managed",
      "type": "nsxt_policy_vm_tags",
      "name": "hierarchy_tags",
      "provider": "provider[\"registry.terraform.io/vmware/nsxt\"]",
      "instances": [
        {
          "index_key": "a-app-01a",
          "schema_version": 0,
          "attributes": {
            "context": [],
            "id": "500e6909-122a-2c58-6dc2-a85aff0763ae",
            "instance_id": "500e6909-122a-2c58-6dc2-a85aff0763ae",
            "port": [],
            "tag": [
              {
                "scope": "application",
                "tag": "app-wld10-acc-application"
              },
              {
                "scope": "environment",
                "tag": "env-wld10-acc"
              },
              {
                "scope": "tenant",
                "tag": "ten-wld10"
              }
            ]
          },
          "sensitive_attributes": [],
          "private": "bnVsbA==",
          "dependencies": [
            "module.tags.data.nsxt_policy_vm.vms"
          ]
        },
        {
          "index_key": "a-db-01a",
          "schema_version": 0,
          "attributes": {
            "context": [],
            "id": "500ed547-b10a-13b7-1a2d-7ff653061f2b",
            "instance_id": "500ed547-b10a-13b7-1a2d-7ff653061f2b",
            "port": [],
            "tag": [
              {
                "scope": "application",
                "tag": "app-wld10-acc-database"
              },
              {
                "scope": "emergency",
                "tag": "emg-wld10"
              },
              {
                "scope": "environment",
                "tag": "env-wld10-acc"
              },
              {
                "scope": "tenant",
                "tag": "ten-wld10"
              }
            ]
          },
          "sensitive_attributes": [],
          "private": "bnVsbA==",
          "dependencies": [
            "module.tags.data.nsxt_policy_vm.vms"
          ]
        },
        {
          "index_key": "a-web-01a",
          "schema_version": 0,
          "attributes": {
            "context": [],
            "id": "500e0604-4711-df4b-6ef1-49aaf530b89c",
            "instance_id": "500e0604-4711-df4b-6ef1-49aaf530b89c",
            "port": [],
            "tag": [
              {
                "scope": "application",
                "tag": "app-wld10-acc-web"
              },
              {
                "scope": "environment",
                "tag": "env-wld10-acc"
              },
              {
                "scope": "tenant",
                "tag": "ten-wld10"
              }
            ]
          },
          "sensitive_attributes": [],
          "private": "bnVsbA==",
          "dependencies": [
            "module.tags.data.nsxt_policy_vm.vms"
          ]
        },
        {
          "index_key": "a-web-02a",
          "schema_version": 0,
          "attributes": {
            "context": [],
            "id": "500e89db-c11a-e826-e283-6c0a45d64e2c",
            "instance_id": "500e89db-c11a-e826-e283-6c0a45d64e2c",
            "port": [],
            "tag": [
              {
                "scope": "application",
                "tag": "app-wld10-acc-web"
              },
              {
                "scope": "environment",
                "tag": "env-wld10-acc"
              },
              {
                "scope": "tenant",
                "tag": "ten-wld10"
              }
            ]
          },
          "sensitive_attributes": [],
          "private": "bnVsbA==",
          "dependencies": [
            "module.tags.data.nsxt_policy_vm.vms"
          ]
        },
        {
          "index_key": "a-web-03a",
          "schema_version": 0,
          "attributes": {
            "context": [],
            "id": "500ecb05-cb4c-5667-c62b-6e06cc6119cc",
            "instance_id": "500ecb05-cb4c-5667-c62b-6e06cc6119cc",
            "port": [],
            "tag": [
              {
                "scope": "application",
                "tag": "app-wld10-acc-web"
              },
              {
                "scope": "environment",
                "tag": "env-wld10-acc"
              },
              {
                "scope": "tenant",
                "tag": "ten-wld10"
              }
            ]
          },
          "sensitive_attributes": [],
          "private": "bnVsbA==",
          "dependencies": [
            "module.tags.data.nsxt_policy_vm.vms"
          ]
        },
        {
          "index_key": "d-app-01a",
          "schema_version": 0,
          "attributes": {
            "context": [],
            "id": "500e52a8-9caa-5b01-0b58-c38e23e3d465",
            "instance_id": "500e52a8-9caa-5b01-0b58-c38e23e3d465",
            "port": [],
            "tag": [
              {
                "scope": "application",
                "tag": "app-wld10-dev-3holapp"
              },
              {
                "scope": "application",
                "tag": "app-wld10-dev-application"
              },
              {
                "scope": "environment",
                "tag": "env-wld10-dev"
              },
              {
                "scope": "sub-application",
                "tag": "app-wld10-dev-3holapp-application"
              },
              {
                "scope": "tenant",
                "tag": "ten-wld10"
              }
            ]
          },
          "sensitive_attributes": [],
          "private": "bnVsbA==",
          "dependencies": [
            "module.tags.data.nsxt_policy_vm.vms"
          ]
        },
        {
          "index_key": "d-db-01a",
          "schema_version": 0,
          "attributes": {
            "context": [],
            "id": "500e8ba2-1ade-1ab8-39c3-34a8046bbe39",
            "instance_id": "500e8ba2-1ade-1ab8-39c3-34a8046bbe39",
            "port": [],
            "tag": [
              {
                "scope": "application",
                "tag": "app-wld10-dev-3holapp"
              },
              {
                "scope": "application",
                "tag": "app-wld10-dev-database"
              },
              {
                "scope": "environment",
                "tag": "env-wld10-dev"
              },
              {
                "scope": "sub-application",
                "tag": "app-wld10-dev-3holapp-database"
              },
              {
                "scope": "tenant",
                "tag": "ten-wld10"
              }
            ]
          },
          "sensitive_attributes": [],
          "private": "bnVsbA==",
          "dependencies": [
            "module.tags.data.nsxt_policy_vm.vms"
          ]
        },
        {
          "index_key": "d-web-01a",
          "schema_version": 0,
          "attributes": {
            "context": [],
            "id": "500e408d-f3bd-280f-2e05-b3787ec63333",
            "instance_id": "500e408d-f3bd-280f-2e05-b3787ec63333",
            "port": [],
            "tag": [
              {
                "scope": "application",
                "tag": "app-wld10-dev-3holapp"
              },
              {
                "scope": "application",
                "tag": "app-wld10-dev-web"
              },
              {
                "scope": "environment",
                "tag": "env-wld10-dev"
              },
              {
                "scope": "sub-application",
                "tag": "app-wld10-dev-3holapp-web"
              },
              {
                "scope": "tenant",
                "tag": "ten-wld10"
              }
            ]
          },
          "sensitive_attributes": [],
          "private": "bnVsbA==",
          "dependencies": [
            "module.tags.data.nsxt_policy_vm.vms"
          ]
        },
        {
          "index_key": "d-web-02a",
          "schema_version": 0,
          "attributes": {
            "context": [],
            "id": "500e2f4d-03ef-aef2-8f4b-338340ec4ab0",
            "instance_id": "500e2f4d-03ef-aef2-8f4b-338340ec4ab0",
            "port": [],
            "tag": [
              {
                "scope": "application",
                "tag": "app-wld10-dev-3holapp"
              },
              {
                "scope": "application",
                "tag": "app-wld10-dev-web"
              },
              {
                "scope": "environment",
                "tag": "env-wld10-dev"
              },
              {
                "scope": "sub-application",
                "tag": "app-wld10-dev-3holapp-web"
              },
              {
                "scope": "tenant",
                "tag": "ten-wld10"
              }
            ]
          },
          "sensitive_attributes": [],
          "private": "bnVsbA==",
          "dependencies": [
            "module.tags.data.nsxt_policy_vm.vms"
          ]
        },
        {
          "index_key": "d-web-03a",
          "schema_version": 0,
          "attributes": {
            "context": [],
            "id": "500e9351-a0e2-62d1-8cc1-395fb379d3e6",
            "instance_id": "500e9351-a0e2-62d1-8cc1-395fb379d3e6",
            "port": [],
            "tag": [
              {
                "scope": "application",
                "tag": "app-wld10-dev-3holapp"
              },
              {
                "scope": "application",
                "tag": "app-wld10-dev-web"
              },
              {
                "scope": "environment",
                "tag": "env-wld10-dev"
              },
              {
                "scope": "sub-application",
                "tag": "app-wld10-dev-3holapp-web"
              },
              {
                "scope": "tenant",
                "tag": "ten-wld10"
              }
            ]
          },
          "sensitive_attributes": [],
          "private": "bnVsbA==",
          "dependencies": [
            "module.tags.data.nsxt_policy_vm.vms"
          ]
        }
      ]
    }
  ],
  "check_results": null
}
