{
  "version": 4,
  "terraform_version": "1.11.4",
  "serial": 739,
  "lineage": "9ac51c63-2cea-057c-32cc-4845105746d3",
  "outputs": {
    "application_groups": {
      "value": {
        "app-wld10-acc-application": "/infra/domains/default/groups/1526c0eb-bf43-4de2-902e-cd612cb61a4b",
        "app-wld10-acc-database": "/infra/domains/default/groups/7e4694fe-f1cd-47c6-a5b2-33fff32653d2",
        "app-wld10-acc-web": "/infra/domains/default/groups/17f38898-16d9-4792-8045-5a56482774ca",
        "app-wld10-dev-3holapp": "/infra/domains/default/groups/1891aeb6-499a-4ac0-a55e-17e6e5e1793c",
        "app-wld10-dev-application": "/infra/domains/default/groups/f0318128-b674-4730-bdcc-146797c3981b",
        "app-wld10-dev-database": "/infra/domains/default/groups/683e02f7-55bc-4d57-aed9-57335f4ea422",
        "app-wld10-dev-web": "/infra/domains/default/groups/bfc3f61e-5c3e-40dc-a363-38ca731b8afe"
      },
      "type": [
        "object",
        {
          "app-wld10-acc-application": "string",
          "app-wld10-acc-database": "string",
          "app-wld10-acc-web": "string",
          "app-wld10-dev-3holapp": "string",
          "app-wld10-dev-application": "string",
          "app-wld10-dev-database": "string",
          "app-wld10-dev-web": "string"
        }
      ]
    },
    "environment_groups": {
      "value": {
        "env-wld10-acc": "/infra/domains/default/groups/e0b73a12-0676-4433-8608-1d4d3c12a1ae",
        "env-wld10-dev": "/infra/domains/default/groups/8ae9251b-7bc3-4082-997a-ff75e94daf7e"
      },
      "type": [
        "object",
        {
          "env-wld10-acc": "string",
          "env-wld10-dev": "string"
        }
      ]
    },
    "services": {
      "value": {
        "tcp_3306": {
          "display_name": "svc-wld10-tcp_3306",
          "id": "c7c1b942-cfc4-47af-9604-1023b9d35ed0",
          "path": "/infra/services/c7c1b942-cfc4-47af-9604-1023b9d35ed0"
        },
        "tcp_443": {
          "display_name": "svc-wld10-tcp_443",
          "id": "8b70e97a-8d62-4126-91c4-1c7313bca3f0",
          "path": "/infra/services/8b70e97a-8d62-4126-91c4-1c7313bca3f0"
        },
        "tcp_8443": {
          "display_name": "svc-wld10-tcp_8443",
          "id": "a050f611-1ad2-42a2-beb1-60d3cb867635",
          "path": "/infra/services/a050f611-1ad2-42a2-beb1-60d3cb867635"
        },
        "udp_53": {
          "display_name": "svc-wld10-udp_53",
          "id": "1486fda9-c774-40e9-b844-b1eeb220ea2a",
          "path": "/infra/services/1486fda9-c774-40e9-b844-b1eeb220ea2a"
        }
      },
      "type": [
        "object",
        {
          "tcp_3306": [
            "object",
            {
              "display_name": "string",
              "id": "string",
              "path": "string"
            }
          ],
          "tcp_443": [
            "object",
            {
              "display_name": "string",
              "id": "string",
              "path": "string"
            }
          ],
          "tcp_8443": [
            "object",
            {
              "display_name": "string",
              "id": "string",
              "path": "string"
            }
          ],
          "udp_53": [
            "object",
            {
              "display_name": "string",
              "id": "string",
              "path": "string"
            }
          ]
        }
      ]
    },
    "tenant_group_id": {
      "value": "/infra/domains/default/groups/bf110183-361f-4fce-9701-949283caa58f",
      "type": "string"
    },
    "tenant_tag": {
      "value": "ten-wld10",
      "type": "string"
    },
    "tenant_vms": {
      "value": [
        "d-app-01a",
        "d-db-01a",
        "d-web-01a",
        "d-web-02a",
        "d-web-03a"
      ],
      "type": [
        "tuple",
        [
          "string",
          "string",
          "string",
          "string",
          "string"
        ]
      ]
    }
  },
  "resources": [
    {
      "module": "module.groups",
      "mode": "managed",
      "type": "nsxt_policy_group",
      "name": "application_groups",
      "provider": "provider[\"registry.terraform.io/vmware/nsxt\"]",
      "instances": [
        {
          "index_key": "app-wld10-acc-application",
          "schema_version": 0,
          "attributes": {
            "conjunction": [],
            "context": [],
            "criteria": [
              {
                "condition": [
                  {
                    "key": "Tag",
                    "member_type": "VirtualMachine",
                    "operator": "EQUALS",
                    "value": "app-wld10-acc-application"
                  }
                ],
                "external_id_expression": [],
                "ipaddress_expression": [],
                "macaddress_expression": [],
                "path_expression": []
              }
            ],
            "description": "Group for application app-wld10-acc-application",
            "display_name": "app-wld10-acc-application",
            "domain": "default",
            "extended_criteria": [],
            "group_type": null,
            "id": "1526c0eb-bf43-4de2-902e-cd612cb61a4b",
            "nsx_id": "1526c0eb-bf43-4de2-902e-cd612cb61a4b",
            "path": "/infra/domains/default/groups/1526c0eb-bf43-4de2-902e-cd612cb61a4b",
            "revision": 0,
            "tag": [
              {
                "scope": "application",
                "tag": "app-wld10-acc-application"
              }
            ]
          },
          "sensitive_attributes": [],
          "private": "bnVsbA==",
          "dependencies": [
            "module.tags.data.nsxt_policy_vm.vms",
            "module.tags.nsxt_policy_vm_tags.hierarchy_tags"
          ]
        },
        {
          "index_key": "app-wld10-acc-database",
          "schema_version": 0,
          "attributes": {
            "conjunction": [],
            "context": [],
            "criteria": [
              {
                "condition": [
                  {
                    "key": "Tag",
                    "member_type": "VirtualMachine",
                    "operator": "EQUALS",
                    "value": "app-wld10-acc-database"
                  }
                ],
                "external_id_expression": [],
                "ipaddress_expression": [],
                "macaddress_expression": [],
                "path_expression": []
              }
            ],
            "description": "Group for application app-wld10-acc-database",
            "display_name": "app-wld10-acc-database",
            "domain": "default",
            "extended_criteria": [],
            "group_type": null,
            "id": "7e4694fe-f1cd-47c6-a5b2-33fff32653d2",
            "nsx_id": "7e4694fe-f1cd-47c6-a5b2-33fff32653d2",
            "path": "/infra/domains/default/groups/7e4694fe-f1cd-47c6-a5b2-33fff32653d2",
            "revision": 0,
            "tag": [
              {
                "scope": "application",
                "tag": "app-wld10-acc-database"
              }
            ]
          },
          "sensitive_attributes": [],
          "private": "bnVsbA==",
          "dependencies": [
            "module.tags.data.nsxt_policy_vm.vms",
            "module.tags.nsxt_policy_vm_tags.hierarchy_tags"
          ]
        },
        {
          "index_key": "app-wld10-acc-web",
          "schema_version": 0,
          "attributes": {
            "conjunction": [],
            "context": [],
            "criteria": [
              {
                "condition": [
                  {
                    "key": "Tag",
                    "member_type": "VirtualMachine",
                    "operator": "EQUALS",
                    "value": "app-wld10-acc-web"
                  }
                ],
                "external_id_expression": [],
                "ipaddress_expression": [],
                "macaddress_expression": [],
                "path_expression": []
              }
            ],
            "description": "Group for application app-wld10-acc-web",
            "display_name": "app-wld10-acc-web",
            "domain": "default",
            "extended_criteria": [],
            "group_type": null,
            "id": "17f38898-16d9-4792-8045-5a56482774ca",
            "nsx_id": "17f38898-16d9-4792-8045-5a56482774ca",
            "path": "/infra/domains/default/groups/17f38898-16d9-4792-8045-5a56482774ca",
            "revision": 0,
            "tag": [
              {
                "scope": "application",
                "tag": "app-wld10-acc-web"
              }
            ]
          },
          "sensitive_attributes": [],
          "private": "bnVsbA==",
          "dependencies": [
            "module.tags.data.nsxt_policy_vm.vms",
            "module.tags.nsxt_policy_vm_tags.hierarchy_tags"
          ]
        },
        {
          "index_key": "app-wld10-dev-3holapp",
          "schema_version": 0,
          "attributes": {
            "conjunction": [],
            "context": [],
            "criteria": [
              {
                "condition": [
                  {
                    "key": "Tag",
                    "member_type": "VirtualMachine",
                    "operator": "EQUALS",
                    "value": "app-wld10-dev-3holapp"
                  }
                ],
                "external_id_expression": [],
                "ipaddress_expression": [],
                "macaddress_expression": [],
                "path_expression": []
              }
            ],
            "description": "Group for application app-wld10-dev-3holapp",
            "display_name": "app-wld10-dev-3holapp",
            "domain": "default",
            "extended_criteria": [],
            "group_type": null,
            "id": "1891aeb6-499a-4ac0-a55e-17e6e5e1793c",
            "nsx_id": "1891aeb6-499a-4ac0-a55e-17e6e5e1793c",
            "path": "/infra/domains/default/groups/1891aeb6-499a-4ac0-a55e-17e6e5e1793c",
            "revision": 0,
            "tag": [
              {
                "scope": "application",
                "tag": "app-wld10-dev-3holapp"
              }
            ]
          },
          "sensitive_attributes": [],
          "private": "bnVsbA==",
          "dependencies": [
            "module.tags.data.nsxt_policy_vm.vms",
            "module.tags.nsxt_policy_vm_tags.hierarchy_tags"
          ]
        },
        {
          "index_key": "app-wld10-dev-application",
          "schema_version": 0,
          "attributes": {
            "conjunction": [],
            "context": [],
            "criteria": [
              {
                "condition": [
                  {
                    "key": "Tag",
                    "member_type": "VirtualMachine",
                    "operator": "EQUALS",
                    "value": "app-wld10-dev-application"
                  }
                ],
                "external_id_expression": [],
                "ipaddress_expression": [],
                "macaddress_expression": [],
                "path_expression": []
              }
            ],
            "description": "Group for application app-wld10-dev-application",
            "display_name": "app-wld10-dev-application",
            "domain": "default",
            "extended_criteria": [],
            "group_type": null,
            "id": "f0318128-b674-4730-bdcc-146797c3981b",
            "nsx_id": "f0318128-b674-4730-bdcc-146797c3981b",
            "path": "/infra/domains/default/groups/f0318128-b674-4730-bdcc-146797c3981b",
            "revision": 0,
            "tag": [
              {
                "scope": "application",
                "tag": "app-wld10-dev-application"
              }
            ]
          },
          "sensitive_attributes": [],
          "private": "bnVsbA==",
          "dependencies": [
            "module.tags.data.nsxt_policy_vm.vms",
            "module.tags.nsxt_policy_vm_tags.hierarchy_tags"
          ]
        },
        {
          "index_key": "app-wld10-dev-database",
          "schema_version": 0,
          "attributes": {
            "conjunction": [],
            "context": [],
            "criteria": [
              {
                "condition": [
                  {
                    "key": "Tag",
                    "member_type": "VirtualMachine",
                    "operator": "EQUALS",
                    "value": "app-wld10-dev-database"
                  }
                ],
                "external_id_expression": [],
                "ipaddress_expression": [],
                "macaddress_expression": [],
                "path_expression": []
              }
            ],
            "description": "Group for application app-wld10-dev-database",
            "display_name": "app-wld10-dev-database",
            "domain": "default",
            "extended_criteria": [],
            "group_type": null,
            "id": "683e02f7-55bc-4d57-aed9-57335f4ea422",
            "nsx_id": "683e02f7-55bc-4d57-aed9-57335f4ea422",
            "path": "/infra/domains/default/groups/683e02f7-55bc-4d57-aed9-57335f4ea422",
            "revision": 0,
            "tag": [
              {
                "scope": "application",
                "tag": "app-wld10-dev-database"
              }
            ]
          },
          "sensitive_attributes": [],
          "private": "bnVsbA==",
          "dependencies": [
            "module.tags.data.nsxt_policy_vm.vms",
            "module.tags.nsxt_policy_vm_tags.hierarchy_tags"
          ]
        },
        {
          "index_key": "app-wld10-dev-web",
          "schema_version": 0,
          "attributes": {
            "conjunction": [],
            "context": [],
            "criteria": [
              {
                "condition": [
                  {
                    "key": "Tag",
                    "member_type": "VirtualMachine",
                    "operator": "EQUALS",
                    "value": "app-wld10-dev-web"
                  }
                ],
                "external_id_expression": [],
                "ipaddress_expression": [],
                "macaddress_expression": [],
                "path_expression": []
              }
            ],
            "description": "Group for application app-wld10-dev-web",
            "display_name": "app-wld10-dev-web",
            "domain": "default",
            "extended_criteria": [],
            "group_type": null,
            "id": "bfc3f61e-5c3e-40dc-a363-38ca731b8afe",
            "nsx_id": "bfc3f61e-5c3e-40dc-a363-38ca731b8afe",
            "path": "/infra/domains/default/groups/bfc3f61e-5c3e-40dc-a363-38ca731b8afe",
            "revision": 0,
            "tag": [
              {
                "scope": "application",
                "tag": "app-wld10-dev-web"
              }
            ]
          },
          "sensitive_attributes": [],
          "private": "bnVsbA==",
          "dependencies": [
            "module.tags.data.nsxt_policy_vm.vms",
            "module.tags.nsxt_policy_vm_tags.hierarchy_tags"
          ]
        }
      ]
    },
    {
      "module": "module.groups",
      "mode": "managed",
      "type": "nsxt_policy_group",
      "name": "emergency_groups",
      "provider": "provider[\"registry.terraform.io/vmware/nsxt\"]",
      "instances": [
        {
          "index_key": "emg-wld10",
          "schema_version": 0,
          "attributes": {
            "conjunction": [],
            "context": [],
            "criteria": [
              {
                "condition": [
                  {
                    "key": "Tag",
                    "member_type": "VirtualMachine",
                    "operator": "EQUALS",
                    "value": "emg-wld10"
                  }
                ],
                "external_id_expression": [],
                "ipaddress_expression": [],
                "macaddress_expression": [],
                "path_expression": []
              }
            ],
            "description": "Group for emergency access emg-wld10",
            "display_name": "emg-wld10",
            "domain": "default",
            "extended_criteria": [],
            "group_type": null,
            "id": "4a8812ae-9d6d-47e2-9cf9-f280fbbc8d86",
            "nsx_id": "4a8812ae-9d6d-47e2-9cf9-f280fbbc8d86",
            "path": "/infra/domains/default/groups/4a8812ae-9d6d-47e2-9cf9-f280fbbc8d86",
            "revision": 0,
            "tag": [
              {
                "scope": "emergency",
                "tag": "emg-wld10"
              }
            ]
          },
          "sensitive_attributes": [],
          "private": "bnVsbA==",
          "dependencies": [
            "module.tags.data.nsxt_policy_vm.vms",
            "module.tags.nsxt_policy_vm_tags.hierarchy_tags"
          ]
        }
      ]
    },
    {
      "module": "module.groups",
      "mode": "managed",
      "type": "nsxt_policy_group",
      "name": "environment_groups",
      "provider": "provider[\"registry.terraform.io/vmware/nsxt\"]",
      "instances": [
        {
          "index_key": "env-wld10-acc",
          "schema_version": 0,
          "attributes": {
            "conjunction": [],
            "context": [],
            "criteria": [
              {
                "condition": [
                  {
                    "key": "Tag",
                    "member_type": "VirtualMachine",
                    "operator": "EQUALS",
                    "value": "env-wld10-acc"
                  }
                ],
                "external_id_expression": [],
                "ipaddress_expression": [],
                "macaddress_expression": [],
                "path_expression": []
              }
            ],
            "description": "Group for environment env-wld10-acc",
            "display_name": "env-wld10-acc",
            "domain": "default",
            "extended_criteria": [],
            "group_type": null,
            "id": "e0b73a12-0676-4433-8608-1d4d3c12a1ae",
            "nsx_id": "e0b73a12-0676-4433-8608-1d4d3c12a1ae",
            "path": "/infra/domains/default/groups/e0b73a12-0676-4433-8608-1d4d3c12a1ae",
            "revision": 0,
            "tag": [
              {
                "scope": "environment",
                "tag": "env-wld10-acc"
              }
            ]
          },
          "sensitive_attributes": [],
          "private": "bnVsbA==",
          "dependencies": [
            "module.tags.data.nsxt_policy_vm.vms",
            "module.tags.nsxt_policy_vm_tags.hierarchy_tags"
          ]
        },
        {
          "index_key": "env-wld10-dev",
          "schema_version": 0,
          "attributes": {
            "conjunction": [],
            "context": [],
            "criteria": [
              {
                "condition": [
                  {
                    "key": "Tag",
                    "member_type": "VirtualMachine",
                    "operator": "EQUALS",
                    "value": "env-wld10-dev"
                  }
                ],
                "external_id_expression": [],
                "ipaddress_expression": [],
                "macaddress_expression": [],
                "path_expression": []
              }
            ],
            "description": "Group for environment env-wld10-dev",
            "display_name": "env-wld10-dev",
            "domain": "default",
            "extended_criteria": [],
            "group_type": null,
            "id": "8ae9251b-7bc3-4082-997a-ff75e94daf7e",
            "nsx_id": "8ae9251b-7bc3-4082-997a-ff75e94daf7e",
            "path": "/infra/domains/default/groups/8ae9251b-7bc3-4082-997a-ff75e94daf7e",
            "revision": 0,
            "tag": [
              {
                "scope": "environment",
                "tag": "env-wld10-dev"
              }
            ]
          },
          "sensitive_attributes": [],
          "private": "bnVsbA==",
          "dependencies": [
            "module.tags.data.nsxt_policy_vm.vms",
            "module.tags.nsxt_policy_vm_tags.hierarchy_tags"
          ]
        }
      ]
    },
    {
      "module": "module.groups",
      "mode": "managed",
      "type": "nsxt_policy_group",
      "name": "external_service_groups",
      "provider": "provider[\"registry.terraform.io/vmware/nsxt\"]",
      "instances": [
        {
          "index_key": "ext-wld10-dns",
          "schema_version": 0,
          "attributes": {
            "conjunction": [],
            "context": [],
            "criteria": [
              {
                "condition": [],
                "external_id_expression": [],
                "ipaddress_expression": [
                  {
                    "ip_addresses": [
                      "192.168.12.10"
                    ]
                  }
                ],
                "macaddress_expression": [],
                "path_expression": []
              }
            ],
            "description": "Group for external service ext-wld10-dns",
            "display_name": "ext-wld10-dns",
            "domain": "default",
            "extended_criteria": [],
            "group_type": null,
            "id": "9ff18cd5-d58f-4161-a3e7-4333b3edd019",
            "nsx_id": "9ff18cd5-d58f-4161-a3e7-4333b3edd019",
            "path": "/infra/domains/default/groups/9ff18cd5-d58f-4161-a3e7-4333b3edd019",
            "revision": 0,
            "tag": [
              {
                "scope": "external",
                "tag": "ext-wld10-dns"
              }
            ]
          },
          "sensitive_attributes": [],
          "private": "bnVsbA==",
          "dependencies": [
            "module.tags.data.nsxt_policy_vm.vms",
            "module.tags.nsxt_policy_vm_tags.hierarchy_tags"
          ]
        },
        {
          "index_key": "ext-wld10-jumphosts",
          "schema_version": 0,
          "attributes": {
            "conjunction": [],
            "context": [],
            "criteria": [
              {
                "condition": [],
                "external_id_expression": [],
                "ipaddress_expression": [
                  {
                    "ip_addresses": [
                      "10.10.89.11"
                    ]
                  }
                ],
                "macaddress_expression": [],
                "path_expression": []
              }
            ],
            "description": "Group for external service ext-wld10-jumphosts",
            "display_name": "ext-wld10-jumphosts",
            "domain": "default",
            "extended_criteria": [],
            "group_type": null,
            "id": "59effa4a-a2e8-48b7-aa45-e053e924086a",
            "nsx_id": "59effa4a-a2e8-48b7-aa45-e053e924086a",
            "path": "/infra/domains/default/groups/59effa4a-a2e8-48b7-aa45-e053e924086a",
            "revision": 0,
            "tag": [
              {
                "scope": "external",
                "tag": "ext-wld10-jumphosts"
              }
            ]
          },
          "sensitive_attributes": [],
          "private": "bnVsbA==",
          "dependencies": [
            "module.tags.data.nsxt_policy_vm.vms",
            "module.tags.nsxt_policy_vm_tags.hierarchy_tags"
          ]
        },
        {
          "index_key": "ext-wld10-ntp",
          "schema_version": 0,
          "attributes": {
            "conjunction": [],
            "context": [],
            "criteria": [
              {
                "condition": [],
                "external_id_expression": [],
                "ipaddress_expression": [
                  {
                    "ip_addresses": [
                      "192.168.12.1"
                    ]
                  }
                ],
                "macaddress_expression": [],
                "path_expression": []
              }
            ],
            "description": "Group for external service ext-wld10-ntp",
            "display_name": "ext-wld10-ntp",
            "domain": "default",
            "extended_criteria": [],
            "group_type": null,
            "id": "d57e4847-0441-44d8-aec1-ef0296d6cec1",
            "nsx_id": "d57e4847-0441-44d8-aec1-ef0296d6cec1",
            "path": "/infra/domains/default/groups/d57e4847-0441-44d8-aec1-ef0296d6cec1",
            "revision": 0,
            "tag": [
              {
                "scope": "external",
                "tag": "ext-wld10-ntp"
              }
            ]
          },
          "sensitive_attributes": [],
          "private": "bnVsbA==",
          "dependencies": [
            "module.tags.data.nsxt_policy_vm.vms",
            "module.tags.nsxt_policy_vm_tags.hierarchy_tags"
          ]
        }
      ]
    },
    {
      "module": "module.groups",
      "mode": "managed",
      "type": "nsxt_policy_group",
      "name": "sub_application_groups",
      "provider": "provider[\"registry.terraform.io/vmware/nsxt\"]",
      "instances": [
        {
          "index_key": "app-wld10-dev-3holapp-application",
          "schema_version": 0,
          "attributes": {
            "conjunction": [],
            "context": [],
            "criteria": [
              {
                "condition": [
                  {
                    "key": "Tag",
                    "member_type": "VirtualMachine",
                    "operator": "EQUALS",
                    "value": "app-wld10-dev-3holapp-application"
                  }
                ],
                "external_id_expression": [],
                "ipaddress_expression": [],
                "macaddress_expression": [],
                "path_expression": []
              }
            ],
            "description": "Group for sub-application app-wld10-dev-3holapp-application",
            "display_name": "app-wld10-dev-3holapp-application",
            "domain": "default",
            "extended_criteria": [],
            "group_type": null,
            "id": "f1654b2a-f11f-4cd0-bddc-f92664625138",
            "nsx_id": "f1654b2a-f11f-4cd0-bddc-f92664625138",
            "path": "/infra/domains/default/groups/f1654b2a-f11f-4cd0-bddc-f92664625138",
            "revision": 0,
            "tag": [
              {
                "scope": "sub-application",
                "tag": "app-wld10-dev-3holapp-application"
              }
            ]
          },
          "sensitive_attributes": [],
          "private": "bnVsbA==",
          "dependencies": [
            "module.tags.data.nsxt_policy_vm.vms",
            "module.tags.nsxt_policy_vm_tags.hierarchy_tags"
          ]
        },
        {
          "index_key": "app-wld10-dev-3holapp-database",
          "schema_version": 0,
          "attributes": {
            "conjunction": [],
            "context": [],
            "criteria": [
              {
                "condition": [
                  {
                    "key": "Tag",
                    "member_type": "VirtualMachine",
                    "operator": "EQUALS",
                    "value": "app-wld10-dev-3holapp-database"
                  }
                ],
                "external_id_expression": [],
                "ipaddress_expression": [],
                "macaddress_expression": [],
                "path_expression": []
              }
            ],
            "description": "Group for sub-application app-wld10-dev-3holapp-database",
            "display_name": "app-wld10-dev-3holapp-database",
            "domain": "default",
            "extended_criteria": [],
            "group_type": null,
            "id": "082a7f4c-ef56-4695-8a53-c98c54a4e8f8",
            "nsx_id": "082a7f4c-ef56-4695-8a53-c98c54a4e8f8",
            "path": "/infra/domains/default/groups/082a7f4c-ef56-4695-8a53-c98c54a4e8f8",
            "revision": 0,
            "tag": [
              {
                "scope": "sub-application",
                "tag": "app-wld10-dev-3holapp-database"
              }
            ]
          },
          "sensitive_attributes": [],
          "private": "bnVsbA==",
          "dependencies": [
            "module.tags.data.nsxt_policy_vm.vms",
            "module.tags.nsxt_policy_vm_tags.hierarchy_tags"
          ]
        },
        {
          "index_key": "app-wld10-dev-3holapp-web",
          "schema_version": 0,
          "attributes": {
            "conjunction": [],
            "context": [],
            "criteria": [
              {
                "condition": [
                  {
                    "key": "Tag",
                    "member_type": "VirtualMachine",
                    "operator": "EQUALS",
                    "value": "app-wld10-dev-3holapp-web"
                  }
                ],
                "external_id_expression": [],
                "ipaddress_expression": [],
                "macaddress_expression": [],
                "path_expression": []
              }
            ],
            "description": "Group for sub-application app-wld10-dev-3holapp-web",
            "display_name": "app-wld10-dev-3holapp-web",
            "domain": "default",
            "extended_criteria": [],
            "group_type": null,
            "id": "acd41e52-e02b-4d6b-ab4e-13bdc9156d4a",
            "nsx_id": "acd41e52-e02b-4d6b-ab4e-13bdc9156d4a",
            "path": "/infra/domains/default/groups/acd41e52-e02b-4d6b-ab4e-13bdc9156d4a",
            "revision": 0,
            "tag": [
              {
                "scope": "sub-application",
                "tag": "app-wld10-dev-3holapp-web"
              }
            ]
          },
          "sensitive_attributes": [],
          "private": "bnVsbA==",
          "dependencies": [
            "module.tags.data.nsxt_policy_vm.vms",
            "module.tags.nsxt_policy_vm_tags.hierarchy_tags"
          ]
        }
      ]
    },
    {
      "module": "module.groups",
      "mode": "managed",
      "type": "nsxt_policy_group",
      "name": "tenant_group",
      "provider": "provider[\"registry.terraform.io/vmware/nsxt\"]",
      "instances": [
        {
          "schema_version": 0,
          "attributes": {
            "conjunction": [],
            "context": [],
            "criteria": [
              {
                "condition": [
                  {
                    "key": "Tag",
                    "member_type": "VirtualMachine",
                    "operator": "EQUALS",
                    "value": "ten-wld10"
                  }
                ],
                "external_id_expression": [],
                "ipaddress_expression": [],
                "macaddress_expression": [],
                "path_expression": []
              }
            ],
            "description": "Group for all VMs in tenant wld10",
            "display_name": "ten-wld10",
            "domain": "default",
            "extended_criteria": [],
            "group_type": null,
            "id": "bf110183-361f-4fce-9701-949283caa58f",
            "nsx_id": "bf110183-361f-4fce-9701-949283caa58f",
            "path": "/infra/domains/default/groups/bf110183-361f-4fce-9701-949283caa58f",
            "revision": 0,
            "tag": [
              {
                "scope": "tenant",
                "tag": "ten-wld10"
              }
            ]
          },
          "sensitive_attributes": [],
          "private": "bnVsbA==",
          "dependencies": [
            "module.tags.data.nsxt_policy_vm.vms",
            "module.tags.nsxt_policy_vm_tags.hierarchy_tags"
          ]
        }
      ]
    },
    {
      "module": "module.policies",
      "mode": "managed",
      "type": "nsxt_policy_security_policy",
      "name": "application_policy",
      "provider": "provider[\"registry.terraform.io/vmware/nsxt\"]",
      "instances": [
        {
          "index_key": 0,
          "schema_version": 0,
          "attributes": {
            "category": "Application",
            "comments": "",
            "context": [],
            "description": "Application security policy for tenant wld10",
            "display_name": "app-wld10-policy",
            "domain": "default",
            "id": "566b92b0-8268-4335-901a-7752e1693741",
            "locked": false,
            "nsx_id": "566b92b0-8268-4335-901a-7752e1693741",
            "path": "/infra/domains/default/security-policies/566b92b0-8268-4335-901a-7752e1693741",
            "revision": 0,
            "rule": [
              {
                "action": "ALLOW",
                "description": "",
                "destination_groups": [
                  "/infra/domains/default/groups/17f38898-16d9-4792-8045-5a56482774ca",
                  "/infra/domains/default/groups/acd41e52-e02b-4d6b-ab4e-13bdc9156d4a",
                  "/infra/domains/default/groups/bfc3f61e-5c3e-40dc-a363-38ca731b8afe"
                ],
                "destinations_excluded": false,
                "direction": "IN_OUT",
                "disabled": false,
                "display_name": "Allow jumphost to web servers on port 443",
                "ip_version": "IPV4_IPV6",
                "log_label": "",
                "logged": true,
                "notes": "",
                "nsx_id": "7632804f-477c-49c7-bc45-62e052df7d04",
                "profiles": null,
                "revision": 0,
                "rule_id": 10346,
                "scope": null,
                "sequence_number": 1,
                "services": [
                  "/infra/services/8b70e97a-8d62-4126-91c4-1c7313bca3f0"
                ],
                "source_groups": [
                  "/infra/domains/default/groups/59effa4a-a2e8-48b7-aa45-e053e924086a"
                ],
                "sources_excluded": false,
                "tag": []
              },
              {
                "action": "ALLOW",
                "description": "",
                "destination_groups": [
                  "/infra/domains/default/groups/1526c0eb-bf43-4de2-902e-cd612cb61a4b",
                  "/infra/domains/default/groups/f0318128-b674-4730-bdcc-146797c3981b",
                  "/infra/domains/default/groups/f1654b2a-f11f-4cd0-bddc-f92664625138"
                ],
                "destinations_excluded": false,
                "direction": "IN_OUT",
                "disabled": false,
                "display_name": "Allow web servers to application servers on port 8443",
                "ip_version": "IPV4_IPV6",
                "log_label": "",
                "logged": true,
                "notes": "",
                "nsx_id": "700a20a5-2d43-490e-843a-b256ad960cd2",
                "profiles": null,
                "revision": 0,
                "rule_id": 10347,
                "scope": null,
                "sequence_number": 2,
                "services": [
                  "/infra/services/a050f611-1ad2-42a2-beb1-60d3cb867635"
                ],
                "source_groups": [
                  "/infra/domains/default/groups/17f38898-16d9-4792-8045-5a56482774ca",
                  "/infra/domains/default/groups/acd41e52-e02b-4d6b-ab4e-13bdc9156d4a",
                  "/infra/domains/default/groups/bfc3f61e-5c3e-40dc-a363-38ca731b8afe"
                ],
                "sources_excluded": false,
                "tag": []
              },
              {
                "action": "ALLOW",
                "description": "",
                "destination_groups": [
                  "/infra/domains/default/groups/082a7f4c-ef56-4695-8a53-c98c54a4e8f8",
                  "/infra/domains/default/groups/683e02f7-55bc-4d57-aed9-57335f4ea422",
                  "/infra/domains/default/groups/7e4694fe-f1cd-47c6-a5b2-33fff32653d2"
                ],
                "destinations_excluded": false,
                "direction": "IN_OUT",
                "disabled": false,
                "display_name": "Allow application servers to database servers on port 3306",
                "ip_version": "IPV4_IPV6",
                "log_label": "",
                "logged": true,
                "notes": "",
                "nsx_id": "c634c4ea-2075-4bbb-97fd-90d7c26f5e71",
                "profiles": null,
                "revision": 0,
                "rule_id": 10348,
                "scope": null,
                "sequence_number": 3,
                "services": [
                  "/infra/services/c7c1b942-cfc4-47af-9604-1023b9d35ed0"
                ],
                "source_groups": [
                  "/infra/domains/default/groups/1526c0eb-bf43-4de2-902e-cd612cb61a4b",
                  "/infra/domains/default/groups/f0318128-b674-4730-bdcc-146797c3981b",
                  "/infra/domains/default/groups/f1654b2a-f11f-4cd0-bddc-f92664625138"
                ],
                "sources_excluded": false,
                "tag": []
              },
              {
                "action": "ALLOW",
                "description": "",
                "destination_groups": [
                  "/infra/domains/default/groups/9ff18cd5-d58f-4161-a3e7-4333b3edd019"
                ],
                "destinations_excluded": false,
                "direction": "IN_OUT",
                "disabled": false,
                "display_name": "Allow wld10 servers to external DNS on port 53",
                "ip_version": "IPV4_IPV6",
                "log_label": "",
                "logged": true,
                "notes": "",
                "nsx_id": "b98edd61-3b0c-4b0a-9f32-5a8259e7a6bd",
                "profiles": null,
                "revision": 0,
                "rule_id": 10349,
                "scope": null,
                "sequence_number": 4,
                "services": [
                  "/infra/services/1486fda9-c774-40e9-b844-b1eeb220ea2a"
                ],
                "source_groups": [
                  "/infra/domains/default/groups/bf110183-361f-4fce-9701-949283caa58f"
                ],
                "sources_excluded": false,
                "tag": []
              }
            ],
            "scope": [
              "/infra/domains/default/groups/bf110183-361f-4fce-9701-949283caa58f"
            ],
            "sequence_number": 3,
            "stateful": true,
            "tag": [],
            "tcp_strict": false
          },
          "sensitive_attributes": [],
          "private": "bnVsbA==",
          "dependencies": [
            "module.groups.nsxt_policy_group.application_groups",
            "module.groups.nsxt_policy_group.emergency_groups",
            "module.groups.nsxt_policy_group.environment_groups",
            "module.groups.nsxt_policy_group.external_service_groups",
            "module.groups.nsxt_policy_group.sub_application_groups",
            "module.groups.nsxt_policy_group.tenant_group",
            "module.policies.nsxt_policy_security_policy.emergency_policy",
            "module.policies.nsxt_policy_security_policy.environment_policy",
            "module.services.nsxt_policy_service.service",
            "module.tags.data.nsxt_policy_vm.vms",
            "module.tags.nsxt_policy_vm_tags.hierarchy_tags"
          ]
        }
      ]
    },
    {
      "module": "module.policies",
      "mode": "managed",
      "type": "nsxt_policy_security_policy",
      "name": "emergency_policy",
      "provider": "provider[\"registry.terraform.io/vmware/nsxt\"]",
      "instances": [
        {
          "index_key": 0,
          "schema_version": 0,
          "attributes": {
            "category": "Emergency",
            "comments": "",
            "context": [],
            "description": "Emergency security policy for tenant wld10",
            "display_name": "emergency-wld10-policy",
            "domain": "default",
            "id": "44f83c68-31fe-42b9-9180-b76091bb145b",
            "locked": false,
            "nsx_id": "44f83c68-31fe-42b9-9180-b76091bb145b",
            "path": "/infra/domains/default/security-policies/44f83c68-31fe-42b9-9180-b76091bb145b",
            "revision": 0,
            "rule": [
              {
                "action": "ALLOW",
                "description": "",
                "destination_groups": null,
                "destinations_excluded": false,
                "direction": "IN_OUT",
                "disabled": false,
                "display_name": "Allow emergency rule on VMs with this tag",
                "ip_version": "IPV4_IPV6",
                "log_label": "",
                "logged": true,
                "notes": "",
                "nsx_id": "88c57c39-a646-4500-be4e-6b36ce5a20c2",
                "profiles": null,
                "revision": 0,
                "rule_id": 10343,
                "scope": null,
                "sequence_number": 1,
                "services": null,
                "source_groups": [
                  "/infra/domains/default/groups/4a8812ae-9d6d-47e2-9cf9-f280fbbc8d86"
                ],
                "sources_excluded": false,
                "tag": []
              }
            ],
            "scope": [
              "/infra/domains/default/groups/bf110183-361f-4fce-9701-949283caa58f"
            ],
            "sequence_number": 1,
            "stateful": true,
            "tag": [],
            "tcp_strict": false
          },
          "sensitive_attributes": [],
          "private": "bnVsbA==",
          "dependencies": [
            "module.groups.nsxt_policy_group.application_groups",
            "module.groups.nsxt_policy_group.emergency_groups",
            "module.groups.nsxt_policy_group.environment_groups",
            "module.groups.nsxt_policy_group.external_service_groups",
            "module.groups.nsxt_policy_group.sub_application_groups",
            "module.groups.nsxt_policy_group.tenant_group",
            "module.services.nsxt_policy_service.service",
            "module.tags.data.nsxt_policy_vm.vms",
            "module.tags.nsxt_policy_vm_tags.hierarchy_tags"
          ]
        }
      ]
    },
    {
      "module": "module.policies",
      "mode": "managed",
      "type": "nsxt_policy_security_policy",
      "name": "environment_policy",
      "provider": "provider[\"registry.terraform.io/vmware/nsxt\"]",
      "instances": [
        {
          "index_key": 0,
          "schema_version": 0,
          "attributes": {
            "category": "Environment",
            "comments": "",
            "context": [],
            "description": "Environment security policy for tenant wld10",
            "display_name": "env-wld10-policy",
            "domain": "default",
            "id": "c86f8cae-f375-420b-9eda-b462e015076c",
            "locked": false,
            "nsx_id": "c86f8cae-f375-420b-9eda-b462e015076c",
            "path": "/infra/domains/default/security-policies/c86f8cae-f375-420b-9eda-b462e015076c",
            "revision": 0,
            "rule": [
              {
                "action": "ALLOW",
                "description": "",
                "destination_groups": [
                  "/infra/domains/default/groups/e0b73a12-0676-4433-8608-1d4d3c12a1ae"
                ],
                "destinations_excluded": false,
                "direction": "IN_OUT",
                "disabled": false,
                "display_name": "Allow dev environment to acc environment",
                "ip_version": "IPV4_IPV6",
                "log_label": "",
                "logged": true,
                "notes": "",
                "nsx_id": "29c8b4be-21c5-49b0-8105-ec0651e499e9",
                "profiles": null,
                "revision": 0,
                "rule_id": 10344,
                "scope": null,
                "sequence_number": 1,
                "services": null,
                "source_groups": [
                  "/infra/domains/default/groups/8ae9251b-7bc3-4082-997a-ff75e94daf7e"
                ],
                "sources_excluded": false,
                "tag": []
              },
              {
                "action": "DROP",
                "description": "",
                "destination_groups": [
                  "/infra/domains/default/groups/8ae9251b-7bc3-4082-997a-ff75e94daf7e"
                ],
                "destinations_excluded": false,
                "direction": "IN_OUT",
                "disabled": false,
                "display_name": "Block acc environment from dev environment",
                "ip_version": "IPV4_IPV6",
                "log_label": "",
                "logged": true,
                "notes": "",
                "nsx_id": "fcaf7738-b15c-487c-86be-6ee7697dd21b",
                "profiles": null,
                "revision": 0,
                "rule_id": 10345,
                "scope": null,
                "sequence_number": 2,
                "services": null,
                "source_groups": [
                  "/infra/domains/default/groups/e0b73a12-0676-4433-8608-1d4d3c12a1ae"
                ],
                "sources_excluded": false,
                "tag": []
              }
            ],
            "scope": [
              "/infra/domains/default/groups/bf110183-361f-4fce-9701-949283caa58f"
            ],
            "sequence_number": 2,
            "stateful": true,
            "tag": [],
            "tcp_strict": false
          },
          "sensitive_attributes": [],
          "private": "bnVsbA==",
          "dependencies": [
            "module.groups.nsxt_policy_group.application_groups",
            "module.groups.nsxt_policy_group.emergency_groups",
            "module.groups.nsxt_policy_group.environment_groups",
            "module.groups.nsxt_policy_group.external_service_groups",
            "module.groups.nsxt_policy_group.sub_application_groups",
            "module.groups.nsxt_policy_group.tenant_group",
            "module.policies.nsxt_policy_security_policy.emergency_policy",
            "module.services.nsxt_policy_service.service",
            "module.tags.data.nsxt_policy_vm.vms",
            "module.tags.nsxt_policy_vm_tags.hierarchy_tags"
          ]
        }
      ]
    },
    {
      "module": "module.services",
      "mode": "managed",
      "type": "nsxt_policy_service",
      "name": "service",
      "provider": "provider[\"registry.terraform.io/vmware/nsxt\"]",
      "instances": [
        {
          "index_key": "tcp_3306",
          "schema_version": 0,
          "attributes": {
            "algorithm_entry": [],
            "context": [],
            "description": "Service for tcp_3306",
            "display_name": "svc-wld10-tcp_3306",
            "ether_type_entry": [],
            "icmp_entry": [],
            "id": "c7c1b942-cfc4-47af-9604-1023b9d35ed0",
            "igmp_entry": [],
            "ip_protocol_entry": [],
            "l4_port_set_entry": [
              {
                "description": "",
                "destination_ports": [
                  "3306"
                ],
                "display_name": "port-tcp_3306",
                "protocol": "TCP",
                "source_ports": []
              }
            ],
            "nested_service_entry": [],
            "nsx_id": "c7c1b942-cfc4-47af-9604-1023b9d35ed0",
            "path": "/infra/services/c7c1b942-cfc4-47af-9604-1023b9d35ed0",
            "revision": 0,
            "tag": []
          },
          "sensitive_attributes": [],
          "private": "bnVsbA==",
          "dependencies": [
            "module.groups.nsxt_policy_group.application_groups",
            "module.groups.nsxt_policy_group.emergency_groups",
            "module.groups.nsxt_policy_group.environment_groups",
            "module.groups.nsxt_policy_group.external_service_groups",
            "module.groups.nsxt_policy_group.sub_application_groups",
            "module.groups.nsxt_policy_group.tenant_group",
            "module.tags.data.nsxt_policy_vm.vms",
            "module.tags.nsxt_policy_vm_tags.hierarchy_tags"
          ]
        },
        {
          "index_key": "tcp_443",
          "schema_version": 0,
          "attributes": {
            "algorithm_entry": [],
            "context": [],
            "description": "Service for tcp_443",
            "display_name": "svc-wld10-tcp_443",
            "ether_type_entry": [],
            "icmp_entry": [],
            "id": "8b70e97a-8d62-4126-91c4-1c7313bca3f0",
            "igmp_entry": [],
            "ip_protocol_entry": [],
            "l4_port_set_entry": [
              {
                "description": "",
                "destination_ports": [
                  "443"
                ],
                "display_name": "port-tcp_443",
                "protocol": "TCP",
                "source_ports": []
              }
            ],
            "nested_service_entry": [],
            "nsx_id": "8b70e97a-8d62-4126-91c4-1c7313bca3f0",
            "path": "/infra/services/8b70e97a-8d62-4126-91c4-1c7313bca3f0",
            "revision": 0,
            "tag": []
          },
          "sensitive_attributes": [],
          "private": "bnVsbA==",
          "dependencies": [
            "module.groups.nsxt_policy_group.application_groups",
            "module.groups.nsxt_policy_group.emergency_groups",
            "module.groups.nsxt_policy_group.environment_groups",
            "module.groups.nsxt_policy_group.external_service_groups",
            "module.groups.nsxt_policy_group.sub_application_groups",
            "module.groups.nsxt_policy_group.tenant_group",
            "module.tags.data.nsxt_policy_vm.vms",
            "module.tags.nsxt_policy_vm_tags.hierarchy_tags"
          ]
        },
        {
          "index_key": "tcp_8443",
          "schema_version": 0,
          "attributes": {
            "algorithm_entry": [],
            "context": [],
            "description": "Service for tcp_8443",
            "display_name": "svc-wld10-tcp_8443",
            "ether_type_entry": [],
            "icmp_entry": [],
            "id": "a050f611-1ad2-42a2-beb1-60d3cb867635",
            "igmp_entry": [],
            "ip_protocol_entry": [],
            "l4_port_set_entry": [
              {
                "description": "",
                "destination_ports": [
                  "8443"
                ],
                "display_name": "port-tcp_8443",
                "protocol": "TCP",
                "source_ports": []
              }
            ],
            "nested_service_entry": [],
            "nsx_id": "a050f611-1ad2-42a2-beb1-60d3cb867635",
            "path": "/infra/services/a050f611-1ad2-42a2-beb1-60d3cb867635",
            "revision": 0,
            "tag": []
          },
          "sensitive_attributes": [],
          "private": "bnVsbA==",
          "dependencies": [
            "module.groups.nsxt_policy_group.application_groups",
            "module.groups.nsxt_policy_group.emergency_groups",
            "module.groups.nsxt_policy_group.environment_groups",
            "module.groups.nsxt_policy_group.external_service_groups",
            "module.groups.nsxt_policy_group.sub_application_groups",
            "module.groups.nsxt_policy_group.tenant_group",
            "module.tags.data.nsxt_policy_vm.vms",
            "module.tags.nsxt_policy_vm_tags.hierarchy_tags"
          ]
        },
        {
          "index_key": "udp_53",
          "schema_version": 0,
          "attributes": {
            "algorithm_entry": [],
            "context": [],
            "description": "Service for udp_53",
            "display_name": "svc-wld10-udp_53",
            "ether_type_entry": [],
            "icmp_entry": [],
            "id": "1486fda9-c774-40e9-b844-b1eeb220ea2a",
            "igmp_entry": [],
            "ip_protocol_entry": [],
            "l4_port_set_entry": [
              {
                "description": "",
                "destination_ports": [
                  "53"
                ],
                "display_name": "port-udp_53",
                "protocol": "UDP",
                "source_ports": []
              }
            ],
            "nested_service_entry": [],
            "nsx_id": "1486fda9-c774-40e9-b844-b1eeb220ea2a",
            "path": "/infra/services/1486fda9-c774-40e9-b844-b1eeb220ea2a",
            "revision": 0,
            "tag": []
          },
          "sensitive_attributes": [],
          "private": "bnVsbA==",
          "dependencies": [
            "module.groups.nsxt_policy_group.application_groups",
            "module.groups.nsxt_policy_group.emergency_groups",
            "module.groups.nsxt_policy_group.environment_groups",
            "module.groups.nsxt_policy_group.external_service_groups",
            "module.groups.nsxt_policy_group.sub_application_groups",
            "module.groups.nsxt_policy_group.tenant_group",
            "module.tags.data.nsxt_policy_vm.vms",
            "module.tags.nsxt_policy_vm_tags.hierarchy_tags"
          ]
        }
      ]
    },
    {
      "module": "module.tags",
      "mode": "data",
      "type": "nsxt_policy_vm",
      "name": "vms",
      "provider": "provider[\"registry.terraform.io/vmware/nsxt\"]",
      "instances": [
        {
          "index_key": "a-app-01a",
          "schema_version": 0,
          "attributes": {
            "bios_id": "420e8c54-2e13-0720-e066-1d347acd063b",
            "context": null,
            "description": "",
            "display_name": "a-app-01a",
            "external_id": "500e6909-122a-2c58-6dc2-a85aff0763ae",
            "id": "500e6909-122a-2c58-6dc2-a85aff0763ae",
            "instance_id": "500e6909-122a-2c58-6dc2-a85aff0763ae"
          },
          "sensitive_attributes": []
        },
        {
          "index_key": "a-db-01a",
          "schema_version": 0,
          "attributes": {
            "bios_id": "420e53a9-7a17-e3c0-1d05-48d850a69711",
            "context": null,
            "description": "",
            "display_name": "a-db-01a",
            "external_id": "500ed547-b10a-13b7-1a2d-7ff653061f2b",
            "id": "500ed547-b10a-13b7-1a2d-7ff653061f2b",
            "instance_id": "500ed547-b10a-13b7-1a2d-7ff653061f2b"
          },
          "sensitive_attributes": []
        },
        {
          "index_key": "a-web-01a",
          "schema_version": 0,
          "attributes": {
            "bios_id": "420ee5dc-c141-e5ea-41e3-8253de3bc263",
            "context": null,
            "description": "",
            "display_name": "a-web-01a",
            "external_id": "500e0604-4711-df4b-6ef1-49aaf530b89c",
            "id": "500e0604-4711-df4b-6ef1-49aaf530b89c",
            "instance_id": "500e0604-4711-df4b-6ef1-49aaf530b89c"
          },
          "sensitive_attributes": []
        },
        {
          "index_key": "a-web-02a",
          "schema_version": 0,
          "attributes": {
            "bios_id": "420e2417-4c29-638d-56af-c5df27d4a07e",
            "context": null,
            "description": "",
            "display_name": "a-web-02a",
            "external_id": "500e89db-c11a-e826-e283-6c0a45d64e2c",
            "id": "500e89db-c11a-e826-e283-6c0a45d64e2c",
            "instance_id": "500e89db-c11a-e826-e283-6c0a45d64e2c"
          },
          "sensitive_attributes": []
        },
        {
          "index_key": "a-web-03a",
          "schema_version": 0,
          "attributes": {
            "bios_id": "420e0d6d-ad01-d789-703e-8bdb3eb320f8",
            "context": null,
            "description": "",
            "display_name": "a-web-03a",
            "external_id": "500ecb05-cb4c-5667-c62b-6e06cc6119cc",
            "id": "500ecb05-cb4c-5667-c62b-6e06cc6119cc",
            "instance_id": "500ecb05-cb4c-5667-c62b-6e06cc6119cc"
          },
          "sensitive_attributes": []
        },
        {
          "index_key": "d-app-01a",
          "schema_version": 0,
          "attributes": {
            "bios_id": "420ef397-8750-1059-bb9b-caff1b26443f",
            "context": null,
            "description": "",
            "display_name": "d-app-01a",
            "external_id": "500e52a8-9caa-5b01-0b58-c38e23e3d465",
            "id": "500e52a8-9caa-5b01-0b58-c38e23e3d465",
            "instance_id": "500e52a8-9caa-5b01-0b58-c38e23e3d465"
          },
          "sensitive_attributes": []
        },
        {
          "index_key": "d-db-01a",
          "schema_version": 0,
          "attributes": {
            "bios_id": "420e7d42-c21a-0fa3-07a3-b915f0ab32c0",
            "context": null,
            "description": "",
            "display_name": "d-db-01a",
            "external_id": "500e8ba2-1ade-1ab8-39c3-34a8046bbe39",
            "id": "500e8ba2-1ade-1ab8-39c3-34a8046bbe39",
            "instance_id": "500e8ba2-1ade-1ab8-39c3-34a8046bbe39"
          },
          "sensitive_attributes": []
        },
        {
          "index_key": "d-web-01a",
          "schema_version": 0,
          "attributes": {
            "bios_id": "420e8cd4-3f2a-521e-8d32-589e010a45cf",
            "context": null,
            "description": "",
            "display_name": "d-web-01a",
            "external_id": "500e408d-f3bd-280f-2e05-b3787ec63333",
            "id": "500e408d-f3bd-280f-2e05-b3787ec63333",
            "instance_id": "500e408d-f3bd-280f-2e05-b3787ec63333"
          },
          "sensitive_attributes": []
        },
        {
          "index_key": "d-web-02a",
          "schema_version": 0,
          "attributes": {
            "bios_id": "420eab28-0d11-7280-cf2a-8b385c8bc907",
            "context": null,
            "description": "",
            "display_name": "d-web-02a",
            "external_id": "500e2f4d-03ef-aef2-8f4b-338340ec4ab0",
            "id": "500e2f4d-03ef-aef2-8f4b-338340ec4ab0",
            "instance_id": "500e2f4d-03ef-aef2-8f4b-338340ec4ab0"
          },
          "sensitive_attributes": []
        },
        {
          "index_key": "d-web-03a",
          "schema_version": 0,
          "attributes": {
            "bios_id": "420e9f76-cb3f-6ad5-6416-65d7e6a15fc9",
            "context": null,
            "description": "",
            "display_name": "d-web-03a",
            "external_id": "500e9351-a0e2-62d1-8cc1-395fb379d3e6",
            "id": "500e9351-a0e2-62d1-8cc1-395fb379d3e6",
            "instance_id": "500e9351-a0e2-62d1-8cc1-395fb379d3e6"
          },
          "sensitive_attributes": []
        }
      ]
    },
    {
      "module": "module.tags",
      "mode": "managed",
      "type": "nsxt_policy_vm_tags",
      "name": "hierarchy_tags",
      "provider": "provider[\"registry.terraform.io/vmware/nsxt\"]",
      "instances": [
        {
          "index_key": "a-app-01a",
          "schema_version": 0,
          "attributes": {
            "context": [],
            "id": "500e6909-122a-2c58-6dc2-a85aff0763ae",
            "instance_id": "500e6909-122a-2c58-6dc2-a85aff0763ae",
            "port": [],
            "tag": [
              {
                "scope": "application",
                "tag": "app-wld10-acc-application"
              },
              {
                "scope": "environment",
                "tag": "env-wld10-acc"
              },
              {
                "scope": "tenant",
                "tag": "ten-wld10"
              }
            ]
          },
          "sensitive_attributes": [],
          "private": "bnVsbA==",
          "dependencies": [
            "module.tags.data.nsxt_policy_vm.vms"
          ]
        },
        {
          "index_key": "a-db-01a",
          "schema_version": 0,
          "attributes": {
            "context": [],
            "id": "500ed547-b10a-13b7-1a2d-7ff653061f2b",
            "instance_id": "500ed547-b10a-13b7-1a2d-7ff653061f2b",
            "port": [],
            "tag": [
              {
                "scope": "application",
                "tag": "app-wld10-acc-database"
              },
              {
                "scope": "emergency",
                "tag": "emg-wld10"
              },
              {
                "scope": "environment",
                "tag": "env-wld10-acc"
              },
              {
                "scope": "tenant",
                "tag": "ten-wld10"
              }
            ]
          },
          "sensitive_attributes": [],
          "private": "bnVsbA==",
          "dependencies": [
            "module.tags.data.nsxt_policy_vm.vms"
          ]
        },
        {
          "index_key": "a-web-01a",
          "schema_version": 0,
          "attributes": {
            "context": [],
            "id": "500e0604-4711-df4b-6ef1-49aaf530b89c",
            "instance_id": "500e0604-4711-df4b-6ef1-49aaf530b89c",
            "port": [],
            "tag": [
              {
                "scope": "application",
                "tag": "app-wld10-acc-web"
              },
              {
                "scope": "environment",
                "tag": "env-wld10-acc"
              },
              {
                "scope": "tenant",
                "tag": "ten-wld10"
              }
            ]
          },
          "sensitive_attributes": [],
          "private": "bnVsbA==",
          "dependencies": [
            "module.tags.data.nsxt_policy_vm.vms"
          ]
        },
        {
          "index_key": "a-web-02a",
          "schema_version": 0,
          "attributes": {
            "context": [],
            "id": "500e89db-c11a-e826-e283-6c0a45d64e2c",
            "instance_id": "500e89db-c11a-e826-e283-6c0a45d64e2c",
            "port": [],
            "tag": [
              {
                "scope": "application",
                "tag": "app-wld10-acc-web"
              },
              {
                "scope": "environment",
                "tag": "env-wld10-acc"
              },
              {
                "scope": "tenant",
                "tag": "ten-wld10"
              }
            ]
          },
          "sensitive_attributes": [],
          "private": "bnVsbA==",
          "dependencies": [
            "module.tags.data.nsxt_policy_vm.vms"
          ]
        },
        {
          "index_key": "a-web-03a",
          "schema_version": 0,
          "attributes": {
            "context": [],
            "id": "500ecb05-cb4c-5667-c62b-6e06cc6119cc",
            "instance_id": "500ecb05-cb4c-5667-c62b-6e06cc6119cc",
            "port": [],
            "tag": [
              {
                "scope": "application",
                "tag": "app-wld10-acc-web"
              },
              {
                "scope": "environment",
                "tag": "env-wld10-acc"
              },
              {
                "scope": "tenant",
                "tag": "ten-wld10"
              }
            ]
          },
          "sensitive_attributes": [],
          "private": "bnVsbA==",
          "dependencies": [
            "module.tags.data.nsxt_policy_vm.vms"
          ]
        },
        {
          "index_key": "d-app-01a",
          "schema_version": 0,
          "attributes": {
            "context": [],
            "id": "500e52a8-9caa-5b01-0b58-c38e23e3d465",
            "instance_id": "500e52a8-9caa-5b01-0b58-c38e23e3d465",
            "port": [],
            "tag": [
              {
                "scope": "application",
                "tag": "app-wld10-dev-3holapp"
              },
              {
                "scope": "application",
                "tag": "app-wld10-dev-application"
              },
              {
                "scope": "environment",
                "tag": "env-wld10-dev"
              },
              {
                "scope": "sub-application",
                "tag": "app-wld10-dev-3holapp-application"
              },
              {
                "scope": "tenant",
                "tag": "ten-wld10"
              }
            ]
          },
          "sensitive_attributes": [],
          "private": "bnVsbA==",
          "dependencies": [
            "module.tags.data.nsxt_policy_vm.vms"
          ]
        },
        {
          "index_key": "d-db-01a",
          "schema_version": 0,
          "attributes": {
            "context": [],
            "id": "500e8ba2-1ade-1ab8-39c3-34a8046bbe39",
            "instance_id": "500e8ba2-1ade-1ab8-39c3-34a8046bbe39",
            "port": [],
            "tag": [
              {
                "scope": "application",
                "tag": "app-wld10-dev-3holapp"
              },
              {
                "scope": "application",
                "tag": "app-wld10-dev-database"
              },
              {
                "scope": "environment",
                "tag": "env-wld10-dev"
              },
              {
                "scope": "sub-application",
                "tag": "app-wld10-dev-3holapp-database"
              },
              {
                "scope": "tenant",
                "tag": "ten-wld10"
              }
            ]
          },
          "sensitive_attributes": [],
          "private": "bnVsbA==",
          "dependencies": [
            "module.tags.data.nsxt_policy_vm.vms"
          ]
        },
        {
          "index_key": "d-web-01a",
          "schema_version": 0,
          "attributes": {
            "context": [],
            "id": "500e408d-f3bd-280f-2e05-b3787ec63333",
            "instance_id": "500e408d-f3bd-280f-2e05-b3787ec63333",
            "port": [],
            "tag": [
              {
                "scope": "application",
                "tag": "app-wld10-dev-3holapp"
              },
              {
                "scope": "application",
                "tag": "app-wld10-dev-web"
              },
              {
                "scope": "environment",
                "tag": "env-wld10-dev"
              },
              {
                "scope": "sub-application",
                "tag": "app-wld10-dev-3holapp-web"
              },
              {
                "scope": "tenant",
                "tag": "ten-wld10"
              }
            ]
          },
          "sensitive_attributes": [],
          "private": "bnVsbA==",
          "dependencies": [
            "module.tags.data.nsxt_policy_vm.vms"
          ]
        },
        {
          "index_key": "d-web-02a",
          "schema_version": 0,
          "attributes": {
            "context": [],
            "id": "500e2f4d-03ef-aef2-8f4b-338340ec4ab0",
            "instance_id": "500e2f4d-03ef-aef2-8f4b-338340ec4ab0",
            "port": [],
            "tag": [
              {
                "scope": "application",
                "tag": "app-wld10-dev-3holapp"
              },
              {
                "scope": "application",
                "tag": "app-wld10-dev-web"
              },
              {
                "scope": "environment",
                "tag": "env-wld10-dev"
              },
              {
                "scope": "sub-application",
                "tag": "app-wld10-dev-3holapp-web"
              },
              {
                "scope": "tenant",
                "tag": "ten-wld10"
              }
            ]
          },
          "sensitive_attributes": [],
          "private": "bnVsbA==",
          "dependencies": [
            "module.tags.data.nsxt_policy_vm.vms"
          ]
        },
        {
          "index_key": "d-web-03a",
          "schema_version": 0,
          "attributes": {
            "context": [],
            "id": "500e9351-a0e2-62d1-8cc1-395fb379d3e6",
            "instance_id": "500e9351-a0e2-62d1-8cc1-395fb379d3e6",
            "port": [],
            "tag": [
              {
                "scope": "application",
                "tag": "app-wld10-dev-3holapp"
              },
              {
                "scope": "application",
                "tag": "app-wld10-dev-web"
              },
              {
                "scope": "environment",
                "tag": "env-wld10-dev"
              },
              {
                "scope": "sub-application",
                "tag": "app-wld10-dev-3holapp-web"
              },
              {
                "scope": "tenant",
                "tag": "ten-wld10"
              }
            ]
          },
          "sensitive_attributes": [],
          "private": "bnVsbA==",
          "dependencies": [
            "module.tags.data.nsxt_policy_vm.vms"
          ]
        }
      ]
    }
  ],
  "check_results": null
}
