{
  "version": 4,
  "terraform_version": "1.11.4",
  "serial": 853,
  "lineage": "9ac51c63-2cea-057c-32cc-4845105746d3",
  "outputs": {
    "application_groups": {
      "value": {
        "wld09": {
          "app-wld09-prod-3holapp": "/infra/domains/default/groups/fe1f2bc1-707e-480b-b284-ff87b6ac4829",
          "app-wld09-prod-application": "/infra/domains/default/groups/28ebef4f-e4ea-42d2-b910-619128a8c7e5",
          "app-wld09-prod-database": "/infra/domains/default/groups/63b00a23-2736-4551-969f-f5dfd86b3b7f",
          "app-wld09-prod-web": "/infra/domains/default/groups/74b239e9-118d-4a37-965e-2bf692b6c093",
          "app-wld09-test-application": "/infra/domains/default/groups/e9865ee8-318d-4c09-a11f-4d727372a6dc",
          "app-wld09-test-database": "/infra/domains/default/groups/d06dd328-e197-4305-9a1f-c461103b0102",
          "app-wld09-test-web": "/infra/domains/default/groups/1cef9e30-d517-4f35-861f-3224c7723366"
        },
        "wld10": {
          "app-wld10-acc-application": "/infra/domains/default/groups/60833f0d-fc9f-4940-8fb4-5a7427d552c8",
          "app-wld10-acc-database": "/infra/domains/default/groups/ee4ab61e-d00a-47cf-8601-de3cf9e508ae",
          "app-wld10-acc-web": "/infra/domains/default/groups/77e756d0-66d2-4ebd-8249-4106642d9743",
          "app-wld10-dev-3holapp": "/infra/domains/default/groups/b5d3969c-9dfb-4ad9-b6e8-00ffefdc6b1e",
          "app-wld10-dev-application": "/infra/domains/default/groups/0d0ee20f-34ce-49a1-bba8-d2515452aadb",
          "app-wld10-dev-database": "/infra/domains/default/groups/cece5434-bdd7-45b3-85da-b9687ae6bd1a",
          "app-wld10-dev-web": "/infra/domains/default/groups/b53caf88-25f8-423c-be74-3c9675943ee9"
        }
      },
      "type": [
        "object",
        {
          "wld09": [
            "object",
            {
              "app-wld09-prod-3holapp": "string",
              "app-wld09-prod-application": "string",
              "app-wld09-prod-database": "string",
              "app-wld09-prod-web": "string",
              "app-wld09-test-application": "string",
              "app-wld09-test-database": "string",
              "app-wld09-test-web": "string"
            }
          ],
          "wld10": [
            "object",
            {
              "app-wld10-acc-application": "string",
              "app-wld10-acc-database": "string",
              "app-wld10-acc-web": "string",
              "app-wld10-dev-3holapp": "string",
              "app-wld10-dev-application": "string",
              "app-wld10-dev-database": "string",
              "app-wld10-dev-web": "string"
            }
          ]
        }
      ]
    },
    "environment_groups": {
      "value": {
        "wld09": {
          "env-wld09-prod": "/infra/domains/default/groups/630a46b9-1412-44e7-ba7f-3ed0fde88048",
          "env-wld09-test": "/infra/domains/default/groups/066eab27-6c51-4c72-a639-d41dacc43aaa"
        },
        "wld10": {
          "env-wld10-acc": "/infra/domains/default/groups/0634ab02-2417-441f-91bc-1cef9862f21b",
          "env-wld10-dev": "/infra/domains/default/groups/f857074d-b210-450d-b2af-71d316402eda"
        }
      },
      "type": [
        "object",
        {
          "wld09": [
            "object",
            {
              "env-wld09-prod": "string",
              "env-wld09-test": "string"
            }
          ],
          "wld10": [
            "object",
            {
              "env-wld10-acc": "string",
              "env-wld10-dev": "string"
            }
          ]
        }
      ]
    },
    "services": {
      "value": {
        "wld09": {
          "tcp_3306": {
            "display_name": "svc-wld09-tcp_3306",
            "id": "29bf78a5-ad50-4af4-857f-a0d3bd3114d7",
            "path": "/infra/services/29bf78a5-ad50-4af4-857f-a0d3bd3114d7"
          },
          "tcp_443": {
            "display_name": "svc-wld09-tcp_443",
            "id": "c5aa37a6-fbc2-4a18-a08f-375bd411bc87",
            "path": "/infra/services/c5aa37a6-fbc2-4a18-a08f-375bd411bc87"
          },
          "tcp_8443": {
            "display_name": "svc-wld09-tcp_8443",
            "id": "8a1acbcb-d289-497b-be66-d689b514671d",
            "path": "/infra/services/8a1acbcb-d289-497b-be66-d689b514671d"
          },
          "udp_53": {
            "display_name": "svc-wld09-udp_53",
            "id": "7f06ed8f-9761-461d-939c-066eb48e088a",
            "path": "/infra/services/7f06ed8f-9761-461d-939c-066eb48e088a"
          }
        },
        "wld10": {
          "tcp_3306": {
            "display_name": "svc-wld10-tcp_3306",
            "id": "db5ae560-db83-4cbb-81ca-0ec65baf4167",
            "path": "/infra/services/db5ae560-db83-4cbb-81ca-0ec65baf4167"
          },
          "tcp_443": {
            "display_name": "svc-wld10-tcp_443",
            "id": "86bbdc95-95f1-49ce-a1ab-be09d1c45d5d",
            "path": "/infra/services/86bbdc95-95f1-49ce-a1ab-be09d1c45d5d"
          },
          "tcp_8443": {
            "display_name": "svc-wld10-tcp_8443",
            "id": "99be6904-0d66-4b34-b7a3-bc59bbe0eb2c",
            "path": "/infra/services/99be6904-0d66-4b34-b7a3-bc59bbe0eb2c"
          },
          "udp_53": {
            "display_name": "svc-wld10-udp_53",
            "id": "c0208dd2-1b6f-4bbf-8dc5-c4f624906c1d",
            "path": "/infra/services/c0208dd2-1b6f-4bbf-8dc5-c4f624906c1d"
          }
        }
      },
      "type": [
        "object",
        {
          "wld09": [
            "object",
            {
              "tcp_3306": [
                "object",
                {
                  "display_name": "string",
                  "id": "string",
                  "path": "string"
                }
              ],
              "tcp_443": [
                "object",
                {
                  "display_name": "string",
                  "id": "string",
                  "path": "string"
                }
              ],
              "tcp_8443": [
                "object",
                {
                  "display_name": "string",
                  "id": "string",
                  "path": "string"
                }
              ],
              "udp_53": [
                "object",
                {
                  "display_name": "string",
                  "id": "string",
                  "path": "string"
                }
              ]
            }
          ],
          "wld10": [
            "object",
            {
              "tcp_3306": [
                "object",
                {
                  "display_name": "string",
                  "id": "string",
                  "path": "string"
                }
              ],
              "tcp_443": [
                "object",
                {
                  "display_name": "string",
                  "id": "string",
                  "path": "string"
                }
              ],
              "tcp_8443": [
                "object",
                {
                  "display_name": "string",
                  "id": "string",
                  "path": "string"
                }
              ],
              "udp_53": [
                "object",
                {
                  "display_name": "string",
                  "id": "string",
                  "path": "string"
                }
              ]
            }
          ]
        }
      ]
    },
    "tenant_group_ids": {
      "value": {
        "wld09": "/infra/domains/default/groups/127cae7a-e496-4e14-816f-8e5347500293",
        "wld10": "/infra/domains/default/groups/3646e922-5136-4059-aacc-bfd6d85e7080"
      },
      "type": [
        "object",
        {
          "wld09": "string",
          "wld10": "string"
        }
      ]
    },
    "tenant_tags": {
      "value": {
        "wld09": "ten-wld09",
        "wld10": "ten-wld10"
      },
      "type": [
        "object",
        {
          "wld09": "string",
          "wld10": "string"
        }
      ]
    },
    "tenant_vms": {
      "value": {
        "wld09": [
          "p-app-01a",
          "p-db-01a",
          "p-web-01a",
          "p-web-02a",
          "p-web-03a"
        ],
        "wld10": [
          "d-app-01a",
          "d-db-01a",
          "d-web-01a",
          "d-web-02a",
          "d-web-03a"
        ]
      },
      "type": [
        "object",
        {
          "wld09": [
            "tuple",
            [
              "string",
              "string",
              "string",
              "string",
              "string"
            ]
          ],
          "wld10": [
            "tuple",
            [
              "string",
              "string",
              "string",
              "string",
              "string"
            ]
          ]
        }
      ]
    }
  },
  "resources": [
    {
      "module": "module.groups[\"wld09\"]",
      "mode": "managed",
      "type": "nsxt_policy_group",
      "name": "application_groups",
      "provider": "provider[\"registry.terraform.io/vmware/nsxt\"]",
      "instances": [
        {
          "index_key": "app-wld09-prod-3holapp",
          "schema_version": 0,
          "attributes": {
            "conjunction": [],
            "context": [],
            "criteria": [
              {
                "condition": [
                  {
                    "key": "Tag",
                    "member_type": "VirtualMachine",
                    "operator": "EQUALS",
                    "value": "app-wld09-prod-3holapp"
                  }
                ],
                "external_id_expression": [],
                "ipaddress_expression": [],
                "macaddress_expression": [],
                "path_expression": []
              }
            ],
            "description": "Group for application app-wld09-prod-3holapp",
            "display_name": "app-wld09-prod-3holapp",
            "domain": "default",
            "extended_criteria": [],
            "group_type": null,
            "id": "fe1f2bc1-707e-480b-b284-ff87b6ac4829",
            "nsx_id": "fe1f2bc1-707e-480b-b284-ff87b6ac4829",
            "path": "/infra/domains/default/groups/fe1f2bc1-707e-480b-b284-ff87b6ac4829",
            "revision": 0,
            "tag": [
              {
                "scope": "application",
                "tag": "app-wld09-prod-3holapp"
              }
            ]
          },
          "sensitive_attributes": [],
          "private": "bnVsbA==",
          "dependencies": [
            "module.tags.data.nsxt_policy_vm.vms",
            "module.tags.nsxt_policy_vm_tags.hierarchy_tags"
          ]
        },
        {
          "index_key": "app-wld09-prod-application",
          "schema_version": 0,
          "attributes": {
            "conjunction": [],
            "context": [],
            "criteria": [
              {
                "condition": [
                  {
                    "key": "Tag",
                    "member_type": "VirtualMachine",
                    "operator": "EQUALS",
                    "value": "app-wld09-prod-application"
                  }
                ],
                "external_id_expression": [],
                "ipaddress_expression": [],
                "macaddress_expression": [],
                "path_expression": []
              }
            ],
            "description": "Group for application app-wld09-prod-application",
            "display_name": "app-wld09-prod-application",
            "domain": "default",
            "extended_criteria": [],
            "group_type": null,
            "id": "28ebef4f-e4ea-42d2-b910-619128a8c7e5",
            "nsx_id": "28ebef4f-e4ea-42d2-b910-619128a8c7e5",
            "path": "/infra/domains/default/groups/28ebef4f-e4ea-42d2-b910-619128a8c7e5",
            "revision": 0,
            "tag": [
              {
                "scope": "application",
                "tag": "app-wld09-prod-application"
              }
            ]
          },
          "sensitive_attributes": [],
          "private": "bnVsbA==",
          "dependencies": [
            "module.tags.data.nsxt_policy_vm.vms",
            "module.tags.nsxt_policy_vm_tags.hierarchy_tags"
          ]
        },
        {
          "index_key": "app-wld09-prod-database",
          "schema_version": 0,
          "attributes": {
            "conjunction": [],
            "context": [],
            "criteria": [
              {
                "condition": [
                  {
                    "key": "Tag",
                    "member_type": "VirtualMachine",
                    "operator": "EQUALS",
                    "value": "app-wld09-prod-database"
                  }
                ],
                "external_id_expression": [],
                "ipaddress_expression": [],
                "macaddress_expression": [],
                "path_expression": []
              }
            ],
            "description": "Group for application app-wld09-prod-database",
            "display_name": "app-wld09-prod-database",
            "domain": "default",
            "extended_criteria": [],
            "group_type": null,
            "id": "63b00a23-2736-4551-969f-f5dfd86b3b7f",
            "nsx_id": "63b00a23-2736-4551-969f-f5dfd86b3b7f",
            "path": "/infra/domains/default/groups/63b00a23-2736-4551-969f-f5dfd86b3b7f",
            "revision": 0,
            "tag": [
              {
                "scope": "application",
                "tag": "app-wld09-prod-database"
              }
            ]
          },
          "sensitive_attributes": [],
          "private": "bnVsbA==",
          "dependencies": [
            "module.tags.data.nsxt_policy_vm.vms",
            "module.tags.nsxt_policy_vm_tags.hierarchy_tags"
          ]
        },
        {
          "index_key": "app-wld09-prod-web",
          "schema_version": 0,
          "attributes": {
            "conjunction": [],
            "context": [],
            "criteria": [
              {
                "condition": [
                  {
                    "key": "Tag",
                    "member_type": "VirtualMachine",
                    "operator": "EQUALS",
                    "value": "app-wld09-prod-web"
                  }
                ],
                "external_id_expression": [],
                "ipaddress_expression": [],
                "macaddress_expression": [],
                "path_expression": []
              }
            ],
            "description": "Group for application app-wld09-prod-web",
            "display_name": "app-wld09-prod-web",
            "domain": "default",
            "extended_criteria": [],
            "group_type": null,
            "id": "74b239e9-118d-4a37-965e-2bf692b6c093",
            "nsx_id": "74b239e9-118d-4a37-965e-2bf692b6c093",
            "path": "/infra/domains/default/groups/74b239e9-118d-4a37-965e-2bf692b6c093",
            "revision": 0,
            "tag": [
              {
                "scope": "application",
                "tag": "app-wld09-prod-web"
              }
            ]
          },
          "sensitive_attributes": [],
          "private": "bnVsbA==",
          "dependencies": [
            "module.tags.data.nsxt_policy_vm.vms",
            "module.tags.nsxt_policy_vm_tags.hierarchy_tags"
          ]
        },
        {
          "index_key": "app-wld09-test-application",
          "schema_version": 0,
          "attributes": {
            "conjunction": [],
            "context": [],
            "criteria": [
              {
                "condition": [
                  {
                    "key": "Tag",
                    "member_type": "VirtualMachine",
                    "operator": "EQUALS",
                    "value": "app-wld09-test-application"
                  }
                ],
                "external_id_expression": [],
                "ipaddress_expression": [],
                "macaddress_expression": [],
                "path_expression": []
              }
            ],
            "description": "Group for application app-wld09-test-application",
            "display_name": "app-wld09-test-application",
            "domain": "default",
            "extended_criteria": [],
            "group_type": null,
            "id": "e9865ee8-318d-4c09-a11f-4d727372a6dc",
            "nsx_id": "e9865ee8-318d-4c09-a11f-4d727372a6dc",
            "path": "/infra/domains/default/groups/e9865ee8-318d-4c09-a11f-4d727372a6dc",
            "revision": 0,
            "tag": [
              {
                "scope": "application",
                "tag": "app-wld09-test-application"
              }
            ]
          },
          "sensitive_attributes": [],
          "private": "bnVsbA==",
          "dependencies": [
            "module.tags.data.nsxt_policy_vm.vms",
            "module.tags.nsxt_policy_vm_tags.hierarchy_tags"
          ]
        },
        {
          "index_key": "app-wld09-test-database",
          "schema_version": 0,
          "attributes": {
            "conjunction": [],
            "context": [],
            "criteria": [
              {
                "condition": [
                  {
                    "key": "Tag",
                    "member_type": "VirtualMachine",
                    "operator": "EQUALS",
                    "value": "app-wld09-test-database"
                  }
                ],
                "external_id_expression": [],
                "ipaddress_expression": [],
                "macaddress_expression": [],
                "path_expression": []
              }
            ],
            "description": "Group for application app-wld09-test-database",
            "display_name": "app-wld09-test-database",
            "domain": "default",
            "extended_criteria": [],
            "group_type": null,
            "id": "d06dd328-e197-4305-9a1f-c461103b0102",
            "nsx_id": "d06dd328-e197-4305-9a1f-c461103b0102",
            "path": "/infra/domains/default/groups/d06dd328-e197-4305-9a1f-c461103b0102",
            "revision": 0,
            "tag": [
              {
                "scope": "application",
                "tag": "app-wld09-test-database"
              }
            ]
          },
          "sensitive_attributes": [],
          "private": "bnVsbA==",
          "dependencies": [
            "module.tags.data.nsxt_policy_vm.vms",
            "module.tags.nsxt_policy_vm_tags.hierarchy_tags"
          ]
        },
        {
          "index_key": "app-wld09-test-web",
          "schema_version": 0,
          "attributes": {
            "conjunction": [],
            "context": [],
            "criteria": [
              {
                "condition": [
                  {
                    "key": "Tag",
                    "member_type": "VirtualMachine",
                    "operator": "EQUALS",
                    "value": "app-wld09-test-web"
                  }
                ],
                "external_id_expression": [],
                "ipaddress_expression": [],
                "macaddress_expression": [],
                "path_expression": []
              }
            ],
            "description": "Group for application app-wld09-test-web",
            "display_name": "app-wld09-test-web",
            "domain": "default",
            "extended_criteria": [],
            "group_type": null,
            "id": "1cef9e30-d517-4f35-861f-3224c7723366",
            "nsx_id": "1cef9e30-d517-4f35-861f-3224c7723366",
            "path": "/infra/domains/default/groups/1cef9e30-d517-4f35-861f-3224c7723366",
            "revision": 0,
            "tag": [
              {
                "scope": "application",
                "tag": "app-wld09-test-web"
              }
            ]
          },
          "sensitive_attributes": [],
          "private": "bnVsbA==",
          "dependencies": [
            "module.tags.data.nsxt_policy_vm.vms",
            "module.tags.nsxt_policy_vm_tags.hierarchy_tags"
          ]
        }
      ]
    },
    {
      "module": "module.groups[\"wld09\"]",
      "mode": "managed",
      "type": "nsxt_policy_group",
      "name": "emergency_groups",
      "provider": "provider[\"registry.terraform.io/vmware/nsxt\"]",
      "instances": [
        {
          "index_key": "emg-wld09",
          "schema_version": 0,
          "attributes": {
            "conjunction": [],
            "context": [],
            "criteria": [
              {
                "condition": [
                  {
                    "key": "Tag",
                    "member_type": "VirtualMachine",
                    "operator": "EQUALS",
                    "value": "emg-wld09"
                  }
                ],
                "external_id_expression": [],
                "ipaddress_expression": [],
                "macaddress_expression": [],
                "path_expression": []
              }
            ],
            "description": "Group for emergency access emg-wld09",
            "display_name": "emg-wld09",
            "domain": "default",
            "extended_criteria": [],
            "group_type": null,
            "id": "ffcc3172-55bf-4586-a5f7-ae6b4d059187",
            "nsx_id": "ffcc3172-55bf-4586-a5f7-ae6b4d059187",
            "path": "/infra/domains/default/groups/ffcc3172-55bf-4586-a5f7-ae6b4d059187",
            "revision": 0,
            "tag": [
              {
                "scope": "emergency",
                "tag": "emg-wld09"
              }
            ]
          },
          "sensitive_attributes": [],
          "private": "bnVsbA==",
          "dependencies": [
            "module.tags.data.nsxt_policy_vm.vms",
            "module.tags.nsxt_policy_vm_tags.hierarchy_tags"
          ]
        }
      ]
    },
    {
      "module": "module.groups[\"wld09\"]",
      "mode": "managed",
      "type": "nsxt_policy_group",
      "name": "environment_groups",
      "provider": "provider[\"registry.terraform.io/vmware/nsxt\"]",
      "instances": [
        {
          "index_key": "env-wld09-prod",
          "schema_version": 0,
          "attributes": {
            "conjunction": [],
            "context": [],
            "criteria": [
              {
                "condition": [
                  {
                    "key": "Tag",
                    "member_type": "VirtualMachine",
                    "operator": "EQUALS",
                    "value": "env-wld09-prod"
                  }
                ],
                "external_id_expression": [],
                "ipaddress_expression": [],
                "macaddress_expression": [],
                "path_expression": []
              }
            ],
            "description": "Group for environment env-wld09-prod",
            "display_name": "env-wld09-prod",
            "domain": "default",
            "extended_criteria": [],
            "group_type": null,
            "id": "630a46b9-1412-44e7-ba7f-3ed0fde88048",
            "nsx_id": "630a46b9-1412-44e7-ba7f-3ed0fde88048",
            "path": "/infra/domains/default/groups/630a46b9-1412-44e7-ba7f-3ed0fde88048",
            "revision": 0,
            "tag": [
              {
                "scope": "environment",
                "tag": "env-wld09-prod"
              }
            ]
          },
          "sensitive_attributes": [],
          "private": "bnVsbA==",
          "dependencies": [
            "module.tags.data.nsxt_policy_vm.vms",
            "module.tags.nsxt_policy_vm_tags.hierarchy_tags"
          ]
        },
        {
          "index_key": "env-wld09-test",
          "schema_version": 0,
          "attributes": {
            "conjunction": [],
            "context": [],
            "criteria": [
              {
                "condition": [
                  {
                    "key": "Tag",
                    "member_type": "VirtualMachine",
                    "operator": "EQUALS",
                    "value": "env-wld09-test"
                  }
                ],
                "external_id_expression": [],
                "ipaddress_expression": [],
                "macaddress_expression": [],
                "path_expression": []
              }
            ],
            "description": "Group for environment env-wld09-test",
            "display_name": "env-wld09-test",
            "domain": "default",
            "extended_criteria": [],
            "group_type": null,
            "id": "066eab27-6c51-4c72-a639-d41dacc43aaa",
            "nsx_id": "066eab27-6c51-4c72-a639-d41dacc43aaa",
            "path": "/infra/domains/default/groups/066eab27-6c51-4c72-a639-d41dacc43aaa",
            "revision": 0,
            "tag": [
              {
                "scope": "environment",
                "tag": "env-wld09-test"
              }
            ]
          },
          "sensitive_attributes": [],
          "private": "bnVsbA==",
          "dependencies": [
            "module.tags.data.nsxt_policy_vm.vms",
            "module.tags.nsxt_policy_vm_tags.hierarchy_tags"
          ]
        }
      ]
    },
    {
      "module": "module.groups[\"wld09\"]",
      "mode": "managed",
      "type": "nsxt_policy_group",
      "name": "external_service_groups",
      "provider": "provider[\"registry.terraform.io/vmware/nsxt\"]",
      "instances": [
        {
          "index_key": "ext-wld09-dns",
          "schema_version": 0,
          "attributes": {
            "conjunction": [],
            "context": [],
            "criteria": [
              {
                "condition": [],
                "external_id_expression": [],
                "ipaddress_expression": [
                  {
                    "ip_addresses": [
                      "192.168.12.10"
                    ]
                  }
                ],
                "macaddress_expression": [],
                "path_expression": []
              }
            ],
            "description": "Group for external service ext-wld09-dns",
            "display_name": "ext-wld09-dns",
            "domain": "default",
            "extended_criteria": [],
            "group_type": null,
            "id": "9af61df6-75b3-44ce-aeaf-c3e04a9dd6ad",
            "nsx_id": "9af61df6-75b3-44ce-aeaf-c3e04a9dd6ad",
            "path": "/infra/domains/default/groups/9af61df6-75b3-44ce-aeaf-c3e04a9dd6ad",
            "revision": 0,
            "tag": [
              {
                "scope": "external",
                "tag": "ext-wld09-dns"
              }
            ]
          },
          "sensitive_attributes": [],
          "private": "bnVsbA==",
          "dependencies": [
            "module.tags.data.nsxt_policy_vm.vms",
            "module.tags.nsxt_policy_vm_tags.hierarchy_tags"
          ]
        },
        {
          "index_key": "ext-wld09-jumphosts",
          "schema_version": 0,
          "attributes": {
            "conjunction": [],
            "context": [],
            "criteria": [
              {
                "condition": [],
                "external_id_expression": [],
                "ipaddress_expression": [
                  {
                    "ip_addresses": [
                      "10.10.89.11"
                    ]
                  }
                ],
                "macaddress_expression": [],
                "path_expression": []
              }
            ],
            "description": "Group for external service ext-wld09-jumphosts",
            "display_name": "ext-wld09-jumphosts",
            "domain": "default",
            "extended_criteria": [],
            "group_type": null,
            "id": "adfadff8-910d-49e1-92db-abffe95f583f",
            "nsx_id": "adfadff8-910d-49e1-92db-abffe95f583f",
            "path": "/infra/domains/default/groups/adfadff8-910d-49e1-92db-abffe95f583f",
            "revision": 0,
            "tag": [
              {
                "scope": "external",
                "tag": "ext-wld09-jumphosts"
              }
            ]
          },
          "sensitive_attributes": [],
          "private": "bnVsbA==",
          "dependencies": [
            "module.tags.data.nsxt_policy_vm.vms",
            "module.tags.nsxt_policy_vm_tags.hierarchy_tags"
          ]
        },
        {
          "index_key": "ext-wld09-ntp",
          "schema_version": 0,
          "attributes": {
            "conjunction": [],
            "context": [],
            "criteria": [
              {
                "condition": [],
                "external_id_expression": [],
                "ipaddress_expression": [
                  {
                    "ip_addresses": [
                      "192.168.12.1"
                    ]
                  }
                ],
                "macaddress_expression": [],
                "path_expression": []
              }
            ],
            "description": "Group for external service ext-wld09-ntp",
            "display_name": "ext-wld09-ntp",
            "domain": "default",
            "extended_criteria": [],
            "group_type": null,
            "id": "de2a0535-ffef-41e1-b2bb-b73fa636d9f0",
            "nsx_id": "de2a0535-ffef-41e1-b2bb-b73fa636d9f0",
            "path": "/infra/domains/default/groups/de2a0535-ffef-41e1-b2bb-b73fa636d9f0",
            "revision": 0,
            "tag": [
              {
                "scope": "external",
                "tag": "ext-wld09-ntp"
              }
            ]
          },
          "sensitive_attributes": [],
          "private": "bnVsbA==",
          "dependencies": [
            "module.tags.data.nsxt_policy_vm.vms",
            "module.tags.nsxt_policy_vm_tags.hierarchy_tags"
          ]
        }
      ]
    },
    {
      "module": "module.groups[\"wld09\"]",
      "mode": "managed",
      "type": "nsxt_policy_group",
      "name": "sub_application_groups",
      "provider": "provider[\"registry.terraform.io/vmware/nsxt\"]",
      "instances": [
        {
          "index_key": "app-wld09-prod-3holapp-application",
          "schema_version": 0,
          "attributes": {
            "conjunction": [],
            "context": [],
            "criteria": [
              {
                "condition": [
                  {
                    "key": "Tag",
                    "member_type": "VirtualMachine",
                    "operator": "EQUALS",
                    "value": "app-wld09-prod-3holapp-application"
                  }
                ],
                "external_id_expression": [],
                "ipaddress_expression": [],
                "macaddress_expression": [],
                "path_expression": []
              }
            ],
            "description": "Group for sub-application app-wld09-prod-3holapp-application",
            "display_name": "app-wld09-prod-3holapp-application",
            "domain": "default",
            "extended_criteria": [],
            "group_type": null,
            "id": "0bd47ef8-5d0e-4225-bf34-1ea3085d3f06",
            "nsx_id": "0bd47ef8-5d0e-4225-bf34-1ea3085d3f06",
            "path": "/infra/domains/default/groups/0bd47ef8-5d0e-4225-bf34-1ea3085d3f06",
            "revision": 0,
            "tag": [
              {
                "scope": "sub-application",
                "tag": "app-wld09-prod-3holapp-application"
              }
            ]
          },
          "sensitive_attributes": [],
          "private": "bnVsbA==",
          "dependencies": [
            "module.tags.data.nsxt_policy_vm.vms",
            "module.tags.nsxt_policy_vm_tags.hierarchy_tags"
          ]
        },
        {
          "index_key": "app-wld09-prod-3holapp-database",
          "schema_version": 0,
          "attributes": {
            "conjunction": [],
            "context": [],
            "criteria": [
              {
                "condition": [
                  {
                    "key": "Tag",
                    "member_type": "VirtualMachine",
                    "operator": "EQUALS",
                    "value": "app-wld09-prod-3holapp-database"
                  }
                ],
                "external_id_expression": [],
                "ipaddress_expression": [],
                "macaddress_expression": [],
                "path_expression": []
              }
            ],
            "description": "Group for sub-application app-wld09-prod-3holapp-database",
            "display_name": "app-wld09-prod-3holapp-database",
            "domain": "default",
            "extended_criteria": [],
            "group_type": null,
            "id": "4cc97c73-d12b-4d75-bbfc-8d2afe1aaafa",
            "nsx_id": "4cc97c73-d12b-4d75-bbfc-8d2afe1aaafa",
            "path": "/infra/domains/default/groups/4cc97c73-d12b-4d75-bbfc-8d2afe1aaafa",
            "revision": 0,
            "tag": [
              {
                "scope": "sub-application",
                "tag": "app-wld09-prod-3holapp-database"
              }
            ]
          },
          "sensitive_attributes": [],
          "private": "bnVsbA==",
          "dependencies": [
            "module.tags.data.nsxt_policy_vm.vms",
            "module.tags.nsxt_policy_vm_tags.hierarchy_tags"
          ]
        },
        {
          "index_key": "app-wld09-prod-3holapp-web",
          "schema_version": 0,
          "attributes": {
            "conjunction": [],
            "context": [],
            "criteria": [
              {
                "condition": [
                  {
                    "key": "Tag",
                    "member_type": "VirtualMachine",
                    "operator": "EQUALS",
                    "value": "app-wld09-prod-3holapp-web"
                  }
                ],
                "external_id_expression": [],
                "ipaddress_expression": [],
                "macaddress_expression": [],
                "path_expression": []
              }
            ],
            "description": "Group for sub-application app-wld09-prod-3holapp-web",
            "display_name": "app-wld09-prod-3holapp-web",
            "domain": "default",
            "extended_criteria": [],
            "group_type": null,
            "id": "d0328fc0-cd34-4cae-b12e-4558780301a7",
            "nsx_id": "d0328fc0-cd34-4cae-b12e-4558780301a7",
            "path": "/infra/domains/default/groups/d0328fc0-cd34-4cae-b12e-4558780301a7",
            "revision": 0,
            "tag": [
              {
                "scope": "sub-application",
                "tag": "app-wld09-prod-3holapp-web"
              }
            ]
          },
          "sensitive_attributes": [],
          "private": "bnVsbA==",
          "dependencies": [
            "module.tags.data.nsxt_policy_vm.vms",
            "module.tags.nsxt_policy_vm_tags.hierarchy_tags"
          ]
        }
      ]
    },
    {
      "module": "module.groups[\"wld09\"]",
      "mode": "managed",
      "type": "nsxt_policy_group",
      "name": "tenant_group",
      "provider": "provider[\"registry.terraform.io/vmware/nsxt\"]",
      "instances": [
        {
          "schema_version": 0,
          "attributes": {
            "conjunction": [],
            "context": [],
            "criteria": [
              {
                "condition": [
                  {
                    "key": "Tag",
                    "member_type": "VirtualMachine",
                    "operator": "EQUALS",
                    "value": "ten-wld09"
                  }
                ],
                "external_id_expression": [],
                "ipaddress_expression": [],
                "macaddress_expression": [],
                "path_expression": []
              }
            ],
            "description": "Group for all VMs in tenant wld09",
            "display_name": "ten-wld09",
            "domain": "default",
            "extended_criteria": [],
            "group_type": null,
            "id": "127cae7a-e496-4e14-816f-8e5347500293",
            "nsx_id": "127cae7a-e496-4e14-816f-8e5347500293",
            "path": "/infra/domains/default/groups/127cae7a-e496-4e14-816f-8e5347500293",
            "revision": 0,
            "tag": [
              {
                "scope": "tenant",
                "tag": "ten-wld09"
              }
            ]
          },
          "sensitive_attributes": [],
          "private": "bnVsbA==",
          "dependencies": [
            "module.tags.data.nsxt_policy_vm.vms",
            "module.tags.nsxt_policy_vm_tags.hierarchy_tags"
          ]
        }
      ]
    },
    {
      "module": "module.groups[\"wld10\"]",
      "mode": "managed",
      "type": "nsxt_policy_group",
      "name": "application_groups",
      "provider": "provider[\"registry.terraform.io/vmware/nsxt\"]",
      "instances": [
        {
          "index_key": "app-wld10-acc-application",
          "schema_version": 0,
          "attributes": {
            "conjunction": [],
            "context": [],
            "criteria": [
              {
                "condition": [
                  {
                    "key": "Tag",
                    "member_type": "VirtualMachine",
                    "operator": "EQUALS",
                    "value": "app-wld10-acc-application"
                  }
                ],
                "external_id_expression": [],
                "ipaddress_expression": [],
                "macaddress_expression": [],
                "path_expression": []
              }
            ],
            "description": "Group for application app-wld10-acc-application",
            "display_name": "app-wld10-acc-application",
            "domain": "default",
            "extended_criteria": [],
            "group_type": null,
            "id": "60833f0d-fc9f-4940-8fb4-5a7427d552c8",
            "nsx_id": "60833f0d-fc9f-4940-8fb4-5a7427d552c8",
            "path": "/infra/domains/default/groups/60833f0d-fc9f-4940-8fb4-5a7427d552c8",
            "revision": 0,
            "tag": [
              {
                "scope": "application",
                "tag": "app-wld10-acc-application"
              }
            ]
          },
          "sensitive_attributes": [],
          "private": "bnVsbA==",
          "dependencies": [
            "module.tags.data.nsxt_policy_vm.vms",
            "module.tags.nsxt_policy_vm_tags.hierarchy_tags"
          ]
        },
        {
          "index_key": "app-wld10-acc-database",
          "schema_version": 0,
          "attributes": {
            "conjunction": [],
            "context": [],
            "criteria": [
              {
                "condition": [
                  {
                    "key": "Tag",
                    "member_type": "VirtualMachine",
                    "operator": "EQUALS",
                    "value": "app-wld10-acc-database"
                  }
                ],
                "external_id_expression": [],
                "ipaddress_expression": [],
                "macaddress_expression": [],
                "path_expression": []
              }
            ],
            "description": "Group for application app-wld10-acc-database",
            "display_name": "app-wld10-acc-database",
            "domain": "default",
            "extended_criteria": [],
            "group_type": null,
            "id": "ee4ab61e-d00a-47cf-8601-de3cf9e508ae",
            "nsx_id": "ee4ab61e-d00a-47cf-8601-de3cf9e508ae",
            "path": "/infra/domains/default/groups/ee4ab61e-d00a-47cf-8601-de3cf9e508ae",
            "revision": 0,
            "tag": [
              {
                "scope": "application",
                "tag": "app-wld10-acc-database"
              }
            ]
          },
          "sensitive_attributes": [],
          "private": "bnVsbA==",
          "dependencies": [
            "module.tags.data.nsxt_policy_vm.vms",
            "module.tags.nsxt_policy_vm_tags.hierarchy_tags"
          ]
        },
        {
          "index_key": "app-wld10-acc-web",
          "schema_version": 0,
          "attributes": {
            "conjunction": [],
            "context": [],
            "criteria": [
              {
                "condition": [
                  {
                    "key": "Tag",
                    "member_type": "VirtualMachine",
                    "operator": "EQUALS",
                    "value": "app-wld10-acc-web"
                  }
                ],
                "external_id_expression": [],
                "ipaddress_expression": [],
                "macaddress_expression": [],
                "path_expression": []
              }
            ],
            "description": "Group for application app-wld10-acc-web",
            "display_name": "app-wld10-acc-web",
            "domain": "default",
            "extended_criteria": [],
            "group_type": null,
            "id": "77e756d0-66d2-4ebd-8249-4106642d9743",
            "nsx_id": "77e756d0-66d2-4ebd-8249-4106642d9743",
            "path": "/infra/domains/default/groups/77e756d0-66d2-4ebd-8249-4106642d9743",
            "revision": 0,
            "tag": [
              {
                "scope": "application",
                "tag": "app-wld10-acc-web"
              }
            ]
          },
          "sensitive_attributes": [],
          "private": "bnVsbA==",
          "dependencies": [
            "module.tags.data.nsxt_policy_vm.vms",
            "module.tags.nsxt_policy_vm_tags.hierarchy_tags"
          ]
        },
        {
          "index_key": "app-wld10-dev-3holapp",
          "schema_version": 0,
          "attributes": {
            "conjunction": [],
            "context": [],
            "criteria": [
              {
                "condition": [
                  {
                    "key": "Tag",
                    "member_type": "VirtualMachine",
                    "operator": "EQUALS",
                    "value": "app-wld10-dev-3holapp"
                  }
                ],
                "external_id_expression": [],
                "ipaddress_expression": [],
                "macaddress_expression": [],
                "path_expression": []
              }
            ],
            "description": "Group for application app-wld10-dev-3holapp",
            "display_name": "app-wld10-dev-3holapp",
            "domain": "default",
            "extended_criteria": [],
            "group_type": null,
            "id": "b5d3969c-9dfb-4ad9-b6e8-00ffefdc6b1e",
            "nsx_id": "b5d3969c-9dfb-4ad9-b6e8-00ffefdc6b1e",
            "path": "/infra/domains/default/groups/b5d3969c-9dfb-4ad9-b6e8-00ffefdc6b1e",
            "revision": 0,
            "tag": [
              {
                "scope": "application",
                "tag": "app-wld10-dev-3holapp"
              }
            ]
          },
          "sensitive_attributes": [],
          "private": "bnVsbA==",
          "dependencies": [
            "module.tags.data.nsxt_policy_vm.vms",
            "module.tags.nsxt_policy_vm_tags.hierarchy_tags"
          ]
        },
        {
          "index_key": "app-wld10-dev-application",
          "schema_version": 0,
          "attributes": {
            "conjunction": [],
            "context": [],
            "criteria": [
              {
                "condition": [
                  {
                    "key": "Tag",
                    "member_type": "VirtualMachine",
                    "operator": "EQUALS",
                    "value": "app-wld10-dev-application"
                  }
                ],
                "external_id_expression": [],
                "ipaddress_expression": [],
                "macaddress_expression": [],
                "path_expression": []
              }
            ],
            "description": "Group for application app-wld10-dev-application",
            "display_name": "app-wld10-dev-application",
            "domain": "default",
            "extended_criteria": [],
            "group_type": null,
            "id": "0d0ee20f-34ce-49a1-bba8-d2515452aadb",
            "nsx_id": "0d0ee20f-34ce-49a1-bba8-d2515452aadb",
            "path": "/infra/domains/default/groups/0d0ee20f-34ce-49a1-bba8-d2515452aadb",
            "revision": 0,
            "tag": [
              {
                "scope": "application",
                "tag": "app-wld10-dev-application"
              }
            ]
          },
          "sensitive_attributes": [],
          "private": "bnVsbA==",
          "dependencies": [
            "module.tags.data.nsxt_policy_vm.vms",
            "module.tags.nsxt_policy_vm_tags.hierarchy_tags"
          ]
        },
        {
          "index_key": "app-wld10-dev-database",
          "schema_version": 0,
          "attributes": {
            "conjunction": [],
            "context": [],
            "criteria": [
              {
                "condition": [
                  {
                    "key": "Tag",
                    "member_type": "VirtualMachine",
                    "operator": "EQUALS",
                    "value": "app-wld10-dev-database"
                  }
                ],
                "external_id_expression": [],
                "ipaddress_expression": [],
                "macaddress_expression": [],
                "path_expression": []
              }
            ],
            "description": "Group for application app-wld10-dev-database",
            "display_name": "app-wld10-dev-database",
            "domain": "default",
            "extended_criteria": [],
            "group_type": null,
            "id": "cece5434-bdd7-45b3-85da-b9687ae6bd1a",
            "nsx_id": "cece5434-bdd7-45b3-85da-b9687ae6bd1a",
            "path": "/infra/domains/default/groups/cece5434-bdd7-45b3-85da-b9687ae6bd1a",
            "revision": 0,
            "tag": [
              {
                "scope": "application",
                "tag": "app-wld10-dev-database"
              }
            ]
          },
          "sensitive_attributes": [],
          "private": "bnVsbA==",
          "dependencies": [
            "module.tags.data.nsxt_policy_vm.vms",
            "module.tags.nsxt_policy_vm_tags.hierarchy_tags"
          ]
        },
        {
          "index_key": "app-wld10-dev-web",
          "schema_version": 0,
          "attributes": {
            "conjunction": [],
            "context": [],
            "criteria": [
              {
                "condition": [
                  {
                    "key": "Tag",
                    "member_type": "VirtualMachine",
                    "operator": "EQUALS",
                    "value": "app-wld10-dev-web"
                  }
                ],
                "external_id_expression": [],
                "ipaddress_expression": [],
                "macaddress_expression": [],
                "path_expression": []
              }
            ],
            "description": "Group for application app-wld10-dev-web",
            "display_name": "app-wld10-dev-web",
            "domain": "default",
            "extended_criteria": [],
            "group_type": null,
            "id": "b53caf88-25f8-423c-be74-3c9675943ee9",
            "nsx_id": "b53caf88-25f8-423c-be74-3c9675943ee9",
            "path": "/infra/domains/default/groups/b53caf88-25f8-423c-be74-3c9675943ee9",
            "revision": 0,
            "tag": [
              {
                "scope": "application",
                "tag": "app-wld10-dev-web"
              }
            ]
          },
          "sensitive_attributes": [],
          "private": "bnVsbA==",
          "dependencies": [
            "module.tags.data.nsxt_policy_vm.vms",
            "module.tags.nsxt_policy_vm_tags.hierarchy_tags"
          ]
        }
      ]
    },
    {
      "module": "module.groups[\"wld10\"]",
      "mode": "managed",
      "type": "nsxt_policy_group",
      "name": "emergency_groups",
      "provider": "provider[\"registry.terraform.io/vmware/nsxt\"]",
      "instances": [
        {
          "index_key": "emg-wld10",
          "schema_version": 0,
          "attributes": {
            "conjunction": [],
            "context": [],
            "criteria": [
              {
                "condition": [
                  {
                    "key": "Tag",
                    "member_type": "VirtualMachine",
                    "operator": "EQUALS",
                    "value": "emg-wld10"
                  }
                ],
                "external_id_expression": [],
                "ipaddress_expression": [],
                "macaddress_expression": [],
                "path_expression": []
              }
            ],
            "description": "Group for emergency access emg-wld10",
            "display_name": "emg-wld10",
            "domain": "default",
            "extended_criteria": [],
            "group_type": null,
            "id": "23f79e05-8ead-4640-b3a5-23d6b614cc04",
            "nsx_id": "23f79e05-8ead-4640-b3a5-23d6b614cc04",
            "path": "/infra/domains/default/groups/23f79e05-8ead-4640-b3a5-23d6b614cc04",
            "revision": 0,
            "tag": [
              {
                "scope": "emergency",
                "tag": "emg-wld10"
              }
            ]
          },
          "sensitive_attributes": [],
          "private": "bnVsbA==",
          "dependencies": [
            "module.tags.data.nsxt_policy_vm.vms",
            "module.tags.nsxt_policy_vm_tags.hierarchy_tags"
          ]
        }
      ]
    },
    {
      "module": "module.groups[\"wld10\"]",
      "mode": "managed",
      "type": "nsxt_policy_group",
      "name": "environment_groups",
      "provider": "provider[\"registry.terraform.io/vmware/nsxt\"]",
      "instances": [
        {
          "index_key": "env-wld10-acc",
          "schema_version": 0,
          "attributes": {
            "conjunction": [],
            "context": [],
            "criteria": [
              {
                "condition": [
                  {
                    "key": "Tag",
                    "member_type": "VirtualMachine",
                    "operator": "EQUALS",
                    "value": "env-wld10-acc"
                  }
                ],
                "external_id_expression": [],
                "ipaddress_expression": [],
                "macaddress_expression": [],
                "path_expression": []
              }
            ],
            "description": "Group for environment env-wld10-acc",
            "display_name": "env-wld10-acc",
            "domain": "default",
            "extended_criteria": [],
            "group_type": null,
            "id": "0634ab02-2417-441f-91bc-1cef9862f21b",
            "nsx_id": "0634ab02-2417-441f-91bc-1cef9862f21b",
            "path": "/infra/domains/default/groups/0634ab02-2417-441f-91bc-1cef9862f21b",
            "revision": 0,
            "tag": [
              {
                "scope": "environment",
                "tag": "env-wld10-acc"
              }
            ]
          },
          "sensitive_attributes": [],
          "private": "bnVsbA==",
          "dependencies": [
            "module.tags.data.nsxt_policy_vm.vms",
            "module.tags.nsxt_policy_vm_tags.hierarchy_tags"
          ]
        },
        {
          "index_key": "env-wld10-dev",
          "schema_version": 0,
          "attributes": {
            "conjunction": [],
            "context": [],
            "criteria": [
              {
                "condition": [
                  {
                    "key": "Tag",
                    "member_type": "VirtualMachine",
                    "operator": "EQUALS",
                    "value": "env-wld10-dev"
                  }
                ],
                "external_id_expression": [],
                "ipaddress_expression": [],
                "macaddress_expression": [],
                "path_expression": []
              }
            ],
            "description": "Group for environment env-wld10-dev",
            "display_name": "env-wld10-dev",
            "domain": "default",
            "extended_criteria": [],
            "group_type": null,
            "id": "f857074d-b210-450d-b2af-71d316402eda",
            "nsx_id": "f857074d-b210-450d-b2af-71d316402eda",
            "path": "/infra/domains/default/groups/f857074d-b210-450d-b2af-71d316402eda",
            "revision": 0,
            "tag": [
              {
                "scope": "environment",
                "tag": "env-wld10-dev"
              }
            ]
          },
          "sensitive_attributes": [],
          "private": "bnVsbA==",
          "dependencies": [
            "module.tags.data.nsxt_policy_vm.vms",
            "module.tags.nsxt_policy_vm_tags.hierarchy_tags"
          ]
        }
      ]
    },
    {
      "module": "module.groups[\"wld10\"]",
      "mode": "managed",
      "type": "nsxt_policy_group",
      "name": "external_service_groups",
      "provider": "provider[\"registry.terraform.io/vmware/nsxt\"]",
      "instances": [
        {
          "index_key": "ext-wld10-dns",
          "schema_version": 0,
          "attributes": {
            "conjunction": [],
            "context": [],
            "criteria": [
              {
                "condition": [],
                "external_id_expression": [],
                "ipaddress_expression": [
                  {
                    "ip_addresses": [
                      "192.168.12.10"
                    ]
                  }
                ],
                "macaddress_expression": [],
                "path_expression": []
              }
            ],
            "description": "Group for external service ext-wld10-dns",
            "display_name": "ext-wld10-dns",
            "domain": "default",
            "extended_criteria": [],
            "group_type": null,
            "id": "0aaa8694-07c5-499a-b17e-71144c872a99",
            "nsx_id": "0aaa8694-07c5-499a-b17e-71144c872a99",
            "path": "/infra/domains/default/groups/0aaa8694-07c5-499a-b17e-71144c872a99",
            "revision": 0,
            "tag": [
              {
                "scope": "external",
                "tag": "ext-wld10-dns"
              }
            ]
          },
          "sensitive_attributes": [],
          "private": "bnVsbA==",
          "dependencies": [
            "module.tags.data.nsxt_policy_vm.vms",
            "module.tags.nsxt_policy_vm_tags.hierarchy_tags"
          ]
        },
        {
          "index_key": "ext-wld10-jumphosts",
          "schema_version": 0,
          "attributes": {
            "conjunction": [],
            "context": [],
            "criteria": [
              {
                "condition": [],
                "external_id_expression": [],
                "ipaddress_expression": [
                  {
                    "ip_addresses": [
                      "10.10.89.11"
                    ]
                  }
                ],
                "macaddress_expression": [],
                "path_expression": []
              }
            ],
            "description": "Group for external service ext-wld10-jumphosts",
            "display_name": "ext-wld10-jumphosts",
            "domain": "default",
            "extended_criteria": [],
            "group_type": null,
            "id": "933fd1b8-10eb-41ce-8b7f-7a4ac11f570a",
            "nsx_id": "933fd1b8-10eb-41ce-8b7f-7a4ac11f570a",
            "path": "/infra/domains/default/groups/933fd1b8-10eb-41ce-8b7f-7a4ac11f570a",
            "revision": 0,
            "tag": [
              {
                "scope": "external",
                "tag": "ext-wld10-jumphosts"
              }
            ]
          },
          "sensitive_attributes": [],
          "private": "bnVsbA==",
          "dependencies": [
            "module.tags.data.nsxt_policy_vm.vms",
            "module.tags.nsxt_policy_vm_tags.hierarchy_tags"
          ]
        },
        {
          "index_key": "ext-wld10-ntp",
          "schema_version": 0,
          "attributes": {
            "conjunction": [],
            "context": [],
            "criteria": [
              {
                "condition": [],
                "external_id_expression": [],
                "ipaddress_expression": [
                  {
                    "ip_addresses": [
                      "192.168.12.1"
                    ]
                  }
                ],
                "macaddress_expression": [],
                "path_expression": []
              }
            ],
            "description": "Group for external service ext-wld10-ntp",
            "display_name": "ext-wld10-ntp",
            "domain": "default",
            "extended_criteria": [],
            "group_type": null,
            "id": "94bc1e37-5a8d-4f79-8a00-ef4de5754575",
            "nsx_id": "94bc1e37-5a8d-4f79-8a00-ef4de5754575",
            "path": "/infra/domains/default/groups/94bc1e37-5a8d-4f79-8a00-ef4de5754575",
            "revision": 0,
            "tag": [
              {
                "scope": "external",
                "tag": "ext-wld10-ntp"
              }
            ]
          },
          "sensitive_attributes": [],
          "private": "bnVsbA==",
          "dependencies": [
            "module.tags.data.nsxt_policy_vm.vms",
            "module.tags.nsxt_policy_vm_tags.hierarchy_tags"
          ]
        }
      ]
    },
    {
      "module": "module.groups[\"wld10\"]",
      "mode": "managed",
      "type": "nsxt_policy_group",
      "name": "sub_application_groups",
      "provider": "provider[\"registry.terraform.io/vmware/nsxt\"]",
      "instances": [
        {
          "index_key": "app-wld10-dev-3holapp-application",
          "schema_version": 0,
          "attributes": {
            "conjunction": [],
            "context": [],
            "criteria": [
              {
                "condition": [
                  {
                    "key": "Tag",
                    "member_type": "VirtualMachine",
                    "operator": "EQUALS",
                    "value": "app-wld10-dev-3holapp-application"
                  }
                ],
                "external_id_expression": [],
                "ipaddress_expression": [],
                "macaddress_expression": [],
                "path_expression": []
              }
            ],
            "description": "Group for sub-application app-wld10-dev-3holapp-application",
            "display_name": "app-wld10-dev-3holapp-application",
            "domain": "default",
            "extended_criteria": [],
            "group_type": null,
            "id": "fe2e5860-9771-4680-95ae-27b0bca8eac9",
            "nsx_id": "fe2e5860-9771-4680-95ae-27b0bca8eac9",
            "path": "/infra/domains/default/groups/fe2e5860-9771-4680-95ae-27b0bca8eac9",
            "revision": 0,
            "tag": [
              {
                "scope": "sub-application",
                "tag": "app-wld10-dev-3holapp-application"
              }
            ]
          },
          "sensitive_attributes": [],
          "private": "bnVsbA==",
          "dependencies": [
            "module.tags.data.nsxt_policy_vm.vms",
            "module.tags.nsxt_policy_vm_tags.hierarchy_tags"
          ]
        },
        {
          "index_key": "app-wld10-dev-3holapp-database",
          "schema_version": 0,
          "attributes": {
            "conjunction": [],
            "context": [],
            "criteria": [
              {
                "condition": [
                  {
                    "key": "Tag",
                    "member_type": "VirtualMachine",
                    "operator": "EQUALS",
                    "value": "app-wld10-dev-3holapp-database"
                  }
                ],
                "external_id_expression": [],
                "ipaddress_expression": [],
                "macaddress_expression": [],
                "path_expression": []
              }
            ],
            "description": "Group for sub-application app-wld10-dev-3holapp-database",
            "display_name": "app-wld10-dev-3holapp-database",
            "domain": "default",
            "extended_criteria": [],
            "group_type": null,
            "id": "047337a2-5f4b-46ea-bf3a-eb4397d3f60c",
            "nsx_id": "047337a2-5f4b-46ea-bf3a-eb4397d3f60c",
            "path": "/infra/domains/default/groups/047337a2-5f4b-46ea-bf3a-eb4397d3f60c",
            "revision": 0,
            "tag": [
              {
                "scope": "sub-application",
                "tag": "app-wld10-dev-3holapp-database"
              }
            ]
          },
          "sensitive_attributes": [],
          "private": "bnVsbA==",
          "dependencies": [
            "module.tags.data.nsxt_policy_vm.vms",
            "module.tags.nsxt_policy_vm_tags.hierarchy_tags"
          ]
        },
        {
          "index_key": "app-wld10-dev-3holapp-web",
          "schema_version": 0,
          "attributes": {
            "conjunction": [],
            "context": [],
            "criteria": [
              {
                "condition": [
                  {
                    "key": "Tag",
                    "member_type": "VirtualMachine",
                    "operator": "EQUALS",
                    "value": "app-wld10-dev-3holapp-web"
                  }
                ],
                "external_id_expression": [],
                "ipaddress_expression": [],
                "macaddress_expression": [],
                "path_expression": []
              }
            ],
            "description": "Group for sub-application app-wld10-dev-3holapp-web",
            "display_name": "app-wld10-dev-3holapp-web",
            "domain": "default",
            "extended_criteria": [],
            "group_type": null,
            "id": "991ac75b-993d-4871-b58c-48c760d93421",
            "nsx_id": "991ac75b-993d-4871-b58c-48c760d93421",
            "path": "/infra/domains/default/groups/991ac75b-993d-4871-b58c-48c760d93421",
            "revision": 0,
            "tag": [
              {
                "scope": "sub-application",
                "tag": "app-wld10-dev-3holapp-web"
              }
            ]
          },
          "sensitive_attributes": [],
          "private": "bnVsbA==",
          "dependencies": [
            "module.tags.data.nsxt_policy_vm.vms",
            "module.tags.nsxt_policy_vm_tags.hierarchy_tags"
          ]
        }
      ]
    },
    {
      "module": "module.groups[\"wld10\"]",
      "mode": "managed",
      "type": "nsxt_policy_group",
      "name": "tenant_group",
      "provider": "provider[\"registry.terraform.io/vmware/nsxt\"]",
      "instances": [
        {
          "schema_version": 0,
          "attributes": {
            "conjunction": [],
            "context": [],
            "criteria": [
              {
                "condition": [
                  {
                    "key": "Tag",
                    "member_type": "VirtualMachine",
                    "operator": "EQUALS",
                    "value": "ten-wld10"
                  }
                ],
                "external_id_expression": [],
                "ipaddress_expression": [],
                "macaddress_expression": [],
                "path_expression": []
              }
            ],
            "description": "Group for all VMs in tenant wld10",
            "display_name": "ten-wld10",
            "domain": "default",
            "extended_criteria": [],
            "group_type": null,
            "id": "3646e922-5136-4059-aacc-bfd6d85e7080",
            "nsx_id": "3646e922-5136-4059-aacc-bfd6d85e7080",
            "path": "/infra/domains/default/groups/3646e922-5136-4059-aacc-bfd6d85e7080",
            "revision": 0,
            "tag": [
              {
                "scope": "tenant",
                "tag": "ten-wld10"
              }
            ]
          },
          "sensitive_attributes": [],
          "private": "bnVsbA==",
          "dependencies": [
            "module.tags.data.nsxt_policy_vm.vms",
            "module.tags.nsxt_policy_vm_tags.hierarchy_tags"
          ]
        }
      ]
    },
    {
      "module": "module.policies[\"wld09\"]",
      "mode": "managed",
      "type": "nsxt_policy_security_policy",
      "name": "application_policy",
      "provider": "provider[\"registry.terraform.io/vmware/nsxt\"]",
      "instances": [
        {
          "index_key": 0,
          "schema_version": 0,
          "attributes": {
            "category": "Application",
            "comments": "",
            "context": [],
            "description": "Application security policy for tenant wld09",
            "display_name": "app-wld09-policy",
            "domain": "default",
            "id": "41e5894b-083e-491b-aba7-8a97f77b917c",
            "locked": false,
            "nsx_id": "41e5894b-083e-491b-aba7-8a97f77b917c",
            "path": "/infra/domains/default/security-policies/41e5894b-083e-491b-aba7-8a97f77b917c",
            "revision": 0,
            "rule": [
              {
                "action": "ALLOW",
                "description": "",
                "destination_groups": [
                  "/infra/domains/default/groups/1cef9e30-d517-4f35-861f-3224c7723366",
                  "/infra/domains/default/groups/74b239e9-118d-4a37-965e-2bf692b6c093",
                  "/infra/domains/default/groups/d0328fc0-cd34-4cae-b12e-4558780301a7"
                ],
                "destinations_excluded": false,
                "direction": "IN_OUT",
                "disabled": false,
                "display_name": "Allow jumphost to web servers on port 443",
                "ip_version": "IPV4_IPV6",
                "log_label": "",
                "logged": true,
                "notes": "",
                "nsx_id": "226de188-ca14-4ac2-8705-b2d401ec657c",
                "profiles": null,
                "revision": 0,
                "rule_id": 10357,
                "scope": null,
                "sequence_number": 1,
                "services": [
                  "/infra/services/c5aa37a6-fbc2-4a18-a08f-375bd411bc87"
                ],
                "source_groups": [
                  "/infra/domains/default/groups/adfadff8-910d-49e1-92db-abffe95f583f"
                ],
                "sources_excluded": false,
                "tag": []
              },
              {
                "action": "ALLOW",
                "description": "",
                "destination_groups": [
                  "/infra/domains/default/groups/0bd47ef8-5d0e-4225-bf34-1ea3085d3f06",
                  "/infra/domains/default/groups/28ebef4f-e4ea-42d2-b910-619128a8c7e5",
                  "/infra/domains/default/groups/e9865ee8-318d-4c09-a11f-4d727372a6dc"
                ],
                "destinations_excluded": false,
                "direction": "IN_OUT",
                "disabled": false,
                "display_name": "Allow web servers to application servers on port 8443",
                "ip_version": "IPV4_IPV6",
                "log_label": "",
                "logged": true,
                "notes": "",
                "nsx_id": "e5028ca5-2b3a-4a28-ba31-14a0d3c1bb8b",
                "profiles": null,
                "revision": 0,
                "rule_id": 10358,
                "scope": null,
                "sequence_number": 2,
                "services": [
                  "/infra/services/8a1acbcb-d289-497b-be66-d689b514671d"
                ],
                "source_groups": [
                  "/infra/domains/default/groups/1cef9e30-d517-4f35-861f-3224c7723366",
                  "/infra/domains/default/groups/74b239e9-118d-4a37-965e-2bf692b6c093",
                  "/infra/domains/default/groups/d0328fc0-cd34-4cae-b12e-4558780301a7"
                ],
                "sources_excluded": false,
                "tag": []
              },
              {
                "action": "ALLOW",
                "description": "",
                "destination_groups": [
                  "/infra/domains/default/groups/4cc97c73-d12b-4d75-bbfc-8d2afe1aaafa",
                  "/infra/domains/default/groups/63b00a23-2736-4551-969f-f5dfd86b3b7f",
                  "/infra/domains/default/groups/d06dd328-e197-4305-9a1f-c461103b0102"
                ],
                "destinations_excluded": false,
                "direction": "IN_OUT",
                "disabled": false,
                "display_name": "Allow application servers to database servers on port 3306",
                "ip_version": "IPV4_IPV6",
                "log_label": "",
                "logged": true,
                "notes": "",
                "nsx_id": "f07682b1-d05c-4fff-8a98-059c8f7f6867",
                "profiles": null,
                "revision": 0,
                "rule_id": 10361,
                "scope": null,
                "sequence_number": 3,
                "services": [
                  "/infra/services/29bf78a5-ad50-4af4-857f-a0d3bd3114d7"
                ],
                "source_groups": [
                  "/infra/domains/default/groups/0bd47ef8-5d0e-4225-bf34-1ea3085d3f06",
                  "/infra/domains/default/groups/28ebef4f-e4ea-42d2-b910-619128a8c7e5",
                  "/infra/domains/default/groups/e9865ee8-318d-4c09-a11f-4d727372a6dc"
                ],
                "sources_excluded": false,
                "tag": []
              },
              {
                "action": "ALLOW",
                "description": "",
                "destination_groups": [
                  "/infra/domains/default/groups/9af61df6-75b3-44ce-aeaf-c3e04a9dd6ad"
                ],
                "destinations_excluded": false,
                "direction": "IN_OUT",
                "disabled": false,
                "display_name": "Allow wld09 servers to external DNS on port 53",
                "ip_version": "IPV4_IPV6",
                "log_label": "",
                "logged": true,
                "notes": "",
                "nsx_id": "3eb7a705-4cfe-49cd-af1a-2b6e827ba3ed",
                "profiles": null,
                "revision": 0,
                "rule_id": 10363,
                "scope": null,
                "sequence_number": 4,
                "services": [
                  "/infra/services/7f06ed8f-9761-461d-939c-066eb48e088a"
                ],
                "source_groups": [
                  "/infra/domains/default/groups/127cae7a-e496-4e14-816f-8e5347500293"
                ],
                "sources_excluded": false,
                "tag": []
              }
            ],
            "scope": [
              "/infra/domains/default/groups/127cae7a-e496-4e14-816f-8e5347500293"
            ],
            "sequence_number": 3,
            "stateful": true,
            "tag": [],
            "tcp_strict": false
          },
          "sensitive_attributes": [],
          "private": "bnVsbA==",
          "dependencies": [
            "module.groups.nsxt_policy_group.application_groups",
            "module.groups.nsxt_policy_group.emergency_groups",
            "module.groups.nsxt_policy_group.environment_groups",
            "module.groups.nsxt_policy_group.external_service_groups",
            "module.groups.nsxt_policy_group.sub_application_groups",
            "module.groups.nsxt_policy_group.tenant_group",
            "module.policies.nsxt_policy_security_policy.emergency_policy",
            "module.policies.nsxt_policy_security_policy.environment_policy",
            "module.services.nsxt_policy_service.service",
            "module.tags.data.nsxt_policy_vm.vms",
            "module.tags.nsxt_policy_vm_tags.hierarchy_tags"
          ]
        }
      ]
    },
    {
      "module": "module.policies[\"wld09\"]",
      "mode": "managed",
      "type": "nsxt_policy_security_policy",
      "name": "emergency_policy",
      "provider": "provider[\"registry.terraform.io/vmware/nsxt\"]",
      "instances": [
        {
          "index_key": 0,
          "schema_version": 0,
          "attributes": {
            "category": "Emergency",
            "comments": "",
            "context": [],
            "description": "Emergency security policy for tenant wld09",
            "display_name": "emergency-wld09-policy",
            "domain": "default",
            "id": "877e8248-a9eb-4e6f-be6e-751b4e066129",
            "locked": false,
            "nsx_id": "877e8248-a9eb-4e6f-be6e-751b4e066129",
            "path": "/infra/domains/default/security-policies/877e8248-a9eb-4e6f-be6e-751b4e066129",
            "revision": 0,
            "rule": [
              {
                "action": "ALLOW",
                "description": "",
                "destination_groups": null,
                "destinations_excluded": false,
                "direction": "IN_OUT",
                "disabled": false,
                "display_name": "Allow emergency rule on VMs with this tag",
                "ip_version": "IPV4_IPV6",
                "log_label": "",
                "logged": true,
                "notes": "",
                "nsx_id": "a944bf09-3d74-4411-91c1-b5eff2235976",
                "profiles": null,
                "revision": 0,
                "rule_id": 10351,
                "scope": null,
                "sequence_number": 1,
                "services": null,
                "source_groups": [
                  "/infra/domains/default/groups/ffcc3172-55bf-4586-a5f7-ae6b4d059187"
                ],
                "sources_excluded": false,
                "tag": []
              }
            ],
            "scope": [
              "/infra/domains/default/groups/127cae7a-e496-4e14-816f-8e5347500293"
            ],
            "sequence_number": 1,
            "stateful": true,
            "tag": [],
            "tcp_strict": false
          },
          "sensitive_attributes": [],
          "private": "bnVsbA==",
          "dependencies": [
            "module.groups.nsxt_policy_group.application_groups",
            "module.groups.nsxt_policy_group.emergency_groups",
            "module.groups.nsxt_policy_group.environment_groups",
            "module.groups.nsxt_policy_group.external_service_groups",
            "module.groups.nsxt_policy_group.sub_application_groups",
            "module.groups.nsxt_policy_group.tenant_group",
            "module.services.nsxt_policy_service.service",
            "module.tags.data.nsxt_policy_vm.vms",
            "module.tags.nsxt_policy_vm_tags.hierarchy_tags"
          ]
        }
      ]
    },
    {
      "module": "module.policies[\"wld09\"]",
      "mode": "managed",
      "type": "nsxt_policy_security_policy",
      "name": "environment_policy",
      "provider": "provider[\"registry.terraform.io/vmware/nsxt\"]",
      "instances": [
        {
          "index_key": 0,
          "schema_version": 0,
          "attributes": {
            "category": "Environment",
            "comments": "",
            "context": [],
            "description": "Environment security policy for tenant wld09",
            "display_name": "env-wld09-policy",
            "domain": "default",
            "id": "11abbe41-c1b0-4b4f-b35e-8fca7f2ba6ac",
            "locked": false,
            "nsx_id": "11abbe41-c1b0-4b4f-b35e-8fca7f2ba6ac",
            "path": "/infra/domains/default/security-policies/11abbe41-c1b0-4b4f-b35e-8fca7f2ba6ac",
            "revision": 0,
            "rule": [
              {
                "action": "ALLOW",
                "description": "",
                "destination_groups": [
                  "/infra/domains/default/groups/066eab27-6c51-4c72-a639-d41dacc43aaa"
                ],
                "destinations_excluded": false,
                "direction": "IN_OUT",
                "disabled": false,
                "display_name": "Allow prod environment to test environment",
                "ip_version": "IPV4_IPV6",
                "log_label": "",
                "logged": true,
                "notes": "",
                "nsx_id": "b4a7a503-e00c-4762-80df-cbfb502abd5f",
                "profiles": null,
                "revision": 0,
                "rule_id": 10353,
                "scope": null,
                "sequence_number": 1,
                "services": null,
                "source_groups": [
                  "/infra/domains/default/groups/630a46b9-1412-44e7-ba7f-3ed0fde88048"
                ],
                "sources_excluded": false,
                "tag": []
              },
              {
                "action": "DROP",
                "description": "",
                "destination_groups": [
                  "/infra/domains/default/groups/630a46b9-1412-44e7-ba7f-3ed0fde88048"
                ],
                "destinations_excluded": false,
                "direction": "IN_OUT",
                "disabled": false,
                "display_name": "Block test environment from prod environment",
                "ip_version": "IPV4_IPV6",
                "log_label": "",
                "logged": true,
                "notes": "",
                "nsx_id": "0ce15eac-1be0-413c-ae29-0e014a273950",
                "profiles": null,
                "revision": 0,
                "rule_id": 10354,
                "scope": null,
                "sequence_number": 2,
                "services": null,
                "source_groups": [
                  "/infra/domains/default/groups/066eab27-6c51-4c72-a639-d41dacc43aaa"
                ],
                "sources_excluded": false,
                "tag": []
              }
            ],
            "scope": [
              "/infra/domains/default/groups/127cae7a-e496-4e14-816f-8e5347500293"
            ],
            "sequence_number": 2,
            "stateful": true,
            "tag": [],
            "tcp_strict": false
          },
          "sensitive_attributes": [],
          "private": "bnVsbA==",
          "dependencies": [
            "module.groups.nsxt_policy_group.application_groups",
            "module.groups.nsxt_policy_group.emergency_groups",
            "module.groups.nsxt_policy_group.environment_groups",
            "module.groups.nsxt_policy_group.external_service_groups",
            "module.groups.nsxt_policy_group.sub_application_groups",
            "module.groups.nsxt_policy_group.tenant_group",
            "module.policies.nsxt_policy_security_policy.emergency_policy",
            "module.services.nsxt_policy_service.service",
            "module.tags.data.nsxt_policy_vm.vms",
            "module.tags.nsxt_policy_vm_tags.hierarchy_tags"
          ]
        }
      ]
    },
    {
      "module": "module.policies[\"wld10\"]",
      "mode": "managed",
      "type": "nsxt_policy_security_policy",
      "name": "application_policy",
      "provider": "provider[\"registry.terraform.io/vmware/nsxt\"]",
      "instances": [
        {
          "index_key": 0,
          "schema_version": 0,
          "attributes": {
            "category": "Application",
            "comments": "",
            "context": [],
            "description": "Application security policy for tenant wld10",
            "display_name": "app-wld10-policy",
            "domain": "default",
            "id": "e87366f2-498c-4dea-8461-8b3b5099e8d2",
            "locked": false,
            "nsx_id": "e87366f2-498c-4dea-8461-8b3b5099e8d2",
            "path": "/infra/domains/default/security-policies/e87366f2-498c-4dea-8461-8b3b5099e8d2",
            "revision": 0,
            "rule": [
              {
                "action": "ALLOW",
                "description": "",
                "destination_groups": [
                  "/infra/domains/default/groups/77e756d0-66d2-4ebd-8249-4106642d9743",
                  "/infra/domains/default/groups/991ac75b-993d-4871-b58c-48c760d93421",
                  "/infra/domains/default/groups/b53caf88-25f8-423c-be74-3c9675943ee9"
                ],
                "destinations_excluded": false,
                "direction": "IN_OUT",
                "disabled": false,
                "display_name": "Allow jumphost to web servers on port 443",
                "ip_version": "IPV4_IPV6",
                "log_label": "",
                "logged": true,
                "notes": "",
                "nsx_id": "a98415ba-f69e-451c-9285-410864cacd69",
                "profiles": null,
                "revision": 0,
                "rule_id": 10356,
                "scope": null,
                "sequence_number": 1,
                "services": [
                  "/infra/services/86bbdc95-95f1-49ce-a1ab-be09d1c45d5d"
                ],
                "source_groups": [
                  "/infra/domains/default/groups/933fd1b8-10eb-41ce-8b7f-7a4ac11f570a"
                ],
                "sources_excluded": false,
                "tag": []
              },
              {
                "action": "ALLOW",
                "description": "",
                "destination_groups": [
                  "/infra/domains/default/groups/0d0ee20f-34ce-49a1-bba8-d2515452aadb",
                  "/infra/domains/default/groups/60833f0d-fc9f-4940-8fb4-5a7427d552c8",
                  "/infra/domains/default/groups/fe2e5860-9771-4680-95ae-27b0bca8eac9"
                ],
                "destinations_excluded": false,
                "direction": "IN_OUT",
                "disabled": false,
                "display_name": "Allow web servers to application servers on port 8443",
                "ip_version": "IPV4_IPV6",
                "log_label": "",
                "logged": true,
                "notes": "",
                "nsx_id": "e320962b-d64f-443b-929b-b7fe16c7ed0a",
                "profiles": null,
                "revision": 0,
                "rule_id": 10359,
                "scope": null,
                "sequence_number": 2,
                "services": [
                  "/infra/services/99be6904-0d66-4b34-b7a3-bc59bbe0eb2c"
                ],
                "source_groups": [
                  "/infra/domains/default/groups/77e756d0-66d2-4ebd-8249-4106642d9743",
                  "/infra/domains/default/groups/991ac75b-993d-4871-b58c-48c760d93421",
                  "/infra/domains/default/groups/b53caf88-25f8-423c-be74-3c9675943ee9"
                ],
                "sources_excluded": false,
                "tag": []
              },
              {
                "action": "ALLOW",
                "description": "",
                "destination_groups": [
                  "/infra/domains/default/groups/047337a2-5f4b-46ea-bf3a-eb4397d3f60c",
                  "/infra/domains/default/groups/cece5434-bdd7-45b3-85da-b9687ae6bd1a",
                  "/infra/domains/default/groups/ee4ab61e-d00a-47cf-8601-de3cf9e508ae"
                ],
                "destinations_excluded": false,
                "direction": "IN_OUT",
                "disabled": false,
                "display_name": "Allow application servers to database servers on port 3306",
                "ip_version": "IPV4_IPV6",
                "log_label": "",
                "logged": true,
                "notes": "",
                "nsx_id": "51ea4c1d-d61c-47d7-a8ee-bcdf82102b1f",
                "profiles": null,
                "revision": 0,
                "rule_id": 10360,
                "scope": null,
                "sequence_number": 3,
                "services": [
                  "/infra/services/db5ae560-db83-4cbb-81ca-0ec65baf4167"
                ],
                "source_groups": [
                  "/infra/domains/default/groups/0d0ee20f-34ce-49a1-bba8-d2515452aadb",
                  "/infra/domains/default/groups/60833f0d-fc9f-4940-8fb4-5a7427d552c8",
                  "/infra/domains/default/groups/fe2e5860-9771-4680-95ae-27b0bca8eac9"
                ],
                "sources_excluded": false,
                "tag": []
              },
              {
                "action": "ALLOW",
                "description": "",
                "destination_groups": [
                  "/infra/domains/default/groups/0aaa8694-07c5-499a-b17e-71144c872a99"
                ],
                "destinations_excluded": false,
                "direction": "IN_OUT",
                "disabled": false,
                "display_name": "Allow wld10 servers to external DNS on port 53",
                "ip_version": "IPV4_IPV6",
                "log_label": "",
                "logged": true,
                "notes": "",
                "nsx_id": "8fcae2a6-5e92-4c33-a31c-82aa13895e79",
                "profiles": null,
                "revision": 0,
                "rule_id": 10362,
                "scope": null,
                "sequence_number": 4,
                "services": [
                  "/infra/services/c0208dd2-1b6f-4bbf-8dc5-c4f624906c1d"
                ],
                "source_groups": [
                  "/infra/domains/default/groups/3646e922-5136-4059-aacc-bfd6d85e7080"
                ],
                "sources_excluded": false,
                "tag": []
              }
            ],
            "scope": [
              "/infra/domains/default/groups/3646e922-5136-4059-aacc-bfd6d85e7080"
            ],
            "sequence_number": 3,
            "stateful": true,
            "tag": [],
            "tcp_strict": false
          },
          "sensitive_attributes": [],
          "private": "bnVsbA==",
          "dependencies": [
            "module.groups.nsxt_policy_group.application_groups",
            "module.groups.nsxt_policy_group.emergency_groups",
            "module.groups.nsxt_policy_group.environment_groups",
            "module.groups.nsxt_policy_group.external_service_groups",
            "module.groups.nsxt_policy_group.sub_application_groups",
            "module.groups.nsxt_policy_group.tenant_group",
            "module.policies.nsxt_policy_security_policy.emergency_policy",
            "module.policies.nsxt_policy_security_policy.environment_policy",
            "module.services.nsxt_policy_service.service",
            "module.tags.data.nsxt_policy_vm.vms",
            "module.tags.nsxt_policy_vm_tags.hierarchy_tags"
          ]
        }
      ]
    },
    {
      "module": "module.policies[\"wld10\"]",
      "mode": "managed",
      "type": "nsxt_policy_security_policy",
      "name": "emergency_policy",
      "provider": "provider[\"registry.terraform.io/vmware/nsxt\"]",
      "instances": [
        {
          "index_key": 0,
          "schema_version": 0,
          "attributes": {
            "category": "Emergency",
            "comments": "",
            "context": [],
            "description": "Emergency security policy for tenant wld10",
            "display_name": "emergency-wld10-policy",
            "domain": "default",
            "id": "a4df9a60-0564-46df-85a4-f7c80bfcdf7c",
            "locked": false,
            "nsx_id": "a4df9a60-0564-46df-85a4-f7c80bfcdf7c",
            "path": "/infra/domains/default/security-policies/a4df9a60-0564-46df-85a4-f7c80bfcdf7c",
            "revision": 0,
            "rule": [
              {
                "action": "ALLOW",
                "description": "",
                "destination_groups": null,
                "destinations_excluded": false,
                "direction": "IN_OUT",
                "disabled": false,
                "display_name": "Allow emergency rule on VMs with this tag",
                "ip_version": "IPV4_IPV6",
                "log_label": "",
                "logged": true,
                "notes": "",
                "nsx_id": "8490487e-697a-4641-8366-5d3acdb929e7",
                "profiles": null,
                "revision": 0,
                "rule_id": 10350,
                "scope": null,
                "sequence_number": 1,
                "services": null,
                "source_groups": [
                  "/infra/domains/default/groups/23f79e05-8ead-4640-b3a5-23d6b614cc04"
                ],
                "sources_excluded": false,
                "tag": []
              }
            ],
            "scope": [
              "/infra/domains/default/groups/3646e922-5136-4059-aacc-bfd6d85e7080"
            ],
            "sequence_number": 1,
            "stateful": true,
            "tag": [],
            "tcp_strict": false
          },
          "sensitive_attributes": [],
          "private": "bnVsbA==",
          "dependencies": [
            "module.groups.nsxt_policy_group.application_groups",
            "module.groups.nsxt_policy_group.emergency_groups",
            "module.groups.nsxt_policy_group.environment_groups",
            "module.groups.nsxt_policy_group.external_service_groups",
            "module.groups.nsxt_policy_group.sub_application_groups",
            "module.groups.nsxt_policy_group.tenant_group",
            "module.services.nsxt_policy_service.service",
            "module.tags.data.nsxt_policy_vm.vms",
            "module.tags.nsxt_policy_vm_tags.hierarchy_tags"
          ]
        }
      ]
    },
    {
      "module": "module.policies[\"wld10\"]",
      "mode": "managed",
      "type": "nsxt_policy_security_policy",
      "name": "environment_policy",
      "provider": "provider[\"registry.terraform.io/vmware/nsxt\"]",
      "instances": [
        {
          "index_key": 0,
          "schema_version": 0,
          "attributes": {
            "category": "Environment",
            "comments": "",
            "context": [],
            "description": "Environment security policy for tenant wld10",
            "display_name": "env-wld10-policy",
            "domain": "default",
            "id": "2ed4599a-c517-47c5-8fdc-a15bc2d08872",
            "locked": false,
            "nsx_id": "2ed4599a-c517-47c5-8fdc-a15bc2d08872",
            "path": "/infra/domains/default/security-policies/2ed4599a-c517-47c5-8fdc-a15bc2d08872",
            "revision": 0,
            "rule": [
              {
                "action": "ALLOW",
                "description": "",
                "destination_groups": [
                  "/infra/domains/default/groups/0634ab02-2417-441f-91bc-1cef9862f21b"
                ],
                "destinations_excluded": false,
                "direction": "IN_OUT",
                "disabled": false,
                "display_name": "Allow dev environment to acc environment",
                "ip_version": "IPV4_IPV6",
                "log_label": "",
                "logged": true,
                "notes": "",
                "nsx_id": "418d34b9-b9a0-46ab-b811-9d2c06ae92a3",
                "profiles": null,
                "revision": 0,
                "rule_id": 10352,
                "scope": null,
                "sequence_number": 1,
                "services": null,
                "source_groups": [
                  "/infra/domains/default/groups/f857074d-b210-450d-b2af-71d316402eda"
                ],
                "sources_excluded": false,
                "tag": []
              },
              {
                "action": "DROP",
                "description": "",
                "destination_groups": [
                  "/infra/domains/default/groups/f857074d-b210-450d-b2af-71d316402eda"
                ],
                "destinations_excluded": false,
                "direction": "IN_OUT",
                "disabled": false,
                "display_name": "Block acc environment from dev environment",
                "ip_version": "IPV4_IPV6",
                "log_label": "",
                "logged": true,
                "notes": "",
                "nsx_id": "07324e42-5ca4-4511-ba41-ea61a9bd8fac",
                "profiles": null,
                "revision": 0,
                "rule_id": 10355,
                "scope": null,
                "sequence_number": 2,
                "services": null,
                "source_groups": [
                  "/infra/domains/default/groups/0634ab02-2417-441f-91bc-1cef9862f21b"
                ],
                "sources_excluded": false,
                "tag": []
              }
            ],
            "scope": [
              "/infra/domains/default/groups/3646e922-5136-4059-aacc-bfd6d85e7080"
            ],
            "sequence_number": 2,
            "stateful": true,
            "tag": [],
            "tcp_strict": false
          },
          "sensitive_attributes": [],
          "private": "bnVsbA==",
          "dependencies": [
            "module.groups.nsxt_policy_group.application_groups",
            "module.groups.nsxt_policy_group.emergency_groups",
            "module.groups.nsxt_policy_group.environment_groups",
            "module.groups.nsxt_policy_group.external_service_groups",
            "module.groups.nsxt_policy_group.sub_application_groups",
            "module.groups.nsxt_policy_group.tenant_group",
            "module.policies.nsxt_policy_security_policy.emergency_policy",
            "module.services.nsxt_policy_service.service",
            "module.tags.data.nsxt_policy_vm.vms",
            "module.tags.nsxt_policy_vm_tags.hierarchy_tags"
          ]
        }
      ]
    },
    {
      "module": "module.services[\"wld09\"]",
      "mode": "managed",
      "type": "nsxt_policy_service",
      "name": "service",
      "provider": "provider[\"registry.terraform.io/vmware/nsxt\"]",
      "instances": [
        {
          "index_key": "tcp_3306",
          "schema_version": 0,
          "attributes": {
            "algorithm_entry": [],
            "context": [],
            "description": "Service for tcp_3306",
            "display_name": "svc-wld09-tcp_3306",
            "ether_type_entry": [],
            "icmp_entry": [],
            "id": "29bf78a5-ad50-4af4-857f-a0d3bd3114d7",
            "igmp_entry": [],
            "ip_protocol_entry": [],
            "l4_port_set_entry": [
              {
                "description": "",
                "destination_ports": [
                  "3306"
                ],
                "display_name": "port-tcp_3306",
                "protocol": "TCP",
                "source_ports": []
              }
            ],
            "nested_service_entry": [],
            "nsx_id": "29bf78a5-ad50-4af4-857f-a0d3bd3114d7",
            "path": "/infra/services/29bf78a5-ad50-4af4-857f-a0d3bd3114d7",
            "revision": 0,
            "tag": []
          },
          "sensitive_attributes": [],
          "private": "bnVsbA==",
          "dependencies": [
            "module.groups.nsxt_policy_group.application_groups",
            "module.groups.nsxt_policy_group.emergency_groups",
            "module.groups.nsxt_policy_group.environment_groups",
            "module.groups.nsxt_policy_group.external_service_groups",
            "module.groups.nsxt_policy_group.sub_application_groups",
            "module.groups.nsxt_policy_group.tenant_group",
            "module.tags.data.nsxt_policy_vm.vms",
            "module.tags.nsxt_policy_vm_tags.hierarchy_tags"
          ]
        },
        {
          "index_key": "tcp_443",
          "schema_version": 0,
          "attributes": {
            "algorithm_entry": [],
            "context": [],
            "description": "Service for tcp_443",
            "display_name": "svc-wld09-tcp_443",
            "ether_type_entry": [],
            "icmp_entry": [],
            "id": "c5aa37a6-fbc2-4a18-a08f-375bd411bc87",
            "igmp_entry": [],
            "ip_protocol_entry": [],
            "l4_port_set_entry": [
              {
                "description": "",
                "destination_ports": [
                  "443"
                ],
                "display_name": "port-tcp_443",
                "protocol": "TCP",
                "source_ports": []
              }
            ],
            "nested_service_entry": [],
            "nsx_id": "c5aa37a6-fbc2-4a18-a08f-375bd411bc87",
            "path": "/infra/services/c5aa37a6-fbc2-4a18-a08f-375bd411bc87",
            "revision": 0,
            "tag": []
          },
          "sensitive_attributes": [],
          "private": "bnVsbA==",
          "dependencies": [
            "module.groups.nsxt_policy_group.application_groups",
            "module.groups.nsxt_policy_group.emergency_groups",
            "module.groups.nsxt_policy_group.environment_groups",
            "module.groups.nsxt_policy_group.external_service_groups",
            "module.groups.nsxt_policy_group.sub_application_groups",
            "module.groups.nsxt_policy_group.tenant_group",
            "module.tags.data.nsxt_policy_vm.vms",
            "module.tags.nsxt_policy_vm_tags.hierarchy_tags"
          ]
        },
        {
          "index_key": "tcp_8443",
          "schema_version": 0,
          "attributes": {
            "algorithm_entry": [],
            "context": [],
            "description": "Service for tcp_8443",
            "display_name": "svc-wld09-tcp_8443",
            "ether_type_entry": [],
            "icmp_entry": [],
            "id": "8a1acbcb-d289-497b-be66-d689b514671d",
            "igmp_entry": [],
            "ip_protocol_entry": [],
            "l4_port_set_entry": [
              {
                "description": "",
                "destination_ports": [
                  "8443"
                ],
                "display_name": "port-tcp_8443",
                "protocol": "TCP",
                "source_ports": []
              }
            ],
            "nested_service_entry": [],
            "nsx_id": "8a1acbcb-d289-497b-be66-d689b514671d",
            "path": "/infra/services/8a1acbcb-d289-497b-be66-d689b514671d",
            "revision": 0,
            "tag": []
          },
          "sensitive_attributes": [],
          "private": "bnVsbA==",
          "dependencies": [
            "module.groups.nsxt_policy_group.application_groups",
            "module.groups.nsxt_policy_group.emergency_groups",
            "module.groups.nsxt_policy_group.environment_groups",
            "module.groups.nsxt_policy_group.external_service_groups",
            "module.groups.nsxt_policy_group.sub_application_groups",
            "module.groups.nsxt_policy_group.tenant_group",
            "module.tags.data.nsxt_policy_vm.vms",
            "module.tags.nsxt_policy_vm_tags.hierarchy_tags"
          ]
        },
        {
          "index_key": "udp_53",
          "schema_version": 0,
          "attributes": {
            "algorithm_entry": [],
            "context": [],
            "description": "Service for udp_53",
            "display_name": "svc-wld09-udp_53",
            "ether_type_entry": [],
            "icmp_entry": [],
            "id": "7f06ed8f-9761-461d-939c-066eb48e088a",
            "igmp_entry": [],
            "ip_protocol_entry": [],
            "l4_port_set_entry": [
              {
                "description": "",
                "destination_ports": [
                  "53"
                ],
                "display_name": "port-udp_53",
                "protocol": "UDP",
                "source_ports": []
              }
            ],
            "nested_service_entry": [],
            "nsx_id": "7f06ed8f-9761-461d-939c-066eb48e088a",
            "path": "/infra/services/7f06ed8f-9761-461d-939c-066eb48e088a",
            "revision": 0,
            "tag": []
          },
          "sensitive_attributes": [],
          "private": "bnVsbA==",
          "dependencies": [
            "module.groups.nsxt_policy_group.application_groups",
            "module.groups.nsxt_policy_group.emergency_groups",
            "module.groups.nsxt_policy_group.environment_groups",
            "module.groups.nsxt_policy_group.external_service_groups",
            "module.groups.nsxt_policy_group.sub_application_groups",
            "module.groups.nsxt_policy_group.tenant_group",
            "module.tags.data.nsxt_policy_vm.vms",
            "module.tags.nsxt_policy_vm_tags.hierarchy_tags"
          ]
        }
      ]
    },
    {
      "module": "module.services[\"wld10\"]",
      "mode": "managed",
      "type": "nsxt_policy_service",
      "name": "service",
      "provider": "provider[\"registry.terraform.io/vmware/nsxt\"]",
      "instances": [
        {
          "index_key": "tcp_3306",
          "schema_version": 0,
          "attributes": {
            "algorithm_entry": [],
            "context": [],
            "description": "Service for tcp_3306",
            "display_name": "svc-wld10-tcp_3306",
            "ether_type_entry": [],
            "icmp_entry": [],
            "id": "db5ae560-db83-4cbb-81ca-0ec65baf4167",
            "igmp_entry": [],
            "ip_protocol_entry": [],
            "l4_port_set_entry": [
              {
                "description": "",
                "destination_ports": [
                  "3306"
                ],
                "display_name": "port-tcp_3306",
                "protocol": "TCP",
                "source_ports": []
              }
            ],
            "nested_service_entry": [],
            "nsx_id": "db5ae560-db83-4cbb-81ca-0ec65baf4167",
            "path": "/infra/services/db5ae560-db83-4cbb-81ca-0ec65baf4167",
            "revision": 0,
            "tag": []
          },
          "sensitive_attributes": [],
          "private": "bnVsbA==",
          "dependencies": [
            "module.groups.nsxt_policy_group.application_groups",
            "module.groups.nsxt_policy_group.emergency_groups",
            "module.groups.nsxt_policy_group.environment_groups",
            "module.groups.nsxt_policy_group.external_service_groups",
            "module.groups.nsxt_policy_group.sub_application_groups",
            "module.groups.nsxt_policy_group.tenant_group",
            "module.tags.data.nsxt_policy_vm.vms",
            "module.tags.nsxt_policy_vm_tags.hierarchy_tags"
          ]
        },
        {
          "index_key": "tcp_443",
          "schema_version": 0,
          "attributes": {
            "algorithm_entry": [],
            "context": [],
            "description": "Service for tcp_443",
            "display_name": "svc-wld10-tcp_443",
            "ether_type_entry": [],
            "icmp_entry": [],
            "id": "86bbdc95-95f1-49ce-a1ab-be09d1c45d5d",
            "igmp_entry": [],
            "ip_protocol_entry": [],
            "l4_port_set_entry": [
              {
                "description": "",
                "destination_ports": [
                  "443"
                ],
                "display_name": "port-tcp_443",
                "protocol": "TCP",
                "source_ports": []
              }
            ],
            "nested_service_entry": [],
            "nsx_id": "86bbdc95-95f1-49ce-a1ab-be09d1c45d5d",
            "path": "/infra/services/86bbdc95-95f1-49ce-a1ab-be09d1c45d5d",
            "revision": 0,
            "tag": []
          },
          "sensitive_attributes": [],
          "private": "bnVsbA==",
          "dependencies": [
            "module.groups.nsxt_policy_group.application_groups",
            "module.groups.nsxt_policy_group.emergency_groups",
            "module.groups.nsxt_policy_group.environment_groups",
            "module.groups.nsxt_policy_group.external_service_groups",
            "module.groups.nsxt_policy_group.sub_application_groups",
            "module.groups.nsxt_policy_group.tenant_group",
            "module.tags.data.nsxt_policy_vm.vms",
            "module.tags.nsxt_policy_vm_tags.hierarchy_tags"
          ]
        },
        {
          "index_key": "tcp_8443",
          "schema_version": 0,
          "attributes": {
            "algorithm_entry": [],
            "context": [],
            "description": "Service for tcp_8443",
            "display_name": "svc-wld10-tcp_8443",
            "ether_type_entry": [],
            "icmp_entry": [],
            "id": "99be6904-0d66-4b34-b7a3-bc59bbe0eb2c",
            "igmp_entry": [],
            "ip_protocol_entry": [],
            "l4_port_set_entry": [
              {
                "description": "",
                "destination_ports": [
                  "8443"
                ],
                "display_name": "port-tcp_8443",
                "protocol": "TCP",
                "source_ports": []
              }
            ],
            "nested_service_entry": [],
            "nsx_id": "99be6904-0d66-4b34-b7a3-bc59bbe0eb2c",
            "path": "/infra/services/99be6904-0d66-4b34-b7a3-bc59bbe0eb2c",
            "revision": 0,
            "tag": []
          },
          "sensitive_attributes": [],
          "private": "bnVsbA==",
          "dependencies": [
            "module.groups.nsxt_policy_group.application_groups",
            "module.groups.nsxt_policy_group.emergency_groups",
            "module.groups.nsxt_policy_group.environment_groups",
            "module.groups.nsxt_policy_group.external_service_groups",
            "module.groups.nsxt_policy_group.sub_application_groups",
            "module.groups.nsxt_policy_group.tenant_group",
            "module.tags.data.nsxt_policy_vm.vms",
            "module.tags.nsxt_policy_vm_tags.hierarchy_tags"
          ]
        },
        {
          "index_key": "udp_53",
          "schema_version": 0,
          "attributes": {
            "algorithm_entry": [],
            "context": [],
            "description": "Service for udp_53",
            "display_name": "svc-wld10-udp_53",
            "ether_type_entry": [],
            "icmp_entry": [],
            "id": "c0208dd2-1b6f-4bbf-8dc5-c4f624906c1d",
            "igmp_entry": [],
            "ip_protocol_entry": [],
            "l4_port_set_entry": [
              {
                "description": "",
                "destination_ports": [
                  "53"
                ],
                "display_name": "port-udp_53",
                "protocol": "UDP",
                "source_ports": []
              }
            ],
            "nested_service_entry": [],
            "nsx_id": "c0208dd2-1b6f-4bbf-8dc5-c4f624906c1d",
            "path": "/infra/services/c0208dd2-1b6f-4bbf-8dc5-c4f624906c1d",
            "revision": 0,
            "tag": []
          },
          "sensitive_attributes": [],
          "private": "bnVsbA==",
          "dependencies": [
            "module.groups.nsxt_policy_group.application_groups",
            "module.groups.nsxt_policy_group.emergency_groups",
            "module.groups.nsxt_policy_group.environment_groups",
            "module.groups.nsxt_policy_group.external_service_groups",
            "module.groups.nsxt_policy_group.sub_application_groups",
            "module.groups.nsxt_policy_group.tenant_group",
            "module.tags.data.nsxt_policy_vm.vms",
            "module.tags.nsxt_policy_vm_tags.hierarchy_tags"
          ]
        }
      ]
    },
    {
      "module": "module.tags[\"wld09\"]",
      "mode": "data",
      "type": "nsxt_policy_vm",
      "name": "vms",
      "provider": "provider[\"registry.terraform.io/vmware/nsxt\"]",
      "instances": [
        {
          "index_key": "p-app-01a",
          "schema_version": 0,
          "attributes": {
            "bios_id": "420ed69b-758d-155e-63d7-1aa278448f8e",
            "context": null,
            "description": "",
            "display_name": "p-app-01a",
            "external_id": "500e66ad-6efc-e7fe-6ba3-74d45c3eb94f",
            "id": "500e66ad-6efc-e7fe-6ba3-74d45c3eb94f",
            "instance_id": "500e66ad-6efc-e7fe-6ba3-74d45c3eb94f"
          },
          "sensitive_attributes": []
        },
        {
          "index_key": "p-db-01a",
          "schema_version": 0,
          "attributes": {
            "bios_id": "420e40f9-3ff4-ffdd-bdb5-0233b4f0493f",
            "context": null,
            "description": "",
            "display_name": "p-db-01a",
            "external_id": "500eb8ab-1d7d-8803-906e-b540fdcf7f6f",
            "id": "500eb8ab-1d7d-8803-906e-b540fdcf7f6f",
            "instance_id": "500eb8ab-1d7d-8803-906e-b540fdcf7f6f"
          },
          "sensitive_attributes": []
        },
        {
          "index_key": "p-web-01a",
          "schema_version": 0,
          "attributes": {
            "bios_id": "420e446e-cf67-8086-932a-bbebf4f9537e",
            "context": null,
            "description": "",
            "display_name": "p-web-01a",
            "external_id": "500eedf5-5f28-eed1-6a09-0f558d46ad41",
            "id": "500eedf5-5f28-eed1-6a09-0f558d46ad41",
            "instance_id": "500eedf5-5f28-eed1-6a09-0f558d46ad41"
          },
          "sensitive_attributes": []
        },
        {
          "index_key": "p-web-02a",
          "schema_version": 0,
          "attributes": {
            "bios_id": "420e0373-2d68-d850-c333-c9a5b68a9cd0",
            "context": null,
            "description": "",
            "display_name": "p-web-02a",
            "external_id": "500e4b09-2edf-482e-149b-978b60215a45",
            "id": "500e4b09-2edf-482e-149b-978b60215a45",
            "instance_id": "500e4b09-2edf-482e-149b-978b60215a45"
          },
          "sensitive_attributes": []
        },
        {
          "index_key": "p-web-03a",
          "schema_version": 0,
          "attributes": {
            "bios_id": "420ee229-5d04-f4a0-9a68-4531951a77c1",
            "context": null,
            "description": "",
            "display_name": "p-web-03a",
            "external_id": "500e169f-7231-266a-4c3d-fbd4ddaf246b",
            "id": "500e169f-7231-266a-4c3d-fbd4ddaf246b",
            "instance_id": "500e169f-7231-266a-4c3d-fbd4ddaf246b"
          },
          "sensitive_attributes": []
        },
        {
          "index_key": "t-app-01a",
          "schema_version": 0,
          "attributes": {
            "bios_id": "420ec69b-f0eb-f021-e76a-1ba3f8f3f229",
            "context": null,
            "description": "",
            "display_name": "t-app-01a",
            "external_id": "500e1a06-0bb7-5aa2-230c-73642a3e23c1",
            "id": "500e1a06-0bb7-5aa2-230c-73642a3e23c1",
            "instance_id": "500e1a06-0bb7-5aa2-230c-73642a3e23c1"
          },
          "sensitive_attributes": []
        },
        {
          "index_key": "t-db-01a",
          "schema_version": 0,
          "attributes": {
            "bios_id": "420ee52b-28dc-83eb-4b9a-38b8c52f5acd",
            "context": null,
            "description": "",
            "display_name": "t-db-01a",
            "external_id": "500eaab6-b602-787e-fdde-70c3ee2f655a",
            "id": "500eaab6-b602-787e-fdde-70c3ee2f655a",
            "instance_id": "500eaab6-b602-787e-fdde-70c3ee2f655a"
          },
          "sensitive_attributes": []
        },
        {
          "index_key": "t-web-01a",
          "schema_version": 0,
          "attributes": {
            "bios_id": "420e1dbc-a4d5-1ce2-c6dc-703bfeea8d16",
            "context": null,
            "description": "",
            "display_name": "t-web-01a",
            "external_id": "500ea1c4-d4ce-5ff0-eec5-deaa96bcf00e",
            "id": "500ea1c4-d4ce-5ff0-eec5-deaa96bcf00e",
            "instance_id": "500ea1c4-d4ce-5ff0-eec5-deaa96bcf00e"
          },
          "sensitive_attributes": []
        },
        {
          "index_key": "t-web-02a",
          "schema_version": 0,
          "attributes": {
            "bios_id": "420ed273-30b9-6979-6784-c7f94f425260",
            "context": null,
            "description": "",
            "display_name": "t-web-02a",
            "external_id": "500ebfe0-9f49-a1c6-d5d3-bc0c6a42fc91",
            "id": "500ebfe0-9f49-a1c6-d5d3-bc0c6a42fc91",
            "instance_id": "500ebfe0-9f49-a1c6-d5d3-bc0c6a42fc91"
          },
          "sensitive_attributes": []
        },
        {
          "index_key": "t-web-03a",
          "schema_version": 0,
          "attributes": {
            "bios_id": "420e9c03-8ab0-6020-c7ff-ef4f8e691da9",
            "context": null,
            "description": "",
            "display_name": "t-web-03a",
            "external_id": "500e4809-32b4-cbb5-bece-e59d5dc1e4aa",
            "id": "500e4809-32b4-cbb5-bece-e59d5dc1e4aa",
            "instance_id": "500e4809-32b4-cbb5-bece-e59d5dc1e4aa"
          },
          "sensitive_attributes": []
        }
      ]
    },
    {
      "module": "module.tags[\"wld09\"]",
      "mode": "managed",
      "type": "nsxt_policy_vm_tags",
      "name": "hierarchy_tags",
      "provider": "provider[\"registry.terraform.io/vmware/nsxt\"]",
      "instances": [
        {
          "index_key": "p-app-01a",
          "schema_version": 0,
          "attributes": {
            "context": [],
            "id": "500e66ad-6efc-e7fe-6ba3-74d45c3eb94f",
            "instance_id": "500e66ad-6efc-e7fe-6ba3-74d45c3eb94f",
            "port": [],
            "tag": [
              {
                "scope": "application",
                "tag": "app-wld09-prod-3holapp"
              },
              {
                "scope": "application",
                "tag": "app-wld09-prod-application"
              },
              {
                "scope": "environment",
                "tag": "env-wld09-prod"
              },
              {
                "scope": "sub-application",
                "tag": "app-wld09-prod-3holapp-application"
              },
              {
                "scope": "tenant",
                "tag": "ten-wld09"
              }
            ]
          },
          "sensitive_attributes": [],
          "private": "bnVsbA==",
          "dependencies": [
            "module.tags.data.nsxt_policy_vm.vms"
          ]
        },
        {
          "index_key": "p-db-01a",
          "schema_version": 0,
          "attributes": {
            "context": [],
            "id": "500eb8ab-1d7d-8803-906e-b540fdcf7f6f",
            "instance_id": "500eb8ab-1d7d-8803-906e-b540fdcf7f6f",
            "port": [],
            "tag": [
              {
                "scope": "application",
                "tag": "app-wld09-prod-3holapp"
              },
              {
                "scope": "application",
                "tag": "app-wld09-prod-database"
              },
              {
                "scope": "emergency",
                "tag": "emg-wld09"
              },
              {
                "scope": "environment",
                "tag": "env-wld09-prod"
              },
              {
                "scope": "sub-application",
                "tag": "app-wld09-prod-3holapp-database"
              },
              {
                "scope": "tenant",
                "tag": "ten-wld09"
              }
            ]
          },
          "sensitive_attributes": [],
          "private": "bnVsbA==",
          "dependencies": [
            "module.tags.data.nsxt_policy_vm.vms"
          ]
        },
        {
          "index_key": "p-web-01a",
          "schema_version": 0,
          "attributes": {
            "context": [],
            "id": "500eedf5-5f28-eed1-6a09-0f558d46ad41",
            "instance_id": "500eedf5-5f28-eed1-6a09-0f558d46ad41",
            "port": [],
            "tag": [
              {
                "scope": "application",
                "tag": "app-wld09-prod-3holapp"
              },
              {
                "scope": "application",
                "tag": "app-wld09-prod-web"
              },
              {
                "scope": "environment",
                "tag": "env-wld09-prod"
              },
              {
                "scope": "sub-application",
                "tag": "app-wld09-prod-3holapp-web"
              },
              {
                "scope": "tenant",
                "tag": "ten-wld09"
              }
            ]
          },
          "sensitive_attributes": [],
          "private": "bnVsbA==",
          "dependencies": [
            "module.tags.data.nsxt_policy_vm.vms"
          ]
        },
        {
          "index_key": "p-web-02a",
          "schema_version": 0,
          "attributes": {
            "context": [],
            "id": "500e4b09-2edf-482e-149b-978b60215a45",
            "instance_id": "500e4b09-2edf-482e-149b-978b60215a45",
            "port": [],
            "tag": [
              {
                "scope": "application",
                "tag": "app-wld09-prod-3holapp"
              },
              {
                "scope": "application",
                "tag": "app-wld09-prod-web"
              },
              {
                "scope": "environment",
                "tag": "env-wld09-prod"
              },
              {
                "scope": "sub-application",
                "tag": "app-wld09-prod-3holapp-web"
              },
              {
                "scope": "tenant",
                "tag": "ten-wld09"
              }
            ]
          },
          "sensitive_attributes": [],
          "private": "bnVsbA==",
          "dependencies": [
            "module.tags.data.nsxt_policy_vm.vms"
          ]
        },
        {
          "index_key": "p-web-03a",
          "schema_version": 0,
          "attributes": {
            "context": [],
            "id": "500e169f-7231-266a-4c3d-fbd4ddaf246b",
            "instance_id": "500e169f-7231-266a-4c3d-fbd4ddaf246b",
            "port": [],
            "tag": [
              {
                "scope": "application",
                "tag": "app-wld09-prod-3holapp"
              },
              {
                "scope": "application",
                "tag": "app-wld09-prod-web"
              },
              {
                "scope": "environment",
                "tag": "env-wld09-prod"
              },
              {
                "scope": "sub-application",
                "tag": "app-wld09-prod-3holapp-web"
              },
              {
                "scope": "tenant",
                "tag": "ten-wld09"
              }
            ]
          },
          "sensitive_attributes": [],
          "private": "bnVsbA==",
          "dependencies": [
            "module.tags.data.nsxt_policy_vm.vms"
          ]
        },
        {
          "index_key": "t-app-01a",
          "schema_version": 0,
          "attributes": {
            "context": [],
            "id": "500e1a06-0bb7-5aa2-230c-73642a3e23c1",
            "instance_id": "500e1a06-0bb7-5aa2-230c-73642a3e23c1",
            "port": [],
            "tag": [
              {
                "scope": "application",
                "tag": "app-wld09-test-application"
              },
              {
                "scope": "environment",
                "tag": "env-wld09-test"
              },
              {
                "scope": "tenant",
                "tag": "ten-wld09"
              }
            ]
          },
          "sensitive_attributes": [],
          "private": "bnVsbA==",
          "dependencies": [
            "module.tags.data.nsxt_policy_vm.vms"
          ]
        },
        {
          "index_key": "t-db-01a",
          "schema_version": 0,
          "attributes": {
            "context": [],
            "id": "500eaab6-b602-787e-fdde-70c3ee2f655a",
            "instance_id": "500eaab6-b602-787e-fdde-70c3ee2f655a",
            "port": [],
            "tag": [
              {
                "scope": "application",
                "tag": "app-wld09-test-database"
              },
              {
                "scope": "emergency",
                "tag": "emg-wld09"
              },
              {
                "scope": "environment",
                "tag": "env-wld09-test"
              },
              {
                "scope": "tenant",
                "tag": "ten-wld09"
              }
            ]
          },
          "sensitive_attributes": [],
          "private": "bnVsbA==",
          "dependencies": [
            "module.tags.data.nsxt_policy_vm.vms"
          ]
        },
        {
          "index_key": "t-web-01a",
          "schema_version": 0,
          "attributes": {
            "context": [],
            "id": "500ea1c4-d4ce-5ff0-eec5-deaa96bcf00e",
            "instance_id": "500ea1c4-d4ce-5ff0-eec5-deaa96bcf00e",
            "port": [],
            "tag": [
              {
                "scope": "application",
                "tag": "app-wld09-test-web"
              },
              {
                "scope": "environment",
                "tag": "env-wld09-test"
              },
              {
                "scope": "tenant",
                "tag": "ten-wld09"
              }
            ]
          },
          "sensitive_attributes": [],
          "private": "bnVsbA==",
          "dependencies": [
            "module.tags.data.nsxt_policy_vm.vms"
          ]
        },
        {
          "index_key": "t-web-02a",
          "schema_version": 0,
          "attributes": {
            "context": [],
            "id": "500ebfe0-9f49-a1c6-d5d3-bc0c6a42fc91",
            "instance_id": "500ebfe0-9f49-a1c6-d5d3-bc0c6a42fc91",
            "port": [],
            "tag": [
              {
                "scope": "application",
                "tag": "app-wld09-test-web"
              },
              {
                "scope": "environment",
                "tag": "env-wld09-test"
              },
              {
                "scope": "tenant",
                "tag": "ten-wld09"
              }
            ]
          },
          "sensitive_attributes": [],
          "private": "bnVsbA==",
          "dependencies": [
            "module.tags.data.nsxt_policy_vm.vms"
          ]
        },
        {
          "index_key": "t-web-03a",
          "schema_version": 0,
          "attributes": {
            "context": [],
            "id": "500e4809-32b4-cbb5-bece-e59d5dc1e4aa",
            "instance_id": "500e4809-32b4-cbb5-bece-e59d5dc1e4aa",
            "port": [],
            "tag": [
              {
                "scope": "application",
                "tag": "app-wld09-test-web"
              },
              {
                "scope": "environment",
                "tag": "env-wld09-test"
              },
              {
                "scope": "tenant",
                "tag": "ten-wld09"
              }
            ]
          },
          "sensitive_attributes": [],
          "private": "bnVsbA==",
          "dependencies": [
            "module.tags.data.nsxt_policy_vm.vms"
          ]
        }
      ]
    },
    {
      "module": "module.tags[\"wld10\"]",
      "mode": "data",
      "type": "nsxt_policy_vm",
      "name": "vms",
      "provider": "provider[\"registry.terraform.io/vmware/nsxt\"]",
      "instances": [
        {
          "index_key": "a-app-01a",
          "schema_version": 0,
          "attributes": {
            "bios_id": "420e8c54-2e13-0720-e066-1d347acd063b",
            "context": null,
            "description": "",
            "display_name": "a-app-01a",
            "external_id": "500e6909-122a-2c58-6dc2-a85aff0763ae",
            "id": "500e6909-122a-2c58-6dc2-a85aff0763ae",
            "instance_id": "500e6909-122a-2c58-6dc2-a85aff0763ae"
          },
          "sensitive_attributes": []
        },
        {
          "index_key": "a-db-01a",
          "schema_version": 0,
          "attributes": {
            "bios_id": "420e53a9-7a17-e3c0-1d05-48d850a69711",
            "context": null,
            "description": "",
            "display_name": "a-db-01a",
            "external_id": "500ed547-b10a-13b7-1a2d-7ff653061f2b",
            "id": "500ed547-b10a-13b7-1a2d-7ff653061f2b",
            "instance_id": "500ed547-b10a-13b7-1a2d-7ff653061f2b"
          },
          "sensitive_attributes": []
        },
        {
          "index_key": "a-web-01a",
          "schema_version": 0,
          "attributes": {
            "bios_id": "420ee5dc-c141-e5ea-41e3-8253de3bc263",
            "context": null,
            "description": "",
            "display_name": "a-web-01a",
            "external_id": "500e0604-4711-df4b-6ef1-49aaf530b89c",
            "id": "500e0604-4711-df4b-6ef1-49aaf530b89c",
            "instance_id": "500e0604-4711-df4b-6ef1-49aaf530b89c"
          },
          "sensitive_attributes": []
        },
        {
          "index_key": "a-web-02a",
          "schema_version": 0,
          "attributes": {
            "bios_id": "420e2417-4c29-638d-56af-c5df27d4a07e",
            "context": null,
            "description": "",
            "display_name": "a-web-02a",
            "external_id": "500e89db-c11a-e826-e283-6c0a45d64e2c",
            "id": "500e89db-c11a-e826-e283-6c0a45d64e2c",
            "instance_id": "500e89db-c11a-e826-e283-6c0a45d64e2c"
          },
          "sensitive_attributes": []
        },
        {
          "index_key": "a-web-03a",
          "schema_version": 0,
          "attributes": {
            "bios_id": "420e0d6d-ad01-d789-703e-8bdb3eb320f8",
            "context": null,
            "description": "",
            "display_name": "a-web-03a",
            "external_id": "500ecb05-cb4c-5667-c62b-6e06cc6119cc",
            "id": "500ecb05-cb4c-5667-c62b-6e06cc6119cc",
            "instance_id": "500ecb05-cb4c-5667-c62b-6e06cc6119cc"
          },
          "sensitive_attributes": []
        },
        {
          "index_key": "d-app-01a",
          "schema_version": 0,
          "attributes": {
            "bios_id": "420ef397-8750-1059-bb9b-caff1b26443f",
            "context": null,
            "description": "",
            "display_name": "d-app-01a",
            "external_id": "500e52a8-9caa-5b01-0b58-c38e23e3d465",
            "id": "500e52a8-9caa-5b01-0b58-c38e23e3d465",
            "instance_id": "500e52a8-9caa-5b01-0b58-c38e23e3d465"
          },
          "sensitive_attributes": []
        },
        {
          "index_key": "d-db-01a",
          "schema_version": 0,
          "attributes": {
            "bios_id": "420e7d42-c21a-0fa3-07a3-b915f0ab32c0",
            "context": null,
            "description": "",
            "display_name": "d-db-01a",
            "external_id": "500e8ba2-1ade-1ab8-39c3-34a8046bbe39",
            "id": "500e8ba2-1ade-1ab8-39c3-34a8046bbe39",
            "instance_id": "500e8ba2-1ade-1ab8-39c3-34a8046bbe39"
          },
          "sensitive_attributes": []
        },
        {
          "index_key": "d-web-01a",
          "schema_version": 0,
          "attributes": {
            "bios_id": "420e8cd4-3f2a-521e-8d32-589e010a45cf",
            "context": null,
            "description": "",
            "display_name": "d-web-01a",
            "external_id": "500e408d-f3bd-280f-2e05-b3787ec63333",
            "id": "500e408d-f3bd-280f-2e05-b3787ec63333",
            "instance_id": "500e408d-f3bd-280f-2e05-b3787ec63333"
          },
          "sensitive_attributes": []
        },
        {
          "index_key": "d-web-02a",
          "schema_version": 0,
          "attributes": {
            "bios_id": "420eab28-0d11-7280-cf2a-8b385c8bc907",
            "context": null,
            "description": "",
            "display_name": "d-web-02a",
            "external_id": "500e2f4d-03ef-aef2-8f4b-338340ec4ab0",
            "id": "500e2f4d-03ef-aef2-8f4b-338340ec4ab0",
            "instance_id": "500e2f4d-03ef-aef2-8f4b-338340ec4ab0"
          },
          "sensitive_attributes": []
        },
        {
          "index_key": "d-web-03a",
          "schema_version": 0,
          "attributes": {
            "bios_id": "420e9f76-cb3f-6ad5-6416-65d7e6a15fc9",
            "context": null,
            "description": "",
            "display_name": "d-web-03a",
            "external_id": "500e9351-a0e2-62d1-8cc1-395fb379d3e6",
            "id": "500e9351-a0e2-62d1-8cc1-395fb379d3e6",
            "instance_id": "500e9351-a0e2-62d1-8cc1-395fb379d3e6"
          },
          "sensitive_attributes": []
        }
      ]
    },
    {
      "module": "module.tags[\"wld10\"]",
      "mode": "managed",
      "type": "nsxt_policy_vm_tags",
      "name": "hierarchy_tags",
      "provider": "provider[\"registry.terraform.io/vmware/nsxt\"]",
      "instances": [
        {
          "index_key": "a-app-01a",
          "schema_version": 0,
          "attributes": {
            "context": [],
            "id": "500e6909-122a-2c58-6dc2-a85aff0763ae",
            "instance_id": "500e6909-122a-2c58-6dc2-a85aff0763ae",
            "port": [],
            "tag": [
              {
                "scope": "application",
                "tag": "app-wld10-acc-application"
              },
              {
                "scope": "environment",
                "tag": "env-wld10-acc"
              },
              {
                "scope": "tenant",
                "tag": "ten-wld10"
              }
            ]
          },
          "sensitive_attributes": [],
          "private": "bnVsbA==",
          "dependencies": [
            "module.tags.data.nsxt_policy_vm.vms"
          ]
        },
        {
          "index_key": "a-db-01a",
          "schema_version": 0,
          "attributes": {
            "context": [],
            "id": "500ed547-b10a-13b7-1a2d-7ff653061f2b",
            "instance_id": "500ed547-b10a-13b7-1a2d-7ff653061f2b",
            "port": [],
            "tag": [
              {
                "scope": "application",
                "tag": "app-wld10-acc-database"
              },
              {
                "scope": "emergency",
                "tag": "emg-wld10"
              },
              {
                "scope": "environment",
                "tag": "env-wld10-acc"
              },
              {
                "scope": "tenant",
                "tag": "ten-wld10"
              }
            ]
          },
          "sensitive_attributes": [],
          "private": "bnVsbA==",
          "dependencies": [
            "module.tags.data.nsxt_policy_vm.vms"
          ]
        },
        {
          "index_key": "a-web-01a",
          "schema_version": 0,
          "attributes": {
            "context": [],
            "id": "500e0604-4711-df4b-6ef1-49aaf530b89c",
            "instance_id": "500e0604-4711-df4b-6ef1-49aaf530b89c",
            "port": [],
            "tag": [
              {
                "scope": "application",
                "tag": "app-wld10-acc-web"
              },
              {
                "scope": "environment",
                "tag": "env-wld10-acc"
              },
              {
                "scope": "tenant",
                "tag": "ten-wld10"
              }
            ]
          },
          "sensitive_attributes": [],
          "private": "bnVsbA==",
          "dependencies": [
            "module.tags.data.nsxt_policy_vm.vms"
          ]
        },
        {
          "index_key": "a-web-02a",
          "schema_version": 0,
          "attributes": {
            "context": [],
            "id": "500e89db-c11a-e826-e283-6c0a45d64e2c",
            "instance_id": "500e89db-c11a-e826-e283-6c0a45d64e2c",
            "port": [],
            "tag": [
              {
                "scope": "application",
                "tag": "app-wld10-acc-web"
              },
              {
                "scope": "environment",
                "tag": "env-wld10-acc"
              },
              {
                "scope": "tenant",
                "tag": "ten-wld10"
              }
            ]
          },
          "sensitive_attributes": [],
          "private": "bnVsbA==",
          "dependencies": [
            "module.tags.data.nsxt_policy_vm.vms"
          ]
        },
        {
          "index_key": "a-web-03a",
          "schema_version": 0,
          "attributes": {
            "context": [],
            "id": "500ecb05-cb4c-5667-c62b-6e06cc6119cc",
            "instance_id": "500ecb05-cb4c-5667-c62b-6e06cc6119cc",
            "port": [],
            "tag": [
              {
                "scope": "application",
                "tag": "app-wld10-acc-web"
              },
              {
                "scope": "environment",
                "tag": "env-wld10-acc"
              },
              {
                "scope": "tenant",
                "tag": "ten-wld10"
              }
            ]
          },
          "sensitive_attributes": [],
          "private": "bnVsbA==",
          "dependencies": [
            "module.tags.data.nsxt_policy_vm.vms"
          ]
        },
        {
          "index_key": "d-app-01a",
          "schema_version": 0,
          "attributes": {
            "context": [],
            "id": "500e52a8-9caa-5b01-0b58-c38e23e3d465",
            "instance_id": "500e52a8-9caa-5b01-0b58-c38e23e3d465",
            "port": [],
            "tag": [
              {
                "scope": "application",
                "tag": "app-wld10-dev-3holapp"
              },
              {
                "scope": "application",
                "tag": "app-wld10-dev-application"
              },
              {
                "scope": "environment",
                "tag": "env-wld10-dev"
              },
              {
                "scope": "sub-application",
                "tag": "app-wld10-dev-3holapp-application"
              },
              {
                "scope": "tenant",
                "tag": "ten-wld10"
              }
            ]
          },
          "sensitive_attributes": [],
          "private": "bnVsbA==",
          "dependencies": [
            "module.tags.data.nsxt_policy_vm.vms"
          ]
        },
        {
          "index_key": "d-db-01a",
          "schema_version": 0,
          "attributes": {
            "context": [],
            "id": "500e8ba2-1ade-1ab8-39c3-34a8046bbe39",
            "instance_id": "500e8ba2-1ade-1ab8-39c3-34a8046bbe39",
            "port": [],
            "tag": [
              {
                "scope": "application",
                "tag": "app-wld10-dev-3holapp"
              },
              {
                "scope": "application",
                "tag": "app-wld10-dev-database"
              },
              {
                "scope": "environment",
                "tag": "env-wld10-dev"
              },
              {
                "scope": "sub-application",
                "tag": "app-wld10-dev-3holapp-database"
              },
              {
                "scope": "tenant",
                "tag": "ten-wld10"
              }
            ]
          },
          "sensitive_attributes": [],
          "private": "bnVsbA==",
          "dependencies": [
            "module.tags.data.nsxt_policy_vm.vms"
          ]
        },
        {
          "index_key": "d-web-01a",
          "schema_version": 0,
          "attributes": {
            "context": [],
            "id": "500e408d-f3bd-280f-2e05-b3787ec63333",
            "instance_id": "500e408d-f3bd-280f-2e05-b3787ec63333",
            "port": [],
            "tag": [
              {
                "scope": "application",
                "tag": "app-wld10-dev-3holapp"
              },
              {
                "scope": "application",
                "tag": "app-wld10-dev-web"
              },
              {
                "scope": "environment",
                "tag": "env-wld10-dev"
              },
              {
                "scope": "sub-application",
                "tag": "app-wld10-dev-3holapp-web"
              },
              {
                "scope": "tenant",
                "tag": "ten-wld10"
              }
            ]
          },
          "sensitive_attributes": [],
          "private": "bnVsbA==",
          "dependencies": [
            "module.tags.data.nsxt_policy_vm.vms"
          ]
        },
        {
          "index_key": "d-web-02a",
          "schema_version": 0,
          "attributes": {
            "context": [],
            "id": "500e2f4d-03ef-aef2-8f4b-338340ec4ab0",
            "instance_id": "500e2f4d-03ef-aef2-8f4b-338340ec4ab0",
            "port": [],
            "tag": [
              {
                "scope": "application",
                "tag": "app-wld10-dev-3holapp"
              },
              {
                "scope": "application",
                "tag": "app-wld10-dev-web"
              },
              {
                "scope": "environment",
                "tag": "env-wld10-dev"
              },
              {
                "scope": "sub-application",
                "tag": "app-wld10-dev-3holapp-web"
              },
              {
                "scope": "tenant",
                "tag": "ten-wld10"
              }
            ]
          },
          "sensitive_attributes": [],
          "private": "bnVsbA==",
          "dependencies": [
            "module.tags.data.nsxt_policy_vm.vms"
          ]
        },
        {
          "index_key": "d-web-03a",
          "schema_version": 0,
          "attributes": {
            "context": [],
            "id": "500e9351-a0e2-62d1-8cc1-395fb379d3e6",
            "instance_id": "500e9351-a0e2-62d1-8cc1-395fb379d3e6",
            "port": [],
            "tag": [
              {
                "scope": "application",
                "tag": "app-wld10-dev-3holapp"
              },
              {
                "scope": "application",
                "tag": "app-wld10-dev-web"
              },
              {
                "scope": "environment",
                "tag": "env-wld10-dev"
              },
              {
                "scope": "sub-application",
                "tag": "app-wld10-dev-3holapp-web"
              },
              {
                "scope": "tenant",
                "tag": "ten-wld10"
              }
            ]
          },
          "sensitive_attributes": [],
          "private": "bnVsbA==",
          "dependencies": [
            "module.tags.data.nsxt_policy_vm.vms"
          ]
        }
      ]
    }
  ],
  "check_results": null
}
