{
  "version": 4,
  "terraform_version": "1.11.4",
  "serial": 1347,
  "lineage": "9ac51c63-2cea-057c-32cc-4845105746d3",
  "outputs": {
    "application_groups": {
      "value": {
        "wld09": {
          "app-wld09-prod-3holapp": "/infra/domains/default/groups/5de7178f-1ef5-41b7-9524-de6cb4e61933",
          "app-wld09-prod-application": "/infra/domains/default/groups/42f2a0b7-0daf-48e8-ae75-87924dda7f5c",
          "app-wld09-prod-database": "/infra/domains/default/groups/23e00467-157e-47f7-b383-c3d64873f292",
          "app-wld09-prod-web": "/infra/domains/default/groups/a6cdbc87-0315-45f4-b2a4-023af7e3618b",
          "app-wld09-test-application": "/infra/domains/default/groups/95b44534-0eb4-4f08-8e98-89aa42ab8f03",
          "app-wld09-test-database": "/infra/domains/default/groups/c620ff27-a83d-47b7-94a9-403f937b4141",
          "app-wld09-test-web": "/infra/domains/default/groups/79aad69f-e003-42c9-850a-6a5b81b803bf"
        },
        "wld10": {
          "app-wld10-acc-application": "/infra/domains/default/groups/bfa5d68e-a739-4d28-a0ec-666977327a9e",
          "app-wld10-acc-database": "/infra/domains/default/groups/5ba81a90-c935-4249-8472-f496f6f5f650",
          "app-wld10-acc-web": "/infra/domains/default/groups/b11d9cd0-2ceb-4e9c-96b0-9b09a900425a",
          "app-wld10-dev-3holapp": "/infra/domains/default/groups/8c12b396-d98e-4249-b1cf-56cc265889e5",
          "app-wld10-dev-application": "/infra/domains/default/groups/89536b2b-94a3-4056-887d-49dd8c8519f2",
          "app-wld10-dev-database": "/infra/domains/default/groups/6edb5fd8-bd90-4391-af0b-89fcf8c04781",
          "app-wld10-dev-web": "/infra/domains/default/groups/6a3592d9-ff94-4cc2-a826-17e4087008da"
        }
      },
      "type": [
        "object",
        {
          "wld09": [
            "object",
            {
              "app-wld09-prod-3holapp": "string",
              "app-wld09-prod-application": "string",
              "app-wld09-prod-database": "string",
              "app-wld09-prod-web": "string",
              "app-wld09-test-application": "string",
              "app-wld09-test-database": "string",
              "app-wld09-test-web": "string"
            }
          ],
          "wld10": [
            "object",
            {
              "app-wld10-acc-application": "string",
              "app-wld10-acc-database": "string",
              "app-wld10-acc-web": "string",
              "app-wld10-dev-3holapp": "string",
              "app-wld10-dev-application": "string",
              "app-wld10-dev-database": "string",
              "app-wld10-dev-web": "string"
            }
          ]
        }
      ]
    },
    "environment_groups": {
      "value": {
        "wld09": {
          "env-wld09-prod": "/infra/domains/default/groups/becab533-16c9-4a3f-8242-809103b14cc9",
          "env-wld09-test": "/infra/domains/default/groups/a04093e0-b652-4ac1-bcc6-3073ba074396"
        },
        "wld10": {
          "env-wld10-acc": "/infra/domains/default/groups/71131694-fb22-41f9-8d16-9a60d6fd67fb",
          "env-wld10-dev": "/infra/domains/default/groups/38cdd20f-0225-4749-9c97-517c9426d2b9"
        }
      },
      "type": [
        "object",
        {
          "wld09": [
            "object",
            {
              "env-wld09-prod": "string",
              "env-wld09-test": "string"
            }
          ],
          "wld10": [
            "object",
            {
              "env-wld10-acc": "string",
              "env-wld10-dev": "string"
            }
          ]
        }
      ]
    },
    "services": {
      "value": {
        "wld09": {
          "HTTPS, net.tcp binding": {
            "display_name": "HTTPS, net.tcp binding",
            "id": "HTTPS,_net.tcp_binding",
            "path": "/infra/services/HTTPS,_net.tcp_binding"
          },
          "ICMP Echo Reply": {
            "display_name": "ICMP Echo Reply",
            "id": "ICMP_Echo_Reply",
            "path": "/infra/services/ICMP_Echo_Reply"
          },
          "ICMPv4": {
            "display_name": "ICMPv4-ALL",
            "id": "ICMPv4-ALL",
            "path": "/infra/services/ICMPv4-ALL"
          },
          "Microsoft SQL Server": {
            "display_name": "Microsoft SQL Server",
            "id": "Microsoft_SQL_Server",
            "path": "/infra/services/Microsoft_SQL_Server"
          },
          "Windows-Global-Catalog-over-SSL": {
            "display_name": "Windows-Global-Catalog-over-SSL",
            "id": "Windows-Global-Catalog-over-SSL",
            "path": "/infra/services/Windows-Global-Catalog-over-SSL"
          },
          "Yahoo Messenger (TCP)": {
            "display_name": "Yahoo Messenger (TCP)",
            "id": "Yahoo_Messenger_(TCP)",
            "path": "/infra/services/Yahoo_Messenger_(TCP)"
          },
          "tcp_3306": {
            "display_name": "svc-wld09-tcp_3306",
            "id": "243b3a8b-1ec8-4191-9588-3bb1026bbb55",
            "path": "/infra/services/243b3a8b-1ec8-4191-9588-3bb1026bbb55"
          },
          "tcp_443": {
            "display_name": "svc-wld09-tcp_443",
            "id": "f047baa4-0c97-4dfc-9983-dcbf0597c830",
            "path": "/infra/services/f047baa4-0c97-4dfc-9983-dcbf0597c830"
          },
          "tcp_445": {
            "display_name": "svc-wld09-tcp_445",
            "id": "5bf09b54-61cb-407a-9e67-ff426012f5e4",
            "path": "/infra/services/5bf09b54-61cb-407a-9e67-ff426012f5e4"
          },
          "tcp_8443": {
            "display_name": "svc-wld09-tcp_8443",
            "id": "d0614bb0-f88a-47ea-ba44-6ad9676424ab",
            "path": "/infra/services/d0614bb0-f88a-47ea-ba44-6ad9676424ab"
          },
          "udp_53": {
            "display_name": "svc-wld09-udp_53",
            "id": "4b40a619-7886-4a1a-b62a-3ae9f390239d",
            "path": "/infra/services/4b40a619-7886-4a1a-b62a-3ae9f390239d"
          }
        },
        "wld10": {
          "tcp_3306": {
            "display_name": "svc-wld10-tcp_3306",
            "id": "1aefa0cc-2fb9-4fd4-97d4-de6a4ace8199",
            "path": "/infra/services/1aefa0cc-2fb9-4fd4-97d4-de6a4ace8199"
          },
          "tcp_443": {
            "display_name": "svc-wld10-tcp_443",
            "id": "6e9deb7e-8bcb-4c91-bffa-9f1e3fe27973",
            "path": "/infra/services/6e9deb7e-8bcb-4c91-bffa-9f1e3fe27973"
          },
          "tcp_8443": {
            "display_name": "svc-wld10-tcp_8443",
            "id": "a1b3235d-4cf4-4a4c-b6e2-797c2875838b",
            "path": "/infra/services/a1b3235d-4cf4-4a4c-b6e2-797c2875838b"
          },
          "udp_53": {
            "display_name": "svc-wld10-udp_53",
            "id": "892e391c-1672-4cef-a8b0-84e551527dca",
            "path": "/infra/services/892e391c-1672-4cef-a8b0-84e551527dca"
          }
        }
      },
      "type": [
        "object",
        {
          "wld09": [
            "object",
            {
              "HTTPS, net.tcp binding": [
                "object",
                {
                  "display_name": "string",
                  "id": "string",
                  "path": "string"
                }
              ],
              "ICMP Echo Reply": [
                "object",
                {
                  "display_name": "string",
                  "id": "string",
                  "path": "string"
                }
              ],
              "ICMPv4": [
                "object",
                {
                  "display_name": "string",
                  "id": "string",
                  "path": "string"
                }
              ],
              "Microsoft SQL Server": [
                "object",
                {
                  "display_name": "string",
                  "id": "string",
                  "path": "string"
                }
              ],
              "Windows-Global-Catalog-over-SSL": [
                "object",
                {
                  "display_name": "string",
                  "id": "string",
                  "path": "string"
                }
              ],
              "Yahoo Messenger (TCP)": [
                "object",
                {
                  "display_name": "string",
                  "id": "string",
                  "path": "string"
                }
              ],
              "tcp_3306": [
                "object",
                {
                  "display_name": "string",
                  "id": "string",
                  "path": "string"
                }
              ],
              "tcp_443": [
                "object",
                {
                  "display_name": "string",
                  "id": "string",
                  "path": "string"
                }
              ],
              "tcp_445": [
                "object",
                {
                  "display_name": "string",
                  "id": "string",
                  "path": "string"
                }
              ],
              "tcp_8443": [
                "object",
                {
                  "display_name": "string",
                  "id": "string",
                  "path": "string"
                }
              ],
              "udp_53": [
                "object",
                {
                  "display_name": "string",
                  "id": "string",
                  "path": "string"
                }
              ]
            }
          ],
          "wld10": [
            "object",
            {
              "tcp_3306": [
                "object",
                {
                  "display_name": "string",
                  "id": "string",
                  "path": "string"
                }
              ],
              "tcp_443": [
                "object",
                {
                  "display_name": "string",
                  "id": "string",
                  "path": "string"
                }
              ],
              "tcp_8443": [
                "object",
                {
                  "display_name": "string",
                  "id": "string",
                  "path": "string"
                }
              ],
              "udp_53": [
                "object",
                {
                  "display_name": "string",
                  "id": "string",
                  "path": "string"
                }
              ]
            }
          ]
        }
      ]
    },
    "tenant_group_ids": {
      "value": {
        "wld09": "/infra/domains/default/groups/0b2eecf7-4d3a-41a6-a1e1-3f7732f6ff84",
        "wld10": "/infra/domains/default/groups/6186410e-2296-4ee3-bd6a-a05f758ad4a1"
      },
      "type": [
        "object",
        {
          "wld09": "string",
          "wld10": "string"
        }
      ]
    },
    "tenant_tags": {
      "value": {
        "wld09": "ten-wld09",
        "wld10": "ten-wld10"
      },
      "type": [
        "object",
        {
          "wld09": "string",
          "wld10": "string"
        }
      ]
    },
    "tenant_vms": {
      "value": {
        "wld09": [
          "p-app-01a",
          "p-db-01a",
          "p-web-01a",
          "p-web-02a",
          "p-web-03a"
        ],
        "wld10": [
          "d-app-01a",
          "d-db-01a",
          "d-web-01a",
          "d-web-02a",
          "d-web-03a"
        ]
      },
      "type": [
        "object",
        {
          "wld09": [
            "tuple",
            [
              "string",
              "string",
              "string",
              "string",
              "string"
            ]
          ],
          "wld10": [
            "tuple",
            [
              "string",
              "string",
              "string",
              "string",
              "string"
            ]
          ]
        }
      ]
    }
  },
  "resources": [
    {
      "module": "module.groups[\"wld09\"]",
      "mode": "managed",
      "type": "nsxt_policy_group",
      "name": "application_groups",
      "provider": "provider[\"registry.terraform.io/vmware/nsxt\"]",
      "instances": [
        {
          "index_key": "app-wld09-prod-3holapp",
          "schema_version": 0,
          "attributes": {
            "conjunction": [],
            "context": [],
            "criteria": [
              {
                "condition": [
                  {
                    "key": "Tag",
                    "member_type": "VirtualMachine",
                    "operator": "EQUALS",
                    "value": "app-wld09-prod-3holapp"
                  }
                ],
                "external_id_expression": [],
                "ipaddress_expression": [],
                "macaddress_expression": [],
                "path_expression": []
              }
            ],
            "description": "Group for application app-wld09-prod-3holapp",
            "display_name": "app-wld09-prod-3holapp",
            "domain": "default",
            "extended_criteria": [],
            "group_type": null,
            "id": "5de7178f-1ef5-41b7-9524-de6cb4e61933",
            "nsx_id": "5de7178f-1ef5-41b7-9524-de6cb4e61933",
            "path": "/infra/domains/default/groups/5de7178f-1ef5-41b7-9524-de6cb4e61933",
            "revision": 0,
            "tag": [
              {
                "scope": "application",
                "tag": "app-wld09-prod-3holapp"
              }
            ]
          },
          "sensitive_attributes": [],
          "private": "bnVsbA==",
          "dependencies": [
            "module.tags.data.nsxt_policy_vm.vms",
            "module.tags.nsxt_policy_vm_tags.hierarchy_tags"
          ]
        },
        {
          "index_key": "app-wld09-prod-application",
          "schema_version": 0,
          "attributes": {
            "conjunction": [],
            "context": [],
            "criteria": [
              {
                "condition": [
                  {
                    "key": "Tag",
                    "member_type": "VirtualMachine",
                    "operator": "EQUALS",
                    "value": "app-wld09-prod-application"
                  }
                ],
                "external_id_expression": [],
                "ipaddress_expression": [],
                "macaddress_expression": [],
                "path_expression": []
              }
            ],
            "description": "Group for application app-wld09-prod-application",
            "display_name": "app-wld09-prod-application",
            "domain": "default",
            "extended_criteria": [],
            "group_type": null,
            "id": "42f2a0b7-0daf-48e8-ae75-87924dda7f5c",
            "nsx_id": "42f2a0b7-0daf-48e8-ae75-87924dda7f5c",
            "path": "/infra/domains/default/groups/42f2a0b7-0daf-48e8-ae75-87924dda7f5c",
            "revision": 0,
            "tag": [
              {
                "scope": "application",
                "tag": "app-wld09-prod-application"
              }
            ]
          },
          "sensitive_attributes": [],
          "private": "bnVsbA==",
          "dependencies": [
            "module.tags.data.nsxt_policy_vm.vms",
            "module.tags.nsxt_policy_vm_tags.hierarchy_tags"
          ]
        },
        {
          "index_key": "app-wld09-prod-database",
          "schema_version": 0,
          "attributes": {
            "conjunction": [],
            "context": [],
            "criteria": [
              {
                "condition": [
                  {
                    "key": "Tag",
                    "member_type": "VirtualMachine",
                    "operator": "EQUALS",
                    "value": "app-wld09-prod-database"
                  }
                ],
                "external_id_expression": [],
                "ipaddress_expression": [],
                "macaddress_expression": [],
                "path_expression": []
              }
            ],
            "description": "Group for application app-wld09-prod-database",
            "display_name": "app-wld09-prod-database",
            "domain": "default",
            "extended_criteria": [],
            "group_type": null,
            "id": "23e00467-157e-47f7-b383-c3d64873f292",
            "nsx_id": "23e00467-157e-47f7-b383-c3d64873f292",
            "path": "/infra/domains/default/groups/23e00467-157e-47f7-b383-c3d64873f292",
            "revision": 0,
            "tag": [
              {
                "scope": "application",
                "tag": "app-wld09-prod-database"
              }
            ]
          },
          "sensitive_attributes": [],
          "private": "bnVsbA==",
          "dependencies": [
            "module.tags.data.nsxt_policy_vm.vms",
            "module.tags.nsxt_policy_vm_tags.hierarchy_tags"
          ]
        },
        {
          "index_key": "app-wld09-prod-web",
          "schema_version": 0,
          "attributes": {
            "conjunction": [],
            "context": [],
            "criteria": [
              {
                "condition": [
                  {
                    "key": "Tag",
                    "member_type": "VirtualMachine",
                    "operator": "EQUALS",
                    "value": "app-wld09-prod-web"
                  }
                ],
                "external_id_expression": [],
                "ipaddress_expression": [],
                "macaddress_expression": [],
                "path_expression": []
              }
            ],
            "description": "Group for application app-wld09-prod-web",
            "display_name": "app-wld09-prod-web",
            "domain": "default",
            "extended_criteria": [],
            "group_type": null,
            "id": "a6cdbc87-0315-45f4-b2a4-023af7e3618b",
            "nsx_id": "a6cdbc87-0315-45f4-b2a4-023af7e3618b",
            "path": "/infra/domains/default/groups/a6cdbc87-0315-45f4-b2a4-023af7e3618b",
            "revision": 0,
            "tag": [
              {
                "scope": "application",
                "tag": "app-wld09-prod-web"
              }
            ]
          },
          "sensitive_attributes": [],
          "private": "bnVsbA==",
          "dependencies": [
            "module.tags.data.nsxt_policy_vm.vms",
            "module.tags.nsxt_policy_vm_tags.hierarchy_tags"
          ]
        },
        {
          "index_key": "app-wld09-test-application",
          "schema_version": 0,
          "attributes": {
            "conjunction": [],
            "context": [],
            "criteria": [
              {
                "condition": [
                  {
                    "key": "Tag",
                    "member_type": "VirtualMachine",
                    "operator": "EQUALS",
                    "value": "app-wld09-test-application"
                  }
                ],
                "external_id_expression": [],
                "ipaddress_expression": [],
                "macaddress_expression": [],
                "path_expression": []
              }
            ],
            "description": "Group for application app-wld09-test-application",
            "display_name": "app-wld09-test-application",
            "domain": "default",
            "extended_criteria": [],
            "group_type": null,
            "id": "95b44534-0eb4-4f08-8e98-89aa42ab8f03",
            "nsx_id": "95b44534-0eb4-4f08-8e98-89aa42ab8f03",
            "path": "/infra/domains/default/groups/95b44534-0eb4-4f08-8e98-89aa42ab8f03",
            "revision": 0,
            "tag": [
              {
                "scope": "application",
                "tag": "app-wld09-test-application"
              }
            ]
          },
          "sensitive_attributes": [],
          "private": "bnVsbA==",
          "dependencies": [
            "module.tags.data.nsxt_policy_vm.vms",
            "module.tags.nsxt_policy_vm_tags.hierarchy_tags"
          ]
        },
        {
          "index_key": "app-wld09-test-database",
          "schema_version": 0,
          "attributes": {
            "conjunction": [],
            "context": [],
            "criteria": [
              {
                "condition": [
                  {
                    "key": "Tag",
                    "member_type": "VirtualMachine",
                    "operator": "EQUALS",
                    "value": "app-wld09-test-database"
                  }
                ],
                "external_id_expression": [],
                "ipaddress_expression": [],
                "macaddress_expression": [],
                "path_expression": []
              }
            ],
            "description": "Group for application app-wld09-test-database",
            "display_name": "app-wld09-test-database",
            "domain": "default",
            "extended_criteria": [],
            "group_type": null,
            "id": "c620ff27-a83d-47b7-94a9-403f937b4141",
            "nsx_id": "c620ff27-a83d-47b7-94a9-403f937b4141",
            "path": "/infra/domains/default/groups/c620ff27-a83d-47b7-94a9-403f937b4141",
            "revision": 0,
            "tag": [
              {
                "scope": "application",
                "tag": "app-wld09-test-database"
              }
            ]
          },
          "sensitive_attributes": [],
          "private": "bnVsbA==",
          "dependencies": [
            "module.tags.data.nsxt_policy_vm.vms",
            "module.tags.nsxt_policy_vm_tags.hierarchy_tags"
          ]
        },
        {
          "index_key": "app-wld09-test-web",
          "schema_version": 0,
          "attributes": {
            "conjunction": [],
            "context": [],
            "criteria": [
              {
                "condition": [
                  {
                    "key": "Tag",
                    "member_type": "VirtualMachine",
                    "operator": "EQUALS",
                    "value": "app-wld09-test-web"
                  }
                ],
                "external_id_expression": [],
                "ipaddress_expression": [],
                "macaddress_expression": [],
                "path_expression": []
              }
            ],
            "description": "Group for application app-wld09-test-web",
            "display_name": "app-wld09-test-web",
            "domain": "default",
            "extended_criteria": [],
            "group_type": null,
            "id": "79aad69f-e003-42c9-850a-6a5b81b803bf",
            "nsx_id": "79aad69f-e003-42c9-850a-6a5b81b803bf",
            "path": "/infra/domains/default/groups/79aad69f-e003-42c9-850a-6a5b81b803bf",
            "revision": 0,
            "tag": [
              {
                "scope": "application",
                "tag": "app-wld09-test-web"
              }
            ]
          },
          "sensitive_attributes": [],
          "private": "bnVsbA==",
          "dependencies": [
            "module.tags.data.nsxt_policy_vm.vms",
            "module.tags.nsxt_policy_vm_tags.hierarchy_tags"
          ]
        }
      ]
    },
    {
      "module": "module.groups[\"wld09\"]",
      "mode": "managed",
      "type": "nsxt_policy_group",
      "name": "emergency_groups",
      "provider": "provider[\"registry.terraform.io/vmware/nsxt\"]",
      "instances": [
        {
          "index_key": "emg-wld09",
          "schema_version": 0,
          "attributes": {
            "conjunction": [],
            "context": [],
            "criteria": [
              {
                "condition": [
                  {
                    "key": "Tag",
                    "member_type": "VirtualMachine",
                    "operator": "EQUALS",
                    "value": "emg-wld09"
                  }
                ],
                "external_id_expression": [],
                "ipaddress_expression": [],
                "macaddress_expression": [],
                "path_expression": []
              }
            ],
            "description": "Group for emergency access emg-wld09",
            "display_name": "emg-wld09",
            "domain": "default",
            "extended_criteria": [],
            "group_type": null,
            "id": "261d6f71-8e1a-4fdc-a16a-57b5fbe3722b",
            "nsx_id": "261d6f71-8e1a-4fdc-a16a-57b5fbe3722b",
            "path": "/infra/domains/default/groups/261d6f71-8e1a-4fdc-a16a-57b5fbe3722b",
            "revision": 0,
            "tag": [
              {
                "scope": "emergency",
                "tag": "emg-wld09"
              }
            ]
          },
          "sensitive_attributes": [],
          "private": "bnVsbA==",
          "dependencies": [
            "module.tags.data.nsxt_policy_vm.vms",
            "module.tags.nsxt_policy_vm_tags.hierarchy_tags"
          ]
        }
      ]
    },
    {
      "module": "module.groups[\"wld09\"]",
      "mode": "managed",
      "type": "nsxt_policy_group",
      "name": "environment_groups",
      "provider": "provider[\"registry.terraform.io/vmware/nsxt\"]",
      "instances": [
        {
          "index_key": "env-wld09-prod",
          "schema_version": 0,
          "attributes": {
            "conjunction": [],
            "context": [],
            "criteria": [
              {
                "condition": [
                  {
                    "key": "Tag",
                    "member_type": "VirtualMachine",
                    "operator": "EQUALS",
                    "value": "env-wld09-prod"
                  }
                ],
                "external_id_expression": [],
                "ipaddress_expression": [],
                "macaddress_expression": [],
                "path_expression": []
              }
            ],
            "description": "Group for environment env-wld09-prod",
            "display_name": "env-wld09-prod",
            "domain": "default",
            "extended_criteria": [],
            "group_type": null,
            "id": "becab533-16c9-4a3f-8242-809103b14cc9",
            "nsx_id": "becab533-16c9-4a3f-8242-809103b14cc9",
            "path": "/infra/domains/default/groups/becab533-16c9-4a3f-8242-809103b14cc9",
            "revision": 0,
            "tag": [
              {
                "scope": "environment",
                "tag": "env-wld09-prod"
              }
            ]
          },
          "sensitive_attributes": [],
          "private": "bnVsbA==",
          "dependencies": [
            "module.tags.data.nsxt_policy_vm.vms",
            "module.tags.nsxt_policy_vm_tags.hierarchy_tags"
          ]
        },
        {
          "index_key": "env-wld09-test",
          "schema_version": 0,
          "attributes": {
            "conjunction": [],
            "context": [],
            "criteria": [
              {
                "condition": [
                  {
                    "key": "Tag",
                    "member_type": "VirtualMachine",
                    "operator": "EQUALS",
                    "value": "env-wld09-test"
                  }
                ],
                "external_id_expression": [],
                "ipaddress_expression": [],
                "macaddress_expression": [],
                "path_expression": []
              }
            ],
            "description": "Group for environment env-wld09-test",
            "display_name": "env-wld09-test",
            "domain": "default",
            "extended_criteria": [],
            "group_type": null,
            "id": "a04093e0-b652-4ac1-bcc6-3073ba074396",
            "nsx_id": "a04093e0-b652-4ac1-bcc6-3073ba074396",
            "path": "/infra/domains/default/groups/a04093e0-b652-4ac1-bcc6-3073ba074396",
            "revision": 0,
            "tag": [
              {
                "scope": "environment",
                "tag": "env-wld09-test"
              }
            ]
          },
          "sensitive_attributes": [],
          "private": "bnVsbA==",
          "dependencies": [
            "module.tags.data.nsxt_policy_vm.vms",
            "module.tags.nsxt_policy_vm_tags.hierarchy_tags"
          ]
        }
      ]
    },
    {
      "module": "module.groups[\"wld09\"]",
      "mode": "managed",
      "type": "nsxt_policy_group",
      "name": "external_service_groups",
      "provider": "provider[\"registry.terraform.io/vmware/nsxt\"]",
      "instances": [
        {
          "index_key": "ext-wld09-dns",
          "schema_version": 0,
          "attributes": {
            "conjunction": [],
            "context": [],
            "criteria": [
              {
                "condition": [],
                "external_id_expression": [],
                "ipaddress_expression": [
                  {
                    "ip_addresses": [
                      "192.168.12.10"
                    ]
                  }
                ],
                "macaddress_expression": [],
                "path_expression": []
              }
            ],
            "description": "Group for external service ext-wld09-dns",
            "display_name": "ext-wld09-dns",
            "domain": "default",
            "extended_criteria": [],
            "group_type": null,
            "id": "11a9bc3a-c204-44cf-99f5-4716a1505f75",
            "nsx_id": "11a9bc3a-c204-44cf-99f5-4716a1505f75",
            "path": "/infra/domains/default/groups/11a9bc3a-c204-44cf-99f5-4716a1505f75",
            "revision": 0,
            "tag": [
              {
                "scope": "external",
                "tag": "ext-wld09-dns"
              }
            ]
          },
          "sensitive_attributes": [],
          "private": "bnVsbA==",
          "dependencies": [
            "module.tags.data.nsxt_policy_vm.vms",
            "module.tags.nsxt_policy_vm_tags.hierarchy_tags"
          ]
        },
        {
          "index_key": "ext-wld09-jumphosts",
          "schema_version": 0,
          "attributes": {
            "conjunction": [],
            "context": [],
            "criteria": [
              {
                "condition": [],
                "external_id_expression": [],
                "ipaddress_expression": [
                  {
                    "ip_addresses": [
                      "10.10.89.11"
                    ]
                  }
                ],
                "macaddress_expression": [],
                "path_expression": []
              }
            ],
            "description": "Group for external service ext-wld09-jumphosts",
            "display_name": "ext-wld09-jumphosts",
            "domain": "default",
            "extended_criteria": [],
            "group_type": null,
            "id": "13dffaf4-86fe-4593-93ab-2ab89fbc458a",
            "nsx_id": "13dffaf4-86fe-4593-93ab-2ab89fbc458a",
            "path": "/infra/domains/default/groups/13dffaf4-86fe-4593-93ab-2ab89fbc458a",
            "revision": 0,
            "tag": [
              {
                "scope": "external",
                "tag": "ext-wld09-jumphosts"
              }
            ]
          },
          "sensitive_attributes": [],
          "private": "bnVsbA==",
          "dependencies": [
            "module.tags.data.nsxt_policy_vm.vms",
            "module.tags.nsxt_policy_vm_tags.hierarchy_tags"
          ]
        },
        {
          "index_key": "ext-wld09-ntp",
          "schema_version": 0,
          "attributes": {
            "conjunction": [],
            "context": [],
            "criteria": [
              {
                "condition": [],
                "external_id_expression": [],
                "ipaddress_expression": [
                  {
                    "ip_addresses": [
                      "192.168.12.1"
                    ]
                  }
                ],
                "macaddress_expression": [],
                "path_expression": []
              }
            ],
            "description": "Group for external service ext-wld09-ntp",
            "display_name": "ext-wld09-ntp",
            "domain": "default",
            "extended_criteria": [],
            "group_type": null,
            "id": "6cfee3fd-30c4-4a2a-8811-07e179411904",
            "nsx_id": "6cfee3fd-30c4-4a2a-8811-07e179411904",
            "path": "/infra/domains/default/groups/6cfee3fd-30c4-4a2a-8811-07e179411904",
            "revision": 0,
            "tag": [
              {
                "scope": "external",
                "tag": "ext-wld09-ntp"
              }
            ]
          },
          "sensitive_attributes": [],
          "private": "bnVsbA==",
          "dependencies": [
            "module.tags.data.nsxt_policy_vm.vms",
            "module.tags.nsxt_policy_vm_tags.hierarchy_tags"
          ]
        }
      ]
    },
    {
      "module": "module.groups[\"wld09\"]",
      "mode": "managed",
      "type": "nsxt_policy_group",
      "name": "sub_application_groups",
      "provider": "provider[\"registry.terraform.io/vmware/nsxt\"]",
      "instances": [
        {
          "index_key": "app-wld09-prod-3holapp-application",
          "schema_version": 0,
          "attributes": {
            "conjunction": [],
            "context": [],
            "criteria": [
              {
                "condition": [
                  {
                    "key": "Tag",
                    "member_type": "VirtualMachine",
                    "operator": "EQUALS",
                    "value": "app-wld09-prod-3holapp-application"
                  }
                ],
                "external_id_expression": [],
                "ipaddress_expression": [],
                "macaddress_expression": [],
                "path_expression": []
              }
            ],
            "description": "Group for sub-application app-wld09-prod-3holapp-application",
            "display_name": "app-wld09-prod-3holapp-application",
            "domain": "default",
            "extended_criteria": [],
            "group_type": null,
            "id": "4eed4dc6-ffcd-44d7-8b26-5c2f9b351aae",
            "nsx_id": "4eed4dc6-ffcd-44d7-8b26-5c2f9b351aae",
            "path": "/infra/domains/default/groups/4eed4dc6-ffcd-44d7-8b26-5c2f9b351aae",
            "revision": 0,
            "tag": [
              {
                "scope": "sub-application",
                "tag": "app-wld09-prod-3holapp-application"
              }
            ]
          },
          "sensitive_attributes": [],
          "private": "bnVsbA==",
          "dependencies": [
            "module.tags.data.nsxt_policy_vm.vms",
            "module.tags.nsxt_policy_vm_tags.hierarchy_tags"
          ]
        },
        {
          "index_key": "app-wld09-prod-3holapp-database",
          "schema_version": 0,
          "attributes": {
            "conjunction": [],
            "context": [],
            "criteria": [
              {
                "condition": [
                  {
                    "key": "Tag",
                    "member_type": "VirtualMachine",
                    "operator": "EQUALS",
                    "value": "app-wld09-prod-3holapp-database"
                  }
                ],
                "external_id_expression": [],
                "ipaddress_expression": [],
                "macaddress_expression": [],
                "path_expression": []
              }
            ],
            "description": "Group for sub-application app-wld09-prod-3holapp-database",
            "display_name": "app-wld09-prod-3holapp-database",
            "domain": "default",
            "extended_criteria": [],
            "group_type": null,
            "id": "18b4552a-2a0e-41db-bc50-c816a18dc2f4",
            "nsx_id": "18b4552a-2a0e-41db-bc50-c816a18dc2f4",
            "path": "/infra/domains/default/groups/18b4552a-2a0e-41db-bc50-c816a18dc2f4",
            "revision": 0,
            "tag": [
              {
                "scope": "sub-application",
                "tag": "app-wld09-prod-3holapp-database"
              }
            ]
          },
          "sensitive_attributes": [],
          "private": "bnVsbA==",
          "dependencies": [
            "module.tags.data.nsxt_policy_vm.vms",
            "module.tags.nsxt_policy_vm_tags.hierarchy_tags"
          ]
        },
        {
          "index_key": "app-wld09-prod-3holapp-web",
          "schema_version": 0,
          "attributes": {
            "conjunction": [],
            "context": [],
            "criteria": [
              {
                "condition": [
                  {
                    "key": "Tag",
                    "member_type": "VirtualMachine",
                    "operator": "EQUALS",
                    "value": "app-wld09-prod-3holapp-web"
                  }
                ],
                "external_id_expression": [],
                "ipaddress_expression": [],
                "macaddress_expression": [],
                "path_expression": []
              }
            ],
            "description": "Group for sub-application app-wld09-prod-3holapp-web",
            "display_name": "app-wld09-prod-3holapp-web",
            "domain": "default",
            "extended_criteria": [],
            "group_type": null,
            "id": "81cde536-5afe-41a3-97e5-58ec279226a4",
            "nsx_id": "81cde536-5afe-41a3-97e5-58ec279226a4",
            "path": "/infra/domains/default/groups/81cde536-5afe-41a3-97e5-58ec279226a4",
            "revision": 0,
            "tag": [
              {
                "scope": "sub-application",
                "tag": "app-wld09-prod-3holapp-web"
              }
            ]
          },
          "sensitive_attributes": [],
          "private": "bnVsbA==",
          "dependencies": [
            "module.tags.data.nsxt_policy_vm.vms",
            "module.tags.nsxt_policy_vm_tags.hierarchy_tags"
          ]
        }
      ]
    },
    {
      "module": "module.groups[\"wld09\"]",
      "mode": "managed",
      "type": "nsxt_policy_group",
      "name": "tenant_group",
      "provider": "provider[\"registry.terraform.io/vmware/nsxt\"]",
      "instances": [
        {
          "schema_version": 0,
          "attributes": {
            "conjunction": [],
            "context": [],
            "criteria": [
              {
                "condition": [
                  {
                    "key": "Tag",
                    "member_type": "VirtualMachine",
                    "operator": "EQUALS",
                    "value": "ten-wld09"
                  }
                ],
                "external_id_expression": [],
                "ipaddress_expression": [],
                "macaddress_expression": [],
                "path_expression": []
              }
            ],
            "description": "Group for all VMs in tenant wld09",
            "display_name": "ten-wld09",
            "domain": "default",
            "extended_criteria": [],
            "group_type": null,
            "id": "0b2eecf7-4d3a-41a6-a1e1-3f7732f6ff84",
            "nsx_id": "0b2eecf7-4d3a-41a6-a1e1-3f7732f6ff84",
            "path": "/infra/domains/default/groups/0b2eecf7-4d3a-41a6-a1e1-3f7732f6ff84",
            "revision": 0,
            "tag": [
              {
                "scope": "tenant",
                "tag": "ten-wld09"
              }
            ]
          },
          "sensitive_attributes": [],
          "private": "bnVsbA==",
          "dependencies": [
            "module.tags.data.nsxt_policy_vm.vms",
            "module.tags.nsxt_policy_vm_tags.hierarchy_tags"
          ]
        }
      ]
    },
    {
      "module": "module.groups[\"wld10\"]",
      "mode": "managed",
      "type": "nsxt_policy_group",
      "name": "application_groups",
      "provider": "provider[\"registry.terraform.io/vmware/nsxt\"]",
      "instances": [
        {
          "index_key": "app-wld10-acc-application",
          "schema_version": 0,
          "attributes": {
            "conjunction": [],
            "context": [],
            "criteria": [
              {
                "condition": [
                  {
                    "key": "Tag",
                    "member_type": "VirtualMachine",
                    "operator": "EQUALS",
                    "value": "app-wld10-acc-application"
                  }
                ],
                "external_id_expression": [],
                "ipaddress_expression": [],
                "macaddress_expression": [],
                "path_expression": []
              }
            ],
            "description": "Group for application app-wld10-acc-application",
            "display_name": "app-wld10-acc-application",
            "domain": "default",
            "extended_criteria": [],
            "group_type": null,
            "id": "bfa5d68e-a739-4d28-a0ec-666977327a9e",
            "nsx_id": "bfa5d68e-a739-4d28-a0ec-666977327a9e",
            "path": "/infra/domains/default/groups/bfa5d68e-a739-4d28-a0ec-666977327a9e",
            "revision": 0,
            "tag": [
              {
                "scope": "application",
                "tag": "app-wld10-acc-application"
              }
            ]
          },
          "sensitive_attributes": [],
          "private": "bnVsbA==",
          "dependencies": [
            "module.tags.data.nsxt_policy_vm.vms",
            "module.tags.nsxt_policy_vm_tags.hierarchy_tags"
          ]
        },
        {
          "index_key": "app-wld10-acc-database",
          "schema_version": 0,
          "attributes": {
            "conjunction": [],
            "context": [],
            "criteria": [
              {
                "condition": [
                  {
                    "key": "Tag",
                    "member_type": "VirtualMachine",
                    "operator": "EQUALS",
                    "value": "app-wld10-acc-database"
                  }
                ],
                "external_id_expression": [],
                "ipaddress_expression": [],
                "macaddress_expression": [],
                "path_expression": []
              }
            ],
            "description": "Group for application app-wld10-acc-database",
            "display_name": "app-wld10-acc-database",
            "domain": "default",
            "extended_criteria": [],
            "group_type": null,
            "id": "5ba81a90-c935-4249-8472-f496f6f5f650",
            "nsx_id": "5ba81a90-c935-4249-8472-f496f6f5f650",
            "path": "/infra/domains/default/groups/5ba81a90-c935-4249-8472-f496f6f5f650",
            "revision": 0,
            "tag": [
              {
                "scope": "application",
                "tag": "app-wld10-acc-database"
              }
            ]
          },
          "sensitive_attributes": [],
          "private": "bnVsbA==",
          "dependencies": [
            "module.tags.data.nsxt_policy_vm.vms",
            "module.tags.nsxt_policy_vm_tags.hierarchy_tags"
          ]
        },
        {
          "index_key": "app-wld10-acc-web",
          "schema_version": 0,
          "attributes": {
            "conjunction": [],
            "context": [],
            "criteria": [
              {
                "condition": [
                  {
                    "key": "Tag",
                    "member_type": "VirtualMachine",
                    "operator": "EQUALS",
                    "value": "app-wld10-acc-web"
                  }
                ],
                "external_id_expression": [],
                "ipaddress_expression": [],
                "macaddress_expression": [],
                "path_expression": []
              }
            ],
            "description": "Group for application app-wld10-acc-web",
            "display_name": "app-wld10-acc-web",
            "domain": "default",
            "extended_criteria": [],
            "group_type": null,
            "id": "b11d9cd0-2ceb-4e9c-96b0-9b09a900425a",
            "nsx_id": "b11d9cd0-2ceb-4e9c-96b0-9b09a900425a",
            "path": "/infra/domains/default/groups/b11d9cd0-2ceb-4e9c-96b0-9b09a900425a",
            "revision": 0,
            "tag": [
              {
                "scope": "application",
                "tag": "app-wld10-acc-web"
              }
            ]
          },
          "sensitive_attributes": [],
          "private": "bnVsbA==",
          "dependencies": [
            "module.tags.data.nsxt_policy_vm.vms",
            "module.tags.nsxt_policy_vm_tags.hierarchy_tags"
          ]
        },
        {
          "index_key": "app-wld10-dev-3holapp",
          "schema_version": 0,
          "attributes": {
            "conjunction": [],
            "context": [],
            "criteria": [
              {
                "condition": [
                  {
                    "key": "Tag",
                    "member_type": "VirtualMachine",
                    "operator": "EQUALS",
                    "value": "app-wld10-dev-3holapp"
                  }
                ],
                "external_id_expression": [],
                "ipaddress_expression": [],
                "macaddress_expression": [],
                "path_expression": []
              }
            ],
            "description": "Group for application app-wld10-dev-3holapp",
            "display_name": "app-wld10-dev-3holapp",
            "domain": "default",
            "extended_criteria": [],
            "group_type": null,
            "id": "8c12b396-d98e-4249-b1cf-56cc265889e5",
            "nsx_id": "8c12b396-d98e-4249-b1cf-56cc265889e5",
            "path": "/infra/domains/default/groups/8c12b396-d98e-4249-b1cf-56cc265889e5",
            "revision": 0,
            "tag": [
              {
                "scope": "application",
                "tag": "app-wld10-dev-3holapp"
              }
            ]
          },
          "sensitive_attributes": [],
          "private": "bnVsbA==",
          "dependencies": [
            "module.tags.data.nsxt_policy_vm.vms",
            "module.tags.nsxt_policy_vm_tags.hierarchy_tags"
          ]
        },
        {
          "index_key": "app-wld10-dev-application",
          "schema_version": 0,
          "attributes": {
            "conjunction": [],
            "context": [],
            "criteria": [
              {
                "condition": [
                  {
                    "key": "Tag",
                    "member_type": "VirtualMachine",
                    "operator": "EQUALS",
                    "value": "app-wld10-dev-application"
                  }
                ],
                "external_id_expression": [],
                "ipaddress_expression": [],
                "macaddress_expression": [],
                "path_expression": []
              }
            ],
            "description": "Group for application app-wld10-dev-application",
            "display_name": "app-wld10-dev-application",
            "domain": "default",
            "extended_criteria": [],
            "group_type": null,
            "id": "89536b2b-94a3-4056-887d-49dd8c8519f2",
            "nsx_id": "89536b2b-94a3-4056-887d-49dd8c8519f2",
            "path": "/infra/domains/default/groups/89536b2b-94a3-4056-887d-49dd8c8519f2",
            "revision": 0,
            "tag": [
              {
                "scope": "application",
                "tag": "app-wld10-dev-application"
              }
            ]
          },
          "sensitive_attributes": [],
          "private": "bnVsbA==",
          "dependencies": [
            "module.tags.data.nsxt_policy_vm.vms",
            "module.tags.nsxt_policy_vm_tags.hierarchy_tags"
          ]
        },
        {
          "index_key": "app-wld10-dev-database",
          "schema_version": 0,
          "attributes": {
            "conjunction": [],
            "context": [],
            "criteria": [
              {
                "condition": [
                  {
                    "key": "Tag",
                    "member_type": "VirtualMachine",
                    "operator": "EQUALS",
                    "value": "app-wld10-dev-database"
                  }
                ],
                "external_id_expression": [],
                "ipaddress_expression": [],
                "macaddress_expression": [],
                "path_expression": []
              }
            ],
            "description": "Group for application app-wld10-dev-database",
            "display_name": "app-wld10-dev-database",
            "domain": "default",
            "extended_criteria": [],
            "group_type": null,
            "id": "6edb5fd8-bd90-4391-af0b-89fcf8c04781",
            "nsx_id": "6edb5fd8-bd90-4391-af0b-89fcf8c04781",
            "path": "/infra/domains/default/groups/6edb5fd8-bd90-4391-af0b-89fcf8c04781",
            "revision": 0,
            "tag": [
              {
                "scope": "application",
                "tag": "app-wld10-dev-database"
              }
            ]
          },
          "sensitive_attributes": [],
          "private": "bnVsbA==",
          "dependencies": [
            "module.tags.data.nsxt_policy_vm.vms",
            "module.tags.nsxt_policy_vm_tags.hierarchy_tags"
          ]
        },
        {
          "index_key": "app-wld10-dev-web",
          "schema_version": 0,
          "attributes": {
            "conjunction": [],
            "context": [],
            "criteria": [
              {
                "condition": [
                  {
                    "key": "Tag",
                    "member_type": "VirtualMachine",
                    "operator": "EQUALS",
                    "value": "app-wld10-dev-web"
                  }
                ],
                "external_id_expression": [],
                "ipaddress_expression": [],
                "macaddress_expression": [],
                "path_expression": []
              }
            ],
            "description": "Group for application app-wld10-dev-web",
            "display_name": "app-wld10-dev-web",
            "domain": "default",
            "extended_criteria": [],
            "group_type": null,
            "id": "6a3592d9-ff94-4cc2-a826-17e4087008da",
            "nsx_id": "6a3592d9-ff94-4cc2-a826-17e4087008da",
            "path": "/infra/domains/default/groups/6a3592d9-ff94-4cc2-a826-17e4087008da",
            "revision": 0,
            "tag": [
              {
                "scope": "application",
                "tag": "app-wld10-dev-web"
              }
            ]
          },
          "sensitive_attributes": [],
          "private": "bnVsbA==",
          "dependencies": [
            "module.tags.data.nsxt_policy_vm.vms",
            "module.tags.nsxt_policy_vm_tags.hierarchy_tags"
          ]
        }
      ]
    },
    {
      "module": "module.groups[\"wld10\"]",
      "mode": "managed",
      "type": "nsxt_policy_group",
      "name": "emergency_groups",
      "provider": "provider[\"registry.terraform.io/vmware/nsxt\"]",
      "instances": [
        {
          "index_key": "emg-wld10",
          "schema_version": 0,
          "attributes": {
            "conjunction": [],
            "context": [],
            "criteria": [
              {
                "condition": [
                  {
                    "key": "Tag",
                    "member_type": "VirtualMachine",
                    "operator": "EQUALS",
                    "value": "emg-wld10"
                  }
                ],
                "external_id_expression": [],
                "ipaddress_expression": [],
                "macaddress_expression": [],
                "path_expression": []
              }
            ],
            "description": "Group for emergency access emg-wld10",
            "display_name": "emg-wld10",
            "domain": "default",
            "extended_criteria": [],
            "group_type": null,
            "id": "a6e8de4f-05cb-4954-8797-01892a9bacc4",
            "nsx_id": "a6e8de4f-05cb-4954-8797-01892a9bacc4",
            "path": "/infra/domains/default/groups/a6e8de4f-05cb-4954-8797-01892a9bacc4",
            "revision": 0,
            "tag": [
              {
                "scope": "emergency",
                "tag": "emg-wld10"
              }
            ]
          },
          "sensitive_attributes": [],
          "private": "bnVsbA==",
          "dependencies": [
            "module.tags.data.nsxt_policy_vm.vms",
            "module.tags.nsxt_policy_vm_tags.hierarchy_tags"
          ]
        }
      ]
    },
    {
      "module": "module.groups[\"wld10\"]",
      "mode": "managed",
      "type": "nsxt_policy_group",
      "name": "environment_groups",
      "provider": "provider[\"registry.terraform.io/vmware/nsxt\"]",
      "instances": [
        {
          "index_key": "env-wld10-acc",
          "schema_version": 0,
          "attributes": {
            "conjunction": [],
            "context": [],
            "criteria": [
              {
                "condition": [
                  {
                    "key": "Tag",
                    "member_type": "VirtualMachine",
                    "operator": "EQUALS",
                    "value": "env-wld10-acc"
                  }
                ],
                "external_id_expression": [],
                "ipaddress_expression": [],
                "macaddress_expression": [],
                "path_expression": []
              }
            ],
            "description": "Group for environment env-wld10-acc",
            "display_name": "env-wld10-acc",
            "domain": "default",
            "extended_criteria": [],
            "group_type": null,
            "id": "71131694-fb22-41f9-8d16-9a60d6fd67fb",
            "nsx_id": "71131694-fb22-41f9-8d16-9a60d6fd67fb",
            "path": "/infra/domains/default/groups/71131694-fb22-41f9-8d16-9a60d6fd67fb",
            "revision": 0,
            "tag": [
              {
                "scope": "environment",
                "tag": "env-wld10-acc"
              }
            ]
          },
          "sensitive_attributes": [],
          "private": "bnVsbA==",
          "dependencies": [
            "module.tags.data.nsxt_policy_vm.vms",
            "module.tags.nsxt_policy_vm_tags.hierarchy_tags"
          ]
        },
        {
          "index_key": "env-wld10-dev",
          "schema_version": 0,
          "attributes": {
            "conjunction": [],
            "context": [],
            "criteria": [
              {
                "condition": [
                  {
                    "key": "Tag",
                    "member_type": "VirtualMachine",
                    "operator": "EQUALS",
                    "value": "env-wld10-dev"
                  }
                ],
                "external_id_expression": [],
                "ipaddress_expression": [],
                "macaddress_expression": [],
                "path_expression": []
              }
            ],
            "description": "Group for environment env-wld10-dev",
            "display_name": "env-wld10-dev",
            "domain": "default",
            "extended_criteria": [],
            "group_type": null,
            "id": "38cdd20f-0225-4749-9c97-517c9426d2b9",
            "nsx_id": "38cdd20f-0225-4749-9c97-517c9426d2b9",
            "path": "/infra/domains/default/groups/38cdd20f-0225-4749-9c97-517c9426d2b9",
            "revision": 0,
            "tag": [
              {
                "scope": "environment",
                "tag": "env-wld10-dev"
              }
            ]
          },
          "sensitive_attributes": [],
          "private": "bnVsbA==",
          "dependencies": [
            "module.tags.data.nsxt_policy_vm.vms",
            "module.tags.nsxt_policy_vm_tags.hierarchy_tags"
          ]
        }
      ]
    },
    {
      "module": "module.groups[\"wld10\"]",
      "mode": "managed",
      "type": "nsxt_policy_group",
      "name": "external_service_groups",
      "provider": "provider[\"registry.terraform.io/vmware/nsxt\"]",
      "instances": [
        {
          "index_key": "ext-wld10-dns",
          "schema_version": 0,
          "attributes": {
            "conjunction": [],
            "context": [],
            "criteria": [
              {
                "condition": [],
                "external_id_expression": [],
                "ipaddress_expression": [
                  {
                    "ip_addresses": [
                      "192.168.12.10"
                    ]
                  }
                ],
                "macaddress_expression": [],
                "path_expression": []
              }
            ],
            "description": "Group for external service ext-wld10-dns",
            "display_name": "ext-wld10-dns",
            "domain": "default",
            "extended_criteria": [],
            "group_type": null,
            "id": "aa13165e-d725-4046-a8cf-d5252c818a8e",
            "nsx_id": "aa13165e-d725-4046-a8cf-d5252c818a8e",
            "path": "/infra/domains/default/groups/aa13165e-d725-4046-a8cf-d5252c818a8e",
            "revision": 0,
            "tag": [
              {
                "scope": "external",
                "tag": "ext-wld10-dns"
              }
            ]
          },
          "sensitive_attributes": [],
          "private": "bnVsbA==",
          "dependencies": [
            "module.tags.data.nsxt_policy_vm.vms",
            "module.tags.nsxt_policy_vm_tags.hierarchy_tags"
          ]
        },
        {
          "index_key": "ext-wld10-jumphosts",
          "schema_version": 0,
          "attributes": {
            "conjunction": [],
            "context": [],
            "criteria": [
              {
                "condition": [],
                "external_id_expression": [],
                "ipaddress_expression": [
                  {
                    "ip_addresses": [
                      "10.10.89.11"
                    ]
                  }
                ],
                "macaddress_expression": [],
                "path_expression": []
              }
            ],
            "description": "Group for external service ext-wld10-jumphosts",
            "display_name": "ext-wld10-jumphosts",
            "domain": "default",
            "extended_criteria": [],
            "group_type": null,
            "id": "df1e389e-733a-44ab-aaf5-af83ff387d00",
            "nsx_id": "df1e389e-733a-44ab-aaf5-af83ff387d00",
            "path": "/infra/domains/default/groups/df1e389e-733a-44ab-aaf5-af83ff387d00",
            "revision": 0,
            "tag": [
              {
                "scope": "external",
                "tag": "ext-wld10-jumphosts"
              }
            ]
          },
          "sensitive_attributes": [],
          "private": "bnVsbA==",
          "dependencies": [
            "module.tags.data.nsxt_policy_vm.vms",
            "module.tags.nsxt_policy_vm_tags.hierarchy_tags"
          ]
        },
        {
          "index_key": "ext-wld10-ntp",
          "schema_version": 0,
          "attributes": {
            "conjunction": [],
            "context": [],
            "criteria": [
              {
                "condition": [],
                "external_id_expression": [],
                "ipaddress_expression": [
                  {
                    "ip_addresses": [
                      "192.168.12.1"
                    ]
                  }
                ],
                "macaddress_expression": [],
                "path_expression": []
              }
            ],
            "description": "Group for external service ext-wld10-ntp",
            "display_name": "ext-wld10-ntp",
            "domain": "default",
            "extended_criteria": [],
            "group_type": null,
            "id": "22730db8-3d55-4cc2-a6ee-c4fec2221845",
            "nsx_id": "22730db8-3d55-4cc2-a6ee-c4fec2221845",
            "path": "/infra/domains/default/groups/22730db8-3d55-4cc2-a6ee-c4fec2221845",
            "revision": 0,
            "tag": [
              {
                "scope": "external",
                "tag": "ext-wld10-ntp"
              }
            ]
          },
          "sensitive_attributes": [],
          "private": "bnVsbA==",
          "dependencies": [
            "module.tags.data.nsxt_policy_vm.vms",
            "module.tags.nsxt_policy_vm_tags.hierarchy_tags"
          ]
        }
      ]
    },
    {
      "module": "module.groups[\"wld10\"]",
      "mode": "managed",
      "type": "nsxt_policy_group",
      "name": "sub_application_groups",
      "provider": "provider[\"registry.terraform.io/vmware/nsxt\"]",
      "instances": [
        {
          "index_key": "app-wld10-dev-3holapp-application",
          "schema_version": 0,
          "attributes": {
            "conjunction": [],
            "context": [],
            "criteria": [
              {
                "condition": [
                  {
                    "key": "Tag",
                    "member_type": "VirtualMachine",
                    "operator": "EQUALS",
                    "value": "app-wld10-dev-3holapp-application"
                  }
                ],
                "external_id_expression": [],
                "ipaddress_expression": [],
                "macaddress_expression": [],
                "path_expression": []
              }
            ],
            "description": "Group for sub-application app-wld10-dev-3holapp-application",
            "display_name": "app-wld10-dev-3holapp-application",
            "domain": "default",
            "extended_criteria": [],
            "group_type": null,
            "id": "6ab91134-ba9a-49c1-8e1e-3081caaa2c5b",
            "nsx_id": "6ab91134-ba9a-49c1-8e1e-3081caaa2c5b",
            "path": "/infra/domains/default/groups/6ab91134-ba9a-49c1-8e1e-3081caaa2c5b",
            "revision": 0,
            "tag": [
              {
                "scope": "sub-application",
                "tag": "app-wld10-dev-3holapp-application"
              }
            ]
          },
          "sensitive_attributes": [],
          "private": "bnVsbA==",
          "dependencies": [
            "module.tags.data.nsxt_policy_vm.vms",
            "module.tags.nsxt_policy_vm_tags.hierarchy_tags"
          ]
        },
        {
          "index_key": "app-wld10-dev-3holapp-database",
          "schema_version": 0,
          "attributes": {
            "conjunction": [],
            "context": [],
            "criteria": [
              {
                "condition": [
                  {
                    "key": "Tag",
                    "member_type": "VirtualMachine",
                    "operator": "EQUALS",
                    "value": "app-wld10-dev-3holapp-database"
                  }
                ],
                "external_id_expression": [],
                "ipaddress_expression": [],
                "macaddress_expression": [],
                "path_expression": []
              }
            ],
            "description": "Group for sub-application app-wld10-dev-3holapp-database",
            "display_name": "app-wld10-dev-3holapp-database",
            "domain": "default",
            "extended_criteria": [],
            "group_type": null,
            "id": "14ea37e0-5d56-4cff-9594-d0a6051e849c",
            "nsx_id": "14ea37e0-5d56-4cff-9594-d0a6051e849c",
            "path": "/infra/domains/default/groups/14ea37e0-5d56-4cff-9594-d0a6051e849c",
            "revision": 0,
            "tag": [
              {
                "scope": "sub-application",
                "tag": "app-wld10-dev-3holapp-database"
              }
            ]
          },
          "sensitive_attributes": [],
          "private": "bnVsbA==",
          "dependencies": [
            "module.tags.data.nsxt_policy_vm.vms",
            "module.tags.nsxt_policy_vm_tags.hierarchy_tags"
          ]
        },
        {
          "index_key": "app-wld10-dev-3holapp-web",
          "schema_version": 0,
          "attributes": {
            "conjunction": [],
            "context": [],
            "criteria": [
              {
                "condition": [
                  {
                    "key": "Tag",
                    "member_type": "VirtualMachine",
                    "operator": "EQUALS",
                    "value": "app-wld10-dev-3holapp-web"
                  }
                ],
                "external_id_expression": [],
                "ipaddress_expression": [],
                "macaddress_expression": [],
                "path_expression": []
              }
            ],
            "description": "Group for sub-application app-wld10-dev-3holapp-web",
            "display_name": "app-wld10-dev-3holapp-web",
            "domain": "default",
            "extended_criteria": [],
            "group_type": null,
            "id": "d43d195d-c02a-4ad4-b8c2-4ed85cec642b",
            "nsx_id": "d43d195d-c02a-4ad4-b8c2-4ed85cec642b",
            "path": "/infra/domains/default/groups/d43d195d-c02a-4ad4-b8c2-4ed85cec642b",
            "revision": 0,
            "tag": [
              {
                "scope": "sub-application",
                "tag": "app-wld10-dev-3holapp-web"
              }
            ]
          },
          "sensitive_attributes": [],
          "private": "bnVsbA==",
          "dependencies": [
            "module.tags.data.nsxt_policy_vm.vms",
            "module.tags.nsxt_policy_vm_tags.hierarchy_tags"
          ]
        }
      ]
    },
    {
      "module": "module.groups[\"wld10\"]",
      "mode": "managed",
      "type": "nsxt_policy_group",
      "name": "tenant_group",
      "provider": "provider[\"registry.terraform.io/vmware/nsxt\"]",
      "instances": [
        {
          "schema_version": 0,
          "attributes": {
            "conjunction": [],
            "context": [],
            "criteria": [
              {
                "condition": [
                  {
                    "key": "Tag",
                    "member_type": "VirtualMachine",
                    "operator": "EQUALS",
                    "value": "ten-wld10"
                  }
                ],
                "external_id_expression": [],
                "ipaddress_expression": [],
                "macaddress_expression": [],
                "path_expression": []
              }
            ],
            "description": "Group for all VMs in tenant wld10",
            "display_name": "ten-wld10",
            "domain": "default",
            "extended_criteria": [],
            "group_type": null,
            "id": "6186410e-2296-4ee3-bd6a-a05f758ad4a1",
            "nsx_id": "6186410e-2296-4ee3-bd6a-a05f758ad4a1",
            "path": "/infra/domains/default/groups/6186410e-2296-4ee3-bd6a-a05f758ad4a1",
            "revision": 0,
            "tag": [
              {
                "scope": "tenant",
                "tag": "ten-wld10"
              }
            ]
          },
          "sensitive_attributes": [],
          "private": "bnVsbA==",
          "dependencies": [
            "module.tags.data.nsxt_policy_vm.vms",
            "module.tags.nsxt_policy_vm_tags.hierarchy_tags"
          ]
        }
      ]
    },
    {
      "module": "module.policies[\"wld09\"]",
      "mode": "managed",
      "type": "nsxt_policy_security_policy",
      "name": "application_policy",
      "provider": "provider[\"registry.terraform.io/vmware/nsxt\"]",
      "instances": [
        {
          "index_key": 0,
          "schema_version": 0,
          "attributes": {
            "category": "Application",
            "comments": "",
            "context": [],
            "description": "Application security policy for tenant wld09",
            "display_name": "app-wld09-policy",
            "domain": "default",
            "id": "db067e1a-48a7-4398-b298-b614c61d7d81",
            "locked": false,
            "nsx_id": "db067e1a-48a7-4398-b298-b614c61d7d81",
            "path": "/infra/domains/default/security-policies/db067e1a-48a7-4398-b298-b614c61d7d81",
            "revision": 0,
            "rule": [
              {
                "action": "ALLOW",
                "description": "",
                "destination_groups": [
                  "/infra/domains/default/groups/79aad69f-e003-42c9-850a-6a5b81b803bf",
                  "/infra/domains/default/groups/81cde536-5afe-41a3-97e5-58ec279226a4",
                  "/infra/domains/default/groups/a6cdbc87-0315-45f4-b2a4-023af7e3618b"
                ],
                "destinations_excluded": false,
                "direction": "IN_OUT",
                "disabled": false,
                "display_name": "Allow jumphost to web servers on port 443",
                "ip_version": "IPV4_IPV6",
                "log_label": "",
                "logged": true,
                "notes": "",
                "nsx_id": "1b5573b0-5c91-4cc2-8f5f-cd2190a554cc",
                "profiles": [],
                "revision": 0,
                "rule_id": 10403,
                "scope": [],
                "sequence_number": 1,
                "services": [
                  "/infra/services/f047baa4-0c97-4dfc-9983-dcbf0597c830"
                ],
                "source_groups": [
                  "/infra/domains/default/groups/13dffaf4-86fe-4593-93ab-2ab89fbc458a"
                ],
                "sources_excluded": false,
                "tag": []
              },
              {
                "action": "ALLOW",
                "description": "",
                "destination_groups": [
                  "/infra/domains/default/groups/79aad69f-e003-42c9-850a-6a5b81b803bf",
                  "/infra/domains/default/groups/81cde536-5afe-41a3-97e5-58ec279226a4",
                  "/infra/domains/default/groups/a6cdbc87-0315-45f4-b2a4-023af7e3618b"
                ],
                "destinations_excluded": false,
                "direction": "IN_OUT",
                "disabled": false,
                "display_name": "Test ICMP between jumphost and web servers",
                "ip_version": "IPV4_IPV6",
                "log_label": "",
                "logged": true,
                "notes": "",
                "nsx_id": "fff02fe2-f064-428a-8e74-da4471cf3002",
                "profiles": [],
                "revision": 1,
                "rule_id": 10406,
                "scope": [],
                "sequence_number": 2,
                "services": [
                  "/infra/services/5bf09b54-61cb-407a-9e67-ff426012f5e4",
                  "/infra/services/HTTPS,_net.tcp_binding",
                  "/infra/services/ICMP_Echo_Reply",
                  "/infra/services/ICMPv4-ALL",
                  "/infra/services/Microsoft_SQL_Server",
                  "/infra/services/Windows-Global-Catalog-over-SSL",
                  "/infra/services/Yahoo_Messenger_(TCP)"
                ],
                "source_groups": [
                  "/infra/domains/default/groups/13dffaf4-86fe-4593-93ab-2ab89fbc458a"
                ],
                "sources_excluded": false,
                "tag": []
              },
              {
                "action": "ALLOW",
                "description": "",
                "destination_groups": [
                  "/infra/domains/default/groups/42f2a0b7-0daf-48e8-ae75-87924dda7f5c",
                  "/infra/domains/default/groups/4eed4dc6-ffcd-44d7-8b26-5c2f9b351aae",
                  "/infra/domains/default/groups/95b44534-0eb4-4f08-8e98-89aa42ab8f03"
                ],
                "destinations_excluded": false,
                "direction": "IN_OUT",
                "disabled": false,
                "display_name": "Allow web servers to application servers on port 8443",
                "ip_version": "IPV4_IPV6",
                "log_label": "",
                "logged": true,
                "notes": "",
                "nsx_id": "4d7e765f-dace-46c0-82fa-66cfe96dc266",
                "profiles": [],
                "revision": 0,
                "rule_id": 10408,
                "scope": [],
                "sequence_number": 3,
                "services": [
                  "/infra/services/d0614bb0-f88a-47ea-ba44-6ad9676424ab"
                ],
                "source_groups": [
                  "/infra/domains/default/groups/79aad69f-e003-42c9-850a-6a5b81b803bf",
                  "/infra/domains/default/groups/81cde536-5afe-41a3-97e5-58ec279226a4",
                  "/infra/domains/default/groups/a6cdbc87-0315-45f4-b2a4-023af7e3618b"
                ],
                "sources_excluded": false,
                "tag": []
              },
              {
                "action": "ALLOW",
                "description": "",
                "destination_groups": [
                  "/infra/domains/default/groups/18b4552a-2a0e-41db-bc50-c816a18dc2f4",
                  "/infra/domains/default/groups/23e00467-157e-47f7-b383-c3d64873f292",
                  "/infra/domains/default/groups/c620ff27-a83d-47b7-94a9-403f937b4141"
                ],
                "destinations_excluded": false,
                "direction": "IN_OUT",
                "disabled": false,
                "display_name": "Allow application servers to database servers on port 3306",
                "ip_version": "IPV4_IPV6",
                "log_label": "",
                "logged": true,
                "notes": "",
                "nsx_id": "9053376f-7fe2-4d28-a684-7f797ba89b38",
                "profiles": [],
                "revision": 0,
                "rule_id": 10410,
                "scope": [],
                "sequence_number": 4,
                "services": [
                  "/infra/services/243b3a8b-1ec8-4191-9588-3bb1026bbb55"
                ],
                "source_groups": [
                  "/infra/domains/default/groups/42f2a0b7-0daf-48e8-ae75-87924dda7f5c",
                  "/infra/domains/default/groups/4eed4dc6-ffcd-44d7-8b26-5c2f9b351aae",
                  "/infra/domains/default/groups/95b44534-0eb4-4f08-8e98-89aa42ab8f03"
                ],
                "sources_excluded": false,
                "tag": []
              },
              {
                "action": "ALLOW",
                "description": "",
                "destination_groups": [
                  "/infra/domains/default/groups/11a9bc3a-c204-44cf-99f5-4716a1505f75"
                ],
                "destinations_excluded": false,
                "direction": "IN_OUT",
                "disabled": false,
                "display_name": "Allow wld09 servers to external DNS on port 53",
                "ip_version": "IPV4_IPV6",
                "log_label": "",
                "logged": true,
                "notes": "",
                "nsx_id": "557454f4-6aeb-4c9c-98c8-94cef97c67de",
                "profiles": [],
                "revision": 0,
                "rule_id": 10411,
                "scope": [],
                "sequence_number": 5,
                "services": [
                  "/infra/services/4b40a619-7886-4a1a-b62a-3ae9f390239d"
                ],
                "source_groups": [
                  "/infra/domains/default/groups/0b2eecf7-4d3a-41a6-a1e1-3f7732f6ff84"
                ],
                "sources_excluded": false,
                "tag": []
              }
            ],
            "scope": [
              "/infra/domains/default/groups/0b2eecf7-4d3a-41a6-a1e1-3f7732f6ff84"
            ],
            "sequence_number": 3,
            "stateful": true,
            "tag": [],
            "tcp_strict": false
          },
          "sensitive_attributes": [],
          "private": "bnVsbA==",
          "dependencies": [
            "module.groups.nsxt_policy_group.application_groups",
            "module.groups.nsxt_policy_group.emergency_groups",
            "module.groups.nsxt_policy_group.environment_groups",
            "module.groups.nsxt_policy_group.external_service_groups",
            "module.groups.nsxt_policy_group.sub_application_groups",
            "module.groups.nsxt_policy_group.tenant_group",
            "module.policies.nsxt_policy_security_policy.emergency_policy",
            "module.policies.nsxt_policy_security_policy.environment_policy",
            "module.services.data.nsxt_policy_service.predefined_services",
            "module.services.nsxt_policy_service.service",
            "module.tags.data.nsxt_policy_vm.vms",
            "module.tags.nsxt_policy_vm_tags.hierarchy_tags"
          ]
        }
      ]
    },
    {
      "module": "module.policies[\"wld09\"]",
      "mode": "managed",
      "type": "nsxt_policy_security_policy",
      "name": "emergency_policy",
      "provider": "provider[\"registry.terraform.io/vmware/nsxt\"]",
      "instances": [
        {
          "index_key": 0,
          "schema_version": 0,
          "attributes": {
            "category": "Emergency",
            "comments": "",
            "context": [],
            "description": "Emergency security policy for tenant wld09",
            "display_name": "emergency-wld09-policy",
            "domain": "default",
            "id": "4f326b58-a9f0-4fdc-84d6-0aca80c8c8f1",
            "locked": false,
            "nsx_id": "4f326b58-a9f0-4fdc-84d6-0aca80c8c8f1",
            "path": "/infra/domains/default/security-policies/4f326b58-a9f0-4fdc-84d6-0aca80c8c8f1",
            "revision": 0,
            "rule": [
              {
                "action": "ALLOW",
                "description": "",
                "destination_groups": [],
                "destinations_excluded": false,
                "direction": "IN_OUT",
                "disabled": false,
                "display_name": "Allow emergency rule on VMs with this tag",
                "ip_version": "IPV4_IPV6",
                "log_label": "",
                "logged": true,
                "notes": "",
                "nsx_id": "7b238e12-927c-4440-bbc7-28d705cc72ff",
                "profiles": [],
                "revision": 0,
                "rule_id": 10398,
                "scope": [],
                "sequence_number": 1,
                "services": [],
                "source_groups": [
                  "/infra/domains/default/groups/261d6f71-8e1a-4fdc-a16a-57b5fbe3722b"
                ],
                "sources_excluded": false,
                "tag": []
              }
            ],
            "scope": [
              "/infra/domains/default/groups/0b2eecf7-4d3a-41a6-a1e1-3f7732f6ff84"
            ],
            "sequence_number": 1,
            "stateful": true,
            "tag": [],
            "tcp_strict": false
          },
          "sensitive_attributes": [],
          "private": "bnVsbA==",
          "dependencies": [
            "module.groups.nsxt_policy_group.application_groups",
            "module.groups.nsxt_policy_group.emergency_groups",
            "module.groups.nsxt_policy_group.environment_groups",
            "module.groups.nsxt_policy_group.external_service_groups",
            "module.groups.nsxt_policy_group.sub_application_groups",
            "module.groups.nsxt_policy_group.tenant_group",
            "module.services.data.nsxt_policy_service.predefined_services",
            "module.services.nsxt_policy_service.service",
            "module.tags.data.nsxt_policy_vm.vms",
            "module.tags.nsxt_policy_vm_tags.hierarchy_tags"
          ]
        }
      ]
    },
    {
      "module": "module.policies[\"wld09\"]",
      "mode": "managed",
      "type": "nsxt_policy_security_policy",
      "name": "environment_policy",
      "provider": "provider[\"registry.terraform.io/vmware/nsxt\"]",
      "instances": [
        {
          "index_key": 0,
          "schema_version": 0,
          "attributes": {
            "category": "Environment",
            "comments": "",
            "context": [],
            "description": "Environment security policy for tenant wld09",
            "display_name": "env-wld09-policy",
            "domain": "default",
            "id": "212efe64-7b56-4628-8fae-503203196706",
            "locked": false,
            "nsx_id": "212efe64-7b56-4628-8fae-503203196706",
            "path": "/infra/domains/default/security-policies/212efe64-7b56-4628-8fae-503203196706",
            "revision": 0,
            "rule": [
              {
                "action": "ALLOW",
                "description": "",
                "destination_groups": [
                  "/infra/domains/default/groups/a04093e0-b652-4ac1-bcc6-3073ba074396"
                ],
                "destinations_excluded": false,
                "direction": "IN_OUT",
                "disabled": false,
                "display_name": "Allow prod environment to test environment",
                "ip_version": "IPV4_IPV6",
                "log_label": "",
                "logged": true,
                "notes": "",
                "nsx_id": "9460f13d-ad05-4977-a0c1-cb2772e64940",
                "profiles": [],
                "revision": 0,
                "rule_id": 10399,
                "scope": [],
                "sequence_number": 1,
                "services": [],
                "source_groups": [
                  "/infra/domains/default/groups/becab533-16c9-4a3f-8242-809103b14cc9"
                ],
                "sources_excluded": false,
                "tag": []
              },
              {
                "action": "DROP",
                "description": "",
                "destination_groups": [
                  "/infra/domains/default/groups/becab533-16c9-4a3f-8242-809103b14cc9"
                ],
                "destinations_excluded": false,
                "direction": "IN_OUT",
                "disabled": false,
                "display_name": "Block test environment from prod environment",
                "ip_version": "IPV4_IPV6",
                "log_label": "",
                "logged": true,
                "notes": "",
                "nsx_id": "2fef79e2-74e4-46a6-b2b7-7cca198b6f25",
                "profiles": [],
                "revision": 0,
                "rule_id": 10401,
                "scope": [],
                "sequence_number": 2,
                "services": [],
                "source_groups": [
                  "/infra/domains/default/groups/a04093e0-b652-4ac1-bcc6-3073ba074396"
                ],
                "sources_excluded": false,
                "tag": []
              }
            ],
            "scope": [
              "/infra/domains/default/groups/0b2eecf7-4d3a-41a6-a1e1-3f7732f6ff84"
            ],
            "sequence_number": 2,
            "stateful": true,
            "tag": [],
            "tcp_strict": false
          },
          "sensitive_attributes": [],
          "private": "bnVsbA==",
          "dependencies": [
            "module.groups.nsxt_policy_group.application_groups",
            "module.groups.nsxt_policy_group.emergency_groups",
            "module.groups.nsxt_policy_group.environment_groups",
            "module.groups.nsxt_policy_group.external_service_groups",
            "module.groups.nsxt_policy_group.sub_application_groups",
            "module.groups.nsxt_policy_group.tenant_group",
            "module.policies.nsxt_policy_security_policy.emergency_policy",
            "module.services.data.nsxt_policy_service.predefined_services",
            "module.services.nsxt_policy_service.service",
            "module.tags.data.nsxt_policy_vm.vms",
            "module.tags.nsxt_policy_vm_tags.hierarchy_tags"
          ]
        }
      ]
    },
    {
      "module": "module.policies[\"wld10\"]",
      "mode": "managed",
      "type": "nsxt_policy_security_policy",
      "name": "application_policy",
      "provider": "provider[\"registry.terraform.io/vmware/nsxt\"]",
      "instances": [
        {
          "index_key": 0,
          "schema_version": 0,
          "attributes": {
            "category": "Application",
            "comments": "",
            "context": [],
            "description": "Application security policy for tenant wld10",
            "display_name": "app-wld10-policy",
            "domain": "default",
            "id": "f5048b0d-b55e-47a6-a1f7-c8a14fd8b3ab",
            "locked": false,
            "nsx_id": "f5048b0d-b55e-47a6-a1f7-c8a14fd8b3ab",
            "path": "/infra/domains/default/security-policies/f5048b0d-b55e-47a6-a1f7-c8a14fd8b3ab",
            "revision": 0,
            "rule": [
              {
                "action": "ALLOW",
                "description": "",
                "destination_groups": [
                  "/infra/domains/default/groups/6a3592d9-ff94-4cc2-a826-17e4087008da",
                  "/infra/domains/default/groups/b11d9cd0-2ceb-4e9c-96b0-9b09a900425a",
                  "/infra/domains/default/groups/d43d195d-c02a-4ad4-b8c2-4ed85cec642b"
                ],
                "destinations_excluded": false,
                "direction": "IN_OUT",
                "disabled": false,
                "display_name": "Allow jumphost to web servers on port 443",
                "ip_version": "IPV4_IPV6",
                "log_label": "",
                "logged": true,
                "notes": "",
                "nsx_id": "f49aa4c3-7dad-4657-9bad-5feaeaad2eac",
                "profiles": [],
                "revision": 0,
                "rule_id": 10404,
                "scope": [],
                "sequence_number": 1,
                "services": [
                  "/infra/services/6e9deb7e-8bcb-4c91-bffa-9f1e3fe27973"
                ],
                "source_groups": [
                  "/infra/domains/default/groups/df1e389e-733a-44ab-aaf5-af83ff387d00"
                ],
                "sources_excluded": false,
                "tag": []
              },
              {
                "action": "ALLOW",
                "description": "",
                "destination_groups": [
                  "/infra/domains/default/groups/6ab91134-ba9a-49c1-8e1e-3081caaa2c5b",
                  "/infra/domains/default/groups/89536b2b-94a3-4056-887d-49dd8c8519f2",
                  "/infra/domains/default/groups/bfa5d68e-a739-4d28-a0ec-666977327a9e"
                ],
                "destinations_excluded": false,
                "direction": "IN_OUT",
                "disabled": false,
                "display_name": "Allow web servers to application servers on port 8443",
                "ip_version": "IPV4_IPV6",
                "log_label": "",
                "logged": true,
                "notes": "",
                "nsx_id": "e9799411-f3ea-44db-8f34-c451caf9e3d6",
                "profiles": [],
                "revision": 0,
                "rule_id": 10405,
                "scope": [],
                "sequence_number": 2,
                "services": [
                  "/infra/services/a1b3235d-4cf4-4a4c-b6e2-797c2875838b"
                ],
                "source_groups": [
                  "/infra/domains/default/groups/6a3592d9-ff94-4cc2-a826-17e4087008da",
                  "/infra/domains/default/groups/b11d9cd0-2ceb-4e9c-96b0-9b09a900425a",
                  "/infra/domains/default/groups/d43d195d-c02a-4ad4-b8c2-4ed85cec642b"
                ],
                "sources_excluded": false,
                "tag": []
              },
              {
                "action": "ALLOW",
                "description": "",
                "destination_groups": [
                  "/infra/domains/default/groups/14ea37e0-5d56-4cff-9594-d0a6051e849c",
                  "/infra/domains/default/groups/5ba81a90-c935-4249-8472-f496f6f5f650",
                  "/infra/domains/default/groups/6edb5fd8-bd90-4391-af0b-89fcf8c04781"
                ],
                "destinations_excluded": false,
                "direction": "IN_OUT",
                "disabled": false,
                "display_name": "Allow application servers to database servers on port 3306",
                "ip_version": "IPV4_IPV6",
                "log_label": "",
                "logged": true,
                "notes": "",
                "nsx_id": "1c8b8482-cc67-414c-9626-8cc36040dd4a",
                "profiles": [],
                "revision": 0,
                "rule_id": 10407,
                "scope": [],
                "sequence_number": 3,
                "services": [
                  "/infra/services/1aefa0cc-2fb9-4fd4-97d4-de6a4ace8199"
                ],
                "source_groups": [
                  "/infra/domains/default/groups/6ab91134-ba9a-49c1-8e1e-3081caaa2c5b",
                  "/infra/domains/default/groups/89536b2b-94a3-4056-887d-49dd8c8519f2",
                  "/infra/domains/default/groups/bfa5d68e-a739-4d28-a0ec-666977327a9e"
                ],
                "sources_excluded": false,
                "tag": []
              },
              {
                "action": "ALLOW",
                "description": "",
                "destination_groups": [
                  "/infra/domains/default/groups/aa13165e-d725-4046-a8cf-d5252c818a8e"
                ],
                "destinations_excluded": false,
                "direction": "IN_OUT",
                "disabled": false,
                "display_name": "Allow wld10 servers to external DNS on port 53",
                "ip_version": "IPV4_IPV6",
                "log_label": "",
                "logged": true,
                "notes": "",
                "nsx_id": "21cedeca-d54e-4a4d-beba-7901a8473704",
                "profiles": [],
                "revision": 0,
                "rule_id": 10409,
                "scope": [],
                "sequence_number": 4,
                "services": [
                  "/infra/services/892e391c-1672-4cef-a8b0-84e551527dca"
                ],
                "source_groups": [
                  "/infra/domains/default/groups/6186410e-2296-4ee3-bd6a-a05f758ad4a1"
                ],
                "sources_excluded": false,
                "tag": []
              }
            ],
            "scope": [
              "/infra/domains/default/groups/6186410e-2296-4ee3-bd6a-a05f758ad4a1"
            ],
            "sequence_number": 3,
            "stateful": true,
            "tag": [],
            "tcp_strict": false
          },
          "sensitive_attributes": [],
          "private": "bnVsbA==",
          "dependencies": [
            "module.groups.nsxt_policy_group.application_groups",
            "module.groups.nsxt_policy_group.emergency_groups",
            "module.groups.nsxt_policy_group.environment_groups",
            "module.groups.nsxt_policy_group.external_service_groups",
            "module.groups.nsxt_policy_group.sub_application_groups",
            "module.groups.nsxt_policy_group.tenant_group",
            "module.policies.nsxt_policy_security_policy.emergency_policy",
            "module.policies.nsxt_policy_security_policy.environment_policy",
            "module.services.data.nsxt_policy_service.predefined_services",
            "module.services.nsxt_policy_service.service",
            "module.tags.data.nsxt_policy_vm.vms",
            "module.tags.nsxt_policy_vm_tags.hierarchy_tags"
          ]
        }
      ]
    },
    {
      "module": "module.policies[\"wld10\"]",
      "mode": "managed",
      "type": "nsxt_policy_security_policy",
      "name": "emergency_policy",
      "provider": "provider[\"registry.terraform.io/vmware/nsxt\"]",
      "instances": [
        {
          "index_key": 0,
          "schema_version": 0,
          "attributes": {
            "category": "Emergency",
            "comments": "",
            "context": [],
            "description": "Emergency security policy for tenant wld10",
            "display_name": "emergency-wld10-policy",
            "domain": "default",
            "id": "c3f4d55b-f22c-4d79-856d-04555d202383",
            "locked": false,
            "nsx_id": "c3f4d55b-f22c-4d79-856d-04555d202383",
            "path": "/infra/domains/default/security-policies/c3f4d55b-f22c-4d79-856d-04555d202383",
            "revision": 0,
            "rule": [
              {
                "action": "ALLOW",
                "description": "",
                "destination_groups": [],
                "destinations_excluded": false,
                "direction": "IN_OUT",
                "disabled": false,
                "display_name": "Allow emergency rule on VMs with this tag",
                "ip_version": "IPV4_IPV6",
                "log_label": "",
                "logged": true,
                "notes": "",
                "nsx_id": "c8fdaf18-92b0-42e8-abe3-9bbe498d3a42",
                "profiles": [],
                "revision": 0,
                "rule_id": 10397,
                "scope": [],
                "sequence_number": 1,
                "services": [],
                "source_groups": [
                  "/infra/domains/default/groups/a6e8de4f-05cb-4954-8797-01892a9bacc4"
                ],
                "sources_excluded": false,
                "tag": []
              }
            ],
            "scope": [
              "/infra/domains/default/groups/6186410e-2296-4ee3-bd6a-a05f758ad4a1"
            ],
            "sequence_number": 1,
            "stateful": true,
            "tag": [],
            "tcp_strict": false
          },
          "sensitive_attributes": [],
          "private": "bnVsbA==",
          "dependencies": [
            "module.groups.nsxt_policy_group.application_groups",
            "module.groups.nsxt_policy_group.emergency_groups",
            "module.groups.nsxt_policy_group.environment_groups",
            "module.groups.nsxt_policy_group.external_service_groups",
            "module.groups.nsxt_policy_group.sub_application_groups",
            "module.groups.nsxt_policy_group.tenant_group",
            "module.services.data.nsxt_policy_service.predefined_services",
            "module.services.nsxt_policy_service.service",
            "module.tags.data.nsxt_policy_vm.vms",
            "module.tags.nsxt_policy_vm_tags.hierarchy_tags"
          ]
        }
      ]
    },
    {
      "module": "module.policies[\"wld10\"]",
      "mode": "managed",
      "type": "nsxt_policy_security_policy",
      "name": "environment_policy",
      "provider": "provider[\"registry.terraform.io/vmware/nsxt\"]",
      "instances": [
        {
          "index_key": 0,
          "schema_version": 0,
          "attributes": {
            "category": "Environment",
            "comments": "",
            "context": [],
            "description": "Environment security policy for tenant wld10",
            "display_name": "env-wld10-policy",
            "domain": "default",
            "id": "2206dd6d-c8cc-4120-a26e-414f027df188",
            "locked": false,
            "nsx_id": "2206dd6d-c8cc-4120-a26e-414f027df188",
            "path": "/infra/domains/default/security-policies/2206dd6d-c8cc-4120-a26e-414f027df188",
            "revision": 0,
            "rule": [
              {
                "action": "ALLOW",
                "description": "",
                "destination_groups": [
                  "/infra/domains/default/groups/71131694-fb22-41f9-8d16-9a60d6fd67fb"
                ],
                "destinations_excluded": false,
                "direction": "IN_OUT",
                "disabled": false,
                "display_name": "Allow dev environment to acc environment",
                "ip_version": "IPV4_IPV6",
                "log_label": "",
                "logged": true,
                "notes": "",
                "nsx_id": "d51f7cd4-5dfe-45ae-98b4-157ee5e92866",
                "profiles": [],
                "revision": 0,
                "rule_id": 10400,
                "scope": [],
                "sequence_number": 1,
                "services": [],
                "source_groups": [
                  "/infra/domains/default/groups/38cdd20f-0225-4749-9c97-517c9426d2b9"
                ],
                "sources_excluded": false,
                "tag": []
              },
              {
                "action": "DROP",
                "description": "",
                "destination_groups": [
                  "/infra/domains/default/groups/38cdd20f-0225-4749-9c97-517c9426d2b9"
                ],
                "destinations_excluded": false,
                "direction": "IN_OUT",
                "disabled": false,
                "display_name": "Block acc environment from dev environment",
                "ip_version": "IPV4_IPV6",
                "log_label": "",
                "logged": true,
                "notes": "",
                "nsx_id": "c80fef62-72ad-4c7c-b5f8-c40f5892a14b",
                "profiles": [],
                "revision": 0,
                "rule_id": 10402,
                "scope": [],
                "sequence_number": 2,
                "services": [],
                "source_groups": [
                  "/infra/domains/default/groups/71131694-fb22-41f9-8d16-9a60d6fd67fb"
                ],
                "sources_excluded": false,
                "tag": []
              }
            ],
            "scope": [
              "/infra/domains/default/groups/6186410e-2296-4ee3-bd6a-a05f758ad4a1"
            ],
            "sequence_number": 2,
            "stateful": true,
            "tag": [],
            "tcp_strict": false
          },
          "sensitive_attributes": [],
          "private": "bnVsbA==",
          "dependencies": [
            "module.groups.nsxt_policy_group.application_groups",
            "module.groups.nsxt_policy_group.emergency_groups",
            "module.groups.nsxt_policy_group.environment_groups",
            "module.groups.nsxt_policy_group.external_service_groups",
            "module.groups.nsxt_policy_group.sub_application_groups",
            "module.groups.nsxt_policy_group.tenant_group",
            "module.policies.nsxt_policy_security_policy.emergency_policy",
            "module.services.data.nsxt_policy_service.predefined_services",
            "module.services.nsxt_policy_service.service",
            "module.tags.data.nsxt_policy_vm.vms",
            "module.tags.nsxt_policy_vm_tags.hierarchy_tags"
          ]
        }
      ]
    },
    {
      "module": "module.services[\"wld09\"]",
      "mode": "data",
      "type": "nsxt_policy_service",
      "name": "predefined_services",
      "provider": "provider[\"registry.terraform.io/vmware/nsxt\"]",
      "instances": [
        {
          "index_key": "HTTPS, net.tcp binding",
          "schema_version": 0,
          "attributes": {
            "context": null,
            "description": "HTTPS, net.tcp binding",
            "display_name": "HTTPS, net.tcp binding",
            "id": "HTTPS,_net.tcp_binding",
            "path": "/infra/services/HTTPS,_net.tcp_binding"
          },
          "sensitive_attributes": []
        },
        {
          "index_key": "ICMP Echo Reply",
          "schema_version": 0,
          "attributes": {
            "context": null,
            "description": "ICMP Echo Reply",
            "display_name": "ICMP Echo Reply",
            "id": "ICMP_Echo_Reply",
            "path": "/infra/services/ICMP_Echo_Reply"
          },
          "sensitive_attributes": []
        },
        {
          "index_key": "ICMPv4",
          "schema_version": 0,
          "attributes": {
            "context": null,
            "description": "ICMPv4-ALL",
            "display_name": "ICMPv4-ALL",
            "id": "ICMPv4-ALL",
            "path": "/infra/services/ICMPv4-ALL"
          },
          "sensitive_attributes": []
        },
        {
          "index_key": "Microsoft SQL Server",
          "schema_version": 0,
          "attributes": {
            "context": null,
            "description": "Microsoft SQL Server",
            "display_name": "Microsoft SQL Server",
            "id": "Microsoft_SQL_Server",
            "path": "/infra/services/Microsoft_SQL_Server"
          },
          "sensitive_attributes": []
        },
        {
          "index_key": "Windows-Global-Catalog-over-SSL",
          "schema_version": 0,
          "attributes": {
            "context": null,
            "description": "Windows-Global-Catalog-over-SSL",
            "display_name": "Windows-Global-Catalog-over-SSL",
            "id": "Windows-Global-Catalog-over-SSL",
            "path": "/infra/services/Windows-Global-Catalog-over-SSL"
          },
          "sensitive_attributes": []
        },
        {
          "index_key": "Yahoo Messenger (TCP)",
          "schema_version": 0,
          "attributes": {
            "context": null,
            "description": "Yahoo Messenger (TCP)",
            "display_name": "Yahoo Messenger (TCP)",
            "id": "Yahoo_Messenger_(TCP)",
            "path": "/infra/services/Yahoo_Messenger_(TCP)"
          },
          "sensitive_attributes": []
        }
      ]
    },
    {
      "module": "module.services[\"wld09\"]",
      "mode": "managed",
      "type": "nsxt_policy_service",
      "name": "service",
      "provider": "provider[\"registry.terraform.io/vmware/nsxt\"]",
      "instances": [
        {
          "index_key": "tcp_3306",
          "schema_version": 0,
          "attributes": {
            "algorithm_entry": [],
            "context": [],
            "description": "Service for tcp_3306",
            "display_name": "svc-wld09-tcp_3306",
            "ether_type_entry": [],
            "icmp_entry": [],
            "id": "243b3a8b-1ec8-4191-9588-3bb1026bbb55",
            "igmp_entry": [],
            "ip_protocol_entry": [],
            "l4_port_set_entry": [
              {
                "description": "",
                "destination_ports": [
                  "3306"
                ],
                "display_name": "port-tcp_3306",
                "protocol": "TCP",
                "source_ports": []
              }
            ],
            "nested_service_entry": [],
            "nsx_id": "243b3a8b-1ec8-4191-9588-3bb1026bbb55",
            "path": "/infra/services/243b3a8b-1ec8-4191-9588-3bb1026bbb55",
            "revision": 0,
            "tag": []
          },
          "sensitive_attributes": [],
          "private": "bnVsbA==",
          "dependencies": [
            "module.groups.nsxt_policy_group.application_groups",
            "module.groups.nsxt_policy_group.emergency_groups",
            "module.groups.nsxt_policy_group.environment_groups",
            "module.groups.nsxt_policy_group.external_service_groups",
            "module.groups.nsxt_policy_group.sub_application_groups",
            "module.groups.nsxt_policy_group.tenant_group",
            "module.tags.data.nsxt_policy_vm.vms",
            "module.tags.nsxt_policy_vm_tags.hierarchy_tags"
          ]
        },
        {
          "index_key": "tcp_443",
          "schema_version": 0,
          "attributes": {
            "algorithm_entry": [],
            "context": [],
            "description": "Service for tcp_443",
            "display_name": "svc-wld09-tcp_443",
            "ether_type_entry": [],
            "icmp_entry": [],
            "id": "f047baa4-0c97-4dfc-9983-dcbf0597c830",
            "igmp_entry": [],
            "ip_protocol_entry": [],
            "l4_port_set_entry": [
              {
                "description": "",
                "destination_ports": [
                  "443"
                ],
                "display_name": "port-tcp_443",
                "protocol": "TCP",
                "source_ports": []
              }
            ],
            "nested_service_entry": [],
            "nsx_id": "f047baa4-0c97-4dfc-9983-dcbf0597c830",
            "path": "/infra/services/f047baa4-0c97-4dfc-9983-dcbf0597c830",
            "revision": 0,
            "tag": []
          },
          "sensitive_attributes": [],
          "private": "bnVsbA==",
          "dependencies": [
            "module.groups.nsxt_policy_group.application_groups",
            "module.groups.nsxt_policy_group.emergency_groups",
            "module.groups.nsxt_policy_group.environment_groups",
            "module.groups.nsxt_policy_group.external_service_groups",
            "module.groups.nsxt_policy_group.sub_application_groups",
            "module.groups.nsxt_policy_group.tenant_group",
            "module.tags.data.nsxt_policy_vm.vms",
            "module.tags.nsxt_policy_vm_tags.hierarchy_tags"
          ]
        },
        {
          "index_key": "tcp_445",
          "schema_version": 0,
          "attributes": {
            "algorithm_entry": [],
            "context": [],
            "description": "Service for tcp_445",
            "display_name": "svc-wld09-tcp_445",
            "ether_type_entry": [],
            "icmp_entry": [],
            "id": "5bf09b54-61cb-407a-9e67-ff426012f5e4",
            "igmp_entry": [],
            "ip_protocol_entry": [],
            "l4_port_set_entry": [
              {
                "description": "",
                "destination_ports": [
                  "445"
                ],
                "display_name": "port-tcp_445",
                "protocol": "TCP",
                "source_ports": []
              }
            ],
            "nested_service_entry": [],
            "nsx_id": "5bf09b54-61cb-407a-9e67-ff426012f5e4",
            "path": "/infra/services/5bf09b54-61cb-407a-9e67-ff426012f5e4",
            "revision": 0,
            "tag": []
          },
          "sensitive_attributes": [],
          "private": "bnVsbA==",
          "dependencies": [
            "module.groups.nsxt_policy_group.application_groups",
            "module.groups.nsxt_policy_group.emergency_groups",
            "module.groups.nsxt_policy_group.environment_groups",
            "module.groups.nsxt_policy_group.external_service_groups",
            "module.groups.nsxt_policy_group.sub_application_groups",
            "module.groups.nsxt_policy_group.tenant_group",
            "module.tags.data.nsxt_policy_vm.vms",
            "module.tags.nsxt_policy_vm_tags.hierarchy_tags"
          ]
        },
        {
          "index_key": "tcp_8443",
          "schema_version": 0,
          "attributes": {
            "algorithm_entry": [],
            "context": [],
            "description": "Service for tcp_8443",
            "display_name": "svc-wld09-tcp_8443",
            "ether_type_entry": [],
            "icmp_entry": [],
            "id": "d0614bb0-f88a-47ea-ba44-6ad9676424ab",
            "igmp_entry": [],
            "ip_protocol_entry": [],
            "l4_port_set_entry": [
              {
                "description": "",
                "destination_ports": [
                  "8443"
                ],
                "display_name": "port-tcp_8443",
                "protocol": "TCP",
                "source_ports": []
              }
            ],
            "nested_service_entry": [],
            "nsx_id": "d0614bb0-f88a-47ea-ba44-6ad9676424ab",
            "path": "/infra/services/d0614bb0-f88a-47ea-ba44-6ad9676424ab",
            "revision": 0,
            "tag": []
          },
          "sensitive_attributes": [],
          "private": "bnVsbA==",
          "dependencies": [
            "module.groups.nsxt_policy_group.application_groups",
            "module.groups.nsxt_policy_group.emergency_groups",
            "module.groups.nsxt_policy_group.environment_groups",
            "module.groups.nsxt_policy_group.external_service_groups",
            "module.groups.nsxt_policy_group.sub_application_groups",
            "module.groups.nsxt_policy_group.tenant_group",
            "module.tags.data.nsxt_policy_vm.vms",
            "module.tags.nsxt_policy_vm_tags.hierarchy_tags"
          ]
        },
        {
          "index_key": "udp_53",
          "schema_version": 0,
          "attributes": {
            "algorithm_entry": [],
            "context": [],
            "description": "Service for udp_53",
            "display_name": "svc-wld09-udp_53",
            "ether_type_entry": [],
            "icmp_entry": [],
            "id": "4b40a619-7886-4a1a-b62a-3ae9f390239d",
            "igmp_entry": [],
            "ip_protocol_entry": [],
            "l4_port_set_entry": [
              {
                "description": "",
                "destination_ports": [
                  "53"
                ],
                "display_name": "port-udp_53",
                "protocol": "UDP",
                "source_ports": []
              }
            ],
            "nested_service_entry": [],
            "nsx_id": "4b40a619-7886-4a1a-b62a-3ae9f390239d",
            "path": "/infra/services/4b40a619-7886-4a1a-b62a-3ae9f390239d",
            "revision": 0,
            "tag": []
          },
          "sensitive_attributes": [],
          "private": "bnVsbA==",
          "dependencies": [
            "module.groups.nsxt_policy_group.application_groups",
            "module.groups.nsxt_policy_group.emergency_groups",
            "module.groups.nsxt_policy_group.environment_groups",
            "module.groups.nsxt_policy_group.external_service_groups",
            "module.groups.nsxt_policy_group.sub_application_groups",
            "module.groups.nsxt_policy_group.tenant_group",
            "module.tags.data.nsxt_policy_vm.vms",
            "module.tags.nsxt_policy_vm_tags.hierarchy_tags"
          ]
        }
      ]
    },
    {
      "module": "module.services[\"wld10\"]",
      "mode": "managed",
      "type": "nsxt_policy_service",
      "name": "service",
      "provider": "provider[\"registry.terraform.io/vmware/nsxt\"]",
      "instances": [
        {
          "index_key": "tcp_3306",
          "schema_version": 0,
          "attributes": {
            "algorithm_entry": [],
            "context": [],
            "description": "Service for tcp_3306",
            "display_name": "svc-wld10-tcp_3306",
            "ether_type_entry": [],
            "icmp_entry": [],
            "id": "1aefa0cc-2fb9-4fd4-97d4-de6a4ace8199",
            "igmp_entry": [],
            "ip_protocol_entry": [],
            "l4_port_set_entry": [
              {
                "description": "",
                "destination_ports": [
                  "3306"
                ],
                "display_name": "port-tcp_3306",
                "protocol": "TCP",
                "source_ports": []
              }
            ],
            "nested_service_entry": [],
            "nsx_id": "1aefa0cc-2fb9-4fd4-97d4-de6a4ace8199",
            "path": "/infra/services/1aefa0cc-2fb9-4fd4-97d4-de6a4ace8199",
            "revision": 0,
            "tag": []
          },
          "sensitive_attributes": [],
          "private": "bnVsbA==",
          "dependencies": [
            "module.groups.nsxt_policy_group.application_groups",
            "module.groups.nsxt_policy_group.emergency_groups",
            "module.groups.nsxt_policy_group.environment_groups",
            "module.groups.nsxt_policy_group.external_service_groups",
            "module.groups.nsxt_policy_group.sub_application_groups",
            "module.groups.nsxt_policy_group.tenant_group",
            "module.tags.data.nsxt_policy_vm.vms",
            "module.tags.nsxt_policy_vm_tags.hierarchy_tags"
          ]
        },
        {
          "index_key": "tcp_443",
          "schema_version": 0,
          "attributes": {
            "algorithm_entry": [],
            "context": [],
            "description": "Service for tcp_443",
            "display_name": "svc-wld10-tcp_443",
            "ether_type_entry": [],
            "icmp_entry": [],
            "id": "6e9deb7e-8bcb-4c91-bffa-9f1e3fe27973",
            "igmp_entry": [],
            "ip_protocol_entry": [],
            "l4_port_set_entry": [
              {
                "description": "",
                "destination_ports": [
                  "443"
                ],
                "display_name": "port-tcp_443",
                "protocol": "TCP",
                "source_ports": []
              }
            ],
            "nested_service_entry": [],
            "nsx_id": "6e9deb7e-8bcb-4c91-bffa-9f1e3fe27973",
            "path": "/infra/services/6e9deb7e-8bcb-4c91-bffa-9f1e3fe27973",
            "revision": 0,
            "tag": []
          },
          "sensitive_attributes": [],
          "private": "bnVsbA==",
          "dependencies": [
            "module.groups.nsxt_policy_group.application_groups",
            "module.groups.nsxt_policy_group.emergency_groups",
            "module.groups.nsxt_policy_group.environment_groups",
            "module.groups.nsxt_policy_group.external_service_groups",
            "module.groups.nsxt_policy_group.sub_application_groups",
            "module.groups.nsxt_policy_group.tenant_group",
            "module.tags.data.nsxt_policy_vm.vms",
            "module.tags.nsxt_policy_vm_tags.hierarchy_tags"
          ]
        },
        {
          "index_key": "tcp_8443",
          "schema_version": 0,
          "attributes": {
            "algorithm_entry": [],
            "context": [],
            "description": "Service for tcp_8443",
            "display_name": "svc-wld10-tcp_8443",
            "ether_type_entry": [],
            "icmp_entry": [],
            "id": "a1b3235d-4cf4-4a4c-b6e2-797c2875838b",
            "igmp_entry": [],
            "ip_protocol_entry": [],
            "l4_port_set_entry": [
              {
                "description": "",
                "destination_ports": [
                  "8443"
                ],
                "display_name": "port-tcp_8443",
                "protocol": "TCP",
                "source_ports": []
              }
            ],
            "nested_service_entry": [],
            "nsx_id": "a1b3235d-4cf4-4a4c-b6e2-797c2875838b",
            "path": "/infra/services/a1b3235d-4cf4-4a4c-b6e2-797c2875838b",
            "revision": 0,
            "tag": []
          },
          "sensitive_attributes": [],
          "private": "bnVsbA==",
          "dependencies": [
            "module.groups.nsxt_policy_group.application_groups",
            "module.groups.nsxt_policy_group.emergency_groups",
            "module.groups.nsxt_policy_group.environment_groups",
            "module.groups.nsxt_policy_group.external_service_groups",
            "module.groups.nsxt_policy_group.sub_application_groups",
            "module.groups.nsxt_policy_group.tenant_group",
            "module.tags.data.nsxt_policy_vm.vms",
            "module.tags.nsxt_policy_vm_tags.hierarchy_tags"
          ]
        },
        {
          "index_key": "udp_53",
          "schema_version": 0,
          "attributes": {
            "algorithm_entry": [],
            "context": [],
            "description": "Service for udp_53",
            "display_name": "svc-wld10-udp_53",
            "ether_type_entry": [],
            "icmp_entry": [],
            "id": "892e391c-1672-4cef-a8b0-84e551527dca",
            "igmp_entry": [],
            "ip_protocol_entry": [],
            "l4_port_set_entry": [
              {
                "description": "",
                "destination_ports": [
                  "53"
                ],
                "display_name": "port-udp_53",
                "protocol": "UDP",
                "source_ports": []
              }
            ],
            "nested_service_entry": [],
            "nsx_id": "892e391c-1672-4cef-a8b0-84e551527dca",
            "path": "/infra/services/892e391c-1672-4cef-a8b0-84e551527dca",
            "revision": 0,
            "tag": []
          },
          "sensitive_attributes": [],
          "private": "bnVsbA==",
          "dependencies": [
            "module.groups.nsxt_policy_group.application_groups",
            "module.groups.nsxt_policy_group.emergency_groups",
            "module.groups.nsxt_policy_group.environment_groups",
            "module.groups.nsxt_policy_group.external_service_groups",
            "module.groups.nsxt_policy_group.sub_application_groups",
            "module.groups.nsxt_policy_group.tenant_group",
            "module.tags.data.nsxt_policy_vm.vms",
            "module.tags.nsxt_policy_vm_tags.hierarchy_tags"
          ]
        }
      ]
    },
    {
      "module": "module.tags[\"wld09\"]",
      "mode": "data",
      "type": "nsxt_policy_vm",
      "name": "vms",
      "provider": "provider[\"registry.terraform.io/vmware/nsxt\"]",
      "instances": [
        {
          "index_key": "p-app-01a",
          "schema_version": 0,
          "attributes": {
            "bios_id": "420ed69b-758d-155e-63d7-1aa278448f8e",
            "context": null,
            "description": "",
            "display_name": "p-app-01a",
            "external_id": "500e66ad-6efc-e7fe-6ba3-74d45c3eb94f",
            "id": "500e66ad-6efc-e7fe-6ba3-74d45c3eb94f",
            "instance_id": "500e66ad-6efc-e7fe-6ba3-74d45c3eb94f"
          },
          "sensitive_attributes": []
        },
        {
          "index_key": "p-db-01a",
          "schema_version": 0,
          "attributes": {
            "bios_id": "420e40f9-3ff4-ffdd-bdb5-0233b4f0493f",
            "context": null,
            "description": "",
            "display_name": "p-db-01a",
            "external_id": "500eb8ab-1d7d-8803-906e-b540fdcf7f6f",
            "id": "500eb8ab-1d7d-8803-906e-b540fdcf7f6f",
            "instance_id": "500eb8ab-1d7d-8803-906e-b540fdcf7f6f"
          },
          "sensitive_attributes": []
        },
        {
          "index_key": "p-web-01a",
          "schema_version": 0,
          "attributes": {
            "bios_id": "420e446e-cf67-8086-932a-bbebf4f9537e",
            "context": null,
            "description": "",
            "display_name": "p-web-01a",
            "external_id": "500eedf5-5f28-eed1-6a09-0f558d46ad41",
            "id": "500eedf5-5f28-eed1-6a09-0f558d46ad41",
            "instance_id": "500eedf5-5f28-eed1-6a09-0f558d46ad41"
          },
          "sensitive_attributes": []
        },
        {
          "index_key": "p-web-02a",
          "schema_version": 0,
          "attributes": {
            "bios_id": "420e0373-2d68-d850-c333-c9a5b68a9cd0",
            "context": null,
            "description": "",
            "display_name": "p-web-02a",
            "external_id": "500e4b09-2edf-482e-149b-978b60215a45",
            "id": "500e4b09-2edf-482e-149b-978b60215a45",
            "instance_id": "500e4b09-2edf-482e-149b-978b60215a45"
          },
          "sensitive_attributes": []
        },
        {
          "index_key": "p-web-03a",
          "schema_version": 0,
          "attributes": {
            "bios_id": "420ee229-5d04-f4a0-9a68-4531951a77c1",
            "context": null,
            "description": "",
            "display_name": "p-web-03a",
            "external_id": "500e169f-7231-266a-4c3d-fbd4ddaf246b",
            "id": "500e169f-7231-266a-4c3d-fbd4ddaf246b",
            "instance_id": "500e169f-7231-266a-4c3d-fbd4ddaf246b"
          },
          "sensitive_attributes": []
        },
        {
          "index_key": "t-app-01a",
          "schema_version": 0,
          "attributes": {
            "bios_id": "420ec69b-f0eb-f021-e76a-1ba3f8f3f229",
            "context": null,
            "description": "",
            "display_name": "t-app-01a",
            "external_id": "500e1a06-0bb7-5aa2-230c-73642a3e23c1",
            "id": "500e1a06-0bb7-5aa2-230c-73642a3e23c1",
            "instance_id": "500e1a06-0bb7-5aa2-230c-73642a3e23c1"
          },
          "sensitive_attributes": []
        },
        {
          "index_key": "t-db-01a",
          "schema_version": 0,
          "attributes": {
            "bios_id": "420ee52b-28dc-83eb-4b9a-38b8c52f5acd",
            "context": null,
            "description": "",
            "display_name": "t-db-01a",
            "external_id": "500eaab6-b602-787e-fdde-70c3ee2f655a",
            "id": "500eaab6-b602-787e-fdde-70c3ee2f655a",
            "instance_id": "500eaab6-b602-787e-fdde-70c3ee2f655a"
          },
          "sensitive_attributes": []
        },
        {
          "index_key": "t-web-01a",
          "schema_version": 0,
          "attributes": {
            "bios_id": "420e1dbc-a4d5-1ce2-c6dc-703bfeea8d16",
            "context": null,
            "description": "",
            "display_name": "t-web-01a",
            "external_id": "500ea1c4-d4ce-5ff0-eec5-deaa96bcf00e",
            "id": "500ea1c4-d4ce-5ff0-eec5-deaa96bcf00e",
            "instance_id": "500ea1c4-d4ce-5ff0-eec5-deaa96bcf00e"
          },
          "sensitive_attributes": []
        },
        {
          "index_key": "t-web-02a",
          "schema_version": 0,
          "attributes": {
            "bios_id": "420ed273-30b9-6979-6784-c7f94f425260",
            "context": null,
            "description": "",
            "display_name": "t-web-02a",
            "external_id": "500ebfe0-9f49-a1c6-d5d3-bc0c6a42fc91",
            "id": "500ebfe0-9f49-a1c6-d5d3-bc0c6a42fc91",
            "instance_id": "500ebfe0-9f49-a1c6-d5d3-bc0c6a42fc91"
          },
          "sensitive_attributes": []
        },
        {
          "index_key": "t-web-03a",
          "schema_version": 0,
          "attributes": {
            "bios_id": "420e9c03-8ab0-6020-c7ff-ef4f8e691da9",
            "context": null,
            "description": "",
            "display_name": "t-web-03a",
            "external_id": "500e4809-32b4-cbb5-bece-e59d5dc1e4aa",
            "id": "500e4809-32b4-cbb5-bece-e59d5dc1e4aa",
            "instance_id": "500e4809-32b4-cbb5-bece-e59d5dc1e4aa"
          },
          "sensitive_attributes": []
        }
      ]
    },
    {
      "module": "module.tags[\"wld09\"]",
      "mode": "managed",
      "type": "nsxt_policy_vm_tags",
      "name": "hierarchy_tags",
      "provider": "provider[\"registry.terraform.io/vmware/nsxt\"]",
      "instances": [
        {
          "index_key": "p-app-01a",
          "schema_version": 0,
          "attributes": {
            "context": [],
            "id": "500e66ad-6efc-e7fe-6ba3-74d45c3eb94f",
            "instance_id": "500e66ad-6efc-e7fe-6ba3-74d45c3eb94f",
            "port": [],
            "tag": [
              {
                "scope": "application",
                "tag": "app-wld09-prod-3holapp"
              },
              {
                "scope": "application",
                "tag": "app-wld09-prod-application"
              },
              {
                "scope": "environment",
                "tag": "env-wld09-prod"
              },
              {
                "scope": "sub-application",
                "tag": "app-wld09-prod-3holapp-application"
              },
              {
                "scope": "tenant",
                "tag": "ten-wld09"
              }
            ]
          },
          "sensitive_attributes": [],
          "private": "bnVsbA==",
          "dependencies": [
            "module.tags.data.nsxt_policy_vm.vms"
          ]
        },
        {
          "index_key": "p-db-01a",
          "schema_version": 0,
          "attributes": {
            "context": [],
            "id": "500eb8ab-1d7d-8803-906e-b540fdcf7f6f",
            "instance_id": "500eb8ab-1d7d-8803-906e-b540fdcf7f6f",
            "port": [],
            "tag": [
              {
                "scope": "application",
                "tag": "app-wld09-prod-3holapp"
              },
              {
                "scope": "application",
                "tag": "app-wld09-prod-database"
              },
              {
                "scope": "emergency",
                "tag": "emg-wld09"
              },
              {
                "scope": "environment",
                "tag": "env-wld09-prod"
              },
              {
                "scope": "sub-application",
                "tag": "app-wld09-prod-3holapp-database"
              },
              {
                "scope": "tenant",
                "tag": "ten-wld09"
              }
            ]
          },
          "sensitive_attributes": [],
          "private": "bnVsbA==",
          "dependencies": [
            "module.tags.data.nsxt_policy_vm.vms"
          ]
        },
        {
          "index_key": "p-web-01a",
          "schema_version": 0,
          "attributes": {
            "context": [],
            "id": "500eedf5-5f28-eed1-6a09-0f558d46ad41",
            "instance_id": "500eedf5-5f28-eed1-6a09-0f558d46ad41",
            "port": [],
            "tag": [
              {
                "scope": "application",
                "tag": "app-wld09-prod-3holapp"
              },
              {
                "scope": "application",
                "tag": "app-wld09-prod-web"
              },
              {
                "scope": "environment",
                "tag": "env-wld09-prod"
              },
              {
                "scope": "sub-application",
                "tag": "app-wld09-prod-3holapp-web"
              },
              {
                "scope": "tenant",
                "tag": "ten-wld09"
              }
            ]
          },
          "sensitive_attributes": [],
          "private": "bnVsbA==",
          "dependencies": [
            "module.tags.data.nsxt_policy_vm.vms"
          ]
        },
        {
          "index_key": "p-web-02a",
          "schema_version": 0,
          "attributes": {
            "context": [],
            "id": "500e4b09-2edf-482e-149b-978b60215a45",
            "instance_id": "500e4b09-2edf-482e-149b-978b60215a45",
            "port": [],
            "tag": [
              {
                "scope": "application",
                "tag": "app-wld09-prod-3holapp"
              },
              {
                "scope": "application",
                "tag": "app-wld09-prod-web"
              },
              {
                "scope": "environment",
                "tag": "env-wld09-prod"
              },
              {
                "scope": "sub-application",
                "tag": "app-wld09-prod-3holapp-web"
              },
              {
                "scope": "tenant",
                "tag": "ten-wld09"
              }
            ]
          },
          "sensitive_attributes": [],
          "private": "bnVsbA==",
          "dependencies": [
            "module.tags.data.nsxt_policy_vm.vms"
          ]
        },
        {
          "index_key": "p-web-03a",
          "schema_version": 0,
          "attributes": {
            "context": [],
            "id": "500e169f-7231-266a-4c3d-fbd4ddaf246b",
            "instance_id": "500e169f-7231-266a-4c3d-fbd4ddaf246b",
            "port": [],
            "tag": [
              {
                "scope": "application",
                "tag": "app-wld09-prod-3holapp"
              },
              {
                "scope": "application",
                "tag": "app-wld09-prod-web"
              },
              {
                "scope": "environment",
                "tag": "env-wld09-prod"
              },
              {
                "scope": "sub-application",
                "tag": "app-wld09-prod-3holapp-web"
              },
              {
                "scope": "tenant",
                "tag": "ten-wld09"
              }
            ]
          },
          "sensitive_attributes": [],
          "private": "bnVsbA==",
          "dependencies": [
            "module.tags.data.nsxt_policy_vm.vms"
          ]
        },
        {
          "index_key": "t-app-01a",
          "schema_version": 0,
          "attributes": {
            "context": [],
            "id": "500e1a06-0bb7-5aa2-230c-73642a3e23c1",
            "instance_id": "500e1a06-0bb7-5aa2-230c-73642a3e23c1",
            "port": [],
            "tag": [
              {
                "scope": "application",
                "tag": "app-wld09-test-application"
              },
              {
                "scope": "environment",
                "tag": "env-wld09-test"
              },
              {
                "scope": "tenant",
                "tag": "ten-wld09"
              }
            ]
          },
          "sensitive_attributes": [],
          "private": "bnVsbA==",
          "dependencies": [
            "module.tags.data.nsxt_policy_vm.vms"
          ]
        },
        {
          "index_key": "t-db-01a",
          "schema_version": 0,
          "attributes": {
            "context": [],
            "id": "500eaab6-b602-787e-fdde-70c3ee2f655a",
            "instance_id": "500eaab6-b602-787e-fdde-70c3ee2f655a",
            "port": [],
            "tag": [
              {
                "scope": "application",
                "tag": "app-wld09-test-database"
              },
              {
                "scope": "emergency",
                "tag": "emg-wld09"
              },
              {
                "scope": "environment",
                "tag": "env-wld09-test"
              },
              {
                "scope": "tenant",
                "tag": "ten-wld09"
              }
            ]
          },
          "sensitive_attributes": [],
          "private": "bnVsbA==",
          "dependencies": [
            "module.tags.data.nsxt_policy_vm.vms"
          ]
        },
        {
          "index_key": "t-web-01a",
          "schema_version": 0,
          "attributes": {
            "context": [],
            "id": "500ea1c4-d4ce-5ff0-eec5-deaa96bcf00e",
            "instance_id": "500ea1c4-d4ce-5ff0-eec5-deaa96bcf00e",
            "port": [],
            "tag": [
              {
                "scope": "application",
                "tag": "app-wld09-test-web"
              },
              {
                "scope": "environment",
                "tag": "env-wld09-test"
              },
              {
                "scope": "tenant",
                "tag": "ten-wld09"
              }
            ]
          },
          "sensitive_attributes": [],
          "private": "bnVsbA==",
          "dependencies": [
            "module.tags.data.nsxt_policy_vm.vms"
          ]
        },
        {
          "index_key": "t-web-02a",
          "schema_version": 0,
          "attributes": {
            "context": [],
            "id": "500ebfe0-9f49-a1c6-d5d3-bc0c6a42fc91",
            "instance_id": "500ebfe0-9f49-a1c6-d5d3-bc0c6a42fc91",
            "port": [],
            "tag": [
              {
                "scope": "application",
                "tag": "app-wld09-test-web"
              },
              {
                "scope": "environment",
                "tag": "env-wld09-test"
              },
              {
                "scope": "tenant",
                "tag": "ten-wld09"
              }
            ]
          },
          "sensitive_attributes": [],
          "private": "bnVsbA==",
          "dependencies": [
            "module.tags.data.nsxt_policy_vm.vms"
          ]
        },
        {
          "index_key": "t-web-03a",
          "schema_version": 0,
          "attributes": {
            "context": [],
            "id": "500e4809-32b4-cbb5-bece-e59d5dc1e4aa",
            "instance_id": "500e4809-32b4-cbb5-bece-e59d5dc1e4aa",
            "port": [],
            "tag": [
              {
                "scope": "application",
                "tag": "app-wld09-test-web"
              },
              {
                "scope": "environment",
                "tag": "env-wld09-test"
              },
              {
                "scope": "tenant",
                "tag": "ten-wld09"
              }
            ]
          },
          "sensitive_attributes": [],
          "private": "bnVsbA==",
          "dependencies": [
            "module.tags.data.nsxt_policy_vm.vms"
          ]
        }
      ]
    },
    {
      "module": "module.tags[\"wld10\"]",
      "mode": "data",
      "type": "nsxt_policy_vm",
      "name": "vms",
      "provider": "provider[\"registry.terraform.io/vmware/nsxt\"]",
      "instances": [
        {
          "index_key": "a-app-01a",
          "schema_version": 0,
          "attributes": {
            "bios_id": "420e8c54-2e13-0720-e066-1d347acd063b",
            "context": null,
            "description": "",
            "display_name": "a-app-01a",
            "external_id": "500e6909-122a-2c58-6dc2-a85aff0763ae",
            "id": "500e6909-122a-2c58-6dc2-a85aff0763ae",
            "instance_id": "500e6909-122a-2c58-6dc2-a85aff0763ae"
          },
          "sensitive_attributes": []
        },
        {
          "index_key": "a-db-01a",
          "schema_version": 0,
          "attributes": {
            "bios_id": "420e53a9-7a17-e3c0-1d05-48d850a69711",
            "context": null,
            "description": "",
            "display_name": "a-db-01a",
            "external_id": "500ed547-b10a-13b7-1a2d-7ff653061f2b",
            "id": "500ed547-b10a-13b7-1a2d-7ff653061f2b",
            "instance_id": "500ed547-b10a-13b7-1a2d-7ff653061f2b"
          },
          "sensitive_attributes": []
        },
        {
          "index_key": "a-web-01a",
          "schema_version": 0,
          "attributes": {
            "bios_id": "420ee5dc-c141-e5ea-41e3-8253de3bc263",
            "context": null,
            "description": "",
            "display_name": "a-web-01a",
            "external_id": "500e0604-4711-df4b-6ef1-49aaf530b89c",
            "id": "500e0604-4711-df4b-6ef1-49aaf530b89c",
            "instance_id": "500e0604-4711-df4b-6ef1-49aaf530b89c"
          },
          "sensitive_attributes": []
        },
        {
          "index_key": "a-web-02a",
          "schema_version": 0,
          "attributes": {
            "bios_id": "420e2417-4c29-638d-56af-c5df27d4a07e",
            "context": null,
            "description": "",
            "display_name": "a-web-02a",
            "external_id": "500e89db-c11a-e826-e283-6c0a45d64e2c",
            "id": "500e89db-c11a-e826-e283-6c0a45d64e2c",
            "instance_id": "500e89db-c11a-e826-e283-6c0a45d64e2c"
          },
          "sensitive_attributes": []
        },
        {
          "index_key": "a-web-03a",
          "schema_version": 0,
          "attributes": {
            "bios_id": "420e0d6d-ad01-d789-703e-8bdb3eb320f8",
            "context": null,
            "description": "",
            "display_name": "a-web-03a",
            "external_id": "500ecb05-cb4c-5667-c62b-6e06cc6119cc",
            "id": "500ecb05-cb4c-5667-c62b-6e06cc6119cc",
            "instance_id": "500ecb05-cb4c-5667-c62b-6e06cc6119cc"
          },
          "sensitive_attributes": []
        },
        {
          "index_key": "d-app-01a",
          "schema_version": 0,
          "attributes": {
            "bios_id": "420ef397-8750-1059-bb9b-caff1b26443f",
            "context": null,
            "description": "",
            "display_name": "d-app-01a",
            "external_id": "500e52a8-9caa-5b01-0b58-c38e23e3d465",
            "id": "500e52a8-9caa-5b01-0b58-c38e23e3d465",
            "instance_id": "500e52a8-9caa-5b01-0b58-c38e23e3d465"
          },
          "sensitive_attributes": []
        },
        {
          "index_key": "d-db-01a",
          "schema_version": 0,
          "attributes": {
            "bios_id": "420e7d42-c21a-0fa3-07a3-b915f0ab32c0",
            "context": null,
            "description": "",
            "display_name": "d-db-01a",
            "external_id": "500e8ba2-1ade-1ab8-39c3-34a8046bbe39",
            "id": "500e8ba2-1ade-1ab8-39c3-34a8046bbe39",
            "instance_id": "500e8ba2-1ade-1ab8-39c3-34a8046bbe39"
          },
          "sensitive_attributes": []
        },
        {
          "index_key": "d-web-01a",
          "schema_version": 0,
          "attributes": {
            "bios_id": "420e8cd4-3f2a-521e-8d32-589e010a45cf",
            "context": null,
            "description": "",
            "display_name": "d-web-01a",
            "external_id": "500e408d-f3bd-280f-2e05-b3787ec63333",
            "id": "500e408d-f3bd-280f-2e05-b3787ec63333",
            "instance_id": "500e408d-f3bd-280f-2e05-b3787ec63333"
          },
          "sensitive_attributes": []
        },
        {
          "index_key": "d-web-02a",
          "schema_version": 0,
          "attributes": {
            "bios_id": "420eab28-0d11-7280-cf2a-8b385c8bc907",
            "context": null,
            "description": "",
            "display_name": "d-web-02a",
            "external_id": "500e2f4d-03ef-aef2-8f4b-338340ec4ab0",
            "id": "500e2f4d-03ef-aef2-8f4b-338340ec4ab0",
            "instance_id": "500e2f4d-03ef-aef2-8f4b-338340ec4ab0"
          },
          "sensitive_attributes": []
        },
        {
          "index_key": "d-web-03a",
          "schema_version": 0,
          "attributes": {
            "bios_id": "420e9f76-cb3f-6ad5-6416-65d7e6a15fc9",
            "context": null,
            "description": "",
            "display_name": "d-web-03a",
            "external_id": "500e9351-a0e2-62d1-8cc1-395fb379d3e6",
            "id": "500e9351-a0e2-62d1-8cc1-395fb379d3e6",
            "instance_id": "500e9351-a0e2-62d1-8cc1-395fb379d3e6"
          },
          "sensitive_attributes": []
        }
      ]
    },
    {
      "module": "module.tags[\"wld10\"]",
      "mode": "managed",
      "type": "nsxt_policy_vm_tags",
      "name": "hierarchy_tags",
      "provider": "provider[\"registry.terraform.io/vmware/nsxt\"]",
      "instances": [
        {
          "index_key": "a-app-01a",
          "schema_version": 0,
          "attributes": {
            "context": [],
            "id": "500e6909-122a-2c58-6dc2-a85aff0763ae",
            "instance_id": "500e6909-122a-2c58-6dc2-a85aff0763ae",
            "port": [],
            "tag": [
              {
                "scope": "application",
                "tag": "app-wld10-acc-application"
              },
              {
                "scope": "environment",
                "tag": "env-wld10-acc"
              },
              {
                "scope": "tenant",
                "tag": "ten-wld10"
              }
            ]
          },
          "sensitive_attributes": [],
          "private": "bnVsbA==",
          "dependencies": [
            "module.tags.data.nsxt_policy_vm.vms"
          ]
        },
        {
          "index_key": "a-db-01a",
          "schema_version": 0,
          "attributes": {
            "context": [],
            "id": "500ed547-b10a-13b7-1a2d-7ff653061f2b",
            "instance_id": "500ed547-b10a-13b7-1a2d-7ff653061f2b",
            "port": [],
            "tag": [
              {
                "scope": "application",
                "tag": "app-wld10-acc-database"
              },
              {
                "scope": "emergency",
                "tag": "emg-wld10"
              },
              {
                "scope": "environment",
                "tag": "env-wld10-acc"
              },
              {
                "scope": "tenant",
                "tag": "ten-wld10"
              }
            ]
          },
          "sensitive_attributes": [],
          "private": "bnVsbA==",
          "dependencies": [
            "module.tags.data.nsxt_policy_vm.vms"
          ]
        },
        {
          "index_key": "a-web-01a",
          "schema_version": 0,
          "attributes": {
            "context": [],
            "id": "500e0604-4711-df4b-6ef1-49aaf530b89c",
            "instance_id": "500e0604-4711-df4b-6ef1-49aaf530b89c",
            "port": [],
            "tag": [
              {
                "scope": "application",
                "tag": "app-wld10-acc-web"
              },
              {
                "scope": "environment",
                "tag": "env-wld10-acc"
              },
              {
                "scope": "tenant",
                "tag": "ten-wld10"
              }
            ]
          },
          "sensitive_attributes": [],
          "private": "bnVsbA==",
          "dependencies": [
            "module.tags.data.nsxt_policy_vm.vms"
          ]
        },
        {
          "index_key": "a-web-02a",
          "schema_version": 0,
          "attributes": {
            "context": [],
            "id": "500e89db-c11a-e826-e283-6c0a45d64e2c",
            "instance_id": "500e89db-c11a-e826-e283-6c0a45d64e2c",
            "port": [],
            "tag": [
              {
                "scope": "application",
                "tag": "app-wld10-acc-web"
              },
              {
                "scope": "environment",
                "tag": "env-wld10-acc"
              },
              {
                "scope": "tenant",
                "tag": "ten-wld10"
              }
            ]
          },
          "sensitive_attributes": [],
          "private": "bnVsbA==",
          "dependencies": [
            "module.tags.data.nsxt_policy_vm.vms"
          ]
        },
        {
          "index_key": "a-web-03a",
          "schema_version": 0,
          "attributes": {
            "context": [],
            "id": "500ecb05-cb4c-5667-c62b-6e06cc6119cc",
            "instance_id": "500ecb05-cb4c-5667-c62b-6e06cc6119cc",
            "port": [],
            "tag": [
              {
                "scope": "application",
                "tag": "app-wld10-acc-web"
              },
              {
                "scope": "environment",
                "tag": "env-wld10-acc"
              },
              {
                "scope": "tenant",
                "tag": "ten-wld10"
              }
            ]
          },
          "sensitive_attributes": [],
          "private": "bnVsbA==",
          "dependencies": [
            "module.tags.data.nsxt_policy_vm.vms"
          ]
        },
        {
          "index_key": "d-app-01a",
          "schema_version": 0,
          "attributes": {
            "context": [],
            "id": "500e52a8-9caa-5b01-0b58-c38e23e3d465",
            "instance_id": "500e52a8-9caa-5b01-0b58-c38e23e3d465",
            "port": [],
            "tag": [
              {
                "scope": "application",
                "tag": "app-wld10-dev-3holapp"
              },
              {
                "scope": "application",
                "tag": "app-wld10-dev-application"
              },
              {
                "scope": "environment",
                "tag": "env-wld10-dev"
              },
              {
                "scope": "sub-application",
                "tag": "app-wld10-dev-3holapp-application"
              },
              {
                "scope": "tenant",
                "tag": "ten-wld10"
              }
            ]
          },
          "sensitive_attributes": [],
          "private": "bnVsbA==",
          "dependencies": [
            "module.tags.data.nsxt_policy_vm.vms"
          ]
        },
        {
          "index_key": "d-db-01a",
          "schema_version": 0,
          "attributes": {
            "context": [],
            "id": "500e8ba2-1ade-1ab8-39c3-34a8046bbe39",
            "instance_id": "500e8ba2-1ade-1ab8-39c3-34a8046bbe39",
            "port": [],
            "tag": [
              {
                "scope": "application",
                "tag": "app-wld10-dev-3holapp"
              },
              {
                "scope": "application",
                "tag": "app-wld10-dev-database"
              },
              {
                "scope": "environment",
                "tag": "env-wld10-dev"
              },
              {
                "scope": "sub-application",
                "tag": "app-wld10-dev-3holapp-database"
              },
              {
                "scope": "tenant",
                "tag": "ten-wld10"
              }
            ]
          },
          "sensitive_attributes": [],
          "private": "bnVsbA==",
          "dependencies": [
            "module.tags.data.nsxt_policy_vm.vms"
          ]
        },
        {
          "index_key": "d-web-01a",
          "schema_version": 0,
          "attributes": {
            "context": [],
            "id": "500e408d-f3bd-280f-2e05-b3787ec63333",
            "instance_id": "500e408d-f3bd-280f-2e05-b3787ec63333",
            "port": [],
            "tag": [
              {
                "scope": "application",
                "tag": "app-wld10-dev-3holapp"
              },
              {
                "scope": "application",
                "tag": "app-wld10-dev-web"
              },
              {
                "scope": "environment",
                "tag": "env-wld10-dev"
              },
              {
                "scope": "sub-application",
                "tag": "app-wld10-dev-3holapp-web"
              },
              {
                "scope": "tenant",
                "tag": "ten-wld10"
              }
            ]
          },
          "sensitive_attributes": [],
          "private": "bnVsbA==",
          "dependencies": [
            "module.tags.data.nsxt_policy_vm.vms"
          ]
        },
        {
          "index_key": "d-web-02a",
          "schema_version": 0,
          "attributes": {
            "context": [],
            "id": "500e2f4d-03ef-aef2-8f4b-338340ec4ab0",
            "instance_id": "500e2f4d-03ef-aef2-8f4b-338340ec4ab0",
            "port": [],
            "tag": [
              {
                "scope": "application",
                "tag": "app-wld10-dev-3holapp"
              },
              {
                "scope": "application",
                "tag": "app-wld10-dev-web"
              },
              {
                "scope": "environment",
                "tag": "env-wld10-dev"
              },
              {
                "scope": "sub-application",
                "tag": "app-wld10-dev-3holapp-web"
              },
              {
                "scope": "tenant",
                "tag": "ten-wld10"
              }
            ]
          },
          "sensitive_attributes": [],
          "private": "bnVsbA==",
          "dependencies": [
            "module.tags.data.nsxt_policy_vm.vms"
          ]
        },
        {
          "index_key": "d-web-03a",
          "schema_version": 0,
          "attributes": {
            "context": [],
            "id": "500e9351-a0e2-62d1-8cc1-395fb379d3e6",
            "instance_id": "500e9351-a0e2-62d1-8cc1-395fb379d3e6",
            "port": [],
            "tag": [
              {
                "scope": "application",
                "tag": "app-wld10-dev-3holapp"
              },
              {
                "scope": "application",
                "tag": "app-wld10-dev-web"
              },
              {
                "scope": "environment",
                "tag": "env-wld10-dev"
              },
              {
                "scope": "sub-application",
                "tag": "app-wld10-dev-3holapp-web"
              },
              {
                "scope": "tenant",
                "tag": "ten-wld10"
              }
            ]
          },
          "sensitive_attributes": [],
          "private": "bnVsbA==",
          "dependencies": [
            "module.tags.data.nsxt_policy_vm.vms"
          ]
        }
      ]
    }
  ],
  "check_results": null
}
